{
    "version": 3,
    "terraform_version": "0.7.13",
    "serial": 163,
    "lineage": "1542ed22-9572-435b-bfe7-2914441e104a",
    "modules": [
        {
            "path": [
                "root"
            ],
            "outputs": {},
            "resources": {
                "aws_eip.az-1-public": {
                    "type": "aws_eip",
                    "depends_on": [],
                    "primary": {
                        "id": "eipalloc-f0c02cc4",
                        "attributes": {
                            "association_id": "",
                            "domain": "vpc",
                            "id": "eipalloc-f0c02cc4",
                            "instance": "",
                            "network_interface": "",
                            "private_ip": "",
                            "public_ip": "34.237.239.170",
                            "vpc": "true"
                        },
                        "meta": {},
                        "tainted": false
                    },
                    "deposed": [],
                    "provider": ""
                },
                "aws_elb.elb-public-admin": {
                    "type": "aws_elb",
                    "depends_on": [
                        "aws_instance.admin-ui-web-az-1",
                        "aws_instance.app-persistence-az-1",
                        "aws_instance.app-ui-web-az-1",
                        "aws_instance.infra-build-az-1",
                        "aws_instance.infra-persistence-az-1",
                        "aws_instance.infra-repos-az-1",
                        "aws_security_group.elb-public-admin",
                        "aws_subnet.az-1-public",
                        "random_id.env-instance"
                    ],
                    "primary": {
                        "id": "prod-jra-elb-us-east-1-admin",
                        "attributes": {
                            "access_logs.#": "0",
                            "availability_zones.#": "1",
                            "availability_zones.3569565595": "us-east-1a",
                            "connection_draining": "true",
                            "connection_draining_timeout": "400",
                            "cross_zone_load_balancing": "true",
                            "dns_name": "prod-jra-elb-us-east-1-admin-56895314.us-east-1.elb.amazonaws.com",
                            "health_check.#": "1",
                            "health_check.0.healthy_threshold": "4",
                            "health_check.0.interval": "15",
                            "health_check.0.target": "TCP:80",
                            "health_check.0.timeout": "3",
                            "health_check.0.unhealthy_threshold": "4",
                            "id": "prod-jra-elb-us-east-1-admin",
                            "idle_timeout": "400",
                            "instances.#": "6",
                            "instances.1074455062": "i-00303960a92f7088d",
                            "instances.1116416291": "i-08aaf83532a0519db",
                            "instances.1893293054": "i-05621fd70c01bcf85",
                            "instances.1935557596": "i-012e572bdf42057ea",
                            "instances.2104240543": "i-01db05e276522d1e1",
                            "instances.2476256877": "i-032143ae612b0a701",
                            "internal": "false",
                            "listener.#": "1",
                            "listener.2683352288.instance_port": "83",
                            "listener.2683352288.instance_protocol": "http",
                            "listener.2683352288.lb_port": "80",
                            "listener.2683352288.lb_protocol": "http",
                            "listener.2683352288.ssl_certificate_id": "",
                            "name": "prod-jra-elb-us-east-1-admin",
                            "security_groups.#": "1",
                            "security_groups.1994678088": "sg-44a44831",
                            "source_security_group": "478650753675/prod.jra-sg.us-east-1-admin-elb",
                            "source_security_group_id": "sg-44a44831",
                            "subnets.#": "1",
                            "subnets.2723127728": "subnet-b6a05aeb",
                            "tags.%": "5",
                            "tags.Name": "prod-jra-elb-us-east-1-admin",
                            "tags.jra.environment": "prod",
                            "tags.jra.environment-instance-id": "iYjVI1HxaNk",
                            "tags.jra.environment-size": "small",
                            "tags.jra.environment_type": "latest",
                            "zone_id": "Z35SXDOTRQ7X7K"
                        },
                        "meta": {},
                        "tainted": false
                    },
                    "deposed": [],
                    "provider": ""
                },
                "aws_elb.elb-public-app-api": {
                    "type": "aws_elb",
                    "depends_on": [
                        "aws_instance.app-ui-web-az-1",
                        "aws_instance.swarm-manager-az-1",
                        "aws_security_group.elb-public-app-api",
                        "aws_subnet.az-1-public",
                        "random_id.env-instance"
                    ],
                    "primary": {
                        "id": "prod-jra-elb-us-east-1-app-api",
                        "attributes": {
                            "access_logs.#": "0",
                            "availability_zones.#": "1",
                            "availability_zones.3569565595": "us-east-1a",
                            "connection_draining": "true",
                            "connection_draining_timeout": "400",
                            "cross_zone_load_balancing": "true",
                            "dns_name": "prod-jra-elb-us-east-1-app-api-553058191.us-east-1.elb.amazonaws.com",
                            "health_check.#": "1",
                            "health_check.0.healthy_threshold": "4",
                            "health_check.0.interval": "15",
                            "health_check.0.target": "TCP:80",
                            "health_check.0.timeout": "3",
                            "health_check.0.unhealthy_threshold": "4",
                            "id": "prod-jra-elb-us-east-1-app-api",
                            "idle_timeout": "400",
                            "instances.#": "2",
                            "instances.1893293054": "i-05621fd70c01bcf85",
                            "instances.1940958833": "i-02c24b08bafc02607",
                            "internal": "false",
                            "listener.#": "1",
                            "listener.1644776597.instance_port": "84",
                            "listener.1644776597.instance_protocol": "http",
                            "listener.1644776597.lb_port": "80",
                            "listener.1644776597.lb_protocol": "http",
                            "listener.1644776597.ssl_certificate_id": "",
                            "name": "prod-jra-elb-us-east-1-app-api",
                            "security_groups.#": "1",
                            "security_groups.1667848991": "sg-a6ac40d3",
                            "source_security_group": "478650753675/prod.jra-sg.us-east-1-app-api-elb",
                            "source_security_group_id": "sg-a6ac40d3",
                            "subnets.#": "1",
                            "subnets.2723127728": "subnet-b6a05aeb",
                            "tags.%": "5",
                            "tags.Name": "prod-jra-elb-us-east-1-app-api",
                            "tags.jra.environment": "prod",
                            "tags.jra.environment-instance-id": "iYjVI1HxaNk",
                            "tags.jra.environment-size": "small",
                            "tags.jra.environment_type": "latest",
                            "zone_id": "Z35SXDOTRQ7X7K"
                        },
                        "meta": {},
                        "tainted": false
                    },
                    "deposed": [],
                    "provider": ""
                },
                "aws_elb.elb-public-app-ui": {
                    "type": "aws_elb",
                    "depends_on": [
                        "aws_instance.app-ui-web-az-1",
                        "aws_instance.swarm-manager-az-1",
                        "aws_security_group.elb-public-app-ui",
                        "aws_subnet.az-1-public",
                        "random_id.env-instance"
                    ],
                    "primary": {
                        "id": "prod-jra-elb-us-east-1-app-ui",
                        "attributes": {
                            "access_logs.#": "0",
                            "availability_zones.#": "1",
                            "availability_zones.3569565595": "us-east-1a",
                            "connection_draining": "true",
                            "connection_draining_timeout": "400",
                            "cross_zone_load_balancing": "true",
                            "dns_name": "prod-jra-elb-us-east-1-app-ui-788643626.us-east-1.elb.amazonaws.com",
                            "health_check.#": "1",
                            "health_check.0.healthy_threshold": "4",
                            "health_check.0.interval": "15",
                            "health_check.0.target": "TCP:80",
                            "health_check.0.timeout": "3",
                            "health_check.0.unhealthy_threshold": "4",
                            "id": "prod-jra-elb-us-east-1-app-ui",
                            "idle_timeout": "400",
                            "instances.#": "2",
                            "instances.1893293054": "i-05621fd70c01bcf85",
                            "instances.1940958833": "i-02c24b08bafc02607",
                            "internal": "false",
                            "listener.#": "1",
                            "listener.3057123346.instance_port": "80",
                            "listener.3057123346.instance_protocol": "http",
                            "listener.3057123346.lb_port": "80",
                            "listener.3057123346.lb_protocol": "http",
                            "listener.3057123346.ssl_certificate_id": "",
                            "name": "prod-jra-elb-us-east-1-app-ui",
                            "security_groups.#": "1",
                            "security_groups.2382583683": "sg-dfaa46aa",
                            "source_security_group": "478650753675/prod.jra-sg.us-east-1-app-ui-elb",
                            "source_security_group_id": "sg-dfaa46aa",
                            "subnets.#": "1",
                            "subnets.2723127728": "subnet-b6a05aeb",
                            "tags.%": "5",
                            "tags.Name": "prod-jra-elb-us-east-1-app-ui",
                            "tags.jra.environment": "prod",
                            "tags.jra.environment-instance-id": "iYjVI1HxaNk",
                            "tags.jra.environment-size": "small",
                            "tags.jra.environment_type": "latest",
                            "zone_id": "Z35SXDOTRQ7X7K"
                        },
                        "meta": {},
                        "tainted": false
                    },
                    "deposed": [],
                    "provider": ""
                },
                "aws_elb.elb-public-logging": {
                    "type": "aws_elb",
                    "depends_on": [
                        "aws_instance.infra-logging-az-1",
                        "aws_instance.swarm-manager-az-1",
                        "aws_security_group.elb-public-logging",
                        "aws_subnet.az-1-public",
                        "random_id.env-instance"
                    ],
                    "primary": {
                        "id": "prod-jra-elb-us-east-1-logging",
                        "attributes": {
                            "access_logs.#": "0",
                            "availability_zones.#": "1",
                            "availability_zones.3569565595": "us-east-1a",
                            "connection_draining": "true",
                            "connection_draining_timeout": "400",
                            "cross_zone_load_balancing": "true",
                            "dns_name": "prod-jra-elb-us-east-1-logging-422089726.us-east-1.elb.amazonaws.com",
                            "health_check.#": "1",
                            "health_check.0.healthy_threshold": "4",
                            "health_check.0.interval": "15",
                            "health_check.0.target": "TCP:81",
                            "health_check.0.timeout": "3",
                            "health_check.0.unhealthy_threshold": "4",
                            "id": "prod-jra-elb-us-east-1-logging",
                            "idle_timeout": "400",
                            "instances.#": "2",
                            "instances.1940958833": "i-02c24b08bafc02607",
                            "instances.4024818600": "i-09fe185fd9f60231f",
                            "internal": "false",
                            "listener.#": "1",
                            "listener.742900092.instance_port": "81",
                            "listener.742900092.instance_protocol": "tcp",
                            "listener.742900092.lb_port": "80",
                            "listener.742900092.lb_protocol": "tcp",
                            "listener.742900092.ssl_certificate_id": "",
                            "name": "prod-jra-elb-us-east-1-logging",
                            "security_groups.#": "1",
                            "security_groups.2482826296": "sg-b4a844c1",
                            "source_security_group": "478650753675/prod.jra-sg.us-east-1-logging-elb",
                            "source_security_group_id": "sg-b4a844c1",
                            "subnets.#": "1",
                            "subnets.2723127728": "subnet-b6a05aeb",
                            "tags.%": "5",
                            "tags.Name": "prod-jra-elb-us-east-1-logging",
                            "tags.jra.environment": "prod",
                            "tags.jra.environment-instance-id": "iYjVI1HxaNk",
                            "tags.jra.environment-size": "small",
                            "tags.jra.environment_type": "latest",
                            "zone_id": "Z35SXDOTRQ7X7K"
                        },
                        "meta": {},
                        "tainted": false
                    },
                    "deposed": [],
                    "provider": ""
                },
                "aws_elb.elb-public-monitoring": {
                    "type": "aws_elb",
                    "depends_on": [
                        "aws_instance.infra-monitoring-az-1",
                        "aws_instance.swarm-manager-az-1",
                        "aws_security_group.elb-public-monitoring",
                        "aws_subnet.az-1-public",
                        "random_id.env-instance"
                    ],
                    "primary": {
                        "id": "prod-jra-elb-us-east-1-monitor",
                        "attributes": {
                            "access_logs.#": "0",
                            "availability_zones.#": "1",
                            "availability_zones.3569565595": "us-east-1a",
                            "connection_draining": "true",
                            "connection_draining_timeout": "400",
                            "cross_zone_load_balancing": "true",
                            "dns_name": "prod-jra-elb-us-east-1-monitor-2123279920.us-east-1.elb.amazonaws.com",
                            "health_check.#": "1",
                            "health_check.0.healthy_threshold": "4",
                            "health_check.0.interval": "15",
                            "health_check.0.target": "TCP:81",
                            "health_check.0.timeout": "3",
                            "health_check.0.unhealthy_threshold": "4",
                            "id": "prod-jra-elb-us-east-1-monitor",
                            "idle_timeout": "400",
                            "instances.#": "2",
                            "instances.1940958833": "i-02c24b08bafc02607",
                            "instances.592550394": "i-07dce08a87b0193b0",
                            "internal": "false",
                            "listener.#": "1",
                            "listener.1344726183.instance_port": "82",
                            "listener.1344726183.instance_protocol": "tcp",
                            "listener.1344726183.lb_port": "80",
                            "listener.1344726183.lb_protocol": "tcp",
                            "listener.1344726183.ssl_certificate_id": "",
                            "name": "prod-jra-elb-us-east-1-monitor",
                            "security_groups.#": "1",
                            "security_groups.2890104821": "sg-37ad4142",
                            "source_security_group": "478650753675/prod.jra-sg.us-east-1-monitoring-elb",
                            "source_security_group_id": "sg-37ad4142",
                            "subnets.#": "1",
                            "subnets.2723127728": "subnet-b6a05aeb",
                            "tags.%": "5",
                            "tags.Name": "prod-jra-elb-us-east-1-monitor",
                            "tags.jra.environment": "prod",
                            "tags.jra.environment-instance-id": "iYjVI1HxaNk",
                            "tags.jra.environment-size": "small",
                            "tags.jra.environment_type": "latest",
                            "zone_id": "Z35SXDOTRQ7X7K"
                        },
                        "meta": {},
                        "tainted": false
                    },
                    "deposed": [],
                    "provider": ""
                },
                "aws_instance.admin-ui-web-az-1": {
                    "type": "aws_instance",
                    "depends_on": [
                        "aws_security_group.public_admin-ui-web",
                        "aws_subnet.az-1-public",
                        "random_id.env-instance"
                    ],
                    "primary": {
                        "id": "i-00303960a92f7088d",
                        "attributes": {
                            "ami": "ami-cd0f5cb6",
                            "associate_public_ip_address": "true",
                            "availability_zone": "us-east-1a",
                            "disable_api_termination": "false",
                            "ebs_block_device.#": "0",
                            "ebs_optimized": "false",
                            "ephemeral_block_device.#": "0",
                            "iam_instance_profile": "",
                            "id": "i-00303960a92f7088d",
                            "instance_state": "running",
                            "instance_type": "t2.medium",
                            "key_name": "jra-build",
                            "monitoring": "true",
                            "network_interface_id": "eni-72dfa9c4",
                            "private_dns": "ip-10-0-0-76.ec2.internal",
                            "private_ip": "10.0.0.76",
                            "public_dns": "ec2-34-235-133-228.compute-1.amazonaws.com",
                            "public_ip": "34.235.133.228",
                            "root_block_device.#": "1",
                            "root_block_device.0.delete_on_termination": "true",
                            "root_block_device.0.iops": "100",
                            "root_block_device.0.volume_size": "8",
                            "root_block_device.0.volume_type": "gp2",
                            "security_groups.#": "0",
                            "source_dest_check": "true",
                            "subnet_id": "subnet-b6a05aeb",
                            "tags.%": "11",
                            "tags.Name": "prod.instance.swarm-worker.admin-ui-web.prod.us-east-1a",
                            "tags.jra.environment": "prod",
                            "tags.jra.environment-instance-id": "iYjVI1HxaNk",
                            "tags.jra.environment-size": "small",
                            "tags.jra.environment_type": "latest",
                            "tags.jra.failure-zone": "us-east-1-az-1",
                            "tags.jra.instance-name": "admin-ui-web-us-east-1-az-1",
                            "tags.jra.instance-name-full": "prod.instance.swarm-worker.admin-ui-web.prod.us-east-1a",
                            "tags.jra.subnet-type": "public",
                            "tags.jra.swarm-instance-type": "swarm-worker",
                            "tags.jra.swarm-node-type": "admin-ui-web",
                            "tenancy": "default",
                            "vpc_security_group_ids.#": "1",
                            "vpc_security_group_ids.4125900938": "sg-0fab477a"
                        },
                        "meta": {
                            "schema_version": "1"
                        },
                        "tainted": false
                    },
                    "deposed": [],
                    "provider": ""
                },
                "aws_instance.app-persistence-az-1": {
                    "type": "aws_instance",
                    "depends_on": [
                        "aws_security_group.private_app-persistence",
                        "aws_subnet.az-1-private",
                        "random_id.env-instance"
                    ],
                    "primary": {
                        "id": "i-012e572bdf42057ea",
                        "attributes": {
                            "ami": "ami-cd0f5cb6",
                            "associate_public_ip_address": "true",
                            "availability_zone": "us-east-1a",
                            "disable_api_termination": "false",
                            "ebs_block_device.#": "0",
                            "ebs_optimized": "false",
                            "ephemeral_block_device.#": "0",
                            "iam_instance_profile": "",
                            "id": "i-012e572bdf42057ea",
                            "instance_state": "running",
                            "instance_type": "t2.micro",
                            "key_name": "jra-build",
                            "monitoring": "true",
                            "network_interface_id": "eni-30dcaa86",
                            "private_dns": "ip-10-0-1-166.ec2.internal",
                            "private_ip": "10.0.1.166",
                            "public_dns": "ec2-34-235-162-181.compute-1.amazonaws.com",
                            "public_ip": "34.235.162.181",
                            "root_block_device.#": "1",
                            "root_block_device.0.delete_on_termination": "true",
                            "root_block_device.0.iops": "100",
                            "root_block_device.0.volume_size": "8",
                            "root_block_device.0.volume_type": "gp2",
                            "security_groups.#": "0",
                            "source_dest_check": "true",
                            "subnet_id": "subnet-32a3596f",
                            "tags.%": "11",
                            "tags.Name": "prod.instance.swarm-worker.app-persistence.prod.us-east-1a",
                            "tags.jra.environment": "prod",
                            "tags.jra.environment-instance-id": "iYjVI1HxaNk",
                            "tags.jra.environment-size": "small",
                            "tags.jra.environment_type": "latest",
                            "tags.jra.failure-zone": "us-east-1-az-1",
                            "tags.jra.instance-name": "app-persistence-us-east-1-az-1",
                            "tags.jra.instance-name-full": "prod.instance.swarm-worker.app-persistence.prod.us-east-1a",
                            "tags.jra.subnet-type": "private",
                            "tags.jra.swarm-instance-type": "swarm-worker",
                            "tags.jra.swarm-node-type": "app-persistence",
                            "tenancy": "default",
                            "vpc_security_group_ids.#": "1",
                            "vpc_security_group_ids.187412474": "sg-ddaa46a8"
                        },
                        "meta": {
                            "schema_version": "1"
                        },
                        "tainted": false
                    },
                    "deposed": [],
                    "provider": ""
                },
                "aws_instance.app-ui-web-az-1": {
                    "type": "aws_instance",
                    "depends_on": [
                        "aws_security_group.public_app-ui-web",
                        "aws_subnet.az-1-public",
                        "random_id.env-instance"
                    ],
                    "primary": {
                        "id": "i-05621fd70c01bcf85",
                        "attributes": {
                            "ami": "ami-cd0f5cb6",
                            "associate_public_ip_address": "true",
                            "availability_zone": "us-east-1a",
                            "disable_api_termination": "false",
                            "ebs_block_device.#": "0",
                            "ebs_optimized": "false",
                            "ephemeral_block_device.#": "0",
                            "iam_instance_profile": "",
                            "id": "i-05621fd70c01bcf85",
                            "instance_state": "running",
                            "instance_type": "t2.micro",
                            "key_name": "jra-build",
                            "monitoring": "true",
                            "network_interface_id": "eni-75d8aec3",
                            "private_dns": "ip-10-0-0-40.ec2.internal",
                            "private_ip": "10.0.0.40",
                            "public_dns": "ec2-107-23-239-0.compute-1.amazonaws.com",
                            "public_ip": "107.23.239.0",
                            "root_block_device.#": "1",
                            "root_block_device.0.delete_on_termination": "true",
                            "root_block_device.0.iops": "100",
                            "root_block_device.0.volume_size": "8",
                            "root_block_device.0.volume_type": "gp2",
                            "security_groups.#": "0",
                            "source_dest_check": "true",
                            "subnet_id": "subnet-b6a05aeb",
                            "tags.%": "11",
                            "tags.Name": "prod.instance.swarm-worker.app-ui-web.prod.us-east-1a",
                            "tags.jra.environment": "prod",
                            "tags.jra.environment-instance-id": "iYjVI1HxaNk",
                            "tags.jra.environment-size": "small",
                            "tags.jra.environment_type": "latest",
                            "tags.jra.failure-zone": "us-east-1-az-1",
                            "tags.jra.instance-name": "app-ui-web-us-east-1-az-1",
                            "tags.jra.instance-name-full": "prod.instance.swarm-worker.app-ui-web.prod.us-east-1a",
                            "tags.jra.subnet-type": "public",
                            "tags.jra.swarm-instance-type": "swarm-worker",
                            "tags.jra.swarm-node-type": "app-ui-web",
                            "tenancy": "default",
                            "vpc_security_group_ids.#": "1",
                            "vpc_security_group_ids.2880907483": "sg-faa14d8f"
                        },
                        "meta": {
                            "schema_version": "1"
                        },
                        "tainted": false
                    },
                    "deposed": [],
                    "provider": ""
                },
                "aws_instance.infra-build-az-1": {
                    "type": "aws_instance",
                    "depends_on": [
                        "aws_security_group.private_infra-build",
                        "aws_subnet.az-1-private",
                        "random_id.env-instance"
                    ],
                    "primary": {
                        "id": "i-08aaf83532a0519db",
                        "attributes": {
                            "ami": "ami-cd0f5cb6",
                            "associate_public_ip_address": "true",
                            "availability_zone": "us-east-1a",
                            "disable_api_termination": "false",
                            "ebs_block_device.#": "0",
                            "ebs_optimized": "false",
                            "ephemeral_block_device.#": "0",
                            "iam_instance_profile": "",
                            "id": "i-08aaf83532a0519db",
                            "instance_state": "running",
                            "instance_type": "t2.micro",
                            "key_name": "jra-build",
                            "monitoring": "true",
                            "network_interface_id": "eni-6dd1a7db",
                            "private_dns": "ip-10-0-1-97.ec2.internal",
                            "private_ip": "10.0.1.97",
                            "public_dns": "ec2-34-207-138-242.compute-1.amazonaws.com",
                            "public_ip": "34.207.138.242",
                            "root_block_device.#": "1",
                            "root_block_device.0.delete_on_termination": "true",
                            "root_block_device.0.iops": "100",
                            "root_block_device.0.volume_size": "8",
                            "root_block_device.0.volume_type": "gp2",
                            "security_groups.#": "0",
                            "source_dest_check": "true",
                            "subnet_id": "subnet-32a3596f",
                            "tags.%": "11",
                            "tags.Name": "prod.instance.swarm-worker.infra-build.prod.us-east-1a",
                            "tags.jra.environment": "prod",
                            "tags.jra.environment-instance-id": "iYjVI1HxaNk",
                            "tags.jra.environment-size": "small",
                            "tags.jra.environment_type": "latest",
                            "tags.jra.failure-zone": "us-east-1-az-1",
                            "tags.jra.instance-name": "infra-build-us-east-1-az-1",
                            "tags.jra.instance-name-full": "prod.instance.swarm-worker.infra-build.prod.us-east-1a",
                            "tags.jra.subnet-type": "private",
                            "tags.jra.swarm-instance-type": "swarm-worker",
                            "tags.jra.swarm-node-type": "infra-build",
                            "tenancy": "default",
                            "vpc_security_group_ids.#": "1",
                            "vpc_security_group_ids.3101306406": "sg-b3ab47c6"
                        },
                        "meta": {
                            "schema_version": "1"
                        },
                        "tainted": false
                    },
                    "deposed": [],
                    "provider": ""
                },
                "aws_instance.infra-logging-az-1": {
                    "type": "aws_instance",
                    "depends_on": [
                        "aws_security_group.private_infra-logging",
                        "aws_subnet.az-1-private",
                        "random_id.env-instance"
                    ],
                    "primary": {
                        "id": "i-09fe185fd9f60231f",
                        "attributes": {
                            "ami": "ami-cd0f5cb6",
                            "associate_public_ip_address": "true",
                            "availability_zone": "us-east-1a",
                            "disable_api_termination": "false",
                            "ebs_block_device.#": "0",
                            "ebs_optimized": "false",
                            "ephemeral_block_device.#": "0",
                            "iam_instance_profile": "",
                            "id": "i-09fe185fd9f60231f",
                            "instance_state": "running",
                            "instance_type": "t2.medium",
                            "key_name": "jra-build",
                            "monitoring": "true",
                            "network_interface_id": "eni-73dfa9c5",
                            "private_dns": "ip-10-0-1-165.ec2.internal",
                            "private_ip": "10.0.1.165",
                            "public_dns": "ec2-52-55-231-90.compute-1.amazonaws.com",
                            "public_ip": "52.55.231.90",
                            "root_block_device.#": "1",
                            "root_block_device.0.delete_on_termination": "true",
                            "root_block_device.0.iops": "100",
                            "root_block_device.0.volume_size": "8",
                            "root_block_device.0.volume_type": "gp2",
                            "security_groups.#": "0",
                            "source_dest_check": "true",
                            "subnet_id": "subnet-32a3596f",
                            "tags.%": "11",
                            "tags.Name": "prod.instance.swarm-worker.infra-logging.prod.us-east-1a",
                            "tags.jra.environment": "prod",
                            "tags.jra.environment-instance-id": "iYjVI1HxaNk",
                            "tags.jra.environment-size": "small",
                            "tags.jra.environment_type": "latest",
                            "tags.jra.failure-zone": "us-east-1-az-1",
                            "tags.jra.instance-name": "infra-logging-us-east-1-az-1",
                            "tags.jra.instance-name-full": "prod.instance.swarm-worker.infra-logging.prod.us-east-1a",
                            "tags.jra.subnet-type": "private",
                            "tags.jra.swarm-instance-type": "swarm-worker",
                            "tags.jra.swarm-node-type": "infra-logging",
                            "tenancy": "default",
                            "vpc_security_group_ids.#": "1",
                            "vpc_security_group_ids.2246226444": "sg-9aa448ef"
                        },
                        "meta": {
                            "schema_version": "1"
                        },
                        "tainted": false
                    },
                    "deposed": [],
                    "provider": ""
                },
                "aws_instance.infra-monitoring-az-1": {
                    "type": "aws_instance",
                    "depends_on": [
                        "aws_security_group.private_infra-monitoring",
                        "aws_subnet.az-1-private",
                        "random_id.env-instance"
                    ],
                    "primary": {
                        "id": "i-07dce08a87b0193b0",
                        "attributes": {
                            "ami": "ami-cd0f5cb6",
                            "associate_public_ip_address": "true",
                            "availability_zone": "us-east-1a",
                            "disable_api_termination": "false",
                            "ebs_block_device.#": "0",
                            "ebs_optimized": "false",
                            "ephemeral_block_device.#": "0",
                            "iam_instance_profile": "",
                            "id": "i-07dce08a87b0193b0",
                            "instance_state": "running",
                            "instance_type": "t2.medium",
                            "key_name": "jra-build",
                            "monitoring": "true",
                            "network_interface_id": "eni-58daacee",
                            "private_dns": "ip-10-0-1-252.ec2.internal",
                            "private_ip": "10.0.1.252",
                            "public_dns": "ec2-34-239-42-91.compute-1.amazonaws.com",
                            "public_ip": "34.239.42.91",
                            "root_block_device.#": "1",
                            "root_block_device.0.delete_on_termination": "true",
                            "root_block_device.0.iops": "100",
                            "root_block_device.0.volume_size": "8",
                            "root_block_device.0.volume_type": "gp2",
                            "security_groups.#": "0",
                            "source_dest_check": "true",
                            "subnet_id": "subnet-32a3596f",
                            "tags.%": "11",
                            "tags.Name": "prod.instance.swarm-worker.infra-monitoring.prod.us-east-1a",
                            "tags.jra.environment": "prod",
                            "tags.jra.environment-instance-id": "iYjVI1HxaNk",
                            "tags.jra.environment-size": "small",
                            "tags.jra.environment_type": "latest",
                            "tags.jra.failure-zone": "us-east-1-az-1",
                            "tags.jra.instance-name": "infra-monitoring-us-east-1-az-1",
                            "tags.jra.instance-name-full": "prod.instance.swarm-worker.infra-monitoring.prod.us-east-1a",
                            "tags.jra.subnet-type": "private",
                            "tags.jra.swarm-instance-type": "swarm-worker",
                            "tags.jra.swarm-node-type": "infra-monitoring",
                            "tenancy": "default",
                            "vpc_security_group_ids.#": "1",
                            "vpc_security_group_ids.3724874863": "sg-47a44832"
                        },
                        "meta": {
                            "schema_version": "1"
                        },
                        "tainted": false
                    },
                    "deposed": [],
                    "provider": ""
                },
                "aws_instance.infra-persistence-az-1": {
                    "type": "aws_instance",
                    "depends_on": [
                        "aws_security_group.private_infra-persistence",
                        "aws_subnet.az-1-private",
                        "random_id.env-instance"
                    ],
                    "primary": {
                        "id": "i-032143ae612b0a701",
                        "attributes": {
                            "ami": "ami-cd0f5cb6",
                            "associate_public_ip_address": "true",
                            "availability_zone": "us-east-1a",
                            "disable_api_termination": "false",
                            "ebs_block_device.#": "0",
                            "ebs_optimized": "false",
                            "ephemeral_block_device.#": "0",
                            "iam_instance_profile": "",
                            "id": "i-032143ae612b0a701",
                            "instance_state": "running",
                            "instance_type": "t2.micro",
                            "key_name": "jra-build",
                            "monitoring": "true",
                            "network_interface_id": "eni-11daaca7",
                            "private_dns": "ip-10-0-1-19.ec2.internal",
                            "private_ip": "10.0.1.19",
                            "public_dns": "ec2-54-90-163-33.compute-1.amazonaws.com",
                            "public_ip": "54.90.163.33",
                            "root_block_device.#": "1",
                            "root_block_device.0.delete_on_termination": "true",
                            "root_block_device.0.iops": "100",
                            "root_block_device.0.volume_size": "8",
                            "root_block_device.0.volume_type": "gp2",
                            "security_groups.#": "0",
                            "source_dest_check": "true",
                            "subnet_id": "subnet-32a3596f",
                            "tags.%": "11",
                            "tags.Name": "prod.instance.swarm-worker.infra-persistence.prod.us-east-1a",
                            "tags.jra.environment": "prod",
                            "tags.jra.environment-instance-id": "iYjVI1HxaNk",
                            "tags.jra.environment-size": "small",
                            "tags.jra.environment_type": "latest",
                            "tags.jra.failure-zone": "us-east-1-az-1",
                            "tags.jra.instance-name": "infra-persistence-us-east-1-az-1",
                            "tags.jra.instance-name-full": "prod.instance.swarm-worker.infra-persistence.prod.us-east-1a",
                            "tags.jra.subnet-type": "private",
                            "tags.jra.swarm-instance-type": "swarm-worker",
                            "tags.jra.swarm-node-type": "infra-persistence",
                            "tenancy": "default",
                            "vpc_security_group_ids.#": "1",
                            "vpc_security_group_ids.2963070242": "sg-36aa4643"
                        },
                        "meta": {
                            "schema_version": "1"
                        },
                        "tainted": false
                    },
                    "deposed": [],
                    "provider": ""
                },
                "aws_instance.infra-repos-az-1": {
                    "type": "aws_instance",
                    "depends_on": [
                        "aws_security_group.private_infra-repos",
                        "aws_subnet.az-1-private",
                        "random_id.env-instance"
                    ],
                    "primary": {
                        "id": "i-01db05e276522d1e1",
                        "attributes": {
                            "ami": "ami-cd0f5cb6",
                            "associate_public_ip_address": "true",
                            "availability_zone": "us-east-1a",
                            "disable_api_termination": "false",
                            "ebs_block_device.#": "0",
                            "ebs_optimized": "false",
                            "ephemeral_block_device.#": "0",
                            "iam_instance_profile": "",
                            "id": "i-01db05e276522d1e1",
                            "instance_state": "running",
                            "instance_type": "t2.medium",
                            "key_name": "jra-build",
                            "monitoring": "true",
                            "network_interface_id": "eni-a4d8ae12",
                            "private_dns": "ip-10-0-1-129.ec2.internal",
                            "private_ip": "10.0.1.129",
                            "public_dns": "ec2-54-152-223-183.compute-1.amazonaws.com",
                            "public_ip": "54.152.223.183",
                            "root_block_device.#": "1",
                            "root_block_device.0.delete_on_termination": "true",
                            "root_block_device.0.iops": "100",
                            "root_block_device.0.volume_size": "8",
                            "root_block_device.0.volume_type": "gp2",
                            "security_groups.#": "0",
                            "source_dest_check": "true",
                            "subnet_id": "subnet-32a3596f",
                            "tags.%": "11",
                            "tags.Name": "prod.instance.swarm-worker.infra-repos.prod.us-east-1a",
                            "tags.jra.environment": "prod",
                            "tags.jra.environment-instance-id": "iYjVI1HxaNk",
                            "tags.jra.environment-size": "small",
                            "tags.jra.environment_type": "latest",
                            "tags.jra.failure-zone": "us-east-1-az-1",
                            "tags.jra.instance-name": "infra-repos-us-east-1-az-1",
                            "tags.jra.instance-name-full": "prod.instance.swarm-worker.infra-repos.prod.us-east-1a",
                            "tags.jra.subnet-type": "private",
                            "tags.jra.swarm-instance-type": "swarm-worker",
                            "tags.jra.swarm-node-type": "infra-repos",
                            "tenancy": "default",
                            "vpc_security_group_ids.#": "1",
                            "vpc_security_group_ids.2100511959": "sg-36ad4143"
                        },
                        "meta": {
                            "schema_version": "1"
                        },
                        "tainted": false
                    },
                    "deposed": [],
                    "provider": ""
                },
                "aws_instance.swarm-manager-az-1": {
                    "type": "aws_instance",
                    "depends_on": [
                        "aws_security_group.private_swarm-manager",
                        "aws_subnet.az-1-private",
                        "random_id.env-instance"
                    ],
                    "primary": {
                        "id": "i-02c24b08bafc02607",
                        "attributes": {
                            "ami": "ami-cd0f5cb6",
                            "associate_public_ip_address": "true",
                            "availability_zone": "us-east-1a",
                            "disable_api_termination": "false",
                            "ebs_block_device.#": "0",
                            "ebs_optimized": "false",
                            "ephemeral_block_device.#": "0",
                            "iam_instance_profile": "",
                            "id": "i-02c24b08bafc02607",
                            "instance_state": "running",
                            "instance_type": "t2.micro",
                            "key_name": "jra-build",
                            "monitoring": "true",
                            "network_interface_id": "eni-ebdfa95d",
                            "private_dns": "ip-10-0-1-236.ec2.internal",
                            "private_ip": "10.0.1.236",
                            "public_dns": "ec2-54-92-197-100.compute-1.amazonaws.com",
                            "public_ip": "54.92.197.100",
                            "root_block_device.#": "1",
                            "root_block_device.0.delete_on_termination": "true",
                            "root_block_device.0.iops": "100",
                            "root_block_device.0.volume_size": "8",
                            "root_block_device.0.volume_type": "gp2",
                            "security_groups.#": "0",
                            "source_dest_check": "true",
                            "subnet_id": "subnet-32a3596f",
                            "tags.%": "11",
                            "tags.Name": "prod.instance.swarm-manager.infra-swarm-manager.prod.us-east-1a",
                            "tags.jra.environment": "prod",
                            "tags.jra.environment-instance-id": "iYjVI1HxaNk",
                            "tags.jra.environment-size": "small",
                            "tags.jra.environment_type": "latest",
                            "tags.jra.failure-zone": "us-east-1-az-1",
                            "tags.jra.instance-name": "infra-swarm-manager-us-east-1-az-1",
                            "tags.jra.instance-name-full": "prod.instance.swarm-manager.infra-swarm-manager.prod.us-east-1a",
                            "tags.jra.subnet-type": "private",
                            "tags.jra.swarm-instance-type": "swarm-manager",
                            "tags.jra.swarm-node-type": "infra-swarm-manager",
                            "tenancy": "default",
                            "vpc_security_group_ids.#": "1",
                            "vpc_security_group_ids.2520517332": "sg-a4ae42d1"
                        },
                        "meta": {
                            "schema_version": "1"
                        },
                        "tainted": false
                    },
                    "deposed": [],
                    "provider": ""
                },
                "aws_internet_gateway.jra_igw": {
                    "type": "aws_internet_gateway",
                    "depends_on": [
                        "aws_vpc.jra_vpc",
                        "random_id.env-instance"
                    ],
                    "primary": {
                        "id": "igw-61991618",
                        "attributes": {
                            "id": "igw-61991618",
                            "tags.%": "5",
                            "tags.Name": "prod.igw.us-east-1",
                            "tags.jra.environment": "prod",
                            "tags.jra.environment-instance-id": "iYjVI1HxaNk",
                            "tags.jra.environment-size": "small",
                            "tags.jra.environment_type": "latest",
                            "vpc_id": "vpc-f8179080"
                        },
                        "meta": {},
                        "tainted": false
                    },
                    "deposed": [],
                    "provider": ""
                },
                "aws_nat_gateway.az-1-public": {
                    "type": "aws_nat_gateway",
                    "depends_on": [
                        "aws_eip.az-1-public",
                        "aws_subnet.az-1-public"
                    ],
                    "primary": {
                        "id": "nat-0b296143a0e322448",
                        "attributes": {
                            "allocation_id": "eipalloc-f0c02cc4",
                            "id": "nat-0b296143a0e322448",
                            "network_interface_id": "eni-46daacf0",
                            "private_ip": "10.0.0.234",
                            "public_ip": "34.237.239.170",
                            "subnet_id": "subnet-b6a05aeb"
                        },
                        "meta": {},
                        "tainted": false
                    },
                    "deposed": [],
                    "provider": ""
                },
                "aws_route53_record.admin-proxy": {
                    "type": "aws_route53_record",
                    "depends_on": [
                        "aws_elb.elb-public-admin",
                        "aws_elb.elb-public-admin"
                    ],
                    "primary": {
                        "id": "ZNB07JQ96IG7T_admin-proxy.joericearchitect.com_A",
                        "attributes": {
                            "alias.#": "1",
                            "alias.2587139889.evaluate_target_health": "true",
                            "alias.2587139889.name": "prod-jra-elb-us-east-1-admin-56895314.us-east-1.elb.amazonaws.com",
                            "alias.2587139889.zone_id": "Z35SXDOTRQ7X7K",
                            "fqdn": "admin-proxy.joericearchitect.com",
                            "health_check_id": "",
                            "id": "ZNB07JQ96IG7T_admin-proxy.joericearchitect.com_A",
                            "name": "admin-proxy.joericearchitect.com",
                            "records.#": "0",
                            "set_identifier": "",
                            "ttl": "0",
                            "type": "A",
                            "zone_id": "ZNB07JQ96IG7T"
                        },
                        "meta": {
                            "schema_version": "2"
                        },
                        "tainted": false
                    },
                    "deposed": [],
                    "provider": ""
                },
                "aws_route53_record.alert": {
                    "type": "aws_route53_record",
                    "depends_on": [
                        "aws_elb.elb-public-monitoring",
                        "aws_elb.elb-public-monitoring"
                    ],
                    "primary": {
                        "id": "ZNB07JQ96IG7T_alerts.joericearchitect.com_A",
                        "attributes": {
                            "alias.#": "1",
                            "alias.1258387844.evaluate_target_health": "true",
                            "alias.1258387844.name": "prod-jra-elb-us-east-1-monitor-2123279920.us-east-1.elb.amazonaws.com",
                            "alias.1258387844.zone_id": "Z35SXDOTRQ7X7K",
                            "fqdn": "alerts.joericearchitect.com",
                            "health_check_id": "",
                            "id": "ZNB07JQ96IG7T_alerts.joericearchitect.com_A",
                            "name": "alerts.joericearchitect.com",
                            "records.#": "0",
                            "set_identifier": "",
                            "ttl": "0",
                            "type": "A",
                            "zone_id": "ZNB07JQ96IG7T"
                        },
                        "meta": {
                            "schema_version": "2"
                        },
                        "tainted": false
                    },
                    "deposed": [],
                    "provider": ""
                },
                "aws_route53_record.api": {
                    "type": "aws_route53_record",
                    "depends_on": [
                        "aws_elb.elb-public-app-api",
                        "aws_elb.elb-public-app-api"
                    ],
                    "primary": {
                        "id": "ZNB07JQ96IG7T_api.joericearchitect.com_A",
                        "attributes": {
                            "alias.#": "1",
                            "alias.2874136502.evaluate_target_health": "true",
                            "alias.2874136502.name": "prod-jra-elb-us-east-1-app-api-553058191.us-east-1.elb.amazonaws.com",
                            "alias.2874136502.zone_id": "Z35SXDOTRQ7X7K",
                            "fqdn": "api.joericearchitect.com",
                            "health_check_id": "",
                            "id": "ZNB07JQ96IG7T_api.joericearchitect.com_A",
                            "name": "api.joericearchitect.com",
                            "records.#": "0",
                            "set_identifier": "",
                            "ttl": "0",
                            "type": "A",
                            "zone_id": "ZNB07JQ96IG7T"
                        },
                        "meta": {
                            "schema_version": "2"
                        },
                        "tainted": false
                    },
                    "deposed": [],
                    "provider": ""
                },
                "aws_route53_record.blog": {
                    "type": "aws_route53_record",
                    "depends_on": [
                        "aws_elb.elb-public-app-ui",
                        "aws_elb.elb-public-app-ui"
                    ],
                    "primary": {
                        "id": "ZNB07JQ96IG7T_blog.joericearchitect.com_A",
                        "attributes": {
                            "alias.#": "1",
                            "alias.3288465625.evaluate_target_health": "true",
                            "alias.3288465625.name": "prod-jra-elb-us-east-1-app-ui-788643626.us-east-1.elb.amazonaws.com",
                            "alias.3288465625.zone_id": "Z35SXDOTRQ7X7K",
                            "fqdn": "blog.joericearchitect.com",
                            "health_check_id": "",
                            "id": "ZNB07JQ96IG7T_blog.joericearchitect.com_A",
                            "name": "blog.joericearchitect.com",
                            "records.#": "0",
                            "set_identifier": "",
                            "ttl": "0",
                            "type": "A",
                            "zone_id": "ZNB07JQ96IG7T"
                        },
                        "meta": {
                            "schema_version": "2"
                        },
                        "tainted": false
                    },
                    "deposed": [],
                    "provider": ""
                },
                "aws_route53_record.build": {
                    "type": "aws_route53_record",
                    "depends_on": [
                        "aws_elb.elb-public-admin",
                        "aws_elb.elb-public-admin"
                    ],
                    "primary": {
                        "id": "ZNB07JQ96IG7T_build.joericearchitect.com_A",
                        "attributes": {
                            "alias.#": "1",
                            "alias.2587139889.evaluate_target_health": "true",
                            "alias.2587139889.name": "prod-jra-elb-us-east-1-admin-56895314.us-east-1.elb.amazonaws.com",
                            "alias.2587139889.zone_id": "Z35SXDOTRQ7X7K",
                            "fqdn": "build.joericearchitect.com",
                            "health_check_id": "",
                            "id": "ZNB07JQ96IG7T_build.joericearchitect.com_A",
                            "name": "build.joericearchitect.com",
                            "records.#": "0",
                            "set_identifier": "",
                            "ttl": "0",
                            "type": "A",
                            "zone_id": "ZNB07JQ96IG7T"
                        },
                        "meta": {
                            "schema_version": "2"
                        },
                        "tainted": false
                    },
                    "deposed": [],
                    "provider": ""
                },
                "aws_route53_record.cadvisor": {
                    "type": "aws_route53_record",
                    "depends_on": [
                        "aws_elb.elb-public-monitoring",
                        "aws_elb.elb-public-monitoring"
                    ],
                    "primary": {
                        "id": "ZNB07JQ96IG7T_cadvisor.joericearchitect.com_A",
                        "attributes": {
                            "alias.#": "1",
                            "alias.1258387844.evaluate_target_health": "true",
                            "alias.1258387844.name": "prod-jra-elb-us-east-1-monitor-2123279920.us-east-1.elb.amazonaws.com",
                            "alias.1258387844.zone_id": "Z35SXDOTRQ7X7K",
                            "fqdn": "cadvisor.joericearchitect.com",
                            "health_check_id": "",
                            "id": "ZNB07JQ96IG7T_cadvisor.joericearchitect.com_A",
                            "name": "cadvisor.joericearchitect.com",
                            "records.#": "0",
                            "set_identifier": "",
                            "ttl": "0",
                            "type": "A",
                            "zone_id": "ZNB07JQ96IG7T"
                        },
                        "meta": {
                            "schema_version": "2"
                        },
                        "tainted": false
                    },
                    "deposed": [],
                    "provider": ""
                },
                "aws_route53_record.docker": {
                    "type": "aws_route53_record",
                    "depends_on": [
                        "aws_elb.elb-public-admin",
                        "aws_elb.elb-public-admin"
                    ],
                    "primary": {
                        "id": "ZNB07JQ96IG7T_docker.joericearchitect.com_A",
                        "attributes": {
                            "alias.#": "1",
                            "alias.2587139889.evaluate_target_health": "true",
                            "alias.2587139889.name": "prod-jra-elb-us-east-1-admin-56895314.us-east-1.elb.amazonaws.com",
                            "alias.2587139889.zone_id": "Z35SXDOTRQ7X7K",
                            "fqdn": "docker.joericearchitect.com",
                            "health_check_id": "",
                            "id": "ZNB07JQ96IG7T_docker.joericearchitect.com_A",
                            "name": "docker.joericearchitect.com",
                            "records.#": "0",
                            "set_identifier": "",
                            "ttl": "0",
                            "type": "A",
                            "zone_id": "ZNB07JQ96IG7T"
                        },
                        "meta": {
                            "schema_version": "2"
                        },
                        "tainted": false
                    },
                    "deposed": [],
                    "provider": ""
                },
                "aws_route53_record.dockerui": {
                    "type": "aws_route53_record",
                    "depends_on": [
                        "aws_elb.elb-public-admin",
                        "aws_elb.elb-public-admin"
                    ],
                    "primary": {
                        "id": "ZNB07JQ96IG7T_dockerui.joericearchitect.com_A",
                        "attributes": {
                            "alias.#": "1",
                            "alias.2587139889.evaluate_target_health": "true",
                            "alias.2587139889.name": "prod-jra-elb-us-east-1-admin-56895314.us-east-1.elb.amazonaws.com",
                            "alias.2587139889.zone_id": "Z35SXDOTRQ7X7K",
                            "fqdn": "dockerui.joericearchitect.com",
                            "health_check_id": "",
                            "id": "ZNB07JQ96IG7T_dockerui.joericearchitect.com_A",
                            "name": "dockerui.joericearchitect.com",
                            "records.#": "0",
                            "set_identifier": "",
                            "ttl": "0",
                            "type": "A",
                            "zone_id": "ZNB07JQ96IG7T"
                        },
                        "meta": {
                            "schema_version": "2"
                        },
                        "tainted": false
                    },
                    "deposed": [],
                    "provider": ""
                },
                "aws_route53_record.dockervisual": {
                    "type": "aws_route53_record",
                    "depends_on": [
                        "aws_elb.elb-public-admin",
                        "aws_elb.elb-public-admin"
                    ],
                    "primary": {
                        "id": "ZNB07JQ96IG7T_dockervisual.joericearchitect.com_A",
                        "attributes": {
                            "alias.#": "1",
                            "alias.2587139889.evaluate_target_health": "true",
                            "alias.2587139889.name": "prod-jra-elb-us-east-1-admin-56895314.us-east-1.elb.amazonaws.com",
                            "alias.2587139889.zone_id": "Z35SXDOTRQ7X7K",
                            "fqdn": "dockervisual.joericearchitect.com",
                            "health_check_id": "",
                            "id": "ZNB07JQ96IG7T_dockervisual.joericearchitect.com_A",
                            "name": "dockervisual.joericearchitect.com",
                            "records.#": "0",
                            "set_identifier": "",
                            "ttl": "0",
                            "type": "A",
                            "zone_id": "ZNB07JQ96IG7T"
                        },
                        "meta": {
                            "schema_version": "2"
                        },
                        "tainted": false
                    },
                    "deposed": [],
                    "provider": ""
                },
                "aws_route53_record.elasticsearch": {
                    "type": "aws_route53_record",
                    "depends_on": [
                        "aws_elb.elb-public-logging",
                        "aws_elb.elb-public-logging"
                    ],
                    "primary": {
                        "id": "ZNB07JQ96IG7T_es.joericearchitect.com_A",
                        "attributes": {
                            "alias.#": "1",
                            "alias.1683721429.evaluate_target_health": "true",
                            "alias.1683721429.name": "prod-jra-elb-us-east-1-logging-422089726.us-east-1.elb.amazonaws.com",
                            "alias.1683721429.zone_id": "Z35SXDOTRQ7X7K",
                            "fqdn": "es.joericearchitect.com",
                            "health_check_id": "",
                            "id": "ZNB07JQ96IG7T_es.joericearchitect.com_A",
                            "name": "es.joericearchitect.com",
                            "records.#": "0",
                            "set_identifier": "",
                            "ttl": "0",
                            "type": "A",
                            "zone_id": "ZNB07JQ96IG7T"
                        },
                        "meta": {
                            "schema_version": "2"
                        },
                        "tainted": false
                    },
                    "deposed": [],
                    "provider": ""
                },
                "aws_route53_record.fluentd": {
                    "type": "aws_route53_record",
                    "depends_on": [
                        "aws_elb.elb-public-logging",
                        "aws_elb.elb-public-logging"
                    ],
                    "primary": {
                        "id": "ZNB07JQ96IG7T_fluentd.joericearchitect.com_A",
                        "attributes": {
                            "alias.#": "1",
                            "alias.1683721429.evaluate_target_health": "true",
                            "alias.1683721429.name": "prod-jra-elb-us-east-1-logging-422089726.us-east-1.elb.amazonaws.com",
                            "alias.1683721429.zone_id": "Z35SXDOTRQ7X7K",
                            "fqdn": "fluentd.joericearchitect.com",
                            "health_check_id": "",
                            "id": "ZNB07JQ96IG7T_fluentd.joericearchitect.com_A",
                            "name": "fluentd.joericearchitect.com",
                            "records.#": "0",
                            "set_identifier": "",
                            "ttl": "0",
                            "type": "A",
                            "zone_id": "ZNB07JQ96IG7T"
                        },
                        "meta": {
                            "schema_version": "2"
                        },
                        "tainted": false
                    },
                    "deposed": [],
                    "provider": ""
                },
                "aws_route53_record.grafana": {
                    "type": "aws_route53_record",
                    "depends_on": [
                        "aws_elb.elb-public-monitoring",
                        "aws_elb.elb-public-monitoring"
                    ],
                    "primary": {
                        "id": "ZNB07JQ96IG7T_grafana.joericearchitect.com_A",
                        "attributes": {
                            "alias.#": "1",
                            "alias.1258387844.evaluate_target_health": "true",
                            "alias.1258387844.name": "prod-jra-elb-us-east-1-monitor-2123279920.us-east-1.elb.amazonaws.com",
                            "alias.1258387844.zone_id": "Z35SXDOTRQ7X7K",
                            "fqdn": "grafana.joericearchitect.com",
                            "health_check_id": "",
                            "id": "ZNB07JQ96IG7T_grafana.joericearchitect.com_A",
                            "name": "grafana.joericearchitect.com",
                            "records.#": "0",
                            "set_identifier": "",
                            "ttl": "0",
                            "type": "A",
                            "zone_id": "ZNB07JQ96IG7T"
                        },
                        "meta": {
                            "schema_version": "2"
                        },
                        "tainted": false
                    },
                    "deposed": [],
                    "provider": ""
                },
                "aws_route53_record.jira": {
                    "type": "aws_route53_record",
                    "depends_on": [
                        "aws_elb.elb-public-admin",
                        "aws_elb.elb-public-admin"
                    ],
                    "primary": {
                        "id": "ZNB07JQ96IG7T_jira.joericearchitect.com_A",
                        "attributes": {
                            "alias.#": "1",
                            "alias.2587139889.evaluate_target_health": "true",
                            "alias.2587139889.name": "prod-jra-elb-us-east-1-admin-56895314.us-east-1.elb.amazonaws.com",
                            "alias.2587139889.zone_id": "Z35SXDOTRQ7X7K",
                            "fqdn": "jira.joericearchitect.com",
                            "health_check_id": "",
                            "id": "ZNB07JQ96IG7T_jira.joericearchitect.com_A",
                            "name": "jira.joericearchitect.com",
                            "records.#": "0",
                            "set_identifier": "",
                            "ttl": "0",
                            "type": "A",
                            "zone_id": "ZNB07JQ96IG7T"
                        },
                        "meta": {
                            "schema_version": "2"
                        },
                        "tainted": false
                    },
                    "deposed": [],
                    "provider": ""
                },
                "aws_route53_record.kibana": {
                    "type": "aws_route53_record",
                    "depends_on": [
                        "aws_elb.elb-public-logging",
                        "aws_elb.elb-public-logging"
                    ],
                    "primary": {
                        "id": "ZNB07JQ96IG7T_kibana.joericearchitect.com_A",
                        "attributes": {
                            "alias.#": "1",
                            "alias.1683721429.evaluate_target_health": "true",
                            "alias.1683721429.name": "prod-jra-elb-us-east-1-logging-422089726.us-east-1.elb.amazonaws.com",
                            "alias.1683721429.zone_id": "Z35SXDOTRQ7X7K",
                            "fqdn": "kibana.joericearchitect.com",
                            "health_check_id": "",
                            "id": "ZNB07JQ96IG7T_kibana.joericearchitect.com_A",
                            "name": "kibana.joericearchitect.com",
                            "records.#": "0",
                            "set_identifier": "",
                            "ttl": "0",
                            "type": "A",
                            "zone_id": "ZNB07JQ96IG7T"
                        },
                        "meta": {
                            "schema_version": "2"
                        },
                        "tainted": false
                    },
                    "deposed": [],
                    "provider": ""
                },
                "aws_route53_record.logging-proxy": {
                    "type": "aws_route53_record",
                    "depends_on": [
                        "aws_elb.elb-public-logging",
                        "aws_elb.elb-public-logging"
                    ],
                    "primary": {
                        "id": "ZNB07JQ96IG7T_logging-proxy.joericearchitect.com_A",
                        "attributes": {
                            "alias.#": "1",
                            "alias.1683721429.evaluate_target_health": "true",
                            "alias.1683721429.name": "prod-jra-elb-us-east-1-logging-422089726.us-east-1.elb.amazonaws.com",
                            "alias.1683721429.zone_id": "Z35SXDOTRQ7X7K",
                            "fqdn": "logging-proxy.joericearchitect.com",
                            "health_check_id": "",
                            "id": "ZNB07JQ96IG7T_logging-proxy.joericearchitect.com_A",
                            "name": "logging-proxy.joericearchitect.com",
                            "records.#": "0",
                            "set_identifier": "",
                            "ttl": "0",
                            "type": "A",
                            "zone_id": "ZNB07JQ96IG7T"
                        },
                        "meta": {
                            "schema_version": "2"
                        },
                        "tainted": false
                    },
                    "deposed": [],
                    "provider": ""
                },
                "aws_route53_record.monitoring-proxy": {
                    "type": "aws_route53_record",
                    "depends_on": [
                        "aws_elb.elb-public-monitoring",
                        "aws_elb.elb-public-monitoring"
                    ],
                    "primary": {
                        "id": "ZNB07JQ96IG7T_monitoring-proxy.joericearchitect.com_A",
                        "attributes": {
                            "alias.#": "1",
                            "alias.1258387844.evaluate_target_health": "true",
                            "alias.1258387844.name": "prod-jra-elb-us-east-1-monitor-2123279920.us-east-1.elb.amazonaws.com",
                            "alias.1258387844.zone_id": "Z35SXDOTRQ7X7K",
                            "fqdn": "monitoring-proxy.joericearchitect.com",
                            "health_check_id": "",
                            "id": "ZNB07JQ96IG7T_monitoring-proxy.joericearchitect.com_A",
                            "name": "monitoring-proxy.joericearchitect.com",
                            "records.#": "0",
                            "set_identifier": "",
                            "ttl": "0",
                            "type": "A",
                            "zone_id": "ZNB07JQ96IG7T"
                        },
                        "meta": {
                            "schema_version": "2"
                        },
                        "tainted": false
                    },
                    "deposed": [],
                    "provider": ""
                },
                "aws_route53_record.nexus": {
                    "type": "aws_route53_record",
                    "depends_on": [
                        "aws_elb.elb-public-admin",
                        "aws_elb.elb-public-admin"
                    ],
                    "primary": {
                        "id": "ZNB07JQ96IG7T_nexus.joericearchitect.com_A",
                        "attributes": {
                            "alias.#": "1",
                            "alias.2587139889.evaluate_target_health": "true",
                            "alias.2587139889.name": "prod-jra-elb-us-east-1-admin-56895314.us-east-1.elb.amazonaws.com",
                            "alias.2587139889.zone_id": "Z35SXDOTRQ7X7K",
                            "fqdn": "nexus.joericearchitect.com",
                            "health_check_id": "",
                            "id": "ZNB07JQ96IG7T_nexus.joericearchitect.com_A",
                            "name": "nexus.joericearchitect.com",
                            "records.#": "0",
                            "set_identifier": "",
                            "ttl": "0",
                            "type": "A",
                            "zone_id": "ZNB07JQ96IG7T"
                        },
                        "meta": {
                            "schema_version": "2"
                        },
                        "tainted": false
                    },
                    "deposed": [],
                    "provider": ""
                },
                "aws_route53_record.prometheus": {
                    "type": "aws_route53_record",
                    "depends_on": [
                        "aws_elb.elb-public-monitoring",
                        "aws_elb.elb-public-monitoring"
                    ],
                    "primary": {
                        "id": "ZNB07JQ96IG7T_prometheus.joericearchitect.com_A",
                        "attributes": {
                            "alias.#": "1",
                            "alias.1258387844.evaluate_target_health": "true",
                            "alias.1258387844.name": "prod-jra-elb-us-east-1-monitor-2123279920.us-east-1.elb.amazonaws.com",
                            "alias.1258387844.zone_id": "Z35SXDOTRQ7X7K",
                            "fqdn": "prometheus.joericearchitect.com",
                            "health_check_id": "",
                            "id": "ZNB07JQ96IG7T_prometheus.joericearchitect.com_A",
                            "name": "prometheus.joericearchitect.com",
                            "records.#": "0",
                            "set_identifier": "",
                            "ttl": "0",
                            "type": "A",
                            "zone_id": "ZNB07JQ96IG7T"
                        },
                        "meta": {
                            "schema_version": "2"
                        },
                        "tainted": false
                    },
                    "deposed": [],
                    "provider": ""
                },
                "aws_route53_record.proxy": {
                    "type": "aws_route53_record",
                    "depends_on": [
                        "aws_elb.elb-public-app-ui",
                        "aws_elb.elb-public-app-ui"
                    ],
                    "primary": {
                        "id": "ZNB07JQ96IG7T_proxy.joericearchitect.com_A",
                        "attributes": {
                            "alias.#": "1",
                            "alias.3288465625.evaluate_target_health": "true",
                            "alias.3288465625.name": "prod-jra-elb-us-east-1-app-ui-788643626.us-east-1.elb.amazonaws.com",
                            "alias.3288465625.zone_id": "Z35SXDOTRQ7X7K",
                            "fqdn": "proxy.joericearchitect.com",
                            "health_check_id": "",
                            "id": "ZNB07JQ96IG7T_proxy.joericearchitect.com_A",
                            "name": "proxy.joericearchitect.com",
                            "records.#": "0",
                            "set_identifier": "",
                            "ttl": "0",
                            "type": "A",
                            "zone_id": "ZNB07JQ96IG7T"
                        },
                        "meta": {
                            "schema_version": "2"
                        },
                        "tainted": false
                    },
                    "deposed": [],
                    "provider": ""
                },
                "aws_route53_record.sonar": {
                    "type": "aws_route53_record",
                    "depends_on": [
                        "aws_elb.elb-public-admin",
                        "aws_elb.elb-public-admin"
                    ],
                    "primary": {
                        "id": "ZNB07JQ96IG7T_sonar.joericearchitect.com_A",
                        "attributes": {
                            "alias.#": "1",
                            "alias.2587139889.evaluate_target_health": "true",
                            "alias.2587139889.name": "prod-jra-elb-us-east-1-admin-56895314.us-east-1.elb.amazonaws.com",
                            "alias.2587139889.zone_id": "Z35SXDOTRQ7X7K",
                            "fqdn": "sonar.joericearchitect.com",
                            "health_check_id": "",
                            "id": "ZNB07JQ96IG7T_sonar.joericearchitect.com_A",
                            "name": "sonar.joericearchitect.com",
                            "records.#": "0",
                            "set_identifier": "",
                            "ttl": "0",
                            "type": "A",
                            "zone_id": "ZNB07JQ96IG7T"
                        },
                        "meta": {
                            "schema_version": "2"
                        },
                        "tainted": false
                    },
                    "deposed": [],
                    "provider": ""
                },
                "aws_route53_record.unsee": {
                    "type": "aws_route53_record",
                    "depends_on": [
                        "aws_elb.elb-public-monitoring",
                        "aws_elb.elb-public-monitoring"
                    ],
                    "primary": {
                        "id": "ZNB07JQ96IG7T_unsee.joericearchitect.com_A",
                        "attributes": {
                            "alias.#": "1",
                            "alias.1258387844.evaluate_target_health": "true",
                            "alias.1258387844.name": "prod-jra-elb-us-east-1-monitor-2123279920.us-east-1.elb.amazonaws.com",
                            "alias.1258387844.zone_id": "Z35SXDOTRQ7X7K",
                            "fqdn": "unsee.joericearchitect.com",
                            "health_check_id": "",
                            "id": "ZNB07JQ96IG7T_unsee.joericearchitect.com_A",
                            "name": "unsee.joericearchitect.com",
                            "records.#": "0",
                            "set_identifier": "",
                            "ttl": "0",
                            "type": "A",
                            "zone_id": "ZNB07JQ96IG7T"
                        },
                        "meta": {
                            "schema_version": "2"
                        },
                        "tainted": false
                    },
                    "deposed": [],
                    "provider": ""
                },
                "aws_route53_record.wiki": {
                    "type": "aws_route53_record",
                    "depends_on": [
                        "aws_elb.elb-public-admin",
                        "aws_elb.elb-public-admin"
                    ],
                    "primary": {
                        "id": "ZNB07JQ96IG7T_wiki.joericearchitect.com_A",
                        "attributes": {
                            "alias.#": "1",
                            "alias.2587139889.evaluate_target_health": "true",
                            "alias.2587139889.name": "prod-jra-elb-us-east-1-admin-56895314.us-east-1.elb.amazonaws.com",
                            "alias.2587139889.zone_id": "Z35SXDOTRQ7X7K",
                            "fqdn": "wiki.joericearchitect.com",
                            "health_check_id": "",
                            "id": "ZNB07JQ96IG7T_wiki.joericearchitect.com_A",
                            "name": "wiki.joericearchitect.com",
                            "records.#": "0",
                            "set_identifier": "",
                            "ttl": "0",
                            "type": "A",
                            "zone_id": "ZNB07JQ96IG7T"
                        },
                        "meta": {
                            "schema_version": "2"
                        },
                        "tainted": false
                    },
                    "deposed": [],
                    "provider": ""
                },
                "aws_route53_record.www": {
                    "type": "aws_route53_record",
                    "depends_on": [
                        "aws_elb.elb-public-app-ui",
                        "aws_elb.elb-public-app-ui"
                    ],
                    "primary": {
                        "id": "ZNB07JQ96IG7T_www.joericearchitect.com_A",
                        "attributes": {
                            "alias.#": "1",
                            "alias.3288465625.evaluate_target_health": "true",
                            "alias.3288465625.name": "prod-jra-elb-us-east-1-app-ui-788643626.us-east-1.elb.amazonaws.com",
                            "alias.3288465625.zone_id": "Z35SXDOTRQ7X7K",
                            "fqdn": "www.joericearchitect.com",
                            "health_check_id": "",
                            "id": "ZNB07JQ96IG7T_www.joericearchitect.com_A",
                            "name": "www.joericearchitect.com",
                            "records.#": "0",
                            "set_identifier": "",
                            "ttl": "0",
                            "type": "A",
                            "zone_id": "ZNB07JQ96IG7T"
                        },
                        "meta": {
                            "schema_version": "2"
                        },
                        "tainted": false
                    },
                    "deposed": [],
                    "provider": ""
                },
                "aws_route_table.private": {
                    "type": "aws_route_table",
                    "depends_on": [
                        "aws_internet_gateway.jra_igw",
                        "aws_vpc.jra_vpc",
                        "random_id.env-instance"
                    ],
                    "primary": {
                        "id": "rtb-1406276e",
                        "attributes": {
                            "id": "rtb-1406276e",
                            "propagating_vgws.#": "0",
                            "route.#": "1",
                            "route.1954634318.cidr_block": "0.0.0.0/0",
                            "route.1954634318.gateway_id": "igw-61991618",
                            "route.1954634318.instance_id": "",
                            "route.1954634318.nat_gateway_id": "",
                            "route.1954634318.network_interface_id": "",
                            "route.1954634318.vpc_peering_connection_id": "",
                            "tags.%": "5",
                            "tags.Name": "prod.route-table.us-east-1-private",
                            "tags.jra.environment": "prod",
                            "tags.jra.environment-instance-id": "iYjVI1HxaNk",
                            "tags.jra.environment-size": "small",
                            "tags.jra.environment_type": "latest",
                            "vpc_id": "vpc-f8179080"
                        },
                        "meta": {},
                        "tainted": false
                    },
                    "deposed": [],
                    "provider": ""
                },
                "aws_route_table.public": {
                    "type": "aws_route_table",
                    "depends_on": [
                        "aws_internet_gateway.jra_igw",
                        "aws_vpc.jra_vpc",
                        "random_id.env-instance"
                    ],
                    "primary": {
                        "id": "rtb-1d052467",
                        "attributes": {
                            "id": "rtb-1d052467",
                            "propagating_vgws.#": "0",
                            "route.#": "1",
                            "route.1954634318.cidr_block": "0.0.0.0/0",
                            "route.1954634318.gateway_id": "igw-61991618",
                            "route.1954634318.instance_id": "",
                            "route.1954634318.nat_gateway_id": "",
                            "route.1954634318.network_interface_id": "",
                            "route.1954634318.vpc_peering_connection_id": "",
                            "tags.%": "5",
                            "tags.Name": "prod.route-table.us-east-1-public",
                            "tags.jra.environment": "prod",
                            "tags.jra.environment-instance-id": "iYjVI1HxaNk",
                            "tags.jra.environment-size": "small",
                            "tags.jra.environment_type": "latest",
                            "vpc_id": "vpc-f8179080"
                        },
                        "meta": {},
                        "tainted": false
                    },
                    "deposed": [],
                    "provider": ""
                },
                "aws_route_table_association.az-1-private": {
                    "type": "aws_route_table_association",
                    "depends_on": [
                        "aws_route_table.private",
                        "aws_subnet.az-1-private"
                    ],
                    "primary": {
                        "id": "rtbassoc-5e970223",
                        "attributes": {
                            "id": "rtbassoc-5e970223",
                            "route_table_id": "rtb-1406276e",
                            "subnet_id": "subnet-32a3596f"
                        },
                        "meta": {},
                        "tainted": false
                    },
                    "deposed": [],
                    "provider": ""
                },
                "aws_route_table_association.az-1-public": {
                    "type": "aws_route_table_association",
                    "depends_on": [
                        "aws_route_table.public",
                        "aws_subnet.az-1-public"
                    ],
                    "primary": {
                        "id": "rtbassoc-989104e5",
                        "attributes": {
                            "id": "rtbassoc-989104e5",
                            "route_table_id": "rtb-1d052467",
                            "subnet_id": "subnet-b6a05aeb"
                        },
                        "meta": {},
                        "tainted": false
                    },
                    "deposed": [],
                    "provider": ""
                },
                "aws_security_group.elb-public-admin": {
                    "type": "aws_security_group",
                    "depends_on": [
                        "aws_vpc.jra_vpc",
                        "random_id.env-instance"
                    ],
                    "primary": {
                        "id": "sg-44a44831",
                        "attributes": {
                            "description": "Security groups for public swarm elb",
                            "egress.#": "1",
                            "egress.482069346.cidr_blocks.#": "1",
                            "egress.482069346.cidr_blocks.0": "0.0.0.0/0",
                            "egress.482069346.from_port": "0",
                            "egress.482069346.prefix_list_ids.#": "0",
                            "egress.482069346.protocol": "-1",
                            "egress.482069346.security_groups.#": "0",
                            "egress.482069346.self": "false",
                            "egress.482069346.to_port": "0",
                            "id": "sg-44a44831",
                            "ingress.#": "1",
                            "ingress.482069346.cidr_blocks.#": "1",
                            "ingress.482069346.cidr_blocks.0": "0.0.0.0/0",
                            "ingress.482069346.from_port": "0",
                            "ingress.482069346.protocol": "-1",
                            "ingress.482069346.security_groups.#": "0",
                            "ingress.482069346.self": "false",
                            "ingress.482069346.to_port": "0",
                            "name": "prod.jra-sg.us-east-1-admin-elb",
                            "owner_id": "478650753675",
                            "tags.%": "5",
                            "tags.Name": "prod.sg.us-east-1-admin-elb",
                            "tags.jra.environment": "prod",
                            "tags.jra.environment-instance-id": "iYjVI1HxaNk",
                            "tags.jra.environment-size": "small",
                            "tags.jra.environment_type": "latest",
                            "vpc_id": "vpc-f8179080"
                        },
                        "meta": {},
                        "tainted": false
                    },
                    "deposed": [],
                    "provider": ""
                },
                "aws_security_group.elb-public-app-api": {
                    "type": "aws_security_group",
                    "depends_on": [
                        "aws_vpc.jra_vpc",
                        "random_id.env-instance"
                    ],
                    "primary": {
                        "id": "sg-a6ac40d3",
                        "attributes": {
                            "description": "Security groups for public swarm elb",
                            "egress.#": "1",
                            "egress.482069346.cidr_blocks.#": "1",
                            "egress.482069346.cidr_blocks.0": "0.0.0.0/0",
                            "egress.482069346.from_port": "0",
                            "egress.482069346.prefix_list_ids.#": "0",
                            "egress.482069346.protocol": "-1",
                            "egress.482069346.security_groups.#": "0",
                            "egress.482069346.self": "false",
                            "egress.482069346.to_port": "0",
                            "id": "sg-a6ac40d3",
                            "ingress.#": "1",
                            "ingress.482069346.cidr_blocks.#": "1",
                            "ingress.482069346.cidr_blocks.0": "0.0.0.0/0",
                            "ingress.482069346.from_port": "0",
                            "ingress.482069346.protocol": "-1",
                            "ingress.482069346.security_groups.#": "0",
                            "ingress.482069346.self": "false",
                            "ingress.482069346.to_port": "0",
                            "name": "prod.jra-sg.us-east-1-app-api-elb",
                            "owner_id": "478650753675",
                            "tags.%": "5",
                            "tags.Name": "prod.sg.us-east-1-app-api-elb",
                            "tags.jra.environment": "prod",
                            "tags.jra.environment-instance-id": "iYjVI1HxaNk",
                            "tags.jra.environment-size": "small",
                            "tags.jra.environment_type": "latest",
                            "vpc_id": "vpc-f8179080"
                        },
                        "meta": {},
                        "tainted": false
                    },
                    "deposed": [],
                    "provider": ""
                },
                "aws_security_group.elb-public-app-ui": {
                    "type": "aws_security_group",
                    "depends_on": [
                        "aws_vpc.jra_vpc",
                        "random_id.env-instance"
                    ],
                    "primary": {
                        "id": "sg-dfaa46aa",
                        "attributes": {
                            "description": "Security groups for public swarm elb",
                            "egress.#": "1",
                            "egress.482069346.cidr_blocks.#": "1",
                            "egress.482069346.cidr_blocks.0": "0.0.0.0/0",
                            "egress.482069346.from_port": "0",
                            "egress.482069346.prefix_list_ids.#": "0",
                            "egress.482069346.protocol": "-1",
                            "egress.482069346.security_groups.#": "0",
                            "egress.482069346.self": "false",
                            "egress.482069346.to_port": "0",
                            "id": "sg-dfaa46aa",
                            "ingress.#": "1",
                            "ingress.482069346.cidr_blocks.#": "1",
                            "ingress.482069346.cidr_blocks.0": "0.0.0.0/0",
                            "ingress.482069346.from_port": "0",
                            "ingress.482069346.protocol": "-1",
                            "ingress.482069346.security_groups.#": "0",
                            "ingress.482069346.self": "false",
                            "ingress.482069346.to_port": "0",
                            "name": "prod.jra-sg.us-east-1-app-ui-elb",
                            "owner_id": "478650753675",
                            "tags.%": "5",
                            "tags.Name": "prod.sg.us-east-1-app-ui-elb",
                            "tags.jra.environment": "prod",
                            "tags.jra.environment-instance-id": "iYjVI1HxaNk",
                            "tags.jra.environment-size": "small",
                            "tags.jra.environment_type": "latest",
                            "vpc_id": "vpc-f8179080"
                        },
                        "meta": {},
                        "tainted": false
                    },
                    "deposed": [],
                    "provider": ""
                },
                "aws_security_group.elb-public-logging": {
                    "type": "aws_security_group",
                    "depends_on": [
                        "aws_vpc.jra_vpc",
                        "random_id.env-instance"
                    ],
                    "primary": {
                        "id": "sg-b4a844c1",
                        "attributes": {
                            "description": "Security groups for public logging elb",
                            "egress.#": "1",
                            "egress.482069346.cidr_blocks.#": "1",
                            "egress.482069346.cidr_blocks.0": "0.0.0.0/0",
                            "egress.482069346.from_port": "0",
                            "egress.482069346.prefix_list_ids.#": "0",
                            "egress.482069346.protocol": "-1",
                            "egress.482069346.security_groups.#": "0",
                            "egress.482069346.self": "false",
                            "egress.482069346.to_port": "0",
                            "id": "sg-b4a844c1",
                            "ingress.#": "1",
                            "ingress.482069346.cidr_blocks.#": "1",
                            "ingress.482069346.cidr_blocks.0": "0.0.0.0/0",
                            "ingress.482069346.from_port": "0",
                            "ingress.482069346.protocol": "-1",
                            "ingress.482069346.security_groups.#": "0",
                            "ingress.482069346.self": "false",
                            "ingress.482069346.to_port": "0",
                            "name": "prod.jra-sg.us-east-1-logging-elb",
                            "owner_id": "478650753675",
                            "tags.%": "5",
                            "tags.Name": "prod.sg.us-east-1-logging-elb",
                            "tags.jra.environment": "prod",
                            "tags.jra.environment-instance-id": "iYjVI1HxaNk",
                            "tags.jra.environment-size": "small",
                            "tags.jra.environment_type": "latest",
                            "vpc_id": "vpc-f8179080"
                        },
                        "meta": {},
                        "tainted": false
                    },
                    "deposed": [],
                    "provider": ""
                },
                "aws_security_group.elb-public-monitoring": {
                    "type": "aws_security_group",
                    "depends_on": [
                        "aws_vpc.jra_vpc",
                        "random_id.env-instance"
                    ],
                    "primary": {
                        "id": "sg-37ad4142",
                        "attributes": {
                            "description": "Security groups for public monitoring elb",
                            "egress.#": "1",
                            "egress.482069346.cidr_blocks.#": "1",
                            "egress.482069346.cidr_blocks.0": "0.0.0.0/0",
                            "egress.482069346.from_port": "0",
                            "egress.482069346.prefix_list_ids.#": "0",
                            "egress.482069346.protocol": "-1",
                            "egress.482069346.security_groups.#": "0",
                            "egress.482069346.self": "false",
                            "egress.482069346.to_port": "0",
                            "id": "sg-37ad4142",
                            "ingress.#": "1",
                            "ingress.482069346.cidr_blocks.#": "1",
                            "ingress.482069346.cidr_blocks.0": "0.0.0.0/0",
                            "ingress.482069346.from_port": "0",
                            "ingress.482069346.protocol": "-1",
                            "ingress.482069346.security_groups.#": "0",
                            "ingress.482069346.self": "false",
                            "ingress.482069346.to_port": "0",
                            "name": "prod.jra-sg.us-east-1-monitoring-elb",
                            "owner_id": "478650753675",
                            "tags.%": "5",
                            "tags.Name": "prod.sg.us-east-1-monitor-elb",
                            "tags.jra.environment": "prod",
                            "tags.jra.environment-instance-id": "iYjVI1HxaNk",
                            "tags.jra.environment-size": "small",
                            "tags.jra.environment_type": "latest",
                            "vpc_id": "vpc-f8179080"
                        },
                        "meta": {},
                        "tainted": false
                    },
                    "deposed": [],
                    "provider": ""
                },
                "aws_security_group.private_app-persistence": {
                    "type": "aws_security_group",
                    "depends_on": [
                        "aws_vpc.jra_vpc",
                        "random_id.env-instance"
                    ],
                    "primary": {
                        "id": "sg-ddaa46a8",
                        "attributes": {
                            "description": "Swarm Nodes that will run containers related to storage persistence for mangement apps (databases, caches, etc)",
                            "egress.#": "1",
                            "egress.482069346.cidr_blocks.#": "1",
                            "egress.482069346.cidr_blocks.0": "0.0.0.0/0",
                            "egress.482069346.from_port": "0",
                            "egress.482069346.prefix_list_ids.#": "0",
                            "egress.482069346.protocol": "-1",
                            "egress.482069346.security_groups.#": "0",
                            "egress.482069346.self": "false",
                            "egress.482069346.to_port": "0",
                            "id": "sg-ddaa46a8",
                            "ingress.#": "1",
                            "ingress.482069346.cidr_blocks.#": "1",
                            "ingress.482069346.cidr_blocks.0": "0.0.0.0/0",
                            "ingress.482069346.from_port": "0",
                            "ingress.482069346.protocol": "-1",
                            "ingress.482069346.security_groups.#": "0",
                            "ingress.482069346.self": "false",
                            "ingress.482069346.to_port": "0",
                            "name": "prod.jra-sg.us-east-1-private-app-persistence",
                            "owner_id": "478650753675",
                            "tags.%": "5",
                            "tags.Name": "prod.sg.us-east-1-private-app-persistence",
                            "tags.jra.environment": "prod",
                            "tags.jra.environment-instance-id": "iYjVI1HxaNk",
                            "tags.jra.environment-size": "small",
                            "tags.jra.environment_type": "latest",
                            "vpc_id": "vpc-f8179080"
                        },
                        "meta": {},
                        "tainted": false
                    },
                    "deposed": [],
                    "provider": ""
                },
                "aws_security_group.private_infra-build": {
                    "type": "aws_security_group",
                    "depends_on": [
                        "aws_vpc.jra_vpc",
                        "random_id.env-instance"
                    ],
                    "primary": {
                        "id": "sg-b3ab47c6",
                        "attributes": {
                            "description": "Swarm Nodes that will run containers related to infra-builds \u0026 CI / CD pipelines",
                            "egress.#": "1",
                            "egress.482069346.cidr_blocks.#": "1",
                            "egress.482069346.cidr_blocks.0": "0.0.0.0/0",
                            "egress.482069346.from_port": "0",
                            "egress.482069346.prefix_list_ids.#": "0",
                            "egress.482069346.protocol": "-1",
                            "egress.482069346.security_groups.#": "0",
                            "egress.482069346.self": "false",
                            "egress.482069346.to_port": "0",
                            "id": "sg-b3ab47c6",
                            "ingress.#": "1",
                            "ingress.482069346.cidr_blocks.#": "1",
                            "ingress.482069346.cidr_blocks.0": "0.0.0.0/0",
                            "ingress.482069346.from_port": "0",
                            "ingress.482069346.protocol": "-1",
                            "ingress.482069346.security_groups.#": "0",
                            "ingress.482069346.self": "false",
                            "ingress.482069346.to_port": "0",
                            "name": "prod.jra-sg.us-east-1-private-infra-build",
                            "owner_id": "478650753675",
                            "tags.%": "5",
                            "tags.Name": "prod.sg.us-east-1-private-infra-build",
                            "tags.jra.environment": "prod",
                            "tags.jra.environment-instance-id": "iYjVI1HxaNk",
                            "tags.jra.environment-size": "small",
                            "tags.jra.environment_type": "latest",
                            "vpc_id": "vpc-f8179080"
                        },
                        "meta": {},
                        "tainted": false
                    },
                    "deposed": [],
                    "provider": ""
                },
                "aws_security_group.private_infra-logging": {
                    "type": "aws_security_group",
                    "depends_on": [
                        "aws_vpc.jra_vpc",
                        "random_id.env-instance"
                    ],
                    "primary": {
                        "id": "sg-9aa448ef",
                        "attributes": {
                            "description": "Swarm Nodes that will run containers related to centralized logging stack",
                            "egress.#": "1",
                            "egress.482069346.cidr_blocks.#": "1",
                            "egress.482069346.cidr_blocks.0": "0.0.0.0/0",
                            "egress.482069346.from_port": "0",
                            "egress.482069346.prefix_list_ids.#": "0",
                            "egress.482069346.protocol": "-1",
                            "egress.482069346.security_groups.#": "0",
                            "egress.482069346.self": "false",
                            "egress.482069346.to_port": "0",
                            "id": "sg-9aa448ef",
                            "ingress.#": "1",
                            "ingress.482069346.cidr_blocks.#": "1",
                            "ingress.482069346.cidr_blocks.0": "0.0.0.0/0",
                            "ingress.482069346.from_port": "0",
                            "ingress.482069346.protocol": "-1",
                            "ingress.482069346.security_groups.#": "0",
                            "ingress.482069346.self": "false",
                            "ingress.482069346.to_port": "0",
                            "name": "prod.jra-sg.us-east-1-private-infra-logging",
                            "owner_id": "478650753675",
                            "tags.%": "5",
                            "tags.Name": "prod.sg.us-east-1-private-infra-logging",
                            "tags.jra.environment": "prod",
                            "tags.jra.environment-instance-id": "iYjVI1HxaNk",
                            "tags.jra.environment-size": "small",
                            "tags.jra.environment_type": "latest",
                            "vpc_id": "vpc-f8179080"
                        },
                        "meta": {},
                        "tainted": false
                    },
                    "deposed": [],
                    "provider": ""
                },
                "aws_security_group.private_infra-monitoring": {
                    "type": "aws_security_group",
                    "depends_on": [
                        "aws_vpc.jra_vpc",
                        "random_id.env-instance"
                    ],
                    "primary": {
                        "id": "sg-47a44832",
                        "attributes": {
                            "description": "Swarm Nodes that will run containers related to centralized monitoring stack",
                            "egress.#": "1",
                            "egress.482069346.cidr_blocks.#": "1",
                            "egress.482069346.cidr_blocks.0": "0.0.0.0/0",
                            "egress.482069346.from_port": "0",
                            "egress.482069346.prefix_list_ids.#": "0",
                            "egress.482069346.protocol": "-1",
                            "egress.482069346.security_groups.#": "0",
                            "egress.482069346.self": "false",
                            "egress.482069346.to_port": "0",
                            "id": "sg-47a44832",
                            "ingress.#": "1",
                            "ingress.482069346.cidr_blocks.#": "1",
                            "ingress.482069346.cidr_blocks.0": "0.0.0.0/0",
                            "ingress.482069346.from_port": "0",
                            "ingress.482069346.protocol": "-1",
                            "ingress.482069346.security_groups.#": "0",
                            "ingress.482069346.self": "false",
                            "ingress.482069346.to_port": "0",
                            "name": "prod.jra-sg.us-east-1-private-infra-monitoring",
                            "owner_id": "478650753675",
                            "tags.%": "5",
                            "tags.Name": "prod.sg.us-east-1-private-infra-monitoring",
                            "tags.jra.environment": "prod",
                            "tags.jra.environment-instance-id": "iYjVI1HxaNk",
                            "tags.jra.environment-size": "small",
                            "tags.jra.environment_type": "latest",
                            "vpc_id": "vpc-f8179080"
                        },
                        "meta": {},
                        "tainted": false
                    },
                    "deposed": [],
                    "provider": ""
                },
                "aws_security_group.private_infra-persistence": {
                    "type": "aws_security_group",
                    "depends_on": [
                        "aws_vpc.jra_vpc",
                        "random_id.env-instance"
                    ],
                    "primary": {
                        "id": "sg-36aa4643",
                        "attributes": {
                            "description": "Swarm Nodes that will run containers related to storage persistence for mangement apps (databases, caches, etc)",
                            "egress.#": "1",
                            "egress.482069346.cidr_blocks.#": "1",
                            "egress.482069346.cidr_blocks.0": "0.0.0.0/0",
                            "egress.482069346.from_port": "0",
                            "egress.482069346.prefix_list_ids.#": "0",
                            "egress.482069346.protocol": "-1",
                            "egress.482069346.security_groups.#": "0",
                            "egress.482069346.self": "false",
                            "egress.482069346.to_port": "0",
                            "id": "sg-36aa4643",
                            "ingress.#": "1",
                            "ingress.482069346.cidr_blocks.#": "1",
                            "ingress.482069346.cidr_blocks.0": "0.0.0.0/0",
                            "ingress.482069346.from_port": "0",
                            "ingress.482069346.protocol": "-1",
                            "ingress.482069346.security_groups.#": "0",
                            "ingress.482069346.self": "false",
                            "ingress.482069346.to_port": "0",
                            "name": "prod.jra-sg.us-east-1-private-infra-persistence",
                            "owner_id": "478650753675",
                            "tags.%": "5",
                            "tags.Name": "prod.sg.us-east-1-private-infra-persistence",
                            "tags.jra.environment": "prod",
                            "tags.jra.environment-instance-id": "iYjVI1HxaNk",
                            "tags.jra.environment-size": "small",
                            "tags.jra.environment_type": "latest",
                            "vpc_id": "vpc-f8179080"
                        },
                        "meta": {},
                        "tainted": false
                    },
                    "deposed": [],
                    "provider": ""
                },
                "aws_security_group.private_infra-repos": {
                    "type": "aws_security_group",
                    "depends_on": [
                        "aws_vpc.jra_vpc",
                        "random_id.env-instance"
                    ],
                    "primary": {
                        "id": "sg-36ad4143",
                        "attributes": {
                            "description": "Swarm Nodes that will run containers related to storage persistence for mangement apps (databases, caches, etc)",
                            "egress.#": "1",
                            "egress.482069346.cidr_blocks.#": "1",
                            "egress.482069346.cidr_blocks.0": "0.0.0.0/0",
                            "egress.482069346.from_port": "0",
                            "egress.482069346.prefix_list_ids.#": "0",
                            "egress.482069346.protocol": "-1",
                            "egress.482069346.security_groups.#": "0",
                            "egress.482069346.self": "false",
                            "egress.482069346.to_port": "0",
                            "id": "sg-36ad4143",
                            "ingress.#": "1",
                            "ingress.482069346.cidr_blocks.#": "1",
                            "ingress.482069346.cidr_blocks.0": "0.0.0.0/0",
                            "ingress.482069346.from_port": "0",
                            "ingress.482069346.protocol": "-1",
                            "ingress.482069346.security_groups.#": "0",
                            "ingress.482069346.self": "false",
                            "ingress.482069346.to_port": "0",
                            "name": "prod.jra-sg.us-east-1-private-infra-repos",
                            "owner_id": "478650753675",
                            "tags.%": "5",
                            "tags.Name": "prod.sg.us-east-1-private-infra-repos",
                            "tags.jra.environment": "prod",
                            "tags.jra.environment-instance-id": "iYjVI1HxaNk",
                            "tags.jra.environment-size": "small",
                            "tags.jra.environment_type": "latest",
                            "vpc_id": "vpc-f8179080"
                        },
                        "meta": {},
                        "tainted": false
                    },
                    "deposed": [],
                    "provider": ""
                },
                "aws_security_group.private_swarm-manager": {
                    "type": "aws_security_group",
                    "depends_on": [
                        "aws_vpc.jra_vpc",
                        "random_id.env-instance"
                    ],
                    "primary": {
                        "id": "sg-a4ae42d1",
                        "attributes": {
                            "description": "Swarm Nodes that will run containers related to swarm-managers \u0026 CI / CD pipelines",
                            "egress.#": "1",
                            "egress.482069346.cidr_blocks.#": "1",
                            "egress.482069346.cidr_blocks.0": "0.0.0.0/0",
                            "egress.482069346.from_port": "0",
                            "egress.482069346.prefix_list_ids.#": "0",
                            "egress.482069346.protocol": "-1",
                            "egress.482069346.security_groups.#": "0",
                            "egress.482069346.self": "false",
                            "egress.482069346.to_port": "0",
                            "id": "sg-a4ae42d1",
                            "ingress.#": "1",
                            "ingress.482069346.cidr_blocks.#": "1",
                            "ingress.482069346.cidr_blocks.0": "0.0.0.0/0",
                            "ingress.482069346.from_port": "0",
                            "ingress.482069346.protocol": "-1",
                            "ingress.482069346.security_groups.#": "0",
                            "ingress.482069346.self": "false",
                            "ingress.482069346.to_port": "0",
                            "name": "prod.jra-sg.us-east-1-private-swarm-manager",
                            "owner_id": "478650753675",
                            "tags.%": "5",
                            "tags.Name": "prod.sg.us-east-1-private-swarm-manager",
                            "tags.jra.environment": "prod",
                            "tags.jra.environment-instance-id": "iYjVI1HxaNk",
                            "tags.jra.environment-size": "small",
                            "tags.jra.environment_type": "latest",
                            "vpc_id": "vpc-f8179080"
                        },
                        "meta": {},
                        "tainted": false
                    },
                    "deposed": [],
                    "provider": ""
                },
                "aws_security_group.public_admin-ui-web": {
                    "type": "aws_security_group",
                    "depends_on": [
                        "aws_vpc.jra_vpc",
                        "random_id.env-instance"
                    ],
                    "primary": {
                        "id": "sg-0fab477a",
                        "attributes": {
                            "description": "Security groups for public web apis",
                            "egress.#": "1",
                            "egress.482069346.cidr_blocks.#": "1",
                            "egress.482069346.cidr_blocks.0": "0.0.0.0/0",
                            "egress.482069346.from_port": "0",
                            "egress.482069346.prefix_list_ids.#": "0",
                            "egress.482069346.protocol": "-1",
                            "egress.482069346.security_groups.#": "0",
                            "egress.482069346.self": "false",
                            "egress.482069346.to_port": "0",
                            "id": "sg-0fab477a",
                            "ingress.#": "1",
                            "ingress.482069346.cidr_blocks.#": "1",
                            "ingress.482069346.cidr_blocks.0": "0.0.0.0/0",
                            "ingress.482069346.from_port": "0",
                            "ingress.482069346.protocol": "-1",
                            "ingress.482069346.security_groups.#": "0",
                            "ingress.482069346.self": "false",
                            "ingress.482069346.to_port": "0",
                            "name": "prod.jra-sg.us-east-1-public-admin-ui-web",
                            "owner_id": "478650753675",
                            "tags.%": "5",
                            "tags.Name": "prod.sg.us-east-1-public-admin-ui-web",
                            "tags.jra.environment": "prod",
                            "tags.jra.environment-instance-id": "iYjVI1HxaNk",
                            "tags.jra.environment-size": "small",
                            "tags.jra.environment_type": "latest",
                            "vpc_id": "vpc-f8179080"
                        },
                        "meta": {},
                        "tainted": false
                    },
                    "deposed": [],
                    "provider": ""
                },
                "aws_security_group.public_app-ui-web": {
                    "type": "aws_security_group",
                    "depends_on": [
                        "aws_vpc.jra_vpc",
                        "random_id.env-instance"
                    ],
                    "primary": {
                        "id": "sg-faa14d8f",
                        "attributes": {
                            "description": "Security Group for public web ui apps",
                            "egress.#": "1",
                            "egress.482069346.cidr_blocks.#": "1",
                            "egress.482069346.cidr_blocks.0": "0.0.0.0/0",
                            "egress.482069346.from_port": "0",
                            "egress.482069346.prefix_list_ids.#": "0",
                            "egress.482069346.protocol": "-1",
                            "egress.482069346.security_groups.#": "0",
                            "egress.482069346.self": "false",
                            "egress.482069346.to_port": "0",
                            "id": "sg-faa14d8f",
                            "ingress.#": "1",
                            "ingress.482069346.cidr_blocks.#": "1",
                            "ingress.482069346.cidr_blocks.0": "0.0.0.0/0",
                            "ingress.482069346.from_port": "0",
                            "ingress.482069346.protocol": "-1",
                            "ingress.482069346.security_groups.#": "0",
                            "ingress.482069346.self": "false",
                            "ingress.482069346.to_port": "0",
                            "name": "prod.jra-sg.us-east-1-public-app-ui-web",
                            "owner_id": "478650753675",
                            "tags.%": "5",
                            "tags.Name": "prod.sg.us-east-1-public-app-ui-web",
                            "tags.jra.environment": "prod",
                            "tags.jra.environment-instance-id": "iYjVI1HxaNk",
                            "tags.jra.environment-size": "small",
                            "tags.jra.environment_type": "latest",
                            "vpc_id": "vpc-f8179080"
                        },
                        "meta": {},
                        "tainted": false
                    },
                    "deposed": [],
                    "provider": ""
                },
                "aws_subnet.az-1-private": {
                    "type": "aws_subnet",
                    "depends_on": [
                        "aws_vpc.jra_vpc",
                        "random_id.env-instance"
                    ],
                    "primary": {
                        "id": "subnet-32a3596f",
                        "attributes": {
                            "availability_zone": "us-east-1a",
                            "cidr_block": "10.0.1.0/24",
                            "id": "subnet-32a3596f",
                            "map_public_ip_on_launch": "true",
                            "tags.%": "6",
                            "tags.Name": "prod.subnet.us-east-1a-private",
                            "tags.jra.environment": "prod",
                            "tags.jra.environment-instance-id": "iYjVI1HxaNk",
                            "tags.jra.environment-size": "small",
                            "tags.jra.environment_type": "latest",
                            "tags.jra.failure-zone": "us-east-1-az-1",
                            "vpc_id": "vpc-f8179080"
                        },
                        "meta": {},
                        "tainted": false
                    },
                    "deposed": [],
                    "provider": ""
                },
                "aws_subnet.az-1-public": {
                    "type": "aws_subnet",
                    "depends_on": [
                        "aws_vpc.jra_vpc",
                        "random_id.env-instance"
                    ],
                    "primary": {
                        "id": "subnet-b6a05aeb",
                        "attributes": {
                            "availability_zone": "us-east-1a",
                            "cidr_block": "10.0.0.0/24",
                            "id": "subnet-b6a05aeb",
                            "map_public_ip_on_launch": "true",
                            "tags.%": "6",
                            "tags.Name": "prod.subnet.us-east-1a-public",
                            "tags.jra.environment": "prod",
                            "tags.jra.environment-instance-id": "iYjVI1HxaNk",
                            "tags.jra.environment-size": "small",
                            "tags.jra.environment_type": "latest",
                            "tags.jra.failure-zone": "us-east-1-az-1",
                            "vpc_id": "vpc-f8179080"
                        },
                        "meta": {},
                        "tainted": false
                    },
                    "deposed": [],
                    "provider": ""
                },
                "aws_vpc.jra_vpc": {
                    "type": "aws_vpc",
                    "depends_on": [
                        "random_id.env-instance"
                    ],
                    "primary": {
                        "id": "vpc-f8179080",
                        "attributes": {
                            "cidr_block": "10.0.0.0/16",
                            "default_network_acl_id": "acl-ff8f8b87",
                            "default_route_table_id": "rtb-f001208a",
                            "default_security_group_id": "sg-e1a44894",
                            "dhcp_options_id": "dopt-eb4a818d",
                            "enable_classiclink": "false",
                            "enable_dns_hostnames": "true",
                            "enable_dns_support": "true",
                            "id": "vpc-f8179080",
                            "instance_tenancy": "default",
                            "main_route_table_id": "rtb-f001208a",
                            "tags.%": "5",
                            "tags.Name": "prod.vpc.us-east-1",
                            "tags.jra.environment": "prod",
                            "tags.jra.environment-instance-id": "iYjVI1HxaNk",
                            "tags.jra.environment-size": "small",
                            "tags.jra.environment_type": "latest"
                        },
                        "meta": {},
                        "tainted": false
                    },
                    "deposed": [],
                    "provider": ""
                },
                "null_resource.swarm-cluster-provision": {
                    "type": "null_resource",
                    "depends_on": [
                        "aws_instance.admin-ui-web-az-1",
                        "aws_instance.app-persistence-az-1",
                        "aws_instance.app-ui-web-az-1",
                        "aws_instance.infra-build-az-1",
                        "aws_instance.infra-logging-az-1",
                        "aws_instance.infra-monitoring-az-1",
                        "aws_instance.infra-persistence-az-1",
                        "aws_instance.infra-repos-az-1",
                        "aws_instance.swarm-manager-az-1"
                    ],
                    "primary": {
                        "id": "887171312114803786",
                        "attributes": {
                            "id": "887171312114803786"
                        },
                        "meta": {},
                        "tainted": false
                    },
                    "deposed": [],
                    "provider": ""
                },
                "random_id.env-instance": {
                    "type": "random_id",
                    "depends_on": [],
                    "primary": {
                        "id": "iYjVI1HxaNk",
                        "attributes": {
                            "b64": "iYjVI1HxaNk",
                            "b64_std": "iYjVI1HxaNk=",
                            "b64_url": "iYjVI1HxaNk",
                            "byte_length": "8",
                            "dec": "9910405327704123609",
                            "hex": "8988d52351f168d9",
                            "id": "iYjVI1HxaNk"
                        },
                        "meta": {},
                        "tainted": false
                    },
                    "deposed": [],
                    "provider": ""
                }
            },
            "depends_on": []
        }
    ]
}
