{
    "version": 3,
    "terraform_version": "0.7.13",
    "serial": 107,
    "lineage": "1542ed22-9572-435b-bfe7-2914441e104a",
    "modules": [
        {
            "path": [
                "root"
            ],
            "outputs": {},
            "resources": {
                "aws_eip.az-1-public": {
                    "type": "aws_eip",
                    "depends_on": [],
                    "primary": {
                        "id": "eipalloc-929ea0a7",
                        "attributes": {
                            "association_id": "",
                            "domain": "vpc",
                            "id": "eipalloc-929ea0a7",
                            "instance": "",
                            "network_interface": "",
                            "private_ip": "",
                            "public_ip": "34.237.38.52",
                            "vpc": "true"
                        },
                        "meta": {},
                        "tainted": false
                    },
                    "deposed": [],
                    "provider": ""
                },
                "aws_elb.elb-public-logging": {
                    "type": "aws_elb",
                    "depends_on": [
                        "aws_instance.infra-logging-az-1",
                        "aws_instance.swarm-manager-az-1",
                        "aws_security_group.elb-public-logging",
                        "aws_subnet.az-1-public",
                        "random_id.env-instance"
                    ],
                    "primary": {
                        "id": "prod-jra-elb-us-east-1-logging",
                        "attributes": {
                            "access_logs.#": "0",
                            "availability_zones.#": "1",
                            "availability_zones.3569565595": "us-east-1a",
                            "connection_draining": "true",
                            "connection_draining_timeout": "400",
                            "cross_zone_load_balancing": "true",
                            "dns_name": "prod-jra-elb-us-east-1-logging-1064962171.us-east-1.elb.amazonaws.com",
                            "health_check.#": "1",
                            "health_check.0.healthy_threshold": "4",
                            "health_check.0.interval": "15",
                            "health_check.0.target": "TCP:81",
                            "health_check.0.timeout": "3",
                            "health_check.0.unhealthy_threshold": "4",
                            "id": "prod-jra-elb-us-east-1-logging",
                            "idle_timeout": "400",
                            "instances.#": "2",
                            "instances.1813295075": "i-08522ba20048b9a28",
                            "instances.2128964089": "i-0e052a92727aa30f3",
                            "internal": "false",
                            "listener.#": "1",
                            "listener.742900092.instance_port": "81",
                            "listener.742900092.instance_protocol": "tcp",
                            "listener.742900092.lb_port": "80",
                            "listener.742900092.lb_protocol": "tcp",
                            "listener.742900092.ssl_certificate_id": "",
                            "name": "prod-jra-elb-us-east-1-logging",
                            "security_groups.#": "1",
                            "security_groups.2196565997": "sg-b35556c1",
                            "source_security_group": "478650753675/prod.jra-sg.us-east-1-logging-elb",
                            "source_security_group_id": "sg-b35556c1",
                            "subnets.#": "1",
                            "subnets.2980932392": "subnet-c7ae5d9a",
                            "tags.%": "5",
                            "tags.Name": "prod-jra-elb-us-east-1-logging",
                            "tags.jra.environment": "prod",
                            "tags.jra.environment-instance-id": "yznw5m6Fkc0",
                            "tags.jra.environment-size": "small",
                            "tags.jra.environment_type": "latest",
                            "zone_id": "Z35SXDOTRQ7X7K"
                        },
                        "meta": {},
                        "tainted": false
                    },
                    "deposed": [],
                    "provider": ""
                },
                "aws_elb.elb-public-swarm": {
                    "type": "aws_elb",
                    "depends_on": [
                        "aws_instance.admin-ui-web-az-1",
                        "aws_instance.app-persistence-az-1",
                        "aws_instance.app-ui-web-az-1",
                        "aws_instance.infra-build-az-1",
                        "aws_instance.infra-persistence-az-1",
                        "aws_instance.infra-repos-az-1",
                        "aws_security_group.elb-public-swarm",
                        "aws_subnet.az-1-public",
                        "random_id.env-instance"
                    ],
                    "primary": {
                        "id": "prod-jra-elb-us-east-1-swarm",
                        "attributes": {
                            "access_logs.#": "0",
                            "availability_zones.#": "1",
                            "availability_zones.3569565595": "us-east-1a",
                            "connection_draining": "true",
                            "connection_draining_timeout": "400",
                            "cross_zone_load_balancing": "true",
                            "dns_name": "prod-jra-elb-us-east-1-swarm-2048908109.us-east-1.elb.amazonaws.com",
                            "health_check.#": "1",
                            "health_check.0.healthy_threshold": "4",
                            "health_check.0.interval": "15",
                            "health_check.0.target": "TCP:80",
                            "health_check.0.timeout": "3",
                            "health_check.0.unhealthy_threshold": "4",
                            "id": "prod-jra-elb-us-east-1-swarm",
                            "idle_timeout": "400",
                            "instances.#": "6",
                            "instances.2372351420": "i-09f5526ee1b78c671",
                            "instances.253619894": "i-007e69b4c9f51fc0d",
                            "instances.3045646406": "i-083acb4e07c1985a2",
                            "instances.3603571147": "i-0b87eb412cd5c3759",
                            "instances.3943745865": "i-01bbbb276aab17c16",
                            "instances.695093354": "i-060a49af1aa0827dd",
                            "internal": "false",
                            "listener.#": "1",
                            "listener.3057123346.instance_port": "80",
                            "listener.3057123346.instance_protocol": "http",
                            "listener.3057123346.lb_port": "80",
                            "listener.3057123346.lb_protocol": "http",
                            "listener.3057123346.ssl_certificate_id": "",
                            "name": "prod-jra-elb-us-east-1-swarm",
                            "security_groups.#": "1",
                            "security_groups.427376081": "sg-26555654",
                            "source_security_group": "478650753675/prod.jra-sg.us-east-1-swarm-elb",
                            "source_security_group_id": "sg-26555654",
                            "subnets.#": "1",
                            "subnets.2980932392": "subnet-c7ae5d9a",
                            "tags.%": "5",
                            "tags.Name": "prod-jra-elb-us-east-1-swarm",
                            "tags.jra.environment": "prod",
                            "tags.jra.environment-instance-id": "yznw5m6Fkc0",
                            "tags.jra.environment-size": "small",
                            "tags.jra.environment_type": "latest",
                            "zone_id": "Z35SXDOTRQ7X7K"
                        },
                        "meta": {},
                        "tainted": false
                    },
                    "deposed": [],
                    "provider": ""
                },
                "aws_instance.admin-ui-web-az-1": {
                    "type": "aws_instance",
                    "depends_on": [
                        "aws_security_group.public_admin-ui-web",
                        "aws_subnet.az-1-public",
                        "random_id.env-instance"
                    ],
                    "primary": {
                        "id": "i-09f5526ee1b78c671",
                        "attributes": {
                            "ami": "ami-cd0f5cb6",
                            "associate_public_ip_address": "true",
                            "availability_zone": "us-east-1a",
                            "disable_api_termination": "false",
                            "ebs_block_device.#": "0",
                            "ebs_optimized": "false",
                            "ephemeral_block_device.#": "0",
                            "iam_instance_profile": "",
                            "id": "i-09f5526ee1b78c671",
                            "instance_state": "running",
                            "instance_type": "t2.medium",
                            "key_name": "jra-build",
                            "monitoring": "true",
                            "network_interface_id": "eni-9468b622",
                            "private_dns": "ip-10-0-0-78.ec2.internal",
                            "private_ip": "10.0.0.78",
                            "public_dns": "ec2-34-207-137-192.compute-1.amazonaws.com",
                            "public_ip": "34.207.137.192",
                            "root_block_device.#": "1",
                            "root_block_device.0.delete_on_termination": "true",
                            "root_block_device.0.iops": "100",
                            "root_block_device.0.volume_size": "8",
                            "root_block_device.0.volume_type": "gp2",
                            "security_groups.#": "0",
                            "source_dest_check": "true",
                            "subnet_id": "subnet-c7ae5d9a",
                            "tags.%": "11",
                            "tags.Name": "prod.instance.swarm-worker.admin-ui-web.prod.us-east-1a",
                            "tags.jra.environment": "prod",
                            "tags.jra.environment-instance-id": "yznw5m6Fkc0",
                            "tags.jra.environment-size": "small",
                            "tags.jra.environment_type": "latest",
                            "tags.jra.failure-zone": "us-east-1-az-1",
                            "tags.jra.instance-name": "admin-ui-web-us-east-1-az-1",
                            "tags.jra.instance-name-full": "prod.instance.swarm-worker.admin-ui-web.prod.us-east-1a",
                            "tags.jra.subnet-type": "public",
                            "tags.jra.swarm-instance-type": "swarm-worker",
                            "tags.jra.swarm-node-type": "admin-ui-web",
                            "tenancy": "default",
                            "vpc_security_group_ids.#": "1",
                            "vpc_security_group_ids.2125473314": "sg-8e5b58fc"
                        },
                        "meta": {
                            "schema_version": "1"
                        },
                        "tainted": false
                    },
                    "deposed": [],
                    "provider": ""
                },
                "aws_instance.app-persistence-az-1": {
                    "type": "aws_instance",
                    "depends_on": [
                        "aws_security_group.private_app-persistence",
                        "aws_subnet.az-1-private",
                        "random_id.env-instance"
                    ],
                    "primary": {
                        "id": "i-007e69b4c9f51fc0d",
                        "attributes": {
                            "ami": "ami-cd0f5cb6",
                            "associate_public_ip_address": "true",
                            "availability_zone": "us-east-1a",
                            "disable_api_termination": "false",
                            "ebs_block_device.#": "0",
                            "ebs_optimized": "false",
                            "ephemeral_block_device.#": "0",
                            "iam_instance_profile": "",
                            "id": "i-007e69b4c9f51fc0d",
                            "instance_state": "running",
                            "instance_type": "t2.micro",
                            "key_name": "jra-build",
                            "monitoring": "true",
                            "network_interface_id": "eni-5065bbe6",
                            "private_dns": "ip-10-0-1-218.ec2.internal",
                            "private_ip": "10.0.1.218",
                            "public_dns": "ec2-52-205-81-13.compute-1.amazonaws.com",
                            "public_ip": "52.205.81.13",
                            "root_block_device.#": "1",
                            "root_block_device.0.delete_on_termination": "true",
                            "root_block_device.0.iops": "100",
                            "root_block_device.0.volume_size": "8",
                            "root_block_device.0.volume_type": "gp2",
                            "security_groups.#": "0",
                            "source_dest_check": "true",
                            "subnet_id": "subnet-6dab5830",
                            "tags.%": "11",
                            "tags.Name": "prod.instance.swarm-worker.app-persistence.prod.us-east-1a",
                            "tags.jra.environment": "prod",
                            "tags.jra.environment-instance-id": "yznw5m6Fkc0",
                            "tags.jra.environment-size": "small",
                            "tags.jra.environment_type": "latest",
                            "tags.jra.failure-zone": "us-east-1-az-1",
                            "tags.jra.instance-name": "app-persistence-us-east-1-az-1",
                            "tags.jra.instance-name-full": "prod.instance.swarm-worker.app-persistence.prod.us-east-1a",
                            "tags.jra.subnet-type": "private",
                            "tags.jra.swarm-instance-type": "swarm-worker",
                            "tags.jra.swarm-node-type": "app-persistence",
                            "tenancy": "default",
                            "vpc_security_group_ids.#": "1",
                            "vpc_security_group_ids.3825741312": "sg-71585b03"
                        },
                        "meta": {
                            "schema_version": "1"
                        },
                        "tainted": false
                    },
                    "deposed": [],
                    "provider": ""
                },
                "aws_instance.app-ui-web-az-1": {
                    "type": "aws_instance",
                    "depends_on": [
                        "aws_security_group.public_app-ui-web",
                        "aws_subnet.az-1-public",
                        "random_id.env-instance"
                    ],
                    "primary": {
                        "id": "i-060a49af1aa0827dd",
                        "attributes": {
                            "ami": "ami-cd0f5cb6",
                            "associate_public_ip_address": "true",
                            "availability_zone": "us-east-1a",
                            "disable_api_termination": "false",
                            "ebs_block_device.#": "0",
                            "ebs_optimized": "false",
                            "ephemeral_block_device.#": "0",
                            "iam_instance_profile": "",
                            "id": "i-060a49af1aa0827dd",
                            "instance_state": "running",
                            "instance_type": "t2.micro",
                            "key_name": "jra-build",
                            "monitoring": "true",
                            "network_interface_id": "eni-4667b9f0",
                            "private_dns": "ip-10-0-0-200.ec2.internal",
                            "private_ip": "10.0.0.200",
                            "public_dns": "ec2-52-71-245-154.compute-1.amazonaws.com",
                            "public_ip": "52.71.245.154",
                            "root_block_device.#": "1",
                            "root_block_device.0.delete_on_termination": "true",
                            "root_block_device.0.iops": "100",
                            "root_block_device.0.volume_size": "8",
                            "root_block_device.0.volume_type": "gp2",
                            "security_groups.#": "0",
                            "source_dest_check": "true",
                            "subnet_id": "subnet-c7ae5d9a",
                            "tags.%": "11",
                            "tags.Name": "prod.instance.swarm-worker.app-ui-web.prod.us-east-1a",
                            "tags.jra.environment": "prod",
                            "tags.jra.environment-instance-id": "yznw5m6Fkc0",
                            "tags.jra.environment-size": "small",
                            "tags.jra.environment_type": "latest",
                            "tags.jra.failure-zone": "us-east-1-az-1",
                            "tags.jra.instance-name": "app-ui-web-us-east-1-az-1",
                            "tags.jra.instance-name-full": "prod.instance.swarm-worker.app-ui-web.prod.us-east-1a",
                            "tags.jra.subnet-type": "public",
                            "tags.jra.swarm-instance-type": "swarm-worker",
                            "tags.jra.swarm-node-type": "app-ui-web",
                            "tenancy": "default",
                            "vpc_security_group_ids.#": "1",
                            "vpc_security_group_ids.2375784355": "sg-e3565591"
                        },
                        "meta": {
                            "schema_version": "1"
                        },
                        "tainted": false
                    },
                    "deposed": [],
                    "provider": ""
                },
                "aws_instance.infra-build-az-1": {
                    "type": "aws_instance",
                    "depends_on": [
                        "aws_security_group.private_infra-build",
                        "aws_subnet.az-1-private",
                        "random_id.env-instance"
                    ],
                    "primary": {
                        "id": "i-01bbbb276aab17c16",
                        "attributes": {
                            "ami": "ami-cd0f5cb6",
                            "associate_public_ip_address": "true",
                            "availability_zone": "us-east-1a",
                            "disable_api_termination": "false",
                            "ebs_block_device.#": "0",
                            "ebs_optimized": "false",
                            "ephemeral_block_device.#": "0",
                            "iam_instance_profile": "",
                            "id": "i-01bbbb276aab17c16",
                            "instance_state": "running",
                            "instance_type": "t2.micro",
                            "key_name": "jra-build",
                            "monitoring": "true",
                            "network_interface_id": "eni-af65bb19",
                            "private_dns": "ip-10-0-1-164.ec2.internal",
                            "private_ip": "10.0.1.164",
                            "public_dns": "ec2-54-91-124-155.compute-1.amazonaws.com",
                            "public_ip": "54.91.124.155",
                            "root_block_device.#": "1",
                            "root_block_device.0.delete_on_termination": "true",
                            "root_block_device.0.iops": "100",
                            "root_block_device.0.volume_size": "8",
                            "root_block_device.0.volume_type": "gp2",
                            "security_groups.#": "0",
                            "source_dest_check": "true",
                            "subnet_id": "subnet-6dab5830",
                            "tags.%": "11",
                            "tags.Name": "prod.instance.swarm-worker.infra-build.prod.us-east-1a",
                            "tags.jra.environment": "prod",
                            "tags.jra.environment-instance-id": "yznw5m6Fkc0",
                            "tags.jra.environment-size": "small",
                            "tags.jra.environment_type": "latest",
                            "tags.jra.failure-zone": "us-east-1-az-1",
                            "tags.jra.instance-name": "infra-build-us-east-1-az-1",
                            "tags.jra.instance-name-full": "prod.instance.swarm-worker.infra-build.prod.us-east-1a",
                            "tags.jra.subnet-type": "private",
                            "tags.jra.swarm-instance-type": "swarm-worker",
                            "tags.jra.swarm-node-type": "infra-build",
                            "tenancy": "default",
                            "vpc_security_group_ids.#": "1",
                            "vpc_security_group_ids.101797195": "sg-a15457d3"
                        },
                        "meta": {
                            "schema_version": "1"
                        },
                        "tainted": false
                    },
                    "deposed": [],
                    "provider": ""
                },
                "aws_instance.infra-logging-az-1": {
                    "type": "aws_instance",
                    "depends_on": [
                        "aws_security_group.private_infra-logging",
                        "aws_subnet.az-1-private",
                        "random_id.env-instance"
                    ],
                    "primary": {
                        "id": "i-0e052a92727aa30f3",
                        "attributes": {
                            "ami": "ami-cd0f5cb6",
                            "associate_public_ip_address": "true",
                            "availability_zone": "us-east-1a",
                            "disable_api_termination": "false",
                            "ebs_block_device.#": "0",
                            "ebs_optimized": "false",
                            "ephemeral_block_device.#": "0",
                            "iam_instance_profile": "",
                            "id": "i-0e052a92727aa30f3",
                            "instance_state": "running",
                            "instance_type": "t2.medium",
                            "key_name": "jra-build",
                            "monitoring": "true",
                            "network_interface_id": "eni-236ab495",
                            "private_dns": "ip-10-0-1-39.ec2.internal",
                            "private_ip": "10.0.1.39",
                            "public_dns": "ec2-54-90-194-249.compute-1.amazonaws.com",
                            "public_ip": "54.90.194.249",
                            "root_block_device.#": "1",
                            "root_block_device.0.delete_on_termination": "true",
                            "root_block_device.0.iops": "100",
                            "root_block_device.0.volume_size": "8",
                            "root_block_device.0.volume_type": "gp2",
                            "security_groups.#": "0",
                            "source_dest_check": "true",
                            "subnet_id": "subnet-6dab5830",
                            "tags.%": "11",
                            "tags.Name": "prod.instance.swarm-worker.infra-logging.prod.us-east-1a",
                            "tags.jra.environment": "prod",
                            "tags.jra.environment-instance-id": "yznw5m6Fkc0",
                            "tags.jra.environment-size": "small",
                            "tags.jra.environment_type": "latest",
                            "tags.jra.failure-zone": "us-east-1-az-1",
                            "tags.jra.instance-name": "infra-logging-us-east-1-az-1",
                            "tags.jra.instance-name-full": "prod.instance.swarm-worker.infra-logging.prod.us-east-1a",
                            "tags.jra.subnet-type": "private",
                            "tags.jra.swarm-instance-type": "swarm-worker",
                            "tags.jra.swarm-node-type": "infra-logging",
                            "tenancy": "default",
                            "vpc_security_group_ids.#": "1",
                            "vpc_security_group_ids.1119524604": "sg-21555653"
                        },
                        "meta": {
                            "schema_version": "1"
                        },
                        "tainted": false
                    },
                    "deposed": [],
                    "provider": ""
                },
                "aws_instance.infra-monitoring-az-1": {
                    "type": "aws_instance",
                    "depends_on": [
                        "aws_security_group.private_infra-monitoring",
                        "aws_subnet.az-1-private",
                        "random_id.env-instance"
                    ],
                    "primary": {
                        "id": "i-03b605a1281535bf0",
                        "attributes": {
                            "ami": "ami-cd0f5cb6",
                            "associate_public_ip_address": "true",
                            "availability_zone": "us-east-1a",
                            "disable_api_termination": "false",
                            "ebs_block_device.#": "0",
                            "ebs_optimized": "false",
                            "ephemeral_block_device.#": "0",
                            "iam_instance_profile": "",
                            "id": "i-03b605a1281535bf0",
                            "instance_state": "running",
                            "instance_type": "t2.medium",
                            "key_name": "jra-build",
                            "monitoring": "true",
                            "network_interface_id": "eni-256ab493",
                            "private_dns": "ip-10-0-1-127.ec2.internal",
                            "private_ip": "10.0.1.127",
                            "public_dns": "ec2-34-230-34-87.compute-1.amazonaws.com",
                            "public_ip": "34.230.34.87",
                            "root_block_device.#": "1",
                            "root_block_device.0.delete_on_termination": "true",
                            "root_block_device.0.iops": "100",
                            "root_block_device.0.volume_size": "8",
                            "root_block_device.0.volume_type": "gp2",
                            "security_groups.#": "0",
                            "source_dest_check": "true",
                            "subnet_id": "subnet-6dab5830",
                            "tags.%": "11",
                            "tags.Name": "prod.instance.swarm-worker.infra-monitoring.prod.us-east-1a",
                            "tags.jra.environment": "prod",
                            "tags.jra.environment-instance-id": "yznw5m6Fkc0",
                            "tags.jra.environment-size": "small",
                            "tags.jra.environment_type": "latest",
                            "tags.jra.failure-zone": "us-east-1-az-1",
                            "tags.jra.instance-name": "infra-monitoring-us-east-1-az-1",
                            "tags.jra.instance-name-full": "prod.instance.swarm-worker.infra-monitoring.prod.us-east-1a",
                            "tags.jra.subnet-type": "private",
                            "tags.jra.swarm-instance-type": "swarm-worker",
                            "tags.jra.swarm-node-type": "infra-monitoring",
                            "tenancy": "default",
                            "vpc_security_group_ids.#": "1",
                            "vpc_security_group_ids.1481022703": "sg-135a5961"
                        },
                        "meta": {
                            "schema_version": "1"
                        },
                        "tainted": false
                    },
                    "deposed": [],
                    "provider": ""
                },
                "aws_instance.infra-persistence-az-1": {
                    "type": "aws_instance",
                    "depends_on": [
                        "aws_security_group.private_infra-persistence",
                        "aws_subnet.az-1-private",
                        "random_id.env-instance"
                    ],
                    "primary": {
                        "id": "i-0b87eb412cd5c3759",
                        "attributes": {
                            "ami": "ami-cd0f5cb6",
                            "associate_public_ip_address": "true",
                            "availability_zone": "us-east-1a",
                            "disable_api_termination": "false",
                            "ebs_block_device.#": "0",
                            "ebs_optimized": "false",
                            "ephemeral_block_device.#": "0",
                            "iam_instance_profile": "",
                            "id": "i-0b87eb412cd5c3759",
                            "instance_state": "running",
                            "instance_type": "t2.micro",
                            "key_name": "jra-build",
                            "monitoring": "true",
                            "network_interface_id": "eni-3860be8e",
                            "private_dns": "ip-10-0-1-68.ec2.internal",
                            "private_ip": "10.0.1.68",
                            "public_dns": "ec2-52-91-33-204.compute-1.amazonaws.com",
                            "public_ip": "52.91.33.204",
                            "root_block_device.#": "1",
                            "root_block_device.0.delete_on_termination": "true",
                            "root_block_device.0.iops": "100",
                            "root_block_device.0.volume_size": "8",
                            "root_block_device.0.volume_type": "gp2",
                            "security_groups.#": "0",
                            "source_dest_check": "true",
                            "subnet_id": "subnet-6dab5830",
                            "tags.%": "11",
                            "tags.Name": "prod.instance.swarm-worker.infra-persistence.prod.us-east-1a",
                            "tags.jra.environment": "prod",
                            "tags.jra.environment-instance-id": "yznw5m6Fkc0",
                            "tags.jra.environment-size": "small",
                            "tags.jra.environment_type": "latest",
                            "tags.jra.failure-zone": "us-east-1-az-1",
                            "tags.jra.instance-name": "infra-persistence-us-east-1-az-1",
                            "tags.jra.instance-name-full": "prod.instance.swarm-worker.infra-persistence.prod.us-east-1a",
                            "tags.jra.subnet-type": "private",
                            "tags.jra.swarm-instance-type": "swarm-worker",
                            "tags.jra.swarm-node-type": "infra-persistence",
                            "tenancy": "default",
                            "vpc_security_group_ids.#": "1",
                            "vpc_security_group_ids.574361232": "sg-ef5b589d"
                        },
                        "meta": {
                            "schema_version": "1"
                        },
                        "tainted": false
                    },
                    "deposed": [],
                    "provider": ""
                },
                "aws_instance.infra-repos-az-1": {
                    "type": "aws_instance",
                    "depends_on": [
                        "aws_security_group.private_infra-repos",
                        "aws_subnet.az-1-private",
                        "random_id.env-instance"
                    ],
                    "primary": {
                        "id": "i-083acb4e07c1985a2",
                        "attributes": {
                            "ami": "ami-cd0f5cb6",
                            "associate_public_ip_address": "true",
                            "availability_zone": "us-east-1a",
                            "disable_api_termination": "false",
                            "ebs_block_device.#": "0",
                            "ebs_optimized": "false",
                            "ephemeral_block_device.#": "0",
                            "iam_instance_profile": "",
                            "id": "i-083acb4e07c1985a2",
                            "instance_state": "running",
                            "instance_type": "t2.medium",
                            "key_name": "jra-build",
                            "monitoring": "true",
                            "network_interface_id": "eni-8d67b93b",
                            "private_dns": "ip-10-0-1-69.ec2.internal",
                            "private_ip": "10.0.1.69",
                            "public_dns": "ec2-184-72-197-192.compute-1.amazonaws.com",
                            "public_ip": "184.72.197.192",
                            "root_block_device.#": "1",
                            "root_block_device.0.delete_on_termination": "true",
                            "root_block_device.0.iops": "100",
                            "root_block_device.0.volume_size": "8",
                            "root_block_device.0.volume_type": "gp2",
                            "security_groups.#": "0",
                            "source_dest_check": "true",
                            "subnet_id": "subnet-6dab5830",
                            "tags.%": "11",
                            "tags.Name": "prod.instance.swarm-worker.infra-repos.prod.us-east-1a",
                            "tags.jra.environment": "prod",
                            "tags.jra.environment-instance-id": "yznw5m6Fkc0",
                            "tags.jra.environment-size": "small",
                            "tags.jra.environment_type": "latest",
                            "tags.jra.failure-zone": "us-east-1-az-1",
                            "tags.jra.instance-name": "infra-repos-us-east-1-az-1",
                            "tags.jra.instance-name-full": "prod.instance.swarm-worker.infra-repos.prod.us-east-1a",
                            "tags.jra.subnet-type": "private",
                            "tags.jra.swarm-instance-type": "swarm-worker",
                            "tags.jra.swarm-node-type": "infra-repos",
                            "tenancy": "default",
                            "vpc_security_group_ids.#": "1",
                            "vpc_security_group_ids.953050439": "sg-4d5b583f"
                        },
                        "meta": {
                            "schema_version": "1"
                        },
                        "tainted": false
                    },
                    "deposed": [],
                    "provider": ""
                },
                "aws_instance.swarm-manager-az-1": {
                    "type": "aws_instance",
                    "depends_on": [
                        "aws_security_group.private_swarm-manager",
                        "aws_subnet.az-1-private",
                        "random_id.env-instance"
                    ],
                    "primary": {
                        "id": "i-08522ba20048b9a28",
                        "attributes": {
                            "ami": "ami-cd0f5cb6",
                            "associate_public_ip_address": "true",
                            "availability_zone": "us-east-1a",
                            "disable_api_termination": "false",
                            "ebs_block_device.#": "0",
                            "ebs_optimized": "false",
                            "ephemeral_block_device.#": "0",
                            "iam_instance_profile": "",
                            "id": "i-08522ba20048b9a28",
                            "instance_state": "running",
                            "instance_type": "t2.micro",
                            "key_name": "jra-build",
                            "monitoring": "true",
                            "network_interface_id": "eni-d369b765",
                            "private_dns": "ip-10-0-1-206.ec2.internal",
                            "private_ip": "10.0.1.206",
                            "public_dns": "ec2-54-221-175-198.compute-1.amazonaws.com",
                            "public_ip": "54.221.175.198",
                            "root_block_device.#": "1",
                            "root_block_device.0.delete_on_termination": "true",
                            "root_block_device.0.iops": "100",
                            "root_block_device.0.volume_size": "8",
                            "root_block_device.0.volume_type": "gp2",
                            "security_groups.#": "0",
                            "source_dest_check": "true",
                            "subnet_id": "subnet-6dab5830",
                            "tags.%": "11",
                            "tags.Name": "prod.instance.swarm-manager.infra-swarm-manager.prod.us-east-1a",
                            "tags.jra.environment": "prod",
                            "tags.jra.environment-instance-id": "yznw5m6Fkc0",
                            "tags.jra.environment-size": "small",
                            "tags.jra.environment_type": "latest",
                            "tags.jra.failure-zone": "us-east-1-az-1",
                            "tags.jra.instance-name": "infra-swarm-manager-us-east-1-az-1",
                            "tags.jra.instance-name-full": "prod.instance.swarm-manager.infra-swarm-manager.prod.us-east-1a",
                            "tags.jra.subnet-type": "private",
                            "tags.jra.swarm-instance-type": "swarm-manager",
                            "tags.jra.swarm-node-type": "infra-swarm-manager",
                            "tenancy": "default",
                            "vpc_security_group_ids.#": "1",
                            "vpc_security_group_ids.2001475548": "sg-4b5e5d39"
                        },
                        "meta": {
                            "schema_version": "1"
                        },
                        "tainted": false
                    },
                    "deposed": [],
                    "provider": ""
                },
                "aws_internet_gateway.jra_igw": {
                    "type": "aws_internet_gateway",
                    "depends_on": [
                        "aws_vpc.jra_vpc",
                        "random_id.env-instance"
                    ],
                    "primary": {
                        "id": "igw-dfd356a6",
                        "attributes": {
                            "id": "igw-dfd356a6",
                            "tags.%": "5",
                            "tags.Name": "prod.igw.us-east-1",
                            "tags.jra.environment": "prod",
                            "tags.jra.environment-instance-id": "yznw5m6Fkc0",
                            "tags.jra.environment-size": "small",
                            "tags.jra.environment_type": "latest",
                            "vpc_id": "vpc-1263d06a"
                        },
                        "meta": {},
                        "tainted": false
                    },
                    "deposed": [],
                    "provider": ""
                },
                "aws_nat_gateway.az-1-public": {
                    "type": "aws_nat_gateway",
                    "depends_on": [
                        "aws_eip.az-1-public",
                        "aws_subnet.az-1-public"
                    ],
                    "primary": {
                        "id": "nat-0b38a995e0af470e2",
                        "attributes": {
                            "allocation_id": "eipalloc-929ea0a7",
                            "id": "nat-0b38a995e0af470e2",
                            "network_interface_id": "eni-4660bef0",
                            "private_ip": "10.0.0.175",
                            "public_ip": "34.237.38.52",
                            "subnet_id": "subnet-c7ae5d9a"
                        },
                        "meta": {},
                        "tainted": false
                    },
                    "deposed": [],
                    "provider": ""
                },
                "aws_route53_record.blog": {
                    "type": "aws_route53_record",
                    "depends_on": [
                        "aws_elb.elb-public-swarm",
                        "aws_elb.elb-public-swarm"
                    ],
                    "primary": {
                        "id": "ZNB07JQ96IG7T_blog.joericearchitect.com_A",
                        "attributes": {
                            "alias.#": "1",
                            "alias.900010509.evaluate_target_health": "true",
                            "alias.900010509.name": "prod-jra-elb-us-east-1-swarm-2048908109.us-east-1.elb.amazonaws.com",
                            "alias.900010509.zone_id": "Z35SXDOTRQ7X7K",
                            "fqdn": "blog.joericearchitect.com",
                            "health_check_id": "",
                            "id": "ZNB07JQ96IG7T_blog.joericearchitect.com_A",
                            "name": "blog.joericearchitect.com",
                            "records.#": "0",
                            "set_identifier": "",
                            "ttl": "0",
                            "type": "A",
                            "zone_id": "ZNB07JQ96IG7T"
                        },
                        "meta": {
                            "schema_version": "2"
                        },
                        "tainted": false
                    },
                    "deposed": [],
                    "provider": ""
                },
                "aws_route53_record.build": {
                    "type": "aws_route53_record",
                    "depends_on": [
                        "aws_elb.elb-public-swarm",
                        "aws_elb.elb-public-swarm"
                    ],
                    "primary": {
                        "id": "ZNB07JQ96IG7T_build.joericearchitect.com_A",
                        "attributes": {
                            "alias.#": "1",
                            "alias.900010509.evaluate_target_health": "true",
                            "alias.900010509.name": "prod-jra-elb-us-east-1-swarm-2048908109.us-east-1.elb.amazonaws.com",
                            "alias.900010509.zone_id": "Z35SXDOTRQ7X7K",
                            "fqdn": "build.joericearchitect.com",
                            "health_check_id": "",
                            "id": "ZNB07JQ96IG7T_build.joericearchitect.com_A",
                            "name": "build.joericearchitect.com",
                            "records.#": "0",
                            "set_identifier": "",
                            "ttl": "0",
                            "type": "A",
                            "zone_id": "ZNB07JQ96IG7T"
                        },
                        "meta": {
                            "schema_version": "2"
                        },
                        "tainted": false
                    },
                    "deposed": [],
                    "provider": ""
                },
                "aws_route53_record.docker": {
                    "type": "aws_route53_record",
                    "depends_on": [
                        "aws_elb.elb-public-swarm",
                        "aws_elb.elb-public-swarm"
                    ],
                    "primary": {
                        "id": "ZNB07JQ96IG7T_docker.joericearchitect.com_A",
                        "attributes": {
                            "alias.#": "1",
                            "alias.900010509.evaluate_target_health": "true",
                            "alias.900010509.name": "prod-jra-elb-us-east-1-swarm-2048908109.us-east-1.elb.amazonaws.com",
                            "alias.900010509.zone_id": "Z35SXDOTRQ7X7K",
                            "fqdn": "docker.joericearchitect.com",
                            "health_check_id": "",
                            "id": "ZNB07JQ96IG7T_docker.joericearchitect.com_A",
                            "name": "docker.joericearchitect.com",
                            "records.#": "0",
                            "set_identifier": "",
                            "ttl": "0",
                            "type": "A",
                            "zone_id": "ZNB07JQ96IG7T"
                        },
                        "meta": {
                            "schema_version": "2"
                        },
                        "tainted": false
                    },
                    "deposed": [],
                    "provider": ""
                },
                "aws_route53_record.dockerui": {
                    "type": "aws_route53_record",
                    "depends_on": [
                        "aws_elb.elb-public-swarm",
                        "aws_elb.elb-public-swarm"
                    ],
                    "primary": {
                        "id": "ZNB07JQ96IG7T_dockerui.joericearchitect.com_A",
                        "attributes": {
                            "alias.#": "1",
                            "alias.900010509.evaluate_target_health": "true",
                            "alias.900010509.name": "prod-jra-elb-us-east-1-swarm-2048908109.us-east-1.elb.amazonaws.com",
                            "alias.900010509.zone_id": "Z35SXDOTRQ7X7K",
                            "fqdn": "dockerui.joericearchitect.com",
                            "health_check_id": "",
                            "id": "ZNB07JQ96IG7T_dockerui.joericearchitect.com_A",
                            "name": "dockerui.joericearchitect.com",
                            "records.#": "0",
                            "set_identifier": "",
                            "ttl": "0",
                            "type": "A",
                            "zone_id": "ZNB07JQ96IG7T"
                        },
                        "meta": {
                            "schema_version": "2"
                        },
                        "tainted": false
                    },
                    "deposed": [],
                    "provider": ""
                },
                "aws_route53_record.dockervisual": {
                    "type": "aws_route53_record",
                    "depends_on": [
                        "aws_elb.elb-public-swarm",
                        "aws_elb.elb-public-swarm"
                    ],
                    "primary": {
                        "id": "ZNB07JQ96IG7T_dockervisual.joericearchitect.com_A",
                        "attributes": {
                            "alias.#": "1",
                            "alias.900010509.evaluate_target_health": "true",
                            "alias.900010509.name": "prod-jra-elb-us-east-1-swarm-2048908109.us-east-1.elb.amazonaws.com",
                            "alias.900010509.zone_id": "Z35SXDOTRQ7X7K",
                            "fqdn": "dockervisual.joericearchitect.com",
                            "health_check_id": "",
                            "id": "ZNB07JQ96IG7T_dockervisual.joericearchitect.com_A",
                            "name": "dockervisual.joericearchitect.com",
                            "records.#": "0",
                            "set_identifier": "",
                            "ttl": "0",
                            "type": "A",
                            "zone_id": "ZNB07JQ96IG7T"
                        },
                        "meta": {
                            "schema_version": "2"
                        },
                        "tainted": false
                    },
                    "deposed": [],
                    "provider": ""
                },
                "aws_route53_record.elasticsearch": {
                    "type": "aws_route53_record",
                    "depends_on": [
                        "aws_elb.elb-public-logging",
                        "aws_elb.elb-public-logging"
                    ],
                    "primary": {
                        "id": "ZNB07JQ96IG7T_es.joericearchitect.com_A",
                        "attributes": {
                            "alias.#": "1",
                            "alias.1420488428.evaluate_target_health": "true",
                            "alias.1420488428.name": "prod-jra-elb-us-east-1-logging-1064962171.us-east-1.elb.amazonaws.com",
                            "alias.1420488428.zone_id": "Z35SXDOTRQ7X7K",
                            "fqdn": "es.joericearchitect.com",
                            "health_check_id": "",
                            "id": "ZNB07JQ96IG7T_es.joericearchitect.com_A",
                            "name": "es.joericearchitect.com",
                            "records.#": "0",
                            "set_identifier": "",
                            "ttl": "0",
                            "type": "A",
                            "zone_id": "ZNB07JQ96IG7T"
                        },
                        "meta": {
                            "schema_version": "2"
                        },
                        "tainted": false
                    },
                    "deposed": [],
                    "provider": ""
                },
                "aws_route53_record.fluentd": {
                    "type": "aws_route53_record",
                    "depends_on": [
                        "aws_elb.elb-public-logging",
                        "aws_elb.elb-public-logging"
                    ],
                    "primary": {
                        "id": "ZNB07JQ96IG7T_fluentd.joericearchitect.com_A",
                        "attributes": {
                            "alias.#": "1",
                            "alias.1420488428.evaluate_target_health": "true",
                            "alias.1420488428.name": "prod-jra-elb-us-east-1-logging-1064962171.us-east-1.elb.amazonaws.com",
                            "alias.1420488428.zone_id": "Z35SXDOTRQ7X7K",
                            "fqdn": "fluentd.joericearchitect.com",
                            "health_check_id": "",
                            "id": "ZNB07JQ96IG7T_fluentd.joericearchitect.com_A",
                            "name": "fluentd.joericearchitect.com",
                            "records.#": "0",
                            "set_identifier": "",
                            "ttl": "0",
                            "type": "A",
                            "zone_id": "ZNB07JQ96IG7T"
                        },
                        "meta": {
                            "schema_version": "2"
                        },
                        "tainted": false
                    },
                    "deposed": [],
                    "provider": ""
                },
                "aws_route53_record.jira": {
                    "type": "aws_route53_record",
                    "depends_on": [
                        "aws_elb.elb-public-swarm",
                        "aws_elb.elb-public-swarm"
                    ],
                    "primary": {
                        "id": "ZNB07JQ96IG7T_jira.joericearchitect.com_A",
                        "attributes": {
                            "alias.#": "1",
                            "alias.900010509.evaluate_target_health": "true",
                            "alias.900010509.name": "prod-jra-elb-us-east-1-swarm-2048908109.us-east-1.elb.amazonaws.com",
                            "alias.900010509.zone_id": "Z35SXDOTRQ7X7K",
                            "fqdn": "jira.joericearchitect.com",
                            "health_check_id": "",
                            "id": "ZNB07JQ96IG7T_jira.joericearchitect.com_A",
                            "name": "jira.joericearchitect.com",
                            "records.#": "0",
                            "set_identifier": "",
                            "ttl": "0",
                            "type": "A",
                            "zone_id": "ZNB07JQ96IG7T"
                        },
                        "meta": {
                            "schema_version": "2"
                        },
                        "tainted": false
                    },
                    "deposed": [],
                    "provider": ""
                },
                "aws_route53_record.kibana": {
                    "type": "aws_route53_record",
                    "depends_on": [
                        "aws_elb.elb-public-logging",
                        "aws_elb.elb-public-logging"
                    ],
                    "primary": {
                        "id": "ZNB07JQ96IG7T_kibana.joericearchitect.com_A",
                        "attributes": {
                            "alias.#": "1",
                            "alias.1420488428.evaluate_target_health": "true",
                            "alias.1420488428.name": "prod-jra-elb-us-east-1-logging-1064962171.us-east-1.elb.amazonaws.com",
                            "alias.1420488428.zone_id": "Z35SXDOTRQ7X7K",
                            "fqdn": "kibana.joericearchitect.com",
                            "health_check_id": "",
                            "id": "ZNB07JQ96IG7T_kibana.joericearchitect.com_A",
                            "name": "kibana.joericearchitect.com",
                            "records.#": "0",
                            "set_identifier": "",
                            "ttl": "0",
                            "type": "A",
                            "zone_id": "ZNB07JQ96IG7T"
                        },
                        "meta": {
                            "schema_version": "2"
                        },
                        "tainted": false
                    },
                    "deposed": [],
                    "provider": ""
                },
                "aws_route53_record.logging-proxy": {
                    "type": "aws_route53_record",
                    "depends_on": [
                        "aws_elb.elb-public-logging",
                        "aws_elb.elb-public-logging"
                    ],
                    "primary": {
                        "id": "ZNB07JQ96IG7T_logging-proxy.joericearchitect.com_A",
                        "attributes": {
                            "alias.#": "1",
                            "alias.1420488428.evaluate_target_health": "true",
                            "alias.1420488428.name": "prod-jra-elb-us-east-1-logging-1064962171.us-east-1.elb.amazonaws.com",
                            "alias.1420488428.zone_id": "Z35SXDOTRQ7X7K",
                            "fqdn": "logging-proxy.joericearchitect.com",
                            "health_check_id": "",
                            "id": "ZNB07JQ96IG7T_logging-proxy.joericearchitect.com_A",
                            "name": "logging-proxy.joericearchitect.com",
                            "records.#": "0",
                            "set_identifier": "",
                            "ttl": "0",
                            "type": "A",
                            "zone_id": "ZNB07JQ96IG7T"
                        },
                        "meta": {
                            "schema_version": "2"
                        },
                        "tainted": false
                    },
                    "deposed": [],
                    "provider": ""
                },
                "aws_route53_record.nexus": {
                    "type": "aws_route53_record",
                    "depends_on": [
                        "aws_elb.elb-public-swarm",
                        "aws_elb.elb-public-swarm"
                    ],
                    "primary": {
                        "id": "ZNB07JQ96IG7T_nexus.joericearchitect.com_A",
                        "attributes": {
                            "alias.#": "1",
                            "alias.900010509.evaluate_target_health": "true",
                            "alias.900010509.name": "prod-jra-elb-us-east-1-swarm-2048908109.us-east-1.elb.amazonaws.com",
                            "alias.900010509.zone_id": "Z35SXDOTRQ7X7K",
                            "fqdn": "nexus.joericearchitect.com",
                            "health_check_id": "",
                            "id": "ZNB07JQ96IG7T_nexus.joericearchitect.com_A",
                            "name": "nexus.joericearchitect.com",
                            "records.#": "0",
                            "set_identifier": "",
                            "ttl": "0",
                            "type": "A",
                            "zone_id": "ZNB07JQ96IG7T"
                        },
                        "meta": {
                            "schema_version": "2"
                        },
                        "tainted": false
                    },
                    "deposed": [],
                    "provider": ""
                },
                "aws_route53_record.proxy": {
                    "type": "aws_route53_record",
                    "depends_on": [
                        "aws_elb.elb-public-swarm",
                        "aws_elb.elb-public-swarm"
                    ],
                    "primary": {
                        "id": "ZNB07JQ96IG7T_proxy.joericearchitect.com_A",
                        "attributes": {
                            "alias.#": "1",
                            "alias.900010509.evaluate_target_health": "true",
                            "alias.900010509.name": "prod-jra-elb-us-east-1-swarm-2048908109.us-east-1.elb.amazonaws.com",
                            "alias.900010509.zone_id": "Z35SXDOTRQ7X7K",
                            "fqdn": "proxy.joericearchitect.com",
                            "health_check_id": "",
                            "id": "ZNB07JQ96IG7T_proxy.joericearchitect.com_A",
                            "name": "proxy.joericearchitect.com",
                            "records.#": "0",
                            "set_identifier": "",
                            "ttl": "0",
                            "type": "A",
                            "zone_id": "ZNB07JQ96IG7T"
                        },
                        "meta": {
                            "schema_version": "2"
                        },
                        "tainted": false
                    },
                    "deposed": [],
                    "provider": ""
                },
                "aws_route53_record.sonar": {
                    "type": "aws_route53_record",
                    "depends_on": [
                        "aws_elb.elb-public-swarm",
                        "aws_elb.elb-public-swarm"
                    ],
                    "primary": {
                        "id": "ZNB07JQ96IG7T_sonar.joericearchitect.com_A",
                        "attributes": {
                            "alias.#": "1",
                            "alias.900010509.evaluate_target_health": "true",
                            "alias.900010509.name": "prod-jra-elb-us-east-1-swarm-2048908109.us-east-1.elb.amazonaws.com",
                            "alias.900010509.zone_id": "Z35SXDOTRQ7X7K",
                            "fqdn": "sonar.joericearchitect.com",
                            "health_check_id": "",
                            "id": "ZNB07JQ96IG7T_sonar.joericearchitect.com_A",
                            "name": "sonar.joericearchitect.com",
                            "records.#": "0",
                            "set_identifier": "",
                            "ttl": "0",
                            "type": "A",
                            "zone_id": "ZNB07JQ96IG7T"
                        },
                        "meta": {
                            "schema_version": "2"
                        },
                        "tainted": false
                    },
                    "deposed": [],
                    "provider": ""
                },
                "aws_route53_record.wiki": {
                    "type": "aws_route53_record",
                    "depends_on": [
                        "aws_elb.elb-public-swarm",
                        "aws_elb.elb-public-swarm"
                    ],
                    "primary": {
                        "id": "ZNB07JQ96IG7T_wiki.joericearchitect.com_A",
                        "attributes": {
                            "alias.#": "1",
                            "alias.900010509.evaluate_target_health": "true",
                            "alias.900010509.name": "prod-jra-elb-us-east-1-swarm-2048908109.us-east-1.elb.amazonaws.com",
                            "alias.900010509.zone_id": "Z35SXDOTRQ7X7K",
                            "fqdn": "wiki.joericearchitect.com",
                            "health_check_id": "",
                            "id": "ZNB07JQ96IG7T_wiki.joericearchitect.com_A",
                            "name": "wiki.joericearchitect.com",
                            "records.#": "0",
                            "set_identifier": "",
                            "ttl": "0",
                            "type": "A",
                            "zone_id": "ZNB07JQ96IG7T"
                        },
                        "meta": {
                            "schema_version": "2"
                        },
                        "tainted": false
                    },
                    "deposed": [],
                    "provider": ""
                },
                "aws_route53_record.www": {
                    "type": "aws_route53_record",
                    "depends_on": [
                        "aws_elb.elb-public-swarm",
                        "aws_elb.elb-public-swarm"
                    ],
                    "primary": {
                        "id": "ZNB07JQ96IG7T_www.joericearchitect.com_A",
                        "attributes": {
                            "alias.#": "1",
                            "alias.900010509.evaluate_target_health": "true",
                            "alias.900010509.name": "prod-jra-elb-us-east-1-swarm-2048908109.us-east-1.elb.amazonaws.com",
                            "alias.900010509.zone_id": "Z35SXDOTRQ7X7K",
                            "fqdn": "www.joericearchitect.com",
                            "health_check_id": "",
                            "id": "ZNB07JQ96IG7T_www.joericearchitect.com_A",
                            "name": "www.joericearchitect.com",
                            "records.#": "0",
                            "set_identifier": "",
                            "ttl": "0",
                            "type": "A",
                            "zone_id": "ZNB07JQ96IG7T"
                        },
                        "meta": {
                            "schema_version": "2"
                        },
                        "tainted": false
                    },
                    "deposed": [],
                    "provider": ""
                },
                "aws_route_table.private": {
                    "type": "aws_route_table",
                    "depends_on": [
                        "aws_internet_gateway.jra_igw",
                        "aws_vpc.jra_vpc",
                        "random_id.env-instance"
                    ],
                    "primary": {
                        "id": "rtb-b8aefec2",
                        "attributes": {
                            "id": "rtb-b8aefec2",
                            "propagating_vgws.#": "0",
                            "route.#": "1",
                            "route.3046093526.cidr_block": "0.0.0.0/0",
                            "route.3046093526.gateway_id": "igw-dfd356a6",
                            "route.3046093526.instance_id": "",
                            "route.3046093526.nat_gateway_id": "",
                            "route.3046093526.network_interface_id": "",
                            "route.3046093526.vpc_peering_connection_id": "",
                            "tags.%": "5",
                            "tags.Name": "prod.route-table.us-east-1-private",
                            "tags.jra.environment": "prod",
                            "tags.jra.environment-instance-id": "yznw5m6Fkc0",
                            "tags.jra.environment-size": "small",
                            "tags.jra.environment_type": "latest",
                            "vpc_id": "vpc-1263d06a"
                        },
                        "meta": {},
                        "tainted": false
                    },
                    "deposed": [],
                    "provider": ""
                },
                "aws_route_table.public": {
                    "type": "aws_route_table",
                    "depends_on": [
                        "aws_internet_gateway.jra_igw",
                        "aws_vpc.jra_vpc",
                        "random_id.env-instance"
                    ],
                    "primary": {
                        "id": "rtb-fcacfc86",
                        "attributes": {
                            "id": "rtb-fcacfc86",
                            "propagating_vgws.#": "0",
                            "route.#": "1",
                            "route.3046093526.cidr_block": "0.0.0.0/0",
                            "route.3046093526.gateway_id": "igw-dfd356a6",
                            "route.3046093526.instance_id": "",
                            "route.3046093526.nat_gateway_id": "",
                            "route.3046093526.network_interface_id": "",
                            "route.3046093526.vpc_peering_connection_id": "",
                            "tags.%": "5",
                            "tags.Name": "prod.route-table.us-east-1-public",
                            "tags.jra.environment": "prod",
                            "tags.jra.environment-instance-id": "yznw5m6Fkc0",
                            "tags.jra.environment-size": "small",
                            "tags.jra.environment_type": "latest",
                            "vpc_id": "vpc-1263d06a"
                        },
                        "meta": {},
                        "tainted": false
                    },
                    "deposed": [],
                    "provider": ""
                },
                "aws_route_table_association.az-1-private": {
                    "type": "aws_route_table_association",
                    "depends_on": [
                        "aws_route_table.private",
                        "aws_subnet.az-1-private"
                    ],
                    "primary": {
                        "id": "rtbassoc-ae65ddd3",
                        "attributes": {
                            "id": "rtbassoc-ae65ddd3",
                            "route_table_id": "rtb-b8aefec2",
                            "subnet_id": "subnet-6dab5830"
                        },
                        "meta": {},
                        "tainted": false
                    },
                    "deposed": [],
                    "provider": ""
                },
                "aws_route_table_association.az-1-public": {
                    "type": "aws_route_table_association",
                    "depends_on": [
                        "aws_route_table.public",
                        "aws_subnet.az-1-public"
                    ],
                    "primary": {
                        "id": "rtbassoc-f45de589",
                        "attributes": {
                            "id": "rtbassoc-f45de589",
                            "route_table_id": "rtb-fcacfc86",
                            "subnet_id": "subnet-c7ae5d9a"
                        },
                        "meta": {},
                        "tainted": false
                    },
                    "deposed": [],
                    "provider": ""
                },
                "aws_security_group.elb-public-logging": {
                    "type": "aws_security_group",
                    "depends_on": [
                        "aws_vpc.jra_vpc",
                        "random_id.env-instance"
                    ],
                    "primary": {
                        "id": "sg-b35556c1",
                        "attributes": {
                            "description": "Security groups for public logging elb",
                            "egress.#": "1",
                            "egress.482069346.cidr_blocks.#": "1",
                            "egress.482069346.cidr_blocks.0": "0.0.0.0/0",
                            "egress.482069346.from_port": "0",
                            "egress.482069346.prefix_list_ids.#": "0",
                            "egress.482069346.protocol": "-1",
                            "egress.482069346.security_groups.#": "0",
                            "egress.482069346.self": "false",
                            "egress.482069346.to_port": "0",
                            "id": "sg-b35556c1",
                            "ingress.#": "1",
                            "ingress.482069346.cidr_blocks.#": "1",
                            "ingress.482069346.cidr_blocks.0": "0.0.0.0/0",
                            "ingress.482069346.from_port": "0",
                            "ingress.482069346.protocol": "-1",
                            "ingress.482069346.security_groups.#": "0",
                            "ingress.482069346.self": "false",
                            "ingress.482069346.to_port": "0",
                            "name": "prod.jra-sg.us-east-1-logging-elb",
                            "owner_id": "478650753675",
                            "tags.%": "5",
                            "tags.Name": "prod.sg.us-east-1-logging-elb",
                            "tags.jra.environment": "prod",
                            "tags.jra.environment-instance-id": "yznw5m6Fkc0",
                            "tags.jra.environment-size": "small",
                            "tags.jra.environment_type": "latest",
                            "vpc_id": "vpc-1263d06a"
                        },
                        "meta": {},
                        "tainted": false
                    },
                    "deposed": [],
                    "provider": ""
                },
                "aws_security_group.elb-public-swarm": {
                    "type": "aws_security_group",
                    "depends_on": [
                        "aws_vpc.jra_vpc",
                        "random_id.env-instance"
                    ],
                    "primary": {
                        "id": "sg-26555654",
                        "attributes": {
                            "description": "Security groups for public swarm elb",
                            "egress.#": "1",
                            "egress.482069346.cidr_blocks.#": "1",
                            "egress.482069346.cidr_blocks.0": "0.0.0.0/0",
                            "egress.482069346.from_port": "0",
                            "egress.482069346.prefix_list_ids.#": "0",
                            "egress.482069346.protocol": "-1",
                            "egress.482069346.security_groups.#": "0",
                            "egress.482069346.self": "false",
                            "egress.482069346.to_port": "0",
                            "id": "sg-26555654",
                            "ingress.#": "1",
                            "ingress.482069346.cidr_blocks.#": "1",
                            "ingress.482069346.cidr_blocks.0": "0.0.0.0/0",
                            "ingress.482069346.from_port": "0",
                            "ingress.482069346.protocol": "-1",
                            "ingress.482069346.security_groups.#": "0",
                            "ingress.482069346.self": "false",
                            "ingress.482069346.to_port": "0",
                            "name": "prod.jra-sg.us-east-1-swarm-elb",
                            "owner_id": "478650753675",
                            "tags.%": "5",
                            "tags.Name": "prod.sg.us-east-1-swarm-elb",
                            "tags.jra.environment": "prod",
                            "tags.jra.environment-instance-id": "yznw5m6Fkc0",
                            "tags.jra.environment-size": "small",
                            "tags.jra.environment_type": "latest",
                            "vpc_id": "vpc-1263d06a"
                        },
                        "meta": {},
                        "tainted": false
                    },
                    "deposed": [],
                    "provider": ""
                },
                "aws_security_group.private_app-persistence": {
                    "type": "aws_security_group",
                    "depends_on": [
                        "aws_vpc.jra_vpc",
                        "random_id.env-instance"
                    ],
                    "primary": {
                        "id": "sg-71585b03",
                        "attributes": {
                            "description": "Swarm Nodes that will run containers related to storage persistence for mangement apps (databases, caches, etc)",
                            "egress.#": "1",
                            "egress.482069346.cidr_blocks.#": "1",
                            "egress.482069346.cidr_blocks.0": "0.0.0.0/0",
                            "egress.482069346.from_port": "0",
                            "egress.482069346.prefix_list_ids.#": "0",
                            "egress.482069346.protocol": "-1",
                            "egress.482069346.security_groups.#": "0",
                            "egress.482069346.self": "false",
                            "egress.482069346.to_port": "0",
                            "id": "sg-71585b03",
                            "ingress.#": "1",
                            "ingress.482069346.cidr_blocks.#": "1",
                            "ingress.482069346.cidr_blocks.0": "0.0.0.0/0",
                            "ingress.482069346.from_port": "0",
                            "ingress.482069346.protocol": "-1",
                            "ingress.482069346.security_groups.#": "0",
                            "ingress.482069346.self": "false",
                            "ingress.482069346.to_port": "0",
                            "name": "prod.jra-sg.us-east-1-private-app-persistence",
                            "owner_id": "478650753675",
                            "tags.%": "5",
                            "tags.Name": "prod.sg.us-east-1-private-app-persistence",
                            "tags.jra.environment": "prod",
                            "tags.jra.environment-instance-id": "yznw5m6Fkc0",
                            "tags.jra.environment-size": "small",
                            "tags.jra.environment_type": "latest",
                            "vpc_id": "vpc-1263d06a"
                        },
                        "meta": {},
                        "tainted": false
                    },
                    "deposed": [],
                    "provider": ""
                },
                "aws_security_group.private_infra-build": {
                    "type": "aws_security_group",
                    "depends_on": [
                        "aws_vpc.jra_vpc",
                        "random_id.env-instance"
                    ],
                    "primary": {
                        "id": "sg-a15457d3",
                        "attributes": {
                            "description": "Swarm Nodes that will run containers related to infra-builds \u0026 CI / CD pipelines",
                            "egress.#": "1",
                            "egress.482069346.cidr_blocks.#": "1",
                            "egress.482069346.cidr_blocks.0": "0.0.0.0/0",
                            "egress.482069346.from_port": "0",
                            "egress.482069346.prefix_list_ids.#": "0",
                            "egress.482069346.protocol": "-1",
                            "egress.482069346.security_groups.#": "0",
                            "egress.482069346.self": "false",
                            "egress.482069346.to_port": "0",
                            "id": "sg-a15457d3",
                            "ingress.#": "1",
                            "ingress.482069346.cidr_blocks.#": "1",
                            "ingress.482069346.cidr_blocks.0": "0.0.0.0/0",
                            "ingress.482069346.from_port": "0",
                            "ingress.482069346.protocol": "-1",
                            "ingress.482069346.security_groups.#": "0",
                            "ingress.482069346.self": "false",
                            "ingress.482069346.to_port": "0",
                            "name": "prod.jra-sg.us-east-1-private-infra-build",
                            "owner_id": "478650753675",
                            "tags.%": "5",
                            "tags.Name": "prod.sg.us-east-1-private-infra-build",
                            "tags.jra.environment": "prod",
                            "tags.jra.environment-instance-id": "yznw5m6Fkc0",
                            "tags.jra.environment-size": "small",
                            "tags.jra.environment_type": "latest",
                            "vpc_id": "vpc-1263d06a"
                        },
                        "meta": {},
                        "tainted": false
                    },
                    "deposed": [],
                    "provider": ""
                },
                "aws_security_group.private_infra-logging": {
                    "type": "aws_security_group",
                    "depends_on": [
                        "aws_vpc.jra_vpc",
                        "random_id.env-instance"
                    ],
                    "primary": {
                        "id": "sg-21555653",
                        "attributes": {
                            "description": "Swarm Nodes that will run containers related to centralized logging stack",
                            "egress.#": "1",
                            "egress.482069346.cidr_blocks.#": "1",
                            "egress.482069346.cidr_blocks.0": "0.0.0.0/0",
                            "egress.482069346.from_port": "0",
                            "egress.482069346.prefix_list_ids.#": "0",
                            "egress.482069346.protocol": "-1",
                            "egress.482069346.security_groups.#": "0",
                            "egress.482069346.self": "false",
                            "egress.482069346.to_port": "0",
                            "id": "sg-21555653",
                            "ingress.#": "1",
                            "ingress.482069346.cidr_blocks.#": "1",
                            "ingress.482069346.cidr_blocks.0": "0.0.0.0/0",
                            "ingress.482069346.from_port": "0",
                            "ingress.482069346.protocol": "-1",
                            "ingress.482069346.security_groups.#": "0",
                            "ingress.482069346.self": "false",
                            "ingress.482069346.to_port": "0",
                            "name": "prod.jra-sg.us-east-1-private-infra-logging",
                            "owner_id": "478650753675",
                            "tags.%": "5",
                            "tags.Name": "prod.sg.us-east-1-private-infra-logging",
                            "tags.jra.environment": "prod",
                            "tags.jra.environment-instance-id": "yznw5m6Fkc0",
                            "tags.jra.environment-size": "small",
                            "tags.jra.environment_type": "latest",
                            "vpc_id": "vpc-1263d06a"
                        },
                        "meta": {},
                        "tainted": false
                    },
                    "deposed": [],
                    "provider": ""
                },
                "aws_security_group.private_infra-monitoring": {
                    "type": "aws_security_group",
                    "depends_on": [
                        "aws_vpc.jra_vpc",
                        "random_id.env-instance"
                    ],
                    "primary": {
                        "id": "sg-135a5961",
                        "attributes": {
                            "description": "Swarm Nodes that will run containers related to centralized monitoring stack",
                            "egress.#": "1",
                            "egress.482069346.cidr_blocks.#": "1",
                            "egress.482069346.cidr_blocks.0": "0.0.0.0/0",
                            "egress.482069346.from_port": "0",
                            "egress.482069346.prefix_list_ids.#": "0",
                            "egress.482069346.protocol": "-1",
                            "egress.482069346.security_groups.#": "0",
                            "egress.482069346.self": "false",
                            "egress.482069346.to_port": "0",
                            "id": "sg-135a5961",
                            "ingress.#": "1",
                            "ingress.482069346.cidr_blocks.#": "1",
                            "ingress.482069346.cidr_blocks.0": "0.0.0.0/0",
                            "ingress.482069346.from_port": "0",
                            "ingress.482069346.protocol": "-1",
                            "ingress.482069346.security_groups.#": "0",
                            "ingress.482069346.self": "false",
                            "ingress.482069346.to_port": "0",
                            "name": "prod.jra-sg.us-east-1-private-infra-monitoring",
                            "owner_id": "478650753675",
                            "tags.%": "5",
                            "tags.Name": "prod.sg.us-east-1-private-infra-monitoring",
                            "tags.jra.environment": "prod",
                            "tags.jra.environment-instance-id": "yznw5m6Fkc0",
                            "tags.jra.environment-size": "small",
                            "tags.jra.environment_type": "latest",
                            "vpc_id": "vpc-1263d06a"
                        },
                        "meta": {},
                        "tainted": false
                    },
                    "deposed": [],
                    "provider": ""
                },
                "aws_security_group.private_infra-persistence": {
                    "type": "aws_security_group",
                    "depends_on": [
                        "aws_vpc.jra_vpc",
                        "random_id.env-instance"
                    ],
                    "primary": {
                        "id": "sg-ef5b589d",
                        "attributes": {
                            "description": "Swarm Nodes that will run containers related to storage persistence for mangement apps (databases, caches, etc)",
                            "egress.#": "1",
                            "egress.482069346.cidr_blocks.#": "1",
                            "egress.482069346.cidr_blocks.0": "0.0.0.0/0",
                            "egress.482069346.from_port": "0",
                            "egress.482069346.prefix_list_ids.#": "0",
                            "egress.482069346.protocol": "-1",
                            "egress.482069346.security_groups.#": "0",
                            "egress.482069346.self": "false",
                            "egress.482069346.to_port": "0",
                            "id": "sg-ef5b589d",
                            "ingress.#": "1",
                            "ingress.482069346.cidr_blocks.#": "1",
                            "ingress.482069346.cidr_blocks.0": "0.0.0.0/0",
                            "ingress.482069346.from_port": "0",
                            "ingress.482069346.protocol": "-1",
                            "ingress.482069346.security_groups.#": "0",
                            "ingress.482069346.self": "false",
                            "ingress.482069346.to_port": "0",
                            "name": "prod.jra-sg.us-east-1-private-infra-persistence",
                            "owner_id": "478650753675",
                            "tags.%": "5",
                            "tags.Name": "prod.sg.us-east-1-private-infra-persistence",
                            "tags.jra.environment": "prod",
                            "tags.jra.environment-instance-id": "yznw5m6Fkc0",
                            "tags.jra.environment-size": "small",
                            "tags.jra.environment_type": "latest",
                            "vpc_id": "vpc-1263d06a"
                        },
                        "meta": {},
                        "tainted": false
                    },
                    "deposed": [],
                    "provider": ""
                },
                "aws_security_group.private_infra-repos": {
                    "type": "aws_security_group",
                    "depends_on": [
                        "aws_vpc.jra_vpc",
                        "random_id.env-instance"
                    ],
                    "primary": {
                        "id": "sg-4d5b583f",
                        "attributes": {
                            "description": "Swarm Nodes that will run containers related to storage persistence for mangement apps (databases, caches, etc)",
                            "egress.#": "1",
                            "egress.482069346.cidr_blocks.#": "1",
                            "egress.482069346.cidr_blocks.0": "0.0.0.0/0",
                            "egress.482069346.from_port": "0",
                            "egress.482069346.prefix_list_ids.#": "0",
                            "egress.482069346.protocol": "-1",
                            "egress.482069346.security_groups.#": "0",
                            "egress.482069346.self": "false",
                            "egress.482069346.to_port": "0",
                            "id": "sg-4d5b583f",
                            "ingress.#": "1",
                            "ingress.482069346.cidr_blocks.#": "1",
                            "ingress.482069346.cidr_blocks.0": "0.0.0.0/0",
                            "ingress.482069346.from_port": "0",
                            "ingress.482069346.protocol": "-1",
                            "ingress.482069346.security_groups.#": "0",
                            "ingress.482069346.self": "false",
                            "ingress.482069346.to_port": "0",
                            "name": "prod.jra-sg.us-east-1-private-infra-repos",
                            "owner_id": "478650753675",
                            "tags.%": "5",
                            "tags.Name": "prod.sg.us-east-1-private-infra-repos",
                            "tags.jra.environment": "prod",
                            "tags.jra.environment-instance-id": "yznw5m6Fkc0",
                            "tags.jra.environment-size": "small",
                            "tags.jra.environment_type": "latest",
                            "vpc_id": "vpc-1263d06a"
                        },
                        "meta": {},
                        "tainted": false
                    },
                    "deposed": [],
                    "provider": ""
                },
                "aws_security_group.private_swarm-manager": {
                    "type": "aws_security_group",
                    "depends_on": [
                        "aws_vpc.jra_vpc",
                        "random_id.env-instance"
                    ],
                    "primary": {
                        "id": "sg-4b5e5d39",
                        "attributes": {
                            "description": "Swarm Nodes that will run containers related to swarm-managers \u0026 CI / CD pipelines",
                            "egress.#": "1",
                            "egress.482069346.cidr_blocks.#": "1",
                            "egress.482069346.cidr_blocks.0": "0.0.0.0/0",
                            "egress.482069346.from_port": "0",
                            "egress.482069346.prefix_list_ids.#": "0",
                            "egress.482069346.protocol": "-1",
                            "egress.482069346.security_groups.#": "0",
                            "egress.482069346.self": "false",
                            "egress.482069346.to_port": "0",
                            "id": "sg-4b5e5d39",
                            "ingress.#": "1",
                            "ingress.482069346.cidr_blocks.#": "1",
                            "ingress.482069346.cidr_blocks.0": "0.0.0.0/0",
                            "ingress.482069346.from_port": "0",
                            "ingress.482069346.protocol": "-1",
                            "ingress.482069346.security_groups.#": "0",
                            "ingress.482069346.self": "false",
                            "ingress.482069346.to_port": "0",
                            "name": "prod.jra-sg.us-east-1-private-swarm-manager",
                            "owner_id": "478650753675",
                            "tags.%": "5",
                            "tags.Name": "prod.sg.us-east-1-private-swarm-manager",
                            "tags.jra.environment": "prod",
                            "tags.jra.environment-instance-id": "yznw5m6Fkc0",
                            "tags.jra.environment-size": "small",
                            "tags.jra.environment_type": "latest",
                            "vpc_id": "vpc-1263d06a"
                        },
                        "meta": {},
                        "tainted": false
                    },
                    "deposed": [],
                    "provider": ""
                },
                "aws_security_group.public_admin-ui-web": {
                    "type": "aws_security_group",
                    "depends_on": [
                        "aws_vpc.jra_vpc",
                        "random_id.env-instance"
                    ],
                    "primary": {
                        "id": "sg-8e5b58fc",
                        "attributes": {
                            "description": "Security groups for public web apis",
                            "egress.#": "1",
                            "egress.482069346.cidr_blocks.#": "1",
                            "egress.482069346.cidr_blocks.0": "0.0.0.0/0",
                            "egress.482069346.from_port": "0",
                            "egress.482069346.prefix_list_ids.#": "0",
                            "egress.482069346.protocol": "-1",
                            "egress.482069346.security_groups.#": "0",
                            "egress.482069346.self": "false",
                            "egress.482069346.to_port": "0",
                            "id": "sg-8e5b58fc",
                            "ingress.#": "1",
                            "ingress.482069346.cidr_blocks.#": "1",
                            "ingress.482069346.cidr_blocks.0": "0.0.0.0/0",
                            "ingress.482069346.from_port": "0",
                            "ingress.482069346.protocol": "-1",
                            "ingress.482069346.security_groups.#": "0",
                            "ingress.482069346.self": "false",
                            "ingress.482069346.to_port": "0",
                            "name": "prod.jra-sg.us-east-1-public-admin-ui-web",
                            "owner_id": "478650753675",
                            "tags.%": "5",
                            "tags.Name": "prod.sg.us-east-1-public-admin-ui-web",
                            "tags.jra.environment": "prod",
                            "tags.jra.environment-instance-id": "yznw5m6Fkc0",
                            "tags.jra.environment-size": "small",
                            "tags.jra.environment_type": "latest",
                            "vpc_id": "vpc-1263d06a"
                        },
                        "meta": {},
                        "tainted": false
                    },
                    "deposed": [],
                    "provider": ""
                },
                "aws_security_group.public_app-ui-web": {
                    "type": "aws_security_group",
                    "depends_on": [
                        "aws_vpc.jra_vpc",
                        "random_id.env-instance"
                    ],
                    "primary": {
                        "id": "sg-e3565591",
                        "attributes": {
                            "description": "Security Group for public web ui apps",
                            "egress.#": "1",
                            "egress.482069346.cidr_blocks.#": "1",
                            "egress.482069346.cidr_blocks.0": "0.0.0.0/0",
                            "egress.482069346.from_port": "0",
                            "egress.482069346.prefix_list_ids.#": "0",
                            "egress.482069346.protocol": "-1",
                            "egress.482069346.security_groups.#": "0",
                            "egress.482069346.self": "false",
                            "egress.482069346.to_port": "0",
                            "id": "sg-e3565591",
                            "ingress.#": "1",
                            "ingress.482069346.cidr_blocks.#": "1",
                            "ingress.482069346.cidr_blocks.0": "0.0.0.0/0",
                            "ingress.482069346.from_port": "0",
                            "ingress.482069346.protocol": "-1",
                            "ingress.482069346.security_groups.#": "0",
                            "ingress.482069346.self": "false",
                            "ingress.482069346.to_port": "0",
                            "name": "prod.jra-sg.us-east-1-public-app-ui-web",
                            "owner_id": "478650753675",
                            "tags.%": "5",
                            "tags.Name": "prod.sg.us-east-1-public-app-ui-web",
                            "tags.jra.environment": "prod",
                            "tags.jra.environment-instance-id": "yznw5m6Fkc0",
                            "tags.jra.environment-size": "small",
                            "tags.jra.environment_type": "latest",
                            "vpc_id": "vpc-1263d06a"
                        },
                        "meta": {},
                        "tainted": false
                    },
                    "deposed": [],
                    "provider": ""
                },
                "aws_subnet.az-1-private": {
                    "type": "aws_subnet",
                    "depends_on": [
                        "aws_vpc.jra_vpc",
                        "random_id.env-instance"
                    ],
                    "primary": {
                        "id": "subnet-6dab5830",
                        "attributes": {
                            "availability_zone": "us-east-1a",
                            "cidr_block": "10.0.1.0/24",
                            "id": "subnet-6dab5830",
                            "map_public_ip_on_launch": "true",
                            "tags.%": "6",
                            "tags.Name": "prod.subnet.us-east-1a-private",
                            "tags.jra.environment": "prod",
                            "tags.jra.environment-instance-id": "yznw5m6Fkc0",
                            "tags.jra.environment-size": "small",
                            "tags.jra.environment_type": "latest",
                            "tags.jra.failure-zone": "us-east-1-az-1",
                            "vpc_id": "vpc-1263d06a"
                        },
                        "meta": {},
                        "tainted": false
                    },
                    "deposed": [],
                    "provider": ""
                },
                "aws_subnet.az-1-public": {
                    "type": "aws_subnet",
                    "depends_on": [
                        "aws_vpc.jra_vpc",
                        "random_id.env-instance"
                    ],
                    "primary": {
                        "id": "subnet-c7ae5d9a",
                        "attributes": {
                            "availability_zone": "us-east-1a",
                            "cidr_block": "10.0.0.0/24",
                            "id": "subnet-c7ae5d9a",
                            "map_public_ip_on_launch": "true",
                            "tags.%": "6",
                            "tags.Name": "prod.subnet.us-east-1a-public",
                            "tags.jra.environment": "prod",
                            "tags.jra.environment-instance-id": "yznw5m6Fkc0",
                            "tags.jra.environment-size": "small",
                            "tags.jra.environment_type": "latest",
                            "tags.jra.failure-zone": "us-east-1-az-1",
                            "vpc_id": "vpc-1263d06a"
                        },
                        "meta": {},
                        "tainted": false
                    },
                    "deposed": [],
                    "provider": ""
                },
                "aws_vpc.jra_vpc": {
                    "type": "aws_vpc",
                    "depends_on": [
                        "random_id.env-instance"
                    ],
                    "primary": {
                        "id": "vpc-1263d06a",
                        "attributes": {
                            "cidr_block": "10.0.0.0/16",
                            "default_network_acl_id": "acl-942c1dec",
                            "default_route_table_id": "rtb-33d28249",
                            "default_security_group_id": "sg-4f61623d",
                            "dhcp_options_id": "dopt-eb4a818d",
                            "enable_classiclink": "false",
                            "enable_dns_hostnames": "true",
                            "enable_dns_support": "true",
                            "id": "vpc-1263d06a",
                            "instance_tenancy": "default",
                            "main_route_table_id": "rtb-33d28249",
                            "tags.%": "5",
                            "tags.Name": "prod.vpc.us-east-1",
                            "tags.jra.environment": "prod",
                            "tags.jra.environment-instance-id": "yznw5m6Fkc0",
                            "tags.jra.environment-size": "small",
                            "tags.jra.environment_type": "latest"
                        },
                        "meta": {},
                        "tainted": false
                    },
                    "deposed": [],
                    "provider": ""
                },
                "null_resource.infra-deploy-central-logging-services": {
                    "type": "null_resource",
                    "depends_on": [
                        "null_resource.swarm-cluster-provision"
                    ],
                    "primary": {
                        "id": "6024998079105711266",
                        "attributes": {
                            "id": "6024998079105711266"
                        },
                        "meta": {},
                        "tainted": false
                    },
                    "deposed": [],
                    "provider": ""
                },
                "null_resource.swarm-cluster-provision": {
                    "type": "null_resource",
                    "depends_on": [
                        "aws_instance.admin-ui-web-az-1",
                        "aws_instance.app-persistence-az-1",
                        "aws_instance.app-ui-web-az-1",
                        "aws_instance.infra-build-az-1",
                        "aws_instance.infra-logging-az-1",
                        "aws_instance.infra-persistence-az-1",
                        "aws_instance.infra-repos-az-1",
                        "aws_instance.swarm-manager-az-1"
                    ],
                    "primary": {
                        "id": "6438192177393180170",
                        "attributes": {
                            "id": "6438192177393180170"
                        },
                        "meta": {},
                        "tainted": false
                    },
                    "deposed": [],
                    "provider": ""
                },
                "random_id.env-instance": {
                    "type": "random_id",
                    "depends_on": [],
                    "primary": {
                        "id": "yznw5m6Fkc0",
                        "attributes": {
                            "b64": "yznw5m6Fkc0",
                            "b64_std": "yznw5m6Fkc0=",
                            "b64_url": "yznw5m6Fkc0",
                            "byte_length": "8",
                            "dec": "14644000535859270093",
                            "hex": "cb39f0e66e8591cd",
                            "id": "yznw5m6Fkc0"
                        },
                        "meta": {},
                        "tainted": false
                    },
                    "deposed": [],
                    "provider": ""
                }
            },
            "depends_on": []
        }
    ]
}
