{
    "version": 3,
    "terraform_version": "0.7.13",
    "serial": 151,
    "lineage": "1542ed22-9572-435b-bfe7-2914441e104a",
    "modules": [
        {
            "path": [
                "root"
            ],
            "outputs": {},
            "resources": {
                "aws_eip.az-1-public": {
                    "type": "aws_eip",
                    "depends_on": [],
                    "primary": {
                        "id": "eipalloc-fa203acf",
                        "attributes": {
                            "association_id": "",
                            "domain": "vpc",
                            "id": "eipalloc-fa203acf",
                            "instance": "",
                            "network_interface": "",
                            "private_ip": "",
                            "public_ip": "34.230.255.208",
                            "vpc": "true"
                        },
                        "meta": {},
                        "tainted": false
                    },
                    "deposed": [],
                    "provider": ""
                },
                "aws_elb.elb-public-admin": {
                    "type": "aws_elb",
                    "depends_on": [
                        "aws_instance.admin-ui-web-az-1",
                        "aws_instance.app-persistence-az-1",
                        "aws_instance.app-ui-web-az-1",
                        "aws_instance.infra-build-az-1",
                        "aws_instance.infra-persistence-az-1",
                        "aws_instance.infra-repos-az-1",
                        "aws_security_group.elb-public-admin",
                        "aws_subnet.az-1-public",
                        "random_id.env-instance"
                    ],
                    "primary": {
                        "id": "prod-jra-elb-us-east-1-admin",
                        "attributes": {
                            "access_logs.#": "0",
                            "availability_zones.#": "1",
                            "availability_zones.3569565595": "us-east-1a",
                            "connection_draining": "true",
                            "connection_draining_timeout": "400",
                            "cross_zone_load_balancing": "true",
                            "dns_name": "prod-jra-elb-us-east-1-admin-629017544.us-east-1.elb.amazonaws.com",
                            "health_check.#": "1",
                            "health_check.0.healthy_threshold": "4",
                            "health_check.0.interval": "15",
                            "health_check.0.target": "TCP:80",
                            "health_check.0.timeout": "3",
                            "health_check.0.unhealthy_threshold": "4",
                            "id": "prod-jra-elb-us-east-1-admin",
                            "idle_timeout": "400",
                            "instances.#": "6",
                            "instances.1228285587": "i-0a941d3f46ee0e1f7",
                            "instances.1315475788": "i-0716eba08be4fc9fc",
                            "instances.2150801216": "i-00997269974e2606d",
                            "instances.2196393333": "i-0fd669f7442d19942",
                            "instances.3670411392": "i-08cb56aa2a37f659b",
                            "instances.3924712174": "i-0366ad5ee80b14a0a",
                            "internal": "false",
                            "listener.#": "1",
                            "listener.2683352288.instance_port": "83",
                            "listener.2683352288.instance_protocol": "http",
                            "listener.2683352288.lb_port": "80",
                            "listener.2683352288.lb_protocol": "http",
                            "listener.2683352288.ssl_certificate_id": "",
                            "name": "prod-jra-elb-us-east-1-admin",
                            "security_groups.#": "1",
                            "security_groups.3896528633": "sg-c212f6b7",
                            "source_security_group": "478650753675/prod.jra-sg.us-east-1-admin-elb",
                            "source_security_group_id": "sg-c212f6b7",
                            "subnets.#": "1",
                            "subnets.2399557205": "subnet-71f8002c",
                            "tags.%": "5",
                            "tags.Name": "prod-jra-elb-us-east-1-admin",
                            "tags.jra.environment": "prod",
                            "tags.jra.environment-instance-id": "wjex0ZsYzBM",
                            "tags.jra.environment-size": "small",
                            "tags.jra.environment_type": "latest",
                            "zone_id": "Z35SXDOTRQ7X7K"
                        },
                        "meta": {},
                        "tainted": false
                    },
                    "deposed": [],
                    "provider": ""
                },
                "aws_elb.elb-public-app-api": {
                    "type": "aws_elb",
                    "depends_on": [
                        "aws_instance.app-ui-web-az-1",
                        "aws_instance.swarm-manager-az-1",
                        "aws_security_group.elb-public-app-api",
                        "aws_subnet.az-1-public",
                        "random_id.env-instance"
                    ],
                    "primary": {
                        "id": "prod-jra-elb-us-east-1-app-api",
                        "attributes": {
                            "access_logs.#": "0",
                            "availability_zones.#": "1",
                            "availability_zones.3569565595": "us-east-1a",
                            "connection_draining": "true",
                            "connection_draining_timeout": "400",
                            "cross_zone_load_balancing": "true",
                            "dns_name": "prod-jra-elb-us-east-1-app-api-1273211692.us-east-1.elb.amazonaws.com",
                            "health_check.#": "1",
                            "health_check.0.healthy_threshold": "4",
                            "health_check.0.interval": "15",
                            "health_check.0.target": "TCP:80",
                            "health_check.0.timeout": "3",
                            "health_check.0.unhealthy_threshold": "4",
                            "id": "prod-jra-elb-us-east-1-app-api",
                            "idle_timeout": "400",
                            "instances.#": "2",
                            "instances.1228285587": "i-0a941d3f46ee0e1f7",
                            "instances.484867846": "i-0066b0eaaf955e870",
                            "internal": "false",
                            "listener.#": "1",
                            "listener.1644776597.instance_port": "84",
                            "listener.1644776597.instance_protocol": "http",
                            "listener.1644776597.lb_port": "80",
                            "listener.1644776597.lb_protocol": "http",
                            "listener.1644776597.ssl_certificate_id": "",
                            "name": "prod-jra-elb-us-east-1-app-api",
                            "security_groups.#": "1",
                            "security_groups.2546348185": "sg-1f1efa6a",
                            "source_security_group": "478650753675/prod.jra-sg.us-east-1-app-api-elb",
                            "source_security_group_id": "sg-1f1efa6a",
                            "subnets.#": "1",
                            "subnets.2399557205": "subnet-71f8002c",
                            "tags.%": "5",
                            "tags.Name": "prod-jra-elb-us-east-1-app-api",
                            "tags.jra.environment": "prod",
                            "tags.jra.environment-instance-id": "wjex0ZsYzBM",
                            "tags.jra.environment-size": "small",
                            "tags.jra.environment_type": "latest",
                            "zone_id": "Z35SXDOTRQ7X7K"
                        },
                        "meta": {},
                        "tainted": false
                    },
                    "deposed": [],
                    "provider": ""
                },
                "aws_elb.elb-public-app-ui": {
                    "type": "aws_elb",
                    "depends_on": [
                        "aws_instance.app-ui-web-az-1",
                        "aws_instance.swarm-manager-az-1",
                        "aws_security_group.elb-public-app-ui",
                        "aws_subnet.az-1-public",
                        "random_id.env-instance"
                    ],
                    "primary": {
                        "id": "prod-jra-elb-us-east-1-app-ui",
                        "attributes": {
                            "access_logs.#": "0",
                            "availability_zones.#": "1",
                            "availability_zones.3569565595": "us-east-1a",
                            "connection_draining": "true",
                            "connection_draining_timeout": "400",
                            "cross_zone_load_balancing": "true",
                            "dns_name": "prod-jra-elb-us-east-1-app-ui-1875577789.us-east-1.elb.amazonaws.com",
                            "health_check.#": "1",
                            "health_check.0.healthy_threshold": "4",
                            "health_check.0.interval": "15",
                            "health_check.0.target": "TCP:80",
                            "health_check.0.timeout": "3",
                            "health_check.0.unhealthy_threshold": "4",
                            "id": "prod-jra-elb-us-east-1-app-ui",
                            "idle_timeout": "400",
                            "instances.#": "2",
                            "instances.1228285587": "i-0a941d3f46ee0e1f7",
                            "instances.484867846": "i-0066b0eaaf955e870",
                            "internal": "false",
                            "listener.#": "1",
                            "listener.3057123346.instance_port": "80",
                            "listener.3057123346.instance_protocol": "http",
                            "listener.3057123346.lb_port": "80",
                            "listener.3057123346.lb_protocol": "http",
                            "listener.3057123346.ssl_certificate_id": "",
                            "name": "prod-jra-elb-us-east-1-app-ui",
                            "security_groups.#": "1",
                            "security_groups.2024754966": "sg-861cf8f3",
                            "source_security_group": "478650753675/prod.jra-sg.us-east-1-app-ui-elb",
                            "source_security_group_id": "sg-861cf8f3",
                            "subnets.#": "1",
                            "subnets.2399557205": "subnet-71f8002c",
                            "tags.%": "5",
                            "tags.Name": "prod-jra-elb-us-east-1-app-ui",
                            "tags.jra.environment": "prod",
                            "tags.jra.environment-instance-id": "wjex0ZsYzBM",
                            "tags.jra.environment-size": "small",
                            "tags.jra.environment_type": "latest",
                            "zone_id": "Z35SXDOTRQ7X7K"
                        },
                        "meta": {},
                        "tainted": false
                    },
                    "deposed": [],
                    "provider": ""
                },
                "aws_elb.elb-public-logging": {
                    "type": "aws_elb",
                    "depends_on": [
                        "aws_instance.infra-logging-az-1",
                        "aws_instance.swarm-manager-az-1",
                        "aws_security_group.elb-public-logging",
                        "aws_subnet.az-1-public",
                        "random_id.env-instance"
                    ],
                    "primary": {
                        "id": "prod-jra-elb-us-east-1-logging",
                        "attributes": {
                            "access_logs.#": "0",
                            "availability_zones.#": "1",
                            "availability_zones.3569565595": "us-east-1a",
                            "connection_draining": "true",
                            "connection_draining_timeout": "400",
                            "cross_zone_load_balancing": "true",
                            "dns_name": "prod-jra-elb-us-east-1-logging-464852069.us-east-1.elb.amazonaws.com",
                            "health_check.#": "1",
                            "health_check.0.healthy_threshold": "4",
                            "health_check.0.interval": "15",
                            "health_check.0.target": "TCP:81",
                            "health_check.0.timeout": "3",
                            "health_check.0.unhealthy_threshold": "4",
                            "id": "prod-jra-elb-us-east-1-logging",
                            "idle_timeout": "400",
                            "instances.#": "2",
                            "instances.1569456749": "i-0b1d9e9cb6a4bb5b0",
                            "instances.484867846": "i-0066b0eaaf955e870",
                            "internal": "false",
                            "listener.#": "1",
                            "listener.742900092.instance_port": "81",
                            "listener.742900092.instance_protocol": "tcp",
                            "listener.742900092.lb_port": "80",
                            "listener.742900092.lb_protocol": "tcp",
                            "listener.742900092.ssl_certificate_id": "",
                            "name": "prod-jra-elb-us-east-1-logging",
                            "security_groups.#": "1",
                            "security_groups.3050815739": "sg-b118fcc4",
                            "source_security_group": "478650753675/prod.jra-sg.us-east-1-logging-elb",
                            "source_security_group_id": "sg-b118fcc4",
                            "subnets.#": "1",
                            "subnets.2399557205": "subnet-71f8002c",
                            "tags.%": "5",
                            "tags.Name": "prod-jra-elb-us-east-1-logging",
                            "tags.jra.environment": "prod",
                            "tags.jra.environment-instance-id": "wjex0ZsYzBM",
                            "tags.jra.environment-size": "small",
                            "tags.jra.environment_type": "latest",
                            "zone_id": "Z35SXDOTRQ7X7K"
                        },
                        "meta": {},
                        "tainted": false
                    },
                    "deposed": [],
                    "provider": ""
                },
                "aws_elb.elb-public-monitoring": {
                    "type": "aws_elb",
                    "depends_on": [
                        "aws_instance.infra-monitoring-az-1",
                        "aws_instance.swarm-manager-az-1",
                        "aws_security_group.elb-public-monitoring",
                        "aws_subnet.az-1-public",
                        "random_id.env-instance"
                    ],
                    "primary": {
                        "id": "prod-jra-elb-us-east-1-monitor",
                        "attributes": {
                            "access_logs.#": "0",
                            "availability_zones.#": "1",
                            "availability_zones.3569565595": "us-east-1a",
                            "connection_draining": "true",
                            "connection_draining_timeout": "400",
                            "cross_zone_load_balancing": "true",
                            "dns_name": "prod-jra-elb-us-east-1-monitor-343675896.us-east-1.elb.amazonaws.com",
                            "health_check.#": "1",
                            "health_check.0.healthy_threshold": "4",
                            "health_check.0.interval": "15",
                            "health_check.0.target": "TCP:81",
                            "health_check.0.timeout": "3",
                            "health_check.0.unhealthy_threshold": "4",
                            "id": "prod-jra-elb-us-east-1-monitor",
                            "idle_timeout": "400",
                            "instances.#": "2",
                            "instances.484867846": "i-0066b0eaaf955e870",
                            "instances.987196850": "i-03aa6567b3f6d6eee",
                            "internal": "false",
                            "listener.#": "1",
                            "listener.1344726183.instance_port": "82",
                            "listener.1344726183.instance_protocol": "tcp",
                            "listener.1344726183.lb_port": "80",
                            "listener.1344726183.lb_protocol": "tcp",
                            "listener.1344726183.ssl_certificate_id": "",
                            "name": "prod-jra-elb-us-east-1-monitor",
                            "security_groups.#": "1",
                            "security_groups.1244544394": "sg-a413f7d1",
                            "source_security_group": "478650753675/prod.jra-sg.us-east-1-monitoring-elb",
                            "source_security_group_id": "sg-a413f7d1",
                            "subnets.#": "1",
                            "subnets.2399557205": "subnet-71f8002c",
                            "tags.%": "5",
                            "tags.Name": "prod-jra-elb-us-east-1-monitor",
                            "tags.jra.environment": "prod",
                            "tags.jra.environment-instance-id": "wjex0ZsYzBM",
                            "tags.jra.environment-size": "small",
                            "tags.jra.environment_type": "latest",
                            "zone_id": "Z35SXDOTRQ7X7K"
                        },
                        "meta": {},
                        "tainted": false
                    },
                    "deposed": [],
                    "provider": ""
                },
                "aws_instance.admin-ui-web-az-1": {
                    "type": "aws_instance",
                    "depends_on": [
                        "aws_security_group.public_admin-ui-web",
                        "aws_subnet.az-1-public",
                        "random_id.env-instance"
                    ],
                    "primary": {
                        "id": "i-0fd669f7442d19942",
                        "attributes": {
                            "ami": "ami-cd0f5cb6",
                            "associate_public_ip_address": "true",
                            "availability_zone": "us-east-1a",
                            "disable_api_termination": "false",
                            "ebs_block_device.#": "0",
                            "ebs_optimized": "false",
                            "ephemeral_block_device.#": "0",
                            "iam_instance_profile": "",
                            "id": "i-0fd669f7442d19942",
                            "instance_state": "running",
                            "instance_type": "t2.medium",
                            "key_name": "jra-build",
                            "monitoring": "true",
                            "network_interface_id": "eni-008de9b6",
                            "private_dns": "ip-10-0-0-231.ec2.internal",
                            "private_ip": "10.0.0.231",
                            "public_dns": "ec2-52-203-200-222.compute-1.amazonaws.com",
                            "public_ip": "52.203.200.222",
                            "root_block_device.#": "1",
                            "root_block_device.0.delete_on_termination": "true",
                            "root_block_device.0.iops": "100",
                            "root_block_device.0.volume_size": "8",
                            "root_block_device.0.volume_type": "gp2",
                            "security_groups.#": "0",
                            "source_dest_check": "true",
                            "subnet_id": "subnet-71f8002c",
                            "tags.%": "11",
                            "tags.Name": "prod.instance.swarm-worker.admin-ui-web.prod.us-east-1a",
                            "tags.jra.environment": "prod",
                            "tags.jra.environment-instance-id": "wjex0ZsYzBM",
                            "tags.jra.environment-size": "small",
                            "tags.jra.environment_type": "latest",
                            "tags.jra.failure-zone": "us-east-1-az-1",
                            "tags.jra.instance-name": "admin-ui-web-us-east-1-az-1",
                            "tags.jra.instance-name-full": "prod.instance.swarm-worker.admin-ui-web.prod.us-east-1a",
                            "tags.jra.subnet-type": "public",
                            "tags.jra.swarm-instance-type": "swarm-worker",
                            "tags.jra.swarm-node-type": "admin-ui-web",
                            "tenancy": "default",
                            "vpc_security_group_ids.#": "1",
                            "vpc_security_group_ids.1958215139": "sg-f113f784"
                        },
                        "meta": {
                            "schema_version": "1"
                        },
                        "tainted": false
                    },
                    "deposed": [],
                    "provider": ""
                },
                "aws_instance.app-persistence-az-1": {
                    "type": "aws_instance",
                    "depends_on": [
                        "aws_security_group.private_app-persistence",
                        "aws_subnet.az-1-private",
                        "random_id.env-instance"
                    ],
                    "primary": {
                        "id": "i-00997269974e2606d",
                        "attributes": {
                            "ami": "ami-cd0f5cb6",
                            "associate_public_ip_address": "true",
                            "availability_zone": "us-east-1a",
                            "disable_api_termination": "false",
                            "ebs_block_device.#": "0",
                            "ebs_optimized": "false",
                            "ephemeral_block_device.#": "0",
                            "iam_instance_profile": "",
                            "id": "i-00997269974e2606d",
                            "instance_state": "running",
                            "instance_type": "t2.micro",
                            "key_name": "jra-build",
                            "monitoring": "true",
                            "network_interface_id": "eni-548ce8e2",
                            "private_dns": "ip-10-0-1-58.ec2.internal",
                            "private_ip": "10.0.1.58",
                            "public_dns": "ec2-52-90-185-78.compute-1.amazonaws.com",
                            "public_ip": "52.90.185.78",
                            "root_block_device.#": "1",
                            "root_block_device.0.delete_on_termination": "true",
                            "root_block_device.0.iops": "100",
                            "root_block_device.0.volume_size": "8",
                            "root_block_device.0.volume_type": "gp2",
                            "security_groups.#": "0",
                            "source_dest_check": "true",
                            "subnet_id": "subnet-40fa021d",
                            "tags.%": "11",
                            "tags.Name": "prod.instance.swarm-worker.app-persistence.prod.us-east-1a",
                            "tags.jra.environment": "prod",
                            "tags.jra.environment-instance-id": "wjex0ZsYzBM",
                            "tags.jra.environment-size": "small",
                            "tags.jra.environment_type": "latest",
                            "tags.jra.failure-zone": "us-east-1-az-1",
                            "tags.jra.instance-name": "app-persistence-us-east-1-az-1",
                            "tags.jra.instance-name-full": "prod.instance.swarm-worker.app-persistence.prod.us-east-1a",
                            "tags.jra.subnet-type": "private",
                            "tags.jra.swarm-instance-type": "swarm-worker",
                            "tags.jra.swarm-node-type": "app-persistence",
                            "tenancy": "default",
                            "vpc_security_group_ids.#": "1",
                            "vpc_security_group_ids.897708242": "sg-fc15f189"
                        },
                        "meta": {
                            "schema_version": "1"
                        },
                        "tainted": false
                    },
                    "deposed": [],
                    "provider": ""
                },
                "aws_instance.app-ui-web-az-1": {
                    "type": "aws_instance",
                    "depends_on": [
                        "aws_security_group.public_app-ui-web",
                        "aws_subnet.az-1-public",
                        "random_id.env-instance"
                    ],
                    "primary": {
                        "id": "i-0a941d3f46ee0e1f7",
                        "attributes": {
                            "ami": "ami-cd0f5cb6",
                            "associate_public_ip_address": "true",
                            "availability_zone": "us-east-1a",
                            "disable_api_termination": "false",
                            "ebs_block_device.#": "0",
                            "ebs_optimized": "false",
                            "ephemeral_block_device.#": "0",
                            "iam_instance_profile": "",
                            "id": "i-0a941d3f46ee0e1f7",
                            "instance_state": "running",
                            "instance_type": "t2.micro",
                            "key_name": "jra-build",
                            "monitoring": "true",
                            "network_interface_id": "eni-9f8feb29",
                            "private_dns": "ip-10-0-0-180.ec2.internal",
                            "private_ip": "10.0.0.180",
                            "public_dns": "ec2-54-211-53-204.compute-1.amazonaws.com",
                            "public_ip": "54.211.53.204",
                            "root_block_device.#": "1",
                            "root_block_device.0.delete_on_termination": "true",
                            "root_block_device.0.iops": "100",
                            "root_block_device.0.volume_size": "8",
                            "root_block_device.0.volume_type": "gp2",
                            "security_groups.#": "0",
                            "source_dest_check": "true",
                            "subnet_id": "subnet-71f8002c",
                            "tags.%": "11",
                            "tags.Name": "prod.instance.swarm-worker.app-ui-web.prod.us-east-1a",
                            "tags.jra.environment": "prod",
                            "tags.jra.environment-instance-id": "wjex0ZsYzBM",
                            "tags.jra.environment-size": "small",
                            "tags.jra.environment_type": "latest",
                            "tags.jra.failure-zone": "us-east-1-az-1",
                            "tags.jra.instance-name": "app-ui-web-us-east-1-az-1",
                            "tags.jra.instance-name-full": "prod.instance.swarm-worker.app-ui-web.prod.us-east-1a",
                            "tags.jra.subnet-type": "public",
                            "tags.jra.swarm-instance-type": "swarm-worker",
                            "tags.jra.swarm-node-type": "app-ui-web",
                            "tenancy": "default",
                            "vpc_security_group_ids.#": "1",
                            "vpc_security_group_ids.348646525": "sg-5c15f129"
                        },
                        "meta": {
                            "schema_version": "1"
                        },
                        "tainted": false
                    },
                    "deposed": [],
                    "provider": ""
                },
                "aws_instance.infra-build-az-1": {
                    "type": "aws_instance",
                    "depends_on": [
                        "aws_security_group.private_infra-build",
                        "aws_subnet.az-1-private",
                        "random_id.env-instance"
                    ],
                    "primary": {
                        "id": "i-0716eba08be4fc9fc",
                        "attributes": {
                            "ami": "ami-cd0f5cb6",
                            "associate_public_ip_address": "true",
                            "availability_zone": "us-east-1a",
                            "disable_api_termination": "false",
                            "ebs_block_device.#": "0",
                            "ebs_optimized": "false",
                            "ephemeral_block_device.#": "0",
                            "iam_instance_profile": "",
                            "id": "i-0716eba08be4fc9fc",
                            "instance_state": "running",
                            "instance_type": "t2.micro",
                            "key_name": "jra-build",
                            "monitoring": "true",
                            "network_interface_id": "eni-5b8ce8ed",
                            "private_dns": "ip-10-0-1-35.ec2.internal",
                            "private_ip": "10.0.1.35",
                            "public_dns": "ec2-34-229-243-163.compute-1.amazonaws.com",
                            "public_ip": "34.229.243.163",
                            "root_block_device.#": "1",
                            "root_block_device.0.delete_on_termination": "true",
                            "root_block_device.0.iops": "100",
                            "root_block_device.0.volume_size": "8",
                            "root_block_device.0.volume_type": "gp2",
                            "security_groups.#": "0",
                            "source_dest_check": "true",
                            "subnet_id": "subnet-40fa021d",
                            "tags.%": "11",
                            "tags.Name": "prod.instance.swarm-worker.infra-build.prod.us-east-1a",
                            "tags.jra.environment": "prod",
                            "tags.jra.environment-instance-id": "wjex0ZsYzBM",
                            "tags.jra.environment-size": "small",
                            "tags.jra.environment_type": "latest",
                            "tags.jra.failure-zone": "us-east-1-az-1",
                            "tags.jra.instance-name": "infra-build-us-east-1-az-1",
                            "tags.jra.instance-name-full": "prod.instance.swarm-worker.infra-build.prod.us-east-1a",
                            "tags.jra.subnet-type": "private",
                            "tags.jra.swarm-instance-type": "swarm-worker",
                            "tags.jra.swarm-node-type": "infra-build",
                            "tenancy": "default",
                            "vpc_security_group_ids.#": "1",
                            "vpc_security_group_ids.2781333185": "sg-f013f785"
                        },
                        "meta": {
                            "schema_version": "1"
                        },
                        "tainted": false
                    },
                    "deposed": [],
                    "provider": ""
                },
                "aws_instance.infra-logging-az-1": {
                    "type": "aws_instance",
                    "depends_on": [
                        "aws_security_group.private_infra-logging",
                        "aws_subnet.az-1-private",
                        "random_id.env-instance"
                    ],
                    "primary": {
                        "id": "i-0b1d9e9cb6a4bb5b0",
                        "attributes": {
                            "ami": "ami-cd0f5cb6",
                            "associate_public_ip_address": "true",
                            "availability_zone": "us-east-1a",
                            "disable_api_termination": "false",
                            "ebs_block_device.#": "0",
                            "ebs_optimized": "false",
                            "ephemeral_block_device.#": "0",
                            "iam_instance_profile": "",
                            "id": "i-0b1d9e9cb6a4bb5b0",
                            "instance_state": "running",
                            "instance_type": "t2.medium",
                            "key_name": "jra-build",
                            "monitoring": "true",
                            "network_interface_id": "eni-998feb2f",
                            "private_dns": "ip-10-0-1-188.ec2.internal",
                            "private_ip": "10.0.1.188",
                            "public_dns": "ec2-34-201-220-105.compute-1.amazonaws.com",
                            "public_ip": "34.201.220.105",
                            "root_block_device.#": "1",
                            "root_block_device.0.delete_on_termination": "true",
                            "root_block_device.0.iops": "100",
                            "root_block_device.0.volume_size": "8",
                            "root_block_device.0.volume_type": "gp2",
                            "security_groups.#": "0",
                            "source_dest_check": "true",
                            "subnet_id": "subnet-40fa021d",
                            "tags.%": "11",
                            "tags.Name": "prod.instance.swarm-worker.infra-logging.prod.us-east-1a",
                            "tags.jra.environment": "prod",
                            "tags.jra.environment-instance-id": "wjex0ZsYzBM",
                            "tags.jra.environment-size": "small",
                            "tags.jra.environment_type": "latest",
                            "tags.jra.failure-zone": "us-east-1-az-1",
                            "tags.jra.instance-name": "infra-logging-us-east-1-az-1",
                            "tags.jra.instance-name-full": "prod.instance.swarm-worker.infra-logging.prod.us-east-1a",
                            "tags.jra.subnet-type": "private",
                            "tags.jra.swarm-instance-type": "swarm-worker",
                            "tags.jra.swarm-node-type": "infra-logging",
                            "tenancy": "default",
                            "vpc_security_group_ids.#": "1",
                            "vpc_security_group_ids.2588313997": "sg-7911f50c"
                        },
                        "meta": {
                            "schema_version": "1"
                        },
                        "tainted": false
                    },
                    "deposed": [],
                    "provider": ""
                },
                "aws_instance.infra-monitoring-az-1": {
                    "type": "aws_instance",
                    "depends_on": [
                        "aws_security_group.private_infra-monitoring",
                        "aws_subnet.az-1-private",
                        "random_id.env-instance"
                    ],
                    "primary": {
                        "id": "i-03aa6567b3f6d6eee",
                        "attributes": {
                            "ami": "ami-cd0f5cb6",
                            "associate_public_ip_address": "true",
                            "availability_zone": "us-east-1a",
                            "disable_api_termination": "false",
                            "ebs_block_device.#": "0",
                            "ebs_optimized": "false",
                            "ephemeral_block_device.#": "0",
                            "iam_instance_profile": "",
                            "id": "i-03aa6567b3f6d6eee",
                            "instance_state": "running",
                            "instance_type": "t2.medium",
                            "key_name": "jra-build",
                            "monitoring": "true",
                            "network_interface_id": "eni-0d8de9bb",
                            "private_dns": "ip-10-0-1-52.ec2.internal",
                            "private_ip": "10.0.1.52",
                            "public_dns": "ec2-34-228-236-171.compute-1.amazonaws.com",
                            "public_ip": "34.228.236.171",
                            "root_block_device.#": "1",
                            "root_block_device.0.delete_on_termination": "true",
                            "root_block_device.0.iops": "100",
                            "root_block_device.0.volume_size": "8",
                            "root_block_device.0.volume_type": "gp2",
                            "security_groups.#": "0",
                            "source_dest_check": "true",
                            "subnet_id": "subnet-40fa021d",
                            "tags.%": "11",
                            "tags.Name": "prod.instance.swarm-worker.infra-monitoring.prod.us-east-1a",
                            "tags.jra.environment": "prod",
                            "tags.jra.environment-instance-id": "wjex0ZsYzBM",
                            "tags.jra.environment-size": "small",
                            "tags.jra.environment_type": "latest",
                            "tags.jra.failure-zone": "us-east-1-az-1",
                            "tags.jra.instance-name": "infra-monitoring-us-east-1-az-1",
                            "tags.jra.instance-name-full": "prod.instance.swarm-worker.infra-monitoring.prod.us-east-1a",
                            "tags.jra.subnet-type": "private",
                            "tags.jra.swarm-instance-type": "swarm-worker",
                            "tags.jra.swarm-node-type": "infra-monitoring",
                            "tenancy": "default",
                            "vpc_security_group_ids.#": "1",
                            "vpc_security_group_ids.2365837204": "sg-7213f707"
                        },
                        "meta": {
                            "schema_version": "1"
                        },
                        "tainted": false
                    },
                    "deposed": [],
                    "provider": ""
                },
                "aws_instance.infra-persistence-az-1": {
                    "type": "aws_instance",
                    "depends_on": [
                        "aws_security_group.private_infra-persistence",
                        "aws_subnet.az-1-private",
                        "random_id.env-instance"
                    ],
                    "primary": {
                        "id": "i-08cb56aa2a37f659b",
                        "attributes": {
                            "ami": "ami-cd0f5cb6",
                            "associate_public_ip_address": "true",
                            "availability_zone": "us-east-1a",
                            "disable_api_termination": "false",
                            "ebs_block_device.#": "0",
                            "ebs_optimized": "false",
                            "ephemeral_block_device.#": "0",
                            "iam_instance_profile": "",
                            "id": "i-08cb56aa2a37f659b",
                            "instance_state": "running",
                            "instance_type": "t2.micro",
                            "key_name": "jra-build",
                            "monitoring": "true",
                            "network_interface_id": "eni-e58de953",
                            "private_dns": "ip-10-0-1-218.ec2.internal",
                            "private_ip": "10.0.1.218",
                            "public_dns": "ec2-52-70-63-147.compute-1.amazonaws.com",
                            "public_ip": "52.70.63.147",
                            "root_block_device.#": "1",
                            "root_block_device.0.delete_on_termination": "true",
                            "root_block_device.0.iops": "100",
                            "root_block_device.0.volume_size": "8",
                            "root_block_device.0.volume_type": "gp2",
                            "security_groups.#": "0",
                            "source_dest_check": "true",
                            "subnet_id": "subnet-40fa021d",
                            "tags.%": "11",
                            "tags.Name": "prod.instance.swarm-worker.infra-persistence.prod.us-east-1a",
                            "tags.jra.environment": "prod",
                            "tags.jra.environment-instance-id": "wjex0ZsYzBM",
                            "tags.jra.environment-size": "small",
                            "tags.jra.environment_type": "latest",
                            "tags.jra.failure-zone": "us-east-1-az-1",
                            "tags.jra.instance-name": "infra-persistence-us-east-1-az-1",
                            "tags.jra.instance-name-full": "prod.instance.swarm-worker.infra-persistence.prod.us-east-1a",
                            "tags.jra.subnet-type": "private",
                            "tags.jra.swarm-instance-type": "swarm-worker",
                            "tags.jra.swarm-node-type": "infra-persistence",
                            "tenancy": "default",
                            "vpc_security_group_ids.#": "1",
                            "vpc_security_group_ids.96374942": "sg-3b16f24e"
                        },
                        "meta": {
                            "schema_version": "1"
                        },
                        "tainted": false
                    },
                    "deposed": [],
                    "provider": ""
                },
                "aws_instance.infra-repos-az-1": {
                    "type": "aws_instance",
                    "depends_on": [
                        "aws_security_group.private_infra-repos",
                        "aws_subnet.az-1-private",
                        "random_id.env-instance"
                    ],
                    "primary": {
                        "id": "i-0366ad5ee80b14a0a",
                        "attributes": {
                            "ami": "ami-cd0f5cb6",
                            "associate_public_ip_address": "true",
                            "availability_zone": "us-east-1a",
                            "disable_api_termination": "false",
                            "ebs_block_device.#": "0",
                            "ebs_optimized": "false",
                            "ephemeral_block_device.#": "0",
                            "iam_instance_profile": "",
                            "id": "i-0366ad5ee80b14a0a",
                            "instance_state": "running",
                            "instance_type": "t2.medium",
                            "key_name": "jra-build",
                            "monitoring": "true",
                            "network_interface_id": "eni-968ce820",
                            "private_dns": "ip-10-0-1-83.ec2.internal",
                            "private_ip": "10.0.1.83",
                            "public_dns": "ec2-52-91-110-202.compute-1.amazonaws.com",
                            "public_ip": "52.91.110.202",
                            "root_block_device.#": "1",
                            "root_block_device.0.delete_on_termination": "true",
                            "root_block_device.0.iops": "100",
                            "root_block_device.0.volume_size": "8",
                            "root_block_device.0.volume_type": "gp2",
                            "security_groups.#": "0",
                            "source_dest_check": "true",
                            "subnet_id": "subnet-40fa021d",
                            "tags.%": "11",
                            "tags.Name": "prod.instance.swarm-worker.infra-repos.prod.us-east-1a",
                            "tags.jra.environment": "prod",
                            "tags.jra.environment-instance-id": "wjex0ZsYzBM",
                            "tags.jra.environment-size": "small",
                            "tags.jra.environment_type": "latest",
                            "tags.jra.failure-zone": "us-east-1-az-1",
                            "tags.jra.instance-name": "infra-repos-us-east-1-az-1",
                            "tags.jra.instance-name-full": "prod.instance.swarm-worker.infra-repos.prod.us-east-1a",
                            "tags.jra.subnet-type": "private",
                            "tags.jra.swarm-instance-type": "swarm-worker",
                            "tags.jra.swarm-node-type": "infra-repos",
                            "tenancy": "default",
                            "vpc_security_group_ids.#": "1",
                            "vpc_security_group_ids.1235871581": "sg-fb1cf88e"
                        },
                        "meta": {
                            "schema_version": "1"
                        },
                        "tainted": false
                    },
                    "deposed": [],
                    "provider": ""
                },
                "aws_instance.swarm-manager-az-1": {
                    "type": "aws_instance",
                    "depends_on": [
                        "aws_security_group.private_swarm-manager",
                        "aws_subnet.az-1-private",
                        "random_id.env-instance"
                    ],
                    "primary": {
                        "id": "i-0066b0eaaf955e870",
                        "attributes": {
                            "ami": "ami-cd0f5cb6",
                            "associate_public_ip_address": "true",
                            "availability_zone": "us-east-1a",
                            "disable_api_termination": "false",
                            "ebs_block_device.#": "0",
                            "ebs_optimized": "false",
                            "ephemeral_block_device.#": "0",
                            "iam_instance_profile": "",
                            "id": "i-0066b0eaaf955e870",
                            "instance_state": "running",
                            "instance_type": "t2.micro",
                            "key_name": "jra-build",
                            "monitoring": "true",
                            "network_interface_id": "eni-e48de952",
                            "private_dns": "ip-10-0-1-57.ec2.internal",
                            "private_ip": "10.0.1.57",
                            "public_dns": "ec2-54-165-84-18.compute-1.amazonaws.com",
                            "public_ip": "54.165.84.18",
                            "root_block_device.#": "1",
                            "root_block_device.0.delete_on_termination": "true",
                            "root_block_device.0.iops": "100",
                            "root_block_device.0.volume_size": "8",
                            "root_block_device.0.volume_type": "gp2",
                            "security_groups.#": "0",
                            "source_dest_check": "true",
                            "subnet_id": "subnet-40fa021d",
                            "tags.%": "11",
                            "tags.Name": "prod.instance.swarm-manager.infra-swarm-manager.prod.us-east-1a",
                            "tags.jra.environment": "prod",
                            "tags.jra.environment-instance-id": "wjex0ZsYzBM",
                            "tags.jra.environment-size": "small",
                            "tags.jra.environment_type": "latest",
                            "tags.jra.failure-zone": "us-east-1-az-1",
                            "tags.jra.instance-name": "infra-swarm-manager-us-east-1-az-1",
                            "tags.jra.instance-name-full": "prod.instance.swarm-manager.infra-swarm-manager.prod.us-east-1a",
                            "tags.jra.subnet-type": "private",
                            "tags.jra.swarm-instance-type": "swarm-manager",
                            "tags.jra.swarm-node-type": "infra-swarm-manager",
                            "tenancy": "default",
                            "vpc_security_group_ids.#": "1",
                            "vpc_security_group_ids.2968294189": "sg-d210f4a7"
                        },
                        "meta": {
                            "schema_version": "1"
                        },
                        "tainted": false
                    },
                    "deposed": [],
                    "provider": ""
                },
                "aws_internet_gateway.jra_igw": {
                    "type": "aws_internet_gateway",
                    "depends_on": [
                        "aws_vpc.jra_vpc",
                        "random_id.env-instance"
                    ],
                    "primary": {
                        "id": "igw-fcff7285",
                        "attributes": {
                            "id": "igw-fcff7285",
                            "tags.%": "5",
                            "tags.Name": "prod.igw.us-east-1",
                            "tags.jra.environment": "prod",
                            "tags.jra.environment-instance-id": "wjex0ZsYzBM",
                            "tags.jra.environment-size": "small",
                            "tags.jra.environment_type": "latest",
                            "vpc_id": "vpc-7380050b"
                        },
                        "meta": {},
                        "tainted": false
                    },
                    "deposed": [],
                    "provider": ""
                },
                "aws_nat_gateway.az-1-public": {
                    "type": "aws_nat_gateway",
                    "depends_on": [
                        "aws_eip.az-1-public",
                        "aws_subnet.az-1-public"
                    ],
                    "primary": {
                        "id": "nat-0595fe84c30a29941",
                        "attributes": {
                            "allocation_id": "eipalloc-fa203acf",
                            "id": "nat-0595fe84c30a29941",
                            "network_interface_id": "eni-a98eea1f",
                            "private_ip": "10.0.0.191",
                            "public_ip": "34.230.255.208",
                            "subnet_id": "subnet-71f8002c"
                        },
                        "meta": {},
                        "tainted": false
                    },
                    "deposed": [],
                    "provider": ""
                },
                "aws_route53_record.admin-proxy": {
                    "type": "aws_route53_record",
                    "depends_on": [
                        "aws_elb.elb-public-admin",
                        "aws_elb.elb-public-admin"
                    ],
                    "primary": {
                        "id": "ZNB07JQ96IG7T_admin-proxy.joericearchitect.com_A",
                        "attributes": {
                            "alias.#": "1",
                            "alias.2315258911.evaluate_target_health": "true",
                            "alias.2315258911.name": "prod-jra-elb-us-east-1-admin-629017544.us-east-1.elb.amazonaws.com",
                            "alias.2315258911.zone_id": "Z35SXDOTRQ7X7K",
                            "fqdn": "admin-proxy.joericearchitect.com",
                            "health_check_id": "",
                            "id": "ZNB07JQ96IG7T_admin-proxy.joericearchitect.com_A",
                            "name": "admin-proxy.joericearchitect.com",
                            "records.#": "0",
                            "set_identifier": "",
                            "ttl": "0",
                            "type": "A",
                            "zone_id": "ZNB07JQ96IG7T"
                        },
                        "meta": {
                            "schema_version": "2"
                        },
                        "tainted": false
                    },
                    "deposed": [],
                    "provider": ""
                },
                "aws_route53_record.alert": {
                    "type": "aws_route53_record",
                    "depends_on": [
                        "aws_elb.elb-public-monitoring",
                        "aws_elb.elb-public-monitoring"
                    ],
                    "primary": {
                        "id": "ZNB07JQ96IG7T_alerts.joericearchitect.com_A",
                        "attributes": {
                            "alias.#": "1",
                            "alias.1887470238.evaluate_target_health": "true",
                            "alias.1887470238.name": "prod-jra-elb-us-east-1-monitor-343675896.us-east-1.elb.amazonaws.com",
                            "alias.1887470238.zone_id": "Z35SXDOTRQ7X7K",
                            "fqdn": "alerts.joericearchitect.com",
                            "health_check_id": "",
                            "id": "ZNB07JQ96IG7T_alerts.joericearchitect.com_A",
                            "name": "alerts.joericearchitect.com",
                            "records.#": "0",
                            "set_identifier": "",
                            "ttl": "0",
                            "type": "A",
                            "zone_id": "ZNB07JQ96IG7T"
                        },
                        "meta": {
                            "schema_version": "2"
                        },
                        "tainted": false
                    },
                    "deposed": [],
                    "provider": ""
                },
                "aws_route53_record.api": {
                    "type": "aws_route53_record",
                    "depends_on": [
                        "aws_elb.elb-public-app-api",
                        "aws_elb.elb-public-app-api"
                    ],
                    "primary": {
                        "id": "ZNB07JQ96IG7T_api.joericearchitect.com_A",
                        "attributes": {
                            "alias.#": "1",
                            "alias.1784016204.evaluate_target_health": "true",
                            "alias.1784016204.name": "prod-jra-elb-us-east-1-app-api-1273211692.us-east-1.elb.amazonaws.com",
                            "alias.1784016204.zone_id": "Z35SXDOTRQ7X7K",
                            "fqdn": "api.joericearchitect.com",
                            "health_check_id": "",
                            "id": "ZNB07JQ96IG7T_api.joericearchitect.com_A",
                            "name": "api.joericearchitect.com",
                            "records.#": "0",
                            "set_identifier": "",
                            "ttl": "0",
                            "type": "A",
                            "zone_id": "ZNB07JQ96IG7T"
                        },
                        "meta": {
                            "schema_version": "2"
                        },
                        "tainted": false
                    },
                    "deposed": [],
                    "provider": ""
                },
                "aws_route53_record.blog": {
                    "type": "aws_route53_record",
                    "depends_on": [
                        "aws_elb.elb-public-app-ui",
                        "aws_elb.elb-public-app-ui"
                    ],
                    "primary": {
                        "id": "ZNB07JQ96IG7T_blog.joericearchitect.com_A",
                        "attributes": {
                            "alias.#": "1",
                            "alias.1231586174.evaluate_target_health": "true",
                            "alias.1231586174.name": "prod-jra-elb-us-east-1-app-ui-1875577789.us-east-1.elb.amazonaws.com",
                            "alias.1231586174.zone_id": "Z35SXDOTRQ7X7K",
                            "fqdn": "blog.joericearchitect.com",
                            "health_check_id": "",
                            "id": "ZNB07JQ96IG7T_blog.joericearchitect.com_A",
                            "name": "blog.joericearchitect.com",
                            "records.#": "0",
                            "set_identifier": "",
                            "ttl": "0",
                            "type": "A",
                            "zone_id": "ZNB07JQ96IG7T"
                        },
                        "meta": {
                            "schema_version": "2"
                        },
                        "tainted": false
                    },
                    "deposed": [],
                    "provider": ""
                },
                "aws_route53_record.build": {
                    "type": "aws_route53_record",
                    "depends_on": [
                        "aws_elb.elb-public-admin",
                        "aws_elb.elb-public-admin"
                    ],
                    "primary": {
                        "id": "ZNB07JQ96IG7T_build.joericearchitect.com_A",
                        "attributes": {
                            "alias.#": "1",
                            "alias.2315258911.evaluate_target_health": "true",
                            "alias.2315258911.name": "prod-jra-elb-us-east-1-admin-629017544.us-east-1.elb.amazonaws.com",
                            "alias.2315258911.zone_id": "Z35SXDOTRQ7X7K",
                            "fqdn": "build.joericearchitect.com",
                            "health_check_id": "",
                            "id": "ZNB07JQ96IG7T_build.joericearchitect.com_A",
                            "name": "build.joericearchitect.com",
                            "records.#": "0",
                            "set_identifier": "",
                            "ttl": "0",
                            "type": "A",
                            "zone_id": "ZNB07JQ96IG7T"
                        },
                        "meta": {
                            "schema_version": "2"
                        },
                        "tainted": false
                    },
                    "deposed": [],
                    "provider": ""
                },
                "aws_route53_record.cadvisor": {
                    "type": "aws_route53_record",
                    "depends_on": [
                        "aws_elb.elb-public-monitoring",
                        "aws_elb.elb-public-monitoring"
                    ],
                    "primary": {
                        "id": "ZNB07JQ96IG7T_cadvisor.joericearchitect.com_A",
                        "attributes": {
                            "alias.#": "1",
                            "alias.1887470238.evaluate_target_health": "true",
                            "alias.1887470238.name": "prod-jra-elb-us-east-1-monitor-343675896.us-east-1.elb.amazonaws.com",
                            "alias.1887470238.zone_id": "Z35SXDOTRQ7X7K",
                            "fqdn": "cadvisor.joericearchitect.com",
                            "health_check_id": "",
                            "id": "ZNB07JQ96IG7T_cadvisor.joericearchitect.com_A",
                            "name": "cadvisor.joericearchitect.com",
                            "records.#": "0",
                            "set_identifier": "",
                            "ttl": "0",
                            "type": "A",
                            "zone_id": "ZNB07JQ96IG7T"
                        },
                        "meta": {
                            "schema_version": "2"
                        },
                        "tainted": false
                    },
                    "deposed": [],
                    "provider": ""
                },
                "aws_route53_record.docker": {
                    "type": "aws_route53_record",
                    "depends_on": [
                        "aws_elb.elb-public-admin",
                        "aws_elb.elb-public-admin"
                    ],
                    "primary": {
                        "id": "ZNB07JQ96IG7T_docker.joericearchitect.com_A",
                        "attributes": {
                            "alias.#": "1",
                            "alias.2315258911.evaluate_target_health": "true",
                            "alias.2315258911.name": "prod-jra-elb-us-east-1-admin-629017544.us-east-1.elb.amazonaws.com",
                            "alias.2315258911.zone_id": "Z35SXDOTRQ7X7K",
                            "fqdn": "docker.joericearchitect.com",
                            "health_check_id": "",
                            "id": "ZNB07JQ96IG7T_docker.joericearchitect.com_A",
                            "name": "docker.joericearchitect.com",
                            "records.#": "0",
                            "set_identifier": "",
                            "ttl": "0",
                            "type": "A",
                            "zone_id": "ZNB07JQ96IG7T"
                        },
                        "meta": {
                            "schema_version": "2"
                        },
                        "tainted": false
                    },
                    "deposed": [],
                    "provider": ""
                },
                "aws_route53_record.dockerui": {
                    "type": "aws_route53_record",
                    "depends_on": [
                        "aws_elb.elb-public-admin",
                        "aws_elb.elb-public-admin"
                    ],
                    "primary": {
                        "id": "ZNB07JQ96IG7T_dockerui.joericearchitect.com_A",
                        "attributes": {
                            "alias.#": "1",
                            "alias.2315258911.evaluate_target_health": "true",
                            "alias.2315258911.name": "prod-jra-elb-us-east-1-admin-629017544.us-east-1.elb.amazonaws.com",
                            "alias.2315258911.zone_id": "Z35SXDOTRQ7X7K",
                            "fqdn": "dockerui.joericearchitect.com",
                            "health_check_id": "",
                            "id": "ZNB07JQ96IG7T_dockerui.joericearchitect.com_A",
                            "name": "dockerui.joericearchitect.com",
                            "records.#": "0",
                            "set_identifier": "",
                            "ttl": "0",
                            "type": "A",
                            "zone_id": "ZNB07JQ96IG7T"
                        },
                        "meta": {
                            "schema_version": "2"
                        },
                        "tainted": false
                    },
                    "deposed": [],
                    "provider": ""
                },
                "aws_route53_record.dockervisual": {
                    "type": "aws_route53_record",
                    "depends_on": [
                        "aws_elb.elb-public-admin",
                        "aws_elb.elb-public-admin"
                    ],
                    "primary": {
                        "id": "ZNB07JQ96IG7T_dockervisual.joericearchitect.com_A",
                        "attributes": {
                            "alias.#": "1",
                            "alias.2315258911.evaluate_target_health": "true",
                            "alias.2315258911.name": "prod-jra-elb-us-east-1-admin-629017544.us-east-1.elb.amazonaws.com",
                            "alias.2315258911.zone_id": "Z35SXDOTRQ7X7K",
                            "fqdn": "dockervisual.joericearchitect.com",
                            "health_check_id": "",
                            "id": "ZNB07JQ96IG7T_dockervisual.joericearchitect.com_A",
                            "name": "dockervisual.joericearchitect.com",
                            "records.#": "0",
                            "set_identifier": "",
                            "ttl": "0",
                            "type": "A",
                            "zone_id": "ZNB07JQ96IG7T"
                        },
                        "meta": {
                            "schema_version": "2"
                        },
                        "tainted": false
                    },
                    "deposed": [],
                    "provider": ""
                },
                "aws_route53_record.elasticsearch": {
                    "type": "aws_route53_record",
                    "depends_on": [
                        "aws_elb.elb-public-logging",
                        "aws_elb.elb-public-logging"
                    ],
                    "primary": {
                        "id": "ZNB07JQ96IG7T_es.joericearchitect.com_A",
                        "attributes": {
                            "alias.#": "1",
                            "alias.3244786710.evaluate_target_health": "true",
                            "alias.3244786710.name": "prod-jra-elb-us-east-1-logging-464852069.us-east-1.elb.amazonaws.com",
                            "alias.3244786710.zone_id": "Z35SXDOTRQ7X7K",
                            "fqdn": "es.joericearchitect.com",
                            "health_check_id": "",
                            "id": "ZNB07JQ96IG7T_es.joericearchitect.com_A",
                            "name": "es.joericearchitect.com",
                            "records.#": "0",
                            "set_identifier": "",
                            "ttl": "0",
                            "type": "A",
                            "zone_id": "ZNB07JQ96IG7T"
                        },
                        "meta": {
                            "schema_version": "2"
                        },
                        "tainted": false
                    },
                    "deposed": [],
                    "provider": ""
                },
                "aws_route53_record.fluentd": {
                    "type": "aws_route53_record",
                    "depends_on": [
                        "aws_elb.elb-public-logging",
                        "aws_elb.elb-public-logging"
                    ],
                    "primary": {
                        "id": "ZNB07JQ96IG7T_fluentd.joericearchitect.com_A",
                        "attributes": {
                            "alias.#": "1",
                            "alias.3244786710.evaluate_target_health": "true",
                            "alias.3244786710.name": "prod-jra-elb-us-east-1-logging-464852069.us-east-1.elb.amazonaws.com",
                            "alias.3244786710.zone_id": "Z35SXDOTRQ7X7K",
                            "fqdn": "fluentd.joericearchitect.com",
                            "health_check_id": "",
                            "id": "ZNB07JQ96IG7T_fluentd.joericearchitect.com_A",
                            "name": "fluentd.joericearchitect.com",
                            "records.#": "0",
                            "set_identifier": "",
                            "ttl": "0",
                            "type": "A",
                            "zone_id": "ZNB07JQ96IG7T"
                        },
                        "meta": {
                            "schema_version": "2"
                        },
                        "tainted": false
                    },
                    "deposed": [],
                    "provider": ""
                },
                "aws_route53_record.grafana": {
                    "type": "aws_route53_record",
                    "depends_on": [
                        "aws_elb.elb-public-monitoring",
                        "aws_elb.elb-public-monitoring"
                    ],
                    "primary": {
                        "id": "ZNB07JQ96IG7T_grafana.joericearchitect.com_A",
                        "attributes": {
                            "alias.#": "1",
                            "alias.1887470238.evaluate_target_health": "true",
                            "alias.1887470238.name": "prod-jra-elb-us-east-1-monitor-343675896.us-east-1.elb.amazonaws.com",
                            "alias.1887470238.zone_id": "Z35SXDOTRQ7X7K",
                            "fqdn": "grafana.joericearchitect.com",
                            "health_check_id": "",
                            "id": "ZNB07JQ96IG7T_grafana.joericearchitect.com_A",
                            "name": "grafana.joericearchitect.com",
                            "records.#": "0",
                            "set_identifier": "",
                            "ttl": "0",
                            "type": "A",
                            "zone_id": "ZNB07JQ96IG7T"
                        },
                        "meta": {
                            "schema_version": "2"
                        },
                        "tainted": false
                    },
                    "deposed": [],
                    "provider": ""
                },
                "aws_route53_record.jira": {
                    "type": "aws_route53_record",
                    "depends_on": [
                        "aws_elb.elb-public-admin",
                        "aws_elb.elb-public-admin"
                    ],
                    "primary": {
                        "id": "ZNB07JQ96IG7T_jira.joericearchitect.com_A",
                        "attributes": {
                            "alias.#": "1",
                            "alias.2315258911.evaluate_target_health": "true",
                            "alias.2315258911.name": "prod-jra-elb-us-east-1-admin-629017544.us-east-1.elb.amazonaws.com",
                            "alias.2315258911.zone_id": "Z35SXDOTRQ7X7K",
                            "fqdn": "jira.joericearchitect.com",
                            "health_check_id": "",
                            "id": "ZNB07JQ96IG7T_jira.joericearchitect.com_A",
                            "name": "jira.joericearchitect.com",
                            "records.#": "0",
                            "set_identifier": "",
                            "ttl": "0",
                            "type": "A",
                            "zone_id": "ZNB07JQ96IG7T"
                        },
                        "meta": {
                            "schema_version": "2"
                        },
                        "tainted": false
                    },
                    "deposed": [],
                    "provider": ""
                },
                "aws_route53_record.kibana": {
                    "type": "aws_route53_record",
                    "depends_on": [
                        "aws_elb.elb-public-logging",
                        "aws_elb.elb-public-logging"
                    ],
                    "primary": {
                        "id": "ZNB07JQ96IG7T_kibana.joericearchitect.com_A",
                        "attributes": {
                            "alias.#": "1",
                            "alias.3244786710.evaluate_target_health": "true",
                            "alias.3244786710.name": "prod-jra-elb-us-east-1-logging-464852069.us-east-1.elb.amazonaws.com",
                            "alias.3244786710.zone_id": "Z35SXDOTRQ7X7K",
                            "fqdn": "kibana.joericearchitect.com",
                            "health_check_id": "",
                            "id": "ZNB07JQ96IG7T_kibana.joericearchitect.com_A",
                            "name": "kibana.joericearchitect.com",
                            "records.#": "0",
                            "set_identifier": "",
                            "ttl": "0",
                            "type": "A",
                            "zone_id": "ZNB07JQ96IG7T"
                        },
                        "meta": {
                            "schema_version": "2"
                        },
                        "tainted": false
                    },
                    "deposed": [],
                    "provider": ""
                },
                "aws_route53_record.logging-proxy": {
                    "type": "aws_route53_record",
                    "depends_on": [
                        "aws_elb.elb-public-logging",
                        "aws_elb.elb-public-logging"
                    ],
                    "primary": {
                        "id": "ZNB07JQ96IG7T_logging-proxy.joericearchitect.com_A",
                        "attributes": {
                            "alias.#": "1",
                            "alias.3244786710.evaluate_target_health": "true",
                            "alias.3244786710.name": "prod-jra-elb-us-east-1-logging-464852069.us-east-1.elb.amazonaws.com",
                            "alias.3244786710.zone_id": "Z35SXDOTRQ7X7K",
                            "fqdn": "logging-proxy.joericearchitect.com",
                            "health_check_id": "",
                            "id": "ZNB07JQ96IG7T_logging-proxy.joericearchitect.com_A",
                            "name": "logging-proxy.joericearchitect.com",
                            "records.#": "0",
                            "set_identifier": "",
                            "ttl": "0",
                            "type": "A",
                            "zone_id": "ZNB07JQ96IG7T"
                        },
                        "meta": {
                            "schema_version": "2"
                        },
                        "tainted": false
                    },
                    "deposed": [],
                    "provider": ""
                },
                "aws_route53_record.monitoring-proxy": {
                    "type": "aws_route53_record",
                    "depends_on": [
                        "aws_elb.elb-public-monitoring",
                        "aws_elb.elb-public-monitoring"
                    ],
                    "primary": {
                        "id": "ZNB07JQ96IG7T_monitoring-proxy.joericearchitect.com_A",
                        "attributes": {
                            "alias.#": "1",
                            "alias.1887470238.evaluate_target_health": "true",
                            "alias.1887470238.name": "prod-jra-elb-us-east-1-monitor-343675896.us-east-1.elb.amazonaws.com",
                            "alias.1887470238.zone_id": "Z35SXDOTRQ7X7K",
                            "fqdn": "monitoring-proxy.joericearchitect.com",
                            "health_check_id": "",
                            "id": "ZNB07JQ96IG7T_monitoring-proxy.joericearchitect.com_A",
                            "name": "monitoring-proxy.joericearchitect.com",
                            "records.#": "0",
                            "set_identifier": "",
                            "ttl": "0",
                            "type": "A",
                            "zone_id": "ZNB07JQ96IG7T"
                        },
                        "meta": {
                            "schema_version": "2"
                        },
                        "tainted": false
                    },
                    "deposed": [],
                    "provider": ""
                },
                "aws_route53_record.nexus": {
                    "type": "aws_route53_record",
                    "depends_on": [
                        "aws_elb.elb-public-admin",
                        "aws_elb.elb-public-admin"
                    ],
                    "primary": {
                        "id": "ZNB07JQ96IG7T_nexus.joericearchitect.com_A",
                        "attributes": {
                            "alias.#": "1",
                            "alias.2315258911.evaluate_target_health": "true",
                            "alias.2315258911.name": "prod-jra-elb-us-east-1-admin-629017544.us-east-1.elb.amazonaws.com",
                            "alias.2315258911.zone_id": "Z35SXDOTRQ7X7K",
                            "fqdn": "nexus.joericearchitect.com",
                            "health_check_id": "",
                            "id": "ZNB07JQ96IG7T_nexus.joericearchitect.com_A",
                            "name": "nexus.joericearchitect.com",
                            "records.#": "0",
                            "set_identifier": "",
                            "ttl": "0",
                            "type": "A",
                            "zone_id": "ZNB07JQ96IG7T"
                        },
                        "meta": {
                            "schema_version": "2"
                        },
                        "tainted": false
                    },
                    "deposed": [],
                    "provider": ""
                },
                "aws_route53_record.prometheus": {
                    "type": "aws_route53_record",
                    "depends_on": [
                        "aws_elb.elb-public-monitoring",
                        "aws_elb.elb-public-monitoring"
                    ],
                    "primary": {
                        "id": "ZNB07JQ96IG7T_prometheus.joericearchitect.com_A",
                        "attributes": {
                            "alias.#": "1",
                            "alias.1887470238.evaluate_target_health": "true",
                            "alias.1887470238.name": "prod-jra-elb-us-east-1-monitor-343675896.us-east-1.elb.amazonaws.com",
                            "alias.1887470238.zone_id": "Z35SXDOTRQ7X7K",
                            "fqdn": "prometheus.joericearchitect.com",
                            "health_check_id": "",
                            "id": "ZNB07JQ96IG7T_prometheus.joericearchitect.com_A",
                            "name": "prometheus.joericearchitect.com",
                            "records.#": "0",
                            "set_identifier": "",
                            "ttl": "0",
                            "type": "A",
                            "zone_id": "ZNB07JQ96IG7T"
                        },
                        "meta": {
                            "schema_version": "2"
                        },
                        "tainted": false
                    },
                    "deposed": [],
                    "provider": ""
                },
                "aws_route53_record.proxy": {
                    "type": "aws_route53_record",
                    "depends_on": [
                        "aws_elb.elb-public-app-ui",
                        "aws_elb.elb-public-app-ui"
                    ],
                    "primary": {
                        "id": "ZNB07JQ96IG7T_proxy.joericearchitect.com_A",
                        "attributes": {
                            "alias.#": "1",
                            "alias.1231586174.evaluate_target_health": "true",
                            "alias.1231586174.name": "prod-jra-elb-us-east-1-app-ui-1875577789.us-east-1.elb.amazonaws.com",
                            "alias.1231586174.zone_id": "Z35SXDOTRQ7X7K",
                            "fqdn": "proxy.joericearchitect.com",
                            "health_check_id": "",
                            "id": "ZNB07JQ96IG7T_proxy.joericearchitect.com_A",
                            "name": "proxy.joericearchitect.com",
                            "records.#": "0",
                            "set_identifier": "",
                            "ttl": "0",
                            "type": "A",
                            "zone_id": "ZNB07JQ96IG7T"
                        },
                        "meta": {
                            "schema_version": "2"
                        },
                        "tainted": false
                    },
                    "deposed": [],
                    "provider": ""
                },
                "aws_route53_record.sonar": {
                    "type": "aws_route53_record",
                    "depends_on": [
                        "aws_elb.elb-public-admin",
                        "aws_elb.elb-public-admin"
                    ],
                    "primary": {
                        "id": "ZNB07JQ96IG7T_sonar.joericearchitect.com_A",
                        "attributes": {
                            "alias.#": "1",
                            "alias.2315258911.evaluate_target_health": "true",
                            "alias.2315258911.name": "prod-jra-elb-us-east-1-admin-629017544.us-east-1.elb.amazonaws.com",
                            "alias.2315258911.zone_id": "Z35SXDOTRQ7X7K",
                            "fqdn": "sonar.joericearchitect.com",
                            "health_check_id": "",
                            "id": "ZNB07JQ96IG7T_sonar.joericearchitect.com_A",
                            "name": "sonar.joericearchitect.com",
                            "records.#": "0",
                            "set_identifier": "",
                            "ttl": "0",
                            "type": "A",
                            "zone_id": "ZNB07JQ96IG7T"
                        },
                        "meta": {
                            "schema_version": "2"
                        },
                        "tainted": false
                    },
                    "deposed": [],
                    "provider": ""
                },
                "aws_route53_record.unsee": {
                    "type": "aws_route53_record",
                    "depends_on": [
                        "aws_elb.elb-public-monitoring",
                        "aws_elb.elb-public-monitoring"
                    ],
                    "primary": {
                        "id": "ZNB07JQ96IG7T_unsee.joericearchitect.com_A",
                        "attributes": {
                            "alias.#": "1",
                            "alias.1887470238.evaluate_target_health": "true",
                            "alias.1887470238.name": "prod-jra-elb-us-east-1-monitor-343675896.us-east-1.elb.amazonaws.com",
                            "alias.1887470238.zone_id": "Z35SXDOTRQ7X7K",
                            "fqdn": "unsee.joericearchitect.com",
                            "health_check_id": "",
                            "id": "ZNB07JQ96IG7T_unsee.joericearchitect.com_A",
                            "name": "unsee.joericearchitect.com",
                            "records.#": "0",
                            "set_identifier": "",
                            "ttl": "0",
                            "type": "A",
                            "zone_id": "ZNB07JQ96IG7T"
                        },
                        "meta": {
                            "schema_version": "2"
                        },
                        "tainted": false
                    },
                    "deposed": [],
                    "provider": ""
                },
                "aws_route53_record.wiki": {
                    "type": "aws_route53_record",
                    "depends_on": [
                        "aws_elb.elb-public-admin",
                        "aws_elb.elb-public-admin"
                    ],
                    "primary": {
                        "id": "ZNB07JQ96IG7T_wiki.joericearchitect.com_A",
                        "attributes": {
                            "alias.#": "1",
                            "alias.2315258911.evaluate_target_health": "true",
                            "alias.2315258911.name": "prod-jra-elb-us-east-1-admin-629017544.us-east-1.elb.amazonaws.com",
                            "alias.2315258911.zone_id": "Z35SXDOTRQ7X7K",
                            "fqdn": "wiki.joericearchitect.com",
                            "health_check_id": "",
                            "id": "ZNB07JQ96IG7T_wiki.joericearchitect.com_A",
                            "name": "wiki.joericearchitect.com",
                            "records.#": "0",
                            "set_identifier": "",
                            "ttl": "0",
                            "type": "A",
                            "zone_id": "ZNB07JQ96IG7T"
                        },
                        "meta": {
                            "schema_version": "2"
                        },
                        "tainted": false
                    },
                    "deposed": [],
                    "provider": ""
                },
                "aws_route53_record.www": {
                    "type": "aws_route53_record",
                    "depends_on": [
                        "aws_elb.elb-public-app-ui",
                        "aws_elb.elb-public-app-ui"
                    ],
                    "primary": {
                        "id": "ZNB07JQ96IG7T_www.joericearchitect.com_A",
                        "attributes": {
                            "alias.#": "1",
                            "alias.1231586174.evaluate_target_health": "true",
                            "alias.1231586174.name": "prod-jra-elb-us-east-1-app-ui-1875577789.us-east-1.elb.amazonaws.com",
                            "alias.1231586174.zone_id": "Z35SXDOTRQ7X7K",
                            "fqdn": "www.joericearchitect.com",
                            "health_check_id": "",
                            "id": "ZNB07JQ96IG7T_www.joericearchitect.com_A",
                            "name": "www.joericearchitect.com",
                            "records.#": "0",
                            "set_identifier": "",
                            "ttl": "0",
                            "type": "A",
                            "zone_id": "ZNB07JQ96IG7T"
                        },
                        "meta": {
                            "schema_version": "2"
                        },
                        "tainted": false
                    },
                    "deposed": [],
                    "provider": ""
                },
                "aws_route_table.private": {
                    "type": "aws_route_table",
                    "depends_on": [
                        "aws_internet_gateway.jra_igw",
                        "aws_vpc.jra_vpc",
                        "random_id.env-instance"
                    ],
                    "primary": {
                        "id": "rtb-ed002497",
                        "attributes": {
                            "id": "rtb-ed002497",
                            "propagating_vgws.#": "0",
                            "route.#": "1",
                            "route.3494149366.cidr_block": "0.0.0.0/0",
                            "route.3494149366.gateway_id": "igw-fcff7285",
                            "route.3494149366.instance_id": "",
                            "route.3494149366.nat_gateway_id": "",
                            "route.3494149366.network_interface_id": "",
                            "route.3494149366.vpc_peering_connection_id": "",
                            "tags.%": "5",
                            "tags.Name": "prod.route-table.us-east-1-private",
                            "tags.jra.environment": "prod",
                            "tags.jra.environment-instance-id": "wjex0ZsYzBM",
                            "tags.jra.environment-size": "small",
                            "tags.jra.environment_type": "latest",
                            "vpc_id": "vpc-7380050b"
                        },
                        "meta": {},
                        "tainted": false
                    },
                    "deposed": [],
                    "provider": ""
                },
                "aws_route_table.public": {
                    "type": "aws_route_table",
                    "depends_on": [
                        "aws_internet_gateway.jra_igw",
                        "aws_vpc.jra_vpc",
                        "random_id.env-instance"
                    ],
                    "primary": {
                        "id": "rtb-f63e1a8c",
                        "attributes": {
                            "id": "rtb-f63e1a8c",
                            "propagating_vgws.#": "0",
                            "route.#": "1",
                            "route.3494149366.cidr_block": "0.0.0.0/0",
                            "route.3494149366.gateway_id": "igw-fcff7285",
                            "route.3494149366.instance_id": "",
                            "route.3494149366.nat_gateway_id": "",
                            "route.3494149366.network_interface_id": "",
                            "route.3494149366.vpc_peering_connection_id": "",
                            "tags.%": "5",
                            "tags.Name": "prod.route-table.us-east-1-public",
                            "tags.jra.environment": "prod",
                            "tags.jra.environment-instance-id": "wjex0ZsYzBM",
                            "tags.jra.environment-size": "small",
                            "tags.jra.environment_type": "latest",
                            "vpc_id": "vpc-7380050b"
                        },
                        "meta": {},
                        "tainted": false
                    },
                    "deposed": [],
                    "provider": ""
                },
                "aws_route_table_association.az-1-private": {
                    "type": "aws_route_table_association",
                    "depends_on": [
                        "aws_route_table.private",
                        "aws_subnet.az-1-private"
                    ],
                    "primary": {
                        "id": "rtbassoc-f852db85",
                        "attributes": {
                            "id": "rtbassoc-f852db85",
                            "route_table_id": "rtb-ed002497",
                            "subnet_id": "subnet-40fa021d"
                        },
                        "meta": {},
                        "tainted": false
                    },
                    "deposed": [],
                    "provider": ""
                },
                "aws_route_table_association.az-1-public": {
                    "type": "aws_route_table_association",
                    "depends_on": [
                        "aws_route_table.public",
                        "aws_subnet.az-1-public"
                    ],
                    "primary": {
                        "id": "rtbassoc-b855dcc5",
                        "attributes": {
                            "id": "rtbassoc-b855dcc5",
                            "route_table_id": "rtb-f63e1a8c",
                            "subnet_id": "subnet-71f8002c"
                        },
                        "meta": {},
                        "tainted": false
                    },
                    "deposed": [],
                    "provider": ""
                },
                "aws_security_group.elb-public-admin": {
                    "type": "aws_security_group",
                    "depends_on": [
                        "aws_vpc.jra_vpc",
                        "random_id.env-instance"
                    ],
                    "primary": {
                        "id": "sg-c212f6b7",
                        "attributes": {
                            "description": "Security groups for public swarm elb",
                            "egress.#": "1",
                            "egress.482069346.cidr_blocks.#": "1",
                            "egress.482069346.cidr_blocks.0": "0.0.0.0/0",
                            "egress.482069346.from_port": "0",
                            "egress.482069346.prefix_list_ids.#": "0",
                            "egress.482069346.protocol": "-1",
                            "egress.482069346.security_groups.#": "0",
                            "egress.482069346.self": "false",
                            "egress.482069346.to_port": "0",
                            "id": "sg-c212f6b7",
                            "ingress.#": "1",
                            "ingress.482069346.cidr_blocks.#": "1",
                            "ingress.482069346.cidr_blocks.0": "0.0.0.0/0",
                            "ingress.482069346.from_port": "0",
                            "ingress.482069346.protocol": "-1",
                            "ingress.482069346.security_groups.#": "0",
                            "ingress.482069346.self": "false",
                            "ingress.482069346.to_port": "0",
                            "name": "prod.jra-sg.us-east-1-admin-elb",
                            "owner_id": "478650753675",
                            "tags.%": "5",
                            "tags.Name": "prod.sg.us-east-1-admin-elb",
                            "tags.jra.environment": "prod",
                            "tags.jra.environment-instance-id": "wjex0ZsYzBM",
                            "tags.jra.environment-size": "small",
                            "tags.jra.environment_type": "latest",
                            "vpc_id": "vpc-7380050b"
                        },
                        "meta": {},
                        "tainted": false
                    },
                    "deposed": [],
                    "provider": ""
                },
                "aws_security_group.elb-public-app-api": {
                    "type": "aws_security_group",
                    "depends_on": [
                        "aws_vpc.jra_vpc",
                        "random_id.env-instance"
                    ],
                    "primary": {
                        "id": "sg-1f1efa6a",
                        "attributes": {
                            "description": "Security groups for public swarm elb",
                            "egress.#": "1",
                            "egress.482069346.cidr_blocks.#": "1",
                            "egress.482069346.cidr_blocks.0": "0.0.0.0/0",
                            "egress.482069346.from_port": "0",
                            "egress.482069346.prefix_list_ids.#": "0",
                            "egress.482069346.protocol": "-1",
                            "egress.482069346.security_groups.#": "0",
                            "egress.482069346.self": "false",
                            "egress.482069346.to_port": "0",
                            "id": "sg-1f1efa6a",
                            "ingress.#": "1",
                            "ingress.482069346.cidr_blocks.#": "1",
                            "ingress.482069346.cidr_blocks.0": "0.0.0.0/0",
                            "ingress.482069346.from_port": "0",
                            "ingress.482069346.protocol": "-1",
                            "ingress.482069346.security_groups.#": "0",
                            "ingress.482069346.self": "false",
                            "ingress.482069346.to_port": "0",
                            "name": "prod.jra-sg.us-east-1-app-api-elb",
                            "owner_id": "478650753675",
                            "tags.%": "5",
                            "tags.Name": "prod.sg.us-east-1-app-api-elb",
                            "tags.jra.environment": "prod",
                            "tags.jra.environment-instance-id": "wjex0ZsYzBM",
                            "tags.jra.environment-size": "small",
                            "tags.jra.environment_type": "latest",
                            "vpc_id": "vpc-7380050b"
                        },
                        "meta": {},
                        "tainted": false
                    },
                    "deposed": [],
                    "provider": ""
                },
                "aws_security_group.elb-public-app-ui": {
                    "type": "aws_security_group",
                    "depends_on": [
                        "aws_vpc.jra_vpc",
                        "random_id.env-instance"
                    ],
                    "primary": {
                        "id": "sg-861cf8f3",
                        "attributes": {
                            "description": "Security groups for public swarm elb",
                            "egress.#": "1",
                            "egress.482069346.cidr_blocks.#": "1",
                            "egress.482069346.cidr_blocks.0": "0.0.0.0/0",
                            "egress.482069346.from_port": "0",
                            "egress.482069346.prefix_list_ids.#": "0",
                            "egress.482069346.protocol": "-1",
                            "egress.482069346.security_groups.#": "0",
                            "egress.482069346.self": "false",
                            "egress.482069346.to_port": "0",
                            "id": "sg-861cf8f3",
                            "ingress.#": "1",
                            "ingress.482069346.cidr_blocks.#": "1",
                            "ingress.482069346.cidr_blocks.0": "0.0.0.0/0",
                            "ingress.482069346.from_port": "0",
                            "ingress.482069346.protocol": "-1",
                            "ingress.482069346.security_groups.#": "0",
                            "ingress.482069346.self": "false",
                            "ingress.482069346.to_port": "0",
                            "name": "prod.jra-sg.us-east-1-app-ui-elb",
                            "owner_id": "478650753675",
                            "tags.%": "5",
                            "tags.Name": "prod.sg.us-east-1-app-ui-elb",
                            "tags.jra.environment": "prod",
                            "tags.jra.environment-instance-id": "wjex0ZsYzBM",
                            "tags.jra.environment-size": "small",
                            "tags.jra.environment_type": "latest",
                            "vpc_id": "vpc-7380050b"
                        },
                        "meta": {},
                        "tainted": false
                    },
                    "deposed": [],
                    "provider": ""
                },
                "aws_security_group.elb-public-logging": {
                    "type": "aws_security_group",
                    "depends_on": [
                        "aws_vpc.jra_vpc",
                        "random_id.env-instance"
                    ],
                    "primary": {
                        "id": "sg-b118fcc4",
                        "attributes": {
                            "description": "Security groups for public logging elb",
                            "egress.#": "1",
                            "egress.482069346.cidr_blocks.#": "1",
                            "egress.482069346.cidr_blocks.0": "0.0.0.0/0",
                            "egress.482069346.from_port": "0",
                            "egress.482069346.prefix_list_ids.#": "0",
                            "egress.482069346.protocol": "-1",
                            "egress.482069346.security_groups.#": "0",
                            "egress.482069346.self": "false",
                            "egress.482069346.to_port": "0",
                            "id": "sg-b118fcc4",
                            "ingress.#": "1",
                            "ingress.482069346.cidr_blocks.#": "1",
                            "ingress.482069346.cidr_blocks.0": "0.0.0.0/0",
                            "ingress.482069346.from_port": "0",
                            "ingress.482069346.protocol": "-1",
                            "ingress.482069346.security_groups.#": "0",
                            "ingress.482069346.self": "false",
                            "ingress.482069346.to_port": "0",
                            "name": "prod.jra-sg.us-east-1-logging-elb",
                            "owner_id": "478650753675",
                            "tags.%": "5",
                            "tags.Name": "prod.sg.us-east-1-logging-elb",
                            "tags.jra.environment": "prod",
                            "tags.jra.environment-instance-id": "wjex0ZsYzBM",
                            "tags.jra.environment-size": "small",
                            "tags.jra.environment_type": "latest",
                            "vpc_id": "vpc-7380050b"
                        },
                        "meta": {},
                        "tainted": false
                    },
                    "deposed": [],
                    "provider": ""
                },
                "aws_security_group.elb-public-monitoring": {
                    "type": "aws_security_group",
                    "depends_on": [
                        "aws_vpc.jra_vpc",
                        "random_id.env-instance"
                    ],
                    "primary": {
                        "id": "sg-a413f7d1",
                        "attributes": {
                            "description": "Security groups for public monitoring elb",
                            "egress.#": "1",
                            "egress.482069346.cidr_blocks.#": "1",
                            "egress.482069346.cidr_blocks.0": "0.0.0.0/0",
                            "egress.482069346.from_port": "0",
                            "egress.482069346.prefix_list_ids.#": "0",
                            "egress.482069346.protocol": "-1",
                            "egress.482069346.security_groups.#": "0",
                            "egress.482069346.self": "false",
                            "egress.482069346.to_port": "0",
                            "id": "sg-a413f7d1",
                            "ingress.#": "1",
                            "ingress.482069346.cidr_blocks.#": "1",
                            "ingress.482069346.cidr_blocks.0": "0.0.0.0/0",
                            "ingress.482069346.from_port": "0",
                            "ingress.482069346.protocol": "-1",
                            "ingress.482069346.security_groups.#": "0",
                            "ingress.482069346.self": "false",
                            "ingress.482069346.to_port": "0",
                            "name": "prod.jra-sg.us-east-1-monitoring-elb",
                            "owner_id": "478650753675",
                            "tags.%": "5",
                            "tags.Name": "prod.sg.us-east-1-monitor-elb",
                            "tags.jra.environment": "prod",
                            "tags.jra.environment-instance-id": "wjex0ZsYzBM",
                            "tags.jra.environment-size": "small",
                            "tags.jra.environment_type": "latest",
                            "vpc_id": "vpc-7380050b"
                        },
                        "meta": {},
                        "tainted": false
                    },
                    "deposed": [],
                    "provider": ""
                },
                "aws_security_group.private_app-persistence": {
                    "type": "aws_security_group",
                    "depends_on": [
                        "aws_vpc.jra_vpc",
                        "random_id.env-instance"
                    ],
                    "primary": {
                        "id": "sg-fc15f189",
                        "attributes": {
                            "description": "Swarm Nodes that will run containers related to storage persistence for mangement apps (databases, caches, etc)",
                            "egress.#": "1",
                            "egress.482069346.cidr_blocks.#": "1",
                            "egress.482069346.cidr_blocks.0": "0.0.0.0/0",
                            "egress.482069346.from_port": "0",
                            "egress.482069346.prefix_list_ids.#": "0",
                            "egress.482069346.protocol": "-1",
                            "egress.482069346.security_groups.#": "0",
                            "egress.482069346.self": "false",
                            "egress.482069346.to_port": "0",
                            "id": "sg-fc15f189",
                            "ingress.#": "1",
                            "ingress.482069346.cidr_blocks.#": "1",
                            "ingress.482069346.cidr_blocks.0": "0.0.0.0/0",
                            "ingress.482069346.from_port": "0",
                            "ingress.482069346.protocol": "-1",
                            "ingress.482069346.security_groups.#": "0",
                            "ingress.482069346.self": "false",
                            "ingress.482069346.to_port": "0",
                            "name": "prod.jra-sg.us-east-1-private-app-persistence",
                            "owner_id": "478650753675",
                            "tags.%": "5",
                            "tags.Name": "prod.sg.us-east-1-private-app-persistence",
                            "tags.jra.environment": "prod",
                            "tags.jra.environment-instance-id": "wjex0ZsYzBM",
                            "tags.jra.environment-size": "small",
                            "tags.jra.environment_type": "latest",
                            "vpc_id": "vpc-7380050b"
                        },
                        "meta": {},
                        "tainted": false
                    },
                    "deposed": [],
                    "provider": ""
                },
                "aws_security_group.private_infra-build": {
                    "type": "aws_security_group",
                    "depends_on": [
                        "aws_vpc.jra_vpc",
                        "random_id.env-instance"
                    ],
                    "primary": {
                        "id": "sg-f013f785",
                        "attributes": {
                            "description": "Swarm Nodes that will run containers related to infra-builds \u0026 CI / CD pipelines",
                            "egress.#": "1",
                            "egress.482069346.cidr_blocks.#": "1",
                            "egress.482069346.cidr_blocks.0": "0.0.0.0/0",
                            "egress.482069346.from_port": "0",
                            "egress.482069346.prefix_list_ids.#": "0",
                            "egress.482069346.protocol": "-1",
                            "egress.482069346.security_groups.#": "0",
                            "egress.482069346.self": "false",
                            "egress.482069346.to_port": "0",
                            "id": "sg-f013f785",
                            "ingress.#": "1",
                            "ingress.482069346.cidr_blocks.#": "1",
                            "ingress.482069346.cidr_blocks.0": "0.0.0.0/0",
                            "ingress.482069346.from_port": "0",
                            "ingress.482069346.protocol": "-1",
                            "ingress.482069346.security_groups.#": "0",
                            "ingress.482069346.self": "false",
                            "ingress.482069346.to_port": "0",
                            "name": "prod.jra-sg.us-east-1-private-infra-build",
                            "owner_id": "478650753675",
                            "tags.%": "5",
                            "tags.Name": "prod.sg.us-east-1-private-infra-build",
                            "tags.jra.environment": "prod",
                            "tags.jra.environment-instance-id": "wjex0ZsYzBM",
                            "tags.jra.environment-size": "small",
                            "tags.jra.environment_type": "latest",
                            "vpc_id": "vpc-7380050b"
                        },
                        "meta": {},
                        "tainted": false
                    },
                    "deposed": [],
                    "provider": ""
                },
                "aws_security_group.private_infra-logging": {
                    "type": "aws_security_group",
                    "depends_on": [
                        "aws_vpc.jra_vpc",
                        "random_id.env-instance"
                    ],
                    "primary": {
                        "id": "sg-7911f50c",
                        "attributes": {
                            "description": "Swarm Nodes that will run containers related to centralized logging stack",
                            "egress.#": "1",
                            "egress.482069346.cidr_blocks.#": "1",
                            "egress.482069346.cidr_blocks.0": "0.0.0.0/0",
                            "egress.482069346.from_port": "0",
                            "egress.482069346.prefix_list_ids.#": "0",
                            "egress.482069346.protocol": "-1",
                            "egress.482069346.security_groups.#": "0",
                            "egress.482069346.self": "false",
                            "egress.482069346.to_port": "0",
                            "id": "sg-7911f50c",
                            "ingress.#": "1",
                            "ingress.482069346.cidr_blocks.#": "1",
                            "ingress.482069346.cidr_blocks.0": "0.0.0.0/0",
                            "ingress.482069346.from_port": "0",
                            "ingress.482069346.protocol": "-1",
                            "ingress.482069346.security_groups.#": "0",
                            "ingress.482069346.self": "false",
                            "ingress.482069346.to_port": "0",
                            "name": "prod.jra-sg.us-east-1-private-infra-logging",
                            "owner_id": "478650753675",
                            "tags.%": "5",
                            "tags.Name": "prod.sg.us-east-1-private-infra-logging",
                            "tags.jra.environment": "prod",
                            "tags.jra.environment-instance-id": "wjex0ZsYzBM",
                            "tags.jra.environment-size": "small",
                            "tags.jra.environment_type": "latest",
                            "vpc_id": "vpc-7380050b"
                        },
                        "meta": {},
                        "tainted": false
                    },
                    "deposed": [],
                    "provider": ""
                },
                "aws_security_group.private_infra-monitoring": {
                    "type": "aws_security_group",
                    "depends_on": [
                        "aws_vpc.jra_vpc",
                        "random_id.env-instance"
                    ],
                    "primary": {
                        "id": "sg-7213f707",
                        "attributes": {
                            "description": "Swarm Nodes that will run containers related to centralized monitoring stack",
                            "egress.#": "1",
                            "egress.482069346.cidr_blocks.#": "1",
                            "egress.482069346.cidr_blocks.0": "0.0.0.0/0",
                            "egress.482069346.from_port": "0",
                            "egress.482069346.prefix_list_ids.#": "0",
                            "egress.482069346.protocol": "-1",
                            "egress.482069346.security_groups.#": "0",
                            "egress.482069346.self": "false",
                            "egress.482069346.to_port": "0",
                            "id": "sg-7213f707",
                            "ingress.#": "1",
                            "ingress.482069346.cidr_blocks.#": "1",
                            "ingress.482069346.cidr_blocks.0": "0.0.0.0/0",
                            "ingress.482069346.from_port": "0",
                            "ingress.482069346.protocol": "-1",
                            "ingress.482069346.security_groups.#": "0",
                            "ingress.482069346.self": "false",
                            "ingress.482069346.to_port": "0",
                            "name": "prod.jra-sg.us-east-1-private-infra-monitoring",
                            "owner_id": "478650753675",
                            "tags.%": "5",
                            "tags.Name": "prod.sg.us-east-1-private-infra-monitoring",
                            "tags.jra.environment": "prod",
                            "tags.jra.environment-instance-id": "wjex0ZsYzBM",
                            "tags.jra.environment-size": "small",
                            "tags.jra.environment_type": "latest",
                            "vpc_id": "vpc-7380050b"
                        },
                        "meta": {},
                        "tainted": false
                    },
                    "deposed": [],
                    "provider": ""
                },
                "aws_security_group.private_infra-persistence": {
                    "type": "aws_security_group",
                    "depends_on": [
                        "aws_vpc.jra_vpc",
                        "random_id.env-instance"
                    ],
                    "primary": {
                        "id": "sg-3b16f24e",
                        "attributes": {
                            "description": "Swarm Nodes that will run containers related to storage persistence for mangement apps (databases, caches, etc)",
                            "egress.#": "1",
                            "egress.482069346.cidr_blocks.#": "1",
                            "egress.482069346.cidr_blocks.0": "0.0.0.0/0",
                            "egress.482069346.from_port": "0",
                            "egress.482069346.prefix_list_ids.#": "0",
                            "egress.482069346.protocol": "-1",
                            "egress.482069346.security_groups.#": "0",
                            "egress.482069346.self": "false",
                            "egress.482069346.to_port": "0",
                            "id": "sg-3b16f24e",
                            "ingress.#": "1",
                            "ingress.482069346.cidr_blocks.#": "1",
                            "ingress.482069346.cidr_blocks.0": "0.0.0.0/0",
                            "ingress.482069346.from_port": "0",
                            "ingress.482069346.protocol": "-1",
                            "ingress.482069346.security_groups.#": "0",
                            "ingress.482069346.self": "false",
                            "ingress.482069346.to_port": "0",
                            "name": "prod.jra-sg.us-east-1-private-infra-persistence",
                            "owner_id": "478650753675",
                            "tags.%": "5",
                            "tags.Name": "prod.sg.us-east-1-private-infra-persistence",
                            "tags.jra.environment": "prod",
                            "tags.jra.environment-instance-id": "wjex0ZsYzBM",
                            "tags.jra.environment-size": "small",
                            "tags.jra.environment_type": "latest",
                            "vpc_id": "vpc-7380050b"
                        },
                        "meta": {},
                        "tainted": false
                    },
                    "deposed": [],
                    "provider": ""
                },
                "aws_security_group.private_infra-repos": {
                    "type": "aws_security_group",
                    "depends_on": [
                        "aws_vpc.jra_vpc",
                        "random_id.env-instance"
                    ],
                    "primary": {
                        "id": "sg-fb1cf88e",
                        "attributes": {
                            "description": "Swarm Nodes that will run containers related to storage persistence for mangement apps (databases, caches, etc)",
                            "egress.#": "1",
                            "egress.482069346.cidr_blocks.#": "1",
                            "egress.482069346.cidr_blocks.0": "0.0.0.0/0",
                            "egress.482069346.from_port": "0",
                            "egress.482069346.prefix_list_ids.#": "0",
                            "egress.482069346.protocol": "-1",
                            "egress.482069346.security_groups.#": "0",
                            "egress.482069346.self": "false",
                            "egress.482069346.to_port": "0",
                            "id": "sg-fb1cf88e",
                            "ingress.#": "1",
                            "ingress.482069346.cidr_blocks.#": "1",
                            "ingress.482069346.cidr_blocks.0": "0.0.0.0/0",
                            "ingress.482069346.from_port": "0",
                            "ingress.482069346.protocol": "-1",
                            "ingress.482069346.security_groups.#": "0",
                            "ingress.482069346.self": "false",
                            "ingress.482069346.to_port": "0",
                            "name": "prod.jra-sg.us-east-1-private-infra-repos",
                            "owner_id": "478650753675",
                            "tags.%": "5",
                            "tags.Name": "prod.sg.us-east-1-private-infra-repos",
                            "tags.jra.environment": "prod",
                            "tags.jra.environment-instance-id": "wjex0ZsYzBM",
                            "tags.jra.environment-size": "small",
                            "tags.jra.environment_type": "latest",
                            "vpc_id": "vpc-7380050b"
                        },
                        "meta": {},
                        "tainted": false
                    },
                    "deposed": [],
                    "provider": ""
                },
                "aws_security_group.private_swarm-manager": {
                    "type": "aws_security_group",
                    "depends_on": [
                        "aws_vpc.jra_vpc",
                        "random_id.env-instance"
                    ],
                    "primary": {
                        "id": "sg-d210f4a7",
                        "attributes": {
                            "description": "Swarm Nodes that will run containers related to swarm-managers \u0026 CI / CD pipelines",
                            "egress.#": "1",
                            "egress.482069346.cidr_blocks.#": "1",
                            "egress.482069346.cidr_blocks.0": "0.0.0.0/0",
                            "egress.482069346.from_port": "0",
                            "egress.482069346.prefix_list_ids.#": "0",
                            "egress.482069346.protocol": "-1",
                            "egress.482069346.security_groups.#": "0",
                            "egress.482069346.self": "false",
                            "egress.482069346.to_port": "0",
                            "id": "sg-d210f4a7",
                            "ingress.#": "1",
                            "ingress.482069346.cidr_blocks.#": "1",
                            "ingress.482069346.cidr_blocks.0": "0.0.0.0/0",
                            "ingress.482069346.from_port": "0",
                            "ingress.482069346.protocol": "-1",
                            "ingress.482069346.security_groups.#": "0",
                            "ingress.482069346.self": "false",
                            "ingress.482069346.to_port": "0",
                            "name": "prod.jra-sg.us-east-1-private-swarm-manager",
                            "owner_id": "478650753675",
                            "tags.%": "5",
                            "tags.Name": "prod.sg.us-east-1-private-swarm-manager",
                            "tags.jra.environment": "prod",
                            "tags.jra.environment-instance-id": "wjex0ZsYzBM",
                            "tags.jra.environment-size": "small",
                            "tags.jra.environment_type": "latest",
                            "vpc_id": "vpc-7380050b"
                        },
                        "meta": {},
                        "tainted": false
                    },
                    "deposed": [],
                    "provider": ""
                },
                "aws_security_group.public_admin-ui-web": {
                    "type": "aws_security_group",
                    "depends_on": [
                        "aws_vpc.jra_vpc",
                        "random_id.env-instance"
                    ],
                    "primary": {
                        "id": "sg-f113f784",
                        "attributes": {
                            "description": "Security groups for public web apis",
                            "egress.#": "1",
                            "egress.482069346.cidr_blocks.#": "1",
                            "egress.482069346.cidr_blocks.0": "0.0.0.0/0",
                            "egress.482069346.from_port": "0",
                            "egress.482069346.prefix_list_ids.#": "0",
                            "egress.482069346.protocol": "-1",
                            "egress.482069346.security_groups.#": "0",
                            "egress.482069346.self": "false",
                            "egress.482069346.to_port": "0",
                            "id": "sg-f113f784",
                            "ingress.#": "1",
                            "ingress.482069346.cidr_blocks.#": "1",
                            "ingress.482069346.cidr_blocks.0": "0.0.0.0/0",
                            "ingress.482069346.from_port": "0",
                            "ingress.482069346.protocol": "-1",
                            "ingress.482069346.security_groups.#": "0",
                            "ingress.482069346.self": "false",
                            "ingress.482069346.to_port": "0",
                            "name": "prod.jra-sg.us-east-1-public-admin-ui-web",
                            "owner_id": "478650753675",
                            "tags.%": "5",
                            "tags.Name": "prod.sg.us-east-1-public-admin-ui-web",
                            "tags.jra.environment": "prod",
                            "tags.jra.environment-instance-id": "wjex0ZsYzBM",
                            "tags.jra.environment-size": "small",
                            "tags.jra.environment_type": "latest",
                            "vpc_id": "vpc-7380050b"
                        },
                        "meta": {},
                        "tainted": false
                    },
                    "deposed": [],
                    "provider": ""
                },
                "aws_security_group.public_app-ui-web": {
                    "type": "aws_security_group",
                    "depends_on": [
                        "aws_vpc.jra_vpc",
                        "random_id.env-instance"
                    ],
                    "primary": {
                        "id": "sg-5c15f129",
                        "attributes": {
                            "description": "Security Group for public web ui apps",
                            "egress.#": "1",
                            "egress.482069346.cidr_blocks.#": "1",
                            "egress.482069346.cidr_blocks.0": "0.0.0.0/0",
                            "egress.482069346.from_port": "0",
                            "egress.482069346.prefix_list_ids.#": "0",
                            "egress.482069346.protocol": "-1",
                            "egress.482069346.security_groups.#": "0",
                            "egress.482069346.self": "false",
                            "egress.482069346.to_port": "0",
                            "id": "sg-5c15f129",
                            "ingress.#": "1",
                            "ingress.482069346.cidr_blocks.#": "1",
                            "ingress.482069346.cidr_blocks.0": "0.0.0.0/0",
                            "ingress.482069346.from_port": "0",
                            "ingress.482069346.protocol": "-1",
                            "ingress.482069346.security_groups.#": "0",
                            "ingress.482069346.self": "false",
                            "ingress.482069346.to_port": "0",
                            "name": "prod.jra-sg.us-east-1-public-app-ui-web",
                            "owner_id": "478650753675",
                            "tags.%": "5",
                            "tags.Name": "prod.sg.us-east-1-public-app-ui-web",
                            "tags.jra.environment": "prod",
                            "tags.jra.environment-instance-id": "wjex0ZsYzBM",
                            "tags.jra.environment-size": "small",
                            "tags.jra.environment_type": "latest",
                            "vpc_id": "vpc-7380050b"
                        },
                        "meta": {},
                        "tainted": false
                    },
                    "deposed": [],
                    "provider": ""
                },
                "aws_subnet.az-1-private": {
                    "type": "aws_subnet",
                    "depends_on": [
                        "aws_vpc.jra_vpc",
                        "random_id.env-instance"
                    ],
                    "primary": {
                        "id": "subnet-40fa021d",
                        "attributes": {
                            "availability_zone": "us-east-1a",
                            "cidr_block": "10.0.1.0/24",
                            "id": "subnet-40fa021d",
                            "map_public_ip_on_launch": "true",
                            "tags.%": "6",
                            "tags.Name": "prod.subnet.us-east-1a-private",
                            "tags.jra.environment": "prod",
                            "tags.jra.environment-instance-id": "wjex0ZsYzBM",
                            "tags.jra.environment-size": "small",
                            "tags.jra.environment_type": "latest",
                            "tags.jra.failure-zone": "us-east-1-az-1",
                            "vpc_id": "vpc-7380050b"
                        },
                        "meta": {},
                        "tainted": false
                    },
                    "deposed": [],
                    "provider": ""
                },
                "aws_subnet.az-1-public": {
                    "type": "aws_subnet",
                    "depends_on": [
                        "aws_vpc.jra_vpc",
                        "random_id.env-instance"
                    ],
                    "primary": {
                        "id": "subnet-71f8002c",
                        "attributes": {
                            "availability_zone": "us-east-1a",
                            "cidr_block": "10.0.0.0/24",
                            "id": "subnet-71f8002c",
                            "map_public_ip_on_launch": "true",
                            "tags.%": "6",
                            "tags.Name": "prod.subnet.us-east-1a-public",
                            "tags.jra.environment": "prod",
                            "tags.jra.environment-instance-id": "wjex0ZsYzBM",
                            "tags.jra.environment-size": "small",
                            "tags.jra.environment_type": "latest",
                            "tags.jra.failure-zone": "us-east-1-az-1",
                            "vpc_id": "vpc-7380050b"
                        },
                        "meta": {},
                        "tainted": false
                    },
                    "deposed": [],
                    "provider": ""
                },
                "aws_vpc.jra_vpc": {
                    "type": "aws_vpc",
                    "depends_on": [
                        "random_id.env-instance"
                    ],
                    "primary": {
                        "id": "vpc-7380050b",
                        "attributes": {
                            "cidr_block": "10.0.0.0/16",
                            "default_network_acl_id": "acl-9182b9e9",
                            "default_route_table_id": "rtb-38032742",
                            "default_security_group_id": "sg-361afe43",
                            "dhcp_options_id": "dopt-eb4a818d",
                            "enable_classiclink": "false",
                            "enable_dns_hostnames": "true",
                            "enable_dns_support": "true",
                            "id": "vpc-7380050b",
                            "instance_tenancy": "default",
                            "main_route_table_id": "rtb-38032742",
                            "tags.%": "5",
                            "tags.Name": "prod.vpc.us-east-1",
                            "tags.jra.environment": "prod",
                            "tags.jra.environment-instance-id": "wjex0ZsYzBM",
                            "tags.jra.environment-size": "small",
                            "tags.jra.environment_type": "latest"
                        },
                        "meta": {},
                        "tainted": false
                    },
                    "deposed": [],
                    "provider": ""
                },
                "null_resource.infa-confluence-deploy": {
                    "type": "null_resource",
                    "depends_on": [
                        "null_resource.infra-deploy-swarm-services"
                    ],
                    "primary": {
                        "id": "2114697970611746856",
                        "attributes": {
                            "id": "2114697970611746856"
                        },
                        "meta": {},
                        "tainted": false
                    },
                    "deposed": [],
                    "provider": ""
                },
                "null_resource.infa-jenkins-deploy": {
                    "type": "null_resource",
                    "depends_on": [
                        "null_resource.infra-deploy-swarm-services"
                    ],
                    "primary": {
                        "id": "3609367663818685020",
                        "attributes": {
                            "id": "3609367663818685020"
                        },
                        "meta": {},
                        "tainted": false
                    },
                    "deposed": [],
                    "provider": ""
                },
                "null_resource.infa-jira-deploy": {
                    "type": "null_resource",
                    "depends_on": [
                        "null_resource.infra-deploy-swarm-services"
                    ],
                    "primary": {
                        "id": "6256198605282281788",
                        "attributes": {
                            "id": "6256198605282281788"
                        },
                        "meta": {},
                        "tainted": false
                    },
                    "deposed": [],
                    "provider": ""
                },
                "null_resource.infa-nexus-deploy": {
                    "type": "null_resource",
                    "depends_on": [
                        "null_resource.infra-deploy-swarm-services"
                    ],
                    "primary": {
                        "id": "5620623366344654819",
                        "attributes": {
                            "id": "5620623366344654819"
                        },
                        "meta": {},
                        "tainted": false
                    },
                    "deposed": [],
                    "provider": ""
                },
                "null_resource.infa-sonar-deploy": {
                    "type": "null_resource",
                    "depends_on": [
                        "null_resource.infra-deploy-swarm-services"
                    ],
                    "primary": {
                        "id": "5469753348414667771",
                        "attributes": {
                            "id": "5469753348414667771"
                        },
                        "meta": {},
                        "tainted": false
                    },
                    "deposed": [],
                    "provider": ""
                },
                "null_resource.infra-configure-swarm-cluster": {
                    "type": "null_resource",
                    "depends_on": [
                        "null_resource.infra-deploy-central-logging-services"
                    ],
                    "primary": {
                        "id": "5964480563383004044",
                        "attributes": {
                            "id": "5964480563383004044"
                        },
                        "meta": {},
                        "tainted": false
                    },
                    "deposed": [],
                    "provider": ""
                },
                "null_resource.infra-deploy-central-logging-services": {
                    "type": "null_resource",
                    "depends_on": [
                        "null_resource.swarm-cluster-provision"
                    ],
                    "primary": {
                        "id": "5142181360506255761",
                        "attributes": {
                            "id": "5142181360506255761"
                        },
                        "meta": {},
                        "tainted": false
                    },
                    "deposed": [],
                    "provider": ""
                },
                "null_resource.infra-deploy-central-monitoring-services": {
                    "type": "null_resource",
                    "depends_on": [
                        "null_resource.infra-configure-swarm-cluster"
                    ],
                    "primary": {
                        "id": "6671281574008445051",
                        "attributes": {
                            "id": "6671281574008445051"
                        },
                        "meta": {},
                        "tainted": false
                    },
                    "deposed": [],
                    "provider": ""
                },
                "null_resource.infra-deploy-swarm-services": {
                    "type": "null_resource",
                    "depends_on": [
                        "null_resource.infra-deploy-central-monitoring-services"
                    ],
                    "primary": {
                        "id": "5382210537460594285",
                        "attributes": {
                            "id": "5382210537460594285"
                        },
                        "meta": {},
                        "tainted": false
                    },
                    "deposed": [],
                    "provider": ""
                },
                "null_resource.swarm-cluster-provision": {
                    "type": "null_resource",
                    "depends_on": [
                        "aws_instance.admin-ui-web-az-1",
                        "aws_instance.app-persistence-az-1",
                        "aws_instance.app-ui-web-az-1",
                        "aws_instance.infra-build-az-1",
                        "aws_instance.infra-logging-az-1",
                        "aws_instance.infra-monitoring-az-1",
                        "aws_instance.infra-persistence-az-1",
                        "aws_instance.infra-repos-az-1",
                        "aws_instance.swarm-manager-az-1"
                    ],
                    "primary": {
                        "id": "7062168142774624602",
                        "attributes": {
                            "id": "7062168142774624602"
                        },
                        "meta": {},
                        "tainted": false
                    },
                    "deposed": [],
                    "provider": ""
                },
                "random_id.env-instance": {
                    "type": "random_id",
                    "depends_on": [],
                    "primary": {
                        "id": "wjex0ZsYzBM",
                        "attributes": {
                            "b64": "wjex0ZsYzBM",
                            "b64_std": "wjex0ZsYzBM=",
                            "b64_url": "wjex0ZsYzBM",
                            "byte_length": "8",
                            "dec": "13994849880885480467",
                            "hex": "c237b1d19b18cc13",
                            "id": "wjex0ZsYzBM"
                        },
                        "meta": {},
                        "tainted": false
                    },
                    "deposed": [],
                    "provider": ""
                }
            },
            "depends_on": []
        }
    ]
}
