{
    "version": 3,
    "terraform_version": "0.7.13",
    "serial": 181,
    "lineage": "1542ed22-9572-435b-bfe7-2914441e104a",
    "modules": [
        {
            "path": [
                "root"
            ],
            "outputs": {},
            "resources": {
                "random_id.env-instance": {
                    "type": "random_id",
                    "depends_on": [],
                    "primary": {
                        "id": "wsmvsGCvvBw",
                        "attributes": {
                            "b64": "wsmvsGCvvBw",
                            "b64_std": "wsmvsGCvvBw=",
                            "b64_url": "wsmvsGCvvBw",
                            "byte_length": "8",
                            "dec": "14035942885748096028",
                            "hex": "c2c9afb060afbc1c",
                            "id": "wsmvsGCvvBw"
                        },
                        "meta": {},
                        "tainted": false
                    },
                    "deposed": [],
                    "provider": ""
                }
            },
            "depends_on": []
        }
    ]
}
