{
    "version": 3,
    "terraform_version": "0.7.13",
    "serial": 42,
    "lineage": "1542ed22-9572-435b-bfe7-2914441e104a",
    "modules": [
        {
            "path": [
                "root"
            ],
            "outputs": {},
            "resources": {
                "aws_eip.az-1-public": {
                    "type": "aws_eip",
                    "depends_on": [],
                    "primary": {
                        "id": "eipalloc-eb1bdcdb",
                        "attributes": {
                            "association_id": "",
                            "domain": "vpc",
                            "id": "eipalloc-eb1bdcdb",
                            "instance": "",
                            "network_interface": "",
                            "private_ip": "",
                            "public_ip": "34.202.245.251",
                            "vpc": "true"
                        },
                        "meta": {},
                        "tainted": false
                    },
                    "deposed": [],
                    "provider": ""
                },
                "aws_eip.az-2-public": {
                    "type": "aws_eip",
                    "depends_on": [],
                    "primary": {
                        "id": "eipalloc-e81bdcd8",
                        "attributes": {
                            "association_id": "",
                            "domain": "vpc",
                            "id": "eipalloc-e81bdcd8",
                            "instance": "",
                            "network_interface": "",
                            "private_ip": "",
                            "public_ip": "34.202.176.114",
                            "vpc": "true"
                        },
                        "meta": {},
                        "tainted": false
                    },
                    "deposed": [],
                    "provider": ""
                },
                "aws_eip.az-3-public": {
                    "type": "aws_eip",
                    "depends_on": [],
                    "primary": {
                        "id": "eipalloc-0a1add3a",
                        "attributes": {
                            "association_id": "",
                            "domain": "vpc",
                            "id": "eipalloc-0a1add3a",
                            "instance": "",
                            "network_interface": "",
                            "private_ip": "",
                            "public_ip": "34.224.141.175",
                            "vpc": "true"
                        },
                        "meta": {},
                        "tainted": false
                    },
                    "deposed": [],
                    "provider": ""
                },
                "aws_elb.elb-public-logging": {
                    "type": "aws_elb",
                    "depends_on": [
                        "aws_instance.infra-logging-az-1",
                        "aws_instance.infra-logging-az-2",
                        "aws_instance.infra-logging-az-3",
                        "aws_instance.swarm-manager-az-1",
                        "aws_instance.swarm-manager-az-2",
                        "aws_instance.swarm-manager-az-3",
                        "aws_security_group.elb-public-logging",
                        "aws_subnet.az-1-public",
                        "aws_subnet.az-2-public",
                        "aws_subnet.az-3-public",
                        "random_id.env-instance"
                    ],
                    "primary": {
                        "id": "qa1-jra-elb-us-east-1-logging",
                        "attributes": {
                            "access_logs.#": "0",
                            "availability_zones.#": "3",
                            "availability_zones.1305112097": "us-east-1b",
                            "availability_zones.3569565595": "us-east-1a",
                            "availability_zones.986537655": "us-east-1c",
                            "connection_draining": "true",
                            "connection_draining_timeout": "400",
                            "cross_zone_load_balancing": "true",
                            "dns_name": "qa1-jra-elb-us-east-1-logging-789553981.us-east-1.elb.amazonaws.com",
                            "health_check.#": "1",
                            "health_check.0.healthy_threshold": "4",
                            "health_check.0.interval": "15",
                            "health_check.0.target": "TCP:81",
                            "health_check.0.timeout": "3",
                            "health_check.0.unhealthy_threshold": "4",
                            "id": "qa1-jra-elb-us-east-1-logging",
                            "idle_timeout": "400",
                            "instances.#": "6",
                            "instances.244654725": "i-008f4a176dee67501",
                            "instances.2476053882": "i-0f4687eded3484999",
                            "instances.2665366364": "i-03e9558f1fbcf22a7",
                            "instances.3564406455": "i-0e08906c26ee12e4f",
                            "instances.3877718905": "i-0a09fd1095b6e999e",
                            "instances.522008603": "i-0f725c86a38ba31ab",
                            "internal": "false",
                            "listener.#": "1",
                            "listener.742900092.instance_port": "81",
                            "listener.742900092.instance_protocol": "tcp",
                            "listener.742900092.lb_port": "80",
                            "listener.742900092.lb_protocol": "tcp",
                            "listener.742900092.ssl_certificate_id": "",
                            "name": "qa1-jra-elb-us-east-1-logging",
                            "security_groups.#": "1",
                            "security_groups.2438745030": "sg-04a0ad7a",
                            "source_security_group": "478650753675/qa1.jra-sg.us-east-1-logging-elb",
                            "source_security_group_id": "sg-04a0ad7a",
                            "subnets.#": "3",
                            "subnets.2657099775": "subnet-ccd40696",
                            "subnets.2763628279": "subnet-fe6cc9d2",
                            "subnets.934467248": "subnet-ca655faf",
                            "tags.%": "5",
                            "tags.Name": "qa1-jra-elb-us-east-1-logging",
                            "tags.jra.environment": "qa1",
                            "tags.jra.environment-instance-id": "lRGNBkaDBSE",
                            "tags.jra.environment-size": "small",
                            "tags.jra.environment_type": "latest",
                            "zone_id": "Z35SXDOTRQ7X7K"
                        },
                        "meta": {},
                        "tainted": false
                    },
                    "deposed": [],
                    "provider": ""
                },
                "aws_elb.elb-public-swarm": {
                    "type": "aws_elb",
                    "depends_on": [
                        "aws_instance.app-ui-web-az-1",
                        "aws_instance.app-ui-web-az-2",
                        "aws_instance.app-ui-web-az-3",
                        "aws_security_group.elb-public-swarm",
                        "aws_subnet.az-1-public",
                        "aws_subnet.az-2-public",
                        "aws_subnet.az-3-public",
                        "random_id.env-instance"
                    ],
                    "primary": {
                        "id": "qa1-jra-elb-us-east-1-swarm",
                        "attributes": {
                            "access_logs.#": "0",
                            "availability_zones.#": "3",
                            "availability_zones.1305112097": "us-east-1b",
                            "availability_zones.3569565595": "us-east-1a",
                            "availability_zones.986537655": "us-east-1c",
                            "connection_draining": "true",
                            "connection_draining_timeout": "400",
                            "cross_zone_load_balancing": "true",
                            "dns_name": "qa1-jra-elb-us-east-1-swarm-1375962041.us-east-1.elb.amazonaws.com",
                            "health_check.#": "1",
                            "health_check.0.healthy_threshold": "4",
                            "health_check.0.interval": "15",
                            "health_check.0.target": "TCP:80",
                            "health_check.0.timeout": "3",
                            "health_check.0.unhealthy_threshold": "4",
                            "id": "qa1-jra-elb-us-east-1-swarm",
                            "idle_timeout": "400",
                            "instances.#": "3",
                            "instances.1026127070": "i-04a26abf69442d338",
                            "instances.2108710412": "i-04f883816877a7514",
                            "instances.2789344523": "i-0bceb76b6310e35ba",
                            "internal": "false",
                            "listener.#": "1",
                            "listener.3057123346.instance_port": "80",
                            "listener.3057123346.instance_protocol": "http",
                            "listener.3057123346.lb_port": "80",
                            "listener.3057123346.lb_protocol": "http",
                            "listener.3057123346.ssl_certificate_id": "",
                            "name": "qa1-jra-elb-us-east-1-swarm",
                            "security_groups.#": "1",
                            "security_groups.614851614": "sg-87a4a9f9",
                            "source_security_group": "478650753675/qa1.jra-sg.us-east-1-swarm-elb",
                            "source_security_group_id": "sg-87a4a9f9",
                            "subnets.#": "3",
                            "subnets.2657099775": "subnet-ccd40696",
                            "subnets.2763628279": "subnet-fe6cc9d2",
                            "subnets.934467248": "subnet-ca655faf",
                            "tags.%": "5",
                            "tags.Name": "qa1-jra-elb-us-east-1-swarm",
                            "tags.jra.environment": "qa1",
                            "tags.jra.environment-instance-id": "lRGNBkaDBSE",
                            "tags.jra.environment-size": "small",
                            "tags.jra.environment_type": "latest",
                            "zone_id": "Z35SXDOTRQ7X7K"
                        },
                        "meta": {},
                        "tainted": false
                    },
                    "deposed": [],
                    "provider": ""
                },
                "aws_instance.app-api-service-az-1": {
                    "type": "aws_instance",
                    "depends_on": [
                        "aws_security_group.private_app-api-service",
                        "aws_subnet.az-1-private",
                        "random_id.env-instance"
                    ],
                    "primary": {
                        "id": "i-08939ab05789d71ce",
                        "attributes": {
                            "ami": "ami-7a265d6c",
                            "associate_public_ip_address": "true",
                            "availability_zone": "us-east-1a",
                            "disable_api_termination": "false",
                            "ebs_block_device.#": "0",
                            "ebs_optimized": "false",
                            "ephemeral_block_device.#": "0",
                            "iam_instance_profile": "",
                            "id": "i-08939ab05789d71ce",
                            "instance_state": "running",
                            "instance_type": "t2.micro",
                            "key_name": "jra-swarm-key-pair",
                            "monitoring": "false",
                            "network_interface_id": "eni-332b66e9",
                            "private_dns": "ip-10-0-1-151.ec2.internal",
                            "private_ip": "10.0.1.151",
                            "public_dns": "ec2-54-165-70-97.compute-1.amazonaws.com",
                            "public_ip": "54.165.70.97",
                            "root_block_device.#": "1",
                            "root_block_device.0.delete_on_termination": "true",
                            "root_block_device.0.iops": "100",
                            "root_block_device.0.volume_size": "8",
                            "root_block_device.0.volume_type": "gp2",
                            "security_groups.#": "0",
                            "source_dest_check": "true",
                            "subnet_id": "subnet-0fd10355",
                            "tags.%": "11",
                            "tags.Name": "qa1.instance.swarm-worker.app-api-service.qa1.us-east-1a",
                            "tags.jra.environment": "qa1",
                            "tags.jra.environment-instance-id": "lRGNBkaDBSE",
                            "tags.jra.environment-size": "small",
                            "tags.jra.environment_type": "latest",
                            "tags.jra.failure-zone": "us-east-1-az-1",
                            "tags.jra.instance-name": "app-api-service-us-east-1-az-1",
                            "tags.jra.instance-name-full": "qa1.instance.swarm-worker.app-api-service.qa1.us-east-1a",
                            "tags.jra.subnet-type": "private",
                            "tags.jra.swarm-instance-type": "swarm-worker",
                            "tags.jra.swarm-node-type": "app-api-service",
                            "tenancy": "default",
                            "vpc_security_group_ids.#": "1",
                            "vpc_security_group_ids.889183043": "sg-b7a1acc9"
                        },
                        "meta": {
                            "schema_version": "1"
                        },
                        "tainted": false
                    },
                    "deposed": [],
                    "provider": ""
                },
                "aws_instance.app-api-service-az-2": {
                    "type": "aws_instance",
                    "depends_on": [
                        "aws_security_group.private_app-api-service",
                        "aws_subnet.az-2-private",
                        "random_id.env-instance"
                    ],
                    "primary": {
                        "id": "i-0f5a87ac92d7c26ed",
                        "attributes": {
                            "ami": "ami-7a265d6c",
                            "associate_public_ip_address": "true",
                            "availability_zone": "us-east-1b",
                            "disable_api_termination": "false",
                            "ebs_block_device.#": "0",
                            "ebs_optimized": "false",
                            "ephemeral_block_device.#": "0",
                            "iam_instance_profile": "",
                            "id": "i-0f5a87ac92d7c26ed",
                            "instance_state": "running",
                            "instance_type": "t2.micro",
                            "key_name": "jra-swarm-key-pair",
                            "monitoring": "false",
                            "network_interface_id": "eni-f57277e1",
                            "private_dns": "ip-10-0-3-121.ec2.internal",
                            "private_ip": "10.0.3.121",
                            "public_dns": "ec2-34-200-252-92.compute-1.amazonaws.com",
                            "public_ip": "34.200.252.92",
                            "root_block_device.#": "1",
                            "root_block_device.0.delete_on_termination": "true",
                            "root_block_device.0.iops": "100",
                            "root_block_device.0.volume_size": "8",
                            "root_block_device.0.volume_type": "gp2",
                            "security_groups.#": "0",
                            "source_dest_check": "true",
                            "subnet_id": "subnet-25635940",
                            "tags.%": "11",
                            "tags.Name": "qa1.instance.swarm-worker.app-api-service.qa1.us-east-1b",
                            "tags.jra.environment": "qa1",
                            "tags.jra.environment-instance-id": "lRGNBkaDBSE",
                            "tags.jra.environment-size": "small",
                            "tags.jra.environment_type": "latest",
                            "tags.jra.failure-zone": "us-east-1-az-2",
                            "tags.jra.instance-name": "app-api-service-us-east-1-az-2",
                            "tags.jra.instance-name-full": "qa1.instance.swarm-worker.app-api-service.qa1.us-east-1b",
                            "tags.jra.subnet-type": "private",
                            "tags.jra.swarm-instance-type": "swarm-worker",
                            "tags.jra.swarm-node-type": "app-api-service",
                            "tenancy": "default",
                            "vpc_security_group_ids.#": "1",
                            "vpc_security_group_ids.889183043": "sg-b7a1acc9"
                        },
                        "meta": {
                            "schema_version": "1"
                        },
                        "tainted": false
                    },
                    "deposed": [],
                    "provider": ""
                },
                "aws_instance.app-api-service-az-3": {
                    "type": "aws_instance",
                    "depends_on": [
                        "aws_security_group.private_app-api-service",
                        "aws_subnet.az-3-private",
                        "random_id.env-instance"
                    ],
                    "primary": {
                        "id": "i-014ae0c4c307dc08b",
                        "attributes": {
                            "ami": "ami-7a265d6c",
                            "associate_public_ip_address": "true",
                            "availability_zone": "us-east-1c",
                            "disable_api_termination": "false",
                            "ebs_block_device.#": "0",
                            "ebs_optimized": "false",
                            "ephemeral_block_device.#": "0",
                            "iam_instance_profile": "",
                            "id": "i-014ae0c4c307dc08b",
                            "instance_state": "running",
                            "instance_type": "t2.micro",
                            "key_name": "jra-swarm-key-pair",
                            "monitoring": "false",
                            "network_interface_id": "eni-35991dfd",
                            "private_dns": "ip-10-0-5-187.ec2.internal",
                            "private_ip": "10.0.5.187",
                            "public_dns": "ec2-52-23-241-112.compute-1.amazonaws.com",
                            "public_ip": "52.23.241.112",
                            "root_block_device.#": "1",
                            "root_block_device.0.delete_on_termination": "true",
                            "root_block_device.0.iops": "100",
                            "root_block_device.0.volume_size": "8",
                            "root_block_device.0.volume_type": "gp2",
                            "security_groups.#": "0",
                            "source_dest_check": "true",
                            "subnet_id": "subnet-8e68cda2",
                            "tags.%": "11",
                            "tags.Name": "qa1.instance.swarm-worker.app-api-service.qa1.us-east-1c",
                            "tags.jra.environment": "qa1",
                            "tags.jra.environment-instance-id": "lRGNBkaDBSE",
                            "tags.jra.environment-size": "small",
                            "tags.jra.environment_type": "latest",
                            "tags.jra.failure-zone": "us-east-1-az-3",
                            "tags.jra.instance-name": "app-api-service-us-east-1-az-3",
                            "tags.jra.instance-name-full": "qa1.instance.swarm-worker.app-api-service.qa1.us-east-1c",
                            "tags.jra.subnet-type": "private",
                            "tags.jra.swarm-instance-type": "swarm-worker",
                            "tags.jra.swarm-node-type": "app-api-service",
                            "tenancy": "default",
                            "vpc_security_group_ids.#": "1",
                            "vpc_security_group_ids.889183043": "sg-b7a1acc9"
                        },
                        "meta": {
                            "schema_version": "1"
                        },
                        "tainted": false
                    },
                    "deposed": [],
                    "provider": ""
                },
                "aws_instance.app-persistence-az-1": {
                    "type": "aws_instance",
                    "depends_on": [
                        "aws_security_group.private_app-persistence",
                        "aws_subnet.az-1-private",
                        "random_id.env-instance"
                    ],
                    "primary": {
                        "id": "i-0179d689f86928f71",
                        "attributes": {
                            "ami": "ami-7a265d6c",
                            "associate_public_ip_address": "true",
                            "availability_zone": "us-east-1a",
                            "disable_api_termination": "false",
                            "ebs_block_device.#": "0",
                            "ebs_optimized": "false",
                            "ephemeral_block_device.#": "0",
                            "iam_instance_profile": "",
                            "id": "i-0179d689f86928f71",
                            "instance_state": "running",
                            "instance_type": "t2.micro",
                            "key_name": "jra-swarm-key-pair",
                            "monitoring": "false",
                            "network_interface_id": "eni-372b66ed",
                            "private_dns": "ip-10-0-1-171.ec2.internal",
                            "private_ip": "10.0.1.171",
                            "public_dns": "ec2-52-55-212-255.compute-1.amazonaws.com",
                            "public_ip": "52.55.212.255",
                            "root_block_device.#": "1",
                            "root_block_device.0.delete_on_termination": "true",
                            "root_block_device.0.iops": "100",
                            "root_block_device.0.volume_size": "8",
                            "root_block_device.0.volume_type": "gp2",
                            "security_groups.#": "0",
                            "source_dest_check": "true",
                            "subnet_id": "subnet-0fd10355",
                            "tags.%": "11",
                            "tags.Name": "qa1.instance.swarm-worker.app-persistence.qa1.us-east-1a",
                            "tags.jra.environment": "qa1",
                            "tags.jra.environment-instance-id": "lRGNBkaDBSE",
                            "tags.jra.environment-size": "small",
                            "tags.jra.environment_type": "latest",
                            "tags.jra.failure-zone": "us-east-1-az-1",
                            "tags.jra.instance-name": "app-persistence-us-east-1-az-1",
                            "tags.jra.instance-name-full": "qa1.instance.swarm-worker.app-persistence.qa1.us-east-1a",
                            "tags.jra.subnet-type": "private",
                            "tags.jra.swarm-instance-type": "swarm-worker",
                            "tags.jra.swarm-node-type": "app-persistence",
                            "tenancy": "default",
                            "vpc_security_group_ids.#": "1",
                            "vpc_security_group_ids.285637606": "sg-53a0ad2d"
                        },
                        "meta": {
                            "schema_version": "1"
                        },
                        "tainted": false
                    },
                    "deposed": [],
                    "provider": ""
                },
                "aws_instance.app-persistence-az-2": {
                    "type": "aws_instance",
                    "depends_on": [
                        "aws_security_group.private_app-persistence",
                        "aws_subnet.az-2-private",
                        "random_id.env-instance"
                    ],
                    "primary": {
                        "id": "i-0430f661171d41cd6",
                        "attributes": {
                            "ami": "ami-7a265d6c",
                            "associate_public_ip_address": "true",
                            "availability_zone": "us-east-1b",
                            "disable_api_termination": "false",
                            "ebs_block_device.#": "0",
                            "ebs_optimized": "false",
                            "ephemeral_block_device.#": "0",
                            "iam_instance_profile": "",
                            "id": "i-0430f661171d41cd6",
                            "instance_state": "running",
                            "instance_type": "t2.micro",
                            "key_name": "jra-swarm-key-pair",
                            "monitoring": "false",
                            "network_interface_id": "eni-c00401d4",
                            "private_dns": "ip-10-0-3-244.ec2.internal",
                            "private_ip": "10.0.3.244",
                            "public_dns": "ec2-34-201-21-13.compute-1.amazonaws.com",
                            "public_ip": "34.201.21.13",
                            "root_block_device.#": "1",
                            "root_block_device.0.delete_on_termination": "true",
                            "root_block_device.0.iops": "100",
                            "root_block_device.0.volume_size": "8",
                            "root_block_device.0.volume_type": "gp2",
                            "security_groups.#": "0",
                            "source_dest_check": "true",
                            "subnet_id": "subnet-25635940",
                            "tags.%": "11",
                            "tags.Name": "qa1.instance.swarm-worker.app-persistence.qa1.us-east-1b",
                            "tags.jra.environment": "qa1",
                            "tags.jra.environment-instance-id": "lRGNBkaDBSE",
                            "tags.jra.environment-size": "small",
                            "tags.jra.environment_type": "latest",
                            "tags.jra.failure-zone": "us-east-1-az-2",
                            "tags.jra.instance-name": "app-persistence-us-east-1-az-2",
                            "tags.jra.instance-name-full": "qa1.instance.swarm-worker.app-persistence.qa1.us-east-1b",
                            "tags.jra.subnet-type": "private",
                            "tags.jra.swarm-instance-type": "swarm-worker",
                            "tags.jra.swarm-node-type": "app-persistence",
                            "tenancy": "default",
                            "vpc_security_group_ids.#": "1",
                            "vpc_security_group_ids.285637606": "sg-53a0ad2d"
                        },
                        "meta": {
                            "schema_version": "1"
                        },
                        "tainted": false
                    },
                    "deposed": [],
                    "provider": ""
                },
                "aws_instance.app-persistence-az-3": {
                    "type": "aws_instance",
                    "depends_on": [
                        "aws_security_group.private_app-persistence",
                        "aws_subnet.az-3-private",
                        "random_id.env-instance"
                    ],
                    "primary": {
                        "id": "i-0147a1d9252b43617",
                        "attributes": {
                            "ami": "ami-7a265d6c",
                            "associate_public_ip_address": "true",
                            "availability_zone": "us-east-1c",
                            "disable_api_termination": "false",
                            "ebs_block_device.#": "0",
                            "ebs_optimized": "false",
                            "ephemeral_block_device.#": "0",
                            "iam_instance_profile": "",
                            "id": "i-0147a1d9252b43617",
                            "instance_state": "running",
                            "instance_type": "t2.micro",
                            "key_name": "jra-swarm-key-pair",
                            "monitoring": "false",
                            "network_interface_id": "eni-98a52150",
                            "private_dns": "ip-10-0-5-52.ec2.internal",
                            "private_ip": "10.0.5.52",
                            "public_dns": "ec2-54-145-159-93.compute-1.amazonaws.com",
                            "public_ip": "54.145.159.93",
                            "root_block_device.#": "1",
                            "root_block_device.0.delete_on_termination": "true",
                            "root_block_device.0.iops": "100",
                            "root_block_device.0.volume_size": "8",
                            "root_block_device.0.volume_type": "gp2",
                            "security_groups.#": "0",
                            "source_dest_check": "true",
                            "subnet_id": "subnet-8e68cda2",
                            "tags.%": "11",
                            "tags.Name": "qa1.instance.swarm-worker.app-persistence.qa1.us-east-1c",
                            "tags.jra.environment": "qa1",
                            "tags.jra.environment-instance-id": "lRGNBkaDBSE",
                            "tags.jra.environment-size": "small",
                            "tags.jra.environment_type": "latest",
                            "tags.jra.failure-zone": "us-east-1-az-3",
                            "tags.jra.instance-name": "app-persistence-us-east-1-az-3",
                            "tags.jra.instance-name-full": "qa1.instance.swarm-worker.app-persistence.qa1.us-east-1c",
                            "tags.jra.subnet-type": "private",
                            "tags.jra.swarm-instance-type": "swarm-worker",
                            "tags.jra.swarm-node-type": "app-persistence",
                            "tenancy": "default",
                            "vpc_security_group_ids.#": "1",
                            "vpc_security_group_ids.285637606": "sg-53a0ad2d"
                        },
                        "meta": {
                            "schema_version": "1"
                        },
                        "tainted": false
                    },
                    "deposed": [],
                    "provider": ""
                },
                "aws_instance.app-ui-web-az-1": {
                    "type": "aws_instance",
                    "depends_on": [
                        "aws_security_group.public_app-ui-web",
                        "aws_subnet.az-1-public",
                        "random_id.env-instance"
                    ],
                    "primary": {
                        "id": "i-04a26abf69442d338",
                        "attributes": {
                            "ami": "ami-7a265d6c",
                            "associate_public_ip_address": "true",
                            "availability_zone": "us-east-1a",
                            "disable_api_termination": "false",
                            "ebs_block_device.#": "0",
                            "ebs_optimized": "false",
                            "ephemeral_block_device.#": "0",
                            "iam_instance_profile": "",
                            "id": "i-04a26abf69442d338",
                            "instance_state": "running",
                            "instance_type": "t2.micro",
                            "key_name": "jra-swarm-key-pair",
                            "monitoring": "false",
                            "network_interface_id": "eni-7e2f62a4",
                            "private_dns": "ip-10-0-0-208.ec2.internal",
                            "private_ip": "10.0.0.208",
                            "public_dns": "ec2-52-90-156-252.compute-1.amazonaws.com",
                            "public_ip": "52.90.156.252",
                            "root_block_device.#": "1",
                            "root_block_device.0.delete_on_termination": "true",
                            "root_block_device.0.iops": "100",
                            "root_block_device.0.volume_size": "8",
                            "root_block_device.0.volume_type": "gp2",
                            "security_groups.#": "0",
                            "source_dest_check": "true",
                            "subnet_id": "subnet-ccd40696",
                            "tags.%": "11",
                            "tags.Name": "qa1.instance.swarm-worker.app-ui-web.qa1.us-east-1a",
                            "tags.jra.environment": "qa1",
                            "tags.jra.environment-instance-id": "lRGNBkaDBSE",
                            "tags.jra.environment-size": "small",
                            "tags.jra.environment_type": "latest",
                            "tags.jra.failure-zone": "us-east-1-az-1",
                            "tags.jra.instance-name": "app-ui-web-us-east-1-az-1",
                            "tags.jra.instance-name-full": "qa1.instance.swarm-worker.app-ui-web.qa1.us-east-1a",
                            "tags.jra.subnet-type": "public",
                            "tags.jra.swarm-instance-type": "swarm-worker",
                            "tags.jra.swarm-node-type": "app-ui-web",
                            "tenancy": "default",
                            "vpc_security_group_ids.#": "1",
                            "vpc_security_group_ids.2921468360": "sg-05a0ad7b"
                        },
                        "meta": {
                            "schema_version": "1"
                        },
                        "tainted": false
                    },
                    "deposed": [],
                    "provider": ""
                },
                "aws_instance.app-ui-web-az-2": {
                    "type": "aws_instance",
                    "depends_on": [
                        "aws_security_group.public_app-ui-web",
                        "aws_subnet.az-2-public",
                        "random_id.env-instance"
                    ],
                    "primary": {
                        "id": "i-04f883816877a7514",
                        "attributes": {
                            "ami": "ami-7a265d6c",
                            "associate_public_ip_address": "true",
                            "availability_zone": "us-east-1b",
                            "disable_api_termination": "false",
                            "ebs_block_device.#": "0",
                            "ebs_optimized": "false",
                            "ephemeral_block_device.#": "0",
                            "iam_instance_profile": "",
                            "id": "i-04f883816877a7514",
                            "instance_state": "running",
                            "instance_type": "t2.micro",
                            "key_name": "jra-swarm-key-pair",
                            "monitoring": "false",
                            "network_interface_id": "eni-0e7a7f1a",
                            "private_dns": "ip-10-0-2-221.ec2.internal",
                            "private_ip": "10.0.2.221",
                            "public_dns": "ec2-34-200-249-234.compute-1.amazonaws.com",
                            "public_ip": "34.200.249.234",
                            "root_block_device.#": "1",
                            "root_block_device.0.delete_on_termination": "true",
                            "root_block_device.0.iops": "100",
                            "root_block_device.0.volume_size": "8",
                            "root_block_device.0.volume_type": "gp2",
                            "security_groups.#": "0",
                            "source_dest_check": "true",
                            "subnet_id": "subnet-ca655faf",
                            "tags.%": "11",
                            "tags.Name": "qa1.instance.swarm-worker.app-ui-web.qa1.us-east-1b",
                            "tags.jra.environment": "qa1",
                            "tags.jra.environment-instance-id": "lRGNBkaDBSE",
                            "tags.jra.environment-size": "small",
                            "tags.jra.environment_type": "latest",
                            "tags.jra.failure-zone": "us-east-1-az-2",
                            "tags.jra.instance-name": "app-ui-web-us-east-1-az-2",
                            "tags.jra.instance-name-full": "qa1.instance.swarm-worker.app-ui-web.qa1.us-east-1b",
                            "tags.jra.subnet-type": "public",
                            "tags.jra.swarm-instance-type": "swarm-worker",
                            "tags.jra.swarm-node-type": "app-ui-web",
                            "tenancy": "default",
                            "vpc_security_group_ids.#": "1",
                            "vpc_security_group_ids.2921468360": "sg-05a0ad7b"
                        },
                        "meta": {
                            "schema_version": "1"
                        },
                        "tainted": false
                    },
                    "deposed": [],
                    "provider": ""
                },
                "aws_instance.app-ui-web-az-3": {
                    "type": "aws_instance",
                    "depends_on": [
                        "aws_security_group.public_app-ui-web",
                        "aws_subnet.az-3-public",
                        "random_id.env-instance"
                    ],
                    "primary": {
                        "id": "i-0bceb76b6310e35ba",
                        "attributes": {
                            "ami": "ami-7a265d6c",
                            "associate_public_ip_address": "true",
                            "availability_zone": "us-east-1c",
                            "disable_api_termination": "false",
                            "ebs_block_device.#": "0",
                            "ebs_optimized": "false",
                            "ephemeral_block_device.#": "0",
                            "iam_instance_profile": "",
                            "id": "i-0bceb76b6310e35ba",
                            "instance_state": "running",
                            "instance_type": "t2.micro",
                            "key_name": "jra-swarm-key-pair",
                            "monitoring": "false",
                            "network_interface_id": "eni-04a521cc",
                            "private_dns": "ip-10-0-4-136.ec2.internal",
                            "private_ip": "10.0.4.136",
                            "public_dns": "ec2-52-23-227-1.compute-1.amazonaws.com",
                            "public_ip": "52.23.227.1",
                            "root_block_device.#": "1",
                            "root_block_device.0.delete_on_termination": "true",
                            "root_block_device.0.iops": "100",
                            "root_block_device.0.volume_size": "8",
                            "root_block_device.0.volume_type": "gp2",
                            "security_groups.#": "0",
                            "source_dest_check": "true",
                            "subnet_id": "subnet-fe6cc9d2",
                            "tags.%": "11",
                            "tags.Name": "qa1.instance.swarm-worker.app-ui-web.qa1.us-east-1c",
                            "tags.jra.environment": "qa1",
                            "tags.jra.environment-instance-id": "lRGNBkaDBSE",
                            "tags.jra.environment-size": "small",
                            "tags.jra.environment_type": "latest",
                            "tags.jra.failure-zone": "us-east-1-az-3",
                            "tags.jra.instance-name": "app-ui-web-us-east-1-az-3",
                            "tags.jra.instance-name-full": "qa1.instance.swarm-worker.app-ui-web.qa1.us-east-1c",
                            "tags.jra.subnet-type": "public",
                            "tags.jra.swarm-instance-type": "swarm-worker",
                            "tags.jra.swarm-node-type": "app-ui-web",
                            "tenancy": "default",
                            "vpc_security_group_ids.#": "1",
                            "vpc_security_group_ids.2921468360": "sg-05a0ad7b"
                        },
                        "meta": {
                            "schema_version": "1"
                        },
                        "tainted": false
                    },
                    "deposed": [],
                    "provider": ""
                },
                "aws_instance.build-az-1": {
                    "type": "aws_instance",
                    "depends_on": [
                        "aws_security_group.private_build",
                        "aws_subnet.az-1-private",
                        "random_id.env-instance"
                    ],
                    "primary": {
                        "id": "i-0765b3e6d87f805d6",
                        "attributes": {
                            "ami": "ami-7a265d6c",
                            "associate_public_ip_address": "true",
                            "availability_zone": "us-east-1a",
                            "disable_api_termination": "false",
                            "ebs_block_device.#": "0",
                            "ebs_optimized": "false",
                            "ephemeral_block_device.#": "0",
                            "iam_instance_profile": "",
                            "id": "i-0765b3e6d87f805d6",
                            "instance_state": "running",
                            "instance_type": "t2.micro",
                            "key_name": "jra-swarm-key-pair",
                            "monitoring": "false",
                            "network_interface_id": "eni-4a2b6690",
                            "private_dns": "ip-10-0-1-39.ec2.internal",
                            "private_ip": "10.0.1.39",
                            "public_dns": "ec2-54-208-105-78.compute-1.amazonaws.com",
                            "public_ip": "54.208.105.78",
                            "root_block_device.#": "1",
                            "root_block_device.0.delete_on_termination": "true",
                            "root_block_device.0.iops": "100",
                            "root_block_device.0.volume_size": "8",
                            "root_block_device.0.volume_type": "gp2",
                            "security_groups.#": "0",
                            "source_dest_check": "true",
                            "subnet_id": "subnet-0fd10355",
                            "tags.%": "11",
                            "tags.Name": "qa1.instance.swarm-worker.infra-build.qa1.us-east-1a",
                            "tags.jra.environment": "qa1",
                            "tags.jra.environment-instance-id": "lRGNBkaDBSE",
                            "tags.jra.environment-size": "small",
                            "tags.jra.environment_type": "latest",
                            "tags.jra.failure-zone": "us-east-1-az-1",
                            "tags.jra.instance-name": "infra-build-us-east-1-az-1",
                            "tags.jra.instance-name-full": "qa1.instance.swarm-worker.infra-build.qa1.us-east-1a",
                            "tags.jra.subnet-type": "private",
                            "tags.jra.swarm-instance-type": "swarm-worker",
                            "tags.jra.swarm-node-type": "infra-build",
                            "tenancy": "default",
                            "vpc_security_group_ids.#": "1",
                            "vpc_security_group_ids.3017711574": "sg-90a3aeee"
                        },
                        "meta": {
                            "schema_version": "1"
                        },
                        "tainted": false
                    },
                    "deposed": [],
                    "provider": ""
                },
                "aws_instance.build-az-2": {
                    "type": "aws_instance",
                    "depends_on": [
                        "aws_security_group.private_build",
                        "aws_subnet.az-2-private",
                        "random_id.env-instance"
                    ],
                    "primary": {
                        "id": "i-03e19d8671f262e48",
                        "attributes": {
                            "ami": "ami-7a265d6c",
                            "associate_public_ip_address": "true",
                            "availability_zone": "us-east-1b",
                            "disable_api_termination": "false",
                            "ebs_block_device.#": "0",
                            "ebs_optimized": "false",
                            "ephemeral_block_device.#": "0",
                            "iam_instance_profile": "",
                            "id": "i-03e19d8671f262e48",
                            "instance_state": "running",
                            "instance_type": "t2.micro",
                            "key_name": "jra-swarm-key-pair",
                            "monitoring": "false",
                            "network_interface_id": "eni-3f787d2b",
                            "private_dns": "ip-10-0-3-12.ec2.internal",
                            "private_ip": "10.0.3.12",
                            "public_dns": "ec2-52-71-119-41.compute-1.amazonaws.com",
                            "public_ip": "52.71.119.41",
                            "root_block_device.#": "1",
                            "root_block_device.0.delete_on_termination": "true",
                            "root_block_device.0.iops": "100",
                            "root_block_device.0.volume_size": "8",
                            "root_block_device.0.volume_type": "gp2",
                            "security_groups.#": "0",
                            "source_dest_check": "true",
                            "subnet_id": "subnet-25635940",
                            "tags.%": "11",
                            "tags.Name": "qa1.instance.swarm-worker.infra-build.qa1.us-east-1b",
                            "tags.jra.environment": "qa1",
                            "tags.jra.environment-instance-id": "lRGNBkaDBSE",
                            "tags.jra.environment-size": "small",
                            "tags.jra.environment_type": "latest",
                            "tags.jra.failure-zone": "us-east-1-az-2",
                            "tags.jra.instance-name": "infra-build-us-east-1-az-2",
                            "tags.jra.instance-name-full": "qa1.instance.swarm-worker.infra-build.qa1.us-east-1b",
                            "tags.jra.subnet-type": "private",
                            "tags.jra.swarm-instance-type": "swarm-worker",
                            "tags.jra.swarm-node-type": "infra-build",
                            "tenancy": "default",
                            "vpc_security_group_ids.#": "1",
                            "vpc_security_group_ids.3017711574": "sg-90a3aeee"
                        },
                        "meta": {
                            "schema_version": "1"
                        },
                        "tainted": false
                    },
                    "deposed": [],
                    "provider": ""
                },
                "aws_instance.build-az-3": {
                    "type": "aws_instance",
                    "depends_on": [
                        "aws_security_group.private_build",
                        "aws_subnet.az-3-private",
                        "random_id.env-instance"
                    ],
                    "primary": {
                        "id": "i-0d8303095f02948e3",
                        "attributes": {
                            "ami": "ami-7a265d6c",
                            "associate_public_ip_address": "true",
                            "availability_zone": "us-east-1c",
                            "disable_api_termination": "false",
                            "ebs_block_device.#": "0",
                            "ebs_optimized": "false",
                            "ephemeral_block_device.#": "0",
                            "iam_instance_profile": "",
                            "id": "i-0d8303095f02948e3",
                            "instance_state": "running",
                            "instance_type": "t2.micro",
                            "key_name": "jra-swarm-key-pair",
                            "monitoring": "false",
                            "network_interface_id": "eni-5ca12594",
                            "private_dns": "ip-10-0-5-175.ec2.internal",
                            "private_ip": "10.0.5.175",
                            "public_dns": "ec2-54-237-194-116.compute-1.amazonaws.com",
                            "public_ip": "54.237.194.116",
                            "root_block_device.#": "1",
                            "root_block_device.0.delete_on_termination": "true",
                            "root_block_device.0.iops": "100",
                            "root_block_device.0.volume_size": "8",
                            "root_block_device.0.volume_type": "gp2",
                            "security_groups.#": "0",
                            "source_dest_check": "true",
                            "subnet_id": "subnet-8e68cda2",
                            "tags.%": "11",
                            "tags.Name": "qa1.instance.swarm-worker.infra-build.qa1.us-east-1c",
                            "tags.jra.environment": "qa1",
                            "tags.jra.environment-instance-id": "lRGNBkaDBSE",
                            "tags.jra.environment-size": "small",
                            "tags.jra.environment_type": "latest",
                            "tags.jra.failure-zone": "us-east-1-az-3",
                            "tags.jra.instance-name": "infra-build-us-east-1-az-3",
                            "tags.jra.instance-name-full": "qa1.instance.swarm-worker.infra-build.qa1.us-east-1c",
                            "tags.jra.subnet-type": "private",
                            "tags.jra.swarm-instance-type": "swarm-worker",
                            "tags.jra.swarm-node-type": "infra-build",
                            "tenancy": "default",
                            "vpc_security_group_ids.#": "1",
                            "vpc_security_group_ids.3017711574": "sg-90a3aeee"
                        },
                        "meta": {
                            "schema_version": "1"
                        },
                        "tainted": false
                    },
                    "deposed": [],
                    "provider": ""
                },
                "aws_instance.infra-logging-az-1": {
                    "type": "aws_instance",
                    "depends_on": [
                        "aws_security_group.private_infra-logging",
                        "aws_subnet.az-1-private",
                        "random_id.env-instance"
                    ],
                    "primary": {
                        "id": "i-0e08906c26ee12e4f",
                        "attributes": {
                            "ami": "ami-7a265d6c",
                            "associate_public_ip_address": "true",
                            "availability_zone": "us-east-1a",
                            "disable_api_termination": "false",
                            "ebs_block_device.#": "0",
                            "ebs_optimized": "false",
                            "ephemeral_block_device.#": "0",
                            "iam_instance_profile": "",
                            "id": "i-0e08906c26ee12e4f",
                            "instance_state": "running",
                            "instance_type": "t2.medium",
                            "key_name": "jra-swarm-key-pair",
                            "monitoring": "false",
                            "network_interface_id": "eni-552b668f",
                            "private_dns": "ip-10-0-1-196.ec2.internal",
                            "private_ip": "10.0.1.196",
                            "public_dns": "ec2-34-204-100-97.compute-1.amazonaws.com",
                            "public_ip": "34.204.100.97",
                            "root_block_device.#": "1",
                            "root_block_device.0.delete_on_termination": "true",
                            "root_block_device.0.iops": "100",
                            "root_block_device.0.volume_size": "8",
                            "root_block_device.0.volume_type": "gp2",
                            "security_groups.#": "0",
                            "source_dest_check": "true",
                            "subnet_id": "subnet-0fd10355",
                            "tags.%": "11",
                            "tags.Name": "qa1.instance.swarm-worker.infra-logging.qa1.us-east-1a",
                            "tags.jra.environment": "qa1",
                            "tags.jra.environment-instance-id": "lRGNBkaDBSE",
                            "tags.jra.environment-size": "small",
                            "tags.jra.environment_type": "latest",
                            "tags.jra.failure-zone": "us-east-1-az-1",
                            "tags.jra.instance-name": "infra-logging-us-east-1-az-1",
                            "tags.jra.instance-name-full": "qa1.instance.swarm-worker.infra-logging.qa1.us-east-1a",
                            "tags.jra.subnet-type": "private",
                            "tags.jra.swarm-instance-type": "swarm-worker",
                            "tags.jra.swarm-node-type": "infra-logging",
                            "tenancy": "default",
                            "vpc_security_group_ids.#": "1",
                            "vpc_security_group_ids.356297480": "sg-21a1ac5f"
                        },
                        "meta": {
                            "schema_version": "1"
                        },
                        "tainted": false
                    },
                    "deposed": [],
                    "provider": ""
                },
                "aws_instance.infra-logging-az-2": {
                    "type": "aws_instance",
                    "depends_on": [
                        "aws_security_group.private_infra-logging",
                        "aws_subnet.az-2-private",
                        "random_id.env-instance"
                    ],
                    "primary": {
                        "id": "i-03e9558f1fbcf22a7",
                        "attributes": {
                            "ami": "ami-7a265d6c",
                            "associate_public_ip_address": "true",
                            "availability_zone": "us-east-1b",
                            "disable_api_termination": "false",
                            "ebs_block_device.#": "0",
                            "ebs_optimized": "false",
                            "ephemeral_block_device.#": "0",
                            "iam_instance_profile": "",
                            "id": "i-03e9558f1fbcf22a7",
                            "instance_state": "running",
                            "instance_type": "t2.medium",
                            "key_name": "jra-swarm-key-pair",
                            "monitoring": "false",
                            "network_interface_id": "eni-7f04016b",
                            "private_dns": "ip-10-0-3-254.ec2.internal",
                            "private_ip": "10.0.3.254",
                            "public_dns": "ec2-34-201-26-123.compute-1.amazonaws.com",
                            "public_ip": "34.201.26.123",
                            "root_block_device.#": "1",
                            "root_block_device.0.delete_on_termination": "true",
                            "root_block_device.0.iops": "100",
                            "root_block_device.0.volume_size": "8",
                            "root_block_device.0.volume_type": "gp2",
                            "security_groups.#": "0",
                            "source_dest_check": "true",
                            "subnet_id": "subnet-25635940",
                            "tags.%": "11",
                            "tags.Name": "qa1.instance.swarm-worker.infra-logging.qa1.us-east-1b",
                            "tags.jra.environment": "qa1",
                            "tags.jra.environment-instance-id": "lRGNBkaDBSE",
                            "tags.jra.environment-size": "small",
                            "tags.jra.environment_type": "latest",
                            "tags.jra.failure-zone": "us-east-1-az-2",
                            "tags.jra.instance-name": "infra-logging-us-east-1-az-2",
                            "tags.jra.instance-name-full": "qa1.instance.swarm-worker.infra-logging.qa1.us-east-1b",
                            "tags.jra.subnet-type": "private",
                            "tags.jra.swarm-instance-type": "swarm-worker",
                            "tags.jra.swarm-node-type": "infra-logging",
                            "tenancy": "default",
                            "vpc_security_group_ids.#": "1",
                            "vpc_security_group_ids.356297480": "sg-21a1ac5f"
                        },
                        "meta": {
                            "schema_version": "1"
                        },
                        "tainted": false
                    },
                    "deposed": [],
                    "provider": ""
                },
                "aws_instance.infra-logging-az-3": {
                    "type": "aws_instance",
                    "depends_on": [
                        "aws_security_group.private_infra-logging",
                        "aws_subnet.az-3-private",
                        "random_id.env-instance"
                    ],
                    "primary": {
                        "id": "i-008f4a176dee67501",
                        "attributes": {
                            "ami": "ami-7a265d6c",
                            "associate_public_ip_address": "true",
                            "availability_zone": "us-east-1c",
                            "disable_api_termination": "false",
                            "ebs_block_device.#": "0",
                            "ebs_optimized": "false",
                            "ephemeral_block_device.#": "0",
                            "iam_instance_profile": "",
                            "id": "i-008f4a176dee67501",
                            "instance_state": "running",
                            "instance_type": "t2.medium",
                            "key_name": "jra-swarm-key-pair",
                            "monitoring": "false",
                            "network_interface_id": "eni-baa02472",
                            "private_dns": "ip-10-0-5-93.ec2.internal",
                            "private_ip": "10.0.5.93",
                            "public_dns": "ec2-54-196-17-50.compute-1.amazonaws.com",
                            "public_ip": "54.196.17.50",
                            "root_block_device.#": "1",
                            "root_block_device.0.delete_on_termination": "true",
                            "root_block_device.0.iops": "100",
                            "root_block_device.0.volume_size": "8",
                            "root_block_device.0.volume_type": "gp2",
                            "security_groups.#": "0",
                            "source_dest_check": "true",
                            "subnet_id": "subnet-8e68cda2",
                            "tags.%": "11",
                            "tags.Name": "qa1.instance.swarm-worker.infra-logging.qa1.us-east-1c",
                            "tags.jra.environment": "qa1",
                            "tags.jra.environment-instance-id": "lRGNBkaDBSE",
                            "tags.jra.environment-size": "small",
                            "tags.jra.environment_type": "latest",
                            "tags.jra.failure-zone": "us-east-1-az-3",
                            "tags.jra.instance-name": "infra-logging-us-east-1-az-3",
                            "tags.jra.instance-name-full": "qa1.instance.swarm-worker.infra-logging.qa1.us-east-1c",
                            "tags.jra.subnet-type": "private",
                            "tags.jra.swarm-instance-type": "swarm-worker",
                            "tags.jra.swarm-node-type": "infra-logging",
                            "tenancy": "default",
                            "vpc_security_group_ids.#": "1",
                            "vpc_security_group_ids.356297480": "sg-21a1ac5f"
                        },
                        "meta": {
                            "schema_version": "1"
                        },
                        "tainted": false
                    },
                    "deposed": [],
                    "provider": ""
                },
                "aws_instance.swarm-manager-az-1": {
                    "type": "aws_instance",
                    "depends_on": [
                        "aws_security_group.private_swarm-manager",
                        "aws_subnet.az-1-private",
                        "random_id.env-instance"
                    ],
                    "primary": {
                        "id": "i-0a09fd1095b6e999e",
                        "attributes": {
                            "ami": "ami-7a265d6c",
                            "associate_public_ip_address": "true",
                            "availability_zone": "us-east-1a",
                            "disable_api_termination": "false",
                            "ebs_block_device.#": "0",
                            "ebs_optimized": "false",
                            "ephemeral_block_device.#": "0",
                            "iam_instance_profile": "",
                            "id": "i-0a09fd1095b6e999e",
                            "instance_state": "running",
                            "instance_type": "t2.micro",
                            "key_name": "jra-swarm-key-pair",
                            "monitoring": "false",
                            "network_interface_id": "eni-94105d4e",
                            "private_dns": "ip-10-0-1-231.ec2.internal",
                            "private_ip": "10.0.1.231",
                            "public_dns": "ec2-54-165-245-122.compute-1.amazonaws.com",
                            "public_ip": "54.165.245.122",
                            "root_block_device.#": "1",
                            "root_block_device.0.delete_on_termination": "true",
                            "root_block_device.0.iops": "100",
                            "root_block_device.0.volume_size": "8",
                            "root_block_device.0.volume_type": "gp2",
                            "security_groups.#": "0",
                            "source_dest_check": "true",
                            "subnet_id": "subnet-0fd10355",
                            "tags.%": "11",
                            "tags.Name": "qa1.instance.swarm-manager.infra-swarm-manager.qa1.us-east-1a",
                            "tags.jra.environment": "qa1",
                            "tags.jra.environment-instance-id": "lRGNBkaDBSE",
                            "tags.jra.environment-size": "small",
                            "tags.jra.environment_type": "latest",
                            "tags.jra.failure-zone": "us-east-1-az-1",
                            "tags.jra.instance-name": "infra-swarm-manager-us-east-1-az-1",
                            "tags.jra.instance-name-full": "qa1.instance.swarm-manager.infra-swarm-manager.qa1.us-east-1a",
                            "tags.jra.subnet-type": "private",
                            "tags.jra.swarm-instance-type": "swarm-manager",
                            "tags.jra.swarm-node-type": "infra-swarm-manager",
                            "tenancy": "default",
                            "vpc_security_group_ids.#": "1",
                            "vpc_security_group_ids.3544718366": "sg-24bdb05a"
                        },
                        "meta": {
                            "schema_version": "1"
                        },
                        "tainted": false
                    },
                    "deposed": [],
                    "provider": ""
                },
                "aws_instance.swarm-manager-az-2": {
                    "type": "aws_instance",
                    "depends_on": [
                        "aws_security_group.private_swarm-manager",
                        "aws_subnet.az-2-private",
                        "random_id.env-instance"
                    ],
                    "primary": {
                        "id": "i-0f4687eded3484999",
                        "attributes": {
                            "ami": "ami-7a265d6c",
                            "associate_public_ip_address": "true",
                            "availability_zone": "us-east-1b",
                            "disable_api_termination": "false",
                            "ebs_block_device.#": "0",
                            "ebs_optimized": "false",
                            "ephemeral_block_device.#": "0",
                            "iam_instance_profile": "",
                            "id": "i-0f4687eded3484999",
                            "instance_state": "running",
                            "instance_type": "t2.micro",
                            "key_name": "jra-swarm-key-pair",
                            "monitoring": "false",
                            "network_interface_id": "eni-d57f7ac1",
                            "private_dns": "ip-10-0-3-251.ec2.internal",
                            "private_ip": "10.0.3.251",
                            "public_dns": "ec2-107-23-79-89.compute-1.amazonaws.com",
                            "public_ip": "107.23.79.89",
                            "root_block_device.#": "1",
                            "root_block_device.0.delete_on_termination": "true",
                            "root_block_device.0.iops": "100",
                            "root_block_device.0.volume_size": "8",
                            "root_block_device.0.volume_type": "gp2",
                            "security_groups.#": "0",
                            "source_dest_check": "true",
                            "subnet_id": "subnet-25635940",
                            "tags.%": "11",
                            "tags.Name": "qa1.instance.swarm-manager.infra-swarm-manager.qa1.us-east-1b",
                            "tags.jra.environment": "qa1",
                            "tags.jra.environment-instance-id": "lRGNBkaDBSE",
                            "tags.jra.environment-size": "small",
                            "tags.jra.environment_type": "latest",
                            "tags.jra.failure-zone": "us-east-1-az-2",
                            "tags.jra.instance-name": "infra-swarm-manager-us-east-1-az-2",
                            "tags.jra.instance-name-full": "qa1.instance.swarm-manager.infra-swarm-manager.qa1.us-east-1b",
                            "tags.jra.subnet-type": "private",
                            "tags.jra.swarm-instance-type": "swarm-manager",
                            "tags.jra.swarm-node-type": "infra-swarm-manager",
                            "tenancy": "default",
                            "vpc_security_group_ids.#": "1",
                            "vpc_security_group_ids.3544718366": "sg-24bdb05a"
                        },
                        "meta": {
                            "schema_version": "1"
                        },
                        "tainted": false
                    },
                    "deposed": [],
                    "provider": ""
                },
                "aws_instance.swarm-manager-az-3": {
                    "type": "aws_instance",
                    "depends_on": [
                        "aws_security_group.private_swarm-manager",
                        "aws_subnet.az-3-private",
                        "random_id.env-instance"
                    ],
                    "primary": {
                        "id": "i-0f725c86a38ba31ab",
                        "attributes": {
                            "ami": "ami-7a265d6c",
                            "associate_public_ip_address": "true",
                            "availability_zone": "us-east-1c",
                            "disable_api_termination": "false",
                            "ebs_block_device.#": "0",
                            "ebs_optimized": "false",
                            "ephemeral_block_device.#": "0",
                            "iam_instance_profile": "",
                            "id": "i-0f725c86a38ba31ab",
                            "instance_state": "running",
                            "instance_type": "t2.micro",
                            "key_name": "jra-swarm-key-pair",
                            "monitoring": "false",
                            "network_interface_id": "eni-01a521c9",
                            "private_dns": "ip-10-0-5-90.ec2.internal",
                            "private_ip": "10.0.5.90",
                            "public_dns": "ec2-184-73-43-101.compute-1.amazonaws.com",
                            "public_ip": "184.73.43.101",
                            "root_block_device.#": "1",
                            "root_block_device.0.delete_on_termination": "true",
                            "root_block_device.0.iops": "100",
                            "root_block_device.0.volume_size": "8",
                            "root_block_device.0.volume_type": "gp2",
                            "security_groups.#": "0",
                            "source_dest_check": "true",
                            "subnet_id": "subnet-8e68cda2",
                            "tags.%": "11",
                            "tags.Name": "qa1.instance.swarm-manager.infra-swarm-manager.qa1.us-east-1c",
                            "tags.jra.environment": "qa1",
                            "tags.jra.environment-instance-id": "lRGNBkaDBSE",
                            "tags.jra.environment-size": "small",
                            "tags.jra.environment_type": "latest",
                            "tags.jra.failure-zone": "us-east-1-az-3",
                            "tags.jra.instance-name": "infra-swarm-manager-us-east-1-az-3",
                            "tags.jra.instance-name-full": "qa1.instance.swarm-manager.infra-swarm-manager.qa1.us-east-1c",
                            "tags.jra.subnet-type": "private",
                            "tags.jra.swarm-instance-type": "swarm-manager",
                            "tags.jra.swarm-node-type": "infra-swarm-manager",
                            "tenancy": "default",
                            "vpc_security_group_ids.#": "1",
                            "vpc_security_group_ids.3544718366": "sg-24bdb05a"
                        },
                        "meta": {
                            "schema_version": "1"
                        },
                        "tainted": false
                    },
                    "deposed": [],
                    "provider": ""
                },
                "aws_internet_gateway.jra_igw": {
                    "type": "aws_internet_gateway",
                    "depends_on": [
                        "aws_vpc.jra_vpc",
                        "random_id.env-instance"
                    ],
                    "primary": {
                        "id": "igw-c0fc72a6",
                        "attributes": {
                            "id": "igw-c0fc72a6",
                            "tags.%": "5",
                            "tags.Name": "qa1.igw.us-east-1",
                            "tags.jra.environment": "qa1",
                            "tags.jra.environment-instance-id": "lRGNBkaDBSE",
                            "tags.jra.environment-size": "small",
                            "tags.jra.environment_type": "latest",
                            "vpc_id": "vpc-5d79ab24"
                        },
                        "meta": {},
                        "tainted": false
                    },
                    "deposed": [],
                    "provider": ""
                },
                "aws_nat_gateway.az-1-public": {
                    "type": "aws_nat_gateway",
                    "depends_on": [
                        "aws_eip.az-1-public",
                        "aws_subnet.az-1-public"
                    ],
                    "primary": {
                        "id": "nat-09f2f012d7b402931",
                        "attributes": {
                            "allocation_id": "eipalloc-eb1bdcdb",
                            "id": "nat-09f2f012d7b402931",
                            "network_interface_id": "eni-3c2b66e6",
                            "private_ip": "10.0.0.133",
                            "public_ip": "34.202.245.251",
                            "subnet_id": "subnet-ccd40696"
                        },
                        "meta": {},
                        "tainted": false
                    },
                    "deposed": [],
                    "provider": ""
                },
                "aws_nat_gateway.az-2-public": {
                    "type": "aws_nat_gateway",
                    "depends_on": [
                        "aws_eip.az-2-public",
                        "aws_subnet.az-2-public"
                    ],
                    "primary": {
                        "id": "nat-03b829b0a5d931f05",
                        "attributes": {
                            "allocation_id": "eipalloc-e81bdcd8",
                            "id": "nat-03b829b0a5d931f05",
                            "network_interface_id": "eni-12040106",
                            "private_ip": "10.0.2.16",
                            "public_ip": "34.202.176.114",
                            "subnet_id": "subnet-ca655faf"
                        },
                        "meta": {},
                        "tainted": false
                    },
                    "deposed": [],
                    "provider": ""
                },
                "aws_nat_gateway.az-3-public": {
                    "type": "aws_nat_gateway",
                    "depends_on": [
                        "aws_eip.az-3-public",
                        "aws_subnet.az-3-public"
                    ],
                    "primary": {
                        "id": "nat-09aebdbd091c081e0",
                        "attributes": {
                            "allocation_id": "eipalloc-0a1add3a",
                            "id": "nat-09aebdbd091c081e0",
                            "network_interface_id": "eni-36991dfe",
                            "private_ip": "10.0.4.146",
                            "public_ip": "34.224.141.175",
                            "subnet_id": "subnet-fe6cc9d2"
                        },
                        "meta": {},
                        "tainted": false
                    },
                    "deposed": [],
                    "provider": ""
                },
                "aws_route53_record.blog": {
                    "type": "aws_route53_record",
                    "depends_on": [
                        "aws_elb.elb-public-swarm",
                        "aws_elb.elb-public-swarm"
                    ],
                    "primary": {
                        "id": "Z2ZVLIKT9MX0K8_qa1.blog.joericearchitect.info_A",
                        "attributes": {
                            "alias.#": "1",
                            "alias.1561171830.evaluate_target_health": "true",
                            "alias.1561171830.name": "qa1-jra-elb-us-east-1-swarm-1375962041.us-east-1.elb.amazonaws.com",
                            "alias.1561171830.zone_id": "Z35SXDOTRQ7X7K",
                            "fqdn": "qa1.blog.joericearchitect.info",
                            "health_check_id": "",
                            "id": "Z2ZVLIKT9MX0K8_qa1.blog.joericearchitect.info_A",
                            "name": "qa1.blog.joericearchitect.info",
                            "records.#": "0",
                            "set_identifier": "",
                            "ttl": "0",
                            "type": "A",
                            "zone_id": "Z2ZVLIKT9MX0K8"
                        },
                        "meta": {
                            "schema_version": "2"
                        },
                        "tainted": false
                    },
                    "deposed": [],
                    "provider": ""
                },
                "aws_route53_record.build": {
                    "type": "aws_route53_record",
                    "depends_on": [
                        "aws_elb.elb-public-swarm",
                        "aws_elb.elb-public-swarm"
                    ],
                    "primary": {
                        "id": "Z2ZVLIKT9MX0K8_qa1.build.joericearchitect.info_A",
                        "attributes": {
                            "alias.#": "1",
                            "alias.1561171830.evaluate_target_health": "true",
                            "alias.1561171830.name": "qa1-jra-elb-us-east-1-swarm-1375962041.us-east-1.elb.amazonaws.com",
                            "alias.1561171830.zone_id": "Z35SXDOTRQ7X7K",
                            "fqdn": "qa1.build.joericearchitect.info",
                            "health_check_id": "",
                            "id": "Z2ZVLIKT9MX0K8_qa1.build.joericearchitect.info_A",
                            "name": "qa1.build.joericearchitect.info",
                            "records.#": "0",
                            "set_identifier": "",
                            "ttl": "0",
                            "type": "A",
                            "zone_id": "Z2ZVLIKT9MX0K8"
                        },
                        "meta": {
                            "schema_version": "2"
                        },
                        "tainted": false
                    },
                    "deposed": [],
                    "provider": ""
                },
                "aws_route53_record.docker": {
                    "type": "aws_route53_record",
                    "depends_on": [
                        "aws_elb.elb-public-swarm",
                        "aws_elb.elb-public-swarm"
                    ],
                    "primary": {
                        "id": "Z2ZVLIKT9MX0K8_qa1.docker.joericearchitect.info_A",
                        "attributes": {
                            "alias.#": "1",
                            "alias.1561171830.evaluate_target_health": "true",
                            "alias.1561171830.name": "qa1-jra-elb-us-east-1-swarm-1375962041.us-east-1.elb.amazonaws.com",
                            "alias.1561171830.zone_id": "Z35SXDOTRQ7X7K",
                            "fqdn": "qa1.docker.joericearchitect.info",
                            "health_check_id": "",
                            "id": "Z2ZVLIKT9MX0K8_qa1.docker.joericearchitect.info_A",
                            "name": "qa1.docker.joericearchitect.info",
                            "records.#": "0",
                            "set_identifier": "",
                            "ttl": "0",
                            "type": "A",
                            "zone_id": "Z2ZVLIKT9MX0K8"
                        },
                        "meta": {
                            "schema_version": "2"
                        },
                        "tainted": false
                    },
                    "deposed": [],
                    "provider": ""
                },
                "aws_route53_record.dockerui": {
                    "type": "aws_route53_record",
                    "depends_on": [
                        "aws_elb.elb-public-swarm",
                        "aws_elb.elb-public-swarm"
                    ],
                    "primary": {
                        "id": "Z2ZVLIKT9MX0K8_qa1.dockerui.joericearchitect.info_A",
                        "attributes": {
                            "alias.#": "1",
                            "alias.1561171830.evaluate_target_health": "true",
                            "alias.1561171830.name": "qa1-jra-elb-us-east-1-swarm-1375962041.us-east-1.elb.amazonaws.com",
                            "alias.1561171830.zone_id": "Z35SXDOTRQ7X7K",
                            "fqdn": "qa1.dockerui.joericearchitect.info",
                            "health_check_id": "",
                            "id": "Z2ZVLIKT9MX0K8_qa1.dockerui.joericearchitect.info_A",
                            "name": "qa1.dockerui.joericearchitect.info",
                            "records.#": "0",
                            "set_identifier": "",
                            "ttl": "0",
                            "type": "A",
                            "zone_id": "Z2ZVLIKT9MX0K8"
                        },
                        "meta": {
                            "schema_version": "2"
                        },
                        "tainted": false
                    },
                    "deposed": [],
                    "provider": ""
                },
                "aws_route53_record.dockervisual": {
                    "type": "aws_route53_record",
                    "depends_on": [
                        "aws_elb.elb-public-swarm",
                        "aws_elb.elb-public-swarm"
                    ],
                    "primary": {
                        "id": "Z2ZVLIKT9MX0K8_qa1.dockervisual.joericearchitect.info_A",
                        "attributes": {
                            "alias.#": "1",
                            "alias.1561171830.evaluate_target_health": "true",
                            "alias.1561171830.name": "qa1-jra-elb-us-east-1-swarm-1375962041.us-east-1.elb.amazonaws.com",
                            "alias.1561171830.zone_id": "Z35SXDOTRQ7X7K",
                            "fqdn": "qa1.dockervisual.joericearchitect.info",
                            "health_check_id": "",
                            "id": "Z2ZVLIKT9MX0K8_qa1.dockervisual.joericearchitect.info_A",
                            "name": "qa1.dockervisual.joericearchitect.info",
                            "records.#": "0",
                            "set_identifier": "",
                            "ttl": "0",
                            "type": "A",
                            "zone_id": "Z2ZVLIKT9MX0K8"
                        },
                        "meta": {
                            "schema_version": "2"
                        },
                        "tainted": false
                    },
                    "deposed": [],
                    "provider": ""
                },
                "aws_route53_record.elasticsearch": {
                    "type": "aws_route53_record",
                    "depends_on": [
                        "aws_elb.elb-public-logging",
                        "aws_elb.elb-public-logging"
                    ],
                    "primary": {
                        "id": "Z2ZVLIKT9MX0K8_qa1.es.joericearchitect.info_A",
                        "attributes": {
                            "alias.#": "1",
                            "alias.4062306659.evaluate_target_health": "true",
                            "alias.4062306659.name": "qa1-jra-elb-us-east-1-logging-789553981.us-east-1.elb.amazonaws.com",
                            "alias.4062306659.zone_id": "Z35SXDOTRQ7X7K",
                            "fqdn": "qa1.es.joericearchitect.info",
                            "health_check_id": "",
                            "id": "Z2ZVLIKT9MX0K8_qa1.es.joericearchitect.info_A",
                            "name": "qa1.es.joericearchitect.info",
                            "records.#": "0",
                            "set_identifier": "",
                            "ttl": "0",
                            "type": "A",
                            "zone_id": "Z2ZVLIKT9MX0K8"
                        },
                        "meta": {
                            "schema_version": "2"
                        },
                        "tainted": false
                    },
                    "deposed": [],
                    "provider": ""
                },
                "aws_route53_record.fluentd": {
                    "type": "aws_route53_record",
                    "depends_on": [
                        "aws_elb.elb-public-logging",
                        "aws_elb.elb-public-logging"
                    ],
                    "primary": {
                        "id": "Z2ZVLIKT9MX0K8_qa1.fluentd.joericearchitect.info_A",
                        "attributes": {
                            "alias.#": "1",
                            "alias.4062306659.evaluate_target_health": "true",
                            "alias.4062306659.name": "qa1-jra-elb-us-east-1-logging-789553981.us-east-1.elb.amazonaws.com",
                            "alias.4062306659.zone_id": "Z35SXDOTRQ7X7K",
                            "fqdn": "qa1.fluentd.joericearchitect.info",
                            "health_check_id": "",
                            "id": "Z2ZVLIKT9MX0K8_qa1.fluentd.joericearchitect.info_A",
                            "name": "qa1.fluentd.joericearchitect.info",
                            "records.#": "0",
                            "set_identifier": "",
                            "ttl": "0",
                            "type": "A",
                            "zone_id": "Z2ZVLIKT9MX0K8"
                        },
                        "meta": {
                            "schema_version": "2"
                        },
                        "tainted": false
                    },
                    "deposed": [],
                    "provider": ""
                },
                "aws_route53_record.kibana": {
                    "type": "aws_route53_record",
                    "depends_on": [
                        "aws_elb.elb-public-logging",
                        "aws_elb.elb-public-logging"
                    ],
                    "primary": {
                        "id": "Z2ZVLIKT9MX0K8_qa1.kibana.joericearchitect.info_A",
                        "attributes": {
                            "alias.#": "1",
                            "alias.4062306659.evaluate_target_health": "true",
                            "alias.4062306659.name": "qa1-jra-elb-us-east-1-logging-789553981.us-east-1.elb.amazonaws.com",
                            "alias.4062306659.zone_id": "Z35SXDOTRQ7X7K",
                            "fqdn": "qa1.kibana.joericearchitect.info",
                            "health_check_id": "",
                            "id": "Z2ZVLIKT9MX0K8_qa1.kibana.joericearchitect.info_A",
                            "name": "qa1.kibana.joericearchitect.info",
                            "records.#": "0",
                            "set_identifier": "",
                            "ttl": "0",
                            "type": "A",
                            "zone_id": "Z2ZVLIKT9MX0K8"
                        },
                        "meta": {
                            "schema_version": "2"
                        },
                        "tainted": false
                    },
                    "deposed": [],
                    "provider": ""
                },
                "aws_route53_record.logging-proxy": {
                    "type": "aws_route53_record",
                    "depends_on": [
                        "aws_elb.elb-public-logging",
                        "aws_elb.elb-public-logging"
                    ],
                    "primary": {
                        "id": "Z2ZVLIKT9MX0K8_qa1.logging-proxy.joericearchitect.info_A",
                        "attributes": {
                            "alias.#": "1",
                            "alias.4062306659.evaluate_target_health": "true",
                            "alias.4062306659.name": "qa1-jra-elb-us-east-1-logging-789553981.us-east-1.elb.amazonaws.com",
                            "alias.4062306659.zone_id": "Z35SXDOTRQ7X7K",
                            "fqdn": "qa1.logging-proxy.joericearchitect.info",
                            "health_check_id": "",
                            "id": "Z2ZVLIKT9MX0K8_qa1.logging-proxy.joericearchitect.info_A",
                            "name": "qa1.logging-proxy.joericearchitect.info",
                            "records.#": "0",
                            "set_identifier": "",
                            "ttl": "0",
                            "type": "A",
                            "zone_id": "Z2ZVLIKT9MX0K8"
                        },
                        "meta": {
                            "schema_version": "2"
                        },
                        "tainted": false
                    },
                    "deposed": [],
                    "provider": ""
                },
                "aws_route53_record.proxy": {
                    "type": "aws_route53_record",
                    "depends_on": [
                        "aws_elb.elb-public-swarm",
                        "aws_elb.elb-public-swarm"
                    ],
                    "primary": {
                        "id": "Z2ZVLIKT9MX0K8_qa1.proxy.joericearchitect.info_A",
                        "attributes": {
                            "alias.#": "1",
                            "alias.1561171830.evaluate_target_health": "true",
                            "alias.1561171830.name": "qa1-jra-elb-us-east-1-swarm-1375962041.us-east-1.elb.amazonaws.com",
                            "alias.1561171830.zone_id": "Z35SXDOTRQ7X7K",
                            "fqdn": "qa1.proxy.joericearchitect.info",
                            "health_check_id": "",
                            "id": "Z2ZVLIKT9MX0K8_qa1.proxy.joericearchitect.info_A",
                            "name": "qa1.proxy.joericearchitect.info",
                            "records.#": "0",
                            "set_identifier": "",
                            "ttl": "0",
                            "type": "A",
                            "zone_id": "Z2ZVLIKT9MX0K8"
                        },
                        "meta": {
                            "schema_version": "2"
                        },
                        "tainted": false
                    },
                    "deposed": [],
                    "provider": ""
                },
                "aws_route53_record.www": {
                    "type": "aws_route53_record",
                    "depends_on": [
                        "aws_elb.elb-public-swarm",
                        "aws_elb.elb-public-swarm"
                    ],
                    "primary": {
                        "id": "Z2ZVLIKT9MX0K8_qa1.www.joericearchitect.info_A",
                        "attributes": {
                            "alias.#": "1",
                            "alias.1561171830.evaluate_target_health": "true",
                            "alias.1561171830.name": "qa1-jra-elb-us-east-1-swarm-1375962041.us-east-1.elb.amazonaws.com",
                            "alias.1561171830.zone_id": "Z35SXDOTRQ7X7K",
                            "fqdn": "qa1.www.joericearchitect.info",
                            "health_check_id": "",
                            "id": "Z2ZVLIKT9MX0K8_qa1.www.joericearchitect.info_A",
                            "name": "qa1.www.joericearchitect.info",
                            "records.#": "0",
                            "set_identifier": "",
                            "ttl": "0",
                            "type": "A",
                            "zone_id": "Z2ZVLIKT9MX0K8"
                        },
                        "meta": {
                            "schema_version": "2"
                        },
                        "tainted": false
                    },
                    "deposed": [],
                    "provider": ""
                },
                "aws_route_table.private": {
                    "type": "aws_route_table",
                    "depends_on": [
                        "aws_internet_gateway.jra_igw",
                        "aws_vpc.jra_vpc",
                        "random_id.env-instance"
                    ],
                    "primary": {
                        "id": "rtb-8663f0fe",
                        "attributes": {
                            "id": "rtb-8663f0fe",
                            "propagating_vgws.#": "0",
                            "route.#": "1",
                            "route.1350455959.cidr_block": "0.0.0.0/0",
                            "route.1350455959.gateway_id": "igw-c0fc72a6",
                            "route.1350455959.instance_id": "",
                            "route.1350455959.nat_gateway_id": "",
                            "route.1350455959.network_interface_id": "",
                            "route.1350455959.vpc_peering_connection_id": "",
                            "tags.%": "5",
                            "tags.Name": "qa1.route-table.us-east-1-private",
                            "tags.jra.environment": "qa1",
                            "tags.jra.environment-instance-id": "lRGNBkaDBSE",
                            "tags.jra.environment-size": "small",
                            "tags.jra.environment_type": "latest",
                            "vpc_id": "vpc-5d79ab24"
                        },
                        "meta": {},
                        "tainted": false
                    },
                    "deposed": [],
                    "provider": ""
                },
                "aws_route_table.public": {
                    "type": "aws_route_table",
                    "depends_on": [
                        "aws_internet_gateway.jra_igw",
                        "aws_vpc.jra_vpc",
                        "random_id.env-instance"
                    ],
                    "primary": {
                        "id": "rtb-e460f39c",
                        "attributes": {
                            "id": "rtb-e460f39c",
                            "propagating_vgws.#": "0",
                            "route.#": "1",
                            "route.1350455959.cidr_block": "0.0.0.0/0",
                            "route.1350455959.gateway_id": "igw-c0fc72a6",
                            "route.1350455959.instance_id": "",
                            "route.1350455959.nat_gateway_id": "",
                            "route.1350455959.network_interface_id": "",
                            "route.1350455959.vpc_peering_connection_id": "",
                            "tags.%": "5",
                            "tags.Name": "qa1.route-table.us-east-1-public",
                            "tags.jra.environment": "qa1",
                            "tags.jra.environment-instance-id": "lRGNBkaDBSE",
                            "tags.jra.environment-size": "small",
                            "tags.jra.environment_type": "latest",
                            "vpc_id": "vpc-5d79ab24"
                        },
                        "meta": {},
                        "tainted": false
                    },
                    "deposed": [],
                    "provider": ""
                },
                "aws_route_table_association.az-1-private": {
                    "type": "aws_route_table_association",
                    "depends_on": [
                        "aws_route_table.private",
                        "aws_subnet.az-1-private"
                    ],
                    "primary": {
                        "id": "rtbassoc-1399eb68",
                        "attributes": {
                            "id": "rtbassoc-1399eb68",
                            "route_table_id": "rtb-8663f0fe",
                            "subnet_id": "subnet-0fd10355"
                        },
                        "meta": {},
                        "tainted": false
                    },
                    "deposed": [],
                    "provider": ""
                },
                "aws_route_table_association.az-1-public": {
                    "type": "aws_route_table_association",
                    "depends_on": [
                        "aws_route_table.public",
                        "aws_subnet.az-1-public"
                    ],
                    "primary": {
                        "id": "rtbassoc-599be922",
                        "attributes": {
                            "id": "rtbassoc-599be922",
                            "route_table_id": "rtb-e460f39c",
                            "subnet_id": "subnet-ccd40696"
                        },
                        "meta": {},
                        "tainted": false
                    },
                    "deposed": [],
                    "provider": ""
                },
                "aws_route_table_association.az-2-private": {
                    "type": "aws_route_table_association",
                    "depends_on": [
                        "aws_route_table.private",
                        "aws_subnet.az-2-private"
                    ],
                    "primary": {
                        "id": "rtbassoc-3898ea43",
                        "attributes": {
                            "id": "rtbassoc-3898ea43",
                            "route_table_id": "rtb-8663f0fe",
                            "subnet_id": "subnet-25635940"
                        },
                        "meta": {},
                        "tainted": false
                    },
                    "deposed": [],
                    "provider": ""
                },
                "aws_route_table_association.az-2-public": {
                    "type": "aws_route_table_association",
                    "depends_on": [
                        "aws_route_table.public",
                        "aws_subnet.az-2-public"
                    ],
                    "primary": {
                        "id": "rtbassoc-6c9ae817",
                        "attributes": {
                            "id": "rtbassoc-6c9ae817",
                            "route_table_id": "rtb-e460f39c",
                            "subnet_id": "subnet-ca655faf"
                        },
                        "meta": {},
                        "tainted": false
                    },
                    "deposed": [],
                    "provider": ""
                },
                "aws_route_table_association.az-3-private": {
                    "type": "aws_route_table_association",
                    "depends_on": [
                        "aws_route_table.private",
                        "aws_subnet.az-3-private"
                    ],
                    "primary": {
                        "id": "rtbassoc-d395e7a8",
                        "attributes": {
                            "id": "rtbassoc-d395e7a8",
                            "route_table_id": "rtb-8663f0fe",
                            "subnet_id": "subnet-8e68cda2"
                        },
                        "meta": {},
                        "tainted": false
                    },
                    "deposed": [],
                    "provider": ""
                },
                "aws_route_table_association.az-3-public": {
                    "type": "aws_route_table_association",
                    "depends_on": [
                        "aws_route_table.public",
                        "aws_subnet.az-3-public"
                    ],
                    "primary": {
                        "id": "rtbassoc-3195e74a",
                        "attributes": {
                            "id": "rtbassoc-3195e74a",
                            "route_table_id": "rtb-e460f39c",
                            "subnet_id": "subnet-fe6cc9d2"
                        },
                        "meta": {},
                        "tainted": false
                    },
                    "deposed": [],
                    "provider": ""
                },
                "aws_security_group.elb-public-logging": {
                    "type": "aws_security_group",
                    "depends_on": [
                        "aws_vpc.jra_vpc",
                        "random_id.env-instance"
                    ],
                    "primary": {
                        "id": "sg-04a0ad7a",
                        "attributes": {
                            "description": "Security groups for public logging elb",
                            "egress.#": "1",
                            "egress.482069346.cidr_blocks.#": "1",
                            "egress.482069346.cidr_blocks.0": "0.0.0.0/0",
                            "egress.482069346.from_port": "0",
                            "egress.482069346.prefix_list_ids.#": "0",
                            "egress.482069346.protocol": "-1",
                            "egress.482069346.security_groups.#": "0",
                            "egress.482069346.self": "false",
                            "egress.482069346.to_port": "0",
                            "id": "sg-04a0ad7a",
                            "ingress.#": "1",
                            "ingress.482069346.cidr_blocks.#": "1",
                            "ingress.482069346.cidr_blocks.0": "0.0.0.0/0",
                            "ingress.482069346.from_port": "0",
                            "ingress.482069346.protocol": "-1",
                            "ingress.482069346.security_groups.#": "0",
                            "ingress.482069346.self": "false",
                            "ingress.482069346.to_port": "0",
                            "name": "qa1.jra-sg.us-east-1-logging-elb",
                            "owner_id": "478650753675",
                            "tags.%": "5",
                            "tags.Name": "qa1.sg.us-east-1-logging-elb",
                            "tags.jra.environment": "qa1",
                            "tags.jra.environment-instance-id": "lRGNBkaDBSE",
                            "tags.jra.environment-size": "small",
                            "tags.jra.environment_type": "latest",
                            "vpc_id": "vpc-5d79ab24"
                        },
                        "meta": {},
                        "tainted": false
                    },
                    "deposed": [],
                    "provider": ""
                },
                "aws_security_group.elb-public-swarm": {
                    "type": "aws_security_group",
                    "depends_on": [
                        "aws_vpc.jra_vpc",
                        "random_id.env-instance"
                    ],
                    "primary": {
                        "id": "sg-87a4a9f9",
                        "attributes": {
                            "description": "Security groups for public swarm elb",
                            "egress.#": "1",
                            "egress.482069346.cidr_blocks.#": "1",
                            "egress.482069346.cidr_blocks.0": "0.0.0.0/0",
                            "egress.482069346.from_port": "0",
                            "egress.482069346.prefix_list_ids.#": "0",
                            "egress.482069346.protocol": "-1",
                            "egress.482069346.security_groups.#": "0",
                            "egress.482069346.self": "false",
                            "egress.482069346.to_port": "0",
                            "id": "sg-87a4a9f9",
                            "ingress.#": "1",
                            "ingress.482069346.cidr_blocks.#": "1",
                            "ingress.482069346.cidr_blocks.0": "0.0.0.0/0",
                            "ingress.482069346.from_port": "0",
                            "ingress.482069346.protocol": "-1",
                            "ingress.482069346.security_groups.#": "0",
                            "ingress.482069346.self": "false",
                            "ingress.482069346.to_port": "0",
                            "name": "qa1.jra-sg.us-east-1-swarm-elb",
                            "owner_id": "478650753675",
                            "tags.%": "5",
                            "tags.Name": "qa1.sg.us-east-1-swarm-elb",
                            "tags.jra.environment": "qa1",
                            "tags.jra.environment-instance-id": "lRGNBkaDBSE",
                            "tags.jra.environment-size": "small",
                            "tags.jra.environment_type": "latest",
                            "vpc_id": "vpc-5d79ab24"
                        },
                        "meta": {},
                        "tainted": false
                    },
                    "deposed": [],
                    "provider": ""
                },
                "aws_security_group.private_admin": {
                    "type": "aws_security_group",
                    "depends_on": [
                        "aws_vpc.jra_vpc",
                        "random_id.env-instance"
                    ],
                    "primary": {
                        "id": "sg-eea3ae90",
                        "attributes": {
                            "description": "Swarm Nodes that will run containers related to admin apps (timetracking, jira, wikis, etc)",
                            "egress.#": "1",
                            "egress.482069346.cidr_blocks.#": "1",
                            "egress.482069346.cidr_blocks.0": "0.0.0.0/0",
                            "egress.482069346.from_port": "0",
                            "egress.482069346.prefix_list_ids.#": "0",
                            "egress.482069346.protocol": "-1",
                            "egress.482069346.security_groups.#": "0",
                            "egress.482069346.self": "false",
                            "egress.482069346.to_port": "0",
                            "id": "sg-eea3ae90",
                            "ingress.#": "1",
                            "ingress.482069346.cidr_blocks.#": "1",
                            "ingress.482069346.cidr_blocks.0": "0.0.0.0/0",
                            "ingress.482069346.from_port": "0",
                            "ingress.482069346.protocol": "-1",
                            "ingress.482069346.security_groups.#": "0",
                            "ingress.482069346.self": "false",
                            "ingress.482069346.to_port": "0",
                            "name": "qa1.jra-sg.us-east-1-private-admin",
                            "owner_id": "478650753675",
                            "tags.%": "5",
                            "tags.Name": "qa1.sg.us-east-1-private-admin",
                            "tags.jra.environment": "qa1",
                            "tags.jra.environment-instance-id": "lRGNBkaDBSE",
                            "tags.jra.environment-size": "small",
                            "tags.jra.environment_type": "latest",
                            "vpc_id": "vpc-5d79ab24"
                        },
                        "meta": {},
                        "tainted": false
                    },
                    "deposed": [],
                    "provider": ""
                },
                "aws_security_group.private_app-api-service": {
                    "type": "aws_security_group",
                    "depends_on": [
                        "aws_vpc.jra_vpc",
                        "random_id.env-instance"
                    ],
                    "primary": {
                        "id": "sg-b7a1acc9",
                        "attributes": {
                            "description": "Swarm Nodes that will run containers related to storage persistence for mangement apps (databases, caches, etc)",
                            "egress.#": "1",
                            "egress.482069346.cidr_blocks.#": "1",
                            "egress.482069346.cidr_blocks.0": "0.0.0.0/0",
                            "egress.482069346.from_port": "0",
                            "egress.482069346.prefix_list_ids.#": "0",
                            "egress.482069346.protocol": "-1",
                            "egress.482069346.security_groups.#": "0",
                            "egress.482069346.self": "false",
                            "egress.482069346.to_port": "0",
                            "id": "sg-b7a1acc9",
                            "ingress.#": "1",
                            "ingress.482069346.cidr_blocks.#": "1",
                            "ingress.482069346.cidr_blocks.0": "0.0.0.0/0",
                            "ingress.482069346.from_port": "0",
                            "ingress.482069346.protocol": "-1",
                            "ingress.482069346.security_groups.#": "0",
                            "ingress.482069346.self": "false",
                            "ingress.482069346.to_port": "0",
                            "name": "qa1.jra-sg.us-east-1-private-app-api-service",
                            "owner_id": "478650753675",
                            "tags.%": "5",
                            "tags.Name": "qa1.sg.us-east-1-private-app-api-service",
                            "tags.jra.environment": "qa1",
                            "tags.jra.environment-instance-id": "lRGNBkaDBSE",
                            "tags.jra.environment-size": "small",
                            "tags.jra.environment_type": "latest",
                            "vpc_id": "vpc-5d79ab24"
                        },
                        "meta": {},
                        "tainted": false
                    },
                    "deposed": [],
                    "provider": ""
                },
                "aws_security_group.private_app-persistence": {
                    "type": "aws_security_group",
                    "depends_on": [
                        "aws_vpc.jra_vpc",
                        "random_id.env-instance"
                    ],
                    "primary": {
                        "id": "sg-53a0ad2d",
                        "attributes": {
                            "description": "Swarm Nodes that will run containers related to storage persistence for mangement apps (databases, caches, etc)",
                            "egress.#": "1",
                            "egress.482069346.cidr_blocks.#": "1",
                            "egress.482069346.cidr_blocks.0": "0.0.0.0/0",
                            "egress.482069346.from_port": "0",
                            "egress.482069346.prefix_list_ids.#": "0",
                            "egress.482069346.protocol": "-1",
                            "egress.482069346.security_groups.#": "0",
                            "egress.482069346.self": "false",
                            "egress.482069346.to_port": "0",
                            "id": "sg-53a0ad2d",
                            "ingress.#": "1",
                            "ingress.482069346.cidr_blocks.#": "1",
                            "ingress.482069346.cidr_blocks.0": "0.0.0.0/0",
                            "ingress.482069346.from_port": "0",
                            "ingress.482069346.protocol": "-1",
                            "ingress.482069346.security_groups.#": "0",
                            "ingress.482069346.self": "false",
                            "ingress.482069346.to_port": "0",
                            "name": "qa1.jra-sg.us-east-1-private-app-persistence",
                            "owner_id": "478650753675",
                            "tags.%": "5",
                            "tags.Name": "qa1.sg.us-east-1-private-app-persistence",
                            "tags.jra.environment": "qa1",
                            "tags.jra.environment-instance-id": "lRGNBkaDBSE",
                            "tags.jra.environment-size": "small",
                            "tags.jra.environment_type": "latest",
                            "vpc_id": "vpc-5d79ab24"
                        },
                        "meta": {},
                        "tainted": false
                    },
                    "deposed": [],
                    "provider": ""
                },
                "aws_security_group.private_build": {
                    "type": "aws_security_group",
                    "depends_on": [
                        "aws_vpc.jra_vpc",
                        "random_id.env-instance"
                    ],
                    "primary": {
                        "id": "sg-90a3aeee",
                        "attributes": {
                            "description": "Swarm Nodes that will run containers related to builds \u0026 CI / CD pipelines",
                            "egress.#": "1",
                            "egress.482069346.cidr_blocks.#": "1",
                            "egress.482069346.cidr_blocks.0": "0.0.0.0/0",
                            "egress.482069346.from_port": "0",
                            "egress.482069346.prefix_list_ids.#": "0",
                            "egress.482069346.protocol": "-1",
                            "egress.482069346.security_groups.#": "0",
                            "egress.482069346.self": "false",
                            "egress.482069346.to_port": "0",
                            "id": "sg-90a3aeee",
                            "ingress.#": "1",
                            "ingress.482069346.cidr_blocks.#": "1",
                            "ingress.482069346.cidr_blocks.0": "0.0.0.0/0",
                            "ingress.482069346.from_port": "0",
                            "ingress.482069346.protocol": "-1",
                            "ingress.482069346.security_groups.#": "0",
                            "ingress.482069346.self": "false",
                            "ingress.482069346.to_port": "0",
                            "name": "qa1.jra-sg.us-east-1-private-build",
                            "owner_id": "478650753675",
                            "tags.%": "5",
                            "tags.Name": "qa1.sg.us-east-1-private-build",
                            "tags.jra.environment": "qa1",
                            "tags.jra.environment-instance-id": "lRGNBkaDBSE",
                            "tags.jra.environment-size": "small",
                            "tags.jra.environment_type": "latest",
                            "vpc_id": "vpc-5d79ab24"
                        },
                        "meta": {},
                        "tainted": false
                    },
                    "deposed": [],
                    "provider": ""
                },
                "aws_security_group.private_infra-logging": {
                    "type": "aws_security_group",
                    "depends_on": [
                        "aws_vpc.jra_vpc",
                        "random_id.env-instance"
                    ],
                    "primary": {
                        "id": "sg-21a1ac5f",
                        "attributes": {
                            "description": "Swarm Nodes that will run containers related to centralized logging stack",
                            "egress.#": "1",
                            "egress.482069346.cidr_blocks.#": "1",
                            "egress.482069346.cidr_blocks.0": "0.0.0.0/0",
                            "egress.482069346.from_port": "0",
                            "egress.482069346.prefix_list_ids.#": "0",
                            "egress.482069346.protocol": "-1",
                            "egress.482069346.security_groups.#": "0",
                            "egress.482069346.self": "false",
                            "egress.482069346.to_port": "0",
                            "id": "sg-21a1ac5f",
                            "ingress.#": "1",
                            "ingress.482069346.cidr_blocks.#": "1",
                            "ingress.482069346.cidr_blocks.0": "0.0.0.0/0",
                            "ingress.482069346.from_port": "0",
                            "ingress.482069346.protocol": "-1",
                            "ingress.482069346.security_groups.#": "0",
                            "ingress.482069346.self": "false",
                            "ingress.482069346.to_port": "0",
                            "name": "qa1.jra-sg.us-east-1-private-infra-logging",
                            "owner_id": "478650753675",
                            "tags.%": "5",
                            "tags.Name": "qa1.sg.us-east-1-private-infra-logging",
                            "tags.jra.environment": "qa1",
                            "tags.jra.environment-instance-id": "lRGNBkaDBSE",
                            "tags.jra.environment-size": "small",
                            "tags.jra.environment_type": "latest",
                            "vpc_id": "vpc-5d79ab24"
                        },
                        "meta": {},
                        "tainted": false
                    },
                    "deposed": [],
                    "provider": ""
                },
                "aws_security_group.private_management": {
                    "type": "aws_security_group",
                    "depends_on": [
                        "aws_vpc.jra_vpc",
                        "random_id.env-instance"
                    ],
                    "primary": {
                        "id": "sg-93bcb1ed",
                        "attributes": {
                            "description": "Swarm Nodes that will run containers related to storage persistence for mangement apps (databases, caches, etc)",
                            "egress.#": "1",
                            "egress.482069346.cidr_blocks.#": "1",
                            "egress.482069346.cidr_blocks.0": "0.0.0.0/0",
                            "egress.482069346.from_port": "0",
                            "egress.482069346.prefix_list_ids.#": "0",
                            "egress.482069346.protocol": "-1",
                            "egress.482069346.security_groups.#": "0",
                            "egress.482069346.self": "false",
                            "egress.482069346.to_port": "0",
                            "id": "sg-93bcb1ed",
                            "ingress.#": "1",
                            "ingress.482069346.cidr_blocks.#": "1",
                            "ingress.482069346.cidr_blocks.0": "0.0.0.0/0",
                            "ingress.482069346.from_port": "0",
                            "ingress.482069346.protocol": "-1",
                            "ingress.482069346.security_groups.#": "0",
                            "ingress.482069346.self": "false",
                            "ingress.482069346.to_port": "0",
                            "name": "qa1.jra-sg.us-east-1-private-management",
                            "owner_id": "478650753675",
                            "tags.%": "5",
                            "tags.Name": "qa1.sg.us-east-1-private-management",
                            "tags.jra.environment": "qa1",
                            "tags.jra.environment-instance-id": "lRGNBkaDBSE",
                            "tags.jra.environment-size": "small",
                            "tags.jra.environment_type": "latest",
                            "vpc_id": "vpc-5d79ab24"
                        },
                        "meta": {},
                        "tainted": false
                    },
                    "deposed": [],
                    "provider": ""
                },
                "aws_security_group.private_management_persistence": {
                    "type": "aws_security_group",
                    "depends_on": [
                        "aws_vpc.jra_vpc",
                        "random_id.env-instance"
                    ],
                    "primary": {
                        "id": "sg-84a4a9fa",
                        "attributes": {
                            "description": "Swarm Nodes that will run containers related to storage persistence for mangement apps (databases, caches, etc)",
                            "egress.#": "1",
                            "egress.482069346.cidr_blocks.#": "1",
                            "egress.482069346.cidr_blocks.0": "0.0.0.0/0",
                            "egress.482069346.from_port": "0",
                            "egress.482069346.prefix_list_ids.#": "0",
                            "egress.482069346.protocol": "-1",
                            "egress.482069346.security_groups.#": "0",
                            "egress.482069346.self": "false",
                            "egress.482069346.to_port": "0",
                            "id": "sg-84a4a9fa",
                            "ingress.#": "1",
                            "ingress.482069346.cidr_blocks.#": "1",
                            "ingress.482069346.cidr_blocks.0": "0.0.0.0/0",
                            "ingress.482069346.from_port": "0",
                            "ingress.482069346.protocol": "-1",
                            "ingress.482069346.security_groups.#": "0",
                            "ingress.482069346.self": "false",
                            "ingress.482069346.to_port": "0",
                            "name": "qa1.jra-sg.us-east-1-private-management-persistence",
                            "owner_id": "478650753675",
                            "tags.%": "5",
                            "tags.Name": "qa1.sg.us-east-1-private-management-persistence",
                            "tags.jra.environment": "qa1",
                            "tags.jra.environment-instance-id": "lRGNBkaDBSE",
                            "tags.jra.environment-size": "small",
                            "tags.jra.environment_type": "latest",
                            "vpc_id": "vpc-5d79ab24"
                        },
                        "meta": {},
                        "tainted": false
                    },
                    "deposed": [],
                    "provider": ""
                },
                "aws_security_group.private_monitoring": {
                    "type": "aws_security_group",
                    "depends_on": [
                        "aws_vpc.jra_vpc",
                        "random_id.env-instance"
                    ],
                    "primary": {
                        "id": "sg-91a3aeef",
                        "attributes": {
                            "description": "Swarm Nodes that will run containers related to monitoring (logging servers, metrics collection, etc",
                            "egress.#": "1",
                            "egress.482069346.cidr_blocks.#": "1",
                            "egress.482069346.cidr_blocks.0": "0.0.0.0/0",
                            "egress.482069346.from_port": "0",
                            "egress.482069346.prefix_list_ids.#": "0",
                            "egress.482069346.protocol": "-1",
                            "egress.482069346.security_groups.#": "0",
                            "egress.482069346.self": "false",
                            "egress.482069346.to_port": "0",
                            "id": "sg-91a3aeef",
                            "ingress.#": "1",
                            "ingress.482069346.cidr_blocks.#": "1",
                            "ingress.482069346.cidr_blocks.0": "0.0.0.0/0",
                            "ingress.482069346.from_port": "0",
                            "ingress.482069346.protocol": "-1",
                            "ingress.482069346.security_groups.#": "0",
                            "ingress.482069346.self": "false",
                            "ingress.482069346.to_port": "0",
                            "name": "qa1.jra-sg.us-east-1-private-monitoring",
                            "owner_id": "478650753675",
                            "tags.%": "5",
                            "tags.Name": "qa1.sg.us-east-1-private-management-persistence",
                            "tags.jra.environment": "qa1",
                            "tags.jra.environment-instance-id": "lRGNBkaDBSE",
                            "tags.jra.environment-size": "small",
                            "tags.jra.environment_type": "latest",
                            "vpc_id": "vpc-5d79ab24"
                        },
                        "meta": {},
                        "tainted": false
                    },
                    "deposed": [],
                    "provider": ""
                },
                "aws_security_group.private_swarm-manager": {
                    "type": "aws_security_group",
                    "depends_on": [
                        "aws_vpc.jra_vpc",
                        "random_id.env-instance"
                    ],
                    "primary": {
                        "id": "sg-24bdb05a",
                        "attributes": {
                            "description": "Swarm Manager that will run the docker swarm manager",
                            "egress.#": "1",
                            "egress.482069346.cidr_blocks.#": "1",
                            "egress.482069346.cidr_blocks.0": "0.0.0.0/0",
                            "egress.482069346.from_port": "0",
                            "egress.482069346.prefix_list_ids.#": "0",
                            "egress.482069346.protocol": "-1",
                            "egress.482069346.security_groups.#": "0",
                            "egress.482069346.self": "false",
                            "egress.482069346.to_port": "0",
                            "id": "sg-24bdb05a",
                            "ingress.#": "1",
                            "ingress.482069346.cidr_blocks.#": "1",
                            "ingress.482069346.cidr_blocks.0": "0.0.0.0/0",
                            "ingress.482069346.from_port": "0",
                            "ingress.482069346.protocol": "-1",
                            "ingress.482069346.security_groups.#": "0",
                            "ingress.482069346.self": "false",
                            "ingress.482069346.to_port": "0",
                            "name": "qa1.jra-sg.us-east-1-private-swarm-manager",
                            "owner_id": "478650753675",
                            "tags.%": "5",
                            "tags.Name": "qa1.sg.us-east-1-private-swarm-manager",
                            "tags.jra.environment": "qa1",
                            "tags.jra.environment-instance-id": "lRGNBkaDBSE",
                            "tags.jra.environment-size": "small",
                            "tags.jra.environment_type": "latest",
                            "vpc_id": "vpc-5d79ab24"
                        },
                        "meta": {},
                        "tainted": false
                    },
                    "deposed": [],
                    "provider": ""
                },
                "aws_security_group.public_app-api-web": {
                    "type": "aws_security_group",
                    "depends_on": [
                        "aws_vpc.jra_vpc",
                        "random_id.env-instance"
                    ],
                    "primary": {
                        "id": "sg-25bdb05b",
                        "attributes": {
                            "description": "Security groups for public web apis",
                            "egress.#": "1",
                            "egress.482069346.cidr_blocks.#": "1",
                            "egress.482069346.cidr_blocks.0": "0.0.0.0/0",
                            "egress.482069346.from_port": "0",
                            "egress.482069346.prefix_list_ids.#": "0",
                            "egress.482069346.protocol": "-1",
                            "egress.482069346.security_groups.#": "0",
                            "egress.482069346.self": "false",
                            "egress.482069346.to_port": "0",
                            "id": "sg-25bdb05b",
                            "ingress.#": "1",
                            "ingress.482069346.cidr_blocks.#": "1",
                            "ingress.482069346.cidr_blocks.0": "0.0.0.0/0",
                            "ingress.482069346.from_port": "0",
                            "ingress.482069346.protocol": "-1",
                            "ingress.482069346.security_groups.#": "0",
                            "ingress.482069346.self": "false",
                            "ingress.482069346.to_port": "0",
                            "name": "qa1.jra-sg.us-east-1-public-app-api-web",
                            "owner_id": "478650753675",
                            "tags.%": "5",
                            "tags.Name": "qa1.sg.us-east-1-public-app-api-web",
                            "tags.jra.environment": "qa1",
                            "tags.jra.environment-instance-id": "lRGNBkaDBSE",
                            "tags.jra.environment-size": "small",
                            "tags.jra.environment_type": "latest",
                            "vpc_id": "vpc-5d79ab24"
                        },
                        "meta": {},
                        "tainted": false
                    },
                    "deposed": [],
                    "provider": ""
                },
                "aws_security_group.public_app-ui-web": {
                    "type": "aws_security_group",
                    "depends_on": [
                        "aws_vpc.jra_vpc",
                        "random_id.env-instance"
                    ],
                    "primary": {
                        "id": "sg-05a0ad7b",
                        "attributes": {
                            "description": "Security Group for public web ui apps",
                            "egress.#": "1",
                            "egress.482069346.cidr_blocks.#": "1",
                            "egress.482069346.cidr_blocks.0": "0.0.0.0/0",
                            "egress.482069346.from_port": "0",
                            "egress.482069346.prefix_list_ids.#": "0",
                            "egress.482069346.protocol": "-1",
                            "egress.482069346.security_groups.#": "0",
                            "egress.482069346.self": "false",
                            "egress.482069346.to_port": "0",
                            "id": "sg-05a0ad7b",
                            "ingress.#": "1",
                            "ingress.482069346.cidr_blocks.#": "1",
                            "ingress.482069346.cidr_blocks.0": "0.0.0.0/0",
                            "ingress.482069346.from_port": "0",
                            "ingress.482069346.protocol": "-1",
                            "ingress.482069346.security_groups.#": "0",
                            "ingress.482069346.self": "false",
                            "ingress.482069346.to_port": "0",
                            "name": "qa1.jra-sg.us-east-1-public-app-ui-web",
                            "owner_id": "478650753675",
                            "tags.%": "5",
                            "tags.Name": "qa1.sg.us-east-1-public-app-ui-web",
                            "tags.jra.environment": "qa1",
                            "tags.jra.environment-instance-id": "lRGNBkaDBSE",
                            "tags.jra.environment-size": "small",
                            "tags.jra.environment_type": "latest",
                            "vpc_id": "vpc-5d79ab24"
                        },
                        "meta": {},
                        "tainted": false
                    },
                    "deposed": [],
                    "provider": ""
                },
                "aws_subnet.az-1-private": {
                    "type": "aws_subnet",
                    "depends_on": [
                        "aws_vpc.jra_vpc",
                        "random_id.env-instance"
                    ],
                    "primary": {
                        "id": "subnet-0fd10355",
                        "attributes": {
                            "availability_zone": "us-east-1a",
                            "cidr_block": "10.0.1.0/24",
                            "id": "subnet-0fd10355",
                            "map_public_ip_on_launch": "true",
                            "tags.%": "6",
                            "tags.Name": "qa1.subnet.us-east-1a-private",
                            "tags.jra.environment": "qa1",
                            "tags.jra.environment-instance-id": "lRGNBkaDBSE",
                            "tags.jra.environment-size": "small",
                            "tags.jra.environment_type": "latest",
                            "tags.jra.failure-zone": "us-east-1-az-1",
                            "vpc_id": "vpc-5d79ab24"
                        },
                        "meta": {},
                        "tainted": false
                    },
                    "deposed": [],
                    "provider": ""
                },
                "aws_subnet.az-1-public": {
                    "type": "aws_subnet",
                    "depends_on": [
                        "aws_vpc.jra_vpc",
                        "random_id.env-instance"
                    ],
                    "primary": {
                        "id": "subnet-ccd40696",
                        "attributes": {
                            "availability_zone": "us-east-1a",
                            "cidr_block": "10.0.0.0/24",
                            "id": "subnet-ccd40696",
                            "map_public_ip_on_launch": "true",
                            "tags.%": "6",
                            "tags.Name": "qa1.subnet.us-east-1a-public",
                            "tags.jra.environment": "qa1",
                            "tags.jra.environment-instance-id": "lRGNBkaDBSE",
                            "tags.jra.environment-size": "small",
                            "tags.jra.environment_type": "latest",
                            "tags.jra.failure-zone": "us-east-1-az-1",
                            "vpc_id": "vpc-5d79ab24"
                        },
                        "meta": {},
                        "tainted": false
                    },
                    "deposed": [],
                    "provider": ""
                },
                "aws_subnet.az-2-private": {
                    "type": "aws_subnet",
                    "depends_on": [
                        "aws_vpc.jra_vpc",
                        "random_id.env-instance"
                    ],
                    "primary": {
                        "id": "subnet-25635940",
                        "attributes": {
                            "availability_zone": "us-east-1b",
                            "cidr_block": "10.0.3.0/24",
                            "id": "subnet-25635940",
                            "map_public_ip_on_launch": "true",
                            "tags.%": "6",
                            "tags.Name": "qa1.subnet.us-east-1b-private",
                            "tags.jra.environment": "qa1",
                            "tags.jra.environment-instance-id": "lRGNBkaDBSE",
                            "tags.jra.environment-size": "small",
                            "tags.jra.environment_type": "latest",
                            "tags.jra.failure-zone": "us-east-1-az-2",
                            "vpc_id": "vpc-5d79ab24"
                        },
                        "meta": {},
                        "tainted": false
                    },
                    "deposed": [],
                    "provider": ""
                },
                "aws_subnet.az-2-public": {
                    "type": "aws_subnet",
                    "depends_on": [
                        "aws_vpc.jra_vpc",
                        "random_id.env-instance"
                    ],
                    "primary": {
                        "id": "subnet-ca655faf",
                        "attributes": {
                            "availability_zone": "us-east-1b",
                            "cidr_block": "10.0.2.0/24",
                            "id": "subnet-ca655faf",
                            "map_public_ip_on_launch": "true",
                            "tags.%": "6",
                            "tags.Name": "qa1.subnet.us-east-1b-public",
                            "tags.jra.environment": "qa1",
                            "tags.jra.environment-instance-id": "lRGNBkaDBSE",
                            "tags.jra.environment-size": "small",
                            "tags.jra.environment_type": "latest",
                            "tags.jra.failure-zone": "us-east-1-az-2",
                            "vpc_id": "vpc-5d79ab24"
                        },
                        "meta": {},
                        "tainted": false
                    },
                    "deposed": [],
                    "provider": ""
                },
                "aws_subnet.az-3-private": {
                    "type": "aws_subnet",
                    "depends_on": [
                        "aws_vpc.jra_vpc",
                        "random_id.env-instance"
                    ],
                    "primary": {
                        "id": "subnet-8e68cda2",
                        "attributes": {
                            "availability_zone": "us-east-1c",
                            "cidr_block": "10.0.5.0/24",
                            "id": "subnet-8e68cda2",
                            "map_public_ip_on_launch": "true",
                            "tags.%": "6",
                            "tags.Name": "qa1.subnet.us-east-1c-private",
                            "tags.jra.environment": "qa1",
                            "tags.jra.environment-instance-id": "lRGNBkaDBSE",
                            "tags.jra.environment-size": "small",
                            "tags.jra.environment_type": "latest",
                            "tags.jra.failure-zone": "us-east-1-az-3",
                            "vpc_id": "vpc-5d79ab24"
                        },
                        "meta": {},
                        "tainted": false
                    },
                    "deposed": [],
                    "provider": ""
                },
                "aws_subnet.az-3-public": {
                    "type": "aws_subnet",
                    "depends_on": [
                        "aws_vpc.jra_vpc",
                        "random_id.env-instance"
                    ],
                    "primary": {
                        "id": "subnet-fe6cc9d2",
                        "attributes": {
                            "availability_zone": "us-east-1c",
                            "cidr_block": "10.0.4.0/24",
                            "id": "subnet-fe6cc9d2",
                            "map_public_ip_on_launch": "true",
                            "tags.%": "6",
                            "tags.Name": "qa1.subnet.us-east-1c-public",
                            "tags.jra.environment": "qa1",
                            "tags.jra.environment-instance-id": "lRGNBkaDBSE",
                            "tags.jra.environment-size": "small",
                            "tags.jra.environment_type": "latest",
                            "tags.jra.failure-zone": "us-east-1-az-3",
                            "vpc_id": "vpc-5d79ab24"
                        },
                        "meta": {},
                        "tainted": false
                    },
                    "deposed": [],
                    "provider": ""
                },
                "aws_vpc.jra_vpc": {
                    "type": "aws_vpc",
                    "depends_on": [
                        "random_id.env-instance"
                    ],
                    "primary": {
                        "id": "vpc-5d79ab24",
                        "attributes": {
                            "cidr_block": "10.0.0.0/16",
                            "default_network_acl_id": "acl-74d6aa0d",
                            "default_route_table_id": "rtb-3163f049",
                            "default_security_group_id": "sg-75bdb00b",
                            "dhcp_options_id": "dopt-eb4a818d",
                            "enable_classiclink": "false",
                            "enable_dns_hostnames": "true",
                            "enable_dns_support": "true",
                            "id": "vpc-5d79ab24",
                            "instance_tenancy": "default",
                            "main_route_table_id": "rtb-3163f049",
                            "tags.%": "5",
                            "tags.Name": "qa1.vpc.us-east-1",
                            "tags.jra.environment": "qa1",
                            "tags.jra.environment-instance-id": "lRGNBkaDBSE",
                            "tags.jra.environment-size": "small",
                            "tags.jra.environment_type": "latest"
                        },
                        "meta": {},
                        "tainted": false
                    },
                    "deposed": [],
                    "provider": ""
                },
                "null_resource.infa-apps-deploy": {
                    "type": "null_resource",
                    "depends_on": [
                        "null_resource.infra-configure-swarm-cluster"
                    ],
                    "primary": {
                        "id": "4205002094229796609",
                        "attributes": {
                            "id": "4205002094229796609"
                        },
                        "meta": {},
                        "tainted": false
                    },
                    "deposed": [],
                    "provider": ""
                },
                "null_resource.infra-configure-swarm-cluster": {
                    "type": "null_resource",
                    "depends_on": [
                        "null_resource.infra-deploy-central-logging-services"
                    ],
                    "primary": {
                        "id": "8398640351379934880",
                        "attributes": {
                            "id": "8398640351379934880"
                        },
                        "meta": {},
                        "tainted": false
                    },
                    "deposed": [],
                    "provider": ""
                },
                "null_resource.infra-deploy-central-logging-services": {
                    "type": "null_resource",
                    "depends_on": [
                        "null_resource.swarm-cluster-provision"
                    ],
                    "primary": {
                        "id": "5146403447741960269",
                        "attributes": {
                            "id": "5146403447741960269"
                        },
                        "meta": {},
                        "tainted": false
                    },
                    "deposed": [],
                    "provider": ""
                },
                "null_resource.swarm-cluster-provision": {
                    "type": "null_resource",
                    "depends_on": [
                        "aws_instance.app-api-service-az-1",
                        "aws_instance.app-api-service-az-2",
                        "aws_instance.app-api-service-az-3",
                        "aws_instance.app-persistence-az-1",
                        "aws_instance.app-persistence-az-2",
                        "aws_instance.app-persistence-az-3",
                        "aws_instance.app-ui-web-az-1",
                        "aws_instance.app-ui-web-az-1",
                        "aws_instance.app-ui-web-az-3",
                        "aws_instance.build-az-1",
                        "aws_instance.build-az-2",
                        "aws_instance.build-az-3",
                        "aws_instance.swarm-manager-az-1",
                        "aws_instance.swarm-manager-az-1",
                        "aws_instance.swarm-manager-az-3"
                    ],
                    "primary": {
                        "id": "8183205841895056940",
                        "attributes": {
                            "id": "8183205841895056940"
                        },
                        "meta": {},
                        "tainted": false
                    },
                    "deposed": [],
                    "provider": ""
                },
                "random_id.env-instance": {
                    "type": "random_id",
                    "depends_on": [],
                    "primary": {
                        "id": "lRGNBkaDBSE",
                        "attributes": {
                            "b64": "lRGNBkaDBSE",
                            "b64_std": "lRGNBkaDBSE=",
                            "b64_url": "lRGNBkaDBSE",
                            "byte_length": "8",
                            "dec": "10741521644347655457",
                            "hex": "95118d0646830521",
                            "id": "lRGNBkaDBSE"
                        },
                        "meta": {},
                        "tainted": false
                    },
                    "deposed": [],
                    "provider": ""
                }
            },
            "depends_on": []
        }
    ]
}
