{
    "version": 3,
    "terraform_version": "0.7.13",
    "serial": 123,
    "lineage": "1542ed22-9572-435b-bfe7-2914441e104a",
    "modules": [
        {
            "path": [
                "root"
            ],
            "outputs": {},
            "resources": {
                "aws_eip.az-1-public": {
                    "type": "aws_eip",
                    "depends_on": [],
                    "primary": {
                        "id": "eipalloc-628f8857",
                        "attributes": {
                            "association_id": "",
                            "domain": "vpc",
                            "id": "eipalloc-628f8857",
                            "instance": "",
                            "network_interface": "",
                            "private_ip": "",
                            "public_ip": "34.237.150.63",
                            "vpc": "true"
                        },
                        "meta": {},
                        "tainted": false
                    },
                    "deposed": [],
                    "provider": ""
                },
                "aws_elb.elb-public-logging": {
                    "type": "aws_elb",
                    "depends_on": [
                        "aws_instance.infra-logging-az-1",
                        "aws_instance.swarm-manager-az-1",
                        "aws_security_group.elb-public-logging",
                        "aws_subnet.az-1-public",
                        "random_id.env-instance"
                    ],
                    "primary": {
                        "id": "prod-jra-elb-us-east-1-logging",
                        "attributes": {
                            "access_logs.#": "0",
                            "availability_zones.#": "1",
                            "availability_zones.3569565595": "us-east-1a",
                            "connection_draining": "true",
                            "connection_draining_timeout": "400",
                            "cross_zone_load_balancing": "true",
                            "dns_name": "prod-jra-elb-us-east-1-logging-2002651875.us-east-1.elb.amazonaws.com",
                            "health_check.#": "1",
                            "health_check.0.healthy_threshold": "4",
                            "health_check.0.interval": "15",
                            "health_check.0.target": "TCP:81",
                            "health_check.0.timeout": "3",
                            "health_check.0.unhealthy_threshold": "4",
                            "id": "prod-jra-elb-us-east-1-logging",
                            "idle_timeout": "400",
                            "instances.#": "2",
                            "instances.2902782141": "i-04108143546b05996",
                            "instances.653079030": "i-0fb381b849bf75db6",
                            "internal": "false",
                            "listener.#": "1",
                            "listener.742900092.instance_port": "81",
                            "listener.742900092.instance_protocol": "tcp",
                            "listener.742900092.lb_port": "80",
                            "listener.742900092.lb_protocol": "tcp",
                            "listener.742900092.ssl_certificate_id": "",
                            "name": "prod-jra-elb-us-east-1-logging",
                            "security_groups.#": "1",
                            "security_groups.3903511907": "sg-fc58568e",
                            "source_security_group": "478650753675/prod.jra-sg.us-east-1-logging-elb",
                            "source_security_group_id": "sg-fc58568e",
                            "subnets.#": "1",
                            "subnets.613206250": "subnet-35eb1968",
                            "tags.%": "5",
                            "tags.Name": "prod-jra-elb-us-east-1-logging",
                            "tags.jra.environment": "prod",
                            "tags.jra.environment-instance-id": "p7Qy9rKPDns",
                            "tags.jra.environment-size": "small",
                            "tags.jra.environment_type": "latest",
                            "zone_id": "Z35SXDOTRQ7X7K"
                        },
                        "meta": {},
                        "tainted": false
                    },
                    "deposed": [],
                    "provider": ""
                },
                "aws_elb.elb-public-monitoring": {
                    "type": "aws_elb",
                    "depends_on": [
                        "aws_instance.infra-monitoring-az-1",
                        "aws_instance.swarm-manager-az-1",
                        "aws_security_group.elb-public-monitoring",
                        "aws_subnet.az-1-public",
                        "random_id.env-instance"
                    ],
                    "primary": {
                        "id": "prod-jra-elb-us-east-1-monitor",
                        "attributes": {
                            "access_logs.#": "0",
                            "availability_zones.#": "1",
                            "availability_zones.3569565595": "us-east-1a",
                            "connection_draining": "true",
                            "connection_draining_timeout": "400",
                            "cross_zone_load_balancing": "true",
                            "dns_name": "prod-jra-elb-us-east-1-monitor-1034861194.us-east-1.elb.amazonaws.com",
                            "health_check.#": "1",
                            "health_check.0.healthy_threshold": "4",
                            "health_check.0.interval": "15",
                            "health_check.0.target": "TCP:81",
                            "health_check.0.timeout": "3",
                            "health_check.0.unhealthy_threshold": "4",
                            "id": "prod-jra-elb-us-east-1-monitor",
                            "idle_timeout": "400",
                            "instances.#": "2",
                            "instances.2902782141": "i-04108143546b05996",
                            "instances.3630605775": "i-0776a3a91a1adb683",
                            "internal": "false",
                            "listener.#": "1",
                            "listener.3442017745.instance_port": "83",
                            "listener.3442017745.instance_protocol": "tcp",
                            "listener.3442017745.lb_port": "80",
                            "listener.3442017745.lb_protocol": "tcp",
                            "listener.3442017745.ssl_certificate_id": "",
                            "name": "prod-jra-elb-us-east-1-monitor",
                            "security_groups.#": "1",
                            "security_groups.2333469016": "sg-dd6f61af",
                            "source_security_group": "478650753675/prod.jra-sg.us-east-1-monitoring-elb",
                            "source_security_group_id": "sg-dd6f61af",
                            "subnets.#": "1",
                            "subnets.613206250": "subnet-35eb1968",
                            "tags.%": "5",
                            "tags.Name": "prod-jra-elb-us-east-1-monitor",
                            "tags.jra.environment": "prod",
                            "tags.jra.environment-instance-id": "p7Qy9rKPDns",
                            "tags.jra.environment-size": "small",
                            "tags.jra.environment_type": "latest",
                            "zone_id": "Z35SXDOTRQ7X7K"
                        },
                        "meta": {},
                        "tainted": false
                    },
                    "deposed": [],
                    "provider": ""
                },
                "aws_elb.elb-public-swarm": {
                    "type": "aws_elb",
                    "depends_on": [
                        "aws_instance.admin-ui-web-az-1",
                        "aws_instance.app-persistence-az-1",
                        "aws_instance.app-ui-web-az-1",
                        "aws_instance.infra-build-az-1",
                        "aws_instance.infra-persistence-az-1",
                        "aws_instance.infra-repos-az-1",
                        "aws_security_group.elb-public-swarm",
                        "aws_subnet.az-1-public",
                        "random_id.env-instance"
                    ],
                    "primary": {
                        "id": "prod-jra-elb-us-east-1-swarm",
                        "attributes": {
                            "access_logs.#": "0",
                            "availability_zones.#": "1",
                            "availability_zones.3569565595": "us-east-1a",
                            "connection_draining": "true",
                            "connection_draining_timeout": "400",
                            "cross_zone_load_balancing": "true",
                            "dns_name": "prod-jra-elb-us-east-1-swarm-111651534.us-east-1.elb.amazonaws.com",
                            "health_check.#": "1",
                            "health_check.0.healthy_threshold": "4",
                            "health_check.0.interval": "15",
                            "health_check.0.target": "TCP:80",
                            "health_check.0.timeout": "3",
                            "health_check.0.unhealthy_threshold": "4",
                            "id": "prod-jra-elb-us-east-1-swarm",
                            "idle_timeout": "400",
                            "instances.#": "6",
                            "instances.1137073914": "i-05be65f5b9f00b0ab",
                            "instances.1226572512": "i-06e79a74ac356fc8d",
                            "instances.1251345064": "i-0d10ad66dabcb480a",
                            "instances.1422741951": "i-0524ba65e14c19361",
                            "instances.2863066367": "i-07fc42774424f2728",
                            "instances.3976282587": "i-06521c2e3fcceec0e",
                            "internal": "false",
                            "listener.#": "1",
                            "listener.3057123346.instance_port": "80",
                            "listener.3057123346.instance_protocol": "http",
                            "listener.3057123346.lb_port": "80",
                            "listener.3057123346.lb_protocol": "http",
                            "listener.3057123346.ssl_certificate_id": "",
                            "name": "prod-jra-elb-us-east-1-swarm",
                            "security_groups.#": "1",
                            "security_groups.3718464252": "sg-9f555bed",
                            "source_security_group": "478650753675/prod.jra-sg.us-east-1-swarm-elb",
                            "source_security_group_id": "sg-9f555bed",
                            "subnets.#": "1",
                            "subnets.613206250": "subnet-35eb1968",
                            "tags.%": "5",
                            "tags.Name": "prod-jra-elb-us-east-1-swarm",
                            "tags.jra.environment": "prod",
                            "tags.jra.environment-instance-id": "p7Qy9rKPDns",
                            "tags.jra.environment-size": "small",
                            "tags.jra.environment_type": "latest",
                            "zone_id": "Z35SXDOTRQ7X7K"
                        },
                        "meta": {},
                        "tainted": false
                    },
                    "deposed": [],
                    "provider": ""
                },
                "aws_instance.admin-ui-web-az-1": {
                    "type": "aws_instance",
                    "depends_on": [
                        "aws_security_group.public_admin-ui-web",
                        "aws_subnet.az-1-public",
                        "random_id.env-instance"
                    ],
                    "primary": {
                        "id": "i-05be65f5b9f00b0ab",
                        "attributes": {
                            "ami": "ami-cd0f5cb6",
                            "associate_public_ip_address": "true",
                            "availability_zone": "us-east-1a",
                            "disable_api_termination": "false",
                            "ebs_block_device.#": "0",
                            "ebs_optimized": "false",
                            "ephemeral_block_device.#": "0",
                            "iam_instance_profile": "",
                            "id": "i-05be65f5b9f00b0ab",
                            "instance_state": "running",
                            "instance_type": "t2.medium",
                            "key_name": "jra-build",
                            "monitoring": "true",
                            "network_interface_id": "eni-3267ca84",
                            "private_dns": "ip-10-0-0-38.ec2.internal",
                            "private_ip": "10.0.0.38",
                            "public_dns": "ec2-34-229-112-70.compute-1.amazonaws.com",
                            "public_ip": "34.229.112.70",
                            "root_block_device.#": "1",
                            "root_block_device.0.delete_on_termination": "true",
                            "root_block_device.0.iops": "100",
                            "root_block_device.0.volume_size": "8",
                            "root_block_device.0.volume_type": "gp2",
                            "security_groups.#": "0",
                            "source_dest_check": "true",
                            "subnet_id": "subnet-35eb1968",
                            "tags.%": "11",
                            "tags.Name": "prod.instance.swarm-worker.admin-ui-web.prod.us-east-1a",
                            "tags.jra.environment": "prod",
                            "tags.jra.environment-instance-id": "p7Qy9rKPDns",
                            "tags.jra.environment-size": "small",
                            "tags.jra.environment_type": "latest",
                            "tags.jra.failure-zone": "us-east-1-az-1",
                            "tags.jra.instance-name": "admin-ui-web-us-east-1-az-1",
                            "tags.jra.instance-name-full": "prod.instance.swarm-worker.admin-ui-web.prod.us-east-1a",
                            "tags.jra.subnet-type": "public",
                            "tags.jra.swarm-instance-type": "swarm-worker",
                            "tags.jra.swarm-node-type": "admin-ui-web",
                            "tenancy": "default",
                            "vpc_security_group_ids.#": "1",
                            "vpc_security_group_ids.1764470006": "sg-386f614a"
                        },
                        "meta": {
                            "schema_version": "1"
                        },
                        "tainted": false
                    },
                    "deposed": [],
                    "provider": ""
                },
                "aws_instance.app-persistence-az-1": {
                    "type": "aws_instance",
                    "depends_on": [
                        "aws_security_group.private_app-persistence",
                        "aws_subnet.az-1-private",
                        "random_id.env-instance"
                    ],
                    "primary": {
                        "id": "i-06521c2e3fcceec0e",
                        "attributes": {
                            "ami": "ami-cd0f5cb6",
                            "associate_public_ip_address": "true",
                            "availability_zone": "us-east-1a",
                            "disable_api_termination": "false",
                            "ebs_block_device.#": "0",
                            "ebs_optimized": "false",
                            "ephemeral_block_device.#": "0",
                            "iam_instance_profile": "",
                            "id": "i-06521c2e3fcceec0e",
                            "instance_state": "running",
                            "instance_type": "t2.micro",
                            "key_name": "jra-build",
                            "monitoring": "true",
                            "network_interface_id": "eni-3f67ca89",
                            "private_dns": "ip-10-0-1-249.ec2.internal",
                            "private_ip": "10.0.1.249",
                            "public_dns": "ec2-34-203-231-231.compute-1.amazonaws.com",
                            "public_ip": "34.203.231.231",
                            "root_block_device.#": "1",
                            "root_block_device.0.delete_on_termination": "true",
                            "root_block_device.0.iops": "100",
                            "root_block_device.0.volume_size": "8",
                            "root_block_device.0.volume_type": "gp2",
                            "security_groups.#": "0",
                            "source_dest_check": "true",
                            "subnet_id": "subnet-34eb1969",
                            "tags.%": "11",
                            "tags.Name": "prod.instance.swarm-worker.app-persistence.prod.us-east-1a",
                            "tags.jra.environment": "prod",
                            "tags.jra.environment-instance-id": "p7Qy9rKPDns",
                            "tags.jra.environment-size": "small",
                            "tags.jra.environment_type": "latest",
                            "tags.jra.failure-zone": "us-east-1-az-1",
                            "tags.jra.instance-name": "app-persistence-us-east-1-az-1",
                            "tags.jra.instance-name-full": "prod.instance.swarm-worker.app-persistence.prod.us-east-1a",
                            "tags.jra.subnet-type": "private",
                            "tags.jra.swarm-instance-type": "swarm-worker",
                            "tags.jra.swarm-node-type": "app-persistence",
                            "tenancy": "default",
                            "vpc_security_group_ids.#": "1",
                            "vpc_security_group_ids.4096599360": "sg-b6545ac4"
                        },
                        "meta": {
                            "schema_version": "1"
                        },
                        "tainted": false
                    },
                    "deposed": [],
                    "provider": ""
                },
                "aws_instance.app-ui-web-az-1": {
                    "type": "aws_instance",
                    "depends_on": [
                        "aws_security_group.public_app-ui-web",
                        "aws_subnet.az-1-public",
                        "random_id.env-instance"
                    ],
                    "primary": {
                        "id": "i-06e79a74ac356fc8d",
                        "attributes": {
                            "ami": "ami-cd0f5cb6",
                            "associate_public_ip_address": "true",
                            "availability_zone": "us-east-1a",
                            "disable_api_termination": "false",
                            "ebs_block_device.#": "0",
                            "ebs_optimized": "false",
                            "ephemeral_block_device.#": "0",
                            "iam_instance_profile": "",
                            "id": "i-06e79a74ac356fc8d",
                            "instance_state": "running",
                            "instance_type": "t2.micro",
                            "key_name": "jra-build",
                            "monitoring": "true",
                            "network_interface_id": "eni-066fc2b0",
                            "private_dns": "ip-10-0-0-23.ec2.internal",
                            "private_ip": "10.0.0.23",
                            "public_dns": "ec2-52-200-180-25.compute-1.amazonaws.com",
                            "public_ip": "52.200.180.25",
                            "root_block_device.#": "1",
                            "root_block_device.0.delete_on_termination": "true",
                            "root_block_device.0.iops": "100",
                            "root_block_device.0.volume_size": "8",
                            "root_block_device.0.volume_type": "gp2",
                            "security_groups.#": "0",
                            "source_dest_check": "true",
                            "subnet_id": "subnet-35eb1968",
                            "tags.%": "11",
                            "tags.Name": "prod.instance.swarm-worker.app-ui-web.prod.us-east-1a",
                            "tags.jra.environment": "prod",
                            "tags.jra.environment-instance-id": "p7Qy9rKPDns",
                            "tags.jra.environment-size": "small",
                            "tags.jra.environment_type": "latest",
                            "tags.jra.failure-zone": "us-east-1-az-1",
                            "tags.jra.instance-name": "app-ui-web-us-east-1-az-1",
                            "tags.jra.instance-name-full": "prod.instance.swarm-worker.app-ui-web.prod.us-east-1a",
                            "tags.jra.subnet-type": "public",
                            "tags.jra.swarm-instance-type": "swarm-worker",
                            "tags.jra.swarm-node-type": "app-ui-web",
                            "tenancy": "default",
                            "vpc_security_group_ids.#": "1",
                            "vpc_security_group_ids.3135004289": "sg-015b5573"
                        },
                        "meta": {
                            "schema_version": "1"
                        },
                        "tainted": false
                    },
                    "deposed": [],
                    "provider": ""
                },
                "aws_instance.infra-build-az-1": {
                    "type": "aws_instance",
                    "depends_on": [
                        "aws_security_group.private_infra-build",
                        "aws_subnet.az-1-private",
                        "random_id.env-instance"
                    ],
                    "primary": {
                        "id": "i-07fc42774424f2728",
                        "attributes": {
                            "ami": "ami-cd0f5cb6",
                            "associate_public_ip_address": "true",
                            "availability_zone": "us-east-1a",
                            "disable_api_termination": "false",
                            "ebs_block_device.#": "0",
                            "ebs_optimized": "false",
                            "ephemeral_block_device.#": "0",
                            "iam_instance_profile": "",
                            "id": "i-07fc42774424f2728",
                            "instance_state": "running",
                            "instance_type": "t2.micro",
                            "key_name": "jra-build",
                            "monitoring": "true",
                            "network_interface_id": "eni-5668c5e0",
                            "private_dns": "ip-10-0-1-127.ec2.internal",
                            "private_ip": "10.0.1.127",
                            "public_dns": "ec2-54-236-10-6.compute-1.amazonaws.com",
                            "public_ip": "54.236.10.6",
                            "root_block_device.#": "1",
                            "root_block_device.0.delete_on_termination": "true",
                            "root_block_device.0.iops": "100",
                            "root_block_device.0.volume_size": "8",
                            "root_block_device.0.volume_type": "gp2",
                            "security_groups.#": "0",
                            "source_dest_check": "true",
                            "subnet_id": "subnet-34eb1969",
                            "tags.%": "11",
                            "tags.Name": "prod.instance.swarm-worker.infra-build.prod.us-east-1a",
                            "tags.jra.environment": "prod",
                            "tags.jra.environment-instance-id": "p7Qy9rKPDns",
                            "tags.jra.environment-size": "small",
                            "tags.jra.environment_type": "latest",
                            "tags.jra.failure-zone": "us-east-1-az-1",
                            "tags.jra.instance-name": "infra-build-us-east-1-az-1",
                            "tags.jra.instance-name-full": "prod.instance.swarm-worker.infra-build.prod.us-east-1a",
                            "tags.jra.subnet-type": "private",
                            "tags.jra.swarm-instance-type": "swarm-worker",
                            "tags.jra.swarm-node-type": "infra-build",
                            "tenancy": "default",
                            "vpc_security_group_ids.#": "1",
                            "vpc_security_group_ids.864628382": "sg-47555b35"
                        },
                        "meta": {
                            "schema_version": "1"
                        },
                        "tainted": false
                    },
                    "deposed": [],
                    "provider": ""
                },
                "aws_instance.infra-logging-az-1": {
                    "type": "aws_instance",
                    "depends_on": [
                        "aws_security_group.private_infra-logging",
                        "aws_subnet.az-1-private",
                        "random_id.env-instance"
                    ],
                    "primary": {
                        "id": "i-0fb381b849bf75db6",
                        "attributes": {
                            "ami": "ami-cd0f5cb6",
                            "associate_public_ip_address": "true",
                            "availability_zone": "us-east-1a",
                            "disable_api_termination": "false",
                            "ebs_block_device.#": "0",
                            "ebs_optimized": "false",
                            "ephemeral_block_device.#": "0",
                            "iam_instance_profile": "",
                            "id": "i-0fb381b849bf75db6",
                            "instance_state": "running",
                            "instance_type": "t2.medium",
                            "key_name": "jra-build",
                            "monitoring": "true",
                            "network_interface_id": "eni-3167ca87",
                            "private_dns": "ip-10-0-1-190.ec2.internal",
                            "private_ip": "10.0.1.190",
                            "public_dns": "ec2-52-55-74-124.compute-1.amazonaws.com",
                            "public_ip": "52.55.74.124",
                            "root_block_device.#": "1",
                            "root_block_device.0.delete_on_termination": "true",
                            "root_block_device.0.iops": "100",
                            "root_block_device.0.volume_size": "8",
                            "root_block_device.0.volume_type": "gp2",
                            "security_groups.#": "0",
                            "source_dest_check": "true",
                            "subnet_id": "subnet-34eb1969",
                            "tags.%": "11",
                            "tags.Name": "prod.instance.swarm-worker.infra-logging.prod.us-east-1a",
                            "tags.jra.environment": "prod",
                            "tags.jra.environment-instance-id": "p7Qy9rKPDns",
                            "tags.jra.environment-size": "small",
                            "tags.jra.environment_type": "latest",
                            "tags.jra.failure-zone": "us-east-1-az-1",
                            "tags.jra.instance-name": "infra-logging-us-east-1-az-1",
                            "tags.jra.instance-name-full": "prod.instance.swarm-worker.infra-logging.prod.us-east-1a",
                            "tags.jra.subnet-type": "private",
                            "tags.jra.swarm-instance-type": "swarm-worker",
                            "tags.jra.swarm-node-type": "infra-logging",
                            "tenancy": "default",
                            "vpc_security_group_ids.#": "1",
                            "vpc_security_group_ids.1236898325": "sg-ec5a549e"
                        },
                        "meta": {
                            "schema_version": "1"
                        },
                        "tainted": false
                    },
                    "deposed": [],
                    "provider": ""
                },
                "aws_instance.infra-monitoring-az-1": {
                    "type": "aws_instance",
                    "depends_on": [
                        "aws_security_group.private_infra-monitoring",
                        "aws_subnet.az-1-private",
                        "random_id.env-instance"
                    ],
                    "primary": {
                        "id": "i-0776a3a91a1adb683",
                        "attributes": {
                            "ami": "ami-cd0f5cb6",
                            "associate_public_ip_address": "true",
                            "availability_zone": "us-east-1a",
                            "disable_api_termination": "false",
                            "ebs_block_device.#": "0",
                            "ebs_optimized": "false",
                            "ephemeral_block_device.#": "0",
                            "iam_instance_profile": "",
                            "id": "i-0776a3a91a1adb683",
                            "instance_state": "running",
                            "instance_type": "t2.medium",
                            "key_name": "jra-build",
                            "monitoring": "true",
                            "network_interface_id": "eni-186fc2ae",
                            "private_dns": "ip-10-0-1-208.ec2.internal",
                            "private_ip": "10.0.1.208",
                            "public_dns": "ec2-107-23-204-21.compute-1.amazonaws.com",
                            "public_ip": "107.23.204.21",
                            "root_block_device.#": "1",
                            "root_block_device.0.delete_on_termination": "true",
                            "root_block_device.0.iops": "100",
                            "root_block_device.0.volume_size": "8",
                            "root_block_device.0.volume_type": "gp2",
                            "security_groups.#": "0",
                            "source_dest_check": "true",
                            "subnet_id": "subnet-34eb1969",
                            "tags.%": "11",
                            "tags.Name": "prod.instance.swarm-worker.infra-monitoring.prod.us-east-1a",
                            "tags.jra.environment": "prod",
                            "tags.jra.environment-instance-id": "p7Qy9rKPDns",
                            "tags.jra.environment-size": "small",
                            "tags.jra.environment_type": "latest",
                            "tags.jra.failure-zone": "us-east-1-az-1",
                            "tags.jra.instance-name": "infra-monitoring-us-east-1-az-1",
                            "tags.jra.instance-name-full": "prod.instance.swarm-worker.infra-monitoring.prod.us-east-1a",
                            "tags.jra.subnet-type": "private",
                            "tags.jra.swarm-instance-type": "swarm-worker",
                            "tags.jra.swarm-node-type": "infra-monitoring",
                            "tenancy": "default",
                            "vpc_security_group_ids.#": "1",
                            "vpc_security_group_ids.4277557709": "sg-956e60e7"
                        },
                        "meta": {
                            "schema_version": "1"
                        },
                        "tainted": false
                    },
                    "deposed": [],
                    "provider": ""
                },
                "aws_instance.infra-persistence-az-1": {
                    "type": "aws_instance",
                    "depends_on": [
                        "aws_security_group.private_infra-persistence",
                        "aws_subnet.az-1-private",
                        "random_id.env-instance"
                    ],
                    "primary": {
                        "id": "i-0524ba65e14c19361",
                        "attributes": {
                            "ami": "ami-cd0f5cb6",
                            "associate_public_ip_address": "true",
                            "availability_zone": "us-east-1a",
                            "disable_api_termination": "false",
                            "ebs_block_device.#": "0",
                            "ebs_optimized": "false",
                            "ephemeral_block_device.#": "0",
                            "iam_instance_profile": "",
                            "id": "i-0524ba65e14c19361",
                            "instance_state": "running",
                            "instance_type": "t2.micro",
                            "key_name": "jra-build",
                            "monitoring": "true",
                            "network_interface_id": "eni-fa64c94c",
                            "private_dns": "ip-10-0-1-32.ec2.internal",
                            "private_ip": "10.0.1.32",
                            "public_dns": "ec2-54-242-127-37.compute-1.amazonaws.com",
                            "public_ip": "54.242.127.37",
                            "root_block_device.#": "1",
                            "root_block_device.0.delete_on_termination": "true",
                            "root_block_device.0.iops": "100",
                            "root_block_device.0.volume_size": "8",
                            "root_block_device.0.volume_type": "gp2",
                            "security_groups.#": "0",
                            "source_dest_check": "true",
                            "subnet_id": "subnet-34eb1969",
                            "tags.%": "11",
                            "tags.Name": "prod.instance.swarm-worker.infra-persistence.prod.us-east-1a",
                            "tags.jra.environment": "prod",
                            "tags.jra.environment-instance-id": "p7Qy9rKPDns",
                            "tags.jra.environment-size": "small",
                            "tags.jra.environment_type": "latest",
                            "tags.jra.failure-zone": "us-east-1-az-1",
                            "tags.jra.instance-name": "infra-persistence-us-east-1-az-1",
                            "tags.jra.instance-name-full": "prod.instance.swarm-worker.infra-persistence.prod.us-east-1a",
                            "tags.jra.subnet-type": "private",
                            "tags.jra.swarm-instance-type": "swarm-worker",
                            "tags.jra.swarm-node-type": "infra-persistence",
                            "tenancy": "default",
                            "vpc_security_group_ids.#": "1",
                            "vpc_security_group_ids.2617834588": "sg-19545a6b"
                        },
                        "meta": {
                            "schema_version": "1"
                        },
                        "tainted": false
                    },
                    "deposed": [],
                    "provider": ""
                },
                "aws_instance.infra-repos-az-1": {
                    "type": "aws_instance",
                    "depends_on": [
                        "aws_security_group.private_infra-repos",
                        "aws_subnet.az-1-private",
                        "random_id.env-instance"
                    ],
                    "primary": {
                        "id": "i-0d10ad66dabcb480a",
                        "attributes": {
                            "ami": "ami-cd0f5cb6",
                            "associate_public_ip_address": "true",
                            "availability_zone": "us-east-1a",
                            "disable_api_termination": "false",
                            "ebs_block_device.#": "0",
                            "ebs_optimized": "false",
                            "ephemeral_block_device.#": "0",
                            "iam_instance_profile": "",
                            "id": "i-0d10ad66dabcb480a",
                            "instance_state": "running",
                            "instance_type": "t2.medium",
                            "key_name": "jra-build",
                            "monitoring": "true",
                            "network_interface_id": "eni-5367cae5",
                            "private_dns": "ip-10-0-1-215.ec2.internal",
                            "private_ip": "10.0.1.215",
                            "public_dns": "ec2-54-91-33-139.compute-1.amazonaws.com",
                            "public_ip": "54.91.33.139",
                            "root_block_device.#": "1",
                            "root_block_device.0.delete_on_termination": "true",
                            "root_block_device.0.iops": "100",
                            "root_block_device.0.volume_size": "8",
                            "root_block_device.0.volume_type": "gp2",
                            "security_groups.#": "0",
                            "source_dest_check": "true",
                            "subnet_id": "subnet-34eb1969",
                            "tags.%": "11",
                            "tags.Name": "prod.instance.swarm-worker.infra-repos.prod.us-east-1a",
                            "tags.jra.environment": "prod",
                            "tags.jra.environment-instance-id": "p7Qy9rKPDns",
                            "tags.jra.environment-size": "small",
                            "tags.jra.environment_type": "latest",
                            "tags.jra.failure-zone": "us-east-1-az-1",
                            "tags.jra.instance-name": "infra-repos-us-east-1-az-1",
                            "tags.jra.instance-name-full": "prod.instance.swarm-worker.infra-repos.prod.us-east-1a",
                            "tags.jra.subnet-type": "private",
                            "tags.jra.swarm-instance-type": "swarm-worker",
                            "tags.jra.swarm-node-type": "infra-repos",
                            "tenancy": "default",
                            "vpc_security_group_ids.#": "1",
                            "vpc_security_group_ids.1448474360": "sg-396f614b"
                        },
                        "meta": {
                            "schema_version": "1"
                        },
                        "tainted": false
                    },
                    "deposed": [],
                    "provider": ""
                },
                "aws_instance.swarm-manager-az-1": {
                    "type": "aws_instance",
                    "depends_on": [
                        "aws_security_group.private_swarm-manager",
                        "aws_subnet.az-1-private",
                        "random_id.env-instance"
                    ],
                    "primary": {
                        "id": "i-04108143546b05996",
                        "attributes": {
                            "ami": "ami-cd0f5cb6",
                            "associate_public_ip_address": "true",
                            "availability_zone": "us-east-1a",
                            "disable_api_termination": "false",
                            "ebs_block_device.#": "0",
                            "ebs_optimized": "false",
                            "ephemeral_block_device.#": "0",
                            "iam_instance_profile": "",
                            "id": "i-04108143546b05996",
                            "instance_state": "running",
                            "instance_type": "t2.micro",
                            "key_name": "jra-build",
                            "monitoring": "true",
                            "network_interface_id": "eni-0a60cdbc",
                            "private_dns": "ip-10-0-1-154.ec2.internal",
                            "private_ip": "10.0.1.154",
                            "public_dns": "ec2-52-200-83-162.compute-1.amazonaws.com",
                            "public_ip": "52.200.83.162",
                            "root_block_device.#": "1",
                            "root_block_device.0.delete_on_termination": "true",
                            "root_block_device.0.iops": "100",
                            "root_block_device.0.volume_size": "8",
                            "root_block_device.0.volume_type": "gp2",
                            "security_groups.#": "0",
                            "source_dest_check": "true",
                            "subnet_id": "subnet-34eb1969",
                            "tags.%": "11",
                            "tags.Name": "prod.instance.swarm-manager.infra-swarm-manager.prod.us-east-1a",
                            "tags.jra.environment": "prod",
                            "tags.jra.environment-instance-id": "p7Qy9rKPDns",
                            "tags.jra.environment-size": "small",
                            "tags.jra.environment_type": "latest",
                            "tags.jra.failure-zone": "us-east-1-az-1",
                            "tags.jra.instance-name": "infra-swarm-manager-us-east-1-az-1",
                            "tags.jra.instance-name-full": "prod.instance.swarm-manager.infra-swarm-manager.prod.us-east-1a",
                            "tags.jra.subnet-type": "private",
                            "tags.jra.swarm-instance-type": "swarm-manager",
                            "tags.jra.swarm-node-type": "infra-swarm-manager",
                            "tenancy": "default",
                            "vpc_security_group_ids.#": "1",
                            "vpc_security_group_ids.2765802210": "sg-24595756"
                        },
                        "meta": {
                            "schema_version": "1"
                        },
                        "tainted": false
                    },
                    "deposed": [],
                    "provider": ""
                },
                "aws_internet_gateway.jra_igw": {
                    "type": "aws_internet_gateway",
                    "depends_on": [
                        "aws_vpc.jra_vpc",
                        "random_id.env-instance"
                    ],
                    "primary": {
                        "id": "igw-64be3a1d",
                        "attributes": {
                            "id": "igw-64be3a1d",
                            "tags.%": "5",
                            "tags.Name": "prod.igw.us-east-1",
                            "tags.jra.environment": "prod",
                            "tags.jra.environment-instance-id": "p7Qy9rKPDns",
                            "tags.jra.environment-size": "small",
                            "tags.jra.environment_type": "latest",
                            "vpc_id": "vpc-51b10c29"
                        },
                        "meta": {},
                        "tainted": false
                    },
                    "deposed": [],
                    "provider": ""
                },
                "aws_nat_gateway.az-1-public": {
                    "type": "aws_nat_gateway",
                    "depends_on": [
                        "aws_eip.az-1-public",
                        "aws_subnet.az-1-public"
                    ],
                    "primary": {
                        "id": "nat-0c8147876d6349a23",
                        "attributes": {
                            "allocation_id": "eipalloc-628f8857",
                            "id": "nat-0c8147876d6349a23",
                            "network_interface_id": "eni-6d66cbdb",
                            "private_ip": "10.0.0.8",
                            "public_ip": "34.237.150.63",
                            "subnet_id": "subnet-35eb1968"
                        },
                        "meta": {},
                        "tainted": false
                    },
                    "deposed": [],
                    "provider": ""
                },
                "aws_route53_record.alert": {
                    "type": "aws_route53_record",
                    "depends_on": [
                        "aws_elb.elb-public-monitoring",
                        "aws_elb.elb-public-monitoring"
                    ],
                    "primary": {
                        "id": "ZNB07JQ96IG7T_alerts.joericearchitect.com_A",
                        "attributes": {
                            "alias.#": "1",
                            "alias.3675790940.evaluate_target_health": "true",
                            "alias.3675790940.name": "prod-jra-elb-us-east-1-monitor-1034861194.us-east-1.elb.amazonaws.com",
                            "alias.3675790940.zone_id": "Z35SXDOTRQ7X7K",
                            "fqdn": "alerts.joericearchitect.com",
                            "health_check_id": "",
                            "id": "ZNB07JQ96IG7T_alerts.joericearchitect.com_A",
                            "name": "alerts.joericearchitect.com",
                            "records.#": "0",
                            "set_identifier": "",
                            "ttl": "0",
                            "type": "A",
                            "zone_id": "ZNB07JQ96IG7T"
                        },
                        "meta": {
                            "schema_version": "2"
                        },
                        "tainted": false
                    },
                    "deposed": [],
                    "provider": ""
                },
                "aws_route53_record.blog": {
                    "type": "aws_route53_record",
                    "depends_on": [
                        "aws_elb.elb-public-swarm",
                        "aws_elb.elb-public-swarm"
                    ],
                    "primary": {
                        "id": "ZNB07JQ96IG7T_blog.joericearchitect.com_A",
                        "attributes": {
                            "alias.#": "1",
                            "alias.588999096.evaluate_target_health": "true",
                            "alias.588999096.name": "prod-jra-elb-us-east-1-swarm-111651534.us-east-1.elb.amazonaws.com",
                            "alias.588999096.zone_id": "Z35SXDOTRQ7X7K",
                            "fqdn": "blog.joericearchitect.com",
                            "health_check_id": "",
                            "id": "ZNB07JQ96IG7T_blog.joericearchitect.com_A",
                            "name": "blog.joericearchitect.com",
                            "records.#": "0",
                            "set_identifier": "",
                            "ttl": "0",
                            "type": "A",
                            "zone_id": "ZNB07JQ96IG7T"
                        },
                        "meta": {
                            "schema_version": "2"
                        },
                        "tainted": false
                    },
                    "deposed": [],
                    "provider": ""
                },
                "aws_route53_record.build": {
                    "type": "aws_route53_record",
                    "depends_on": [
                        "aws_elb.elb-public-swarm",
                        "aws_elb.elb-public-swarm"
                    ],
                    "primary": {
                        "id": "ZNB07JQ96IG7T_build.joericearchitect.com_A",
                        "attributes": {
                            "alias.#": "1",
                            "alias.588999096.evaluate_target_health": "true",
                            "alias.588999096.name": "prod-jra-elb-us-east-1-swarm-111651534.us-east-1.elb.amazonaws.com",
                            "alias.588999096.zone_id": "Z35SXDOTRQ7X7K",
                            "fqdn": "build.joericearchitect.com",
                            "health_check_id": "",
                            "id": "ZNB07JQ96IG7T_build.joericearchitect.com_A",
                            "name": "build.joericearchitect.com",
                            "records.#": "0",
                            "set_identifier": "",
                            "ttl": "0",
                            "type": "A",
                            "zone_id": "ZNB07JQ96IG7T"
                        },
                        "meta": {
                            "schema_version": "2"
                        },
                        "tainted": false
                    },
                    "deposed": [],
                    "provider": ""
                },
                "aws_route53_record.docker": {
                    "type": "aws_route53_record",
                    "depends_on": [
                        "aws_elb.elb-public-swarm",
                        "aws_elb.elb-public-swarm"
                    ],
                    "primary": {
                        "id": "ZNB07JQ96IG7T_docker.joericearchitect.com_A",
                        "attributes": {
                            "alias.#": "1",
                            "alias.588999096.evaluate_target_health": "true",
                            "alias.588999096.name": "prod-jra-elb-us-east-1-swarm-111651534.us-east-1.elb.amazonaws.com",
                            "alias.588999096.zone_id": "Z35SXDOTRQ7X7K",
                            "fqdn": "docker.joericearchitect.com",
                            "health_check_id": "",
                            "id": "ZNB07JQ96IG7T_docker.joericearchitect.com_A",
                            "name": "docker.joericearchitect.com",
                            "records.#": "0",
                            "set_identifier": "",
                            "ttl": "0",
                            "type": "A",
                            "zone_id": "ZNB07JQ96IG7T"
                        },
                        "meta": {
                            "schema_version": "2"
                        },
                        "tainted": false
                    },
                    "deposed": [],
                    "provider": ""
                },
                "aws_route53_record.dockerui": {
                    "type": "aws_route53_record",
                    "depends_on": [
                        "aws_elb.elb-public-swarm",
                        "aws_elb.elb-public-swarm"
                    ],
                    "primary": {
                        "id": "ZNB07JQ96IG7T_dockerui.joericearchitect.com_A",
                        "attributes": {
                            "alias.#": "1",
                            "alias.588999096.evaluate_target_health": "true",
                            "alias.588999096.name": "prod-jra-elb-us-east-1-swarm-111651534.us-east-1.elb.amazonaws.com",
                            "alias.588999096.zone_id": "Z35SXDOTRQ7X7K",
                            "fqdn": "dockerui.joericearchitect.com",
                            "health_check_id": "",
                            "id": "ZNB07JQ96IG7T_dockerui.joericearchitect.com_A",
                            "name": "dockerui.joericearchitect.com",
                            "records.#": "0",
                            "set_identifier": "",
                            "ttl": "0",
                            "type": "A",
                            "zone_id": "ZNB07JQ96IG7T"
                        },
                        "meta": {
                            "schema_version": "2"
                        },
                        "tainted": false
                    },
                    "deposed": [],
                    "provider": ""
                },
                "aws_route53_record.dockervisual": {
                    "type": "aws_route53_record",
                    "depends_on": [
                        "aws_elb.elb-public-swarm",
                        "aws_elb.elb-public-swarm"
                    ],
                    "primary": {
                        "id": "ZNB07JQ96IG7T_dockervisual.joericearchitect.com_A",
                        "attributes": {
                            "alias.#": "1",
                            "alias.588999096.evaluate_target_health": "true",
                            "alias.588999096.name": "prod-jra-elb-us-east-1-swarm-111651534.us-east-1.elb.amazonaws.com",
                            "alias.588999096.zone_id": "Z35SXDOTRQ7X7K",
                            "fqdn": "dockervisual.joericearchitect.com",
                            "health_check_id": "",
                            "id": "ZNB07JQ96IG7T_dockervisual.joericearchitect.com_A",
                            "name": "dockervisual.joericearchitect.com",
                            "records.#": "0",
                            "set_identifier": "",
                            "ttl": "0",
                            "type": "A",
                            "zone_id": "ZNB07JQ96IG7T"
                        },
                        "meta": {
                            "schema_version": "2"
                        },
                        "tainted": false
                    },
                    "deposed": [],
                    "provider": ""
                },
                "aws_route53_record.elasticsearch": {
                    "type": "aws_route53_record",
                    "depends_on": [
                        "aws_elb.elb-public-logging",
                        "aws_elb.elb-public-logging"
                    ],
                    "primary": {
                        "id": "ZNB07JQ96IG7T_es.joericearchitect.com_A",
                        "attributes": {
                            "alias.#": "1",
                            "alias.3103896861.evaluate_target_health": "true",
                            "alias.3103896861.name": "prod-jra-elb-us-east-1-logging-2002651875.us-east-1.elb.amazonaws.com",
                            "alias.3103896861.zone_id": "Z35SXDOTRQ7X7K",
                            "fqdn": "es.joericearchitect.com",
                            "health_check_id": "",
                            "id": "ZNB07JQ96IG7T_es.joericearchitect.com_A",
                            "name": "es.joericearchitect.com",
                            "records.#": "0",
                            "set_identifier": "",
                            "ttl": "0",
                            "type": "A",
                            "zone_id": "ZNB07JQ96IG7T"
                        },
                        "meta": {
                            "schema_version": "2"
                        },
                        "tainted": false
                    },
                    "deposed": [],
                    "provider": ""
                },
                "aws_route53_record.fluentd": {
                    "type": "aws_route53_record",
                    "depends_on": [
                        "aws_elb.elb-public-logging",
                        "aws_elb.elb-public-logging"
                    ],
                    "primary": {
                        "id": "ZNB07JQ96IG7T_fluentd.joericearchitect.com_A",
                        "attributes": {
                            "alias.#": "1",
                            "alias.3103896861.evaluate_target_health": "true",
                            "alias.3103896861.name": "prod-jra-elb-us-east-1-logging-2002651875.us-east-1.elb.amazonaws.com",
                            "alias.3103896861.zone_id": "Z35SXDOTRQ7X7K",
                            "fqdn": "fluentd.joericearchitect.com",
                            "health_check_id": "",
                            "id": "ZNB07JQ96IG7T_fluentd.joericearchitect.com_A",
                            "name": "fluentd.joericearchitect.com",
                            "records.#": "0",
                            "set_identifier": "",
                            "ttl": "0",
                            "type": "A",
                            "zone_id": "ZNB07JQ96IG7T"
                        },
                        "meta": {
                            "schema_version": "2"
                        },
                        "tainted": false
                    },
                    "deposed": [],
                    "provider": ""
                },
                "aws_route53_record.grafana": {
                    "type": "aws_route53_record",
                    "depends_on": [
                        "aws_elb.elb-public-monitoring",
                        "aws_elb.elb-public-monitoring"
                    ],
                    "primary": {
                        "id": "ZNB07JQ96IG7T_grafana.joericearchitect.com_A",
                        "attributes": {
                            "alias.#": "1",
                            "alias.3675790940.evaluate_target_health": "true",
                            "alias.3675790940.name": "prod-jra-elb-us-east-1-monitor-1034861194.us-east-1.elb.amazonaws.com",
                            "alias.3675790940.zone_id": "Z35SXDOTRQ7X7K",
                            "fqdn": "grafana.joericearchitect.com",
                            "health_check_id": "",
                            "id": "ZNB07JQ96IG7T_grafana.joericearchitect.com_A",
                            "name": "grafana.joericearchitect.com",
                            "records.#": "0",
                            "set_identifier": "",
                            "ttl": "0",
                            "type": "A",
                            "zone_id": "ZNB07JQ96IG7T"
                        },
                        "meta": {
                            "schema_version": "2"
                        },
                        "tainted": false
                    },
                    "deposed": [],
                    "provider": ""
                },
                "aws_route53_record.jira": {
                    "type": "aws_route53_record",
                    "depends_on": [
                        "aws_elb.elb-public-swarm",
                        "aws_elb.elb-public-swarm"
                    ],
                    "primary": {
                        "id": "ZNB07JQ96IG7T_jira.joericearchitect.com_A",
                        "attributes": {
                            "alias.#": "1",
                            "alias.588999096.evaluate_target_health": "true",
                            "alias.588999096.name": "prod-jra-elb-us-east-1-swarm-111651534.us-east-1.elb.amazonaws.com",
                            "alias.588999096.zone_id": "Z35SXDOTRQ7X7K",
                            "fqdn": "jira.joericearchitect.com",
                            "health_check_id": "",
                            "id": "ZNB07JQ96IG7T_jira.joericearchitect.com_A",
                            "name": "jira.joericearchitect.com",
                            "records.#": "0",
                            "set_identifier": "",
                            "ttl": "0",
                            "type": "A",
                            "zone_id": "ZNB07JQ96IG7T"
                        },
                        "meta": {
                            "schema_version": "2"
                        },
                        "tainted": false
                    },
                    "deposed": [],
                    "provider": ""
                },
                "aws_route53_record.kibana": {
                    "type": "aws_route53_record",
                    "depends_on": [
                        "aws_elb.elb-public-logging",
                        "aws_elb.elb-public-logging"
                    ],
                    "primary": {
                        "id": "ZNB07JQ96IG7T_kibana.joericearchitect.com_A",
                        "attributes": {
                            "alias.#": "1",
                            "alias.3103896861.evaluate_target_health": "true",
                            "alias.3103896861.name": "prod-jra-elb-us-east-1-logging-2002651875.us-east-1.elb.amazonaws.com",
                            "alias.3103896861.zone_id": "Z35SXDOTRQ7X7K",
                            "fqdn": "kibana.joericearchitect.com",
                            "health_check_id": "",
                            "id": "ZNB07JQ96IG7T_kibana.joericearchitect.com_A",
                            "name": "kibana.joericearchitect.com",
                            "records.#": "0",
                            "set_identifier": "",
                            "ttl": "0",
                            "type": "A",
                            "zone_id": "ZNB07JQ96IG7T"
                        },
                        "meta": {
                            "schema_version": "2"
                        },
                        "tainted": false
                    },
                    "deposed": [],
                    "provider": ""
                },
                "aws_route53_record.logging-proxy": {
                    "type": "aws_route53_record",
                    "depends_on": [
                        "aws_elb.elb-public-logging",
                        "aws_elb.elb-public-logging"
                    ],
                    "primary": {
                        "id": "ZNB07JQ96IG7T_logging-proxy.joericearchitect.com_A",
                        "attributes": {
                            "alias.#": "1",
                            "alias.3103896861.evaluate_target_health": "true",
                            "alias.3103896861.name": "prod-jra-elb-us-east-1-logging-2002651875.us-east-1.elb.amazonaws.com",
                            "alias.3103896861.zone_id": "Z35SXDOTRQ7X7K",
                            "fqdn": "logging-proxy.joericearchitect.com",
                            "health_check_id": "",
                            "id": "ZNB07JQ96IG7T_logging-proxy.joericearchitect.com_A",
                            "name": "logging-proxy.joericearchitect.com",
                            "records.#": "0",
                            "set_identifier": "",
                            "ttl": "0",
                            "type": "A",
                            "zone_id": "ZNB07JQ96IG7T"
                        },
                        "meta": {
                            "schema_version": "2"
                        },
                        "tainted": false
                    },
                    "deposed": [],
                    "provider": ""
                },
                "aws_route53_record.monitoring-proxy": {
                    "type": "aws_route53_record",
                    "depends_on": [
                        "aws_elb.elb-public-monitoring",
                        "aws_elb.elb-public-monitoring"
                    ],
                    "primary": {
                        "id": "ZNB07JQ96IG7T_monitoring-proxy.joericearchitect.com_A",
                        "attributes": {
                            "alias.#": "1",
                            "alias.3675790940.evaluate_target_health": "true",
                            "alias.3675790940.name": "prod-jra-elb-us-east-1-monitor-1034861194.us-east-1.elb.amazonaws.com",
                            "alias.3675790940.zone_id": "Z35SXDOTRQ7X7K",
                            "fqdn": "monitoring-proxy.joericearchitect.com",
                            "health_check_id": "",
                            "id": "ZNB07JQ96IG7T_monitoring-proxy.joericearchitect.com_A",
                            "name": "monitoring-proxy.joericearchitect.com",
                            "records.#": "0",
                            "set_identifier": "",
                            "ttl": "0",
                            "type": "A",
                            "zone_id": "ZNB07JQ96IG7T"
                        },
                        "meta": {
                            "schema_version": "2"
                        },
                        "tainted": false
                    },
                    "deposed": [],
                    "provider": ""
                },
                "aws_route53_record.nexus": {
                    "type": "aws_route53_record",
                    "depends_on": [
                        "aws_elb.elb-public-swarm",
                        "aws_elb.elb-public-swarm"
                    ],
                    "primary": {
                        "id": "ZNB07JQ96IG7T_nexus.joericearchitect.com_A",
                        "attributes": {
                            "alias.#": "1",
                            "alias.588999096.evaluate_target_health": "true",
                            "alias.588999096.name": "prod-jra-elb-us-east-1-swarm-111651534.us-east-1.elb.amazonaws.com",
                            "alias.588999096.zone_id": "Z35SXDOTRQ7X7K",
                            "fqdn": "nexus.joericearchitect.com",
                            "health_check_id": "",
                            "id": "ZNB07JQ96IG7T_nexus.joericearchitect.com_A",
                            "name": "nexus.joericearchitect.com",
                            "records.#": "0",
                            "set_identifier": "",
                            "ttl": "0",
                            "type": "A",
                            "zone_id": "ZNB07JQ96IG7T"
                        },
                        "meta": {
                            "schema_version": "2"
                        },
                        "tainted": false
                    },
                    "deposed": [],
                    "provider": ""
                },
                "aws_route53_record.prometheus": {
                    "type": "aws_route53_record",
                    "depends_on": [
                        "aws_elb.elb-public-monitoring",
                        "aws_elb.elb-public-monitoring"
                    ],
                    "primary": {
                        "id": "ZNB07JQ96IG7T_prometheus.joericearchitect.com_A",
                        "attributes": {
                            "alias.#": "1",
                            "alias.3675790940.evaluate_target_health": "true",
                            "alias.3675790940.name": "prod-jra-elb-us-east-1-monitor-1034861194.us-east-1.elb.amazonaws.com",
                            "alias.3675790940.zone_id": "Z35SXDOTRQ7X7K",
                            "fqdn": "prometheus.joericearchitect.com",
                            "health_check_id": "",
                            "id": "ZNB07JQ96IG7T_prometheus.joericearchitect.com_A",
                            "name": "prometheus.joericearchitect.com",
                            "records.#": "0",
                            "set_identifier": "",
                            "ttl": "0",
                            "type": "A",
                            "zone_id": "ZNB07JQ96IG7T"
                        },
                        "meta": {
                            "schema_version": "2"
                        },
                        "tainted": false
                    },
                    "deposed": [],
                    "provider": ""
                },
                "aws_route53_record.proxy": {
                    "type": "aws_route53_record",
                    "depends_on": [
                        "aws_elb.elb-public-swarm",
                        "aws_elb.elb-public-swarm"
                    ],
                    "primary": {
                        "id": "ZNB07JQ96IG7T_proxy.joericearchitect.com_A",
                        "attributes": {
                            "alias.#": "1",
                            "alias.588999096.evaluate_target_health": "true",
                            "alias.588999096.name": "prod-jra-elb-us-east-1-swarm-111651534.us-east-1.elb.amazonaws.com",
                            "alias.588999096.zone_id": "Z35SXDOTRQ7X7K",
                            "fqdn": "proxy.joericearchitect.com",
                            "health_check_id": "",
                            "id": "ZNB07JQ96IG7T_proxy.joericearchitect.com_A",
                            "name": "proxy.joericearchitect.com",
                            "records.#": "0",
                            "set_identifier": "",
                            "ttl": "0",
                            "type": "A",
                            "zone_id": "ZNB07JQ96IG7T"
                        },
                        "meta": {
                            "schema_version": "2"
                        },
                        "tainted": false
                    },
                    "deposed": [],
                    "provider": ""
                },
                "aws_route53_record.sonar": {
                    "type": "aws_route53_record",
                    "depends_on": [
                        "aws_elb.elb-public-swarm",
                        "aws_elb.elb-public-swarm"
                    ],
                    "primary": {
                        "id": "ZNB07JQ96IG7T_sonar.joericearchitect.com_A",
                        "attributes": {
                            "alias.#": "1",
                            "alias.588999096.evaluate_target_health": "true",
                            "alias.588999096.name": "prod-jra-elb-us-east-1-swarm-111651534.us-east-1.elb.amazonaws.com",
                            "alias.588999096.zone_id": "Z35SXDOTRQ7X7K",
                            "fqdn": "sonar.joericearchitect.com",
                            "health_check_id": "",
                            "id": "ZNB07JQ96IG7T_sonar.joericearchitect.com_A",
                            "name": "sonar.joericearchitect.com",
                            "records.#": "0",
                            "set_identifier": "",
                            "ttl": "0",
                            "type": "A",
                            "zone_id": "ZNB07JQ96IG7T"
                        },
                        "meta": {
                            "schema_version": "2"
                        },
                        "tainted": false
                    },
                    "deposed": [],
                    "provider": ""
                },
                "aws_route53_record.unsee": {
                    "type": "aws_route53_record",
                    "depends_on": [
                        "aws_elb.elb-public-monitoring",
                        "aws_elb.elb-public-monitoring"
                    ],
                    "primary": {
                        "id": "ZNB07JQ96IG7T_unsee.joericearchitect.com_A",
                        "attributes": {
                            "alias.#": "1",
                            "alias.3675790940.evaluate_target_health": "true",
                            "alias.3675790940.name": "prod-jra-elb-us-east-1-monitor-1034861194.us-east-1.elb.amazonaws.com",
                            "alias.3675790940.zone_id": "Z35SXDOTRQ7X7K",
                            "fqdn": "unsee.joericearchitect.com",
                            "health_check_id": "",
                            "id": "ZNB07JQ96IG7T_unsee.joericearchitect.com_A",
                            "name": "unsee.joericearchitect.com",
                            "records.#": "0",
                            "set_identifier": "",
                            "ttl": "0",
                            "type": "A",
                            "zone_id": "ZNB07JQ96IG7T"
                        },
                        "meta": {
                            "schema_version": "2"
                        },
                        "tainted": false
                    },
                    "deposed": [],
                    "provider": ""
                },
                "aws_route53_record.wiki": {
                    "type": "aws_route53_record",
                    "depends_on": [
                        "aws_elb.elb-public-swarm",
                        "aws_elb.elb-public-swarm"
                    ],
                    "primary": {
                        "id": "ZNB07JQ96IG7T_wiki.joericearchitect.com_A",
                        "attributes": {
                            "alias.#": "1",
                            "alias.588999096.evaluate_target_health": "true",
                            "alias.588999096.name": "prod-jra-elb-us-east-1-swarm-111651534.us-east-1.elb.amazonaws.com",
                            "alias.588999096.zone_id": "Z35SXDOTRQ7X7K",
                            "fqdn": "wiki.joericearchitect.com",
                            "health_check_id": "",
                            "id": "ZNB07JQ96IG7T_wiki.joericearchitect.com_A",
                            "name": "wiki.joericearchitect.com",
                            "records.#": "0",
                            "set_identifier": "",
                            "ttl": "0",
                            "type": "A",
                            "zone_id": "ZNB07JQ96IG7T"
                        },
                        "meta": {
                            "schema_version": "2"
                        },
                        "tainted": false
                    },
                    "deposed": [],
                    "provider": ""
                },
                "aws_route53_record.www": {
                    "type": "aws_route53_record",
                    "depends_on": [
                        "aws_elb.elb-public-swarm",
                        "aws_elb.elb-public-swarm"
                    ],
                    "primary": {
                        "id": "ZNB07JQ96IG7T_www.joericearchitect.com_A",
                        "attributes": {
                            "alias.#": "1",
                            "alias.588999096.evaluate_target_health": "true",
                            "alias.588999096.name": "prod-jra-elb-us-east-1-swarm-111651534.us-east-1.elb.amazonaws.com",
                            "alias.588999096.zone_id": "Z35SXDOTRQ7X7K",
                            "fqdn": "www.joericearchitect.com",
                            "health_check_id": "",
                            "id": "ZNB07JQ96IG7T_www.joericearchitect.com_A",
                            "name": "www.joericearchitect.com",
                            "records.#": "0",
                            "set_identifier": "",
                            "ttl": "0",
                            "type": "A",
                            "zone_id": "ZNB07JQ96IG7T"
                        },
                        "meta": {
                            "schema_version": "2"
                        },
                        "tainted": false
                    },
                    "deposed": [],
                    "provider": ""
                },
                "aws_route_table.private": {
                    "type": "aws_route_table",
                    "depends_on": [
                        "aws_internet_gateway.jra_igw",
                        "aws_vpc.jra_vpc",
                        "random_id.env-instance"
                    ],
                    "primary": {
                        "id": "rtb-ffdd8f85",
                        "attributes": {
                            "id": "rtb-ffdd8f85",
                            "propagating_vgws.#": "0",
                            "route.#": "1",
                            "route.516688685.cidr_block": "0.0.0.0/0",
                            "route.516688685.gateway_id": "igw-64be3a1d",
                            "route.516688685.instance_id": "",
                            "route.516688685.nat_gateway_id": "",
                            "route.516688685.network_interface_id": "",
                            "route.516688685.vpc_peering_connection_id": "",
                            "tags.%": "5",
                            "tags.Name": "prod.route-table.us-east-1-private",
                            "tags.jra.environment": "prod",
                            "tags.jra.environment-instance-id": "p7Qy9rKPDns",
                            "tags.jra.environment-size": "small",
                            "tags.jra.environment_type": "latest",
                            "vpc_id": "vpc-51b10c29"
                        },
                        "meta": {},
                        "tainted": false
                    },
                    "deposed": [],
                    "provider": ""
                },
                "aws_route_table.public": {
                    "type": "aws_route_table",
                    "depends_on": [
                        "aws_internet_gateway.jra_igw",
                        "aws_vpc.jra_vpc",
                        "random_id.env-instance"
                    ],
                    "primary": {
                        "id": "rtb-02de8c78",
                        "attributes": {
                            "id": "rtb-02de8c78",
                            "propagating_vgws.#": "0",
                            "route.#": "1",
                            "route.516688685.cidr_block": "0.0.0.0/0",
                            "route.516688685.gateway_id": "igw-64be3a1d",
                            "route.516688685.instance_id": "",
                            "route.516688685.nat_gateway_id": "",
                            "route.516688685.network_interface_id": "",
                            "route.516688685.vpc_peering_connection_id": "",
                            "tags.%": "5",
                            "tags.Name": "prod.route-table.us-east-1-public",
                            "tags.jra.environment": "prod",
                            "tags.jra.environment-instance-id": "p7Qy9rKPDns",
                            "tags.jra.environment-size": "small",
                            "tags.jra.environment_type": "latest",
                            "vpc_id": "vpc-51b10c29"
                        },
                        "meta": {},
                        "tainted": false
                    },
                    "deposed": [],
                    "provider": ""
                },
                "aws_route_table_association.az-1-private": {
                    "type": "aws_route_table_association",
                    "depends_on": [
                        "aws_route_table.private",
                        "aws_subnet.az-1-private"
                    ],
                    "primary": {
                        "id": "rtbassoc-15941168",
                        "attributes": {
                            "id": "rtbassoc-15941168",
                            "route_table_id": "rtb-ffdd8f85",
                            "subnet_id": "subnet-34eb1969"
                        },
                        "meta": {},
                        "tainted": false
                    },
                    "deposed": [],
                    "provider": ""
                },
                "aws_route_table_association.az-1-public": {
                    "type": "aws_route_table_association",
                    "depends_on": [
                        "aws_route_table.public",
                        "aws_subnet.az-1-public"
                    ],
                    "primary": {
                        "id": "rtbassoc-1b8b0e66",
                        "attributes": {
                            "id": "rtbassoc-1b8b0e66",
                            "route_table_id": "rtb-02de8c78",
                            "subnet_id": "subnet-35eb1968"
                        },
                        "meta": {},
                        "tainted": false
                    },
                    "deposed": [],
                    "provider": ""
                },
                "aws_security_group.elb-public-logging": {
                    "type": "aws_security_group",
                    "depends_on": [
                        "aws_vpc.jra_vpc",
                        "random_id.env-instance"
                    ],
                    "primary": {
                        "id": "sg-fc58568e",
                        "attributes": {
                            "description": "Security groups for public logging elb",
                            "egress.#": "1",
                            "egress.482069346.cidr_blocks.#": "1",
                            "egress.482069346.cidr_blocks.0": "0.0.0.0/0",
                            "egress.482069346.from_port": "0",
                            "egress.482069346.prefix_list_ids.#": "0",
                            "egress.482069346.protocol": "-1",
                            "egress.482069346.security_groups.#": "0",
                            "egress.482069346.self": "false",
                            "egress.482069346.to_port": "0",
                            "id": "sg-fc58568e",
                            "ingress.#": "1",
                            "ingress.482069346.cidr_blocks.#": "1",
                            "ingress.482069346.cidr_blocks.0": "0.0.0.0/0",
                            "ingress.482069346.from_port": "0",
                            "ingress.482069346.protocol": "-1",
                            "ingress.482069346.security_groups.#": "0",
                            "ingress.482069346.self": "false",
                            "ingress.482069346.to_port": "0",
                            "name": "prod.jra-sg.us-east-1-logging-elb",
                            "owner_id": "478650753675",
                            "tags.%": "5",
                            "tags.Name": "prod.sg.us-east-1-logging-elb",
                            "tags.jra.environment": "prod",
                            "tags.jra.environment-instance-id": "p7Qy9rKPDns",
                            "tags.jra.environment-size": "small",
                            "tags.jra.environment_type": "latest",
                            "vpc_id": "vpc-51b10c29"
                        },
                        "meta": {},
                        "tainted": false
                    },
                    "deposed": [],
                    "provider": ""
                },
                "aws_security_group.elb-public-monitoring": {
                    "type": "aws_security_group",
                    "depends_on": [
                        "aws_vpc.jra_vpc",
                        "random_id.env-instance"
                    ],
                    "primary": {
                        "id": "sg-dd6f61af",
                        "attributes": {
                            "description": "Security groups for public monitoring elb",
                            "egress.#": "1",
                            "egress.482069346.cidr_blocks.#": "1",
                            "egress.482069346.cidr_blocks.0": "0.0.0.0/0",
                            "egress.482069346.from_port": "0",
                            "egress.482069346.prefix_list_ids.#": "0",
                            "egress.482069346.protocol": "-1",
                            "egress.482069346.security_groups.#": "0",
                            "egress.482069346.self": "false",
                            "egress.482069346.to_port": "0",
                            "id": "sg-dd6f61af",
                            "ingress.#": "1",
                            "ingress.482069346.cidr_blocks.#": "1",
                            "ingress.482069346.cidr_blocks.0": "0.0.0.0/0",
                            "ingress.482069346.from_port": "0",
                            "ingress.482069346.protocol": "-1",
                            "ingress.482069346.security_groups.#": "0",
                            "ingress.482069346.self": "false",
                            "ingress.482069346.to_port": "0",
                            "name": "prod.jra-sg.us-east-1-monitoring-elb",
                            "owner_id": "478650753675",
                            "tags.%": "5",
                            "tags.Name": "prod.sg.us-east-1-monitor-elb",
                            "tags.jra.environment": "prod",
                            "tags.jra.environment-instance-id": "p7Qy9rKPDns",
                            "tags.jra.environment-size": "small",
                            "tags.jra.environment_type": "latest",
                            "vpc_id": "vpc-51b10c29"
                        },
                        "meta": {},
                        "tainted": false
                    },
                    "deposed": [],
                    "provider": ""
                },
                "aws_security_group.elb-public-swarm": {
                    "type": "aws_security_group",
                    "depends_on": [
                        "aws_vpc.jra_vpc",
                        "random_id.env-instance"
                    ],
                    "primary": {
                        "id": "sg-9f555bed",
                        "attributes": {
                            "description": "Security groups for public swarm elb",
                            "egress.#": "1",
                            "egress.482069346.cidr_blocks.#": "1",
                            "egress.482069346.cidr_blocks.0": "0.0.0.0/0",
                            "egress.482069346.from_port": "0",
                            "egress.482069346.prefix_list_ids.#": "0",
                            "egress.482069346.protocol": "-1",
                            "egress.482069346.security_groups.#": "0",
                            "egress.482069346.self": "false",
                            "egress.482069346.to_port": "0",
                            "id": "sg-9f555bed",
                            "ingress.#": "1",
                            "ingress.482069346.cidr_blocks.#": "1",
                            "ingress.482069346.cidr_blocks.0": "0.0.0.0/0",
                            "ingress.482069346.from_port": "0",
                            "ingress.482069346.protocol": "-1",
                            "ingress.482069346.security_groups.#": "0",
                            "ingress.482069346.self": "false",
                            "ingress.482069346.to_port": "0",
                            "name": "prod.jra-sg.us-east-1-swarm-elb",
                            "owner_id": "478650753675",
                            "tags.%": "5",
                            "tags.Name": "prod.sg.us-east-1-swarm-elb",
                            "tags.jra.environment": "prod",
                            "tags.jra.environment-instance-id": "p7Qy9rKPDns",
                            "tags.jra.environment-size": "small",
                            "tags.jra.environment_type": "latest",
                            "vpc_id": "vpc-51b10c29"
                        },
                        "meta": {},
                        "tainted": false
                    },
                    "deposed": [],
                    "provider": ""
                },
                "aws_security_group.private_app-persistence": {
                    "type": "aws_security_group",
                    "depends_on": [
                        "aws_vpc.jra_vpc",
                        "random_id.env-instance"
                    ],
                    "primary": {
                        "id": "sg-b6545ac4",
                        "attributes": {
                            "description": "Swarm Nodes that will run containers related to storage persistence for mangement apps (databases, caches, etc)",
                            "egress.#": "1",
                            "egress.482069346.cidr_blocks.#": "1",
                            "egress.482069346.cidr_blocks.0": "0.0.0.0/0",
                            "egress.482069346.from_port": "0",
                            "egress.482069346.prefix_list_ids.#": "0",
                            "egress.482069346.protocol": "-1",
                            "egress.482069346.security_groups.#": "0",
                            "egress.482069346.self": "false",
                            "egress.482069346.to_port": "0",
                            "id": "sg-b6545ac4",
                            "ingress.#": "1",
                            "ingress.482069346.cidr_blocks.#": "1",
                            "ingress.482069346.cidr_blocks.0": "0.0.0.0/0",
                            "ingress.482069346.from_port": "0",
                            "ingress.482069346.protocol": "-1",
                            "ingress.482069346.security_groups.#": "0",
                            "ingress.482069346.self": "false",
                            "ingress.482069346.to_port": "0",
                            "name": "prod.jra-sg.us-east-1-private-app-persistence",
                            "owner_id": "478650753675",
                            "tags.%": "5",
                            "tags.Name": "prod.sg.us-east-1-private-app-persistence",
                            "tags.jra.environment": "prod",
                            "tags.jra.environment-instance-id": "p7Qy9rKPDns",
                            "tags.jra.environment-size": "small",
                            "tags.jra.environment_type": "latest",
                            "vpc_id": "vpc-51b10c29"
                        },
                        "meta": {},
                        "tainted": false
                    },
                    "deposed": [],
                    "provider": ""
                },
                "aws_security_group.private_infra-build": {
                    "type": "aws_security_group",
                    "depends_on": [
                        "aws_vpc.jra_vpc",
                        "random_id.env-instance"
                    ],
                    "primary": {
                        "id": "sg-47555b35",
                        "attributes": {
                            "description": "Swarm Nodes that will run containers related to infra-builds \u0026 CI / CD pipelines",
                            "egress.#": "1",
                            "egress.482069346.cidr_blocks.#": "1",
                            "egress.482069346.cidr_blocks.0": "0.0.0.0/0",
                            "egress.482069346.from_port": "0",
                            "egress.482069346.prefix_list_ids.#": "0",
                            "egress.482069346.protocol": "-1",
                            "egress.482069346.security_groups.#": "0",
                            "egress.482069346.self": "false",
                            "egress.482069346.to_port": "0",
                            "id": "sg-47555b35",
                            "ingress.#": "1",
                            "ingress.482069346.cidr_blocks.#": "1",
                            "ingress.482069346.cidr_blocks.0": "0.0.0.0/0",
                            "ingress.482069346.from_port": "0",
                            "ingress.482069346.protocol": "-1",
                            "ingress.482069346.security_groups.#": "0",
                            "ingress.482069346.self": "false",
                            "ingress.482069346.to_port": "0",
                            "name": "prod.jra-sg.us-east-1-private-infra-build",
                            "owner_id": "478650753675",
                            "tags.%": "5",
                            "tags.Name": "prod.sg.us-east-1-private-infra-build",
                            "tags.jra.environment": "prod",
                            "tags.jra.environment-instance-id": "p7Qy9rKPDns",
                            "tags.jra.environment-size": "small",
                            "tags.jra.environment_type": "latest",
                            "vpc_id": "vpc-51b10c29"
                        },
                        "meta": {},
                        "tainted": false
                    },
                    "deposed": [],
                    "provider": ""
                },
                "aws_security_group.private_infra-logging": {
                    "type": "aws_security_group",
                    "depends_on": [
                        "aws_vpc.jra_vpc",
                        "random_id.env-instance"
                    ],
                    "primary": {
                        "id": "sg-ec5a549e",
                        "attributes": {
                            "description": "Swarm Nodes that will run containers related to centralized logging stack",
                            "egress.#": "1",
                            "egress.482069346.cidr_blocks.#": "1",
                            "egress.482069346.cidr_blocks.0": "0.0.0.0/0",
                            "egress.482069346.from_port": "0",
                            "egress.482069346.prefix_list_ids.#": "0",
                            "egress.482069346.protocol": "-1",
                            "egress.482069346.security_groups.#": "0",
                            "egress.482069346.self": "false",
                            "egress.482069346.to_port": "0",
                            "id": "sg-ec5a549e",
                            "ingress.#": "1",
                            "ingress.482069346.cidr_blocks.#": "1",
                            "ingress.482069346.cidr_blocks.0": "0.0.0.0/0",
                            "ingress.482069346.from_port": "0",
                            "ingress.482069346.protocol": "-1",
                            "ingress.482069346.security_groups.#": "0",
                            "ingress.482069346.self": "false",
                            "ingress.482069346.to_port": "0",
                            "name": "prod.jra-sg.us-east-1-private-infra-logging",
                            "owner_id": "478650753675",
                            "tags.%": "5",
                            "tags.Name": "prod.sg.us-east-1-private-infra-logging",
                            "tags.jra.environment": "prod",
                            "tags.jra.environment-instance-id": "p7Qy9rKPDns",
                            "tags.jra.environment-size": "small",
                            "tags.jra.environment_type": "latest",
                            "vpc_id": "vpc-51b10c29"
                        },
                        "meta": {},
                        "tainted": false
                    },
                    "deposed": [],
                    "provider": ""
                },
                "aws_security_group.private_infra-monitoring": {
                    "type": "aws_security_group",
                    "depends_on": [
                        "aws_vpc.jra_vpc",
                        "random_id.env-instance"
                    ],
                    "primary": {
                        "id": "sg-956e60e7",
                        "attributes": {
                            "description": "Swarm Nodes that will run containers related to centralized monitoring stack",
                            "egress.#": "1",
                            "egress.482069346.cidr_blocks.#": "1",
                            "egress.482069346.cidr_blocks.0": "0.0.0.0/0",
                            "egress.482069346.from_port": "0",
                            "egress.482069346.prefix_list_ids.#": "0",
                            "egress.482069346.protocol": "-1",
                            "egress.482069346.security_groups.#": "0",
                            "egress.482069346.self": "false",
                            "egress.482069346.to_port": "0",
                            "id": "sg-956e60e7",
                            "ingress.#": "1",
                            "ingress.482069346.cidr_blocks.#": "1",
                            "ingress.482069346.cidr_blocks.0": "0.0.0.0/0",
                            "ingress.482069346.from_port": "0",
                            "ingress.482069346.protocol": "-1",
                            "ingress.482069346.security_groups.#": "0",
                            "ingress.482069346.self": "false",
                            "ingress.482069346.to_port": "0",
                            "name": "prod.jra-sg.us-east-1-private-infra-monitoring",
                            "owner_id": "478650753675",
                            "tags.%": "5",
                            "tags.Name": "prod.sg.us-east-1-private-infra-monitoring",
                            "tags.jra.environment": "prod",
                            "tags.jra.environment-instance-id": "p7Qy9rKPDns",
                            "tags.jra.environment-size": "small",
                            "tags.jra.environment_type": "latest",
                            "vpc_id": "vpc-51b10c29"
                        },
                        "meta": {},
                        "tainted": false
                    },
                    "deposed": [],
                    "provider": ""
                },
                "aws_security_group.private_infra-persistence": {
                    "type": "aws_security_group",
                    "depends_on": [
                        "aws_vpc.jra_vpc",
                        "random_id.env-instance"
                    ],
                    "primary": {
                        "id": "sg-19545a6b",
                        "attributes": {
                            "description": "Swarm Nodes that will run containers related to storage persistence for mangement apps (databases, caches, etc)",
                            "egress.#": "1",
                            "egress.482069346.cidr_blocks.#": "1",
                            "egress.482069346.cidr_blocks.0": "0.0.0.0/0",
                            "egress.482069346.from_port": "0",
                            "egress.482069346.prefix_list_ids.#": "0",
                            "egress.482069346.protocol": "-1",
                            "egress.482069346.security_groups.#": "0",
                            "egress.482069346.self": "false",
                            "egress.482069346.to_port": "0",
                            "id": "sg-19545a6b",
                            "ingress.#": "1",
                            "ingress.482069346.cidr_blocks.#": "1",
                            "ingress.482069346.cidr_blocks.0": "0.0.0.0/0",
                            "ingress.482069346.from_port": "0",
                            "ingress.482069346.protocol": "-1",
                            "ingress.482069346.security_groups.#": "0",
                            "ingress.482069346.self": "false",
                            "ingress.482069346.to_port": "0",
                            "name": "prod.jra-sg.us-east-1-private-infra-persistence",
                            "owner_id": "478650753675",
                            "tags.%": "5",
                            "tags.Name": "prod.sg.us-east-1-private-infra-persistence",
                            "tags.jra.environment": "prod",
                            "tags.jra.environment-instance-id": "p7Qy9rKPDns",
                            "tags.jra.environment-size": "small",
                            "tags.jra.environment_type": "latest",
                            "vpc_id": "vpc-51b10c29"
                        },
                        "meta": {},
                        "tainted": false
                    },
                    "deposed": [],
                    "provider": ""
                },
                "aws_security_group.private_infra-repos": {
                    "type": "aws_security_group",
                    "depends_on": [
                        "aws_vpc.jra_vpc",
                        "random_id.env-instance"
                    ],
                    "primary": {
                        "id": "sg-396f614b",
                        "attributes": {
                            "description": "Swarm Nodes that will run containers related to storage persistence for mangement apps (databases, caches, etc)",
                            "egress.#": "1",
                            "egress.482069346.cidr_blocks.#": "1",
                            "egress.482069346.cidr_blocks.0": "0.0.0.0/0",
                            "egress.482069346.from_port": "0",
                            "egress.482069346.prefix_list_ids.#": "0",
                            "egress.482069346.protocol": "-1",
                            "egress.482069346.security_groups.#": "0",
                            "egress.482069346.self": "false",
                            "egress.482069346.to_port": "0",
                            "id": "sg-396f614b",
                            "ingress.#": "1",
                            "ingress.482069346.cidr_blocks.#": "1",
                            "ingress.482069346.cidr_blocks.0": "0.0.0.0/0",
                            "ingress.482069346.from_port": "0",
                            "ingress.482069346.protocol": "-1",
                            "ingress.482069346.security_groups.#": "0",
                            "ingress.482069346.self": "false",
                            "ingress.482069346.to_port": "0",
                            "name": "prod.jra-sg.us-east-1-private-infra-repos",
                            "owner_id": "478650753675",
                            "tags.%": "5",
                            "tags.Name": "prod.sg.us-east-1-private-infra-repos",
                            "tags.jra.environment": "prod",
                            "tags.jra.environment-instance-id": "p7Qy9rKPDns",
                            "tags.jra.environment-size": "small",
                            "tags.jra.environment_type": "latest",
                            "vpc_id": "vpc-51b10c29"
                        },
                        "meta": {},
                        "tainted": false
                    },
                    "deposed": [],
                    "provider": ""
                },
                "aws_security_group.private_swarm-manager": {
                    "type": "aws_security_group",
                    "depends_on": [
                        "aws_vpc.jra_vpc",
                        "random_id.env-instance"
                    ],
                    "primary": {
                        "id": "sg-24595756",
                        "attributes": {
                            "description": "Swarm Nodes that will run containers related to swarm-managers \u0026 CI / CD pipelines",
                            "egress.#": "1",
                            "egress.482069346.cidr_blocks.#": "1",
                            "egress.482069346.cidr_blocks.0": "0.0.0.0/0",
                            "egress.482069346.from_port": "0",
                            "egress.482069346.prefix_list_ids.#": "0",
                            "egress.482069346.protocol": "-1",
                            "egress.482069346.security_groups.#": "0",
                            "egress.482069346.self": "false",
                            "egress.482069346.to_port": "0",
                            "id": "sg-24595756",
                            "ingress.#": "1",
                            "ingress.482069346.cidr_blocks.#": "1",
                            "ingress.482069346.cidr_blocks.0": "0.0.0.0/0",
                            "ingress.482069346.from_port": "0",
                            "ingress.482069346.protocol": "-1",
                            "ingress.482069346.security_groups.#": "0",
                            "ingress.482069346.self": "false",
                            "ingress.482069346.to_port": "0",
                            "name": "prod.jra-sg.us-east-1-private-swarm-manager",
                            "owner_id": "478650753675",
                            "tags.%": "5",
                            "tags.Name": "prod.sg.us-east-1-private-swarm-manager",
                            "tags.jra.environment": "prod",
                            "tags.jra.environment-instance-id": "p7Qy9rKPDns",
                            "tags.jra.environment-size": "small",
                            "tags.jra.environment_type": "latest",
                            "vpc_id": "vpc-51b10c29"
                        },
                        "meta": {},
                        "tainted": false
                    },
                    "deposed": [],
                    "provider": ""
                },
                "aws_security_group.public_admin-ui-web": {
                    "type": "aws_security_group",
                    "depends_on": [
                        "aws_vpc.jra_vpc",
                        "random_id.env-instance"
                    ],
                    "primary": {
                        "id": "sg-386f614a",
                        "attributes": {
                            "description": "Security groups for public web apis",
                            "egress.#": "1",
                            "egress.482069346.cidr_blocks.#": "1",
                            "egress.482069346.cidr_blocks.0": "0.0.0.0/0",
                            "egress.482069346.from_port": "0",
                            "egress.482069346.prefix_list_ids.#": "0",
                            "egress.482069346.protocol": "-1",
                            "egress.482069346.security_groups.#": "0",
                            "egress.482069346.self": "false",
                            "egress.482069346.to_port": "0",
                            "id": "sg-386f614a",
                            "ingress.#": "1",
                            "ingress.482069346.cidr_blocks.#": "1",
                            "ingress.482069346.cidr_blocks.0": "0.0.0.0/0",
                            "ingress.482069346.from_port": "0",
                            "ingress.482069346.protocol": "-1",
                            "ingress.482069346.security_groups.#": "0",
                            "ingress.482069346.self": "false",
                            "ingress.482069346.to_port": "0",
                            "name": "prod.jra-sg.us-east-1-public-admin-ui-web",
                            "owner_id": "478650753675",
                            "tags.%": "5",
                            "tags.Name": "prod.sg.us-east-1-public-admin-ui-web",
                            "tags.jra.environment": "prod",
                            "tags.jra.environment-instance-id": "p7Qy9rKPDns",
                            "tags.jra.environment-size": "small",
                            "tags.jra.environment_type": "latest",
                            "vpc_id": "vpc-51b10c29"
                        },
                        "meta": {},
                        "tainted": false
                    },
                    "deposed": [],
                    "provider": ""
                },
                "aws_security_group.public_app-ui-web": {
                    "type": "aws_security_group",
                    "depends_on": [
                        "aws_vpc.jra_vpc",
                        "random_id.env-instance"
                    ],
                    "primary": {
                        "id": "sg-015b5573",
                        "attributes": {
                            "description": "Security Group for public web ui apps",
                            "egress.#": "1",
                            "egress.482069346.cidr_blocks.#": "1",
                            "egress.482069346.cidr_blocks.0": "0.0.0.0/0",
                            "egress.482069346.from_port": "0",
                            "egress.482069346.prefix_list_ids.#": "0",
                            "egress.482069346.protocol": "-1",
                            "egress.482069346.security_groups.#": "0",
                            "egress.482069346.self": "false",
                            "egress.482069346.to_port": "0",
                            "id": "sg-015b5573",
                            "ingress.#": "1",
                            "ingress.482069346.cidr_blocks.#": "1",
                            "ingress.482069346.cidr_blocks.0": "0.0.0.0/0",
                            "ingress.482069346.from_port": "0",
                            "ingress.482069346.protocol": "-1",
                            "ingress.482069346.security_groups.#": "0",
                            "ingress.482069346.self": "false",
                            "ingress.482069346.to_port": "0",
                            "name": "prod.jra-sg.us-east-1-public-app-ui-web",
                            "owner_id": "478650753675",
                            "tags.%": "5",
                            "tags.Name": "prod.sg.us-east-1-public-app-ui-web",
                            "tags.jra.environment": "prod",
                            "tags.jra.environment-instance-id": "p7Qy9rKPDns",
                            "tags.jra.environment-size": "small",
                            "tags.jra.environment_type": "latest",
                            "vpc_id": "vpc-51b10c29"
                        },
                        "meta": {},
                        "tainted": false
                    },
                    "deposed": [],
                    "provider": ""
                },
                "aws_subnet.az-1-private": {
                    "type": "aws_subnet",
                    "depends_on": [
                        "aws_vpc.jra_vpc",
                        "random_id.env-instance"
                    ],
                    "primary": {
                        "id": "subnet-34eb1969",
                        "attributes": {
                            "availability_zone": "us-east-1a",
                            "cidr_block": "10.0.1.0/24",
                            "id": "subnet-34eb1969",
                            "map_public_ip_on_launch": "true",
                            "tags.%": "6",
                            "tags.Name": "prod.subnet.us-east-1a-private",
                            "tags.jra.environment": "prod",
                            "tags.jra.environment-instance-id": "p7Qy9rKPDns",
                            "tags.jra.environment-size": "small",
                            "tags.jra.environment_type": "latest",
                            "tags.jra.failure-zone": "us-east-1-az-1",
                            "vpc_id": "vpc-51b10c29"
                        },
                        "meta": {},
                        "tainted": false
                    },
                    "deposed": [],
                    "provider": ""
                },
                "aws_subnet.az-1-public": {
                    "type": "aws_subnet",
                    "depends_on": [
                        "aws_vpc.jra_vpc",
                        "random_id.env-instance"
                    ],
                    "primary": {
                        "id": "subnet-35eb1968",
                        "attributes": {
                            "availability_zone": "us-east-1a",
                            "cidr_block": "10.0.0.0/24",
                            "id": "subnet-35eb1968",
                            "map_public_ip_on_launch": "true",
                            "tags.%": "6",
                            "tags.Name": "prod.subnet.us-east-1a-public",
                            "tags.jra.environment": "prod",
                            "tags.jra.environment-instance-id": "p7Qy9rKPDns",
                            "tags.jra.environment-size": "small",
                            "tags.jra.environment_type": "latest",
                            "tags.jra.failure-zone": "us-east-1-az-1",
                            "vpc_id": "vpc-51b10c29"
                        },
                        "meta": {},
                        "tainted": false
                    },
                    "deposed": [],
                    "provider": ""
                },
                "aws_vpc.jra_vpc": {
                    "type": "aws_vpc",
                    "depends_on": [
                        "random_id.env-instance"
                    ],
                    "primary": {
                        "id": "vpc-51b10c29",
                        "attributes": {
                            "cidr_block": "10.0.0.0/16",
                            "default_network_acl_id": "acl-7b340703",
                            "default_route_table_id": "rtb-8ac694f0",
                            "default_security_group_id": "sg-6956581b",
                            "dhcp_options_id": "dopt-eb4a818d",
                            "enable_classiclink": "false",
                            "enable_dns_hostnames": "true",
                            "enable_dns_support": "true",
                            "id": "vpc-51b10c29",
                            "instance_tenancy": "default",
                            "main_route_table_id": "rtb-8ac694f0",
                            "tags.%": "5",
                            "tags.Name": "prod.vpc.us-east-1",
                            "tags.jra.environment": "prod",
                            "tags.jra.environment-instance-id": "p7Qy9rKPDns",
                            "tags.jra.environment-size": "small",
                            "tags.jra.environment_type": "latest"
                        },
                        "meta": {},
                        "tainted": false
                    },
                    "deposed": [],
                    "provider": ""
                },
                "null_resource.infa-apps-deploy": {
                    "type": "null_resource",
                    "depends_on": [
                        "null_resource.infra-deploy-central-monitoring-services"
                    ],
                    "primary": {
                        "id": "4532811915766327223",
                        "attributes": {
                            "id": "4532811915766327223"
                        },
                        "meta": {},
                        "tainted": false
                    },
                    "deposed": [],
                    "provider": ""
                },
                "null_resource.infa-confluence-deploy": {
                    "type": "null_resource",
                    "depends_on": [
                        "null_resource.infa-apps-deploy"
                    ],
                    "primary": {
                        "id": "5681225465681348709",
                        "attributes": {
                            "id": "5681225465681348709"
                        },
                        "meta": {},
                        "tainted": false
                    },
                    "deposed": [],
                    "provider": ""
                },
                "null_resource.infa-jenkins-deploy": {
                    "type": "null_resource",
                    "depends_on": [
                        "null_resource.infa-apps-deploy"
                    ],
                    "primary": {
                        "id": "202082472389146585",
                        "attributes": {
                            "id": "202082472389146585"
                        },
                        "meta": {},
                        "tainted": false
                    },
                    "deposed": [],
                    "provider": ""
                },
                "null_resource.infa-jira-deploy": {
                    "type": "null_resource",
                    "depends_on": [
                        "null_resource.infa-apps-deploy"
                    ],
                    "primary": {
                        "id": "8471447561145064131",
                        "attributes": {
                            "id": "8471447561145064131"
                        },
                        "meta": {},
                        "tainted": false
                    },
                    "deposed": [],
                    "provider": ""
                },
                "null_resource.infa-nexus-deploy": {
                    "type": "null_resource",
                    "depends_on": [
                        "null_resource.infa-apps-deploy"
                    ],
                    "primary": {
                        "id": "3536019144459024114",
                        "attributes": {
                            "id": "3536019144459024114"
                        },
                        "meta": {},
                        "tainted": false
                    },
                    "deposed": [],
                    "provider": ""
                },
                "null_resource.infa-sonar-deploy": {
                    "type": "null_resource",
                    "depends_on": [
                        "null_resource.infa-apps-deploy"
                    ],
                    "primary": {
                        "id": "1222153148481938769",
                        "attributes": {
                            "id": "1222153148481938769"
                        },
                        "meta": {},
                        "tainted": false
                    },
                    "deposed": [],
                    "provider": ""
                },
                "null_resource.infra-configure-swarm-cluster": {
                    "type": "null_resource",
                    "depends_on": [
                        "null_resource.infra-deploy-central-logging-services"
                    ],
                    "primary": {
                        "id": "417233032115959974",
                        "attributes": {
                            "id": "417233032115959974"
                        },
                        "meta": {},
                        "tainted": false
                    },
                    "deposed": [],
                    "provider": ""
                },
                "null_resource.infra-deploy-central-logging-services": {
                    "type": "null_resource",
                    "depends_on": [
                        "null_resource.swarm-cluster-provision"
                    ],
                    "primary": {
                        "id": "8255149623496177850",
                        "attributes": {
                            "id": "8255149623496177850"
                        },
                        "meta": {},
                        "tainted": false
                    },
                    "deposed": [],
                    "provider": ""
                },
                "null_resource.infra-deploy-central-monitoring-services": {
                    "type": "null_resource",
                    "depends_on": [
                        "null_resource.infra-configure-swarm-cluster"
                    ],
                    "primary": {
                        "id": "8264256286087009531",
                        "attributes": {
                            "id": "8264256286087009531"
                        },
                        "meta": {},
                        "tainted": false
                    },
                    "deposed": [],
                    "provider": ""
                },
                "null_resource.swarm-cluster-provision": {
                    "type": "null_resource",
                    "depends_on": [
                        "aws_instance.admin-ui-web-az-1",
                        "aws_instance.app-persistence-az-1",
                        "aws_instance.app-ui-web-az-1",
                        "aws_instance.infra-build-az-1",
                        "aws_instance.infra-logging-az-1",
                        "aws_instance.infra-persistence-az-1",
                        "aws_instance.infra-repos-az-1",
                        "aws_instance.swarm-manager-az-1"
                    ],
                    "primary": {
                        "id": "9084899916324493007",
                        "attributes": {
                            "id": "9084899916324493007"
                        },
                        "meta": {},
                        "tainted": false
                    },
                    "deposed": [],
                    "provider": ""
                },
                "random_id.env-instance": {
                    "type": "random_id",
                    "depends_on": [],
                    "primary": {
                        "id": "p7Qy9rKPDns",
                        "attributes": {
                            "b64": "p7Qy9rKPDns",
                            "b64_std": "p7Qy9rKPDns=",
                            "b64_url": "p7Qy9rKPDns",
                            "byte_length": "8",
                            "dec": "12084339735280946811",
                            "hex": "a7b432f6b28f0e7b",
                            "id": "p7Qy9rKPDns"
                        },
                        "meta": {},
                        "tainted": false
                    },
                    "deposed": [],
                    "provider": ""
                }
            },
            "depends_on": []
        }
    ]
}
