{
    "version": 3,
    "terraform_version": "0.7.13",
    "serial": 198,
    "lineage": "1542ed22-9572-435b-bfe7-2914441e104a",
    "modules": [
        {
            "path": [
                "root"
            ],
            "outputs": {},
            "resources": {
                "aws_internet_gateway.jra_igw": {
                    "type": "aws_internet_gateway",
                    "depends_on": [
                        "aws_vpc.jra_vpc",
                        "random_id.env-instance"
                    ],
                    "primary": {
                        "id": "igw-0375ea7a",
                        "attributes": {
                            "id": "igw-0375ea7a",
                            "tags.%": "5",
                            "tags.Name": "prod.igw.us-east-1",
                            "tags.jra.environment": "prod",
                            "tags.jra.environment-instance-id": "sq8_VxMcbNc",
                            "tags.jra.environment-size": "small",
                            "tags.jra.environment_type": "latest",
                            "vpc_id": "vpc-8422b1fc"
                        },
                        "meta": {},
                        "tainted": false
                    },
                    "deposed": [],
                    "provider": ""
                },
                "aws_security_group.private_infra-monitoring": {
                    "type": "aws_security_group",
                    "depends_on": [
                        "aws_vpc.jra_vpc",
                        "random_id.env-instance"
                    ],
                    "primary": {
                        "id": "sg-46218733",
                        "attributes": {
                            "description": "Swarm Nodes that will run containers related to centralized monitoring stack",
                            "egress.#": "1",
                            "egress.482069346.cidr_blocks.#": "1",
                            "egress.482069346.cidr_blocks.0": "0.0.0.0/0",
                            "egress.482069346.from_port": "0",
                            "egress.482069346.prefix_list_ids.#": "0",
                            "egress.482069346.protocol": "-1",
                            "egress.482069346.security_groups.#": "0",
                            "egress.482069346.self": "false",
                            "egress.482069346.to_port": "0",
                            "id": "sg-46218733",
                            "ingress.#": "1",
                            "ingress.482069346.cidr_blocks.#": "1",
                            "ingress.482069346.cidr_blocks.0": "0.0.0.0/0",
                            "ingress.482069346.from_port": "0",
                            "ingress.482069346.protocol": "-1",
                            "ingress.482069346.security_groups.#": "0",
                            "ingress.482069346.self": "false",
                            "ingress.482069346.to_port": "0",
                            "name": "prod.jra-sg.us-east-1-private-infra-monitoring",
                            "owner_id": "478650753675",
                            "tags.%": "5",
                            "tags.Name": "prod.sg.us-east-1-private-infra-monitoring",
                            "tags.jra.environment": "prod",
                            "tags.jra.environment-instance-id": "sq8_VxMcbNc",
                            "tags.jra.environment-size": "small",
                            "tags.jra.environment_type": "latest",
                            "vpc_id": "vpc-8422b1fc"
                        },
                        "meta": {},
                        "tainted": false
                    },
                    "deposed": [],
                    "provider": ""
                },
                "aws_subnet.az-1-private": {
                    "type": "aws_subnet",
                    "depends_on": [
                        "aws_vpc.jra_vpc",
                        "random_id.env-instance"
                    ],
                    "primary": {
                        "id": "subnet-fb10d8a6",
                        "attributes": {
                            "availability_zone": "us-east-1a",
                            "cidr_block": "10.0.1.0/24",
                            "id": "subnet-fb10d8a6",
                            "map_public_ip_on_launch": "true",
                            "tags.%": "6",
                            "tags.Name": "prod.subnet.us-east-1a-private",
                            "tags.jra.environment": "prod",
                            "tags.jra.environment-instance-id": "sq8_VxMcbNc",
                            "tags.jra.environment-size": "small",
                            "tags.jra.environment_type": "latest",
                            "tags.jra.failure-zone": "us-east-1-az-1",
                            "vpc_id": "vpc-8422b1fc"
                        },
                        "meta": {},
                        "tainted": false
                    },
                    "deposed": [],
                    "provider": ""
                },
                "aws_vpc.jra_vpc": {
                    "type": "aws_vpc",
                    "depends_on": [
                        "random_id.env-instance"
                    ],
                    "primary": {
                        "id": "vpc-8422b1fc",
                        "attributes": {
                            "cidr_block": "10.0.0.0/16",
                            "default_network_acl_id": "acl-69938111",
                            "default_route_table_id": "rtb-3d1a2347",
                            "default_security_group_id": "sg-8b2482fe",
                            "dhcp_options_id": "dopt-eb4a818d",
                            "enable_classiclink": "false",
                            "enable_dns_hostnames": "true",
                            "enable_dns_support": "true",
                            "id": "vpc-8422b1fc",
                            "instance_tenancy": "default",
                            "main_route_table_id": "rtb-3d1a2347",
                            "tags.%": "5",
                            "tags.Name": "prod.vpc.us-east-1",
                            "tags.jra.environment": "prod",
                            "tags.jra.environment-instance-id": "sq8_VxMcbNc",
                            "tags.jra.environment-size": "small",
                            "tags.jra.environment_type": "latest"
                        },
                        "meta": {},
                        "tainted": false
                    },
                    "deposed": [],
                    "provider": ""
                },
                "random_id.env-instance": {
                    "type": "random_id",
                    "depends_on": [],
                    "primary": {
                        "id": "sq8_VxMcbNc",
                        "attributes": {
                            "b64": "sq8_VxMcbNc",
                            "b64_std": "sq8/VxMcbNc=",
                            "b64_url": "sq8_VxMcbNc",
                            "byte_length": "8",
                            "dec": "12875579502890872023",
                            "hex": "b2af3f57131c6cd7",
                            "id": "sq8_VxMcbNc"
                        },
                        "meta": {},
                        "tainted": false
                    },
                    "deposed": [],
                    "provider": ""
                }
            },
            "depends_on": []
        }
    ]
}
