{
    "version": 3,
    "terraform_version": "0.7.13",
    "serial": 182,
    "lineage": "1542ed22-9572-435b-bfe7-2914441e104a",
    "modules": [
        {
            "path": [
                "root"
            ],
            "outputs": {},
            "resources": {
                "aws_eip.az-1-public": {
                    "type": "aws_eip",
                    "depends_on": [],
                    "primary": {
                        "id": "eipalloc-5b0ec36f",
                        "attributes": {
                            "association_id": "",
                            "domain": "vpc",
                            "id": "eipalloc-5b0ec36f",
                            "instance": "",
                            "network_interface": "",
                            "private_ip": "",
                            "public_ip": "52.45.143.90",
                            "vpc": "true"
                        },
                        "meta": {},
                        "tainted": false
                    },
                    "deposed": [],
                    "provider": ""
                },
                "aws_elb.elb-public-admin": {
                    "type": "aws_elb",
                    "depends_on": [
                        "aws_instance.admin-ui-web-az-1",
                        "aws_instance.app-persistence-az-1",
                        "aws_instance.app-ui-web-az-1",
                        "aws_instance.infra-build-az-1",
                        "aws_instance.infra-persistence-az-1",
                        "aws_instance.infra-repos-az-1",
                        "aws_security_group.elb-public-admin",
                        "aws_subnet.az-1-public",
                        "random_id.env-instance"
                    ],
                    "primary": {
                        "id": "prod-jra-elb-us-east-1-admin",
                        "attributes": {
                            "access_logs.#": "0",
                            "availability_zones.#": "1",
                            "availability_zones.3569565595": "us-east-1a",
                            "connection_draining": "true",
                            "connection_draining_timeout": "400",
                            "cross_zone_load_balancing": "true",
                            "dns_name": "prod-jra-elb-us-east-1-admin-783477109.us-east-1.elb.amazonaws.com",
                            "health_check.#": "1",
                            "health_check.0.healthy_threshold": "4",
                            "health_check.0.interval": "15",
                            "health_check.0.target": "TCP:80",
                            "health_check.0.timeout": "3",
                            "health_check.0.unhealthy_threshold": "4",
                            "id": "prod-jra-elb-us-east-1-admin",
                            "idle_timeout": "400",
                            "instances.#": "6",
                            "instances.1178296151": "i-0db3f35c27fdb6a33",
                            "instances.1822852914": "i-039297d55b9e81ead",
                            "instances.199757169": "i-0c906a4b48d4281df",
                            "instances.3294750613": "i-044d87ac00f404213",
                            "instances.3872234365": "i-029b9355d70c192f0",
                            "instances.4024646321": "i-012e5dbb87ba35b07",
                            "internal": "false",
                            "listener.#": "1",
                            "listener.2683352288.instance_port": "83",
                            "listener.2683352288.instance_protocol": "http",
                            "listener.2683352288.lb_port": "80",
                            "listener.2683352288.lb_protocol": "http",
                            "listener.2683352288.ssl_certificate_id": "",
                            "name": "prod-jra-elb-us-east-1-admin",
                            "security_groups.#": "1",
                            "security_groups.3771580676": "sg-80cd01f5",
                            "source_security_group": "478650753675/prod.jra-sg.us-east-1-admin-elb",
                            "source_security_group_id": "sg-80cd01f5",
                            "subnets.#": "1",
                            "subnets.588954514": "subnet-6dd11330",
                            "tags.%": "5",
                            "tags.Name": "prod-jra-elb-us-east-1-admin",
                            "tags.jra.environment": "prod",
                            "tags.jra.environment-instance-id": "wsmvsGCvvBw",
                            "tags.jra.environment-size": "large",
                            "tags.jra.environment_type": "latest",
                            "zone_id": "Z35SXDOTRQ7X7K"
                        },
                        "meta": {},
                        "tainted": false
                    },
                    "deposed": [],
                    "provider": ""
                },
                "aws_elb.elb-public-app-api": {
                    "type": "aws_elb",
                    "depends_on": [
                        "aws_instance.app-ui-web-az-1",
                        "aws_instance.swarm-manager-az-1",
                        "aws_security_group.elb-public-app-api",
                        "aws_subnet.az-1-public",
                        "random_id.env-instance"
                    ],
                    "primary": {
                        "id": "prod-jra-elb-us-east-1-app-api",
                        "attributes": {
                            "access_logs.#": "0",
                            "availability_zones.#": "1",
                            "availability_zones.3569565595": "us-east-1a",
                            "connection_draining": "true",
                            "connection_draining_timeout": "400",
                            "cross_zone_load_balancing": "true",
                            "dns_name": "prod-jra-elb-us-east-1-app-api-1990581830.us-east-1.elb.amazonaws.com",
                            "health_check.#": "1",
                            "health_check.0.healthy_threshold": "4",
                            "health_check.0.interval": "15",
                            "health_check.0.target": "TCP:80",
                            "health_check.0.timeout": "3",
                            "health_check.0.unhealthy_threshold": "4",
                            "id": "prod-jra-elb-us-east-1-app-api",
                            "idle_timeout": "400",
                            "instances.#": "2",
                            "instances.199757169": "i-0c906a4b48d4281df",
                            "instances.359860221": "i-0ac086924709b38e9",
                            "internal": "false",
                            "listener.#": "1",
                            "listener.1644776597.instance_port": "84",
                            "listener.1644776597.instance_protocol": "http",
                            "listener.1644776597.lb_port": "80",
                            "listener.1644776597.lb_protocol": "http",
                            "listener.1644776597.ssl_certificate_id": "",
                            "name": "prod-jra-elb-us-east-1-app-api",
                            "security_groups.#": "1",
                            "security_groups.2827130006": "sg-65b27e10",
                            "source_security_group": "478650753675/prod.jra-sg.us-east-1-app-api-elb",
                            "source_security_group_id": "sg-65b27e10",
                            "subnets.#": "1",
                            "subnets.588954514": "subnet-6dd11330",
                            "tags.%": "5",
                            "tags.Name": "prod-jra-elb-us-east-1-app-api",
                            "tags.jra.environment": "prod",
                            "tags.jra.environment-instance-id": "wsmvsGCvvBw",
                            "tags.jra.environment-size": "large",
                            "tags.jra.environment_type": "latest",
                            "zone_id": "Z35SXDOTRQ7X7K"
                        },
                        "meta": {},
                        "tainted": false
                    },
                    "deposed": [],
                    "provider": ""
                },
                "aws_elb.elb-public-app-ui": {
                    "type": "aws_elb",
                    "depends_on": [
                        "aws_instance.app-ui-web-az-1",
                        "aws_instance.swarm-manager-az-1",
                        "aws_security_group.elb-public-app-ui",
                        "aws_subnet.az-1-public",
                        "random_id.env-instance"
                    ],
                    "primary": {
                        "id": "prod-jra-elb-us-east-1-app-ui",
                        "attributes": {
                            "access_logs.#": "0",
                            "availability_zones.#": "1",
                            "availability_zones.3569565595": "us-east-1a",
                            "connection_draining": "true",
                            "connection_draining_timeout": "400",
                            "cross_zone_load_balancing": "true",
                            "dns_name": "prod-jra-elb-us-east-1-app-ui-1597755926.us-east-1.elb.amazonaws.com",
                            "health_check.#": "1",
                            "health_check.0.healthy_threshold": "4",
                            "health_check.0.interval": "15",
                            "health_check.0.target": "TCP:80",
                            "health_check.0.timeout": "3",
                            "health_check.0.unhealthy_threshold": "4",
                            "id": "prod-jra-elb-us-east-1-app-ui",
                            "idle_timeout": "400",
                            "instances.#": "2",
                            "instances.199757169": "i-0c906a4b48d4281df",
                            "instances.359860221": "i-0ac086924709b38e9",
                            "internal": "false",
                            "listener.#": "1",
                            "listener.3057123346.instance_port": "80",
                            "listener.3057123346.instance_protocol": "http",
                            "listener.3057123346.lb_port": "80",
                            "listener.3057123346.lb_protocol": "http",
                            "listener.3057123346.ssl_certificate_id": "",
                            "name": "prod-jra-elb-us-east-1-app-ui",
                            "security_groups.#": "1",
                            "security_groups.4083870352": "sg-90b07ce5",
                            "source_security_group": "478650753675/prod.jra-sg.us-east-1-app-ui-elb",
                            "source_security_group_id": "sg-90b07ce5",
                            "subnets.#": "1",
                            "subnets.588954514": "subnet-6dd11330",
                            "tags.%": "5",
                            "tags.Name": "prod-jra-elb-us-east-1-app-ui",
                            "tags.jra.environment": "prod",
                            "tags.jra.environment-instance-id": "wsmvsGCvvBw",
                            "tags.jra.environment-size": "large",
                            "tags.jra.environment_type": "latest",
                            "zone_id": "Z35SXDOTRQ7X7K"
                        },
                        "meta": {},
                        "tainted": false
                    },
                    "deposed": [],
                    "provider": ""
                },
                "aws_elb.elb-public-logging": {
                    "type": "aws_elb",
                    "depends_on": [
                        "aws_instance.infra-logging-az-1",
                        "aws_instance.swarm-manager-az-1",
                        "aws_security_group.elb-public-logging",
                        "aws_subnet.az-1-public",
                        "random_id.env-instance"
                    ],
                    "primary": {
                        "id": "prod-jra-elb-us-east-1-logging",
                        "attributes": {
                            "access_logs.#": "0",
                            "availability_zones.#": "1",
                            "availability_zones.3569565595": "us-east-1a",
                            "connection_draining": "true",
                            "connection_draining_timeout": "400",
                            "cross_zone_load_balancing": "true",
                            "dns_name": "prod-jra-elb-us-east-1-logging-741838194.us-east-1.elb.amazonaws.com",
                            "health_check.#": "1",
                            "health_check.0.healthy_threshold": "4",
                            "health_check.0.interval": "15",
                            "health_check.0.target": "TCP:81",
                            "health_check.0.timeout": "3",
                            "health_check.0.unhealthy_threshold": "4",
                            "id": "prod-jra-elb-us-east-1-logging",
                            "idle_timeout": "400",
                            "instances.#": "2",
                            "instances.359860221": "i-0ac086924709b38e9",
                            "instances.4193249925": "i-0a31cb1df92d6363a",
                            "internal": "false",
                            "listener.#": "1",
                            "listener.742900092.instance_port": "81",
                            "listener.742900092.instance_protocol": "tcp",
                            "listener.742900092.lb_port": "80",
                            "listener.742900092.lb_protocol": "tcp",
                            "listener.742900092.ssl_certificate_id": "",
                            "name": "prod-jra-elb-us-east-1-logging",
                            "security_groups.#": "1",
                            "security_groups.3386763881": "sg-e1c50994",
                            "source_security_group": "478650753675/prod.jra-sg.us-east-1-logging-elb",
                            "source_security_group_id": "sg-e1c50994",
                            "subnets.#": "1",
                            "subnets.588954514": "subnet-6dd11330",
                            "tags.%": "5",
                            "tags.Name": "prod-jra-elb-us-east-1-logging",
                            "tags.jra.environment": "prod",
                            "tags.jra.environment-instance-id": "wsmvsGCvvBw",
                            "tags.jra.environment-size": "large",
                            "tags.jra.environment_type": "latest",
                            "zone_id": "Z35SXDOTRQ7X7K"
                        },
                        "meta": {},
                        "tainted": false
                    },
                    "deposed": [],
                    "provider": ""
                },
                "aws_elb.elb-public-monitoring": {
                    "type": "aws_elb",
                    "depends_on": [
                        "aws_instance.infra-monitoring-az-1",
                        "aws_instance.swarm-manager-az-1",
                        "aws_security_group.elb-public-monitoring",
                        "aws_subnet.az-1-public",
                        "random_id.env-instance"
                    ],
                    "primary": {
                        "id": "prod-jra-elb-us-east-1-monitor",
                        "attributes": {
                            "access_logs.#": "0",
                            "availability_zones.#": "1",
                            "availability_zones.3569565595": "us-east-1a",
                            "connection_draining": "true",
                            "connection_draining_timeout": "400",
                            "cross_zone_load_balancing": "true",
                            "dns_name": "prod-jra-elb-us-east-1-monitor-1554386918.us-east-1.elb.amazonaws.com",
                            "health_check.#": "1",
                            "health_check.0.healthy_threshold": "4",
                            "health_check.0.interval": "15",
                            "health_check.0.target": "TCP:81",
                            "health_check.0.timeout": "3",
                            "health_check.0.unhealthy_threshold": "4",
                            "id": "prod-jra-elb-us-east-1-monitor",
                            "idle_timeout": "400",
                            "instances.#": "2",
                            "instances.1512276436": "i-0e1d7b77964ceab3d",
                            "instances.359860221": "i-0ac086924709b38e9",
                            "internal": "false",
                            "listener.#": "1",
                            "listener.1344726183.instance_port": "82",
                            "listener.1344726183.instance_protocol": "tcp",
                            "listener.1344726183.lb_port": "80",
                            "listener.1344726183.lb_protocol": "tcp",
                            "listener.1344726183.ssl_certificate_id": "",
                            "name": "prod-jra-elb-us-east-1-monitor",
                            "security_groups.#": "1",
                            "security_groups.1091026927": "sg-4eb37f3b",
                            "source_security_group": "478650753675/prod.jra-sg.us-east-1-monitoring-elb",
                            "source_security_group_id": "sg-4eb37f3b",
                            "subnets.#": "1",
                            "subnets.588954514": "subnet-6dd11330",
                            "tags.%": "5",
                            "tags.Name": "prod-jra-elb-us-east-1-monitor",
                            "tags.jra.environment": "prod",
                            "tags.jra.environment-instance-id": "wsmvsGCvvBw",
                            "tags.jra.environment-size": "large",
                            "tags.jra.environment_type": "latest",
                            "zone_id": "Z35SXDOTRQ7X7K"
                        },
                        "meta": {},
                        "tainted": false
                    },
                    "deposed": [],
                    "provider": ""
                },
                "aws_instance.admin-ui-web-az-1": {
                    "type": "aws_instance",
                    "depends_on": [
                        "aws_security_group.public_admin-ui-web",
                        "aws_subnet.az-1-public",
                        "random_id.env-instance"
                    ],
                    "primary": {
                        "id": "i-0db3f35c27fdb6a33",
                        "attributes": {
                            "ami": "ami-cd0f5cb6",
                            "associate_public_ip_address": "true",
                            "availability_zone": "us-east-1a",
                            "disable_api_termination": "false",
                            "ebs_block_device.#": "0",
                            "ebs_optimized": "false",
                            "ephemeral_block_device.#": "0",
                            "iam_instance_profile": "",
                            "id": "i-0db3f35c27fdb6a33",
                            "instance_state": "running",
                            "instance_type": "m4.large",
                            "key_name": "jra-build",
                            "monitoring": "true",
                            "network_interface_id": "eni-690400df",
                            "private_dns": "ip-10-0-0-231.ec2.internal",
                            "private_ip": "10.0.0.231",
                            "public_dns": "ec2-54-209-235-36.compute-1.amazonaws.com",
                            "public_ip": "54.209.235.36",
                            "root_block_device.#": "1",
                            "root_block_device.0.delete_on_termination": "true",
                            "root_block_device.0.iops": "100",
                            "root_block_device.0.volume_size": "8",
                            "root_block_device.0.volume_type": "gp2",
                            "security_groups.#": "0",
                            "source_dest_check": "true",
                            "subnet_id": "subnet-6dd11330",
                            "tags.%": "11",
                            "tags.Name": "prod.instance.swarm-worker.admin-ui-web.prod.us-east-1a",
                            "tags.jra.environment": "prod",
                            "tags.jra.environment-instance-id": "wsmvsGCvvBw",
                            "tags.jra.environment-size": "large",
                            "tags.jra.environment_type": "latest",
                            "tags.jra.failure-zone": "us-east-1-az-1",
                            "tags.jra.instance-name": "admin-ui-web-us-east-1-az-1",
                            "tags.jra.instance-name-full": "prod.instance.swarm-worker.admin-ui-web.prod.us-east-1a",
                            "tags.jra.subnet-type": "public",
                            "tags.jra.swarm-instance-type": "swarm-worker",
                            "tags.jra.swarm-node-type": "admin-ui-web",
                            "tenancy": "default",
                            "vpc_security_group_ids.#": "1",
                            "vpc_security_group_ids.1886459461": "sg-abc408de"
                        },
                        "meta": {
                            "schema_version": "1"
                        },
                        "tainted": false
                    },
                    "deposed": [],
                    "provider": ""
                },
                "aws_instance.app-persistence-az-1": {
                    "type": "aws_instance",
                    "depends_on": [
                        "aws_security_group.private_app-persistence",
                        "aws_subnet.az-1-private",
                        "random_id.env-instance"
                    ],
                    "primary": {
                        "id": "i-044d87ac00f404213",
                        "attributes": {
                            "ami": "ami-cd0f5cb6",
                            "associate_public_ip_address": "true",
                            "availability_zone": "us-east-1a",
                            "disable_api_termination": "false",
                            "ebs_block_device.#": "0",
                            "ebs_optimized": "false",
                            "ephemeral_block_device.#": "0",
                            "iam_instance_profile": "",
                            "id": "i-044d87ac00f404213",
                            "instance_state": "running",
                            "instance_type": "t2.medium",
                            "key_name": "jra-build",
                            "monitoring": "true",
                            "network_interface_id": "eni-bb7b7f0d",
                            "private_dns": "ip-10-0-1-129.ec2.internal",
                            "private_ip": "10.0.1.129",
                            "public_dns": "ec2-184-73-67-173.compute-1.amazonaws.com",
                            "public_ip": "184.73.67.173",
                            "root_block_device.#": "1",
                            "root_block_device.0.delete_on_termination": "true",
                            "root_block_device.0.iops": "100",
                            "root_block_device.0.volume_size": "8",
                            "root_block_device.0.volume_type": "gp2",
                            "security_groups.#": "0",
                            "source_dest_check": "true",
                            "subnet_id": "subnet-ffcc0ea2",
                            "tags.%": "11",
                            "tags.Name": "prod.instance.swarm-worker.app-persistence.prod.us-east-1a",
                            "tags.jra.environment": "prod",
                            "tags.jra.environment-instance-id": "wsmvsGCvvBw",
                            "tags.jra.environment-size": "large",
                            "tags.jra.environment_type": "latest",
                            "tags.jra.failure-zone": "us-east-1-az-1",
                            "tags.jra.instance-name": "app-persistence-us-east-1-az-1",
                            "tags.jra.instance-name-full": "prod.instance.swarm-worker.app-persistence.prod.us-east-1a",
                            "tags.jra.subnet-type": "private",
                            "tags.jra.swarm-instance-type": "swarm-worker",
                            "tags.jra.swarm-node-type": "app-persistence",
                            "tenancy": "default",
                            "vpc_security_group_ids.#": "1",
                            "vpc_security_group_ids.3629069949": "sg-43cd0136"
                        },
                        "meta": {
                            "schema_version": "1"
                        },
                        "tainted": false
                    },
                    "deposed": [],
                    "provider": ""
                },
                "aws_instance.app-ui-web-az-1": {
                    "type": "aws_instance",
                    "depends_on": [
                        "aws_security_group.public_app-ui-web",
                        "aws_subnet.az-1-public",
                        "random_id.env-instance"
                    ],
                    "primary": {
                        "id": "i-0c906a4b48d4281df",
                        "attributes": {
                            "ami": "ami-cd0f5cb6",
                            "associate_public_ip_address": "true",
                            "availability_zone": "us-east-1a",
                            "disable_api_termination": "false",
                            "ebs_block_device.#": "0",
                            "ebs_optimized": "false",
                            "ephemeral_block_device.#": "0",
                            "iam_instance_profile": "",
                            "id": "i-0c906a4b48d4281df",
                            "instance_state": "running",
                            "instance_type": "t2.medium",
                            "key_name": "jra-build",
                            "monitoring": "true",
                            "network_interface_id": "eni-5c797dea",
                            "private_dns": "ip-10-0-0-175.ec2.internal",
                            "private_ip": "10.0.0.175",
                            "public_dns": "ec2-34-238-150-221.compute-1.amazonaws.com",
                            "public_ip": "34.238.150.221",
                            "root_block_device.#": "1",
                            "root_block_device.0.delete_on_termination": "true",
                            "root_block_device.0.iops": "100",
                            "root_block_device.0.volume_size": "8",
                            "root_block_device.0.volume_type": "gp2",
                            "security_groups.#": "0",
                            "source_dest_check": "true",
                            "subnet_id": "subnet-6dd11330",
                            "tags.%": "11",
                            "tags.Name": "prod.instance.swarm-worker.app-ui-web.prod.us-east-1a",
                            "tags.jra.environment": "prod",
                            "tags.jra.environment-instance-id": "wsmvsGCvvBw",
                            "tags.jra.environment-size": "large",
                            "tags.jra.environment_type": "latest",
                            "tags.jra.failure-zone": "us-east-1-az-1",
                            "tags.jra.instance-name": "app-ui-web-us-east-1-az-1",
                            "tags.jra.instance-name-full": "prod.instance.swarm-worker.app-ui-web.prod.us-east-1a",
                            "tags.jra.subnet-type": "public",
                            "tags.jra.swarm-instance-type": "swarm-worker",
                            "tags.jra.swarm-node-type": "app-ui-web",
                            "tenancy": "default",
                            "vpc_security_group_ids.#": "1",
                            "vpc_security_group_ids.100258134": "sg-14cc0061"
                        },
                        "meta": {
                            "schema_version": "1"
                        },
                        "tainted": false
                    },
                    "deposed": [],
                    "provider": ""
                },
                "aws_instance.infra-build-az-1": {
                    "type": "aws_instance",
                    "depends_on": [
                        "aws_security_group.private_infra-build",
                        "aws_subnet.az-1-private",
                        "random_id.env-instance"
                    ],
                    "primary": {
                        "id": "i-039297d55b9e81ead",
                        "attributes": {
                            "ami": "ami-cd0f5cb6",
                            "associate_public_ip_address": "true",
                            "availability_zone": "us-east-1a",
                            "disable_api_termination": "false",
                            "ebs_block_device.#": "0",
                            "ebs_optimized": "false",
                            "ephemeral_block_device.#": "0",
                            "iam_instance_profile": "",
                            "id": "i-039297d55b9e81ead",
                            "instance_state": "running",
                            "instance_type": "t2.medium",
                            "key_name": "jra-build",
                            "monitoring": "true",
                            "network_interface_id": "eni-490004ff",
                            "private_dns": "ip-10-0-1-56.ec2.internal",
                            "private_ip": "10.0.1.56",
                            "public_dns": "ec2-54-172-226-166.compute-1.amazonaws.com",
                            "public_ip": "54.172.226.166",
                            "root_block_device.#": "1",
                            "root_block_device.0.delete_on_termination": "true",
                            "root_block_device.0.iops": "100",
                            "root_block_device.0.volume_size": "8",
                            "root_block_device.0.volume_type": "gp2",
                            "security_groups.#": "0",
                            "source_dest_check": "true",
                            "subnet_id": "subnet-ffcc0ea2",
                            "tags.%": "11",
                            "tags.Name": "prod.instance.swarm-worker.infra-build.prod.us-east-1a",
                            "tags.jra.environment": "prod",
                            "tags.jra.environment-instance-id": "wsmvsGCvvBw",
                            "tags.jra.environment-size": "large",
                            "tags.jra.environment_type": "latest",
                            "tags.jra.failure-zone": "us-east-1-az-1",
                            "tags.jra.instance-name": "infra-build-us-east-1-az-1",
                            "tags.jra.instance-name-full": "prod.instance.swarm-worker.infra-build.prod.us-east-1a",
                            "tags.jra.subnet-type": "private",
                            "tags.jra.swarm-instance-type": "swarm-worker",
                            "tags.jra.swarm-node-type": "infra-build",
                            "tenancy": "default",
                            "vpc_security_group_ids.#": "1",
                            "vpc_security_group_ids.2817757048": "sg-e2ca0697"
                        },
                        "meta": {
                            "schema_version": "1"
                        },
                        "tainted": false
                    },
                    "deposed": [],
                    "provider": ""
                },
                "aws_instance.infra-load-az-1": {
                    "type": "aws_instance",
                    "depends_on": [
                        "aws_security_group.private_infra-load",
                        "aws_subnet.az-1-private",
                        "random_id.env-instance"
                    ],
                    "primary": {
                        "id": "i-07fadb4bfdeaa3e83",
                        "attributes": {
                            "ami": "ami-cd0f5cb6",
                            "associate_public_ip_address": "true",
                            "availability_zone": "us-east-1a",
                            "disable_api_termination": "false",
                            "ebs_block_device.#": "0",
                            "ebs_optimized": "false",
                            "ephemeral_block_device.#": "0",
                            "iam_instance_profile": "",
                            "id": "i-07fadb4bfdeaa3e83",
                            "instance_state": "running",
                            "instance_type": "t2.medium",
                            "key_name": "jra-build",
                            "monitoring": "true",
                            "network_interface_id": "eni-e806025e",
                            "private_dns": "ip-10-0-1-199.ec2.internal",
                            "private_ip": "10.0.1.199",
                            "public_dns": "ec2-54-165-140-6.compute-1.amazonaws.com",
                            "public_ip": "54.165.140.6",
                            "root_block_device.#": "1",
                            "root_block_device.0.delete_on_termination": "true",
                            "root_block_device.0.iops": "100",
                            "root_block_device.0.volume_size": "8",
                            "root_block_device.0.volume_type": "gp2",
                            "security_groups.#": "0",
                            "source_dest_check": "true",
                            "subnet_id": "subnet-ffcc0ea2",
                            "tags.%": "11",
                            "tags.Name": "prod.instance.swarm-worker.infra-load.prod.us-east-1a",
                            "tags.jra.environment": "prod",
                            "tags.jra.environment-instance-id": "wsmvsGCvvBw",
                            "tags.jra.environment-size": "large",
                            "tags.jra.environment_type": "latest",
                            "tags.jra.failure-zone": "us-east-1-az-1",
                            "tags.jra.instance-name": "infra-load-us-east-1-az-1",
                            "tags.jra.instance-name-full": "prod.instance.swarm-worker.infra-load.prod.us-east-1a",
                            "tags.jra.subnet-type": "private",
                            "tags.jra.swarm-instance-type": "swarm-worker",
                            "tags.jra.swarm-node-type": "infra-load",
                            "tenancy": "default",
                            "vpc_security_group_ids.#": "1",
                            "vpc_security_group_ids.4274788940": "sg-d3c804a6"
                        },
                        "meta": {
                            "schema_version": "1"
                        },
                        "tainted": false
                    },
                    "deposed": [],
                    "provider": ""
                },
                "aws_instance.infra-logging-az-1": {
                    "type": "aws_instance",
                    "depends_on": [
                        "aws_security_group.private_infra-logging",
                        "aws_subnet.az-1-private",
                        "random_id.env-instance"
                    ],
                    "primary": {
                        "id": "i-0a31cb1df92d6363a",
                        "attributes": {
                            "ami": "ami-cd0f5cb6",
                            "associate_public_ip_address": "true",
                            "availability_zone": "us-east-1a",
                            "disable_api_termination": "false",
                            "ebs_block_device.#": "0",
                            "ebs_optimized": "false",
                            "ephemeral_block_device.#": "0",
                            "iam_instance_profile": "",
                            "id": "i-0a31cb1df92d6363a",
                            "instance_state": "running",
                            "instance_type": "m4.large",
                            "key_name": "jra-build",
                            "monitoring": "true",
                            "network_interface_id": "eni-df040069",
                            "private_dns": "ip-10-0-1-168.ec2.internal",
                            "private_ip": "10.0.1.168",
                            "public_dns": "ec2-52-90-18-76.compute-1.amazonaws.com",
                            "public_ip": "52.90.18.76",
                            "root_block_device.#": "1",
                            "root_block_device.0.delete_on_termination": "true",
                            "root_block_device.0.iops": "100",
                            "root_block_device.0.volume_size": "8",
                            "root_block_device.0.volume_type": "gp2",
                            "security_groups.#": "0",
                            "source_dest_check": "true",
                            "subnet_id": "subnet-ffcc0ea2",
                            "tags.%": "11",
                            "tags.Name": "prod.instance.swarm-worker.infra-logging.prod.us-east-1a",
                            "tags.jra.environment": "prod",
                            "tags.jra.environment-instance-id": "wsmvsGCvvBw",
                            "tags.jra.environment-size": "large",
                            "tags.jra.environment_type": "latest",
                            "tags.jra.failure-zone": "us-east-1-az-1",
                            "tags.jra.instance-name": "infra-logging-us-east-1-az-1",
                            "tags.jra.instance-name-full": "prod.instance.swarm-worker.infra-logging.prod.us-east-1a",
                            "tags.jra.subnet-type": "private",
                            "tags.jra.swarm-instance-type": "swarm-worker",
                            "tags.jra.swarm-node-type": "infra-logging",
                            "tenancy": "default",
                            "vpc_security_group_ids.#": "1",
                            "vpc_security_group_ids.3123056194": "sg-11c60a64"
                        },
                        "meta": {
                            "schema_version": "1"
                        },
                        "tainted": false
                    },
                    "deposed": [],
                    "provider": ""
                },
                "aws_instance.infra-monitoring-az-1": {
                    "type": "aws_instance",
                    "depends_on": [
                        "aws_security_group.private_infra-monitoring",
                        "aws_subnet.az-1-private",
                        "random_id.env-instance"
                    ],
                    "primary": {
                        "id": "i-0e1d7b77964ceab3d",
                        "attributes": {
                            "ami": "ami-cd0f5cb6",
                            "associate_public_ip_address": "true",
                            "availability_zone": "us-east-1a",
                            "disable_api_termination": "false",
                            "ebs_block_device.#": "0",
                            "ebs_optimized": "false",
                            "ephemeral_block_device.#": "0",
                            "iam_instance_profile": "",
                            "id": "i-0e1d7b77964ceab3d",
                            "instance_state": "running",
                            "instance_type": "m4.large",
                            "key_name": "jra-build",
                            "monitoring": "true",
                            "network_interface_id": "eni-570703e1",
                            "private_dns": "ip-10-0-1-145.ec2.internal",
                            "private_ip": "10.0.1.145",
                            "public_dns": "ec2-54-91-244-173.compute-1.amazonaws.com",
                            "public_ip": "54.91.244.173",
                            "root_block_device.#": "1",
                            "root_block_device.0.delete_on_termination": "true",
                            "root_block_device.0.iops": "100",
                            "root_block_device.0.volume_size": "8",
                            "root_block_device.0.volume_type": "gp2",
                            "security_groups.#": "0",
                            "source_dest_check": "true",
                            "subnet_id": "subnet-ffcc0ea2",
                            "tags.%": "11",
                            "tags.Name": "prod.instance.swarm-worker.infra-monitoring.prod.us-east-1a",
                            "tags.jra.environment": "prod",
                            "tags.jra.environment-instance-id": "wsmvsGCvvBw",
                            "tags.jra.environment-size": "large",
                            "tags.jra.environment_type": "latest",
                            "tags.jra.failure-zone": "us-east-1-az-1",
                            "tags.jra.instance-name": "infra-monitoring-us-east-1-az-1",
                            "tags.jra.instance-name-full": "prod.instance.swarm-worker.infra-monitoring.prod.us-east-1a",
                            "tags.jra.subnet-type": "private",
                            "tags.jra.swarm-instance-type": "swarm-worker",
                            "tags.jra.swarm-node-type": "infra-monitoring",
                            "tenancy": "default",
                            "vpc_security_group_ids.#": "1",
                            "vpc_security_group_ids.2421584304": "sg-06b27e73"
                        },
                        "meta": {
                            "schema_version": "1"
                        },
                        "tainted": false
                    },
                    "deposed": [],
                    "provider": ""
                },
                "aws_instance.infra-persistence-az-1": {
                    "type": "aws_instance",
                    "depends_on": [
                        "aws_security_group.private_infra-persistence",
                        "aws_subnet.az-1-private",
                        "random_id.env-instance"
                    ],
                    "primary": {
                        "id": "i-029b9355d70c192f0",
                        "attributes": {
                            "ami": "ami-cd0f5cb6",
                            "associate_public_ip_address": "true",
                            "availability_zone": "us-east-1a",
                            "disable_api_termination": "false",
                            "ebs_block_device.#": "0",
                            "ebs_optimized": "false",
                            "ephemeral_block_device.#": "0",
                            "iam_instance_profile": "",
                            "id": "i-029b9355d70c192f0",
                            "instance_state": "running",
                            "instance_type": "t2.medium",
                            "key_name": "jra-build",
                            "monitoring": "true",
                            "network_interface_id": "eni-ed06025b",
                            "private_dns": "ip-10-0-1-221.ec2.internal",
                            "private_ip": "10.0.1.221",
                            "public_dns": "ec2-52-91-42-74.compute-1.amazonaws.com",
                            "public_ip": "52.91.42.74",
                            "root_block_device.#": "1",
                            "root_block_device.0.delete_on_termination": "true",
                            "root_block_device.0.iops": "100",
                            "root_block_device.0.volume_size": "8",
                            "root_block_device.0.volume_type": "gp2",
                            "security_groups.#": "0",
                            "source_dest_check": "true",
                            "subnet_id": "subnet-ffcc0ea2",
                            "tags.%": "11",
                            "tags.Name": "prod.instance.swarm-worker.infra-persistence.prod.us-east-1a",
                            "tags.jra.environment": "prod",
                            "tags.jra.environment-instance-id": "wsmvsGCvvBw",
                            "tags.jra.environment-size": "large",
                            "tags.jra.environment_type": "latest",
                            "tags.jra.failure-zone": "us-east-1-az-1",
                            "tags.jra.instance-name": "infra-persistence-us-east-1-az-1",
                            "tags.jra.instance-name-full": "prod.instance.swarm-worker.infra-persistence.prod.us-east-1a",
                            "tags.jra.subnet-type": "private",
                            "tags.jra.swarm-instance-type": "swarm-worker",
                            "tags.jra.swarm-node-type": "infra-persistence",
                            "tenancy": "default",
                            "vpc_security_group_ids.#": "1",
                            "vpc_security_group_ids.3922133429": "sg-04b27e71"
                        },
                        "meta": {
                            "schema_version": "1"
                        },
                        "tainted": false
                    },
                    "deposed": [],
                    "provider": ""
                },
                "aws_instance.infra-repos-az-1": {
                    "type": "aws_instance",
                    "depends_on": [
                        "aws_security_group.private_infra-repos",
                        "aws_subnet.az-1-private",
                        "random_id.env-instance"
                    ],
                    "primary": {
                        "id": "i-012e5dbb87ba35b07",
                        "attributes": {
                            "ami": "ami-cd0f5cb6",
                            "associate_public_ip_address": "true",
                            "availability_zone": "us-east-1a",
                            "disable_api_termination": "false",
                            "ebs_block_device.#": "0",
                            "ebs_optimized": "false",
                            "ephemeral_block_device.#": "0",
                            "iam_instance_profile": "",
                            "id": "i-012e5dbb87ba35b07",
                            "instance_state": "running",
                            "instance_type": "m4.large",
                            "key_name": "jra-build",
                            "monitoring": "true",
                            "network_interface_id": "eni-187a7eae",
                            "private_dns": "ip-10-0-1-184.ec2.internal",
                            "private_ip": "10.0.1.184",
                            "public_dns": "ec2-34-229-106-24.compute-1.amazonaws.com",
                            "public_ip": "34.229.106.24",
                            "root_block_device.#": "1",
                            "root_block_device.0.delete_on_termination": "true",
                            "root_block_device.0.iops": "100",
                            "root_block_device.0.volume_size": "8",
                            "root_block_device.0.volume_type": "gp2",
                            "security_groups.#": "0",
                            "source_dest_check": "true",
                            "subnet_id": "subnet-ffcc0ea2",
                            "tags.%": "11",
                            "tags.Name": "prod.instance.swarm-worker.infra-repos.prod.us-east-1a",
                            "tags.jra.environment": "prod",
                            "tags.jra.environment-instance-id": "wsmvsGCvvBw",
                            "tags.jra.environment-size": "large",
                            "tags.jra.environment_type": "latest",
                            "tags.jra.failure-zone": "us-east-1-az-1",
                            "tags.jra.instance-name": "infra-repos-us-east-1-az-1",
                            "tags.jra.instance-name-full": "prod.instance.swarm-worker.infra-repos.prod.us-east-1a",
                            "tags.jra.subnet-type": "private",
                            "tags.jra.swarm-instance-type": "swarm-worker",
                            "tags.jra.swarm-node-type": "infra-repos",
                            "tenancy": "default",
                            "vpc_security_group_ids.#": "1",
                            "vpc_security_group_ids.3932590765": "sg-48b37f3d"
                        },
                        "meta": {
                            "schema_version": "1"
                        },
                        "tainted": false
                    },
                    "deposed": [],
                    "provider": ""
                },
                "aws_instance.swarm-manager-az-1": {
                    "type": "aws_instance",
                    "depends_on": [
                        "aws_security_group.private_swarm-manager",
                        "aws_subnet.az-1-private",
                        "random_id.env-instance"
                    ],
                    "primary": {
                        "id": "i-0ac086924709b38e9",
                        "attributes": {
                            "ami": "ami-cd0f5cb6",
                            "associate_public_ip_address": "true",
                            "availability_zone": "us-east-1a",
                            "disable_api_termination": "false",
                            "ebs_block_device.#": "0",
                            "ebs_optimized": "false",
                            "ephemeral_block_device.#": "0",
                            "iam_instance_profile": "",
                            "id": "i-0ac086924709b38e9",
                            "instance_state": "running",
                            "instance_type": "t2.medium",
                            "key_name": "jra-build",
                            "monitoring": "true",
                            "network_interface_id": "eni-e0010556",
                            "private_dns": "ip-10-0-1-63.ec2.internal",
                            "private_ip": "10.0.1.63",
                            "public_dns": "ec2-54-144-35-47.compute-1.amazonaws.com",
                            "public_ip": "54.144.35.47",
                            "root_block_device.#": "1",
                            "root_block_device.0.delete_on_termination": "true",
                            "root_block_device.0.iops": "100",
                            "root_block_device.0.volume_size": "8",
                            "root_block_device.0.volume_type": "gp2",
                            "security_groups.#": "0",
                            "source_dest_check": "true",
                            "subnet_id": "subnet-ffcc0ea2",
                            "tags.%": "11",
                            "tags.Name": "prod.instance.swarm-manager.infra-swarm-manager.prod.us-east-1a",
                            "tags.jra.environment": "prod",
                            "tags.jra.environment-instance-id": "wsmvsGCvvBw",
                            "tags.jra.environment-size": "large",
                            "tags.jra.environment_type": "latest",
                            "tags.jra.failure-zone": "us-east-1-az-1",
                            "tags.jra.instance-name": "infra-swarm-manager-us-east-1-az-1",
                            "tags.jra.instance-name-full": "prod.instance.swarm-manager.infra-swarm-manager.prod.us-east-1a",
                            "tags.jra.subnet-type": "private",
                            "tags.jra.swarm-instance-type": "swarm-manager",
                            "tags.jra.swarm-node-type": "infra-swarm-manager",
                            "tenancy": "default",
                            "vpc_security_group_ids.#": "1",
                            "vpc_security_group_ids.2349518416": "sg-3cc00c49"
                        },
                        "meta": {
                            "schema_version": "1"
                        },
                        "tainted": false
                    },
                    "deposed": [],
                    "provider": ""
                },
                "aws_internet_gateway.jra_igw": {
                    "type": "aws_internet_gateway",
                    "depends_on": [
                        "aws_vpc.jra_vpc",
                        "random_id.env-instance"
                    ],
                    "primary": {
                        "id": "igw-23ac3a5a",
                        "attributes": {
                            "id": "igw-23ac3a5a",
                            "tags.%": "5",
                            "tags.Name": "prod.igw.us-east-1",
                            "tags.jra.environment": "prod",
                            "tags.jra.environment-instance-id": "wsmvsGCvvBw",
                            "tags.jra.environment-size": "large",
                            "tags.jra.environment_type": "latest",
                            "vpc_id": "vpc-7ec74c06"
                        },
                        "meta": {},
                        "tainted": false
                    },
                    "deposed": [],
                    "provider": ""
                },
                "aws_nat_gateway.az-1-public": {
                    "type": "aws_nat_gateway",
                    "depends_on": [
                        "aws_eip.az-1-public",
                        "aws_subnet.az-1-public"
                    ],
                    "primary": {
                        "id": "nat-072d18c3296d1e2cf",
                        "attributes": {
                            "allocation_id": "eipalloc-5b0ec36f",
                            "id": "nat-072d18c3296d1e2cf",
                            "network_interface_id": "eni-887a7e3e",
                            "private_ip": "10.0.0.82",
                            "public_ip": "52.45.143.90",
                            "subnet_id": "subnet-6dd11330"
                        },
                        "meta": {},
                        "tainted": false
                    },
                    "deposed": [],
                    "provider": ""
                },
                "aws_route53_record.admin-proxy": {
                    "type": "aws_route53_record",
                    "depends_on": [
                        "aws_elb.elb-public-admin",
                        "aws_elb.elb-public-admin"
                    ],
                    "primary": {
                        "id": "ZNB07JQ96IG7T_admin-proxy.joericearchitect.com_A",
                        "attributes": {
                            "alias.#": "1",
                            "alias.2399547077.evaluate_target_health": "true",
                            "alias.2399547077.name": "prod-jra-elb-us-east-1-admin-783477109.us-east-1.elb.amazonaws.com",
                            "alias.2399547077.zone_id": "Z35SXDOTRQ7X7K",
                            "fqdn": "admin-proxy.joericearchitect.com",
                            "health_check_id": "",
                            "id": "ZNB07JQ96IG7T_admin-proxy.joericearchitect.com_A",
                            "name": "admin-proxy.joericearchitect.com",
                            "records.#": "0",
                            "set_identifier": "",
                            "ttl": "0",
                            "type": "A",
                            "zone_id": "ZNB07JQ96IG7T"
                        },
                        "meta": {
                            "schema_version": "2"
                        },
                        "tainted": false
                    },
                    "deposed": [],
                    "provider": ""
                },
                "aws_route53_record.alert": {
                    "type": "aws_route53_record",
                    "depends_on": [
                        "aws_elb.elb-public-monitoring",
                        "aws_elb.elb-public-monitoring"
                    ],
                    "primary": {
                        "id": "ZNB07JQ96IG7T_alerts.joericearchitect.com_A",
                        "attributes": {
                            "alias.#": "1",
                            "alias.2895182039.evaluate_target_health": "true",
                            "alias.2895182039.name": "prod-jra-elb-us-east-1-monitor-1554386918.us-east-1.elb.amazonaws.com",
                            "alias.2895182039.zone_id": "Z35SXDOTRQ7X7K",
                            "fqdn": "alerts.joericearchitect.com",
                            "health_check_id": "",
                            "id": "ZNB07JQ96IG7T_alerts.joericearchitect.com_A",
                            "name": "alerts.joericearchitect.com",
                            "records.#": "0",
                            "set_identifier": "",
                            "ttl": "0",
                            "type": "A",
                            "zone_id": "ZNB07JQ96IG7T"
                        },
                        "meta": {
                            "schema_version": "2"
                        },
                        "tainted": false
                    },
                    "deposed": [],
                    "provider": ""
                },
                "aws_route53_record.api": {
                    "type": "aws_route53_record",
                    "depends_on": [
                        "aws_elb.elb-public-app-api",
                        "aws_elb.elb-public-app-api"
                    ],
                    "primary": {
                        "id": "ZNB07JQ96IG7T_api.joericearchitect.com_A",
                        "attributes": {
                            "alias.#": "1",
                            "alias.4028729673.evaluate_target_health": "true",
                            "alias.4028729673.name": "prod-jra-elb-us-east-1-app-api-1990581830.us-east-1.elb.amazonaws.com",
                            "alias.4028729673.zone_id": "Z35SXDOTRQ7X7K",
                            "fqdn": "api.joericearchitect.com",
                            "health_check_id": "",
                            "id": "ZNB07JQ96IG7T_api.joericearchitect.com_A",
                            "name": "api.joericearchitect.com",
                            "records.#": "0",
                            "set_identifier": "",
                            "ttl": "0",
                            "type": "A",
                            "zone_id": "ZNB07JQ96IG7T"
                        },
                        "meta": {
                            "schema_version": "2"
                        },
                        "tainted": false
                    },
                    "deposed": [],
                    "provider": ""
                },
                "aws_route53_record.blog": {
                    "type": "aws_route53_record",
                    "depends_on": [
                        "aws_elb.elb-public-app-ui",
                        "aws_elb.elb-public-app-ui"
                    ],
                    "primary": {
                        "id": "ZNB07JQ96IG7T_blog.joericearchitect.com_A",
                        "attributes": {
                            "alias.#": "1",
                            "alias.4041070023.evaluate_target_health": "true",
                            "alias.4041070023.name": "prod-jra-elb-us-east-1-app-ui-1597755926.us-east-1.elb.amazonaws.com",
                            "alias.4041070023.zone_id": "Z35SXDOTRQ7X7K",
                            "fqdn": "blog.joericearchitect.com",
                            "health_check_id": "",
                            "id": "ZNB07JQ96IG7T_blog.joericearchitect.com_A",
                            "name": "blog.joericearchitect.com",
                            "records.#": "0",
                            "set_identifier": "",
                            "ttl": "0",
                            "type": "A",
                            "zone_id": "ZNB07JQ96IG7T"
                        },
                        "meta": {
                            "schema_version": "2"
                        },
                        "tainted": false
                    },
                    "deposed": [],
                    "provider": ""
                },
                "aws_route53_record.build": {
                    "type": "aws_route53_record",
                    "depends_on": [
                        "aws_elb.elb-public-admin",
                        "aws_elb.elb-public-admin"
                    ],
                    "primary": {
                        "id": "ZNB07JQ96IG7T_build.joericearchitect.com_A",
                        "attributes": {
                            "alias.#": "1",
                            "alias.2399547077.evaluate_target_health": "true",
                            "alias.2399547077.name": "prod-jra-elb-us-east-1-admin-783477109.us-east-1.elb.amazonaws.com",
                            "alias.2399547077.zone_id": "Z35SXDOTRQ7X7K",
                            "fqdn": "build.joericearchitect.com",
                            "health_check_id": "",
                            "id": "ZNB07JQ96IG7T_build.joericearchitect.com_A",
                            "name": "build.joericearchitect.com",
                            "records.#": "0",
                            "set_identifier": "",
                            "ttl": "0",
                            "type": "A",
                            "zone_id": "ZNB07JQ96IG7T"
                        },
                        "meta": {
                            "schema_version": "2"
                        },
                        "tainted": false
                    },
                    "deposed": [],
                    "provider": ""
                },
                "aws_route53_record.cadvisor": {
                    "type": "aws_route53_record",
                    "depends_on": [
                        "aws_elb.elb-public-monitoring",
                        "aws_elb.elb-public-monitoring"
                    ],
                    "primary": {
                        "id": "ZNB07JQ96IG7T_cadvisor.joericearchitect.com_A",
                        "attributes": {
                            "alias.#": "1",
                            "alias.2895182039.evaluate_target_health": "true",
                            "alias.2895182039.name": "prod-jra-elb-us-east-1-monitor-1554386918.us-east-1.elb.amazonaws.com",
                            "alias.2895182039.zone_id": "Z35SXDOTRQ7X7K",
                            "fqdn": "cadvisor.joericearchitect.com",
                            "health_check_id": "",
                            "id": "ZNB07JQ96IG7T_cadvisor.joericearchitect.com_A",
                            "name": "cadvisor.joericearchitect.com",
                            "records.#": "0",
                            "set_identifier": "",
                            "ttl": "0",
                            "type": "A",
                            "zone_id": "ZNB07JQ96IG7T"
                        },
                        "meta": {
                            "schema_version": "2"
                        },
                        "tainted": false
                    },
                    "deposed": [],
                    "provider": ""
                },
                "aws_route53_record.docker": {
                    "type": "aws_route53_record",
                    "depends_on": [
                        "aws_elb.elb-public-admin",
                        "aws_elb.elb-public-admin"
                    ],
                    "primary": {
                        "id": "ZNB07JQ96IG7T_docker.joericearchitect.com_A",
                        "attributes": {
                            "alias.#": "1",
                            "alias.2399547077.evaluate_target_health": "true",
                            "alias.2399547077.name": "prod-jra-elb-us-east-1-admin-783477109.us-east-1.elb.amazonaws.com",
                            "alias.2399547077.zone_id": "Z35SXDOTRQ7X7K",
                            "fqdn": "docker.joericearchitect.com",
                            "health_check_id": "",
                            "id": "ZNB07JQ96IG7T_docker.joericearchitect.com_A",
                            "name": "docker.joericearchitect.com",
                            "records.#": "0",
                            "set_identifier": "",
                            "ttl": "0",
                            "type": "A",
                            "zone_id": "ZNB07JQ96IG7T"
                        },
                        "meta": {
                            "schema_version": "2"
                        },
                        "tainted": false
                    },
                    "deposed": [],
                    "provider": ""
                },
                "aws_route53_record.dockerui": {
                    "type": "aws_route53_record",
                    "depends_on": [
                        "aws_elb.elb-public-admin",
                        "aws_elb.elb-public-admin"
                    ],
                    "primary": {
                        "id": "ZNB07JQ96IG7T_dockerui.joericearchitect.com_A",
                        "attributes": {
                            "alias.#": "1",
                            "alias.2399547077.evaluate_target_health": "true",
                            "alias.2399547077.name": "prod-jra-elb-us-east-1-admin-783477109.us-east-1.elb.amazonaws.com",
                            "alias.2399547077.zone_id": "Z35SXDOTRQ7X7K",
                            "fqdn": "dockerui.joericearchitect.com",
                            "health_check_id": "",
                            "id": "ZNB07JQ96IG7T_dockerui.joericearchitect.com_A",
                            "name": "dockerui.joericearchitect.com",
                            "records.#": "0",
                            "set_identifier": "",
                            "ttl": "0",
                            "type": "A",
                            "zone_id": "ZNB07JQ96IG7T"
                        },
                        "meta": {
                            "schema_version": "2"
                        },
                        "tainted": false
                    },
                    "deposed": [],
                    "provider": ""
                },
                "aws_route53_record.dockervisual": {
                    "type": "aws_route53_record",
                    "depends_on": [
                        "aws_elb.elb-public-admin",
                        "aws_elb.elb-public-admin"
                    ],
                    "primary": {
                        "id": "ZNB07JQ96IG7T_dockervisual.joericearchitect.com_A",
                        "attributes": {
                            "alias.#": "1",
                            "alias.2399547077.evaluate_target_health": "true",
                            "alias.2399547077.name": "prod-jra-elb-us-east-1-admin-783477109.us-east-1.elb.amazonaws.com",
                            "alias.2399547077.zone_id": "Z35SXDOTRQ7X7K",
                            "fqdn": "dockervisual.joericearchitect.com",
                            "health_check_id": "",
                            "id": "ZNB07JQ96IG7T_dockervisual.joericearchitect.com_A",
                            "name": "dockervisual.joericearchitect.com",
                            "records.#": "0",
                            "set_identifier": "",
                            "ttl": "0",
                            "type": "A",
                            "zone_id": "ZNB07JQ96IG7T"
                        },
                        "meta": {
                            "schema_version": "2"
                        },
                        "tainted": false
                    },
                    "deposed": [],
                    "provider": ""
                },
                "aws_route53_record.elasticsearch": {
                    "type": "aws_route53_record",
                    "depends_on": [
                        "aws_elb.elb-public-logging",
                        "aws_elb.elb-public-logging"
                    ],
                    "primary": {
                        "id": "ZNB07JQ96IG7T_es.joericearchitect.com_A",
                        "attributes": {
                            "alias.#": "1",
                            "alias.1788638798.evaluate_target_health": "true",
                            "alias.1788638798.name": "prod-jra-elb-us-east-1-logging-741838194.us-east-1.elb.amazonaws.com",
                            "alias.1788638798.zone_id": "Z35SXDOTRQ7X7K",
                            "fqdn": "es.joericearchitect.com",
                            "health_check_id": "",
                            "id": "ZNB07JQ96IG7T_es.joericearchitect.com_A",
                            "name": "es.joericearchitect.com",
                            "records.#": "0",
                            "set_identifier": "",
                            "ttl": "0",
                            "type": "A",
                            "zone_id": "ZNB07JQ96IG7T"
                        },
                        "meta": {
                            "schema_version": "2"
                        },
                        "tainted": false
                    },
                    "deposed": [],
                    "provider": ""
                },
                "aws_route53_record.fluentd": {
                    "type": "aws_route53_record",
                    "depends_on": [
                        "aws_elb.elb-public-logging",
                        "aws_elb.elb-public-logging"
                    ],
                    "primary": {
                        "id": "ZNB07JQ96IG7T_fluentd.joericearchitect.com_A",
                        "attributes": {
                            "alias.#": "1",
                            "alias.1788638798.evaluate_target_health": "true",
                            "alias.1788638798.name": "prod-jra-elb-us-east-1-logging-741838194.us-east-1.elb.amazonaws.com",
                            "alias.1788638798.zone_id": "Z35SXDOTRQ7X7K",
                            "fqdn": "fluentd.joericearchitect.com",
                            "health_check_id": "",
                            "id": "ZNB07JQ96IG7T_fluentd.joericearchitect.com_A",
                            "name": "fluentd.joericearchitect.com",
                            "records.#": "0",
                            "set_identifier": "",
                            "ttl": "0",
                            "type": "A",
                            "zone_id": "ZNB07JQ96IG7T"
                        },
                        "meta": {
                            "schema_version": "2"
                        },
                        "tainted": false
                    },
                    "deposed": [],
                    "provider": ""
                },
                "aws_route53_record.grafana": {
                    "type": "aws_route53_record",
                    "depends_on": [
                        "aws_elb.elb-public-monitoring",
                        "aws_elb.elb-public-monitoring"
                    ],
                    "primary": {
                        "id": "ZNB07JQ96IG7T_grafana.joericearchitect.com_A",
                        "attributes": {
                            "alias.#": "1",
                            "alias.2895182039.evaluate_target_health": "true",
                            "alias.2895182039.name": "prod-jra-elb-us-east-1-monitor-1554386918.us-east-1.elb.amazonaws.com",
                            "alias.2895182039.zone_id": "Z35SXDOTRQ7X7K",
                            "fqdn": "grafana.joericearchitect.com",
                            "health_check_id": "",
                            "id": "ZNB07JQ96IG7T_grafana.joericearchitect.com_A",
                            "name": "grafana.joericearchitect.com",
                            "records.#": "0",
                            "set_identifier": "",
                            "ttl": "0",
                            "type": "A",
                            "zone_id": "ZNB07JQ96IG7T"
                        },
                        "meta": {
                            "schema_version": "2"
                        },
                        "tainted": false
                    },
                    "deposed": [],
                    "provider": ""
                },
                "aws_route53_record.jira": {
                    "type": "aws_route53_record",
                    "depends_on": [
                        "aws_elb.elb-public-admin",
                        "aws_elb.elb-public-admin"
                    ],
                    "primary": {
                        "id": "ZNB07JQ96IG7T_jira.joericearchitect.com_A",
                        "attributes": {
                            "alias.#": "1",
                            "alias.2399547077.evaluate_target_health": "true",
                            "alias.2399547077.name": "prod-jra-elb-us-east-1-admin-783477109.us-east-1.elb.amazonaws.com",
                            "alias.2399547077.zone_id": "Z35SXDOTRQ7X7K",
                            "fqdn": "jira.joericearchitect.com",
                            "health_check_id": "",
                            "id": "ZNB07JQ96IG7T_jira.joericearchitect.com_A",
                            "name": "jira.joericearchitect.com",
                            "records.#": "0",
                            "set_identifier": "",
                            "ttl": "0",
                            "type": "A",
                            "zone_id": "ZNB07JQ96IG7T"
                        },
                        "meta": {
                            "schema_version": "2"
                        },
                        "tainted": false
                    },
                    "deposed": [],
                    "provider": ""
                },
                "aws_route53_record.kibana": {
                    "type": "aws_route53_record",
                    "depends_on": [
                        "aws_elb.elb-public-logging",
                        "aws_elb.elb-public-logging"
                    ],
                    "primary": {
                        "id": "ZNB07JQ96IG7T_kibana.joericearchitect.com_A",
                        "attributes": {
                            "alias.#": "1",
                            "alias.1788638798.evaluate_target_health": "true",
                            "alias.1788638798.name": "prod-jra-elb-us-east-1-logging-741838194.us-east-1.elb.amazonaws.com",
                            "alias.1788638798.zone_id": "Z35SXDOTRQ7X7K",
                            "fqdn": "kibana.joericearchitect.com",
                            "health_check_id": "",
                            "id": "ZNB07JQ96IG7T_kibana.joericearchitect.com_A",
                            "name": "kibana.joericearchitect.com",
                            "records.#": "0",
                            "set_identifier": "",
                            "ttl": "0",
                            "type": "A",
                            "zone_id": "ZNB07JQ96IG7T"
                        },
                        "meta": {
                            "schema_version": "2"
                        },
                        "tainted": false
                    },
                    "deposed": [],
                    "provider": ""
                },
                "aws_route53_record.logging-proxy": {
                    "type": "aws_route53_record",
                    "depends_on": [
                        "aws_elb.elb-public-logging",
                        "aws_elb.elb-public-logging"
                    ],
                    "primary": {
                        "id": "ZNB07JQ96IG7T_logging-proxy.joericearchitect.com_A",
                        "attributes": {
                            "alias.#": "1",
                            "alias.1788638798.evaluate_target_health": "true",
                            "alias.1788638798.name": "prod-jra-elb-us-east-1-logging-741838194.us-east-1.elb.amazonaws.com",
                            "alias.1788638798.zone_id": "Z35SXDOTRQ7X7K",
                            "fqdn": "logging-proxy.joericearchitect.com",
                            "health_check_id": "",
                            "id": "ZNB07JQ96IG7T_logging-proxy.joericearchitect.com_A",
                            "name": "logging-proxy.joericearchitect.com",
                            "records.#": "0",
                            "set_identifier": "",
                            "ttl": "0",
                            "type": "A",
                            "zone_id": "ZNB07JQ96IG7T"
                        },
                        "meta": {
                            "schema_version": "2"
                        },
                        "tainted": false
                    },
                    "deposed": [],
                    "provider": ""
                },
                "aws_route53_record.monitoring-proxy": {
                    "type": "aws_route53_record",
                    "depends_on": [
                        "aws_elb.elb-public-monitoring",
                        "aws_elb.elb-public-monitoring"
                    ],
                    "primary": {
                        "id": "ZNB07JQ96IG7T_monitoring-proxy.joericearchitect.com_A",
                        "attributes": {
                            "alias.#": "1",
                            "alias.2895182039.evaluate_target_health": "true",
                            "alias.2895182039.name": "prod-jra-elb-us-east-1-monitor-1554386918.us-east-1.elb.amazonaws.com",
                            "alias.2895182039.zone_id": "Z35SXDOTRQ7X7K",
                            "fqdn": "monitoring-proxy.joericearchitect.com",
                            "health_check_id": "",
                            "id": "ZNB07JQ96IG7T_monitoring-proxy.joericearchitect.com_A",
                            "name": "monitoring-proxy.joericearchitect.com",
                            "records.#": "0",
                            "set_identifier": "",
                            "ttl": "0",
                            "type": "A",
                            "zone_id": "ZNB07JQ96IG7T"
                        },
                        "meta": {
                            "schema_version": "2"
                        },
                        "tainted": false
                    },
                    "deposed": [],
                    "provider": ""
                },
                "aws_route53_record.nexus": {
                    "type": "aws_route53_record",
                    "depends_on": [
                        "aws_elb.elb-public-admin",
                        "aws_elb.elb-public-admin"
                    ],
                    "primary": {
                        "id": "ZNB07JQ96IG7T_nexus.joericearchitect.com_A",
                        "attributes": {
                            "alias.#": "1",
                            "alias.2399547077.evaluate_target_health": "true",
                            "alias.2399547077.name": "prod-jra-elb-us-east-1-admin-783477109.us-east-1.elb.amazonaws.com",
                            "alias.2399547077.zone_id": "Z35SXDOTRQ7X7K",
                            "fqdn": "nexus.joericearchitect.com",
                            "health_check_id": "",
                            "id": "ZNB07JQ96IG7T_nexus.joericearchitect.com_A",
                            "name": "nexus.joericearchitect.com",
                            "records.#": "0",
                            "set_identifier": "",
                            "ttl": "0",
                            "type": "A",
                            "zone_id": "ZNB07JQ96IG7T"
                        },
                        "meta": {
                            "schema_version": "2"
                        },
                        "tainted": false
                    },
                    "deposed": [],
                    "provider": ""
                },
                "aws_route53_record.prometheus": {
                    "type": "aws_route53_record",
                    "depends_on": [
                        "aws_elb.elb-public-monitoring",
                        "aws_elb.elb-public-monitoring"
                    ],
                    "primary": {
                        "id": "ZNB07JQ96IG7T_prometheus.joericearchitect.com_A",
                        "attributes": {
                            "alias.#": "1",
                            "alias.2895182039.evaluate_target_health": "true",
                            "alias.2895182039.name": "prod-jra-elb-us-east-1-monitor-1554386918.us-east-1.elb.amazonaws.com",
                            "alias.2895182039.zone_id": "Z35SXDOTRQ7X7K",
                            "fqdn": "prometheus.joericearchitect.com",
                            "health_check_id": "",
                            "id": "ZNB07JQ96IG7T_prometheus.joericearchitect.com_A",
                            "name": "prometheus.joericearchitect.com",
                            "records.#": "0",
                            "set_identifier": "",
                            "ttl": "0",
                            "type": "A",
                            "zone_id": "ZNB07JQ96IG7T"
                        },
                        "meta": {
                            "schema_version": "2"
                        },
                        "tainted": false
                    },
                    "deposed": [],
                    "provider": ""
                },
                "aws_route53_record.proxy": {
                    "type": "aws_route53_record",
                    "depends_on": [
                        "aws_elb.elb-public-app-ui",
                        "aws_elb.elb-public-app-ui"
                    ],
                    "primary": {
                        "id": "ZNB07JQ96IG7T_proxy.joericearchitect.com_A",
                        "attributes": {
                            "alias.#": "1",
                            "alias.4041070023.evaluate_target_health": "true",
                            "alias.4041070023.name": "prod-jra-elb-us-east-1-app-ui-1597755926.us-east-1.elb.amazonaws.com",
                            "alias.4041070023.zone_id": "Z35SXDOTRQ7X7K",
                            "fqdn": "proxy.joericearchitect.com",
                            "health_check_id": "",
                            "id": "ZNB07JQ96IG7T_proxy.joericearchitect.com_A",
                            "name": "proxy.joericearchitect.com",
                            "records.#": "0",
                            "set_identifier": "",
                            "ttl": "0",
                            "type": "A",
                            "zone_id": "ZNB07JQ96IG7T"
                        },
                        "meta": {
                            "schema_version": "2"
                        },
                        "tainted": false
                    },
                    "deposed": [],
                    "provider": ""
                },
                "aws_route53_record.sonar": {
                    "type": "aws_route53_record",
                    "depends_on": [
                        "aws_elb.elb-public-admin",
                        "aws_elb.elb-public-admin"
                    ],
                    "primary": {
                        "id": "ZNB07JQ96IG7T_sonar.joericearchitect.com_A",
                        "attributes": {
                            "alias.#": "1",
                            "alias.2399547077.evaluate_target_health": "true",
                            "alias.2399547077.name": "prod-jra-elb-us-east-1-admin-783477109.us-east-1.elb.amazonaws.com",
                            "alias.2399547077.zone_id": "Z35SXDOTRQ7X7K",
                            "fqdn": "sonar.joericearchitect.com",
                            "health_check_id": "",
                            "id": "ZNB07JQ96IG7T_sonar.joericearchitect.com_A",
                            "name": "sonar.joericearchitect.com",
                            "records.#": "0",
                            "set_identifier": "",
                            "ttl": "0",
                            "type": "A",
                            "zone_id": "ZNB07JQ96IG7T"
                        },
                        "meta": {
                            "schema_version": "2"
                        },
                        "tainted": false
                    },
                    "deposed": [],
                    "provider": ""
                },
                "aws_route53_record.unsee": {
                    "type": "aws_route53_record",
                    "depends_on": [
                        "aws_elb.elb-public-monitoring",
                        "aws_elb.elb-public-monitoring"
                    ],
                    "primary": {
                        "id": "ZNB07JQ96IG7T_unsee.joericearchitect.com_A",
                        "attributes": {
                            "alias.#": "1",
                            "alias.2895182039.evaluate_target_health": "true",
                            "alias.2895182039.name": "prod-jra-elb-us-east-1-monitor-1554386918.us-east-1.elb.amazonaws.com",
                            "alias.2895182039.zone_id": "Z35SXDOTRQ7X7K",
                            "fqdn": "unsee.joericearchitect.com",
                            "health_check_id": "",
                            "id": "ZNB07JQ96IG7T_unsee.joericearchitect.com_A",
                            "name": "unsee.joericearchitect.com",
                            "records.#": "0",
                            "set_identifier": "",
                            "ttl": "0",
                            "type": "A",
                            "zone_id": "ZNB07JQ96IG7T"
                        },
                        "meta": {
                            "schema_version": "2"
                        },
                        "tainted": false
                    },
                    "deposed": [],
                    "provider": ""
                },
                "aws_route53_record.wiki": {
                    "type": "aws_route53_record",
                    "depends_on": [
                        "aws_elb.elb-public-admin",
                        "aws_elb.elb-public-admin"
                    ],
                    "primary": {
                        "id": "ZNB07JQ96IG7T_wiki.joericearchitect.com_A",
                        "attributes": {
                            "alias.#": "1",
                            "alias.2399547077.evaluate_target_health": "true",
                            "alias.2399547077.name": "prod-jra-elb-us-east-1-admin-783477109.us-east-1.elb.amazonaws.com",
                            "alias.2399547077.zone_id": "Z35SXDOTRQ7X7K",
                            "fqdn": "wiki.joericearchitect.com",
                            "health_check_id": "",
                            "id": "ZNB07JQ96IG7T_wiki.joericearchitect.com_A",
                            "name": "wiki.joericearchitect.com",
                            "records.#": "0",
                            "set_identifier": "",
                            "ttl": "0",
                            "type": "A",
                            "zone_id": "ZNB07JQ96IG7T"
                        },
                        "meta": {
                            "schema_version": "2"
                        },
                        "tainted": false
                    },
                    "deposed": [],
                    "provider": ""
                },
                "aws_route53_record.www": {
                    "type": "aws_route53_record",
                    "depends_on": [
                        "aws_elb.elb-public-app-ui",
                        "aws_elb.elb-public-app-ui"
                    ],
                    "primary": {
                        "id": "ZNB07JQ96IG7T_www.joericearchitect.com_A",
                        "attributes": {
                            "alias.#": "1",
                            "alias.4041070023.evaluate_target_health": "true",
                            "alias.4041070023.name": "prod-jra-elb-us-east-1-app-ui-1597755926.us-east-1.elb.amazonaws.com",
                            "alias.4041070023.zone_id": "Z35SXDOTRQ7X7K",
                            "fqdn": "www.joericearchitect.com",
                            "health_check_id": "",
                            "id": "ZNB07JQ96IG7T_www.joericearchitect.com_A",
                            "name": "www.joericearchitect.com",
                            "records.#": "0",
                            "set_identifier": "",
                            "ttl": "0",
                            "type": "A",
                            "zone_id": "ZNB07JQ96IG7T"
                        },
                        "meta": {
                            "schema_version": "2"
                        },
                        "tainted": false
                    },
                    "deposed": [],
                    "provider": ""
                },
                "aws_route_table.private": {
                    "type": "aws_route_table",
                    "depends_on": [
                        "aws_internet_gateway.jra_igw",
                        "aws_vpc.jra_vpc",
                        "random_id.env-instance"
                    ],
                    "primary": {
                        "id": "rtb-1d97a367",
                        "attributes": {
                            "id": "rtb-1d97a367",
                            "propagating_vgws.#": "0",
                            "route.#": "1",
                            "route.2593336274.cidr_block": "0.0.0.0/0",
                            "route.2593336274.gateway_id": "igw-23ac3a5a",
                            "route.2593336274.instance_id": "",
                            "route.2593336274.nat_gateway_id": "",
                            "route.2593336274.network_interface_id": "",
                            "route.2593336274.vpc_peering_connection_id": "",
                            "tags.%": "5",
                            "tags.Name": "prod.route-table.us-east-1-private",
                            "tags.jra.environment": "prod",
                            "tags.jra.environment-instance-id": "wsmvsGCvvBw",
                            "tags.jra.environment-size": "large",
                            "tags.jra.environment_type": "latest",
                            "vpc_id": "vpc-7ec74c06"
                        },
                        "meta": {},
                        "tainted": false
                    },
                    "deposed": [],
                    "provider": ""
                },
                "aws_route_table.public": {
                    "type": "aws_route_table",
                    "depends_on": [
                        "aws_internet_gateway.jra_igw",
                        "aws_vpc.jra_vpc",
                        "random_id.env-instance"
                    ],
                    "primary": {
                        "id": "rtb-9292a6e8",
                        "attributes": {
                            "id": "rtb-9292a6e8",
                            "propagating_vgws.#": "0",
                            "route.#": "1",
                            "route.2593336274.cidr_block": "0.0.0.0/0",
                            "route.2593336274.gateway_id": "igw-23ac3a5a",
                            "route.2593336274.instance_id": "",
                            "route.2593336274.nat_gateway_id": "",
                            "route.2593336274.network_interface_id": "",
                            "route.2593336274.vpc_peering_connection_id": "",
                            "tags.%": "5",
                            "tags.Name": "prod.route-table.us-east-1-public",
                            "tags.jra.environment": "prod",
                            "tags.jra.environment-instance-id": "wsmvsGCvvBw",
                            "tags.jra.environment-size": "large",
                            "tags.jra.environment_type": "latest",
                            "vpc_id": "vpc-7ec74c06"
                        },
                        "meta": {},
                        "tainted": false
                    },
                    "deposed": [],
                    "provider": ""
                },
                "aws_route_table_association.az-1-private": {
                    "type": "aws_route_table_association",
                    "depends_on": [
                        "aws_route_table.private",
                        "aws_subnet.az-1-private"
                    ],
                    "primary": {
                        "id": "rtbassoc-b9d8bcc4",
                        "attributes": {
                            "id": "rtbassoc-b9d8bcc4",
                            "route_table_id": "rtb-1d97a367",
                            "subnet_id": "subnet-ffcc0ea2"
                        },
                        "meta": {},
                        "tainted": false
                    },
                    "deposed": [],
                    "provider": ""
                },
                "aws_route_table_association.az-1-public": {
                    "type": "aws_route_table_association",
                    "depends_on": [
                        "aws_route_table.public",
                        "aws_subnet.az-1-public"
                    ],
                    "primary": {
                        "id": "rtbassoc-e2d2b69f",
                        "attributes": {
                            "id": "rtbassoc-e2d2b69f",
                            "route_table_id": "rtb-9292a6e8",
                            "subnet_id": "subnet-6dd11330"
                        },
                        "meta": {},
                        "tainted": false
                    },
                    "deposed": [],
                    "provider": ""
                },
                "aws_security_group.elb-public-admin": {
                    "type": "aws_security_group",
                    "depends_on": [
                        "aws_vpc.jra_vpc",
                        "random_id.env-instance"
                    ],
                    "primary": {
                        "id": "sg-80cd01f5",
                        "attributes": {
                            "description": "Security groups for public swarm elb",
                            "egress.#": "1",
                            "egress.482069346.cidr_blocks.#": "1",
                            "egress.482069346.cidr_blocks.0": "0.0.0.0/0",
                            "egress.482069346.from_port": "0",
                            "egress.482069346.prefix_list_ids.#": "0",
                            "egress.482069346.protocol": "-1",
                            "egress.482069346.security_groups.#": "0",
                            "egress.482069346.self": "false",
                            "egress.482069346.to_port": "0",
                            "id": "sg-80cd01f5",
                            "ingress.#": "1",
                            "ingress.482069346.cidr_blocks.#": "1",
                            "ingress.482069346.cidr_blocks.0": "0.0.0.0/0",
                            "ingress.482069346.from_port": "0",
                            "ingress.482069346.protocol": "-1",
                            "ingress.482069346.security_groups.#": "0",
                            "ingress.482069346.self": "false",
                            "ingress.482069346.to_port": "0",
                            "name": "prod.jra-sg.us-east-1-admin-elb",
                            "owner_id": "478650753675",
                            "tags.%": "5",
                            "tags.Name": "prod.sg.us-east-1-admin-elb",
                            "tags.jra.environment": "prod",
                            "tags.jra.environment-instance-id": "wsmvsGCvvBw",
                            "tags.jra.environment-size": "large",
                            "tags.jra.environment_type": "latest",
                            "vpc_id": "vpc-7ec74c06"
                        },
                        "meta": {},
                        "tainted": false
                    },
                    "deposed": [],
                    "provider": ""
                },
                "aws_security_group.elb-public-app-api": {
                    "type": "aws_security_group",
                    "depends_on": [
                        "aws_vpc.jra_vpc",
                        "random_id.env-instance"
                    ],
                    "primary": {
                        "id": "sg-65b27e10",
                        "attributes": {
                            "description": "Security groups for public swarm elb",
                            "egress.#": "1",
                            "egress.482069346.cidr_blocks.#": "1",
                            "egress.482069346.cidr_blocks.0": "0.0.0.0/0",
                            "egress.482069346.from_port": "0",
                            "egress.482069346.prefix_list_ids.#": "0",
                            "egress.482069346.protocol": "-1",
                            "egress.482069346.security_groups.#": "0",
                            "egress.482069346.self": "false",
                            "egress.482069346.to_port": "0",
                            "id": "sg-65b27e10",
                            "ingress.#": "1",
                            "ingress.482069346.cidr_blocks.#": "1",
                            "ingress.482069346.cidr_blocks.0": "0.0.0.0/0",
                            "ingress.482069346.from_port": "0",
                            "ingress.482069346.protocol": "-1",
                            "ingress.482069346.security_groups.#": "0",
                            "ingress.482069346.self": "false",
                            "ingress.482069346.to_port": "0",
                            "name": "prod.jra-sg.us-east-1-app-api-elb",
                            "owner_id": "478650753675",
                            "tags.%": "5",
                            "tags.Name": "prod.sg.us-east-1-app-api-elb",
                            "tags.jra.environment": "prod",
                            "tags.jra.environment-instance-id": "wsmvsGCvvBw",
                            "tags.jra.environment-size": "large",
                            "tags.jra.environment_type": "latest",
                            "vpc_id": "vpc-7ec74c06"
                        },
                        "meta": {},
                        "tainted": false
                    },
                    "deposed": [],
                    "provider": ""
                },
                "aws_security_group.elb-public-app-ui": {
                    "type": "aws_security_group",
                    "depends_on": [
                        "aws_vpc.jra_vpc",
                        "random_id.env-instance"
                    ],
                    "primary": {
                        "id": "sg-90b07ce5",
                        "attributes": {
                            "description": "Security groups for public swarm elb",
                            "egress.#": "1",
                            "egress.482069346.cidr_blocks.#": "1",
                            "egress.482069346.cidr_blocks.0": "0.0.0.0/0",
                            "egress.482069346.from_port": "0",
                            "egress.482069346.prefix_list_ids.#": "0",
                            "egress.482069346.protocol": "-1",
                            "egress.482069346.security_groups.#": "0",
                            "egress.482069346.self": "false",
                            "egress.482069346.to_port": "0",
                            "id": "sg-90b07ce5",
                            "ingress.#": "1",
                            "ingress.482069346.cidr_blocks.#": "1",
                            "ingress.482069346.cidr_blocks.0": "0.0.0.0/0",
                            "ingress.482069346.from_port": "0",
                            "ingress.482069346.protocol": "-1",
                            "ingress.482069346.security_groups.#": "0",
                            "ingress.482069346.self": "false",
                            "ingress.482069346.to_port": "0",
                            "name": "prod.jra-sg.us-east-1-app-ui-elb",
                            "owner_id": "478650753675",
                            "tags.%": "5",
                            "tags.Name": "prod.sg.us-east-1-app-ui-elb",
                            "tags.jra.environment": "prod",
                            "tags.jra.environment-instance-id": "wsmvsGCvvBw",
                            "tags.jra.environment-size": "large",
                            "tags.jra.environment_type": "latest",
                            "vpc_id": "vpc-7ec74c06"
                        },
                        "meta": {},
                        "tainted": false
                    },
                    "deposed": [],
                    "provider": ""
                },
                "aws_security_group.elb-public-logging": {
                    "type": "aws_security_group",
                    "depends_on": [
                        "aws_vpc.jra_vpc",
                        "random_id.env-instance"
                    ],
                    "primary": {
                        "id": "sg-e1c50994",
                        "attributes": {
                            "description": "Security groups for public logging elb",
                            "egress.#": "1",
                            "egress.482069346.cidr_blocks.#": "1",
                            "egress.482069346.cidr_blocks.0": "0.0.0.0/0",
                            "egress.482069346.from_port": "0",
                            "egress.482069346.prefix_list_ids.#": "0",
                            "egress.482069346.protocol": "-1",
                            "egress.482069346.security_groups.#": "0",
                            "egress.482069346.self": "false",
                            "egress.482069346.to_port": "0",
                            "id": "sg-e1c50994",
                            "ingress.#": "1",
                            "ingress.482069346.cidr_blocks.#": "1",
                            "ingress.482069346.cidr_blocks.0": "0.0.0.0/0",
                            "ingress.482069346.from_port": "0",
                            "ingress.482069346.protocol": "-1",
                            "ingress.482069346.security_groups.#": "0",
                            "ingress.482069346.self": "false",
                            "ingress.482069346.to_port": "0",
                            "name": "prod.jra-sg.us-east-1-logging-elb",
                            "owner_id": "478650753675",
                            "tags.%": "5",
                            "tags.Name": "prod.sg.us-east-1-logging-elb",
                            "tags.jra.environment": "prod",
                            "tags.jra.environment-instance-id": "wsmvsGCvvBw",
                            "tags.jra.environment-size": "large",
                            "tags.jra.environment_type": "latest",
                            "vpc_id": "vpc-7ec74c06"
                        },
                        "meta": {},
                        "tainted": false
                    },
                    "deposed": [],
                    "provider": ""
                },
                "aws_security_group.elb-public-monitoring": {
                    "type": "aws_security_group",
                    "depends_on": [
                        "aws_vpc.jra_vpc",
                        "random_id.env-instance"
                    ],
                    "primary": {
                        "id": "sg-4eb37f3b",
                        "attributes": {
                            "description": "Security groups for public monitoring elb",
                            "egress.#": "1",
                            "egress.482069346.cidr_blocks.#": "1",
                            "egress.482069346.cidr_blocks.0": "0.0.0.0/0",
                            "egress.482069346.from_port": "0",
                            "egress.482069346.prefix_list_ids.#": "0",
                            "egress.482069346.protocol": "-1",
                            "egress.482069346.security_groups.#": "0",
                            "egress.482069346.self": "false",
                            "egress.482069346.to_port": "0",
                            "id": "sg-4eb37f3b",
                            "ingress.#": "1",
                            "ingress.482069346.cidr_blocks.#": "1",
                            "ingress.482069346.cidr_blocks.0": "0.0.0.0/0",
                            "ingress.482069346.from_port": "0",
                            "ingress.482069346.protocol": "-1",
                            "ingress.482069346.security_groups.#": "0",
                            "ingress.482069346.self": "false",
                            "ingress.482069346.to_port": "0",
                            "name": "prod.jra-sg.us-east-1-monitoring-elb",
                            "owner_id": "478650753675",
                            "tags.%": "5",
                            "tags.Name": "prod.sg.us-east-1-monitor-elb",
                            "tags.jra.environment": "prod",
                            "tags.jra.environment-instance-id": "wsmvsGCvvBw",
                            "tags.jra.environment-size": "large",
                            "tags.jra.environment_type": "latest",
                            "vpc_id": "vpc-7ec74c06"
                        },
                        "meta": {},
                        "tainted": false
                    },
                    "deposed": [],
                    "provider": ""
                },
                "aws_security_group.private_app-persistence": {
                    "type": "aws_security_group",
                    "depends_on": [
                        "aws_vpc.jra_vpc",
                        "random_id.env-instance"
                    ],
                    "primary": {
                        "id": "sg-43cd0136",
                        "attributes": {
                            "description": "Swarm Nodes that will run containers related to storage persistence for mangement apps (databases, caches, etc)",
                            "egress.#": "1",
                            "egress.482069346.cidr_blocks.#": "1",
                            "egress.482069346.cidr_blocks.0": "0.0.0.0/0",
                            "egress.482069346.from_port": "0",
                            "egress.482069346.prefix_list_ids.#": "0",
                            "egress.482069346.protocol": "-1",
                            "egress.482069346.security_groups.#": "0",
                            "egress.482069346.self": "false",
                            "egress.482069346.to_port": "0",
                            "id": "sg-43cd0136",
                            "ingress.#": "1",
                            "ingress.482069346.cidr_blocks.#": "1",
                            "ingress.482069346.cidr_blocks.0": "0.0.0.0/0",
                            "ingress.482069346.from_port": "0",
                            "ingress.482069346.protocol": "-1",
                            "ingress.482069346.security_groups.#": "0",
                            "ingress.482069346.self": "false",
                            "ingress.482069346.to_port": "0",
                            "name": "prod.jra-sg.us-east-1-private-app-persistence",
                            "owner_id": "478650753675",
                            "tags.%": "5",
                            "tags.Name": "prod.sg.us-east-1-private-app-persistence",
                            "tags.jra.environment": "prod",
                            "tags.jra.environment-instance-id": "wsmvsGCvvBw",
                            "tags.jra.environment-size": "large",
                            "tags.jra.environment_type": "latest",
                            "vpc_id": "vpc-7ec74c06"
                        },
                        "meta": {},
                        "tainted": false
                    },
                    "deposed": [],
                    "provider": ""
                },
                "aws_security_group.private_infra-build": {
                    "type": "aws_security_group",
                    "depends_on": [
                        "aws_vpc.jra_vpc",
                        "random_id.env-instance"
                    ],
                    "primary": {
                        "id": "sg-e2ca0697",
                        "attributes": {
                            "description": "Swarm Nodes that will run containers related to infra-builds \u0026 CI / CD pipelines",
                            "egress.#": "1",
                            "egress.482069346.cidr_blocks.#": "1",
                            "egress.482069346.cidr_blocks.0": "0.0.0.0/0",
                            "egress.482069346.from_port": "0",
                            "egress.482069346.prefix_list_ids.#": "0",
                            "egress.482069346.protocol": "-1",
                            "egress.482069346.security_groups.#": "0",
                            "egress.482069346.self": "false",
                            "egress.482069346.to_port": "0",
                            "id": "sg-e2ca0697",
                            "ingress.#": "1",
                            "ingress.482069346.cidr_blocks.#": "1",
                            "ingress.482069346.cidr_blocks.0": "0.0.0.0/0",
                            "ingress.482069346.from_port": "0",
                            "ingress.482069346.protocol": "-1",
                            "ingress.482069346.security_groups.#": "0",
                            "ingress.482069346.self": "false",
                            "ingress.482069346.to_port": "0",
                            "name": "prod.jra-sg.us-east-1-private-infra-build",
                            "owner_id": "478650753675",
                            "tags.%": "5",
                            "tags.Name": "prod.sg.us-east-1-private-infra-build",
                            "tags.jra.environment": "prod",
                            "tags.jra.environment-instance-id": "wsmvsGCvvBw",
                            "tags.jra.environment-size": "large",
                            "tags.jra.environment_type": "latest",
                            "vpc_id": "vpc-7ec74c06"
                        },
                        "meta": {},
                        "tainted": false
                    },
                    "deposed": [],
                    "provider": ""
                },
                "aws_security_group.private_infra-load": {
                    "type": "aws_security_group",
                    "depends_on": [
                        "aws_vpc.jra_vpc",
                        "random_id.env-instance"
                    ],
                    "primary": {
                        "id": "sg-d3c804a6",
                        "attributes": {
                            "description": "Swarm Nodes that will run containers related to Load Generation",
                            "egress.#": "1",
                            "egress.482069346.cidr_blocks.#": "1",
                            "egress.482069346.cidr_blocks.0": "0.0.0.0/0",
                            "egress.482069346.from_port": "0",
                            "egress.482069346.prefix_list_ids.#": "0",
                            "egress.482069346.protocol": "-1",
                            "egress.482069346.security_groups.#": "0",
                            "egress.482069346.self": "false",
                            "egress.482069346.to_port": "0",
                            "id": "sg-d3c804a6",
                            "ingress.#": "1",
                            "ingress.482069346.cidr_blocks.#": "1",
                            "ingress.482069346.cidr_blocks.0": "0.0.0.0/0",
                            "ingress.482069346.from_port": "0",
                            "ingress.482069346.protocol": "-1",
                            "ingress.482069346.security_groups.#": "0",
                            "ingress.482069346.self": "false",
                            "ingress.482069346.to_port": "0",
                            "name": "prod.jra-sg.us-east-1-private-infra-load",
                            "owner_id": "478650753675",
                            "tags.%": "5",
                            "tags.Name": "prod.sg.us-east-1-private-infra-load",
                            "tags.jra.environment": "prod",
                            "tags.jra.environment-instance-id": "wsmvsGCvvBw",
                            "tags.jra.environment-size": "large",
                            "tags.jra.environment_type": "latest",
                            "vpc_id": "vpc-7ec74c06"
                        },
                        "meta": {},
                        "tainted": false
                    },
                    "deposed": [],
                    "provider": ""
                },
                "aws_security_group.private_infra-logging": {
                    "type": "aws_security_group",
                    "depends_on": [
                        "aws_vpc.jra_vpc",
                        "random_id.env-instance"
                    ],
                    "primary": {
                        "id": "sg-11c60a64",
                        "attributes": {
                            "description": "Swarm Nodes that will run containers related to centralized logging stack",
                            "egress.#": "1",
                            "egress.482069346.cidr_blocks.#": "1",
                            "egress.482069346.cidr_blocks.0": "0.0.0.0/0",
                            "egress.482069346.from_port": "0",
                            "egress.482069346.prefix_list_ids.#": "0",
                            "egress.482069346.protocol": "-1",
                            "egress.482069346.security_groups.#": "0",
                            "egress.482069346.self": "false",
                            "egress.482069346.to_port": "0",
                            "id": "sg-11c60a64",
                            "ingress.#": "1",
                            "ingress.482069346.cidr_blocks.#": "1",
                            "ingress.482069346.cidr_blocks.0": "0.0.0.0/0",
                            "ingress.482069346.from_port": "0",
                            "ingress.482069346.protocol": "-1",
                            "ingress.482069346.security_groups.#": "0",
                            "ingress.482069346.self": "false",
                            "ingress.482069346.to_port": "0",
                            "name": "prod.jra-sg.us-east-1-private-infra-logging",
                            "owner_id": "478650753675",
                            "tags.%": "5",
                            "tags.Name": "prod.sg.us-east-1-private-infra-logging",
                            "tags.jra.environment": "prod",
                            "tags.jra.environment-instance-id": "wsmvsGCvvBw",
                            "tags.jra.environment-size": "large",
                            "tags.jra.environment_type": "latest",
                            "vpc_id": "vpc-7ec74c06"
                        },
                        "meta": {},
                        "tainted": false
                    },
                    "deposed": [],
                    "provider": ""
                },
                "aws_security_group.private_infra-monitoring": {
                    "type": "aws_security_group",
                    "depends_on": [
                        "aws_vpc.jra_vpc",
                        "random_id.env-instance"
                    ],
                    "primary": {
                        "id": "sg-06b27e73",
                        "attributes": {
                            "description": "Swarm Nodes that will run containers related to centralized monitoring stack",
                            "egress.#": "1",
                            "egress.482069346.cidr_blocks.#": "1",
                            "egress.482069346.cidr_blocks.0": "0.0.0.0/0",
                            "egress.482069346.from_port": "0",
                            "egress.482069346.prefix_list_ids.#": "0",
                            "egress.482069346.protocol": "-1",
                            "egress.482069346.security_groups.#": "0",
                            "egress.482069346.self": "false",
                            "egress.482069346.to_port": "0",
                            "id": "sg-06b27e73",
                            "ingress.#": "1",
                            "ingress.482069346.cidr_blocks.#": "1",
                            "ingress.482069346.cidr_blocks.0": "0.0.0.0/0",
                            "ingress.482069346.from_port": "0",
                            "ingress.482069346.protocol": "-1",
                            "ingress.482069346.security_groups.#": "0",
                            "ingress.482069346.self": "false",
                            "ingress.482069346.to_port": "0",
                            "name": "prod.jra-sg.us-east-1-private-infra-monitoring",
                            "owner_id": "478650753675",
                            "tags.%": "5",
                            "tags.Name": "prod.sg.us-east-1-private-infra-monitoring",
                            "tags.jra.environment": "prod",
                            "tags.jra.environment-instance-id": "wsmvsGCvvBw",
                            "tags.jra.environment-size": "large",
                            "tags.jra.environment_type": "latest",
                            "vpc_id": "vpc-7ec74c06"
                        },
                        "meta": {},
                        "tainted": false
                    },
                    "deposed": [],
                    "provider": ""
                },
                "aws_security_group.private_infra-persistence": {
                    "type": "aws_security_group",
                    "depends_on": [
                        "aws_vpc.jra_vpc",
                        "random_id.env-instance"
                    ],
                    "primary": {
                        "id": "sg-04b27e71",
                        "attributes": {
                            "description": "Swarm Nodes that will run containers related to storage persistence for mangement apps (databases, caches, etc)",
                            "egress.#": "1",
                            "egress.482069346.cidr_blocks.#": "1",
                            "egress.482069346.cidr_blocks.0": "0.0.0.0/0",
                            "egress.482069346.from_port": "0",
                            "egress.482069346.prefix_list_ids.#": "0",
                            "egress.482069346.protocol": "-1",
                            "egress.482069346.security_groups.#": "0",
                            "egress.482069346.self": "false",
                            "egress.482069346.to_port": "0",
                            "id": "sg-04b27e71",
                            "ingress.#": "1",
                            "ingress.482069346.cidr_blocks.#": "1",
                            "ingress.482069346.cidr_blocks.0": "0.0.0.0/0",
                            "ingress.482069346.from_port": "0",
                            "ingress.482069346.protocol": "-1",
                            "ingress.482069346.security_groups.#": "0",
                            "ingress.482069346.self": "false",
                            "ingress.482069346.to_port": "0",
                            "name": "prod.jra-sg.us-east-1-private-infra-persistence",
                            "owner_id": "478650753675",
                            "tags.%": "5",
                            "tags.Name": "prod.sg.us-east-1-private-infra-persistence",
                            "tags.jra.environment": "prod",
                            "tags.jra.environment-instance-id": "wsmvsGCvvBw",
                            "tags.jra.environment-size": "large",
                            "tags.jra.environment_type": "latest",
                            "vpc_id": "vpc-7ec74c06"
                        },
                        "meta": {},
                        "tainted": false
                    },
                    "deposed": [],
                    "provider": ""
                },
                "aws_security_group.private_infra-repos": {
                    "type": "aws_security_group",
                    "depends_on": [
                        "aws_vpc.jra_vpc",
                        "random_id.env-instance"
                    ],
                    "primary": {
                        "id": "sg-48b37f3d",
                        "attributes": {
                            "description": "Swarm Nodes that will run containers related to storage persistence for mangement apps (databases, caches, etc)",
                            "egress.#": "1",
                            "egress.482069346.cidr_blocks.#": "1",
                            "egress.482069346.cidr_blocks.0": "0.0.0.0/0",
                            "egress.482069346.from_port": "0",
                            "egress.482069346.prefix_list_ids.#": "0",
                            "egress.482069346.protocol": "-1",
                            "egress.482069346.security_groups.#": "0",
                            "egress.482069346.self": "false",
                            "egress.482069346.to_port": "0",
                            "id": "sg-48b37f3d",
                            "ingress.#": "1",
                            "ingress.482069346.cidr_blocks.#": "1",
                            "ingress.482069346.cidr_blocks.0": "0.0.0.0/0",
                            "ingress.482069346.from_port": "0",
                            "ingress.482069346.protocol": "-1",
                            "ingress.482069346.security_groups.#": "0",
                            "ingress.482069346.self": "false",
                            "ingress.482069346.to_port": "0",
                            "name": "prod.jra-sg.us-east-1-private-infra-repos",
                            "owner_id": "478650753675",
                            "tags.%": "5",
                            "tags.Name": "prod.sg.us-east-1-private-infra-repos",
                            "tags.jra.environment": "prod",
                            "tags.jra.environment-instance-id": "wsmvsGCvvBw",
                            "tags.jra.environment-size": "large",
                            "tags.jra.environment_type": "latest",
                            "vpc_id": "vpc-7ec74c06"
                        },
                        "meta": {},
                        "tainted": false
                    },
                    "deposed": [],
                    "provider": ""
                },
                "aws_security_group.private_swarm-manager": {
                    "type": "aws_security_group",
                    "depends_on": [
                        "aws_vpc.jra_vpc",
                        "random_id.env-instance"
                    ],
                    "primary": {
                        "id": "sg-3cc00c49",
                        "attributes": {
                            "description": "Swarm Nodes that will run containers related to swarm-managers \u0026 CI / CD pipelines",
                            "egress.#": "1",
                            "egress.482069346.cidr_blocks.#": "1",
                            "egress.482069346.cidr_blocks.0": "0.0.0.0/0",
                            "egress.482069346.from_port": "0",
                            "egress.482069346.prefix_list_ids.#": "0",
                            "egress.482069346.protocol": "-1",
                            "egress.482069346.security_groups.#": "0",
                            "egress.482069346.self": "false",
                            "egress.482069346.to_port": "0",
                            "id": "sg-3cc00c49",
                            "ingress.#": "1",
                            "ingress.482069346.cidr_blocks.#": "1",
                            "ingress.482069346.cidr_blocks.0": "0.0.0.0/0",
                            "ingress.482069346.from_port": "0",
                            "ingress.482069346.protocol": "-1",
                            "ingress.482069346.security_groups.#": "0",
                            "ingress.482069346.self": "false",
                            "ingress.482069346.to_port": "0",
                            "name": "prod.jra-sg.us-east-1-private-swarm-manager",
                            "owner_id": "478650753675",
                            "tags.%": "5",
                            "tags.Name": "prod.sg.us-east-1-private-swarm-manager",
                            "tags.jra.environment": "prod",
                            "tags.jra.environment-instance-id": "wsmvsGCvvBw",
                            "tags.jra.environment-size": "large",
                            "tags.jra.environment_type": "latest",
                            "vpc_id": "vpc-7ec74c06"
                        },
                        "meta": {},
                        "tainted": false
                    },
                    "deposed": [],
                    "provider": ""
                },
                "aws_security_group.public_admin-ui-web": {
                    "type": "aws_security_group",
                    "depends_on": [
                        "aws_vpc.jra_vpc",
                        "random_id.env-instance"
                    ],
                    "primary": {
                        "id": "sg-abc408de",
                        "attributes": {
                            "description": "Security groups for public web apis",
                            "egress.#": "1",
                            "egress.482069346.cidr_blocks.#": "1",
                            "egress.482069346.cidr_blocks.0": "0.0.0.0/0",
                            "egress.482069346.from_port": "0",
                            "egress.482069346.prefix_list_ids.#": "0",
                            "egress.482069346.protocol": "-1",
                            "egress.482069346.security_groups.#": "0",
                            "egress.482069346.self": "false",
                            "egress.482069346.to_port": "0",
                            "id": "sg-abc408de",
                            "ingress.#": "1",
                            "ingress.482069346.cidr_blocks.#": "1",
                            "ingress.482069346.cidr_blocks.0": "0.0.0.0/0",
                            "ingress.482069346.from_port": "0",
                            "ingress.482069346.protocol": "-1",
                            "ingress.482069346.security_groups.#": "0",
                            "ingress.482069346.self": "false",
                            "ingress.482069346.to_port": "0",
                            "name": "prod.jra-sg.us-east-1-public-admin-ui-web",
                            "owner_id": "478650753675",
                            "tags.%": "5",
                            "tags.Name": "prod.sg.us-east-1-public-admin-ui-web",
                            "tags.jra.environment": "prod",
                            "tags.jra.environment-instance-id": "wsmvsGCvvBw",
                            "tags.jra.environment-size": "large",
                            "tags.jra.environment_type": "latest",
                            "vpc_id": "vpc-7ec74c06"
                        },
                        "meta": {},
                        "tainted": false
                    },
                    "deposed": [],
                    "provider": ""
                },
                "aws_security_group.public_app-ui-web": {
                    "type": "aws_security_group",
                    "depends_on": [
                        "aws_vpc.jra_vpc",
                        "random_id.env-instance"
                    ],
                    "primary": {
                        "id": "sg-14cc0061",
                        "attributes": {
                            "description": "Security Group for public web ui apps",
                            "egress.#": "1",
                            "egress.482069346.cidr_blocks.#": "1",
                            "egress.482069346.cidr_blocks.0": "0.0.0.0/0",
                            "egress.482069346.from_port": "0",
                            "egress.482069346.prefix_list_ids.#": "0",
                            "egress.482069346.protocol": "-1",
                            "egress.482069346.security_groups.#": "0",
                            "egress.482069346.self": "false",
                            "egress.482069346.to_port": "0",
                            "id": "sg-14cc0061",
                            "ingress.#": "1",
                            "ingress.482069346.cidr_blocks.#": "1",
                            "ingress.482069346.cidr_blocks.0": "0.0.0.0/0",
                            "ingress.482069346.from_port": "0",
                            "ingress.482069346.protocol": "-1",
                            "ingress.482069346.security_groups.#": "0",
                            "ingress.482069346.self": "false",
                            "ingress.482069346.to_port": "0",
                            "name": "prod.jra-sg.us-east-1-public-app-ui-web",
                            "owner_id": "478650753675",
                            "tags.%": "5",
                            "tags.Name": "prod.sg.us-east-1-public-app-ui-web",
                            "tags.jra.environment": "prod",
                            "tags.jra.environment-instance-id": "wsmvsGCvvBw",
                            "tags.jra.environment-size": "large",
                            "tags.jra.environment_type": "latest",
                            "vpc_id": "vpc-7ec74c06"
                        },
                        "meta": {},
                        "tainted": false
                    },
                    "deposed": [],
                    "provider": ""
                },
                "aws_subnet.az-1-private": {
                    "type": "aws_subnet",
                    "depends_on": [
                        "aws_vpc.jra_vpc",
                        "random_id.env-instance"
                    ],
                    "primary": {
                        "id": "subnet-ffcc0ea2",
                        "attributes": {
                            "availability_zone": "us-east-1a",
                            "cidr_block": "10.0.1.0/24",
                            "id": "subnet-ffcc0ea2",
                            "map_public_ip_on_launch": "true",
                            "tags.%": "6",
                            "tags.Name": "prod.subnet.us-east-1a-private",
                            "tags.jra.environment": "prod",
                            "tags.jra.environment-instance-id": "wsmvsGCvvBw",
                            "tags.jra.environment-size": "large",
                            "tags.jra.environment_type": "latest",
                            "tags.jra.failure-zone": "us-east-1-az-1",
                            "vpc_id": "vpc-7ec74c06"
                        },
                        "meta": {},
                        "tainted": false
                    },
                    "deposed": [],
                    "provider": ""
                },
                "aws_subnet.az-1-public": {
                    "type": "aws_subnet",
                    "depends_on": [
                        "aws_vpc.jra_vpc",
                        "random_id.env-instance"
                    ],
                    "primary": {
                        "id": "subnet-6dd11330",
                        "attributes": {
                            "availability_zone": "us-east-1a",
                            "cidr_block": "10.0.0.0/24",
                            "id": "subnet-6dd11330",
                            "map_public_ip_on_launch": "true",
                            "tags.%": "6",
                            "tags.Name": "prod.subnet.us-east-1a-public",
                            "tags.jra.environment": "prod",
                            "tags.jra.environment-instance-id": "wsmvsGCvvBw",
                            "tags.jra.environment-size": "large",
                            "tags.jra.environment_type": "latest",
                            "tags.jra.failure-zone": "us-east-1-az-1",
                            "vpc_id": "vpc-7ec74c06"
                        },
                        "meta": {},
                        "tainted": false
                    },
                    "deposed": [],
                    "provider": ""
                },
                "aws_vpc.jra_vpc": {
                    "type": "aws_vpc",
                    "depends_on": [
                        "random_id.env-instance"
                    ],
                    "primary": {
                        "id": "vpc-7ec74c06",
                        "attributes": {
                            "cidr_block": "10.0.0.0/16",
                            "default_network_acl_id": "acl-e9414a91",
                            "default_route_table_id": "rtb-4798ac3d",
                            "default_security_group_id": "sg-81cd01f4",
                            "dhcp_options_id": "dopt-eb4a818d",
                            "enable_classiclink": "false",
                            "enable_dns_hostnames": "true",
                            "enable_dns_support": "true",
                            "id": "vpc-7ec74c06",
                            "instance_tenancy": "default",
                            "main_route_table_id": "rtb-4798ac3d",
                            "tags.%": "5",
                            "tags.Name": "prod.vpc.us-east-1",
                            "tags.jra.environment": "prod",
                            "tags.jra.environment-instance-id": "wsmvsGCvvBw",
                            "tags.jra.environment-size": "large",
                            "tags.jra.environment_type": "latest"
                        },
                        "meta": {},
                        "tainted": false
                    },
                    "deposed": [],
                    "provider": ""
                },
                "null_resource.infa-confluence-deploy": {
                    "type": "null_resource",
                    "depends_on": [
                        "null_resource.infra-deploy-swarm-services"
                    ],
                    "primary": {
                        "id": "562521496650045943",
                        "attributes": {
                            "id": "562521496650045943"
                        },
                        "meta": {},
                        "tainted": false
                    },
                    "deposed": [],
                    "provider": ""
                },
                "null_resource.infa-jenkins-deploy": {
                    "type": "null_resource",
                    "depends_on": [
                        "null_resource.infra-deploy-swarm-services"
                    ],
                    "primary": {
                        "id": "8666189432628348871",
                        "attributes": {
                            "id": "8666189432628348871"
                        },
                        "meta": {},
                        "tainted": false
                    },
                    "deposed": [],
                    "provider": ""
                },
                "null_resource.infa-jira-deploy": {
                    "type": "null_resource",
                    "depends_on": [
                        "null_resource.infra-deploy-swarm-services"
                    ],
                    "primary": {
                        "id": "9156711271104126453",
                        "attributes": {
                            "id": "9156711271104126453"
                        },
                        "meta": {},
                        "tainted": false
                    },
                    "deposed": [],
                    "provider": ""
                },
                "null_resource.infa-nexus-deploy": {
                    "type": "null_resource",
                    "depends_on": [
                        "null_resource.infra-deploy-swarm-services"
                    ],
                    "primary": {
                        "id": "638321781657943185",
                        "attributes": {
                            "id": "638321781657943185"
                        },
                        "meta": {},
                        "tainted": false
                    },
                    "deposed": [],
                    "provider": ""
                },
                "null_resource.infa-sonar-deploy": {
                    "type": "null_resource",
                    "depends_on": [
                        "null_resource.infra-deploy-swarm-services"
                    ],
                    "primary": {
                        "id": "7683613758290511225",
                        "attributes": {
                            "id": "7683613758290511225"
                        },
                        "meta": {},
                        "tainted": false
                    },
                    "deposed": [],
                    "provider": ""
                },
                "null_resource.infra-configure-swarm-cluster": {
                    "type": "null_resource",
                    "depends_on": [
                        "null_resource.infra-deploy-central-logging-services"
                    ],
                    "primary": {
                        "id": "1703794536631228847",
                        "attributes": {
                            "id": "1703794536631228847"
                        },
                        "meta": {},
                        "tainted": false
                    },
                    "deposed": [],
                    "provider": ""
                },
                "null_resource.infra-deploy-central-logging-services": {
                    "type": "null_resource",
                    "depends_on": [
                        "null_resource.swarm-cluster-provision"
                    ],
                    "primary": {
                        "id": "3862771957185534492",
                        "attributes": {
                            "id": "3862771957185534492"
                        },
                        "meta": {},
                        "tainted": false
                    },
                    "deposed": [],
                    "provider": ""
                },
                "null_resource.infra-deploy-central-monitoring-services": {
                    "type": "null_resource",
                    "depends_on": [
                        "null_resource.infra-configure-swarm-cluster"
                    ],
                    "primary": {
                        "id": "1909418150267654184",
                        "attributes": {
                            "id": "1909418150267654184"
                        },
                        "meta": {},
                        "tainted": false
                    },
                    "deposed": [],
                    "provider": ""
                },
                "null_resource.infra-deploy-swarm-services": {
                    "type": "null_resource",
                    "depends_on": [
                        "null_resource.infra-deploy-central-monitoring-services"
                    ],
                    "primary": {
                        "id": "3031408752086057575",
                        "attributes": {
                            "id": "3031408752086057575"
                        },
                        "meta": {},
                        "tainted": false
                    },
                    "deposed": [],
                    "provider": ""
                },
                "null_resource.swarm-cluster-provision": {
                    "type": "null_resource",
                    "depends_on": [
                        "aws_instance.admin-ui-web-az-1",
                        "aws_instance.app-persistence-az-1",
                        "aws_instance.app-ui-web-az-1",
                        "aws_instance.infra-build-az-1",
                        "aws_instance.infra-logging-az-1",
                        "aws_instance.infra-monitoring-az-1",
                        "aws_instance.infra-persistence-az-1",
                        "aws_instance.infra-repos-az-1",
                        "aws_instance.swarm-manager-az-1"
                    ],
                    "primary": {
                        "id": "108707706958100820",
                        "attributes": {
                            "id": "108707706958100820"
                        },
                        "meta": {},
                        "tainted": false
                    },
                    "deposed": [],
                    "provider": ""
                },
                "random_id.env-instance": {
                    "type": "random_id",
                    "depends_on": [],
                    "primary": {
                        "id": "wsmvsGCvvBw",
                        "attributes": {
                            "b64": "wsmvsGCvvBw",
                            "b64_std": "wsmvsGCvvBw=",
                            "b64_url": "wsmvsGCvvBw",
                            "byte_length": "8",
                            "dec": "14035942885748096028",
                            "hex": "c2c9afb060afbc1c",
                            "id": "wsmvsGCvvBw"
                        },
                        "meta": {},
                        "tainted": false
                    },
                    "deposed": [],
                    "provider": ""
                }
            },
            "depends_on": []
        }
    ]
}
