{
    "version": 3,
    "terraform_version": "0.7.13",
    "serial": 30,
    "lineage": "1f9aa153-f4aa-4bd6-adc3-6aa80c738d89",
    "modules": [
        {
            "path": [
                "root"
            ],
            "outputs": {},
            "resources": {
                "aws_internet_gateway.jra_igw": {
                    "type": "aws_internet_gateway",
                    "depends_on": [
                        "aws_vpc.jra_vpc"
                    ],
                    "primary": {
                        "id": "igw-608fe507",
                        "attributes": {
                            "id": "igw-608fe507",
                            "tags.%": "2",
                            "tags.Name": "jra-igw-latest-us-east-1",
                            "tags.environment": "latest",
                            "vpc_id": "vpc-15903873"
                        },
                        "meta": {},
                        "tainted": false
                    },
                    "deposed": [],
                    "provider": ""
                },
                "aws_security_group.private_app-api-service": {
                    "type": "aws_security_group",
                    "depends_on": [
                        "aws_vpc.jra_vpc"
                    ],
                    "primary": {
                        "id": "sg-0b5f4676",
                        "attributes": {
                            "description": "Swarm Nodes that will run containers related to storage persistence for mangement apps (databases, caches, etc)",
                            "egress.#": "1",
                            "egress.1403647648.cidr_blocks.#": "1",
                            "egress.1403647648.cidr_blocks.0": "0.0.0.0/0",
                            "egress.1403647648.from_port": "0",
                            "egress.1403647648.prefix_list_ids.#": "0",
                            "egress.1403647648.protocol": "tcp",
                            "egress.1403647648.security_groups.#": "0",
                            "egress.1403647648.self": "false",
                            "egress.1403647648.to_port": "65535",
                            "id": "sg-0b5f4676",
                            "ingress.#": "1",
                            "ingress.1403647648.cidr_blocks.#": "1",
                            "ingress.1403647648.cidr_blocks.0": "0.0.0.0/0",
                            "ingress.1403647648.from_port": "0",
                            "ingress.1403647648.protocol": "tcp",
                            "ingress.1403647648.security_groups.#": "0",
                            "ingress.1403647648.self": "false",
                            "ingress.1403647648.to_port": "65535",
                            "name": "jra-sg-latest-us-east-1-private-app-api-service",
                            "owner_id": "193862077204",
                            "tags.%": "2",
                            "tags.Name": "jra-sg-latest-us-east-1-private-app-api-service",
                            "tags.environment": "latest",
                            "vpc_id": "vpc-15903873"
                        },
                        "meta": {},
                        "tainted": false
                    },
                    "deposed": [],
                    "provider": ""
                },
                "aws_subnet.az-3-private": {
                    "type": "aws_subnet",
                    "depends_on": [
                        "aws_vpc.jra_vpc"
                    ],
                    "primary": {
                        "id": "subnet-a0dfbbfb",
                        "attributes": {
                            "availability_zone": "us-east-1c",
                            "cidr_block": "10.0.5.0/24",
                            "id": "subnet-a0dfbbfb",
                            "map_public_ip_on_launch": "true",
                            "tags.%": "3",
                            "tags.Name": "jra-subnet-latest-us-east-1c-private",
                            "tags.environment": "latest",
                            "tags.failure_zone": "us-east-1-az-3",
                            "vpc_id": "vpc-15903873"
                        },
                        "meta": {},
                        "tainted": false
                    },
                    "deposed": [],
                    "provider": ""
                },
                "aws_vpc.jra_vpc": {
                    "type": "aws_vpc",
                    "depends_on": [],
                    "primary": {
                        "id": "vpc-15903873",
                        "attributes": {
                            "cidr_block": "10.0.0.0/16",
                            "default_network_acl_id": "acl-4f9eef29",
                            "default_route_table_id": "rtb-8810f3f1",
                            "default_security_group_id": "sg-1f5f4662",
                            "dhcp_options_id": "dopt-46ffb622",
                            "enable_classiclink": "false",
                            "enable_dns_hostnames": "true",
                            "enable_dns_support": "true",
                            "id": "vpc-15903873",
                            "instance_tenancy": "default",
                            "main_route_table_id": "rtb-8810f3f1",
                            "tags.%": "2",
                            "tags.Name": "jra-vpc-latest-us-east-1",
                            "tags.environment": "latest"
                        },
                        "meta": {},
                        "tainted": false
                    },
                    "deposed": [],
                    "provider": ""
                }
            },
            "depends_on": []
        }
    ]
}
