{
    "version": 3,
    "terraform_version": "0.7.13",
    "serial": 18,
    "lineage": "1f9aa153-f4aa-4bd6-adc3-6aa80c738d89",
    "modules": [
        {
            "path": [
                "root"
            ],
            "outputs": {},
            "resources": {
                "aws_eip.az-2-public": {
                    "type": "aws_eip",
                    "depends_on": [],
                    "primary": {
                        "id": "eipalloc-bc25eb82",
                        "attributes": {
                            "association_id": "",
                            "domain": "vpc",
                            "id": "eipalloc-bc25eb82",
                            "instance": "",
                            "network_interface": "",
                            "private_ip": "",
                            "public_ip": "34.195.147.159",
                            "vpc": "true"
                        },
                        "meta": {},
                        "tainted": false
                    },
                    "deposed": [],
                    "provider": ""
                },
                "aws_eip.az-3-public": {
                    "type": "aws_eip",
                    "depends_on": [],
                    "primary": {
                        "id": "eipalloc-bd25eb83",
                        "attributes": {
                            "association_id": "",
                            "domain": "vpc",
                            "id": "eipalloc-bd25eb83",
                            "instance": "",
                            "network_interface": "",
                            "private_ip": "",
                            "public_ip": "34.194.169.253",
                            "vpc": "true"
                        },
                        "meta": {},
                        "tainted": false
                    },
                    "deposed": [],
                    "provider": ""
                },
                "aws_instance.app-api-service-az-1": {
                    "type": "aws_instance",
                    "depends_on": [
                        "aws_security_group.private_app-api-service",
                        "aws_subnet.az-1-private"
                    ],
                    "primary": {
                        "id": "i-0790a61abbc79b006",
                        "attributes": {
                            "ami": "ami-2e849339",
                            "associate_public_ip_address": "true",
                            "availability_zone": "us-east-1a",
                            "disable_api_termination": "false",
                            "ebs_block_device.#": "0",
                            "ebs_optimized": "false",
                            "ephemeral_block_device.#": "0",
                            "iam_instance_profile": "",
                            "id": "i-0790a61abbc79b006",
                            "instance_state": "running",
                            "instance_type": "t2.micro",
                            "key_name": "jra-build",
                            "monitoring": "false",
                            "network_interface_id": "eni-c1623530",
                            "private_dns": "ip-10-0-1-228.ec2.internal",
                            "private_ip": "10.0.1.228",
                            "public_dns": "ec2-54-167-217-232.compute-1.amazonaws.com",
                            "public_ip": "54.167.217.232",
                            "root_block_device.#": "1",
                            "root_block_device.0.delete_on_termination": "true",
                            "root_block_device.0.iops": "100",
                            "root_block_device.0.volume_size": "8",
                            "root_block_device.0.volume_type": "gp2",
                            "security_groups.#": "0",
                            "source_dest_check": "true",
                            "subnet_id": "subnet-fb0f6ed6",
                            "tags.%": "8",
                            "tags.Name": "jra-instance.swarm-node.app-api-service.latest.us-east-1a",
                            "tags.environment": "latest",
                            "tags.environment-size": "small",
                            "tags.environment_type": "latest",
                            "tags.failure_zone": "us-east-1-az-1",
                            "tags.subnet-type": "private",
                            "tags.swarm-instance-type": "swarm-node",
                            "tags.swarm-node-type": "app-api-service",
                            "tenancy": "default",
                            "vpc_security_group_ids.#": "1",
                            "vpc_security_group_ids.1955561727": "sg-96cec0eb"
                        },
                        "meta": {
                            "schema_version": "1"
                        },
                        "tainted": false
                    },
                    "deposed": [],
                    "provider": ""
                },
                "aws_instance.app-api-service-az-2": {
                    "type": "aws_instance",
                    "depends_on": [
                        "aws_security_group.private_app-api-service",
                        "aws_subnet.az-2-private"
                    ],
                    "primary": {
                        "id": "i-0f04c98a92c9edaff",
                        "attributes": {
                            "ami": "ami-2e849339",
                            "associate_public_ip_address": "true",
                            "availability_zone": "us-east-1b",
                            "disable_api_termination": "false",
                            "ebs_block_device.#": "0",
                            "ebs_optimized": "false",
                            "ephemeral_block_device.#": "0",
                            "iam_instance_profile": "",
                            "id": "i-0f04c98a92c9edaff",
                            "instance_state": "running",
                            "instance_type": "t2.micro",
                            "key_name": "jra-build",
                            "monitoring": "false",
                            "network_interface_id": "eni-ed537702",
                            "private_dns": "ip-10-0-3-170.ec2.internal",
                            "private_ip": "10.0.3.170",
                            "public_dns": "ec2-54-82-239-235.compute-1.amazonaws.com",
                            "public_ip": "54.82.239.235",
                            "root_block_device.#": "1",
                            "root_block_device.0.delete_on_termination": "true",
                            "root_block_device.0.iops": "100",
                            "root_block_device.0.volume_size": "8",
                            "root_block_device.0.volume_type": "gp2",
                            "security_groups.#": "0",
                            "source_dest_check": "true",
                            "subnet_id": "subnet-adf6a0e4",
                            "tags.%": "8",
                            "tags.Name": "jra-instance.swarm-node.app-api-service.latest.us-east-1b",
                            "tags.environment": "latest",
                            "tags.environment-size": "small",
                            "tags.environment_type": "latest",
                            "tags.failure_zone": "us-east-1-az-2",
                            "tags.subnet-type": "private",
                            "tags.swarm-instance-type": "swarm-node",
                            "tags.swarm-node-type": "app-api-service",
                            "tenancy": "default",
                            "vpc_security_group_ids.#": "1",
                            "vpc_security_group_ids.1955561727": "sg-96cec0eb"
                        },
                        "meta": {
                            "schema_version": "1"
                        },
                        "tainted": false
                    },
                    "deposed": [],
                    "provider": ""
                },
                "aws_instance.app-api-service-az-3": {
                    "type": "aws_instance",
                    "depends_on": [
                        "aws_security_group.private_app-api-service",
                        "aws_subnet.az-3-private"
                    ],
                    "primary": {
                        "id": "i-02b8a5bc1bc7b2e61",
                        "attributes": {
                            "ami": "ami-2e849339",
                            "associate_public_ip_address": "true",
                            "availability_zone": "us-east-1c",
                            "disable_api_termination": "false",
                            "ebs_block_device.#": "0",
                            "ebs_optimized": "false",
                            "ephemeral_block_device.#": "0",
                            "iam_instance_profile": "",
                            "id": "i-02b8a5bc1bc7b2e61",
                            "instance_state": "running",
                            "instance_type": "t2.micro",
                            "key_name": "jra-build",
                            "monitoring": "false",
                            "network_interface_id": "eni-bf7a0d7c",
                            "private_dns": "ip-10-0-5-217.ec2.internal",
                            "private_ip": "10.0.5.217",
                            "public_dns": "ec2-54-88-210-48.compute-1.amazonaws.com",
                            "public_ip": "54.88.210.48",
                            "root_block_device.#": "1",
                            "root_block_device.0.delete_on_termination": "true",
                            "root_block_device.0.iops": "100",
                            "root_block_device.0.volume_size": "8",
                            "root_block_device.0.volume_type": "gp2",
                            "security_groups.#": "0",
                            "source_dest_check": "true",
                            "subnet_id": "subnet-4e5bc215",
                            "tags.%": "8",
                            "tags.Name": "jra-instance.swarm-node.app-api-service.latest.us-east-1c",
                            "tags.environment": "latest",
                            "tags.environment-size": "small",
                            "tags.environment_type": "latest",
                            "tags.failure_zone": "us-east-1-az-3",
                            "tags.subnet-type": "private",
                            "tags.swarm-instance-type": "swarm-node",
                            "tags.swarm-node-type": "app-api-service",
                            "tenancy": "default",
                            "vpc_security_group_ids.#": "1",
                            "vpc_security_group_ids.1955561727": "sg-96cec0eb"
                        },
                        "meta": {
                            "schema_version": "1"
                        },
                        "tainted": false
                    },
                    "deposed": [],
                    "provider": ""
                },
                "aws_instance.app-persistence-az-1": {
                    "type": "aws_instance",
                    "depends_on": [
                        "aws_security_group.private_app-persistence",
                        "aws_subnet.az-1-private"
                    ],
                    "primary": {
                        "id": "i-044bf5ab9704743b5",
                        "attributes": {
                            "ami": "ami-2e849339",
                            "associate_public_ip_address": "true",
                            "availability_zone": "us-east-1a",
                            "disable_api_termination": "false",
                            "ebs_block_device.#": "0",
                            "ebs_optimized": "false",
                            "ephemeral_block_device.#": "0",
                            "iam_instance_profile": "",
                            "id": "i-044bf5ab9704743b5",
                            "instance_state": "running",
                            "instance_type": "t2.micro",
                            "key_name": "jra-build",
                            "monitoring": "false",
                            "network_interface_id": "eni-e87a2d19",
                            "private_dns": "ip-10-0-1-72.ec2.internal",
                            "private_ip": "10.0.1.72",
                            "public_dns": "ec2-54-172-235-15.compute-1.amazonaws.com",
                            "public_ip": "54.172.235.15",
                            "root_block_device.#": "1",
                            "root_block_device.0.delete_on_termination": "true",
                            "root_block_device.0.iops": "100",
                            "root_block_device.0.volume_size": "8",
                            "root_block_device.0.volume_type": "gp2",
                            "security_groups.#": "0",
                            "source_dest_check": "true",
                            "subnet_id": "subnet-fb0f6ed6",
                            "tags.%": "8",
                            "tags.Name": "jra-instance.swarm-node.app-persistence.latest.us-east-1a",
                            "tags.environment": "latest",
                            "tags.environment-size": "small",
                            "tags.environment_type": "latest",
                            "tags.failure_zone": "us-east-1-az-1",
                            "tags.subnet-type": "private",
                            "tags.swarm-instance-type": "swarm-node",
                            "tags.swarm-node-type": "app-persistence",
                            "tenancy": "default",
                            "vpc_security_group_ids.#": "1",
                            "vpc_security_group_ids.3325005543": "sg-91cec0ec"
                        },
                        "meta": {
                            "schema_version": "1"
                        },
                        "tainted": false
                    },
                    "deposed": [],
                    "provider": ""
                },
                "aws_instance.app-persistence-az-2": {
                    "type": "aws_instance",
                    "depends_on": [
                        "aws_security_group.private_app-persistence",
                        "aws_subnet.az-2-private"
                    ],
                    "primary": {
                        "id": "i-018a32459d6d11ac2",
                        "attributes": {
                            "ami": "ami-2e849339",
                            "associate_public_ip_address": "true",
                            "availability_zone": "us-east-1b",
                            "disable_api_termination": "false",
                            "ebs_block_device.#": "0",
                            "ebs_optimized": "false",
                            "ephemeral_block_device.#": "0",
                            "iam_instance_profile": "",
                            "id": "i-018a32459d6d11ac2",
                            "instance_state": "running",
                            "instance_type": "t2.micro",
                            "key_name": "jra-build",
                            "monitoring": "false",
                            "network_interface_id": "eni-154a6efa",
                            "private_dns": "ip-10-0-3-100.ec2.internal",
                            "private_ip": "10.0.3.100",
                            "public_dns": "ec2-54-209-96-36.compute-1.amazonaws.com",
                            "public_ip": "54.209.96.36",
                            "root_block_device.#": "1",
                            "root_block_device.0.delete_on_termination": "true",
                            "root_block_device.0.iops": "100",
                            "root_block_device.0.volume_size": "8",
                            "root_block_device.0.volume_type": "gp2",
                            "security_groups.#": "0",
                            "source_dest_check": "true",
                            "subnet_id": "subnet-adf6a0e4",
                            "tags.%": "8",
                            "tags.Name": "jra-instance.swarm-node.app-persistence.latest.us-east-1b",
                            "tags.environment": "latest",
                            "tags.environment-size": "small",
                            "tags.environment_type": "latest",
                            "tags.failure_zone": "us-east-1-az-2",
                            "tags.subnet-type": "private",
                            "tags.swarm-instance-type": "swarm-node",
                            "tags.swarm-node-type": "app-persistence",
                            "tenancy": "default",
                            "vpc_security_group_ids.#": "1",
                            "vpc_security_group_ids.3325005543": "sg-91cec0ec"
                        },
                        "meta": {
                            "schema_version": "1"
                        },
                        "tainted": false
                    },
                    "deposed": [],
                    "provider": ""
                },
                "aws_instance.app-persistence-az-3": {
                    "type": "aws_instance",
                    "depends_on": [
                        "aws_security_group.private_app-persistence",
                        "aws_subnet.az-3-private"
                    ],
                    "primary": {
                        "id": "i-060a37aaf73107f77",
                        "attributes": {
                            "ami": "ami-2e849339",
                            "associate_public_ip_address": "true",
                            "availability_zone": "us-east-1c",
                            "disable_api_termination": "false",
                            "ebs_block_device.#": "0",
                            "ebs_optimized": "false",
                            "ephemeral_block_device.#": "0",
                            "iam_instance_profile": "",
                            "id": "i-060a37aaf73107f77",
                            "instance_state": "running",
                            "instance_type": "t2.micro",
                            "key_name": "jra-build",
                            "monitoring": "false",
                            "network_interface_id": "eni-967e0955",
                            "private_dns": "ip-10-0-5-247.ec2.internal",
                            "private_ip": "10.0.5.247",
                            "public_dns": "ec2-54-175-101-124.compute-1.amazonaws.com",
                            "public_ip": "54.175.101.124",
                            "root_block_device.#": "1",
                            "root_block_device.0.delete_on_termination": "true",
                            "root_block_device.0.iops": "100",
                            "root_block_device.0.volume_size": "8",
                            "root_block_device.0.volume_type": "gp2",
                            "security_groups.#": "0",
                            "source_dest_check": "true",
                            "subnet_id": "subnet-4e5bc215",
                            "tags.%": "8",
                            "tags.Name": "jra-instance.swarm-node.app-persistence.latest.us-east-1c",
                            "tags.environment": "latest",
                            "tags.environment-size": "small",
                            "tags.environment_type": "latest",
                            "tags.failure_zone": "us-east-1-az-3",
                            "tags.subnet-type": "private",
                            "tags.swarm-instance-type": "swarm-node",
                            "tags.swarm-node-type": "app-persistence",
                            "tenancy": "default",
                            "vpc_security_group_ids.#": "1",
                            "vpc_security_group_ids.3325005543": "sg-91cec0ec"
                        },
                        "meta": {
                            "schema_version": "1"
                        },
                        "tainted": false
                    },
                    "deposed": [],
                    "provider": ""
                },
                "aws_instance.app-ui-web-az-1": {
                    "type": "aws_instance",
                    "depends_on": [
                        "aws_security_group.public_app-ui-web",
                        "aws_subnet.az-1-public"
                    ],
                    "primary": {
                        "id": "i-09b18f288bbffa547",
                        "attributes": {
                            "ami": "ami-2e849339",
                            "associate_public_ip_address": "true",
                            "availability_zone": "us-east-1a",
                            "disable_api_termination": "false",
                            "ebs_block_device.#": "0",
                            "ebs_optimized": "false",
                            "ephemeral_block_device.#": "0",
                            "iam_instance_profile": "",
                            "id": "i-09b18f288bbffa547",
                            "instance_state": "running",
                            "instance_type": "t2.micro",
                            "key_name": "jra-build",
                            "monitoring": "false",
                            "network_interface_id": "eni-8a63347b",
                            "private_dns": "ip-10-0-0-219.ec2.internal",
                            "private_ip": "10.0.0.219",
                            "public_dns": "ec2-54-159-117-252.compute-1.amazonaws.com",
                            "public_ip": "54.159.117.252",
                            "root_block_device.#": "1",
                            "root_block_device.0.delete_on_termination": "true",
                            "root_block_device.0.iops": "100",
                            "root_block_device.0.volume_size": "8",
                            "root_block_device.0.volume_type": "gp2",
                            "security_groups.#": "0",
                            "source_dest_check": "true",
                            "subnet_id": "subnet-cd0f6ee0",
                            "tags.%": "8",
                            "tags.Name": "jra-instance.swarm-node.app-ui-web.latest.us-east-1a",
                            "tags.environment": "latest",
                            "tags.environment-size": "small",
                            "tags.environment_type": "latest",
                            "tags.failure_zone": "us-east-1-az-1",
                            "tags.subnet-type": "public",
                            "tags.swarm-instance-type": "swarm-node",
                            "tags.swarm-node-type": "app-ui-web",
                            "tenancy": "default",
                            "vpc_security_group_ids.#": "1",
                            "vpc_security_group_ids.2498473747": "sg-79cfc104"
                        },
                        "meta": {
                            "schema_version": "1"
                        },
                        "tainted": false
                    },
                    "deposed": [],
                    "provider": ""
                },
                "aws_instance.app-ui-web-az-2": {
                    "type": "aws_instance",
                    "depends_on": [
                        "aws_security_group.public_app-ui-web",
                        "aws_subnet.az-2-public"
                    ],
                    "primary": {
                        "id": "i-001e3e70e7e2f7de8",
                        "attributes": {
                            "ami": "ami-2e849339",
                            "associate_public_ip_address": "true",
                            "availability_zone": "us-east-1b",
                            "disable_api_termination": "false",
                            "ebs_block_device.#": "0",
                            "ebs_optimized": "false",
                            "ephemeral_block_device.#": "0",
                            "iam_instance_profile": "",
                            "id": "i-001e3e70e7e2f7de8",
                            "instance_state": "running",
                            "instance_type": "t2.micro",
                            "key_name": "jra-build",
                            "monitoring": "false",
                            "network_interface_id": "eni-205377cf",
                            "private_dns": "ip-10-0-2-87.ec2.internal",
                            "private_ip": "10.0.2.87",
                            "public_dns": "ec2-54-166-255-128.compute-1.amazonaws.com",
                            "public_ip": "54.166.255.128",
                            "root_block_device.#": "1",
                            "root_block_device.0.delete_on_termination": "true",
                            "root_block_device.0.iops": "100",
                            "root_block_device.0.volume_size": "8",
                            "root_block_device.0.volume_type": "gp2",
                            "security_groups.#": "0",
                            "source_dest_check": "true",
                            "subnet_id": "subnet-aaf6a0e3",
                            "tags.%": "8",
                            "tags.Name": "jra-instance.swarm-node.app-ui-web.latest.us-east-1b",
                            "tags.environment": "latest",
                            "tags.environment-size": "small",
                            "tags.environment_type": "latest",
                            "tags.failure_zone": "us-east-1-az-2",
                            "tags.subnet-type": "public",
                            "tags.swarm-instance-type": "swarm-node",
                            "tags.swarm-node-type": "app-ui-web",
                            "tenancy": "default",
                            "vpc_security_group_ids.#": "1",
                            "vpc_security_group_ids.2498473747": "sg-79cfc104"
                        },
                        "meta": {
                            "schema_version": "1"
                        },
                        "tainted": false
                    },
                    "deposed": [],
                    "provider": ""
                },
                "aws_instance.app-ui-web-az-3": {
                    "type": "aws_instance",
                    "depends_on": [
                        "aws_security_group.public_app-ui-web",
                        "aws_subnet.az-3-public"
                    ],
                    "primary": {
                        "id": "i-0045a168f8840a886",
                        "attributes": {
                            "ami": "ami-2e849339",
                            "associate_public_ip_address": "true",
                            "availability_zone": "us-east-1c",
                            "disable_api_termination": "false",
                            "ebs_block_device.#": "0",
                            "ebs_optimized": "false",
                            "ephemeral_block_device.#": "0",
                            "iam_instance_profile": "",
                            "id": "i-0045a168f8840a886",
                            "instance_state": "running",
                            "instance_type": "t2.micro",
                            "key_name": "jra-build",
                            "monitoring": "false",
                            "network_interface_id": "eni-3f7f08fc",
                            "private_dns": "ip-10-0-4-43.ec2.internal",
                            "private_ip": "10.0.4.43",
                            "public_dns": "ec2-54-173-210-91.compute-1.amazonaws.com",
                            "public_ip": "54.173.210.91",
                            "root_block_device.#": "1",
                            "root_block_device.0.delete_on_termination": "true",
                            "root_block_device.0.iops": "100",
                            "root_block_device.0.volume_size": "8",
                            "root_block_device.0.volume_type": "gp2",
                            "security_groups.#": "0",
                            "source_dest_check": "true",
                            "subnet_id": "subnet-4d5bc216",
                            "tags.%": "8",
                            "tags.Name": "jra-instance.swarm-node.app-ui-web.latest.us-east-1c",
                            "tags.environment": "latest",
                            "tags.environment-size": "small",
                            "tags.environment_type": "latest",
                            "tags.failure_zone": "us-east-1-az-3",
                            "tags.subnet-type": "public",
                            "tags.swarm-instance-type": "swarm-node",
                            "tags.swarm-node-type": "app-ui-web",
                            "tenancy": "default",
                            "vpc_security_group_ids.#": "1",
                            "vpc_security_group_ids.2498473747": "sg-79cfc104"
                        },
                        "meta": {
                            "schema_version": "1"
                        },
                        "tainted": false
                    },
                    "deposed": [],
                    "provider": ""
                },
                "aws_instance.swarm-manager-az-1": {
                    "type": "aws_instance",
                    "depends_on": [
                        "aws_security_group.private_swarm-manager",
                        "aws_subnet.az-1-private"
                    ],
                    "primary": {
                        "id": "i-0ed3178a55525427c",
                        "attributes": {
                            "ami": "ami-2e849339",
                            "associate_public_ip_address": "true",
                            "availability_zone": "us-east-1a",
                            "disable_api_termination": "false",
                            "ebs_block_device.#": "0",
                            "ebs_optimized": "false",
                            "ephemeral_block_device.#": "0",
                            "iam_instance_profile": "",
                            "id": "i-0ed3178a55525427c",
                            "instance_state": "running",
                            "instance_type": "t2.micro",
                            "key_name": "jra-build",
                            "monitoring": "false",
                            "network_interface_id": "eni-5d6730ac",
                            "private_dns": "ip-10-0-1-99.ec2.internal",
                            "private_ip": "10.0.1.99",
                            "public_dns": "ec2-54-166-182-246.compute-1.amazonaws.com",
                            "public_ip": "54.166.182.246",
                            "root_block_device.#": "1",
                            "root_block_device.0.delete_on_termination": "true",
                            "root_block_device.0.iops": "100",
                            "root_block_device.0.volume_size": "8",
                            "root_block_device.0.volume_type": "gp2",
                            "security_groups.#": "0",
                            "source_dest_check": "true",
                            "subnet_id": "subnet-fb0f6ed6",
                            "tags.%": "8",
                            "tags.Name": "jra-instance.swarm-manager.manager.latest.us-east-1a",
                            "tags.environment": "latest",
                            "tags.environment-size": "small",
                            "tags.environment_type": "latest",
                            "tags.failure_zone": "us-east-1-az-1",
                            "tags.subnet-type": "private",
                            "tags.swarm-instance-type": "swarm-manager",
                            "tags.swarm-node-type": "swarm-manager",
                            "tenancy": "default",
                            "vpc_security_group_ids.#": "1",
                            "vpc_security_group_ids.2720472036": "sg-8dcec0f0"
                        },
                        "meta": {
                            "schema_version": "1"
                        },
                        "tainted": false
                    },
                    "deposed": [],
                    "provider": ""
                },
                "aws_instance.swarm-manager-az-2": {
                    "type": "aws_instance",
                    "depends_on": [
                        "aws_security_group.private_swarm-manager",
                        "aws_subnet.az-2-private"
                    ],
                    "primary": {
                        "id": "i-0c89e2af573554e78",
                        "attributes": {
                            "ami": "ami-2e849339",
                            "associate_public_ip_address": "true",
                            "availability_zone": "us-east-1b",
                            "disable_api_termination": "false",
                            "ebs_block_device.#": "0",
                            "ebs_optimized": "false",
                            "ephemeral_block_device.#": "0",
                            "iam_instance_profile": "",
                            "id": "i-0c89e2af573554e78",
                            "instance_state": "running",
                            "instance_type": "t2.micro",
                            "key_name": "jra-build",
                            "monitoring": "false",
                            "network_interface_id": "eni-4c5470a3",
                            "private_dns": "ip-10-0-3-248.ec2.internal",
                            "private_ip": "10.0.3.248",
                            "public_dns": "ec2-54-86-143-14.compute-1.amazonaws.com",
                            "public_ip": "54.86.143.14",
                            "root_block_device.#": "1",
                            "root_block_device.0.delete_on_termination": "true",
                            "root_block_device.0.iops": "100",
                            "root_block_device.0.volume_size": "8",
                            "root_block_device.0.volume_type": "gp2",
                            "security_groups.#": "0",
                            "source_dest_check": "true",
                            "subnet_id": "subnet-adf6a0e4",
                            "tags.%": "8",
                            "tags.Name": "jra-instance.swarm-manager.manager.latest.us-east-1b",
                            "tags.environment": "latest",
                            "tags.environment-size": "small",
                            "tags.environment_type": "latest",
                            "tags.failure_zone": "us-east-1-az-2",
                            "tags.subnet-type": "private",
                            "tags.swarm-instance-type": "swarm-manager",
                            "tags.swarm-node-type": "swarm-manager",
                            "tenancy": "default",
                            "vpc_security_group_ids.#": "1",
                            "vpc_security_group_ids.2720472036": "sg-8dcec0f0"
                        },
                        "meta": {
                            "schema_version": "1"
                        },
                        "tainted": false
                    },
                    "deposed": [],
                    "provider": ""
                },
                "aws_instance.swarm-manager-az-3": {
                    "type": "aws_instance",
                    "depends_on": [
                        "aws_security_group.private_swarm-manager",
                        "aws_subnet.az-3-private"
                    ],
                    "primary": {
                        "id": "i-0a14a682c4fd9b5e6",
                        "attributes": {
                            "ami": "ami-2e849339",
                            "associate_public_ip_address": "true",
                            "availability_zone": "us-east-1c",
                            "disable_api_termination": "false",
                            "ebs_block_device.#": "0",
                            "ebs_optimized": "false",
                            "ephemeral_block_device.#": "0",
                            "iam_instance_profile": "",
                            "id": "i-0a14a682c4fd9b5e6",
                            "instance_state": "running",
                            "instance_type": "t2.micro",
                            "key_name": "jra-build",
                            "monitoring": "false",
                            "network_interface_id": "eni-b87a0d7b",
                            "private_dns": "ip-10-0-5-57.ec2.internal",
                            "private_ip": "10.0.5.57",
                            "public_dns": "ec2-54-86-235-205.compute-1.amazonaws.com",
                            "public_ip": "54.86.235.205",
                            "root_block_device.#": "1",
                            "root_block_device.0.delete_on_termination": "true",
                            "root_block_device.0.iops": "100",
                            "root_block_device.0.volume_size": "8",
                            "root_block_device.0.volume_type": "gp2",
                            "security_groups.#": "0",
                            "source_dest_check": "true",
                            "subnet_id": "subnet-4e5bc215",
                            "tags.%": "8",
                            "tags.Name": "jra-instance.swarm-manager.manager.latest.us-east-1c",
                            "tags.environment": "latest",
                            "tags.environment-size": "small",
                            "tags.environment_type": "latest",
                            "tags.failure_zone": "us-east-1-az-3",
                            "tags.subnet-type": "private",
                            "tags.swarm-instance-type": "swarm-manager",
                            "tags.swarm-node-type": "swarm-manager",
                            "tenancy": "default",
                            "vpc_security_group_ids.#": "1",
                            "vpc_security_group_ids.2720472036": "sg-8dcec0f0"
                        },
                        "meta": {
                            "schema_version": "1"
                        },
                        "tainted": false
                    },
                    "deposed": [],
                    "provider": ""
                },
                "aws_internet_gateway.jra_igw": {
                    "type": "aws_internet_gateway",
                    "depends_on": [
                        "aws_vpc.jra_vpc"
                    ],
                    "primary": {
                        "id": "igw-5d7b173a",
                        "attributes": {
                            "id": "igw-5d7b173a",
                            "tags.%": "2",
                            "tags.Name": "jra-igw-latest-us-east-1",
                            "tags.environment": "latest",
                            "vpc_id": "vpc-e049ea86"
                        },
                        "meta": {},
                        "tainted": false
                    },
                    "deposed": [],
                    "provider": ""
                },
                "aws_nat_gateway.az-2-public": {
                    "type": "aws_nat_gateway",
                    "depends_on": [
                        "aws_eip.az-2-public",
                        "aws_subnet.az-2-public"
                    ],
                    "primary": {
                        "id": "nat-0c5bb06c05b47174a",
                        "attributes": {
                            "allocation_id": "eipalloc-bc25eb82",
                            "id": "nat-0c5bb06c05b47174a",
                            "network_interface_id": "eni-2c5571c3",
                            "private_ip": "10.0.2.144",
                            "public_ip": "34.195.147.159",
                            "subnet_id": "subnet-aaf6a0e3"
                        },
                        "meta": {},
                        "tainted": false
                    },
                    "deposed": [],
                    "provider": ""
                },
                "aws_nat_gateway.az-3-public": {
                    "type": "aws_nat_gateway",
                    "depends_on": [
                        "aws_eip.az-3-public",
                        "aws_subnet.az-3-public"
                    ],
                    "primary": {
                        "id": "nat-0e9d33778453f3b95",
                        "attributes": {
                            "allocation_id": "eipalloc-bd25eb83",
                            "id": "nat-0e9d33778453f3b95",
                            "network_interface_id": "eni-d97a0d1a",
                            "private_ip": "10.0.4.199",
                            "public_ip": "34.194.169.253",
                            "subnet_id": "subnet-4d5bc216"
                        },
                        "meta": {},
                        "tainted": false
                    },
                    "deposed": [],
                    "provider": ""
                },
                "aws_route_table.public": {
                    "type": "aws_route_table",
                    "depends_on": [
                        "aws_internet_gateway.jra_igw",
                        "aws_vpc.jra_vpc"
                    ],
                    "primary": {
                        "id": "rtb-78d5ce1e",
                        "attributes": {
                            "id": "rtb-78d5ce1e",
                            "propagating_vgws.#": "0",
                            "route.#": "1",
                            "route.245695917.cidr_block": "0.0.0.0/0",
                            "route.245695917.gateway_id": "igw-5d7b173a",
                            "route.245695917.instance_id": "",
                            "route.245695917.nat_gateway_id": "",
                            "route.245695917.network_interface_id": "",
                            "route.245695917.vpc_peering_connection_id": "",
                            "tags.%": "2",
                            "tags.Name": "jra-route-table-latest-us-east-1-public",
                            "tags.environment": "latest",
                            "vpc_id": "vpc-e049ea86"
                        },
                        "meta": {},
                        "tainted": false
                    },
                    "deposed": [],
                    "provider": ""
                },
                "aws_route_table_association.az-1-public": {
                    "type": "aws_route_table_association",
                    "depends_on": [
                        "aws_route_table.public",
                        "aws_subnet.az-1-public"
                    ],
                    "primary": {
                        "id": "rtbassoc-ac6091d4",
                        "attributes": {
                            "id": "rtbassoc-ac6091d4",
                            "route_table_id": "rtb-78d5ce1e",
                            "subnet_id": "subnet-cd0f6ee0"
                        },
                        "meta": {},
                        "tainted": false
                    },
                    "deposed": [],
                    "provider": ""
                },
                "aws_route_table_association.az-2-public": {
                    "type": "aws_route_table_association",
                    "depends_on": [
                        "aws_route_table.public",
                        "aws_subnet.az-2-public"
                    ],
                    "primary": {
                        "id": "rtbassoc-af6091d7",
                        "attributes": {
                            "id": "rtbassoc-af6091d7",
                            "route_table_id": "rtb-78d5ce1e",
                            "subnet_id": "subnet-aaf6a0e3"
                        },
                        "meta": {},
                        "tainted": false
                    },
                    "deposed": [],
                    "provider": ""
                },
                "aws_route_table_association.az-3-public": {
                    "type": "aws_route_table_association",
                    "depends_on": [
                        "aws_route_table.public",
                        "aws_subnet.az-3-public"
                    ],
                    "primary": {
                        "id": "rtbassoc-ab6091d3",
                        "attributes": {
                            "id": "rtbassoc-ab6091d3",
                            "route_table_id": "rtb-78d5ce1e",
                            "subnet_id": "subnet-4d5bc216"
                        },
                        "meta": {},
                        "tainted": false
                    },
                    "deposed": [],
                    "provider": ""
                },
                "aws_security_group.private_admin": {
                    "type": "aws_security_group",
                    "depends_on": [
                        "aws_vpc.jra_vpc"
                    ],
                    "primary": {
                        "id": "sg-93cec0ee",
                        "attributes": {
                            "description": "Swarm Nodes that will run containers related to admin apps (timetracking, jira, wikis, etc)",
                            "egress.#": "1",
                            "egress.3581498979.cidr_blocks.#": "1",
                            "egress.3581498979.cidr_blocks.0": "10.0.0.0/16",
                            "egress.3581498979.from_port": "0",
                            "egress.3581498979.prefix_list_ids.#": "0",
                            "egress.3581498979.protocol": "tcp",
                            "egress.3581498979.security_groups.#": "0",
                            "egress.3581498979.self": "false",
                            "egress.3581498979.to_port": "65535",
                            "id": "sg-93cec0ee",
                            "ingress.#": "1",
                            "ingress.3581498979.cidr_blocks.#": "1",
                            "ingress.3581498979.cidr_blocks.0": "10.0.0.0/16",
                            "ingress.3581498979.from_port": "0",
                            "ingress.3581498979.protocol": "tcp",
                            "ingress.3581498979.security_groups.#": "0",
                            "ingress.3581498979.self": "false",
                            "ingress.3581498979.to_port": "65535",
                            "name": "jra-sg-latest-us-east-1-private-admin",
                            "owner_id": "193862077204",
                            "tags.%": "2",
                            "tags.Name": "jra-sg-latest-us-east-1-private-admin",
                            "tags.environment": "latest",
                            "vpc_id": "vpc-e049ea86"
                        },
                        "meta": {},
                        "tainted": false
                    },
                    "deposed": [],
                    "provider": ""
                },
                "aws_security_group.private_app-api-service": {
                    "type": "aws_security_group",
                    "depends_on": [
                        "aws_vpc.jra_vpc"
                    ],
                    "primary": {
                        "id": "sg-96cec0eb",
                        "attributes": {
                            "description": "Swarm Nodes that will run containers related to storage persistence for mangement apps (databases, caches, etc)",
                            "egress.#": "1",
                            "egress.3581498979.cidr_blocks.#": "1",
                            "egress.3581498979.cidr_blocks.0": "10.0.0.0/16",
                            "egress.3581498979.from_port": "0",
                            "egress.3581498979.prefix_list_ids.#": "0",
                            "egress.3581498979.protocol": "tcp",
                            "egress.3581498979.security_groups.#": "0",
                            "egress.3581498979.self": "false",
                            "egress.3581498979.to_port": "65535",
                            "id": "sg-96cec0eb",
                            "ingress.#": "1",
                            "ingress.3581498979.cidr_blocks.#": "1",
                            "ingress.3581498979.cidr_blocks.0": "10.0.0.0/16",
                            "ingress.3581498979.from_port": "0",
                            "ingress.3581498979.protocol": "tcp",
                            "ingress.3581498979.security_groups.#": "0",
                            "ingress.3581498979.self": "false",
                            "ingress.3581498979.to_port": "65535",
                            "name": "jra-sg-latest-us-east-1-private-app-api-service",
                            "owner_id": "193862077204",
                            "tags.%": "2",
                            "tags.Name": "jra-sg-latest-us-east-1-private-app-api-service",
                            "tags.environment": "latest",
                            "vpc_id": "vpc-e049ea86"
                        },
                        "meta": {},
                        "tainted": false
                    },
                    "deposed": [],
                    "provider": ""
                },
                "aws_security_group.private_app-persistence": {
                    "type": "aws_security_group",
                    "depends_on": [
                        "aws_vpc.jra_vpc"
                    ],
                    "primary": {
                        "id": "sg-91cec0ec",
                        "attributes": {
                            "description": "Swarm Nodes that will run containers related to storage persistence for mangement apps (databases, caches, etc)",
                            "egress.#": "1",
                            "egress.3581498979.cidr_blocks.#": "1",
                            "egress.3581498979.cidr_blocks.0": "10.0.0.0/16",
                            "egress.3581498979.from_port": "0",
                            "egress.3581498979.prefix_list_ids.#": "0",
                            "egress.3581498979.protocol": "tcp",
                            "egress.3581498979.security_groups.#": "0",
                            "egress.3581498979.self": "false",
                            "egress.3581498979.to_port": "65535",
                            "id": "sg-91cec0ec",
                            "ingress.#": "1",
                            "ingress.3581498979.cidr_blocks.#": "1",
                            "ingress.3581498979.cidr_blocks.0": "10.0.0.0/16",
                            "ingress.3581498979.from_port": "0",
                            "ingress.3581498979.protocol": "tcp",
                            "ingress.3581498979.security_groups.#": "0",
                            "ingress.3581498979.self": "false",
                            "ingress.3581498979.to_port": "65535",
                            "name": "jra-sg-latest-us-east-1-private-app-persistence",
                            "owner_id": "193862077204",
                            "tags.%": "2",
                            "tags.Name": "jra-sg-latest-us-east-1-private-app-persistence",
                            "tags.environment": "latest",
                            "vpc_id": "vpc-e049ea86"
                        },
                        "meta": {},
                        "tainted": false
                    },
                    "deposed": [],
                    "provider": ""
                },
                "aws_security_group.private_management": {
                    "type": "aws_security_group",
                    "depends_on": [
                        "aws_vpc.jra_vpc"
                    ],
                    "primary": {
                        "id": "sg-7bcfc106",
                        "attributes": {
                            "description": "Swarm Nodes that will run containers related to storage persistence for mangement apps (databases, caches, etc)",
                            "egress.#": "1",
                            "egress.3581498979.cidr_blocks.#": "1",
                            "egress.3581498979.cidr_blocks.0": "10.0.0.0/16",
                            "egress.3581498979.from_port": "0",
                            "egress.3581498979.prefix_list_ids.#": "0",
                            "egress.3581498979.protocol": "tcp",
                            "egress.3581498979.security_groups.#": "0",
                            "egress.3581498979.self": "false",
                            "egress.3581498979.to_port": "65535",
                            "id": "sg-7bcfc106",
                            "ingress.#": "1",
                            "ingress.3581498979.cidr_blocks.#": "1",
                            "ingress.3581498979.cidr_blocks.0": "10.0.0.0/16",
                            "ingress.3581498979.from_port": "0",
                            "ingress.3581498979.protocol": "tcp",
                            "ingress.3581498979.security_groups.#": "0",
                            "ingress.3581498979.self": "false",
                            "ingress.3581498979.to_port": "65535",
                            "name": "jra-sg-latest-us-east-1-private-management",
                            "owner_id": "193862077204",
                            "tags.%": "2",
                            "tags.Name": "jra-sg-latest-us-east-1-private-management",
                            "tags.environment": "latest",
                            "vpc_id": "vpc-e049ea86"
                        },
                        "meta": {},
                        "tainted": false
                    },
                    "deposed": [],
                    "provider": ""
                },
                "aws_security_group.private_management_persistence": {
                    "type": "aws_security_group",
                    "depends_on": [
                        "aws_vpc.jra_vpc"
                    ],
                    "primary": {
                        "id": "sg-90cec0ed",
                        "attributes": {
                            "description": "Swarm Nodes that will run containers related to storage persistence for mangement apps (databases, caches, etc)",
                            "egress.#": "1",
                            "egress.3581498979.cidr_blocks.#": "1",
                            "egress.3581498979.cidr_blocks.0": "10.0.0.0/16",
                            "egress.3581498979.from_port": "0",
                            "egress.3581498979.prefix_list_ids.#": "0",
                            "egress.3581498979.protocol": "tcp",
                            "egress.3581498979.security_groups.#": "0",
                            "egress.3581498979.self": "false",
                            "egress.3581498979.to_port": "65535",
                            "id": "sg-90cec0ed",
                            "ingress.#": "1",
                            "ingress.3581498979.cidr_blocks.#": "1",
                            "ingress.3581498979.cidr_blocks.0": "10.0.0.0/16",
                            "ingress.3581498979.from_port": "0",
                            "ingress.3581498979.protocol": "tcp",
                            "ingress.3581498979.security_groups.#": "0",
                            "ingress.3581498979.self": "false",
                            "ingress.3581498979.to_port": "65535",
                            "name": "jra-sg-latest-us-east-1-private-management-persistence",
                            "owner_id": "193862077204",
                            "tags.%": "2",
                            "tags.Name": "jra-sg-latest-us-east-1-private-management-persistence",
                            "tags.environment": "latest",
                            "vpc_id": "vpc-e049ea86"
                        },
                        "meta": {},
                        "tainted": false
                    },
                    "deposed": [],
                    "provider": ""
                },
                "aws_security_group.private_monitoring": {
                    "type": "aws_security_group",
                    "depends_on": [
                        "aws_vpc.jra_vpc"
                    ],
                    "primary": {
                        "id": "sg-74cfc109",
                        "attributes": {
                            "description": "Swarm Nodes that will run containers related to monitoring (logging servers, metrics collection, etc",
                            "egress.#": "1",
                            "egress.3581498979.cidr_blocks.#": "1",
                            "egress.3581498979.cidr_blocks.0": "10.0.0.0/16",
                            "egress.3581498979.from_port": "0",
                            "egress.3581498979.prefix_list_ids.#": "0",
                            "egress.3581498979.protocol": "tcp",
                            "egress.3581498979.security_groups.#": "0",
                            "egress.3581498979.self": "false",
                            "egress.3581498979.to_port": "65535",
                            "id": "sg-74cfc109",
                            "ingress.#": "1",
                            "ingress.3581498979.cidr_blocks.#": "1",
                            "ingress.3581498979.cidr_blocks.0": "10.0.0.0/16",
                            "ingress.3581498979.from_port": "0",
                            "ingress.3581498979.protocol": "tcp",
                            "ingress.3581498979.security_groups.#": "0",
                            "ingress.3581498979.self": "false",
                            "ingress.3581498979.to_port": "65535",
                            "name": "jra-sg-latest-us-east-1-private-monitoring",
                            "owner_id": "193862077204",
                            "tags.%": "2",
                            "tags.Name": "jra-sg-latest-us-east-1-private-management-persistence",
                            "tags.environment": "latest",
                            "vpc_id": "vpc-e049ea86"
                        },
                        "meta": {},
                        "tainted": false
                    },
                    "deposed": [],
                    "provider": ""
                },
                "aws_security_group.private_swarm-manager": {
                    "type": "aws_security_group",
                    "depends_on": [
                        "aws_vpc.jra_vpc"
                    ],
                    "primary": {
                        "id": "sg-8dcec0f0",
                        "attributes": {
                            "description": "Swarm Nodes that will run containers related to builds \u0026 CI / CD pipelines",
                            "egress.#": "1",
                            "egress.3581498979.cidr_blocks.#": "1",
                            "egress.3581498979.cidr_blocks.0": "10.0.0.0/16",
                            "egress.3581498979.from_port": "0",
                            "egress.3581498979.prefix_list_ids.#": "0",
                            "egress.3581498979.protocol": "tcp",
                            "egress.3581498979.security_groups.#": "0",
                            "egress.3581498979.self": "false",
                            "egress.3581498979.to_port": "65535",
                            "id": "sg-8dcec0f0",
                            "ingress.#": "1",
                            "ingress.3581498979.cidr_blocks.#": "1",
                            "ingress.3581498979.cidr_blocks.0": "10.0.0.0/16",
                            "ingress.3581498979.from_port": "0",
                            "ingress.3581498979.protocol": "tcp",
                            "ingress.3581498979.security_groups.#": "0",
                            "ingress.3581498979.self": "false",
                            "ingress.3581498979.to_port": "65535",
                            "name": "jra-sg-latest-us-east-1-private-build",
                            "owner_id": "193862077204",
                            "tags.%": "2",
                            "tags.Name": "jra-sg-latest-us-east-1-private-build",
                            "tags.environment": "latest",
                            "vpc_id": "vpc-e049ea86"
                        },
                        "meta": {},
                        "tainted": false
                    },
                    "deposed": [],
                    "provider": ""
                },
                "aws_security_group.public_app-api-web": {
                    "type": "aws_security_group",
                    "depends_on": [
                        "aws_vpc.jra_vpc"
                    ],
                    "primary": {
                        "id": "sg-97cec0ea",
                        "attributes": {
                            "description": "Security groups for public web apis",
                            "egress.#": "1",
                            "egress.3581498979.cidr_blocks.#": "1",
                            "egress.3581498979.cidr_blocks.0": "10.0.0.0/16",
                            "egress.3581498979.from_port": "0",
                            "egress.3581498979.prefix_list_ids.#": "0",
                            "egress.3581498979.protocol": "tcp",
                            "egress.3581498979.security_groups.#": "0",
                            "egress.3581498979.self": "false",
                            "egress.3581498979.to_port": "65535",
                            "id": "sg-97cec0ea",
                            "ingress.#": "1",
                            "ingress.3581498979.cidr_blocks.#": "1",
                            "ingress.3581498979.cidr_blocks.0": "10.0.0.0/16",
                            "ingress.3581498979.from_port": "0",
                            "ingress.3581498979.protocol": "tcp",
                            "ingress.3581498979.security_groups.#": "0",
                            "ingress.3581498979.self": "false",
                            "ingress.3581498979.to_port": "65535",
                            "name": "jra-sg-latest-us-east-1-public-app-api-web",
                            "owner_id": "193862077204",
                            "tags.%": "2",
                            "tags.Name": "jra-sg-latest-us-east-1-public-app-api-web",
                            "tags.environment": "latest",
                            "vpc_id": "vpc-e049ea86"
                        },
                        "meta": {},
                        "tainted": false
                    },
                    "deposed": [],
                    "provider": ""
                },
                "aws_security_group.public_app-ui-web": {
                    "type": "aws_security_group",
                    "depends_on": [
                        "aws_vpc.jra_vpc"
                    ],
                    "primary": {
                        "id": "sg-79cfc104",
                        "attributes": {
                            "description": "Security Group for public web ui apps",
                            "egress.#": "1",
                            "egress.3581498979.cidr_blocks.#": "1",
                            "egress.3581498979.cidr_blocks.0": "10.0.0.0/16",
                            "egress.3581498979.from_port": "0",
                            "egress.3581498979.prefix_list_ids.#": "0",
                            "egress.3581498979.protocol": "tcp",
                            "egress.3581498979.security_groups.#": "0",
                            "egress.3581498979.self": "false",
                            "egress.3581498979.to_port": "65535",
                            "id": "sg-79cfc104",
                            "ingress.#": "1",
                            "ingress.3581498979.cidr_blocks.#": "1",
                            "ingress.3581498979.cidr_blocks.0": "10.0.0.0/16",
                            "ingress.3581498979.from_port": "0",
                            "ingress.3581498979.protocol": "tcp",
                            "ingress.3581498979.security_groups.#": "0",
                            "ingress.3581498979.self": "false",
                            "ingress.3581498979.to_port": "65535",
                            "name": "jra-sg-latest-us-east-1-public-app-ui-web",
                            "owner_id": "193862077204",
                            "tags.%": "2",
                            "tags.Name": "jra-sg-latest-us-east-1-public-app-ui-web",
                            "tags.environment": "latest",
                            "vpc_id": "vpc-e049ea86"
                        },
                        "meta": {},
                        "tainted": false
                    },
                    "deposed": [],
                    "provider": ""
                },
                "aws_subnet.az-1-private": {
                    "type": "aws_subnet",
                    "depends_on": [
                        "aws_vpc.jra_vpc"
                    ],
                    "primary": {
                        "id": "subnet-fb0f6ed6",
                        "attributes": {
                            "availability_zone": "us-east-1a",
                            "cidr_block": "10.0.1.0/24",
                            "id": "subnet-fb0f6ed6",
                            "map_public_ip_on_launch": "true",
                            "tags.%": "3",
                            "tags.Name": "jra-subnet-latest-us-east-1a-private",
                            "tags.environment": "latest",
                            "tags.failure_zone": "us-east-1-az-1",
                            "vpc_id": "vpc-e049ea86"
                        },
                        "meta": {},
                        "tainted": false
                    },
                    "deposed": [],
                    "provider": ""
                },
                "aws_subnet.az-1-public": {
                    "type": "aws_subnet",
                    "depends_on": [
                        "aws_vpc.jra_vpc"
                    ],
                    "primary": {
                        "id": "subnet-cd0f6ee0",
                        "attributes": {
                            "availability_zone": "us-east-1a",
                            "cidr_block": "10.0.0.0/24",
                            "id": "subnet-cd0f6ee0",
                            "map_public_ip_on_launch": "true",
                            "tags.%": "3",
                            "tags.Name": "jra-subnet-latest-us-east-1a-public",
                            "tags.environment": "latest",
                            "tags.failure_zone": "us-east-1-az-1",
                            "vpc_id": "vpc-e049ea86"
                        },
                        "meta": {},
                        "tainted": false
                    },
                    "deposed": [],
                    "provider": ""
                },
                "aws_subnet.az-2-private": {
                    "type": "aws_subnet",
                    "depends_on": [
                        "aws_vpc.jra_vpc"
                    ],
                    "primary": {
                        "id": "subnet-adf6a0e4",
                        "attributes": {
                            "availability_zone": "us-east-1b",
                            "cidr_block": "10.0.3.0/24",
                            "id": "subnet-adf6a0e4",
                            "map_public_ip_on_launch": "true",
                            "tags.%": "3",
                            "tags.Name": "jra-subnet-latest-us-east-1b-private",
                            "tags.environment": "latest",
                            "tags.failure_zone": "us-east-1-az-2",
                            "vpc_id": "vpc-e049ea86"
                        },
                        "meta": {},
                        "tainted": false
                    },
                    "deposed": [],
                    "provider": ""
                },
                "aws_subnet.az-2-public": {
                    "type": "aws_subnet",
                    "depends_on": [
                        "aws_vpc.jra_vpc"
                    ],
                    "primary": {
                        "id": "subnet-aaf6a0e3",
                        "attributes": {
                            "availability_zone": "us-east-1b",
                            "cidr_block": "10.0.2.0/24",
                            "id": "subnet-aaf6a0e3",
                            "map_public_ip_on_launch": "true",
                            "tags.%": "3",
                            "tags.Name": "jra-subnet-latest-us-east-1b-public",
                            "tags.environment": "latest",
                            "tags.failure_zone": "us-east-1-az-2",
                            "vpc_id": "vpc-e049ea86"
                        },
                        "meta": {},
                        "tainted": false
                    },
                    "deposed": [],
                    "provider": ""
                },
                "aws_subnet.az-3-private": {
                    "type": "aws_subnet",
                    "depends_on": [
                        "aws_vpc.jra_vpc"
                    ],
                    "primary": {
                        "id": "subnet-4e5bc215",
                        "attributes": {
                            "availability_zone": "us-east-1c",
                            "cidr_block": "10.0.5.0/24",
                            "id": "subnet-4e5bc215",
                            "map_public_ip_on_launch": "true",
                            "tags.%": "3",
                            "tags.Name": "jra-subnet-latest-us-east-1c-private",
                            "tags.environment": "latest",
                            "tags.failure_zone": "us-east-1-az-3",
                            "vpc_id": "vpc-e049ea86"
                        },
                        "meta": {},
                        "tainted": false
                    },
                    "deposed": [],
                    "provider": ""
                },
                "aws_subnet.az-3-public": {
                    "type": "aws_subnet",
                    "depends_on": [
                        "aws_vpc.jra_vpc"
                    ],
                    "primary": {
                        "id": "subnet-4d5bc216",
                        "attributes": {
                            "availability_zone": "us-east-1c",
                            "cidr_block": "10.0.4.0/24",
                            "id": "subnet-4d5bc216",
                            "map_public_ip_on_launch": "true",
                            "tags.%": "3",
                            "tags.Name": "jra-subnet-latest-us-east-1c-public",
                            "tags.environment": "latest",
                            "tags.failure_zone": "us-east-1-az-3",
                            "vpc_id": "vpc-e049ea86"
                        },
                        "meta": {},
                        "tainted": false
                    },
                    "deposed": [],
                    "provider": ""
                },
                "aws_vpc.jra_vpc": {
                    "type": "aws_vpc",
                    "depends_on": [],
                    "primary": {
                        "id": "vpc-e049ea86",
                        "attributes": {
                            "cidr_block": "10.0.0.0/16",
                            "default_network_acl_id": "acl-372d4551",
                            "default_route_table_id": "rtb-6dd5ce0b",
                            "default_security_group_id": "sg-a3cec0de",
                            "dhcp_options_id": "dopt-46ffb622",
                            "enable_classiclink": "false",
                            "enable_dns_hostnames": "true",
                            "enable_dns_support": "true",
                            "id": "vpc-e049ea86",
                            "instance_tenancy": "default",
                            "main_route_table_id": "rtb-6dd5ce0b",
                            "tags.%": "2",
                            "tags.Name": "jra-vpc-latest-us-east-1",
                            "tags.environment": "latest"
                        },
                        "meta": {},
                        "tainted": false
                    },
                    "deposed": [],
                    "provider": ""
                }
            },
            "depends_on": []
        }
    ]
}
