{
    "version": 3,
    "terraform_version": "0.7.13",
    "serial": 13,
    "lineage": "1542ed22-9572-435b-bfe7-2914441e104a",
    "modules": [
        {
            "path": [
                "root"
            ],
            "outputs": {},
            "resources": {
                "aws_eip.az-1-public": {
                    "type": "aws_eip",
                    "depends_on": [],
                    "primary": {
                        "id": "eipalloc-3a5b400b",
                        "attributes": {
                            "association_id": "",
                            "domain": "vpc",
                            "id": "eipalloc-3a5b400b",
                            "instance": "",
                            "network_interface": "",
                            "private_ip": "",
                            "public_ip": "34.225.4.148",
                            "vpc": "true"
                        },
                        "meta": {},
                        "tainted": false
                    },
                    "deposed": [],
                    "provider": ""
                },
                "aws_eip.az-2-public": {
                    "type": "aws_eip",
                    "depends_on": [],
                    "primary": {
                        "id": "eipalloc-895b40b8",
                        "attributes": {
                            "association_id": "",
                            "domain": "vpc",
                            "id": "eipalloc-895b40b8",
                            "instance": "",
                            "network_interface": "",
                            "private_ip": "",
                            "public_ip": "34.224.211.48",
                            "vpc": "true"
                        },
                        "meta": {},
                        "tainted": false
                    },
                    "deposed": [],
                    "provider": ""
                },
                "aws_eip.az-3-public": {
                    "type": "aws_eip",
                    "depends_on": [],
                    "primary": {
                        "id": "eipalloc-63584352",
                        "attributes": {
                            "association_id": "",
                            "domain": "vpc",
                            "id": "eipalloc-63584352",
                            "instance": "",
                            "network_interface": "",
                            "private_ip": "",
                            "public_ip": "34.195.82.83",
                            "vpc": "true"
                        },
                        "meta": {},
                        "tainted": false
                    },
                    "deposed": [],
                    "provider": ""
                },
                "aws_elb.elb-public-logging": {
                    "type": "aws_elb",
                    "depends_on": [
                        "aws_instance.infra-logging-az-1",
                        "aws_instance.infra-logging-az-2",
                        "aws_instance.infra-logging-az-3",
                        "aws_instance.swarm-manager-az-1",
                        "aws_instance.swarm-manager-az-2",
                        "aws_instance.swarm-manager-az-3",
                        "aws_security_group.elb-public-logging",
                        "aws_subnet.az-1-public",
                        "aws_subnet.az-2-public",
                        "aws_subnet.az-3-public",
                        "random_id.env-instance"
                    ],
                    "primary": {
                        "id": "qa1-jra-elb-us-east-1-logging",
                        "attributes": {
                            "access_logs.#": "0",
                            "availability_zones.#": "3",
                            "availability_zones.1305112097": "us-east-1b",
                            "availability_zones.3569565595": "us-east-1a",
                            "availability_zones.986537655": "us-east-1c",
                            "connection_draining": "true",
                            "connection_draining_timeout": "400",
                            "cross_zone_load_balancing": "true",
                            "dns_name": "qa1-jra-elb-us-east-1-logging-254426549.us-east-1.elb.amazonaws.com",
                            "health_check.#": "1",
                            "health_check.0.healthy_threshold": "4",
                            "health_check.0.interval": "15",
                            "health_check.0.target": "TCP:8191",
                            "health_check.0.timeout": "3",
                            "health_check.0.unhealthy_threshold": "4",
                            "id": "qa1-jra-elb-us-east-1-logging",
                            "idle_timeout": "400",
                            "instances.#": "6",
                            "instances.1323278773": "i-020feb3e8db328e69",
                            "instances.1425553540": "i-0658dda4c8528786b",
                            "instances.1537274661": "i-04224298f0ef21668",
                            "instances.2127940670": "i-09cf0b0a39d81795a",
                            "instances.315092225": "i-0288e17a35dac5e0d",
                            "instances.45081935": "i-0055c5b0615c0d430",
                            "internal": "false",
                            "listener.#": "1",
                            "listener.1502618432.instance_port": "8191",
                            "listener.1502618432.instance_protocol": "tcp",
                            "listener.1502618432.lb_port": "8191",
                            "listener.1502618432.lb_protocol": "tcp",
                            "listener.1502618432.ssl_certificate_id": "",
                            "name": "qa1-jra-elb-us-east-1-logging",
                            "security_groups.#": "1",
                            "security_groups.903657116": "sg-7bb7f905",
                            "source_security_group": "478650753675/qa1.jra-sg.us-east-1-logging-elb",
                            "source_security_group_id": "sg-7bb7f905",
                            "subnets.#": "3",
                            "subnets.1074413276": "subnet-988242c2",
                            "subnets.2292710677": "subnet-a43bf088",
                            "subnets.3598979272": "subnet-34281e51",
                            "tags.%": "5",
                            "tags.Name": "qa1-jra-elb-us-east-1-logging",
                            "tags.jra.environment": "qa1",
                            "tags.jra.environment-instance-id": "d8uxbYAyx4c",
                            "tags.jra.environment-size": "small",
                            "tags.jra.environment_type": "latest",
                            "zone_id": "Z35SXDOTRQ7X7K"
                        },
                        "meta": {},
                        "tainted": false
                    },
                    "deposed": [],
                    "provider": ""
                },
                "aws_elb.elb-public-swarm": {
                    "type": "aws_elb",
                    "depends_on": [
                        "aws_instance.app-ui-web-az-1",
                        "aws_instance.app-ui-web-az-2",
                        "aws_instance.app-ui-web-az-3",
                        "aws_security_group.elb-public-swarm",
                        "aws_subnet.az-1-public",
                        "aws_subnet.az-2-public",
                        "aws_subnet.az-3-public",
                        "random_id.env-instance"
                    ],
                    "primary": {
                        "id": "qa1-jra-elb-us-east-1-swarm",
                        "attributes": {
                            "access_logs.#": "0",
                            "availability_zones.#": "3",
                            "availability_zones.1305112097": "us-east-1b",
                            "availability_zones.3569565595": "us-east-1a",
                            "availability_zones.986537655": "us-east-1c",
                            "connection_draining": "true",
                            "connection_draining_timeout": "400",
                            "cross_zone_load_balancing": "true",
                            "dns_name": "qa1-jra-elb-us-east-1-swarm-1317574237.us-east-1.elb.amazonaws.com",
                            "health_check.#": "1",
                            "health_check.0.healthy_threshold": "4",
                            "health_check.0.interval": "15",
                            "health_check.0.target": "TCP:80",
                            "health_check.0.timeout": "3",
                            "health_check.0.unhealthy_threshold": "4",
                            "id": "qa1-jra-elb-us-east-1-swarm",
                            "idle_timeout": "400",
                            "instances.#": "3",
                            "instances.151553335": "i-01e433fd6d486ec5b",
                            "instances.202876034": "i-0f3e98a21ec10de39",
                            "instances.2529429360": "i-09292c02caa2f112c",
                            "internal": "false",
                            "listener.#": "1",
                            "listener.3057123346.instance_port": "80",
                            "listener.3057123346.instance_protocol": "http",
                            "listener.3057123346.lb_port": "80",
                            "listener.3057123346.lb_protocol": "http",
                            "listener.3057123346.ssl_certificate_id": "",
                            "name": "qa1-jra-elb-us-east-1-swarm",
                            "security_groups.#": "1",
                            "security_groups.2388268661": "sg-f9b4fa87",
                            "source_security_group": "478650753675/qa1.jra-sg.us-east-1-swarm-elb",
                            "source_security_group_id": "sg-f9b4fa87",
                            "subnets.#": "3",
                            "subnets.1074413276": "subnet-988242c2",
                            "subnets.2292710677": "subnet-a43bf088",
                            "subnets.3598979272": "subnet-34281e51",
                            "tags.%": "5",
                            "tags.Name": "qa1-jra-elb-us-east-1-swarm",
                            "tags.jra.environment": "qa1",
                            "tags.jra.environment-instance-id": "d8uxbYAyx4c",
                            "tags.jra.environment-size": "small",
                            "tags.jra.environment_type": "latest",
                            "zone_id": "Z35SXDOTRQ7X7K"
                        },
                        "meta": {},
                        "tainted": false
                    },
                    "deposed": [],
                    "provider": ""
                },
                "aws_instance.app-api-service-az-1": {
                    "type": "aws_instance",
                    "depends_on": [
                        "aws_security_group.private_app-api-service",
                        "aws_subnet.az-1-private",
                        "random_id.env-instance"
                    ],
                    "primary": {
                        "id": "i-077f4db2a80886115",
                        "attributes": {
                            "ami": "ami-7a265d6c",
                            "associate_public_ip_address": "true",
                            "availability_zone": "us-east-1a",
                            "disable_api_termination": "false",
                            "ebs_block_device.#": "0",
                            "ebs_optimized": "false",
                            "ephemeral_block_device.#": "0",
                            "iam_instance_profile": "",
                            "id": "i-077f4db2a80886115",
                            "instance_state": "running",
                            "instance_type": "t2.micro",
                            "key_name": "jra-swarm-key-pair",
                            "monitoring": "false",
                            "network_interface_id": "eni-5c1b3b87",
                            "private_dns": "ip-10-0-1-55.ec2.internal",
                            "private_ip": "10.0.1.55",
                            "public_dns": "ec2-54-164-127-51.compute-1.amazonaws.com",
                            "public_ip": "54.164.127.51",
                            "root_block_device.#": "1",
                            "root_block_device.0.delete_on_termination": "true",
                            "root_block_device.0.iops": "100",
                            "root_block_device.0.volume_size": "8",
                            "root_block_device.0.volume_type": "gp2",
                            "security_groups.#": "0",
                            "source_dest_check": "true",
                            "subnet_id": "subnet-f58141af",
                            "tags.%": "9",
                            "tags.Name": "qa1.instance.swarm-worker.app-api-service.qa1.us-east-1a",
                            "tags.jra.environment": "qa1",
                            "tags.jra.environment-instance-id": "d8uxbYAyx4c",
                            "tags.jra.environment-size": "small",
                            "tags.jra.environment_type": "latest",
                            "tags.jra.failure-zone": "us-east-1-az-1",
                            "tags.jra.subnet-type": "private",
                            "tags.jra.swarm-instance-type": "swarm-worker",
                            "tags.jra.swarm-node-type": "app-api-service",
                            "tenancy": "default",
                            "vpc_security_group_ids.#": "1",
                            "vpc_security_group_ids.3129230175": "sg-6fb2fc11"
                        },
                        "meta": {
                            "schema_version": "1"
                        },
                        "tainted": false
                    },
                    "deposed": [],
                    "provider": ""
                },
                "aws_instance.app-api-service-az-2": {
                    "type": "aws_instance",
                    "depends_on": [
                        "aws_security_group.private_app-api-service",
                        "aws_subnet.az-2-private",
                        "random_id.env-instance"
                    ],
                    "primary": {
                        "id": "i-0df0518689844b48f",
                        "attributes": {
                            "ami": "ami-7a265d6c",
                            "associate_public_ip_address": "true",
                            "availability_zone": "us-east-1b",
                            "disable_api_termination": "false",
                            "ebs_block_device.#": "0",
                            "ebs_optimized": "false",
                            "ephemeral_block_device.#": "0",
                            "iam_instance_profile": "",
                            "id": "i-0df0518689844b48f",
                            "instance_state": "running",
                            "instance_type": "t2.micro",
                            "key_name": "jra-swarm-key-pair",
                            "monitoring": "false",
                            "network_interface_id": "eni-90113584",
                            "private_dns": "ip-10-0-3-185.ec2.internal",
                            "private_ip": "10.0.3.185",
                            "public_dns": "ec2-34-200-241-54.compute-1.amazonaws.com",
                            "public_ip": "34.200.241.54",
                            "root_block_device.#": "1",
                            "root_block_device.0.delete_on_termination": "true",
                            "root_block_device.0.iops": "100",
                            "root_block_device.0.volume_size": "8",
                            "root_block_device.0.volume_type": "gp2",
                            "security_groups.#": "0",
                            "source_dest_check": "true",
                            "subnet_id": "subnet-ab2d1bce",
                            "tags.%": "9",
                            "tags.Name": "qa1.instance.swarm-worker.app-api-service.qa1.us-east-1b",
                            "tags.jra.environment": "qa1",
                            "tags.jra.environment-instance-id": "d8uxbYAyx4c",
                            "tags.jra.environment-size": "small",
                            "tags.jra.environment_type": "latest",
                            "tags.jra.failure-zone": "us-east-1-az-2",
                            "tags.jra.subnet-type": "private",
                            "tags.jra.swarm-instance-type": "swarm-worker",
                            "tags.jra.swarm-node-type": "app-api-service",
                            "tenancy": "default",
                            "vpc_security_group_ids.#": "1",
                            "vpc_security_group_ids.3129230175": "sg-6fb2fc11"
                        },
                        "meta": {
                            "schema_version": "1"
                        },
                        "tainted": false
                    },
                    "deposed": [],
                    "provider": ""
                },
                "aws_instance.app-api-service-az-3": {
                    "type": "aws_instance",
                    "depends_on": [
                        "aws_security_group.private_app-api-service",
                        "aws_subnet.az-3-private",
                        "random_id.env-instance"
                    ],
                    "primary": {
                        "id": "i-0df52e05c3405ac86",
                        "attributes": {
                            "ami": "ami-7a265d6c",
                            "associate_public_ip_address": "true",
                            "availability_zone": "us-east-1c",
                            "disable_api_termination": "false",
                            "ebs_block_device.#": "0",
                            "ebs_optimized": "false",
                            "ephemeral_block_device.#": "0",
                            "iam_instance_profile": "",
                            "id": "i-0df52e05c3405ac86",
                            "instance_state": "running",
                            "instance_type": "t2.micro",
                            "key_name": "jra-swarm-key-pair",
                            "monitoring": "false",
                            "network_interface_id": "eni-5cc4a495",
                            "private_dns": "ip-10-0-5-168.ec2.internal",
                            "private_ip": "10.0.5.168",
                            "public_dns": "ec2-34-207-193-110.compute-1.amazonaws.com",
                            "public_ip": "34.207.193.110",
                            "root_block_device.#": "1",
                            "root_block_device.0.delete_on_termination": "true",
                            "root_block_device.0.iops": "100",
                            "root_block_device.0.volume_size": "8",
                            "root_block_device.0.volume_type": "gp2",
                            "security_groups.#": "0",
                            "source_dest_check": "true",
                            "subnet_id": "subnet-0338f32f",
                            "tags.%": "9",
                            "tags.Name": "qa1.instance.swarm-worker.app-api-service.qa1.us-east-1c",
                            "tags.jra.environment": "qa1",
                            "tags.jra.environment-instance-id": "d8uxbYAyx4c",
                            "tags.jra.environment-size": "small",
                            "tags.jra.environment_type": "latest",
                            "tags.jra.failure-zone": "us-east-1-az-3",
                            "tags.jra.subnet-type": "private",
                            "tags.jra.swarm-instance-type": "swarm-worker",
                            "tags.jra.swarm-node-type": "app-api-service",
                            "tenancy": "default",
                            "vpc_security_group_ids.#": "1",
                            "vpc_security_group_ids.3129230175": "sg-6fb2fc11"
                        },
                        "meta": {
                            "schema_version": "1"
                        },
                        "tainted": false
                    },
                    "deposed": [],
                    "provider": ""
                },
                "aws_instance.app-persistence-az-1": {
                    "type": "aws_instance",
                    "depends_on": [
                        "aws_security_group.private_app-persistence",
                        "aws_subnet.az-1-private",
                        "random_id.env-instance"
                    ],
                    "primary": {
                        "id": "i-0caadc1eccef0a26c",
                        "attributes": {
                            "ami": "ami-7a265d6c",
                            "associate_public_ip_address": "true",
                            "availability_zone": "us-east-1a",
                            "disable_api_termination": "false",
                            "ebs_block_device.#": "0",
                            "ebs_optimized": "false",
                            "ephemeral_block_device.#": "0",
                            "iam_instance_profile": "",
                            "id": "i-0caadc1eccef0a26c",
                            "instance_state": "running",
                            "instance_type": "t2.micro",
                            "key_name": "jra-swarm-key-pair",
                            "monitoring": "false",
                            "network_interface_id": "eni-dd1b3b06",
                            "private_dns": "ip-10-0-1-86.ec2.internal",
                            "private_ip": "10.0.1.86",
                            "public_dns": "ec2-52-90-74-199.compute-1.amazonaws.com",
                            "public_ip": "52.90.74.199",
                            "root_block_device.#": "1",
                            "root_block_device.0.delete_on_termination": "true",
                            "root_block_device.0.iops": "100",
                            "root_block_device.0.volume_size": "8",
                            "root_block_device.0.volume_type": "gp2",
                            "security_groups.#": "0",
                            "source_dest_check": "true",
                            "subnet_id": "subnet-f58141af",
                            "tags.%": "9",
                            "tags.Name": "qa1.instance.swarm-worker.app-persistence.qa1.us-east-1a",
                            "tags.jra.environment": "qa1",
                            "tags.jra.environment-instance-id": "d8uxbYAyx4c",
                            "tags.jra.environment-size": "small",
                            "tags.jra.environment_type": "latest",
                            "tags.jra.failure-zone": "us-east-1-az-1",
                            "tags.jra.subnet-type": "private",
                            "tags.jra.swarm-instance-type": "swarm-worker",
                            "tags.jra.swarm-node-type": "app-persistence",
                            "tenancy": "default",
                            "vpc_security_group_ids.#": "1",
                            "vpc_security_group_ids.3903683341": "sg-f6b4fa88"
                        },
                        "meta": {
                            "schema_version": "1"
                        },
                        "tainted": false
                    },
                    "deposed": [],
                    "provider": ""
                },
                "aws_instance.app-persistence-az-2": {
                    "type": "aws_instance",
                    "depends_on": [
                        "aws_security_group.private_app-persistence",
                        "aws_subnet.az-2-private",
                        "random_id.env-instance"
                    ],
                    "primary": {
                        "id": "i-009d7498b7d489a0d",
                        "attributes": {
                            "ami": "ami-7a265d6c",
                            "associate_public_ip_address": "true",
                            "availability_zone": "us-east-1b",
                            "disable_api_termination": "false",
                            "ebs_block_device.#": "0",
                            "ebs_optimized": "false",
                            "ephemeral_block_device.#": "0",
                            "iam_instance_profile": "",
                            "id": "i-009d7498b7d489a0d",
                            "instance_state": "running",
                            "instance_type": "t2.micro",
                            "key_name": "jra-swarm-key-pair",
                            "monitoring": "false",
                            "network_interface_id": "eni-96113582",
                            "private_dns": "ip-10-0-3-109.ec2.internal",
                            "private_ip": "10.0.3.109",
                            "public_dns": "ec2-34-206-1-99.compute-1.amazonaws.com",
                            "public_ip": "34.206.1.99",
                            "root_block_device.#": "1",
                            "root_block_device.0.delete_on_termination": "true",
                            "root_block_device.0.iops": "100",
                            "root_block_device.0.volume_size": "8",
                            "root_block_device.0.volume_type": "gp2",
                            "security_groups.#": "0",
                            "source_dest_check": "true",
                            "subnet_id": "subnet-ab2d1bce",
                            "tags.%": "9",
                            "tags.Name": "qa1.instance.swarm-worker.app-persistence.qa1.us-east-1b",
                            "tags.jra.environment": "qa1",
                            "tags.jra.environment-instance-id": "d8uxbYAyx4c",
                            "tags.jra.environment-size": "small",
                            "tags.jra.environment_type": "latest",
                            "tags.jra.failure-zone": "us-east-1-az-2",
                            "tags.jra.subnet-type": "private",
                            "tags.jra.swarm-instance-type": "swarm-worker",
                            "tags.jra.swarm-node-type": "app-persistence",
                            "tenancy": "default",
                            "vpc_security_group_ids.#": "1",
                            "vpc_security_group_ids.3903683341": "sg-f6b4fa88"
                        },
                        "meta": {
                            "schema_version": "1"
                        },
                        "tainted": false
                    },
                    "deposed": [],
                    "provider": ""
                },
                "aws_instance.app-persistence-az-3": {
                    "type": "aws_instance",
                    "depends_on": [
                        "aws_security_group.private_app-persistence",
                        "aws_subnet.az-3-private",
                        "random_id.env-instance"
                    ],
                    "primary": {
                        "id": "i-0573b4248147150d9",
                        "attributes": {
                            "ami": "ami-7a265d6c",
                            "associate_public_ip_address": "true",
                            "availability_zone": "us-east-1c",
                            "disable_api_termination": "false",
                            "ebs_block_device.#": "0",
                            "ebs_optimized": "false",
                            "ephemeral_block_device.#": "0",
                            "iam_instance_profile": "",
                            "id": "i-0573b4248147150d9",
                            "instance_state": "running",
                            "instance_type": "t2.micro",
                            "key_name": "jra-swarm-key-pair",
                            "monitoring": "false",
                            "network_interface_id": "eni-6ecbaba7",
                            "private_dns": "ip-10-0-5-202.ec2.internal",
                            "private_ip": "10.0.5.202",
                            "public_dns": "ec2-54-89-57-244.compute-1.amazonaws.com",
                            "public_ip": "54.89.57.244",
                            "root_block_device.#": "1",
                            "root_block_device.0.delete_on_termination": "true",
                            "root_block_device.0.iops": "100",
                            "root_block_device.0.volume_size": "8",
                            "root_block_device.0.volume_type": "gp2",
                            "security_groups.#": "0",
                            "source_dest_check": "true",
                            "subnet_id": "subnet-0338f32f",
                            "tags.%": "9",
                            "tags.Name": "qa1.instance.swarm-worker.app-persistence.qa1.us-east-1c",
                            "tags.jra.environment": "qa1",
                            "tags.jra.environment-instance-id": "d8uxbYAyx4c",
                            "tags.jra.environment-size": "small",
                            "tags.jra.environment_type": "latest",
                            "tags.jra.failure-zone": "us-east-1-az-3",
                            "tags.jra.subnet-type": "private",
                            "tags.jra.swarm-instance-type": "swarm-worker",
                            "tags.jra.swarm-node-type": "app-persistence",
                            "tenancy": "default",
                            "vpc_security_group_ids.#": "1",
                            "vpc_security_group_ids.3903683341": "sg-f6b4fa88"
                        },
                        "meta": {
                            "schema_version": "1"
                        },
                        "tainted": false
                    },
                    "deposed": [],
                    "provider": ""
                },
                "aws_instance.app-ui-web-az-1": {
                    "type": "aws_instance",
                    "depends_on": [
                        "aws_security_group.public_app-ui-web",
                        "aws_subnet.az-1-public",
                        "random_id.env-instance"
                    ],
                    "primary": {
                        "id": "i-09292c02caa2f112c",
                        "attributes": {
                            "ami": "ami-7a265d6c",
                            "associate_public_ip_address": "true",
                            "availability_zone": "us-east-1a",
                            "disable_api_termination": "false",
                            "ebs_block_device.#": "0",
                            "ebs_optimized": "false",
                            "ephemeral_block_device.#": "0",
                            "iam_instance_profile": "",
                            "id": "i-09292c02caa2f112c",
                            "instance_state": "running",
                            "instance_type": "t2.micro",
                            "key_name": "jra-swarm-key-pair",
                            "monitoring": "false",
                            "network_interface_id": "eni-811f3f5a",
                            "private_dns": "ip-10-0-0-137.ec2.internal",
                            "private_ip": "10.0.0.137",
                            "public_dns": "ec2-107-21-89-61.compute-1.amazonaws.com",
                            "public_ip": "107.21.89.61",
                            "root_block_device.#": "1",
                            "root_block_device.0.delete_on_termination": "true",
                            "root_block_device.0.iops": "100",
                            "root_block_device.0.volume_size": "8",
                            "root_block_device.0.volume_type": "gp2",
                            "security_groups.#": "0",
                            "source_dest_check": "true",
                            "subnet_id": "subnet-988242c2",
                            "tags.%": "9",
                            "tags.Name": "qa1.instance.swarm-worker.app-ui-web.qa1.us-east-1a",
                            "tags.jra.environment": "qa1",
                            "tags.jra.environment-instance-id": "d8uxbYAyx4c",
                            "tags.jra.environment-size": "small",
                            "tags.jra.environment_type": "latest",
                            "tags.jra.failure-zone": "us-east-1-az-1",
                            "tags.jra.subnet-type": "public",
                            "tags.jra.swarm-instance-type": "swarm-worker",
                            "tags.jra.swarm-node-type": "app-ui-web",
                            "tenancy": "default",
                            "vpc_security_group_ids.#": "1",
                            "vpc_security_group_ids.4155254014": "sg-ecb6f892"
                        },
                        "meta": {
                            "schema_version": "1"
                        },
                        "tainted": false
                    },
                    "deposed": [],
                    "provider": ""
                },
                "aws_instance.app-ui-web-az-2": {
                    "type": "aws_instance",
                    "depends_on": [
                        "aws_security_group.public_app-ui-web",
                        "aws_subnet.az-2-public",
                        "random_id.env-instance"
                    ],
                    "primary": {
                        "id": "i-01e433fd6d486ec5b",
                        "attributes": {
                            "ami": "ami-7a265d6c",
                            "associate_public_ip_address": "true",
                            "availability_zone": "us-east-1b",
                            "disable_api_termination": "false",
                            "ebs_block_device.#": "0",
                            "ebs_optimized": "false",
                            "ephemeral_block_device.#": "0",
                            "iam_instance_profile": "",
                            "id": "i-01e433fd6d486ec5b",
                            "instance_state": "running",
                            "instance_type": "t2.micro",
                            "key_name": "jra-swarm-key-pair",
                            "monitoring": "false",
                            "network_interface_id": "eni-9e11358a",
                            "private_dns": "ip-10-0-2-208.ec2.internal",
                            "private_ip": "10.0.2.208",
                            "public_dns": "ec2-54-236-36-119.compute-1.amazonaws.com",
                            "public_ip": "54.236.36.119",
                            "root_block_device.#": "1",
                            "root_block_device.0.delete_on_termination": "true",
                            "root_block_device.0.iops": "100",
                            "root_block_device.0.volume_size": "8",
                            "root_block_device.0.volume_type": "gp2",
                            "security_groups.#": "0",
                            "source_dest_check": "true",
                            "subnet_id": "subnet-34281e51",
                            "tags.%": "9",
                            "tags.Name": "qa1.instance.swarm-worker.app-ui-web.qa1.us-east-1b",
                            "tags.jra.environment": "qa1",
                            "tags.jra.environment-instance-id": "d8uxbYAyx4c",
                            "tags.jra.environment-size": "small",
                            "tags.jra.environment_type": "latest",
                            "tags.jra.failure-zone": "us-east-1-az-2",
                            "tags.jra.subnet-type": "public",
                            "tags.jra.swarm-instance-type": "swarm-worker",
                            "tags.jra.swarm-node-type": "app-ui-web",
                            "tenancy": "default",
                            "vpc_security_group_ids.#": "1",
                            "vpc_security_group_ids.4155254014": "sg-ecb6f892"
                        },
                        "meta": {
                            "schema_version": "1"
                        },
                        "tainted": false
                    },
                    "deposed": [],
                    "provider": ""
                },
                "aws_instance.app-ui-web-az-3": {
                    "type": "aws_instance",
                    "depends_on": [
                        "aws_security_group.public_app-ui-web",
                        "aws_subnet.az-3-public",
                        "random_id.env-instance"
                    ],
                    "primary": {
                        "id": "i-0f3e98a21ec10de39",
                        "attributes": {
                            "ami": "ami-7a265d6c",
                            "associate_public_ip_address": "true",
                            "availability_zone": "us-east-1c",
                            "disable_api_termination": "false",
                            "ebs_block_device.#": "0",
                            "ebs_optimized": "false",
                            "ephemeral_block_device.#": "0",
                            "iam_instance_profile": "",
                            "id": "i-0f3e98a21ec10de39",
                            "instance_state": "running",
                            "instance_type": "t2.micro",
                            "key_name": "jra-swarm-key-pair",
                            "monitoring": "false",
                            "network_interface_id": "eni-34c4a4fd",
                            "private_dns": "ip-10-0-4-188.ec2.internal",
                            "private_ip": "10.0.4.188",
                            "public_dns": "ec2-107-22-133-207.compute-1.amazonaws.com",
                            "public_ip": "107.22.133.207",
                            "root_block_device.#": "1",
                            "root_block_device.0.delete_on_termination": "true",
                            "root_block_device.0.iops": "100",
                            "root_block_device.0.volume_size": "8",
                            "root_block_device.0.volume_type": "gp2",
                            "security_groups.#": "0",
                            "source_dest_check": "true",
                            "subnet_id": "subnet-a43bf088",
                            "tags.%": "9",
                            "tags.Name": "qa1.instance.swarm-worker.app-ui-web.qa1.us-east-1c",
                            "tags.jra.environment": "qa1",
                            "tags.jra.environment-instance-id": "d8uxbYAyx4c",
                            "tags.jra.environment-size": "small",
                            "tags.jra.environment_type": "latest",
                            "tags.jra.failure-zone": "us-east-1-az-3",
                            "tags.jra.subnet-type": "public",
                            "tags.jra.swarm-instance-type": "swarm-worker",
                            "tags.jra.swarm-node-type": "app-ui-web",
                            "tenancy": "default",
                            "vpc_security_group_ids.#": "1",
                            "vpc_security_group_ids.4155254014": "sg-ecb6f892"
                        },
                        "meta": {
                            "schema_version": "1"
                        },
                        "tainted": false
                    },
                    "deposed": [],
                    "provider": ""
                },
                "aws_instance.build-az-1": {
                    "type": "aws_instance",
                    "depends_on": [
                        "aws_security_group.private_build",
                        "aws_subnet.az-1-private",
                        "random_id.env-instance"
                    ],
                    "primary": {
                        "id": "i-02e7881459ac40a93",
                        "attributes": {
                            "ami": "ami-7a265d6c",
                            "associate_public_ip_address": "true",
                            "availability_zone": "us-east-1a",
                            "disable_api_termination": "false",
                            "ebs_block_device.#": "0",
                            "ebs_optimized": "false",
                            "ephemeral_block_device.#": "0",
                            "iam_instance_profile": "",
                            "id": "i-02e7881459ac40a93",
                            "instance_state": "running",
                            "instance_type": "t2.micro",
                            "key_name": "jra-swarm-key-pair",
                            "monitoring": "false",
                            "network_interface_id": "eni-dc1b3b07",
                            "private_dns": "ip-10-0-1-227.ec2.internal",
                            "private_ip": "10.0.1.227",
                            "public_dns": "ec2-54-88-34-14.compute-1.amazonaws.com",
                            "public_ip": "54.88.34.14",
                            "root_block_device.#": "1",
                            "root_block_device.0.delete_on_termination": "true",
                            "root_block_device.0.iops": "100",
                            "root_block_device.0.volume_size": "8",
                            "root_block_device.0.volume_type": "gp2",
                            "security_groups.#": "0",
                            "source_dest_check": "true",
                            "subnet_id": "subnet-f58141af",
                            "tags.%": "9",
                            "tags.Name": "qa1.instance.swarm-worker.infra-build.qa1.us-east-1a",
                            "tags.jra.environment": "qa1",
                            "tags.jra.environment-instance-id": "d8uxbYAyx4c",
                            "tags.jra.environment-size": "small",
                            "tags.jra.environment_type": "latest",
                            "tags.jra.failure-zone": "us-east-1-az-1",
                            "tags.jra.subnet-type": "private",
                            "tags.jra.swarm-instance-type": "swarm-worker",
                            "tags.jra.swarm-node-type": "infra-build",
                            "tenancy": "default",
                            "vpc_security_group_ids.#": "1",
                            "vpc_security_group_ids.1912911796": "sg-aebaf4d0"
                        },
                        "meta": {
                            "schema_version": "1"
                        },
                        "tainted": false
                    },
                    "deposed": [],
                    "provider": ""
                },
                "aws_instance.build-az-2": {
                    "type": "aws_instance",
                    "depends_on": [
                        "aws_security_group.private_build",
                        "aws_subnet.az-2-private",
                        "random_id.env-instance"
                    ],
                    "primary": {
                        "id": "i-06a9ca739657d492b",
                        "attributes": {
                            "ami": "ami-7a265d6c",
                            "associate_public_ip_address": "true",
                            "availability_zone": "us-east-1b",
                            "disable_api_termination": "false",
                            "ebs_block_device.#": "0",
                            "ebs_optimized": "false",
                            "ephemeral_block_device.#": "0",
                            "iam_instance_profile": "",
                            "id": "i-06a9ca739657d492b",
                            "instance_state": "running",
                            "instance_type": "t2.micro",
                            "key_name": "jra-swarm-key-pair",
                            "monitoring": "false",
                            "network_interface_id": "eni-97113583",
                            "private_dns": "ip-10-0-3-210.ec2.internal",
                            "private_ip": "10.0.3.210",
                            "public_dns": "ec2-34-200-220-232.compute-1.amazonaws.com",
                            "public_ip": "34.200.220.232",
                            "root_block_device.#": "1",
                            "root_block_device.0.delete_on_termination": "true",
                            "root_block_device.0.iops": "100",
                            "root_block_device.0.volume_size": "8",
                            "root_block_device.0.volume_type": "gp2",
                            "security_groups.#": "0",
                            "source_dest_check": "true",
                            "subnet_id": "subnet-ab2d1bce",
                            "tags.%": "9",
                            "tags.Name": "qa1.instance.swarm-worker.infra-build.qa1.us-east-1b",
                            "tags.jra.environment": "qa1",
                            "tags.jra.environment-instance-id": "d8uxbYAyx4c",
                            "tags.jra.environment-size": "small",
                            "tags.jra.environment_type": "latest",
                            "tags.jra.failure-zone": "us-east-1-az-2",
                            "tags.jra.subnet-type": "private",
                            "tags.jra.swarm-instance-type": "swarm-worker",
                            "tags.jra.swarm-node-type": "infra-build",
                            "tenancy": "default",
                            "vpc_security_group_ids.#": "1",
                            "vpc_security_group_ids.1912911796": "sg-aebaf4d0"
                        },
                        "meta": {
                            "schema_version": "1"
                        },
                        "tainted": false
                    },
                    "deposed": [],
                    "provider": ""
                },
                "aws_instance.build-az-3": {
                    "type": "aws_instance",
                    "depends_on": [
                        "aws_security_group.private_build",
                        "aws_subnet.az-3-private",
                        "random_id.env-instance"
                    ],
                    "primary": {
                        "id": "i-09b30d5441e36815b",
                        "attributes": {
                            "ami": "ami-7a265d6c",
                            "associate_public_ip_address": "true",
                            "availability_zone": "us-east-1c",
                            "disable_api_termination": "false",
                            "ebs_block_device.#": "0",
                            "ebs_optimized": "false",
                            "ephemeral_block_device.#": "0",
                            "iam_instance_profile": "",
                            "id": "i-09b30d5441e36815b",
                            "instance_state": "running",
                            "instance_type": "t2.micro",
                            "key_name": "jra-swarm-key-pair",
                            "monitoring": "false",
                            "network_interface_id": "eni-49c4a480",
                            "private_dns": "ip-10-0-5-162.ec2.internal",
                            "private_ip": "10.0.5.162",
                            "public_dns": "ec2-52-90-52-131.compute-1.amazonaws.com",
                            "public_ip": "52.90.52.131",
                            "root_block_device.#": "1",
                            "root_block_device.0.delete_on_termination": "true",
                            "root_block_device.0.iops": "100",
                            "root_block_device.0.volume_size": "8",
                            "root_block_device.0.volume_type": "gp2",
                            "security_groups.#": "0",
                            "source_dest_check": "true",
                            "subnet_id": "subnet-0338f32f",
                            "tags.%": "9",
                            "tags.Name": "qa1.instance.swarm-worker.infra-build.qa1.us-east-1c",
                            "tags.jra.environment": "qa1",
                            "tags.jra.environment-instance-id": "d8uxbYAyx4c",
                            "tags.jra.environment-size": "small",
                            "tags.jra.environment_type": "latest",
                            "tags.jra.failure-zone": "us-east-1-az-3",
                            "tags.jra.subnet-type": "private",
                            "tags.jra.swarm-instance-type": "swarm-worker",
                            "tags.jra.swarm-node-type": "infra-build",
                            "tenancy": "default",
                            "vpc_security_group_ids.#": "1",
                            "vpc_security_group_ids.1912911796": "sg-aebaf4d0"
                        },
                        "meta": {
                            "schema_version": "1"
                        },
                        "tainted": false
                    },
                    "deposed": [],
                    "provider": ""
                },
                "aws_instance.infra-logging-az-1": {
                    "type": "aws_instance",
                    "depends_on": [
                        "aws_security_group.private_infra-logging",
                        "aws_subnet.az-1-private",
                        "random_id.env-instance"
                    ],
                    "primary": {
                        "id": "i-04224298f0ef21668",
                        "attributes": {
                            "ami": "ami-7a265d6c",
                            "associate_public_ip_address": "true",
                            "availability_zone": "us-east-1a",
                            "disable_api_termination": "false",
                            "ebs_block_device.#": "0",
                            "ebs_optimized": "false",
                            "ephemeral_block_device.#": "0",
                            "iam_instance_profile": "",
                            "id": "i-04224298f0ef21668",
                            "instance_state": "running",
                            "instance_type": "t2.medium",
                            "key_name": "jra-swarm-key-pair",
                            "monitoring": "false",
                            "network_interface_id": "eni-a7e0c07c",
                            "private_dns": "ip-10-0-1-138.ec2.internal",
                            "private_ip": "10.0.1.138",
                            "public_dns": "ec2-54-227-56-111.compute-1.amazonaws.com",
                            "public_ip": "54.227.56.111",
                            "root_block_device.#": "1",
                            "root_block_device.0.delete_on_termination": "true",
                            "root_block_device.0.iops": "100",
                            "root_block_device.0.volume_size": "8",
                            "root_block_device.0.volume_type": "gp2",
                            "security_groups.#": "0",
                            "source_dest_check": "true",
                            "subnet_id": "subnet-f58141af",
                            "tags.%": "9",
                            "tags.Name": "qa1.instance.swarm-worker.infra-logging.qa1.us-east-1a",
                            "tags.jra.environment": "qa1",
                            "tags.jra.environment-instance-id": "d8uxbYAyx4c",
                            "tags.jra.environment-size": "small",
                            "tags.jra.environment_type": "latest",
                            "tags.jra.failure-zone": "us-east-1-az-1",
                            "tags.jra.subnet-type": "private",
                            "tags.jra.swarm-instance-type": "swarm-worker",
                            "tags.jra.swarm-node-type": "infra-logging",
                            "tenancy": "default",
                            "vpc_security_group_ids.#": "1",
                            "vpc_security_group_ids.1596599639": "sg-f8b4fa86"
                        },
                        "meta": {
                            "schema_version": "1"
                        },
                        "tainted": false
                    },
                    "deposed": [],
                    "provider": ""
                },
                "aws_instance.infra-logging-az-2": {
                    "type": "aws_instance",
                    "depends_on": [
                        "aws_security_group.private_infra-logging",
                        "aws_subnet.az-2-private",
                        "random_id.env-instance"
                    ],
                    "primary": {
                        "id": "i-0055c5b0615c0d430",
                        "attributes": {
                            "ami": "ami-7a265d6c",
                            "associate_public_ip_address": "true",
                            "availability_zone": "us-east-1b",
                            "disable_api_termination": "false",
                            "ebs_block_device.#": "0",
                            "ebs_optimized": "false",
                            "ephemeral_block_device.#": "0",
                            "iam_instance_profile": "",
                            "id": "i-0055c5b0615c0d430",
                            "instance_state": "running",
                            "instance_type": "t2.medium",
                            "key_name": "jra-swarm-key-pair",
                            "monitoring": "false",
                            "network_interface_id": "eni-86133792",
                            "private_dns": "ip-10-0-3-6.ec2.internal",
                            "private_ip": "10.0.3.6",
                            "public_dns": "ec2-34-200-250-147.compute-1.amazonaws.com",
                            "public_ip": "34.200.250.147",
                            "root_block_device.#": "1",
                            "root_block_device.0.delete_on_termination": "true",
                            "root_block_device.0.iops": "100",
                            "root_block_device.0.volume_size": "8",
                            "root_block_device.0.volume_type": "gp2",
                            "security_groups.#": "0",
                            "source_dest_check": "true",
                            "subnet_id": "subnet-ab2d1bce",
                            "tags.%": "9",
                            "tags.Name": "qa1.instance.swarm-worker.infra-logging.qa1.us-east-1b",
                            "tags.jra.environment": "qa1",
                            "tags.jra.environment-instance-id": "d8uxbYAyx4c",
                            "tags.jra.environment-size": "small",
                            "tags.jra.environment_type": "latest",
                            "tags.jra.failure-zone": "us-east-1-az-2",
                            "tags.jra.subnet-type": "private",
                            "tags.jra.swarm-instance-type": "swarm-worker",
                            "tags.jra.swarm-node-type": "infra-logging",
                            "tenancy": "default",
                            "vpc_security_group_ids.#": "1",
                            "vpc_security_group_ids.1596599639": "sg-f8b4fa86"
                        },
                        "meta": {
                            "schema_version": "1"
                        },
                        "tainted": false
                    },
                    "deposed": [],
                    "provider": ""
                },
                "aws_instance.infra-logging-az-3": {
                    "type": "aws_instance",
                    "depends_on": [
                        "aws_security_group.private_infra-logging",
                        "aws_subnet.az-3-private",
                        "random_id.env-instance"
                    ],
                    "primary": {
                        "id": "i-09cf0b0a39d81795a",
                        "attributes": {
                            "ami": "ami-7a265d6c",
                            "associate_public_ip_address": "true",
                            "availability_zone": "us-east-1c",
                            "disable_api_termination": "false",
                            "ebs_block_device.#": "0",
                            "ebs_optimized": "false",
                            "ephemeral_block_device.#": "0",
                            "iam_instance_profile": "",
                            "id": "i-09cf0b0a39d81795a",
                            "instance_state": "running",
                            "instance_type": "t2.medium",
                            "key_name": "jra-swarm-key-pair",
                            "monitoring": "false",
                            "network_interface_id": "eni-5dc2a294",
                            "private_dns": "ip-10-0-5-201.ec2.internal",
                            "private_ip": "10.0.5.201",
                            "public_dns": "ec2-52-87-247-143.compute-1.amazonaws.com",
                            "public_ip": "52.87.247.143",
                            "root_block_device.#": "1",
                            "root_block_device.0.delete_on_termination": "true",
                            "root_block_device.0.iops": "100",
                            "root_block_device.0.volume_size": "8",
                            "root_block_device.0.volume_type": "gp2",
                            "security_groups.#": "0",
                            "source_dest_check": "true",
                            "subnet_id": "subnet-0338f32f",
                            "tags.%": "9",
                            "tags.Name": "qa1.instance.swarm-worker.infra-logging.qa1.us-east-1c",
                            "tags.jra.environment": "qa1",
                            "tags.jra.environment-instance-id": "d8uxbYAyx4c",
                            "tags.jra.environment-size": "small",
                            "tags.jra.environment_type": "latest",
                            "tags.jra.failure-zone": "us-east-1-az-3",
                            "tags.jra.subnet-type": "private",
                            "tags.jra.swarm-instance-type": "swarm-worker",
                            "tags.jra.swarm-node-type": "infra-logging",
                            "tenancy": "default",
                            "vpc_security_group_ids.#": "1",
                            "vpc_security_group_ids.1596599639": "sg-f8b4fa86"
                        },
                        "meta": {
                            "schema_version": "1"
                        },
                        "tainted": false
                    },
                    "deposed": [],
                    "provider": ""
                },
                "aws_instance.swarm-manager-az-1": {
                    "type": "aws_instance",
                    "depends_on": [
                        "aws_security_group.private_swarm-manager",
                        "aws_subnet.az-1-private",
                        "random_id.env-instance"
                    ],
                    "primary": {
                        "id": "i-0658dda4c8528786b",
                        "attributes": {
                            "ami": "ami-7a265d6c",
                            "associate_public_ip_address": "true",
                            "availability_zone": "us-east-1a",
                            "disable_api_termination": "false",
                            "ebs_block_device.#": "0",
                            "ebs_optimized": "false",
                            "ephemeral_block_device.#": "0",
                            "iam_instance_profile": "",
                            "id": "i-0658dda4c8528786b",
                            "instance_state": "running",
                            "instance_type": "t2.micro",
                            "key_name": "jra-swarm-key-pair",
                            "monitoring": "false",
                            "network_interface_id": "eni-901f3f4b",
                            "private_dns": "ip-10-0-1-191.ec2.internal",
                            "private_ip": "10.0.1.191",
                            "public_dns": "ec2-34-207-56-235.compute-1.amazonaws.com",
                            "public_ip": "34.207.56.235",
                            "root_block_device.#": "1",
                            "root_block_device.0.delete_on_termination": "true",
                            "root_block_device.0.iops": "100",
                            "root_block_device.0.volume_size": "8",
                            "root_block_device.0.volume_type": "gp2",
                            "security_groups.#": "0",
                            "source_dest_check": "true",
                            "subnet_id": "subnet-f58141af",
                            "tags.%": "9",
                            "tags.Name": "qa1.instance.swarm-manager.infra-swarm-manager.qa1.us-east-1a",
                            "tags.jra.environment": "qa1",
                            "tags.jra.environment-instance-id": "d8uxbYAyx4c",
                            "tags.jra.environment-size": "small",
                            "tags.jra.environment_type": "latest",
                            "tags.jra.failure-zone": "us-east-1-az-1",
                            "tags.jra.subnet-type": "private",
                            "tags.jra.swarm-instance-type": "swarm-manager",
                            "tags.jra.swarm-node-type": "infra-swarm-manager",
                            "tenancy": "default",
                            "vpc_security_group_ids.#": "1",
                            "vpc_security_group_ids.3559639104": "sg-5bb3fd25"
                        },
                        "meta": {
                            "schema_version": "1"
                        },
                        "tainted": false
                    },
                    "deposed": [],
                    "provider": ""
                },
                "aws_instance.swarm-manager-az-2": {
                    "type": "aws_instance",
                    "depends_on": [
                        "aws_security_group.private_swarm-manager",
                        "aws_subnet.az-2-private",
                        "random_id.env-instance"
                    ],
                    "primary": {
                        "id": "i-020feb3e8db328e69",
                        "attributes": {
                            "ami": "ami-7a265d6c",
                            "associate_public_ip_address": "true",
                            "availability_zone": "us-east-1b",
                            "disable_api_termination": "false",
                            "ebs_block_device.#": "0",
                            "ebs_optimized": "false",
                            "ephemeral_block_device.#": "0",
                            "iam_instance_profile": "",
                            "id": "i-020feb3e8db328e69",
                            "instance_state": "running",
                            "instance_type": "t2.micro",
                            "key_name": "jra-swarm-key-pair",
                            "monitoring": "false",
                            "network_interface_id": "eni-101c3804",
                            "private_dns": "ip-10-0-3-129.ec2.internal",
                            "private_ip": "10.0.3.129",
                            "public_dns": "ec2-34-205-41-215.compute-1.amazonaws.com",
                            "public_ip": "34.205.41.215",
                            "root_block_device.#": "1",
                            "root_block_device.0.delete_on_termination": "true",
                            "root_block_device.0.iops": "100",
                            "root_block_device.0.volume_size": "8",
                            "root_block_device.0.volume_type": "gp2",
                            "security_groups.#": "0",
                            "source_dest_check": "true",
                            "subnet_id": "subnet-ab2d1bce",
                            "tags.%": "9",
                            "tags.Name": "qa1.instance.swarm-manager.infra-swarm-manager.qa1.us-east-1b",
                            "tags.jra.environment": "qa1",
                            "tags.jra.environment-instance-id": "d8uxbYAyx4c",
                            "tags.jra.environment-size": "small",
                            "tags.jra.environment_type": "latest",
                            "tags.jra.failure-zone": "us-east-1-az-2",
                            "tags.jra.subnet-type": "private",
                            "tags.jra.swarm-instance-type": "swarm-manager",
                            "tags.jra.swarm-node-type": "infra-swarm-manager",
                            "tenancy": "default",
                            "vpc_security_group_ids.#": "1",
                            "vpc_security_group_ids.3559639104": "sg-5bb3fd25"
                        },
                        "meta": {
                            "schema_version": "1"
                        },
                        "tainted": false
                    },
                    "deposed": [],
                    "provider": ""
                },
                "aws_instance.swarm-manager-az-3": {
                    "type": "aws_instance",
                    "depends_on": [
                        "aws_security_group.private_swarm-manager",
                        "aws_subnet.az-3-private",
                        "random_id.env-instance"
                    ],
                    "primary": {
                        "id": "i-0288e17a35dac5e0d",
                        "attributes": {
                            "ami": "ami-7a265d6c",
                            "associate_public_ip_address": "true",
                            "availability_zone": "us-east-1c",
                            "disable_api_termination": "false",
                            "ebs_block_device.#": "0",
                            "ebs_optimized": "false",
                            "ephemeral_block_device.#": "0",
                            "iam_instance_profile": "",
                            "id": "i-0288e17a35dac5e0d",
                            "instance_state": "running",
                            "instance_type": "t2.micro",
                            "key_name": "jra-swarm-key-pair",
                            "monitoring": "false",
                            "network_interface_id": "eni-d5c7a71c",
                            "private_dns": "ip-10-0-5-69.ec2.internal",
                            "private_ip": "10.0.5.69",
                            "public_dns": "ec2-52-91-235-37.compute-1.amazonaws.com",
                            "public_ip": "52.91.235.37",
                            "root_block_device.#": "1",
                            "root_block_device.0.delete_on_termination": "true",
                            "root_block_device.0.iops": "100",
                            "root_block_device.0.volume_size": "8",
                            "root_block_device.0.volume_type": "gp2",
                            "security_groups.#": "0",
                            "source_dest_check": "true",
                            "subnet_id": "subnet-0338f32f",
                            "tags.%": "9",
                            "tags.Name": "qa1.instance.swarm-manager.infra-swarm-manager.qa1.us-east-1c",
                            "tags.jra.environment": "qa1",
                            "tags.jra.environment-instance-id": "d8uxbYAyx4c",
                            "tags.jra.environment-size": "small",
                            "tags.jra.environment_type": "latest",
                            "tags.jra.failure-zone": "us-east-1-az-3",
                            "tags.jra.subnet-type": "private",
                            "tags.jra.swarm-instance-type": "swarm-manager",
                            "tags.jra.swarm-node-type": "infra-swarm-manager",
                            "tenancy": "default",
                            "vpc_security_group_ids.#": "1",
                            "vpc_security_group_ids.3559639104": "sg-5bb3fd25"
                        },
                        "meta": {
                            "schema_version": "1"
                        },
                        "tainted": false
                    },
                    "deposed": [],
                    "provider": ""
                },
                "aws_internet_gateway.jra_igw": {
                    "type": "aws_internet_gateway",
                    "depends_on": [
                        "aws_vpc.jra_vpc",
                        "random_id.env-instance"
                    ],
                    "primary": {
                        "id": "igw-268d3d40",
                        "attributes": {
                            "id": "igw-268d3d40",
                            "tags.%": "5",
                            "tags.Name": "qa1.igw.us-east-1",
                            "tags.jra.environment": "qa1",
                            "tags.jra.environment-instance-id": "d8uxbYAyx4c",
                            "tags.jra.environment-size": "small",
                            "tags.jra.environment_type": "latest",
                            "vpc_id": "vpc-bdc500c4"
                        },
                        "meta": {},
                        "tainted": false
                    },
                    "deposed": [],
                    "provider": ""
                },
                "aws_nat_gateway.az-1-public": {
                    "type": "aws_nat_gateway",
                    "depends_on": [
                        "aws_eip.az-1-public",
                        "aws_subnet.az-1-public"
                    ],
                    "primary": {
                        "id": "nat-0d143aad290a2ec2e",
                        "attributes": {
                            "allocation_id": "eipalloc-3a5b400b",
                            "id": "nat-0d143aad290a2ec2e",
                            "network_interface_id": "eni-99e1c142",
                            "private_ip": "10.0.0.218",
                            "public_ip": "34.225.4.148",
                            "subnet_id": "subnet-988242c2"
                        },
                        "meta": {},
                        "tainted": false
                    },
                    "deposed": [],
                    "provider": ""
                },
                "aws_nat_gateway.az-2-public": {
                    "type": "aws_nat_gateway",
                    "depends_on": [
                        "aws_eip.az-2-public",
                        "aws_subnet.az-2-public"
                    ],
                    "primary": {
                        "id": "nat-07d67aa288c79bb41",
                        "attributes": {
                            "allocation_id": "eipalloc-895b40b8",
                            "id": "nat-07d67aa288c79bb41",
                            "network_interface_id": "eni-b0092da4",
                            "private_ip": "10.0.2.237",
                            "public_ip": "34.224.211.48",
                            "subnet_id": "subnet-34281e51"
                        },
                        "meta": {},
                        "tainted": false
                    },
                    "deposed": [],
                    "provider": ""
                },
                "aws_nat_gateway.az-3-public": {
                    "type": "aws_nat_gateway",
                    "depends_on": [
                        "aws_eip.az-3-public",
                        "aws_subnet.az-3-public"
                    ],
                    "primary": {
                        "id": "nat-017c07b77e04984c6",
                        "attributes": {
                            "allocation_id": "eipalloc-63584352",
                            "id": "nat-017c07b77e04984c6",
                            "network_interface_id": "eni-b6c4a47f",
                            "private_ip": "10.0.4.181",
                            "public_ip": "34.195.82.83",
                            "subnet_id": "subnet-a43bf088"
                        },
                        "meta": {},
                        "tainted": false
                    },
                    "deposed": [],
                    "provider": ""
                },
                "aws_route53_record.blog": {
                    "type": "aws_route53_record",
                    "depends_on": [
                        "aws_elb.elb-public-swarm",
                        "aws_elb.elb-public-swarm"
                    ],
                    "primary": {
                        "id": "Z2ZVLIKT9MX0K8_qa1.blog.joericearchitect.info_A",
                        "attributes": {
                            "alias.#": "1",
                            "alias.3427430900.evaluate_target_health": "true",
                            "alias.3427430900.name": "qa1-jra-elb-us-east-1-swarm-1317574237.us-east-1.elb.amazonaws.com",
                            "alias.3427430900.zone_id": "Z35SXDOTRQ7X7K",
                            "fqdn": "qa1.blog.joericearchitect.info",
                            "health_check_id": "",
                            "id": "Z2ZVLIKT9MX0K8_qa1.blog.joericearchitect.info_A",
                            "name": "qa1.blog.joericearchitect.info",
                            "records.#": "0",
                            "set_identifier": "",
                            "ttl": "0",
                            "type": "A",
                            "zone_id": "Z2ZVLIKT9MX0K8"
                        },
                        "meta": {
                            "schema_version": "2"
                        },
                        "tainted": false
                    },
                    "deposed": [],
                    "provider": ""
                },
                "aws_route53_record.build": {
                    "type": "aws_route53_record",
                    "depends_on": [
                        "aws_elb.elb-public-swarm",
                        "aws_elb.elb-public-swarm"
                    ],
                    "primary": {
                        "id": "Z2ZVLIKT9MX0K8_qa1.build.joericearchitect.info_A",
                        "attributes": {
                            "alias.#": "1",
                            "alias.3427430900.evaluate_target_health": "true",
                            "alias.3427430900.name": "qa1-jra-elb-us-east-1-swarm-1317574237.us-east-1.elb.amazonaws.com",
                            "alias.3427430900.zone_id": "Z35SXDOTRQ7X7K",
                            "fqdn": "qa1.build.joericearchitect.info",
                            "health_check_id": "",
                            "id": "Z2ZVLIKT9MX0K8_qa1.build.joericearchitect.info_A",
                            "name": "qa1.build.joericearchitect.info",
                            "records.#": "0",
                            "set_identifier": "",
                            "ttl": "0",
                            "type": "A",
                            "zone_id": "Z2ZVLIKT9MX0K8"
                        },
                        "meta": {
                            "schema_version": "2"
                        },
                        "tainted": false
                    },
                    "deposed": [],
                    "provider": ""
                },
                "aws_route53_record.dockerui": {
                    "type": "aws_route53_record",
                    "depends_on": [
                        "aws_elb.elb-public-swarm",
                        "aws_elb.elb-public-swarm"
                    ],
                    "primary": {
                        "id": "Z2ZVLIKT9MX0K8_qa1.dockerui.joericearchitect.info_A",
                        "attributes": {
                            "alias.#": "1",
                            "alias.3427430900.evaluate_target_health": "true",
                            "alias.3427430900.name": "qa1-jra-elb-us-east-1-swarm-1317574237.us-east-1.elb.amazonaws.com",
                            "alias.3427430900.zone_id": "Z35SXDOTRQ7X7K",
                            "fqdn": "qa1.dockerui.joericearchitect.info",
                            "health_check_id": "",
                            "id": "Z2ZVLIKT9MX0K8_qa1.dockerui.joericearchitect.info_A",
                            "name": "qa1.dockerui.joericearchitect.info",
                            "records.#": "0",
                            "set_identifier": "",
                            "ttl": "0",
                            "type": "A",
                            "zone_id": "Z2ZVLIKT9MX0K8"
                        },
                        "meta": {
                            "schema_version": "2"
                        },
                        "tainted": false
                    },
                    "deposed": [],
                    "provider": ""
                },
                "aws_route53_record.dockervisual": {
                    "type": "aws_route53_record",
                    "depends_on": [
                        "aws_elb.elb-public-swarm",
                        "aws_elb.elb-public-swarm"
                    ],
                    "primary": {
                        "id": "Z2ZVLIKT9MX0K8_qa1.dockervisual.joericearchitect.info_A",
                        "attributes": {
                            "alias.#": "1",
                            "alias.3427430900.evaluate_target_health": "true",
                            "alias.3427430900.name": "qa1-jra-elb-us-east-1-swarm-1317574237.us-east-1.elb.amazonaws.com",
                            "alias.3427430900.zone_id": "Z35SXDOTRQ7X7K",
                            "fqdn": "qa1.dockervisual.joericearchitect.info",
                            "health_check_id": "",
                            "id": "Z2ZVLIKT9MX0K8_qa1.dockervisual.joericearchitect.info_A",
                            "name": "qa1.dockervisual.joericearchitect.info",
                            "records.#": "0",
                            "set_identifier": "",
                            "ttl": "0",
                            "type": "A",
                            "zone_id": "Z2ZVLIKT9MX0K8"
                        },
                        "meta": {
                            "schema_version": "2"
                        },
                        "tainted": false
                    },
                    "deposed": [],
                    "provider": ""
                },
                "aws_route53_record.elasticsearch": {
                    "type": "aws_route53_record",
                    "depends_on": [
                        "aws_elb.elb-public-logging",
                        "aws_elb.elb-public-logging"
                    ],
                    "primary": {
                        "id": "Z2ZVLIKT9MX0K8_qa1.es.joericearchitect.info_A",
                        "attributes": {
                            "alias.#": "1",
                            "alias.255264142.evaluate_target_health": "true",
                            "alias.255264142.name": "qa1-jra-elb-us-east-1-logging-254426549.us-east-1.elb.amazonaws.com",
                            "alias.255264142.zone_id": "Z35SXDOTRQ7X7K",
                            "fqdn": "qa1.es.joericearchitect.info",
                            "health_check_id": "",
                            "id": "Z2ZVLIKT9MX0K8_qa1.es.joericearchitect.info_A",
                            "name": "qa1.es.joericearchitect.info",
                            "records.#": "0",
                            "set_identifier": "",
                            "ttl": "0",
                            "type": "A",
                            "zone_id": "Z2ZVLIKT9MX0K8"
                        },
                        "meta": {
                            "schema_version": "2"
                        },
                        "tainted": false
                    },
                    "deposed": [],
                    "provider": ""
                },
                "aws_route53_record.kibana": {
                    "type": "aws_route53_record",
                    "depends_on": [
                        "aws_elb.elb-public-swarm",
                        "aws_elb.elb-public-swarm"
                    ],
                    "primary": {
                        "id": "Z2ZVLIKT9MX0K8_qa1.kibana.joericearchitect.info_A",
                        "attributes": {
                            "alias.#": "1",
                            "alias.3427430900.evaluate_target_health": "true",
                            "alias.3427430900.name": "qa1-jra-elb-us-east-1-swarm-1317574237.us-east-1.elb.amazonaws.com",
                            "alias.3427430900.zone_id": "Z35SXDOTRQ7X7K",
                            "fqdn": "qa1.kibana.joericearchitect.info",
                            "health_check_id": "",
                            "id": "Z2ZVLIKT9MX0K8_qa1.kibana.joericearchitect.info_A",
                            "name": "qa1.kibana.joericearchitect.info",
                            "records.#": "0",
                            "set_identifier": "",
                            "ttl": "0",
                            "type": "A",
                            "zone_id": "Z2ZVLIKT9MX0K8"
                        },
                        "meta": {
                            "schema_version": "2"
                        },
                        "tainted": false
                    },
                    "deposed": [],
                    "provider": ""
                },
                "aws_route53_record.proxy": {
                    "type": "aws_route53_record",
                    "depends_on": [
                        "aws_elb.elb-public-swarm",
                        "aws_elb.elb-public-swarm"
                    ],
                    "primary": {
                        "id": "Z2ZVLIKT9MX0K8_qa1.proxy.joericearchitect.info_A",
                        "attributes": {
                            "alias.#": "1",
                            "alias.3427430900.evaluate_target_health": "true",
                            "alias.3427430900.name": "qa1-jra-elb-us-east-1-swarm-1317574237.us-east-1.elb.amazonaws.com",
                            "alias.3427430900.zone_id": "Z35SXDOTRQ7X7K",
                            "fqdn": "qa1.proxy.joericearchitect.info",
                            "health_check_id": "",
                            "id": "Z2ZVLIKT9MX0K8_qa1.proxy.joericearchitect.info_A",
                            "name": "qa1.proxy.joericearchitect.info",
                            "records.#": "0",
                            "set_identifier": "",
                            "ttl": "0",
                            "type": "A",
                            "zone_id": "Z2ZVLIKT9MX0K8"
                        },
                        "meta": {
                            "schema_version": "2"
                        },
                        "tainted": false
                    },
                    "deposed": [],
                    "provider": ""
                },
                "aws_route53_record.www": {
                    "type": "aws_route53_record",
                    "depends_on": [
                        "aws_elb.elb-public-swarm",
                        "aws_elb.elb-public-swarm"
                    ],
                    "primary": {
                        "id": "Z2ZVLIKT9MX0K8_qa1.www.joericearchitect.info_A",
                        "attributes": {
                            "alias.#": "1",
                            "alias.3427430900.evaluate_target_health": "true",
                            "alias.3427430900.name": "qa1-jra-elb-us-east-1-swarm-1317574237.us-east-1.elb.amazonaws.com",
                            "alias.3427430900.zone_id": "Z35SXDOTRQ7X7K",
                            "fqdn": "qa1.www.joericearchitect.info",
                            "health_check_id": "",
                            "id": "Z2ZVLIKT9MX0K8_qa1.www.joericearchitect.info_A",
                            "name": "qa1.www.joericearchitect.info",
                            "records.#": "0",
                            "set_identifier": "",
                            "ttl": "0",
                            "type": "A",
                            "zone_id": "Z2ZVLIKT9MX0K8"
                        },
                        "meta": {
                            "schema_version": "2"
                        },
                        "tainted": false
                    },
                    "deposed": [],
                    "provider": ""
                },
                "aws_route_table.private": {
                    "type": "aws_route_table",
                    "depends_on": [
                        "aws_internet_gateway.jra_igw",
                        "aws_vpc.jra_vpc",
                        "random_id.env-instance"
                    ],
                    "primary": {
                        "id": "rtb-a33d81db",
                        "attributes": {
                            "id": "rtb-a33d81db",
                            "propagating_vgws.#": "0",
                            "route.#": "1",
                            "route.3394927256.cidr_block": "0.0.0.0/0",
                            "route.3394927256.gateway_id": "igw-268d3d40",
                            "route.3394927256.instance_id": "",
                            "route.3394927256.nat_gateway_id": "",
                            "route.3394927256.network_interface_id": "",
                            "route.3394927256.vpc_peering_connection_id": "",
                            "tags.%": "5",
                            "tags.Name": "qa1.route-table.us-east-1-private",
                            "tags.jra.environment": "qa1",
                            "tags.jra.environment-instance-id": "d8uxbYAyx4c",
                            "tags.jra.environment-size": "small",
                            "tags.jra.environment_type": "latest",
                            "vpc_id": "vpc-bdc500c4"
                        },
                        "meta": {},
                        "tainted": false
                    },
                    "deposed": [],
                    "provider": ""
                },
                "aws_route_table.public": {
                    "type": "aws_route_table",
                    "depends_on": [
                        "aws_internet_gateway.jra_igw",
                        "aws_vpc.jra_vpc",
                        "random_id.env-instance"
                    ],
                    "primary": {
                        "id": "rtb-e1398599",
                        "attributes": {
                            "id": "rtb-e1398599",
                            "propagating_vgws.#": "0",
                            "route.#": "1",
                            "route.3394927256.cidr_block": "0.0.0.0/0",
                            "route.3394927256.gateway_id": "igw-268d3d40",
                            "route.3394927256.instance_id": "",
                            "route.3394927256.nat_gateway_id": "",
                            "route.3394927256.network_interface_id": "",
                            "route.3394927256.vpc_peering_connection_id": "",
                            "tags.%": "5",
                            "tags.Name": "qa1.route-table.us-east-1-public",
                            "tags.jra.environment": "qa1",
                            "tags.jra.environment-instance-id": "d8uxbYAyx4c",
                            "tags.jra.environment-size": "small",
                            "tags.jra.environment_type": "latest",
                            "vpc_id": "vpc-bdc500c4"
                        },
                        "meta": {},
                        "tainted": false
                    },
                    "deposed": [],
                    "provider": ""
                },
                "aws_route_table_association.az-1-private": {
                    "type": "aws_route_table_association",
                    "depends_on": [
                        "aws_route_table.private",
                        "aws_subnet.az-1-private"
                    ],
                    "primary": {
                        "id": "rtbassoc-a531a7de",
                        "attributes": {
                            "id": "rtbassoc-a531a7de",
                            "route_table_id": "rtb-a33d81db",
                            "subnet_id": "subnet-f58141af"
                        },
                        "meta": {},
                        "tainted": false
                    },
                    "deposed": [],
                    "provider": ""
                },
                "aws_route_table_association.az-1-public": {
                    "type": "aws_route_table_association",
                    "depends_on": [
                        "aws_route_table.public",
                        "aws_subnet.az-1-public"
                    ],
                    "primary": {
                        "id": "rtbassoc-a832a4d3",
                        "attributes": {
                            "id": "rtbassoc-a832a4d3",
                            "route_table_id": "rtb-e1398599",
                            "subnet_id": "subnet-988242c2"
                        },
                        "meta": {},
                        "tainted": false
                    },
                    "deposed": [],
                    "provider": ""
                },
                "aws_route_table_association.az-2-private": {
                    "type": "aws_route_table_association",
                    "depends_on": [
                        "aws_route_table.private",
                        "aws_subnet.az-2-private"
                    ],
                    "primary": {
                        "id": "rtbassoc-5533a52e",
                        "attributes": {
                            "id": "rtbassoc-5533a52e",
                            "route_table_id": "rtb-a33d81db",
                            "subnet_id": "subnet-ab2d1bce"
                        },
                        "meta": {},
                        "tainted": false
                    },
                    "deposed": [],
                    "provider": ""
                },
                "aws_route_table_association.az-2-public": {
                    "type": "aws_route_table_association",
                    "depends_on": [
                        "aws_route_table.public",
                        "aws_subnet.az-2-public"
                    ],
                    "primary": {
                        "id": "rtbassoc-0c31a777",
                        "attributes": {
                            "id": "rtbassoc-0c31a777",
                            "route_table_id": "rtb-e1398599",
                            "subnet_id": "subnet-34281e51"
                        },
                        "meta": {},
                        "tainted": false
                    },
                    "deposed": [],
                    "provider": ""
                },
                "aws_route_table_association.az-3-private": {
                    "type": "aws_route_table_association",
                    "depends_on": [
                        "aws_route_table.private",
                        "aws_subnet.az-3-private"
                    ],
                    "primary": {
                        "id": "rtbassoc-f433a58f",
                        "attributes": {
                            "id": "rtbassoc-f433a58f",
                            "route_table_id": "rtb-a33d81db",
                            "subnet_id": "subnet-0338f32f"
                        },
                        "meta": {},
                        "tainted": false
                    },
                    "deposed": [],
                    "provider": ""
                },
                "aws_route_table_association.az-3-public": {
                    "type": "aws_route_table_association",
                    "depends_on": [
                        "aws_route_table.public",
                        "aws_subnet.az-3-public"
                    ],
                    "primary": {
                        "id": "rtbassoc-113fa96a",
                        "attributes": {
                            "id": "rtbassoc-113fa96a",
                            "route_table_id": "rtb-e1398599",
                            "subnet_id": "subnet-a43bf088"
                        },
                        "meta": {},
                        "tainted": false
                    },
                    "deposed": [],
                    "provider": ""
                },
                "aws_security_group.elb-public-logging": {
                    "type": "aws_security_group",
                    "depends_on": [
                        "aws_vpc.jra_vpc",
                        "random_id.env-instance"
                    ],
                    "primary": {
                        "id": "sg-7bb7f905",
                        "attributes": {
                            "description": "Security groups for public logging elb",
                            "egress.#": "1",
                            "egress.482069346.cidr_blocks.#": "1",
                            "egress.482069346.cidr_blocks.0": "0.0.0.0/0",
                            "egress.482069346.from_port": "0",
                            "egress.482069346.prefix_list_ids.#": "0",
                            "egress.482069346.protocol": "-1",
                            "egress.482069346.security_groups.#": "0",
                            "egress.482069346.self": "false",
                            "egress.482069346.to_port": "0",
                            "id": "sg-7bb7f905",
                            "ingress.#": "1",
                            "ingress.482069346.cidr_blocks.#": "1",
                            "ingress.482069346.cidr_blocks.0": "0.0.0.0/0",
                            "ingress.482069346.from_port": "0",
                            "ingress.482069346.protocol": "-1",
                            "ingress.482069346.security_groups.#": "0",
                            "ingress.482069346.self": "false",
                            "ingress.482069346.to_port": "0",
                            "name": "qa1.jra-sg.us-east-1-logging-elb",
                            "owner_id": "478650753675",
                            "tags.%": "5",
                            "tags.Name": "qa1.sg.us-east-1-logging-elb",
                            "tags.jra.environment": "qa1",
                            "tags.jra.environment-instance-id": "d8uxbYAyx4c",
                            "tags.jra.environment-size": "small",
                            "tags.jra.environment_type": "latest",
                            "vpc_id": "vpc-bdc500c4"
                        },
                        "meta": {},
                        "tainted": false
                    },
                    "deposed": [],
                    "provider": ""
                },
                "aws_security_group.elb-public-swarm": {
                    "type": "aws_security_group",
                    "depends_on": [
                        "aws_vpc.jra_vpc",
                        "random_id.env-instance"
                    ],
                    "primary": {
                        "id": "sg-f9b4fa87",
                        "attributes": {
                            "description": "Security groups for public swarm elb",
                            "egress.#": "1",
                            "egress.482069346.cidr_blocks.#": "1",
                            "egress.482069346.cidr_blocks.0": "0.0.0.0/0",
                            "egress.482069346.from_port": "0",
                            "egress.482069346.prefix_list_ids.#": "0",
                            "egress.482069346.protocol": "-1",
                            "egress.482069346.security_groups.#": "0",
                            "egress.482069346.self": "false",
                            "egress.482069346.to_port": "0",
                            "id": "sg-f9b4fa87",
                            "ingress.#": "1",
                            "ingress.482069346.cidr_blocks.#": "1",
                            "ingress.482069346.cidr_blocks.0": "0.0.0.0/0",
                            "ingress.482069346.from_port": "0",
                            "ingress.482069346.protocol": "-1",
                            "ingress.482069346.security_groups.#": "0",
                            "ingress.482069346.self": "false",
                            "ingress.482069346.to_port": "0",
                            "name": "qa1.jra-sg.us-east-1-swarm-elb",
                            "owner_id": "478650753675",
                            "tags.%": "5",
                            "tags.Name": "qa1.sg.us-east-1-swarm-elb",
                            "tags.jra.environment": "qa1",
                            "tags.jra.environment-instance-id": "d8uxbYAyx4c",
                            "tags.jra.environment-size": "small",
                            "tags.jra.environment_type": "latest",
                            "vpc_id": "vpc-bdc500c4"
                        },
                        "meta": {},
                        "tainted": false
                    },
                    "deposed": [],
                    "provider": ""
                },
                "aws_security_group.private_admin": {
                    "type": "aws_security_group",
                    "depends_on": [
                        "aws_vpc.jra_vpc",
                        "random_id.env-instance"
                    ],
                    "primary": {
                        "id": "sg-e1b5fb9f",
                        "attributes": {
                            "description": "Swarm Nodes that will run containers related to admin apps (timetracking, jira, wikis, etc)",
                            "egress.#": "1",
                            "egress.482069346.cidr_blocks.#": "1",
                            "egress.482069346.cidr_blocks.0": "0.0.0.0/0",
                            "egress.482069346.from_port": "0",
                            "egress.482069346.prefix_list_ids.#": "0",
                            "egress.482069346.protocol": "-1",
                            "egress.482069346.security_groups.#": "0",
                            "egress.482069346.self": "false",
                            "egress.482069346.to_port": "0",
                            "id": "sg-e1b5fb9f",
                            "ingress.#": "1",
                            "ingress.482069346.cidr_blocks.#": "1",
                            "ingress.482069346.cidr_blocks.0": "0.0.0.0/0",
                            "ingress.482069346.from_port": "0",
                            "ingress.482069346.protocol": "-1",
                            "ingress.482069346.security_groups.#": "0",
                            "ingress.482069346.self": "false",
                            "ingress.482069346.to_port": "0",
                            "name": "qa1.jra-sg.us-east-1-private-admin",
                            "owner_id": "478650753675",
                            "tags.%": "5",
                            "tags.Name": "qa1.sg.us-east-1-private-admin",
                            "tags.jra.environment": "qa1",
                            "tags.jra.environment-instance-id": "d8uxbYAyx4c",
                            "tags.jra.environment-size": "small",
                            "tags.jra.environment_type": "latest",
                            "vpc_id": "vpc-bdc500c4"
                        },
                        "meta": {},
                        "tainted": false
                    },
                    "deposed": [],
                    "provider": ""
                },
                "aws_security_group.private_app-api-service": {
                    "type": "aws_security_group",
                    "depends_on": [
                        "aws_vpc.jra_vpc",
                        "random_id.env-instance"
                    ],
                    "primary": {
                        "id": "sg-6fb2fc11",
                        "attributes": {
                            "description": "Swarm Nodes that will run containers related to storage persistence for mangement apps (databases, caches, etc)",
                            "egress.#": "1",
                            "egress.482069346.cidr_blocks.#": "1",
                            "egress.482069346.cidr_blocks.0": "0.0.0.0/0",
                            "egress.482069346.from_port": "0",
                            "egress.482069346.prefix_list_ids.#": "0",
                            "egress.482069346.protocol": "-1",
                            "egress.482069346.security_groups.#": "0",
                            "egress.482069346.self": "false",
                            "egress.482069346.to_port": "0",
                            "id": "sg-6fb2fc11",
                            "ingress.#": "1",
                            "ingress.482069346.cidr_blocks.#": "1",
                            "ingress.482069346.cidr_blocks.0": "0.0.0.0/0",
                            "ingress.482069346.from_port": "0",
                            "ingress.482069346.protocol": "-1",
                            "ingress.482069346.security_groups.#": "0",
                            "ingress.482069346.self": "false",
                            "ingress.482069346.to_port": "0",
                            "name": "qa1.jra-sg.us-east-1-private-app-api-service",
                            "owner_id": "478650753675",
                            "tags.%": "5",
                            "tags.Name": "qa1.sg.us-east-1-private-app-api-service",
                            "tags.jra.environment": "qa1",
                            "tags.jra.environment-instance-id": "d8uxbYAyx4c",
                            "tags.jra.environment-size": "small",
                            "tags.jra.environment_type": "latest",
                            "vpc_id": "vpc-bdc500c4"
                        },
                        "meta": {},
                        "tainted": false
                    },
                    "deposed": [],
                    "provider": ""
                },
                "aws_security_group.private_app-persistence": {
                    "type": "aws_security_group",
                    "depends_on": [
                        "aws_vpc.jra_vpc",
                        "random_id.env-instance"
                    ],
                    "primary": {
                        "id": "sg-f6b4fa88",
                        "attributes": {
                            "description": "Swarm Nodes that will run containers related to storage persistence for mangement apps (databases, caches, etc)",
                            "egress.#": "1",
                            "egress.482069346.cidr_blocks.#": "1",
                            "egress.482069346.cidr_blocks.0": "0.0.0.0/0",
                            "egress.482069346.from_port": "0",
                            "egress.482069346.prefix_list_ids.#": "0",
                            "egress.482069346.protocol": "-1",
                            "egress.482069346.security_groups.#": "0",
                            "egress.482069346.self": "false",
                            "egress.482069346.to_port": "0",
                            "id": "sg-f6b4fa88",
                            "ingress.#": "1",
                            "ingress.482069346.cidr_blocks.#": "1",
                            "ingress.482069346.cidr_blocks.0": "0.0.0.0/0",
                            "ingress.482069346.from_port": "0",
                            "ingress.482069346.protocol": "-1",
                            "ingress.482069346.security_groups.#": "0",
                            "ingress.482069346.self": "false",
                            "ingress.482069346.to_port": "0",
                            "name": "qa1.jra-sg.us-east-1-private-app-persistence",
                            "owner_id": "478650753675",
                            "tags.%": "5",
                            "tags.Name": "qa1.sg.us-east-1-private-app-persistence",
                            "tags.jra.environment": "qa1",
                            "tags.jra.environment-instance-id": "d8uxbYAyx4c",
                            "tags.jra.environment-size": "small",
                            "tags.jra.environment_type": "latest",
                            "vpc_id": "vpc-bdc500c4"
                        },
                        "meta": {},
                        "tainted": false
                    },
                    "deposed": [],
                    "provider": ""
                },
                "aws_security_group.private_build": {
                    "type": "aws_security_group",
                    "depends_on": [
                        "aws_vpc.jra_vpc",
                        "random_id.env-instance"
                    ],
                    "primary": {
                        "id": "sg-aebaf4d0",
                        "attributes": {
                            "description": "Swarm Nodes that will run containers related to builds \u0026 CI / CD pipelines",
                            "egress.#": "1",
                            "egress.482069346.cidr_blocks.#": "1",
                            "egress.482069346.cidr_blocks.0": "0.0.0.0/0",
                            "egress.482069346.from_port": "0",
                            "egress.482069346.prefix_list_ids.#": "0",
                            "egress.482069346.protocol": "-1",
                            "egress.482069346.security_groups.#": "0",
                            "egress.482069346.self": "false",
                            "egress.482069346.to_port": "0",
                            "id": "sg-aebaf4d0",
                            "ingress.#": "1",
                            "ingress.482069346.cidr_blocks.#": "1",
                            "ingress.482069346.cidr_blocks.0": "0.0.0.0/0",
                            "ingress.482069346.from_port": "0",
                            "ingress.482069346.protocol": "-1",
                            "ingress.482069346.security_groups.#": "0",
                            "ingress.482069346.self": "false",
                            "ingress.482069346.to_port": "0",
                            "name": "qa1.jra-sg.us-east-1-private-build",
                            "owner_id": "478650753675",
                            "tags.%": "5",
                            "tags.Name": "qa1.sg.us-east-1-private-build",
                            "tags.jra.environment": "qa1",
                            "tags.jra.environment-instance-id": "d8uxbYAyx4c",
                            "tags.jra.environment-size": "small",
                            "tags.jra.environment_type": "latest",
                            "vpc_id": "vpc-bdc500c4"
                        },
                        "meta": {},
                        "tainted": false
                    },
                    "deposed": [],
                    "provider": ""
                },
                "aws_security_group.private_infra-logging": {
                    "type": "aws_security_group",
                    "depends_on": [
                        "aws_vpc.jra_vpc",
                        "random_id.env-instance"
                    ],
                    "primary": {
                        "id": "sg-f8b4fa86",
                        "attributes": {
                            "description": "Swarm Nodes that will run containers related to centralized logging stack",
                            "egress.#": "1",
                            "egress.482069346.cidr_blocks.#": "1",
                            "egress.482069346.cidr_blocks.0": "0.0.0.0/0",
                            "egress.482069346.from_port": "0",
                            "egress.482069346.prefix_list_ids.#": "0",
                            "egress.482069346.protocol": "-1",
                            "egress.482069346.security_groups.#": "0",
                            "egress.482069346.self": "false",
                            "egress.482069346.to_port": "0",
                            "id": "sg-f8b4fa86",
                            "ingress.#": "1",
                            "ingress.482069346.cidr_blocks.#": "1",
                            "ingress.482069346.cidr_blocks.0": "0.0.0.0/0",
                            "ingress.482069346.from_port": "0",
                            "ingress.482069346.protocol": "-1",
                            "ingress.482069346.security_groups.#": "0",
                            "ingress.482069346.self": "false",
                            "ingress.482069346.to_port": "0",
                            "name": "qa1.jra-sg.us-east-1-private-infra-logging",
                            "owner_id": "478650753675",
                            "tags.%": "5",
                            "tags.Name": "qa1.sg.us-east-1-private-infra-logging",
                            "tags.jra.environment": "qa1",
                            "tags.jra.environment-instance-id": "d8uxbYAyx4c",
                            "tags.jra.environment-size": "small",
                            "tags.jra.environment_type": "latest",
                            "vpc_id": "vpc-bdc500c4"
                        },
                        "meta": {},
                        "tainted": false
                    },
                    "deposed": [],
                    "provider": ""
                },
                "aws_security_group.private_management": {
                    "type": "aws_security_group",
                    "depends_on": [
                        "aws_vpc.jra_vpc",
                        "random_id.env-instance"
                    ],
                    "primary": {
                        "id": "sg-44b6f83a",
                        "attributes": {
                            "description": "Swarm Nodes that will run containers related to storage persistence for mangement apps (databases, caches, etc)",
                            "egress.#": "1",
                            "egress.482069346.cidr_blocks.#": "1",
                            "egress.482069346.cidr_blocks.0": "0.0.0.0/0",
                            "egress.482069346.from_port": "0",
                            "egress.482069346.prefix_list_ids.#": "0",
                            "egress.482069346.protocol": "-1",
                            "egress.482069346.security_groups.#": "0",
                            "egress.482069346.self": "false",
                            "egress.482069346.to_port": "0",
                            "id": "sg-44b6f83a",
                            "ingress.#": "1",
                            "ingress.482069346.cidr_blocks.#": "1",
                            "ingress.482069346.cidr_blocks.0": "0.0.0.0/0",
                            "ingress.482069346.from_port": "0",
                            "ingress.482069346.protocol": "-1",
                            "ingress.482069346.security_groups.#": "0",
                            "ingress.482069346.self": "false",
                            "ingress.482069346.to_port": "0",
                            "name": "qa1.jra-sg.us-east-1-private-management",
                            "owner_id": "478650753675",
                            "tags.%": "5",
                            "tags.Name": "qa1.sg.us-east-1-private-management",
                            "tags.jra.environment": "qa1",
                            "tags.jra.environment-instance-id": "d8uxbYAyx4c",
                            "tags.jra.environment-size": "small",
                            "tags.jra.environment_type": "latest",
                            "vpc_id": "vpc-bdc500c4"
                        },
                        "meta": {},
                        "tainted": false
                    },
                    "deposed": [],
                    "provider": ""
                },
                "aws_security_group.private_management_persistence": {
                    "type": "aws_security_group",
                    "depends_on": [
                        "aws_vpc.jra_vpc",
                        "random_id.env-instance"
                    ],
                    "primary": {
                        "id": "sg-a5b9f7db",
                        "attributes": {
                            "description": "Swarm Nodes that will run containers related to storage persistence for mangement apps (databases, caches, etc)",
                            "egress.#": "1",
                            "egress.482069346.cidr_blocks.#": "1",
                            "egress.482069346.cidr_blocks.0": "0.0.0.0/0",
                            "egress.482069346.from_port": "0",
                            "egress.482069346.prefix_list_ids.#": "0",
                            "egress.482069346.protocol": "-1",
                            "egress.482069346.security_groups.#": "0",
                            "egress.482069346.self": "false",
                            "egress.482069346.to_port": "0",
                            "id": "sg-a5b9f7db",
                            "ingress.#": "1",
                            "ingress.482069346.cidr_blocks.#": "1",
                            "ingress.482069346.cidr_blocks.0": "0.0.0.0/0",
                            "ingress.482069346.from_port": "0",
                            "ingress.482069346.protocol": "-1",
                            "ingress.482069346.security_groups.#": "0",
                            "ingress.482069346.self": "false",
                            "ingress.482069346.to_port": "0",
                            "name": "qa1.jra-sg.us-east-1-private-management-persistence",
                            "owner_id": "478650753675",
                            "tags.%": "5",
                            "tags.Name": "qa1.sg.us-east-1-private-management-persistence",
                            "tags.jra.environment": "qa1",
                            "tags.jra.environment-instance-id": "d8uxbYAyx4c",
                            "tags.jra.environment-size": "small",
                            "tags.jra.environment_type": "latest",
                            "vpc_id": "vpc-bdc500c4"
                        },
                        "meta": {},
                        "tainted": false
                    },
                    "deposed": [],
                    "provider": ""
                },
                "aws_security_group.private_monitoring": {
                    "type": "aws_security_group",
                    "depends_on": [
                        "aws_vpc.jra_vpc",
                        "random_id.env-instance"
                    ],
                    "primary": {
                        "id": "sg-deb5fba0",
                        "attributes": {
                            "description": "Swarm Nodes that will run containers related to monitoring (logging servers, metrics collection, etc",
                            "egress.#": "1",
                            "egress.482069346.cidr_blocks.#": "1",
                            "egress.482069346.cidr_blocks.0": "0.0.0.0/0",
                            "egress.482069346.from_port": "0",
                            "egress.482069346.prefix_list_ids.#": "0",
                            "egress.482069346.protocol": "-1",
                            "egress.482069346.security_groups.#": "0",
                            "egress.482069346.self": "false",
                            "egress.482069346.to_port": "0",
                            "id": "sg-deb5fba0",
                            "ingress.#": "1",
                            "ingress.482069346.cidr_blocks.#": "1",
                            "ingress.482069346.cidr_blocks.0": "0.0.0.0/0",
                            "ingress.482069346.from_port": "0",
                            "ingress.482069346.protocol": "-1",
                            "ingress.482069346.security_groups.#": "0",
                            "ingress.482069346.self": "false",
                            "ingress.482069346.to_port": "0",
                            "name": "qa1.jra-sg.us-east-1-private-monitoring",
                            "owner_id": "478650753675",
                            "tags.%": "5",
                            "tags.Name": "qa1.sg.us-east-1-private-management-persistence",
                            "tags.jra.environment": "qa1",
                            "tags.jra.environment-instance-id": "d8uxbYAyx4c",
                            "tags.jra.environment-size": "small",
                            "tags.jra.environment_type": "latest",
                            "vpc_id": "vpc-bdc500c4"
                        },
                        "meta": {},
                        "tainted": false
                    },
                    "deposed": [],
                    "provider": ""
                },
                "aws_security_group.private_swarm-manager": {
                    "type": "aws_security_group",
                    "depends_on": [
                        "aws_vpc.jra_vpc",
                        "random_id.env-instance"
                    ],
                    "primary": {
                        "id": "sg-5bb3fd25",
                        "attributes": {
                            "description": "Swarm Manager that will run the docker swarm manager",
                            "egress.#": "1",
                            "egress.482069346.cidr_blocks.#": "1",
                            "egress.482069346.cidr_blocks.0": "0.0.0.0/0",
                            "egress.482069346.from_port": "0",
                            "egress.482069346.prefix_list_ids.#": "0",
                            "egress.482069346.protocol": "-1",
                            "egress.482069346.security_groups.#": "0",
                            "egress.482069346.self": "false",
                            "egress.482069346.to_port": "0",
                            "id": "sg-5bb3fd25",
                            "ingress.#": "1",
                            "ingress.482069346.cidr_blocks.#": "1",
                            "ingress.482069346.cidr_blocks.0": "0.0.0.0/0",
                            "ingress.482069346.from_port": "0",
                            "ingress.482069346.protocol": "-1",
                            "ingress.482069346.security_groups.#": "0",
                            "ingress.482069346.self": "false",
                            "ingress.482069346.to_port": "0",
                            "name": "qa1.jra-sg.us-east-1-private-swarm-manager",
                            "owner_id": "478650753675",
                            "tags.%": "5",
                            "tags.Name": "qa1.sg.us-east-1-private-swarm-manager",
                            "tags.jra.environment": "qa1",
                            "tags.jra.environment-instance-id": "d8uxbYAyx4c",
                            "tags.jra.environment-size": "small",
                            "tags.jra.environment_type": "latest",
                            "vpc_id": "vpc-bdc500c4"
                        },
                        "meta": {},
                        "tainted": false
                    },
                    "deposed": [],
                    "provider": ""
                },
                "aws_security_group.public_app-api-web": {
                    "type": "aws_security_group",
                    "depends_on": [
                        "aws_vpc.jra_vpc",
                        "random_id.env-instance"
                    ],
                    "primary": {
                        "id": "sg-78b7f906",
                        "attributes": {
                            "description": "Security groups for public web apis",
                            "egress.#": "1",
                            "egress.482069346.cidr_blocks.#": "1",
                            "egress.482069346.cidr_blocks.0": "0.0.0.0/0",
                            "egress.482069346.from_port": "0",
                            "egress.482069346.prefix_list_ids.#": "0",
                            "egress.482069346.protocol": "-1",
                            "egress.482069346.security_groups.#": "0",
                            "egress.482069346.self": "false",
                            "egress.482069346.to_port": "0",
                            "id": "sg-78b7f906",
                            "ingress.#": "1",
                            "ingress.482069346.cidr_blocks.#": "1",
                            "ingress.482069346.cidr_blocks.0": "0.0.0.0/0",
                            "ingress.482069346.from_port": "0",
                            "ingress.482069346.protocol": "-1",
                            "ingress.482069346.security_groups.#": "0",
                            "ingress.482069346.self": "false",
                            "ingress.482069346.to_port": "0",
                            "name": "qa1.jra-sg.us-east-1-public-app-api-web",
                            "owner_id": "478650753675",
                            "tags.%": "5",
                            "tags.Name": "qa1.sg.us-east-1-public-app-api-web",
                            "tags.jra.environment": "qa1",
                            "tags.jra.environment-instance-id": "d8uxbYAyx4c",
                            "tags.jra.environment-size": "small",
                            "tags.jra.environment_type": "latest",
                            "vpc_id": "vpc-bdc500c4"
                        },
                        "meta": {},
                        "tainted": false
                    },
                    "deposed": [],
                    "provider": ""
                },
                "aws_security_group.public_app-ui-web": {
                    "type": "aws_security_group",
                    "depends_on": [
                        "aws_vpc.jra_vpc",
                        "random_id.env-instance"
                    ],
                    "primary": {
                        "id": "sg-ecb6f892",
                        "attributes": {
                            "description": "Security Group for public web ui apps",
                            "egress.#": "1",
                            "egress.482069346.cidr_blocks.#": "1",
                            "egress.482069346.cidr_blocks.0": "0.0.0.0/0",
                            "egress.482069346.from_port": "0",
                            "egress.482069346.prefix_list_ids.#": "0",
                            "egress.482069346.protocol": "-1",
                            "egress.482069346.security_groups.#": "0",
                            "egress.482069346.self": "false",
                            "egress.482069346.to_port": "0",
                            "id": "sg-ecb6f892",
                            "ingress.#": "1",
                            "ingress.482069346.cidr_blocks.#": "1",
                            "ingress.482069346.cidr_blocks.0": "0.0.0.0/0",
                            "ingress.482069346.from_port": "0",
                            "ingress.482069346.protocol": "-1",
                            "ingress.482069346.security_groups.#": "0",
                            "ingress.482069346.self": "false",
                            "ingress.482069346.to_port": "0",
                            "name": "qa1.jra-sg.us-east-1-public-app-ui-web",
                            "owner_id": "478650753675",
                            "tags.%": "5",
                            "tags.Name": "qa1.sg.us-east-1-public-app-ui-web",
                            "tags.jra.environment": "qa1",
                            "tags.jra.environment-instance-id": "d8uxbYAyx4c",
                            "tags.jra.environment-size": "small",
                            "tags.jra.environment_type": "latest",
                            "vpc_id": "vpc-bdc500c4"
                        },
                        "meta": {},
                        "tainted": false
                    },
                    "deposed": [],
                    "provider": ""
                },
                "aws_subnet.az-1-private": {
                    "type": "aws_subnet",
                    "depends_on": [
                        "aws_vpc.jra_vpc",
                        "random_id.env-instance"
                    ],
                    "primary": {
                        "id": "subnet-f58141af",
                        "attributes": {
                            "availability_zone": "us-east-1a",
                            "cidr_block": "10.0.1.0/24",
                            "id": "subnet-f58141af",
                            "map_public_ip_on_launch": "true",
                            "tags.%": "6",
                            "tags.Name": "qa1.subnet.us-east-1a-private",
                            "tags.jra.environment": "qa1",
                            "tags.jra.environment-instance-id": "d8uxbYAyx4c",
                            "tags.jra.environment-size": "small",
                            "tags.jra.environment_type": "latest",
                            "tags.jra.failure-zone": "us-east-1-az-1",
                            "vpc_id": "vpc-bdc500c4"
                        },
                        "meta": {},
                        "tainted": false
                    },
                    "deposed": [],
                    "provider": ""
                },
                "aws_subnet.az-1-public": {
                    "type": "aws_subnet",
                    "depends_on": [
                        "aws_vpc.jra_vpc",
                        "random_id.env-instance"
                    ],
                    "primary": {
                        "id": "subnet-988242c2",
                        "attributes": {
                            "availability_zone": "us-east-1a",
                            "cidr_block": "10.0.0.0/24",
                            "id": "subnet-988242c2",
                            "map_public_ip_on_launch": "true",
                            "tags.%": "6",
                            "tags.Name": "qa1.subnet.us-east-1a-public",
                            "tags.jra.environment": "qa1",
                            "tags.jra.environment-instance-id": "d8uxbYAyx4c",
                            "tags.jra.environment-size": "small",
                            "tags.jra.environment_type": "latest",
                            "tags.jra.failure-zone": "us-east-1-az-1",
                            "vpc_id": "vpc-bdc500c4"
                        },
                        "meta": {},
                        "tainted": false
                    },
                    "deposed": [],
                    "provider": ""
                },
                "aws_subnet.az-2-private": {
                    "type": "aws_subnet",
                    "depends_on": [
                        "aws_vpc.jra_vpc",
                        "random_id.env-instance"
                    ],
                    "primary": {
                        "id": "subnet-ab2d1bce",
                        "attributes": {
                            "availability_zone": "us-east-1b",
                            "cidr_block": "10.0.3.0/24",
                            "id": "subnet-ab2d1bce",
                            "map_public_ip_on_launch": "true",
                            "tags.%": "6",
                            "tags.Name": "qa1.subnet.us-east-1b-private",
                            "tags.jra.environment": "qa1",
                            "tags.jra.environment-instance-id": "d8uxbYAyx4c",
                            "tags.jra.environment-size": "small",
                            "tags.jra.environment_type": "latest",
                            "tags.jra.failure-zone": "us-east-1-az-2",
                            "vpc_id": "vpc-bdc500c4"
                        },
                        "meta": {},
                        "tainted": false
                    },
                    "deposed": [],
                    "provider": ""
                },
                "aws_subnet.az-2-public": {
                    "type": "aws_subnet",
                    "depends_on": [
                        "aws_vpc.jra_vpc",
                        "random_id.env-instance"
                    ],
                    "primary": {
                        "id": "subnet-34281e51",
                        "attributes": {
                            "availability_zone": "us-east-1b",
                            "cidr_block": "10.0.2.0/24",
                            "id": "subnet-34281e51",
                            "map_public_ip_on_launch": "true",
                            "tags.%": "6",
                            "tags.Name": "qa1.subnet.us-east-1b-public",
                            "tags.jra.environment": "qa1",
                            "tags.jra.environment-instance-id": "d8uxbYAyx4c",
                            "tags.jra.environment-size": "small",
                            "tags.jra.environment_type": "latest",
                            "tags.jra.failure-zone": "us-east-1-az-2",
                            "vpc_id": "vpc-bdc500c4"
                        },
                        "meta": {},
                        "tainted": false
                    },
                    "deposed": [],
                    "provider": ""
                },
                "aws_subnet.az-3-private": {
                    "type": "aws_subnet",
                    "depends_on": [
                        "aws_vpc.jra_vpc",
                        "random_id.env-instance"
                    ],
                    "primary": {
                        "id": "subnet-0338f32f",
                        "attributes": {
                            "availability_zone": "us-east-1c",
                            "cidr_block": "10.0.5.0/24",
                            "id": "subnet-0338f32f",
                            "map_public_ip_on_launch": "true",
                            "tags.%": "6",
                            "tags.Name": "qa1.subnet.us-east-1c-private",
                            "tags.jra.environment": "qa1",
                            "tags.jra.environment-instance-id": "d8uxbYAyx4c",
                            "tags.jra.environment-size": "small",
                            "tags.jra.environment_type": "latest",
                            "tags.jra.failure-zone": "us-east-1-az-3",
                            "vpc_id": "vpc-bdc500c4"
                        },
                        "meta": {},
                        "tainted": false
                    },
                    "deposed": [],
                    "provider": ""
                },
                "aws_subnet.az-3-public": {
                    "type": "aws_subnet",
                    "depends_on": [
                        "aws_vpc.jra_vpc",
                        "random_id.env-instance"
                    ],
                    "primary": {
                        "id": "subnet-a43bf088",
                        "attributes": {
                            "availability_zone": "us-east-1c",
                            "cidr_block": "10.0.4.0/24",
                            "id": "subnet-a43bf088",
                            "map_public_ip_on_launch": "true",
                            "tags.%": "6",
                            "tags.Name": "qa1.subnet.us-east-1c-public",
                            "tags.jra.environment": "qa1",
                            "tags.jra.environment-instance-id": "d8uxbYAyx4c",
                            "tags.jra.environment-size": "small",
                            "tags.jra.environment_type": "latest",
                            "tags.jra.failure-zone": "us-east-1-az-3",
                            "vpc_id": "vpc-bdc500c4"
                        },
                        "meta": {},
                        "tainted": false
                    },
                    "deposed": [],
                    "provider": ""
                },
                "aws_vpc.jra_vpc": {
                    "type": "aws_vpc",
                    "depends_on": [
                        "random_id.env-instance"
                    ],
                    "primary": {
                        "id": "vpc-bdc500c4",
                        "attributes": {
                            "cidr_block": "10.0.0.0/16",
                            "default_network_acl_id": "acl-bdb42ec4",
                            "default_route_table_id": "rtb-e0398598",
                            "default_security_group_id": "sg-fbb4fa85",
                            "dhcp_options_id": "dopt-eb4a818d",
                            "enable_classiclink": "false",
                            "enable_dns_hostnames": "true",
                            "enable_dns_support": "true",
                            "id": "vpc-bdc500c4",
                            "instance_tenancy": "default",
                            "main_route_table_id": "rtb-e0398598",
                            "tags.%": "5",
                            "tags.Name": "qa1.vpc.us-east-1",
                            "tags.jra.environment": "qa1",
                            "tags.jra.environment-instance-id": "d8uxbYAyx4c",
                            "tags.jra.environment-size": "small",
                            "tags.jra.environment_type": "latest"
                        },
                        "meta": {},
                        "tainted": false
                    },
                    "deposed": [],
                    "provider": ""
                },
                "null_resource.swarm-cluster-provision": {
                    "type": "null_resource",
                    "depends_on": [
                        "aws_instance.app-api-service-az-1",
                        "aws_instance.app-api-service-az-2",
                        "aws_instance.app-api-service-az-3",
                        "aws_instance.app-persistence-az-1",
                        "aws_instance.app-persistence-az-2",
                        "aws_instance.app-persistence-az-3",
                        "aws_instance.app-ui-web-az-1",
                        "aws_instance.app-ui-web-az-1",
                        "aws_instance.app-ui-web-az-3",
                        "aws_instance.build-az-1",
                        "aws_instance.build-az-2",
                        "aws_instance.build-az-3",
                        "aws_instance.swarm-manager-az-1",
                        "aws_instance.swarm-manager-az-1",
                        "aws_instance.swarm-manager-az-3"
                    ],
                    "primary": {
                        "id": "1394499024267380018",
                        "attributes": {
                            "id": "1394499024267380018"
                        },
                        "meta": {},
                        "tainted": true
                    },
                    "deposed": [],
                    "provider": ""
                },
                "random_id.env-instance": {
                    "type": "random_id",
                    "depends_on": [],
                    "primary": {
                        "id": "d8uxbYAyx4c",
                        "attributes": {
                            "b64": "d8uxbYAyx4c",
                            "b64_std": "d8uxbYAyx4c=",
                            "b64_url": "d8uxbYAyx4c",
                            "byte_length": "8",
                            "dec": "8632188194646050695",
                            "hex": "77cbb16d8032c787",
                            "id": "d8uxbYAyx4c"
                        },
                        "meta": {},
                        "tainted": false
                    },
                    "deposed": [],
                    "provider": ""
                }
            },
            "depends_on": []
        }
    ]
}
