{
    "version": 3,
    "terraform_version": "0.7.13",
    "serial": 6,
    "lineage": "f46365e9-6f61-4d10-831d-94734c16ff5c",
    "modules": [
        {
            "path": [
                "root"
            ],
            "outputs": {},
            "resources": {
                "aws_eip.az-1-public": {
                    "type": "aws_eip",
                    "depends_on": [],
                    "primary": {
                        "id": "eipalloc-b2b3af83",
                        "attributes": {
                            "association_id": "",
                            "domain": "vpc",
                            "id": "eipalloc-b2b3af83",
                            "instance": "",
                            "network_interface": "",
                            "private_ip": "",
                            "public_ip": "52.3.161.158",
                            "vpc": "true"
                        },
                        "meta": {},
                        "tainted": false
                    },
                    "deposed": [],
                    "provider": ""
                },
                "aws_eip.az-2-public": {
                    "type": "aws_eip",
                    "depends_on": [],
                    "primary": {
                        "id": "eipalloc-faadb1cb",
                        "attributes": {
                            "association_id": "",
                            "domain": "vpc",
                            "id": "eipalloc-faadb1cb",
                            "instance": "",
                            "network_interface": "",
                            "private_ip": "",
                            "public_ip": "34.225.53.182",
                            "vpc": "true"
                        },
                        "meta": {},
                        "tainted": false
                    },
                    "deposed": [],
                    "provider": ""
                },
                "aws_eip.az-3-public": {
                    "type": "aws_eip",
                    "depends_on": [],
                    "primary": {
                        "id": "eipalloc-ccaeb2fd",
                        "attributes": {
                            "association_id": "",
                            "domain": "vpc",
                            "id": "eipalloc-ccaeb2fd",
                            "instance": "",
                            "network_interface": "",
                            "private_ip": "",
                            "public_ip": "34.197.134.9",
                            "vpc": "true"
                        },
                        "meta": {},
                        "tainted": false
                    },
                    "deposed": [],
                    "provider": ""
                },
                "aws_internet_gateway.jra_igw": {
                    "type": "aws_internet_gateway",
                    "depends_on": [
                        "aws_vpc.jra_vpc",
                        "random_id.env-instance"
                    ],
                    "primary": {
                        "id": "igw-438f3825",
                        "attributes": {
                            "id": "igw-438f3825",
                            "tags.%": "5",
                            "tags.Name": "qa1.igw.us-east-1",
                            "tags.jra.environment": "qa1",
                            "tags.jra.environment-instance-id": "jr-3iSS6W4o",
                            "tags.jra.environment-size": "small",
                            "tags.jra.environment_type": "latest",
                            "vpc_id": "vpc-0aa45c73"
                        },
                        "meta": {},
                        "tainted": false
                    },
                    "deposed": [],
                    "provider": ""
                },
                "aws_nat_gateway.az-1-public": {
                    "type": "aws_nat_gateway",
                    "depends_on": [
                        "aws_eip.az-1-public",
                        "aws_subnet.az-1-public"
                    ],
                    "primary": {
                        "id": "nat-0a817eeba4e6747d0",
                        "attributes": {
                            "allocation_id": "eipalloc-b2b3af83",
                            "id": "nat-0a817eeba4e6747d0",
                            "network_interface_id": "eni-785614a3",
                            "private_ip": "10.0.0.28",
                            "public_ip": "52.3.161.158",
                            "subnet_id": "subnet-c412d59e"
                        },
                        "meta": {},
                        "tainted": false
                    },
                    "deposed": [],
                    "provider": ""
                },
                "aws_nat_gateway.az-2-public": {
                    "type": "aws_nat_gateway",
                    "depends_on": [
                        "aws_eip.az-2-public",
                        "aws_subnet.az-2-public"
                    ],
                    "primary": {
                        "id": "nat-064820f430368f63f",
                        "attributes": {
                            "allocation_id": "eipalloc-faadb1cb",
                            "id": "nat-064820f430368f63f",
                            "network_interface_id": "eni-c784dcd3",
                            "private_ip": "10.0.2.55",
                            "public_ip": "34.225.53.182",
                            "subnet_id": "subnet-84ac98e1"
                        },
                        "meta": {},
                        "tainted": false
                    },
                    "deposed": [],
                    "provider": ""
                },
                "aws_nat_gateway.az-3-public": {
                    "type": "aws_nat_gateway",
                    "depends_on": [
                        "aws_eip.az-3-public",
                        "aws_subnet.az-3-public"
                    ],
                    "primary": {
                        "id": "nat-03596893e762c12c3",
                        "attributes": {
                            "allocation_id": "eipalloc-ccaeb2fd",
                            "id": "nat-03596893e762c12c3",
                            "network_interface_id": "eni-6f971aa6",
                            "private_ip": "10.0.4.108",
                            "public_ip": "34.197.134.9",
                            "subnet_id": "subnet-9cc20bb0"
                        },
                        "meta": {},
                        "tainted": false
                    },
                    "deposed": [],
                    "provider": ""
                },
                "aws_route_table.private": {
                    "type": "aws_route_table",
                    "depends_on": [
                        "aws_internet_gateway.jra_igw",
                        "aws_vpc.jra_vpc",
                        "random_id.env-instance"
                    ],
                    "primary": {
                        "id": "rtb-2d15a555",
                        "attributes": {
                            "id": "rtb-2d15a555",
                            "propagating_vgws.#": "0",
                            "route.#": "1",
                            "route.3346874472.cidr_block": "0.0.0.0/0",
                            "route.3346874472.gateway_id": "igw-438f3825",
                            "route.3346874472.instance_id": "",
                            "route.3346874472.nat_gateway_id": "",
                            "route.3346874472.network_interface_id": "",
                            "route.3346874472.vpc_peering_connection_id": "",
                            "tags.%": "5",
                            "tags.Name": "qa1.route-table.us-east-1-private",
                            "tags.jra.environment": "qa1",
                            "tags.jra.environment-instance-id": "jr-3iSS6W4o",
                            "tags.jra.environment-size": "small",
                            "tags.jra.environment_type": "latest",
                            "vpc_id": "vpc-0aa45c73"
                        },
                        "meta": {},
                        "tainted": false
                    },
                    "deposed": [],
                    "provider": ""
                },
                "aws_route_table.public": {
                    "type": "aws_route_table",
                    "depends_on": [
                        "aws_internet_gateway.jra_igw",
                        "aws_vpc.jra_vpc",
                        "random_id.env-instance"
                    ],
                    "primary": {
                        "id": "rtb-1f12a267",
                        "attributes": {
                            "id": "rtb-1f12a267",
                            "propagating_vgws.#": "0",
                            "route.#": "1",
                            "route.3346874472.cidr_block": "0.0.0.0/0",
                            "route.3346874472.gateway_id": "igw-438f3825",
                            "route.3346874472.instance_id": "",
                            "route.3346874472.nat_gateway_id": "",
                            "route.3346874472.network_interface_id": "",
                            "route.3346874472.vpc_peering_connection_id": "",
                            "tags.%": "5",
                            "tags.Name": "qa1.route-table.us-east-1-public",
                            "tags.jra.environment": "qa1",
                            "tags.jra.environment-instance-id": "jr-3iSS6W4o",
                            "tags.jra.environment-size": "small",
                            "tags.jra.environment_type": "latest",
                            "vpc_id": "vpc-0aa45c73"
                        },
                        "meta": {},
                        "tainted": false
                    },
                    "deposed": [],
                    "provider": ""
                },
                "aws_route_table_association.az-1-private": {
                    "type": "aws_route_table_association",
                    "depends_on": [
                        "aws_route_table.private",
                        "aws_subnet.az-1-private"
                    ],
                    "primary": {
                        "id": "rtbassoc-ddbe34a6",
                        "attributes": {
                            "id": "rtbassoc-ddbe34a6",
                            "route_table_id": "rtb-2d15a555",
                            "subnet_id": "subnet-7515d22f"
                        },
                        "meta": {},
                        "tainted": false
                    },
                    "deposed": [],
                    "provider": ""
                },
                "aws_route_table_association.az-1-public": {
                    "type": "aws_route_table_association",
                    "depends_on": [
                        "aws_route_table.public",
                        "aws_subnet.az-1-public"
                    ],
                    "primary": {
                        "id": "rtbassoc-b3bf35c8",
                        "attributes": {
                            "id": "rtbassoc-b3bf35c8",
                            "route_table_id": "rtb-1f12a267",
                            "subnet_id": "subnet-c412d59e"
                        },
                        "meta": {},
                        "tainted": false
                    },
                    "deposed": [],
                    "provider": ""
                },
                "aws_route_table_association.az-2-private": {
                    "type": "aws_route_table_association",
                    "depends_on": [
                        "aws_route_table.private",
                        "aws_subnet.az-2-private"
                    ],
                    "primary": {
                        "id": "rtbassoc-4bbe3430",
                        "attributes": {
                            "id": "rtbassoc-4bbe3430",
                            "route_table_id": "rtb-2d15a555",
                            "subnet_id": "subnet-03a39766"
                        },
                        "meta": {},
                        "tainted": false
                    },
                    "deposed": [],
                    "provider": ""
                },
                "aws_route_table_association.az-2-public": {
                    "type": "aws_route_table_association",
                    "depends_on": [
                        "aws_route_table.public",
                        "aws_subnet.az-2-public"
                    ],
                    "primary": {
                        "id": "rtbassoc-4abe3431",
                        "attributes": {
                            "id": "rtbassoc-4abe3431",
                            "route_table_id": "rtb-1f12a267",
                            "subnet_id": "subnet-84ac98e1"
                        },
                        "meta": {},
                        "tainted": false
                    },
                    "deposed": [],
                    "provider": ""
                },
                "aws_route_table_association.az-3-private": {
                    "type": "aws_route_table_association",
                    "depends_on": [
                        "aws_route_table.private",
                        "aws_subnet.az-3-private"
                    ],
                    "primary": {
                        "id": "rtbassoc-96b933ed",
                        "attributes": {
                            "id": "rtbassoc-96b933ed",
                            "route_table_id": "rtb-2d15a555",
                            "subnet_id": "subnet-bfc40d93"
                        },
                        "meta": {},
                        "tainted": false
                    },
                    "deposed": [],
                    "provider": ""
                },
                "aws_route_table_association.az-3-public": {
                    "type": "aws_route_table_association",
                    "depends_on": [
                        "aws_route_table.public",
                        "aws_subnet.az-3-public"
                    ],
                    "primary": {
                        "id": "rtbassoc-89bd37f2",
                        "attributes": {
                            "id": "rtbassoc-89bd37f2",
                            "route_table_id": "rtb-1f12a267",
                            "subnet_id": "subnet-9cc20bb0"
                        },
                        "meta": {},
                        "tainted": false
                    },
                    "deposed": [],
                    "provider": ""
                },
                "aws_security_group.elb-public-logging": {
                    "type": "aws_security_group",
                    "depends_on": [
                        "aws_vpc.jra_vpc",
                        "random_id.env-instance"
                    ],
                    "primary": {
                        "id": "sg-f5c3858b",
                        "attributes": {
                            "description": "Security groups for public logging elb",
                            "egress.#": "1",
                            "egress.482069346.cidr_blocks.#": "1",
                            "egress.482069346.cidr_blocks.0": "0.0.0.0/0",
                            "egress.482069346.from_port": "0",
                            "egress.482069346.prefix_list_ids.#": "0",
                            "egress.482069346.protocol": "-1",
                            "egress.482069346.security_groups.#": "0",
                            "egress.482069346.self": "false",
                            "egress.482069346.to_port": "0",
                            "id": "sg-f5c3858b",
                            "ingress.#": "1",
                            "ingress.482069346.cidr_blocks.#": "1",
                            "ingress.482069346.cidr_blocks.0": "0.0.0.0/0",
                            "ingress.482069346.from_port": "0",
                            "ingress.482069346.protocol": "-1",
                            "ingress.482069346.security_groups.#": "0",
                            "ingress.482069346.self": "false",
                            "ingress.482069346.to_port": "0",
                            "name": "qa1.jra-sg.us-east-1-logging-elb",
                            "owner_id": "478650753675",
                            "tags.%": "5",
                            "tags.Name": "qa1.sg.us-east-1-logging-elb",
                            "tags.jra.environment": "qa1",
                            "tags.jra.environment-instance-id": "jr-3iSS6W4o",
                            "tags.jra.environment-size": "small",
                            "tags.jra.environment_type": "latest",
                            "vpc_id": "vpc-0aa45c73"
                        },
                        "meta": {},
                        "tainted": false
                    },
                    "deposed": [],
                    "provider": ""
                },
                "aws_security_group.elb-public-swarm": {
                    "type": "aws_security_group",
                    "depends_on": [
                        "aws_vpc.jra_vpc",
                        "random_id.env-instance"
                    ],
                    "primary": {
                        "id": "sg-f4c3858a",
                        "attributes": {
                            "description": "Security groups for public swarm elb",
                            "egress.#": "1",
                            "egress.482069346.cidr_blocks.#": "1",
                            "egress.482069346.cidr_blocks.0": "0.0.0.0/0",
                            "egress.482069346.from_port": "0",
                            "egress.482069346.prefix_list_ids.#": "0",
                            "egress.482069346.protocol": "-1",
                            "egress.482069346.security_groups.#": "0",
                            "egress.482069346.self": "false",
                            "egress.482069346.to_port": "0",
                            "id": "sg-f4c3858a",
                            "ingress.#": "1",
                            "ingress.482069346.cidr_blocks.#": "1",
                            "ingress.482069346.cidr_blocks.0": "0.0.0.0/0",
                            "ingress.482069346.from_port": "0",
                            "ingress.482069346.protocol": "-1",
                            "ingress.482069346.security_groups.#": "0",
                            "ingress.482069346.self": "false",
                            "ingress.482069346.to_port": "0",
                            "name": "qa1.jra-sg.us-east-1-swarm-elb",
                            "owner_id": "478650753675",
                            "tags.%": "5",
                            "tags.Name": "qa1.sg.us-east-1-swarm-elb",
                            "tags.jra.environment": "qa1",
                            "tags.jra.environment-instance-id": "jr-3iSS6W4o",
                            "tags.jra.environment-size": "small",
                            "tags.jra.environment_type": "latest",
                            "vpc_id": "vpc-0aa45c73"
                        },
                        "meta": {},
                        "tainted": false
                    },
                    "deposed": [],
                    "provider": ""
                },
                "aws_security_group.private_admin": {
                    "type": "aws_security_group",
                    "depends_on": [
                        "aws_vpc.jra_vpc",
                        "random_id.env-instance"
                    ],
                    "primary": {
                        "id": "sg-f7c38589",
                        "attributes": {
                            "description": "Swarm Nodes that will run containers related to admin apps (timetracking, jira, wikis, etc)",
                            "egress.#": "1",
                            "egress.482069346.cidr_blocks.#": "1",
                            "egress.482069346.cidr_blocks.0": "0.0.0.0/0",
                            "egress.482069346.from_port": "0",
                            "egress.482069346.prefix_list_ids.#": "0",
                            "egress.482069346.protocol": "-1",
                            "egress.482069346.security_groups.#": "0",
                            "egress.482069346.self": "false",
                            "egress.482069346.to_port": "0",
                            "id": "sg-f7c38589",
                            "ingress.#": "1",
                            "ingress.482069346.cidr_blocks.#": "1",
                            "ingress.482069346.cidr_blocks.0": "0.0.0.0/0",
                            "ingress.482069346.from_port": "0",
                            "ingress.482069346.protocol": "-1",
                            "ingress.482069346.security_groups.#": "0",
                            "ingress.482069346.self": "false",
                            "ingress.482069346.to_port": "0",
                            "name": "qa1.jra-sg.us-east-1-private-admin",
                            "owner_id": "478650753675",
                            "tags.%": "5",
                            "tags.Name": "qa1.sg.us-east-1-private-admin",
                            "tags.jra.environment": "qa1",
                            "tags.jra.environment-instance-id": "jr-3iSS6W4o",
                            "tags.jra.environment-size": "small",
                            "tags.jra.environment_type": "latest",
                            "vpc_id": "vpc-0aa45c73"
                        },
                        "meta": {},
                        "tainted": false
                    },
                    "deposed": [],
                    "provider": ""
                },
                "aws_security_group.private_app-api-service": {
                    "type": "aws_security_group",
                    "depends_on": [
                        "aws_vpc.jra_vpc",
                        "random_id.env-instance"
                    ],
                    "primary": {
                        "id": "sg-b0c284ce",
                        "attributes": {
                            "description": "Swarm Nodes that will run containers related to storage persistence for mangement apps (databases, caches, etc)",
                            "egress.#": "1",
                            "egress.482069346.cidr_blocks.#": "1",
                            "egress.482069346.cidr_blocks.0": "0.0.0.0/0",
                            "egress.482069346.from_port": "0",
                            "egress.482069346.prefix_list_ids.#": "0",
                            "egress.482069346.protocol": "-1",
                            "egress.482069346.security_groups.#": "0",
                            "egress.482069346.self": "false",
                            "egress.482069346.to_port": "0",
                            "id": "sg-b0c284ce",
                            "ingress.#": "1",
                            "ingress.482069346.cidr_blocks.#": "1",
                            "ingress.482069346.cidr_blocks.0": "0.0.0.0/0",
                            "ingress.482069346.from_port": "0",
                            "ingress.482069346.protocol": "-1",
                            "ingress.482069346.security_groups.#": "0",
                            "ingress.482069346.self": "false",
                            "ingress.482069346.to_port": "0",
                            "name": "qa1.jra-sg.us-east-1-private-app-api-service",
                            "owner_id": "478650753675",
                            "tags.%": "5",
                            "tags.Name": "qa1.sg.us-east-1-private-app-api-service",
                            "tags.jra.environment": "qa1",
                            "tags.jra.environment-instance-id": "jr-3iSS6W4o",
                            "tags.jra.environment-size": "small",
                            "tags.jra.environment_type": "latest",
                            "vpc_id": "vpc-0aa45c73"
                        },
                        "meta": {},
                        "tainted": false
                    },
                    "deposed": [],
                    "provider": ""
                },
                "aws_security_group.private_app-persistence": {
                    "type": "aws_security_group",
                    "depends_on": [
                        "aws_vpc.jra_vpc",
                        "random_id.env-instance"
                    ],
                    "primary": {
                        "id": "sg-90c385ee",
                        "attributes": {
                            "description": "Swarm Nodes that will run containers related to storage persistence for mangement apps (databases, caches, etc)",
                            "egress.#": "1",
                            "egress.482069346.cidr_blocks.#": "1",
                            "egress.482069346.cidr_blocks.0": "0.0.0.0/0",
                            "egress.482069346.from_port": "0",
                            "egress.482069346.prefix_list_ids.#": "0",
                            "egress.482069346.protocol": "-1",
                            "egress.482069346.security_groups.#": "0",
                            "egress.482069346.self": "false",
                            "egress.482069346.to_port": "0",
                            "id": "sg-90c385ee",
                            "ingress.#": "1",
                            "ingress.482069346.cidr_blocks.#": "1",
                            "ingress.482069346.cidr_blocks.0": "0.0.0.0/0",
                            "ingress.482069346.from_port": "0",
                            "ingress.482069346.protocol": "-1",
                            "ingress.482069346.security_groups.#": "0",
                            "ingress.482069346.self": "false",
                            "ingress.482069346.to_port": "0",
                            "name": "qa1.jra-sg.us-east-1-private-app-persistence",
                            "owner_id": "478650753675",
                            "tags.%": "5",
                            "tags.Name": "qa1.sg.us-east-1-private-app-persistence",
                            "tags.jra.environment": "qa1",
                            "tags.jra.environment-instance-id": "jr-3iSS6W4o",
                            "tags.jra.environment-size": "small",
                            "tags.jra.environment_type": "latest",
                            "vpc_id": "vpc-0aa45c73"
                        },
                        "meta": {},
                        "tainted": false
                    },
                    "deposed": [],
                    "provider": ""
                },
                "aws_security_group.private_build": {
                    "type": "aws_security_group",
                    "depends_on": [
                        "aws_vpc.jra_vpc",
                        "random_id.env-instance"
                    ],
                    "primary": {
                        "id": "sg-afc781d1",
                        "attributes": {
                            "description": "Swarm Nodes that will run containers related to builds \u0026 CI / CD pipelines",
                            "egress.#": "1",
                            "egress.482069346.cidr_blocks.#": "1",
                            "egress.482069346.cidr_blocks.0": "0.0.0.0/0",
                            "egress.482069346.from_port": "0",
                            "egress.482069346.prefix_list_ids.#": "0",
                            "egress.482069346.protocol": "-1",
                            "egress.482069346.security_groups.#": "0",
                            "egress.482069346.self": "false",
                            "egress.482069346.to_port": "0",
                            "id": "sg-afc781d1",
                            "ingress.#": "1",
                            "ingress.482069346.cidr_blocks.#": "1",
                            "ingress.482069346.cidr_blocks.0": "0.0.0.0/0",
                            "ingress.482069346.from_port": "0",
                            "ingress.482069346.protocol": "-1",
                            "ingress.482069346.security_groups.#": "0",
                            "ingress.482069346.self": "false",
                            "ingress.482069346.to_port": "0",
                            "name": "qa1.jra-sg.us-east-1-private-build",
                            "owner_id": "478650753675",
                            "tags.%": "5",
                            "tags.Name": "qa1.sg.us-east-1-private-build",
                            "tags.jra.environment": "qa1",
                            "tags.jra.environment-instance-id": "jr-3iSS6W4o",
                            "tags.jra.environment-size": "small",
                            "tags.jra.environment_type": "latest",
                            "vpc_id": "vpc-0aa45c73"
                        },
                        "meta": {},
                        "tainted": false
                    },
                    "deposed": [],
                    "provider": ""
                },
                "aws_security_group.private_infra-logging": {
                    "type": "aws_security_group",
                    "depends_on": [
                        "aws_vpc.jra_vpc",
                        "random_id.env-instance"
                    ],
                    "primary": {
                        "id": "sg-03c1877d",
                        "attributes": {
                            "description": "Swarm Nodes that will run containers related to centralized logging stack",
                            "egress.#": "1",
                            "egress.482069346.cidr_blocks.#": "1",
                            "egress.482069346.cidr_blocks.0": "0.0.0.0/0",
                            "egress.482069346.from_port": "0",
                            "egress.482069346.prefix_list_ids.#": "0",
                            "egress.482069346.protocol": "-1",
                            "egress.482069346.security_groups.#": "0",
                            "egress.482069346.self": "false",
                            "egress.482069346.to_port": "0",
                            "id": "sg-03c1877d",
                            "ingress.#": "1",
                            "ingress.482069346.cidr_blocks.#": "1",
                            "ingress.482069346.cidr_blocks.0": "0.0.0.0/0",
                            "ingress.482069346.from_port": "0",
                            "ingress.482069346.protocol": "-1",
                            "ingress.482069346.security_groups.#": "0",
                            "ingress.482069346.self": "false",
                            "ingress.482069346.to_port": "0",
                            "name": "qa1.jra-sg.us-east-1-private-infra-logging",
                            "owner_id": "478650753675",
                            "tags.%": "5",
                            "tags.Name": "qa1.sg.us-east-1-private-infra-logging",
                            "tags.jra.environment": "qa1",
                            "tags.jra.environment-instance-id": "jr-3iSS6W4o",
                            "tags.jra.environment-size": "small",
                            "tags.jra.environment_type": "latest",
                            "vpc_id": "vpc-0aa45c73"
                        },
                        "meta": {},
                        "tainted": false
                    },
                    "deposed": [],
                    "provider": ""
                },
                "aws_security_group.private_management": {
                    "type": "aws_security_group",
                    "depends_on": [
                        "aws_vpc.jra_vpc",
                        "random_id.env-instance"
                    ],
                    "primary": {
                        "id": "sg-08c28476",
                        "attributes": {
                            "description": "Swarm Nodes that will run containers related to storage persistence for mangement apps (databases, caches, etc)",
                            "egress.#": "1",
                            "egress.482069346.cidr_blocks.#": "1",
                            "egress.482069346.cidr_blocks.0": "0.0.0.0/0",
                            "egress.482069346.from_port": "0",
                            "egress.482069346.prefix_list_ids.#": "0",
                            "egress.482069346.protocol": "-1",
                            "egress.482069346.security_groups.#": "0",
                            "egress.482069346.self": "false",
                            "egress.482069346.to_port": "0",
                            "id": "sg-08c28476",
                            "ingress.#": "1",
                            "ingress.482069346.cidr_blocks.#": "1",
                            "ingress.482069346.cidr_blocks.0": "0.0.0.0/0",
                            "ingress.482069346.from_port": "0",
                            "ingress.482069346.protocol": "-1",
                            "ingress.482069346.security_groups.#": "0",
                            "ingress.482069346.self": "false",
                            "ingress.482069346.to_port": "0",
                            "name": "qa1.jra-sg.us-east-1-private-management",
                            "owner_id": "478650753675",
                            "tags.%": "5",
                            "tags.Name": "qa1.sg.us-east-1-private-management",
                            "tags.jra.environment": "qa1",
                            "tags.jra.environment-instance-id": "jr-3iSS6W4o",
                            "tags.jra.environment-size": "small",
                            "tags.jra.environment_type": "latest",
                            "vpc_id": "vpc-0aa45c73"
                        },
                        "meta": {},
                        "tainted": false
                    },
                    "deposed": [],
                    "provider": ""
                },
                "aws_security_group.private_management_persistence": {
                    "type": "aws_security_group",
                    "depends_on": [
                        "aws_vpc.jra_vpc",
                        "random_id.env-instance"
                    ],
                    "primary": {
                        "id": "sg-f6c38588",
                        "attributes": {
                            "description": "Swarm Nodes that will run containers related to storage persistence for mangement apps (databases, caches, etc)",
                            "egress.#": "1",
                            "egress.482069346.cidr_blocks.#": "1",
                            "egress.482069346.cidr_blocks.0": "0.0.0.0/0",
                            "egress.482069346.from_port": "0",
                            "egress.482069346.prefix_list_ids.#": "0",
                            "egress.482069346.protocol": "-1",
                            "egress.482069346.security_groups.#": "0",
                            "egress.482069346.self": "false",
                            "egress.482069346.to_port": "0",
                            "id": "sg-f6c38588",
                            "ingress.#": "1",
                            "ingress.482069346.cidr_blocks.#": "1",
                            "ingress.482069346.cidr_blocks.0": "0.0.0.0/0",
                            "ingress.482069346.from_port": "0",
                            "ingress.482069346.protocol": "-1",
                            "ingress.482069346.security_groups.#": "0",
                            "ingress.482069346.self": "false",
                            "ingress.482069346.to_port": "0",
                            "name": "qa1.jra-sg.us-east-1-private-management-persistence",
                            "owner_id": "478650753675",
                            "tags.%": "5",
                            "tags.Name": "qa1.sg.us-east-1-private-management-persistence",
                            "tags.jra.environment": "qa1",
                            "tags.jra.environment-instance-id": "jr-3iSS6W4o",
                            "tags.jra.environment-size": "small",
                            "tags.jra.environment_type": "latest",
                            "vpc_id": "vpc-0aa45c73"
                        },
                        "meta": {},
                        "tainted": false
                    },
                    "deposed": [],
                    "provider": ""
                },
                "aws_security_group.private_monitoring": {
                    "type": "aws_security_group",
                    "depends_on": [
                        "aws_vpc.jra_vpc",
                        "random_id.env-instance"
                    ],
                    "primary": {
                        "id": "sg-0bc28475",
                        "attributes": {
                            "description": "Swarm Nodes that will run containers related to monitoring (logging servers, metrics collection, etc",
                            "egress.#": "1",
                            "egress.482069346.cidr_blocks.#": "1",
                            "egress.482069346.cidr_blocks.0": "0.0.0.0/0",
                            "egress.482069346.from_port": "0",
                            "egress.482069346.prefix_list_ids.#": "0",
                            "egress.482069346.protocol": "-1",
                            "egress.482069346.security_groups.#": "0",
                            "egress.482069346.self": "false",
                            "egress.482069346.to_port": "0",
                            "id": "sg-0bc28475",
                            "ingress.#": "1",
                            "ingress.482069346.cidr_blocks.#": "1",
                            "ingress.482069346.cidr_blocks.0": "0.0.0.0/0",
                            "ingress.482069346.from_port": "0",
                            "ingress.482069346.protocol": "-1",
                            "ingress.482069346.security_groups.#": "0",
                            "ingress.482069346.self": "false",
                            "ingress.482069346.to_port": "0",
                            "name": "qa1.jra-sg.us-east-1-private-monitoring",
                            "owner_id": "478650753675",
                            "tags.%": "5",
                            "tags.Name": "qa1.sg.us-east-1-private-management-persistence",
                            "tags.jra.environment": "qa1",
                            "tags.jra.environment-instance-id": "jr-3iSS6W4o",
                            "tags.jra.environment-size": "small",
                            "tags.jra.environment_type": "latest",
                            "vpc_id": "vpc-0aa45c73"
                        },
                        "meta": {},
                        "tainted": false
                    },
                    "deposed": [],
                    "provider": ""
                },
                "aws_security_group.private_swarm-manager": {
                    "type": "aws_security_group",
                    "depends_on": [
                        "aws_vpc.jra_vpc",
                        "random_id.env-instance"
                    ],
                    "primary": {
                        "id": "sg-a7c187d9",
                        "attributes": {
                            "description": "Swarm Manager that will run the docker swarm manager",
                            "egress.#": "1",
                            "egress.482069346.cidr_blocks.#": "1",
                            "egress.482069346.cidr_blocks.0": "0.0.0.0/0",
                            "egress.482069346.from_port": "0",
                            "egress.482069346.prefix_list_ids.#": "0",
                            "egress.482069346.protocol": "-1",
                            "egress.482069346.security_groups.#": "0",
                            "egress.482069346.self": "false",
                            "egress.482069346.to_port": "0",
                            "id": "sg-a7c187d9",
                            "ingress.#": "1",
                            "ingress.482069346.cidr_blocks.#": "1",
                            "ingress.482069346.cidr_blocks.0": "0.0.0.0/0",
                            "ingress.482069346.from_port": "0",
                            "ingress.482069346.protocol": "-1",
                            "ingress.482069346.security_groups.#": "0",
                            "ingress.482069346.self": "false",
                            "ingress.482069346.to_port": "0",
                            "name": "qa1.jra-sg.us-east-1-private-swarm-manager",
                            "owner_id": "478650753675",
                            "tags.%": "5",
                            "tags.Name": "qa1.sg.us-east-1-private-swarm-manager",
                            "tags.jra.environment": "qa1",
                            "tags.jra.environment-instance-id": "jr-3iSS6W4o",
                            "tags.jra.environment-size": "small",
                            "tags.jra.environment_type": "latest",
                            "vpc_id": "vpc-0aa45c73"
                        },
                        "meta": {},
                        "tainted": false
                    },
                    "deposed": [],
                    "provider": ""
                },
                "aws_security_group.public_app-api-web": {
                    "type": "aws_security_group",
                    "depends_on": [
                        "aws_vpc.jra_vpc",
                        "random_id.env-instance"
                    ],
                    "primary": {
                        "id": "sg-5dc48223",
                        "attributes": {
                            "description": "Security groups for public web apis",
                            "egress.#": "1",
                            "egress.482069346.cidr_blocks.#": "1",
                            "egress.482069346.cidr_blocks.0": "0.0.0.0/0",
                            "egress.482069346.from_port": "0",
                            "egress.482069346.prefix_list_ids.#": "0",
                            "egress.482069346.protocol": "-1",
                            "egress.482069346.security_groups.#": "0",
                            "egress.482069346.self": "false",
                            "egress.482069346.to_port": "0",
                            "id": "sg-5dc48223",
                            "ingress.#": "1",
                            "ingress.482069346.cidr_blocks.#": "1",
                            "ingress.482069346.cidr_blocks.0": "0.0.0.0/0",
                            "ingress.482069346.from_port": "0",
                            "ingress.482069346.protocol": "-1",
                            "ingress.482069346.security_groups.#": "0",
                            "ingress.482069346.self": "false",
                            "ingress.482069346.to_port": "0",
                            "name": "qa1.jra-sg.us-east-1-public-app-api-web",
                            "owner_id": "478650753675",
                            "tags.%": "5",
                            "tags.Name": "qa1.sg.us-east-1-public-app-api-web",
                            "tags.jra.environment": "qa1",
                            "tags.jra.environment-instance-id": "jr-3iSS6W4o",
                            "tags.jra.environment-size": "small",
                            "tags.jra.environment_type": "latest",
                            "vpc_id": "vpc-0aa45c73"
                        },
                        "meta": {},
                        "tainted": false
                    },
                    "deposed": [],
                    "provider": ""
                },
                "aws_security_group.public_app-ui-web": {
                    "type": "aws_security_group",
                    "depends_on": [
                        "aws_vpc.jra_vpc",
                        "random_id.env-instance"
                    ],
                    "primary": {
                        "id": "sg-69c18717",
                        "attributes": {
                            "description": "Security Group for public web ui apps",
                            "egress.#": "1",
                            "egress.482069346.cidr_blocks.#": "1",
                            "egress.482069346.cidr_blocks.0": "0.0.0.0/0",
                            "egress.482069346.from_port": "0",
                            "egress.482069346.prefix_list_ids.#": "0",
                            "egress.482069346.protocol": "-1",
                            "egress.482069346.security_groups.#": "0",
                            "egress.482069346.self": "false",
                            "egress.482069346.to_port": "0",
                            "id": "sg-69c18717",
                            "ingress.#": "1",
                            "ingress.482069346.cidr_blocks.#": "1",
                            "ingress.482069346.cidr_blocks.0": "0.0.0.0/0",
                            "ingress.482069346.from_port": "0",
                            "ingress.482069346.protocol": "-1",
                            "ingress.482069346.security_groups.#": "0",
                            "ingress.482069346.self": "false",
                            "ingress.482069346.to_port": "0",
                            "name": "qa1.jra-sg.us-east-1-public-app-ui-web",
                            "owner_id": "478650753675",
                            "tags.%": "5",
                            "tags.Name": "qa1.sg.us-east-1-public-app-ui-web",
                            "tags.jra.environment": "qa1",
                            "tags.jra.environment-instance-id": "jr-3iSS6W4o",
                            "tags.jra.environment-size": "small",
                            "tags.jra.environment_type": "latest",
                            "vpc_id": "vpc-0aa45c73"
                        },
                        "meta": {},
                        "tainted": false
                    },
                    "deposed": [],
                    "provider": ""
                },
                "aws_subnet.az-1-private": {
                    "type": "aws_subnet",
                    "depends_on": [
                        "aws_vpc.jra_vpc",
                        "random_id.env-instance"
                    ],
                    "primary": {
                        "id": "subnet-7515d22f",
                        "attributes": {
                            "availability_zone": "us-east-1a",
                            "cidr_block": "10.0.1.0/24",
                            "id": "subnet-7515d22f",
                            "map_public_ip_on_launch": "true",
                            "tags.%": "6",
                            "tags.Name": "qa1.subnet.us-east-1a-private",
                            "tags.jra.environment": "qa1",
                            "tags.jra.environment-instance-id": "jr-3iSS6W4o",
                            "tags.jra.environment-size": "small",
                            "tags.jra.environment_type": "latest",
                            "tags.jra.failure-zone": "us-east-1-az-1",
                            "vpc_id": "vpc-0aa45c73"
                        },
                        "meta": {},
                        "tainted": false
                    },
                    "deposed": [],
                    "provider": ""
                },
                "aws_subnet.az-1-public": {
                    "type": "aws_subnet",
                    "depends_on": [
                        "aws_vpc.jra_vpc",
                        "random_id.env-instance"
                    ],
                    "primary": {
                        "id": "subnet-c412d59e",
                        "attributes": {
                            "availability_zone": "us-east-1a",
                            "cidr_block": "10.0.0.0/24",
                            "id": "subnet-c412d59e",
                            "map_public_ip_on_launch": "true",
                            "tags.%": "6",
                            "tags.Name": "qa1.subnet.us-east-1a-public",
                            "tags.jra.environment": "qa1",
                            "tags.jra.environment-instance-id": "jr-3iSS6W4o",
                            "tags.jra.environment-size": "small",
                            "tags.jra.environment_type": "latest",
                            "tags.jra.failure-zone": "us-east-1-az-1",
                            "vpc_id": "vpc-0aa45c73"
                        },
                        "meta": {},
                        "tainted": false
                    },
                    "deposed": [],
                    "provider": ""
                },
                "aws_subnet.az-2-private": {
                    "type": "aws_subnet",
                    "depends_on": [
                        "aws_vpc.jra_vpc",
                        "random_id.env-instance"
                    ],
                    "primary": {
                        "id": "subnet-03a39766",
                        "attributes": {
                            "availability_zone": "us-east-1b",
                            "cidr_block": "10.0.3.0/24",
                            "id": "subnet-03a39766",
                            "map_public_ip_on_launch": "true",
                            "tags.%": "6",
                            "tags.Name": "qa1.subnet.us-east-1b-private",
                            "tags.jra.environment": "qa1",
                            "tags.jra.environment-instance-id": "jr-3iSS6W4o",
                            "tags.jra.environment-size": "small",
                            "tags.jra.environment_type": "latest",
                            "tags.jra.failure-zone": "us-east-1-az-2",
                            "vpc_id": "vpc-0aa45c73"
                        },
                        "meta": {},
                        "tainted": false
                    },
                    "deposed": [],
                    "provider": ""
                },
                "aws_subnet.az-2-public": {
                    "type": "aws_subnet",
                    "depends_on": [
                        "aws_vpc.jra_vpc",
                        "random_id.env-instance"
                    ],
                    "primary": {
                        "id": "subnet-84ac98e1",
                        "attributes": {
                            "availability_zone": "us-east-1b",
                            "cidr_block": "10.0.2.0/24",
                            "id": "subnet-84ac98e1",
                            "map_public_ip_on_launch": "true",
                            "tags.%": "6",
                            "tags.Name": "qa1.subnet.us-east-1b-public",
                            "tags.jra.environment": "qa1",
                            "tags.jra.environment-instance-id": "jr-3iSS6W4o",
                            "tags.jra.environment-size": "small",
                            "tags.jra.environment_type": "latest",
                            "tags.jra.failure-zone": "us-east-1-az-2",
                            "vpc_id": "vpc-0aa45c73"
                        },
                        "meta": {},
                        "tainted": false
                    },
                    "deposed": [],
                    "provider": ""
                },
                "aws_subnet.az-3-private": {
                    "type": "aws_subnet",
                    "depends_on": [
                        "aws_vpc.jra_vpc",
                        "random_id.env-instance"
                    ],
                    "primary": {
                        "id": "subnet-bfc40d93",
                        "attributes": {
                            "availability_zone": "us-east-1c",
                            "cidr_block": "10.0.5.0/24",
                            "id": "subnet-bfc40d93",
                            "map_public_ip_on_launch": "true",
                            "tags.%": "6",
                            "tags.Name": "qa1.subnet.us-east-1c-private",
                            "tags.jra.environment": "qa1",
                            "tags.jra.environment-instance-id": "jr-3iSS6W4o",
                            "tags.jra.environment-size": "small",
                            "tags.jra.environment_type": "latest",
                            "tags.jra.failure-zone": "us-east-1-az-3",
                            "vpc_id": "vpc-0aa45c73"
                        },
                        "meta": {},
                        "tainted": false
                    },
                    "deposed": [],
                    "provider": ""
                },
                "aws_subnet.az-3-public": {
                    "type": "aws_subnet",
                    "depends_on": [
                        "aws_vpc.jra_vpc",
                        "random_id.env-instance"
                    ],
                    "primary": {
                        "id": "subnet-9cc20bb0",
                        "attributes": {
                            "availability_zone": "us-east-1c",
                            "cidr_block": "10.0.4.0/24",
                            "id": "subnet-9cc20bb0",
                            "map_public_ip_on_launch": "true",
                            "tags.%": "6",
                            "tags.Name": "qa1.subnet.us-east-1c-public",
                            "tags.jra.environment": "qa1",
                            "tags.jra.environment-instance-id": "jr-3iSS6W4o",
                            "tags.jra.environment-size": "small",
                            "tags.jra.environment_type": "latest",
                            "tags.jra.failure-zone": "us-east-1-az-3",
                            "vpc_id": "vpc-0aa45c73"
                        },
                        "meta": {},
                        "tainted": false
                    },
                    "deposed": [],
                    "provider": ""
                },
                "aws_vpc.jra_vpc": {
                    "type": "aws_vpc",
                    "depends_on": [
                        "random_id.env-instance"
                    ],
                    "primary": {
                        "id": "vpc-0aa45c73",
                        "attributes": {
                            "cidr_block": "10.0.0.0/16",
                            "default_network_acl_id": "acl-073ba57e",
                            "default_route_table_id": "rtb-8e11a1f6",
                            "default_security_group_id": "sg-32c5834c",
                            "dhcp_options_id": "dopt-eb4a818d",
                            "enable_classiclink": "false",
                            "enable_dns_hostnames": "true",
                            "enable_dns_support": "true",
                            "id": "vpc-0aa45c73",
                            "instance_tenancy": "default",
                            "main_route_table_id": "rtb-8e11a1f6",
                            "tags.%": "5",
                            "tags.Name": "qa1.vpc.us-east-1",
                            "tags.jra.environment": "qa1",
                            "tags.jra.environment-instance-id": "jr-3iSS6W4o",
                            "tags.jra.environment-size": "small",
                            "tags.jra.environment_type": "latest"
                        },
                        "meta": {},
                        "tainted": false
                    },
                    "deposed": [],
                    "provider": ""
                },
                "random_id.env-instance": {
                    "type": "random_id",
                    "depends_on": [],
                    "primary": {
                        "id": "jr-3iSS6W4o",
                        "attributes": {
                            "b64": "jr-3iSS6W4o",
                            "b64_std": "jr+3iSS6W4o=",
                            "b64_url": "jr-3iSS6W4o",
                            "byte_length": "8",
                            "dec": "10286141873592097674",
                            "hex": "8ebfb78924ba5b8a",
                            "id": "jr-3iSS6W4o"
                        },
                        "meta": {},
                        "tainted": false
                    },
                    "deposed": [],
                    "provider": ""
                }
            },
            "depends_on": []
        }
    ]
}
