{
    "version": 3,
    "terraform_version": "0.7.13",
    "serial": 2,
    "lineage": "1542ed22-9572-435b-bfe7-2914441e104a",
    "modules": [
        {
            "path": [
                "root"
            ],
            "outputs": {},
            "resources": {
                "aws_eip.az-1-public": {
                    "type": "aws_eip",
                    "depends_on": [],
                    "primary": {
                        "id": "eipalloc-531e0162",
                        "attributes": {
                            "association_id": "",
                            "domain": "vpc",
                            "id": "eipalloc-531e0162",
                            "instance": "",
                            "network_interface": "",
                            "private_ip": "",
                            "public_ip": "52.55.94.115",
                            "vpc": "true"
                        },
                        "meta": {},
                        "tainted": false
                    },
                    "deposed": [],
                    "provider": ""
                },
                "aws_eip.az-2-public": {
                    "type": "aws_eip",
                    "depends_on": [],
                    "primary": {
                        "id": "eipalloc-ea637cdb",
                        "attributes": {
                            "association_id": "",
                            "domain": "vpc",
                            "id": "eipalloc-ea637cdb",
                            "instance": "",
                            "network_interface": "",
                            "private_ip": "",
                            "public_ip": "34.202.108.4",
                            "vpc": "true"
                        },
                        "meta": {},
                        "tainted": false
                    },
                    "deposed": [],
                    "provider": ""
                },
                "aws_eip.az-3-public": {
                    "type": "aws_eip",
                    "depends_on": [],
                    "primary": {
                        "id": "eipalloc-f31e01c2",
                        "attributes": {
                            "association_id": "",
                            "domain": "vpc",
                            "id": "eipalloc-f31e01c2",
                            "instance": "",
                            "network_interface": "",
                            "private_ip": "",
                            "public_ip": "34.203.93.126",
                            "vpc": "true"
                        },
                        "meta": {},
                        "tainted": false
                    },
                    "deposed": [],
                    "provider": ""
                },
                "aws_elb.elb-public-logging": {
                    "type": "aws_elb",
                    "depends_on": [
                        "aws_instance.infra-logging-az-1",
                        "aws_instance.infra-logging-az-2",
                        "aws_instance.infra-logging-az-3",
                        "aws_instance.swarm-manager-az-1",
                        "aws_instance.swarm-manager-az-2",
                        "aws_instance.swarm-manager-az-3",
                        "aws_security_group.elb-public-logging",
                        "aws_subnet.az-1-public",
                        "aws_subnet.az-2-public",
                        "aws_subnet.az-3-public",
                        "random_id.env-instance"
                    ],
                    "primary": {
                        "id": "qa1-jra-elb-us-east-1-logging",
                        "attributes": {
                            "access_logs.#": "0",
                            "availability_zones.#": "3",
                            "availability_zones.1305112097": "us-east-1b",
                            "availability_zones.3569565595": "us-east-1a",
                            "availability_zones.986537655": "us-east-1c",
                            "connection_draining": "true",
                            "connection_draining_timeout": "400",
                            "cross_zone_load_balancing": "true",
                            "dns_name": "qa1-jra-elb-us-east-1-logging-1083783448.us-east-1.elb.amazonaws.com",
                            "health_check.#": "1",
                            "health_check.0.healthy_threshold": "4",
                            "health_check.0.interval": "15",
                            "health_check.0.target": "TCP:8191",
                            "health_check.0.timeout": "3",
                            "health_check.0.unhealthy_threshold": "4",
                            "id": "qa1-jra-elb-us-east-1-logging",
                            "idle_timeout": "400",
                            "instances.#": "6",
                            "instances.1067478898": "i-04d12ddd99015cdc5",
                            "instances.1387707850": "i-08b5f9493af8d5b6f",
                            "instances.2419178367": "i-02098187766d3efcf",
                            "instances.3507917230": "i-02a4d4ed92345b82d",
                            "instances.3593609394": "i-09849b94ff1d511f5",
                            "instances.651002519": "i-06b5eecc68597df2e",
                            "internal": "false",
                            "listener.#": "1",
                            "listener.1502618432.instance_port": "8191",
                            "listener.1502618432.instance_protocol": "tcp",
                            "listener.1502618432.lb_port": "8191",
                            "listener.1502618432.lb_protocol": "tcp",
                            "listener.1502618432.ssl_certificate_id": "",
                            "name": "qa1-jra-elb-us-east-1-logging",
                            "security_groups.#": "1",
                            "security_groups.1078273653": "sg-68531216",
                            "source_security_group": "478650753675/qa1.jra-sg.us-east-1-logging-elb",
                            "source_security_group_id": "sg-68531216",
                            "subnets.#": "3",
                            "subnets.3472237418": "subnet-9085b1f5",
                            "subnets.4246739838": "subnet-f93dfaa3",
                            "subnets.841951846": "subnet-82f039ae",
                            "tags.%": "5",
                            "tags.Name": "qa1-jra-elb-us-east-1-logging",
                            "tags.jra.environment": "qa1",
                            "tags.jra.environment-instance-id": "T8hoUNqghuA",
                            "tags.jra.environment-size": "small",
                            "tags.jra.environment_type": "latest",
                            "zone_id": "Z35SXDOTRQ7X7K"
                        },
                        "meta": {},
                        "tainted": false
                    },
                    "deposed": [],
                    "provider": ""
                },
                "aws_elb.elb-public-swarm": {
                    "type": "aws_elb",
                    "depends_on": [
                        "aws_instance.app-ui-web-az-1",
                        "aws_instance.app-ui-web-az-2",
                        "aws_instance.app-ui-web-az-3",
                        "aws_security_group.elb-public-swarm",
                        "aws_subnet.az-1-public",
                        "aws_subnet.az-2-public",
                        "aws_subnet.az-3-public",
                        "random_id.env-instance"
                    ],
                    "primary": {
                        "id": "qa1-jra-elb-us-east-1-swarm",
                        "attributes": {
                            "access_logs.#": "0",
                            "availability_zones.#": "3",
                            "availability_zones.1305112097": "us-east-1b",
                            "availability_zones.3569565595": "us-east-1a",
                            "availability_zones.986537655": "us-east-1c",
                            "connection_draining": "true",
                            "connection_draining_timeout": "400",
                            "cross_zone_load_balancing": "true",
                            "dns_name": "qa1-jra-elb-us-east-1-swarm-719851462.us-east-1.elb.amazonaws.com",
                            "health_check.#": "1",
                            "health_check.0.healthy_threshold": "4",
                            "health_check.0.interval": "15",
                            "health_check.0.target": "TCP:80",
                            "health_check.0.timeout": "3",
                            "health_check.0.unhealthy_threshold": "4",
                            "id": "qa1-jra-elb-us-east-1-swarm",
                            "idle_timeout": "400",
                            "instances.#": "3",
                            "instances.1577737169": "i-02c00aff4a0ae9d4c",
                            "instances.2870101633": "i-02abf4f5c732bd80f",
                            "instances.3814969836": "i-09d15c1224b41b431",
                            "internal": "false",
                            "listener.#": "1",
                            "listener.3057123346.instance_port": "80",
                            "listener.3057123346.instance_protocol": "http",
                            "listener.3057123346.lb_port": "80",
                            "listener.3057123346.lb_protocol": "http",
                            "listener.3057123346.ssl_certificate_id": "",
                            "name": "qa1-jra-elb-us-east-1-swarm",
                            "security_groups.#": "1",
                            "security_groups.2448861961": "sg-a15415df",
                            "source_security_group": "478650753675/qa1.jra-sg.us-east-1-swarm-elb",
                            "source_security_group_id": "sg-a15415df",
                            "subnets.#": "3",
                            "subnets.3472237418": "subnet-9085b1f5",
                            "subnets.4246739838": "subnet-f93dfaa3",
                            "subnets.841951846": "subnet-82f039ae",
                            "tags.%": "5",
                            "tags.Name": "qa1-jra-elb-us-east-1-swarm",
                            "tags.jra.environment": "qa1",
                            "tags.jra.environment-instance-id": "T8hoUNqghuA",
                            "tags.jra.environment-size": "small",
                            "tags.jra.environment_type": "latest",
                            "zone_id": "Z35SXDOTRQ7X7K"
                        },
                        "meta": {},
                        "tainted": false
                    },
                    "deposed": [],
                    "provider": ""
                },
                "aws_instance.app-api-service-az-1": {
                    "type": "aws_instance",
                    "depends_on": [
                        "aws_security_group.private_app-api-service",
                        "aws_subnet.az-1-private",
                        "random_id.env-instance"
                    ],
                    "primary": {
                        "id": "i-00b417dcc95f49be0",
                        "attributes": {
                            "ami": "ami-7a265d6c",
                            "associate_public_ip_address": "true",
                            "availability_zone": "us-east-1a",
                            "disable_api_termination": "false",
                            "ebs_block_device.#": "0",
                            "ebs_optimized": "false",
                            "ephemeral_block_device.#": "0",
                            "iam_instance_profile": "",
                            "id": "i-00b417dcc95f49be0",
                            "instance_state": "running",
                            "instance_type": "t2.micro",
                            "key_name": "jra-swarm-key-pair",
                            "monitoring": "false",
                            "network_interface_id": "eni-3f7b37e4",
                            "private_dns": "ip-10-0-1-40.ec2.internal",
                            "private_ip": "10.0.1.40",
                            "public_dns": "ec2-54-175-172-133.compute-1.amazonaws.com",
                            "public_ip": "54.175.172.133",
                            "root_block_device.#": "1",
                            "root_block_device.0.delete_on_termination": "true",
                            "root_block_device.0.iops": "100",
                            "root_block_device.0.volume_size": "8",
                            "root_block_device.0.volume_type": "gp2",
                            "security_groups.#": "0",
                            "source_dest_check": "true",
                            "subnet_id": "subnet-3f3cfb65",
                            "tags.%": "9",
                            "tags.Name": "qa1.instance.swarm-worker.app-api-service.qa1.us-east-1a",
                            "tags.jra.environment": "qa1",
                            "tags.jra.environment-instance-id": "T8hoUNqghuA",
                            "tags.jra.environment-size": "small",
                            "tags.jra.environment_type": "latest",
                            "tags.jra.failure-zone": "us-east-1-az-1",
                            "tags.jra.subnet-type": "private",
                            "tags.jra.swarm-instance-type": "swarm-worker",
                            "tags.jra.swarm-node-type": "app-api-service",
                            "tenancy": "default",
                            "vpc_security_group_ids.#": "1",
                            "vpc_security_group_ids.4192834946": "sg-5e541520"
                        },
                        "meta": {
                            "schema_version": "1"
                        },
                        "tainted": false
                    },
                    "deposed": [],
                    "provider": ""
                },
                "aws_instance.app-api-service-az-2": {
                    "type": "aws_instance",
                    "depends_on": [
                        "aws_security_group.private_app-api-service",
                        "aws_subnet.az-2-private",
                        "random_id.env-instance"
                    ],
                    "primary": {
                        "id": "i-0a2a71a3e69c1caad",
                        "attributes": {
                            "ami": "ami-7a265d6c",
                            "associate_public_ip_address": "true",
                            "availability_zone": "us-east-1b",
                            "disable_api_termination": "false",
                            "ebs_block_device.#": "0",
                            "ebs_optimized": "false",
                            "ephemeral_block_device.#": "0",
                            "iam_instance_profile": "",
                            "id": "i-0a2a71a3e69c1caad",
                            "instance_state": "running",
                            "instance_type": "t2.micro",
                            "key_name": "jra-swarm-key-pair",
                            "monitoring": "false",
                            "network_interface_id": "eni-7dc09869",
                            "private_dns": "ip-10-0-3-217.ec2.internal",
                            "private_ip": "10.0.3.217",
                            "public_dns": "ec2-34-201-3-223.compute-1.amazonaws.com",
                            "public_ip": "34.201.3.223",
                            "root_block_device.#": "1",
                            "root_block_device.0.delete_on_termination": "true",
                            "root_block_device.0.iops": "100",
                            "root_block_device.0.volume_size": "8",
                            "root_block_device.0.volume_type": "gp2",
                            "security_groups.#": "0",
                            "source_dest_check": "true",
                            "subnet_id": "subnet-cb86b2ae",
                            "tags.%": "9",
                            "tags.Name": "qa1.instance.swarm-worker.app-api-service.qa1.us-east-1b",
                            "tags.jra.environment": "qa1",
                            "tags.jra.environment-instance-id": "T8hoUNqghuA",
                            "tags.jra.environment-size": "small",
                            "tags.jra.environment_type": "latest",
                            "tags.jra.failure-zone": "us-east-1-az-2",
                            "tags.jra.subnet-type": "private",
                            "tags.jra.swarm-instance-type": "swarm-worker",
                            "tags.jra.swarm-node-type": "app-api-service",
                            "tenancy": "default",
                            "vpc_security_group_ids.#": "1",
                            "vpc_security_group_ids.4192834946": "sg-5e541520"
                        },
                        "meta": {
                            "schema_version": "1"
                        },
                        "tainted": false
                    },
                    "deposed": [],
                    "provider": ""
                },
                "aws_instance.app-api-service-az-3": {
                    "type": "aws_instance",
                    "depends_on": [
                        "aws_security_group.private_app-api-service",
                        "aws_subnet.az-3-private",
                        "random_id.env-instance"
                    ],
                    "primary": {
                        "id": "i-0a631de84af96e04b",
                        "attributes": {
                            "ami": "ami-7a265d6c",
                            "associate_public_ip_address": "true",
                            "availability_zone": "us-east-1c",
                            "disable_api_termination": "false",
                            "ebs_block_device.#": "0",
                            "ebs_optimized": "false",
                            "ephemeral_block_device.#": "0",
                            "iam_instance_profile": "",
                            "id": "i-0a631de84af96e04b",
                            "instance_state": "running",
                            "instance_type": "t2.micro",
                            "key_name": "jra-swarm-key-pair",
                            "monitoring": "false",
                            "network_interface_id": "eni-d54fc01c",
                            "private_dns": "ip-10-0-5-164.ec2.internal",
                            "private_ip": "10.0.5.164",
                            "public_dns": "ec2-34-207-161-113.compute-1.amazonaws.com",
                            "public_ip": "34.207.161.113",
                            "root_block_device.#": "1",
                            "root_block_device.0.delete_on_termination": "true",
                            "root_block_device.0.iops": "100",
                            "root_block_device.0.volume_size": "8",
                            "root_block_device.0.volume_type": "gp2",
                            "security_groups.#": "0",
                            "source_dest_check": "true",
                            "subnet_id": "subnet-65f53c49",
                            "tags.%": "9",
                            "tags.Name": "qa1.instance.swarm-worker.app-api-service.qa1.us-east-1c",
                            "tags.jra.environment": "qa1",
                            "tags.jra.environment-instance-id": "T8hoUNqghuA",
                            "tags.jra.environment-size": "small",
                            "tags.jra.environment_type": "latest",
                            "tags.jra.failure-zone": "us-east-1-az-3",
                            "tags.jra.subnet-type": "private",
                            "tags.jra.swarm-instance-type": "swarm-worker",
                            "tags.jra.swarm-node-type": "app-api-service",
                            "tenancy": "default",
                            "vpc_security_group_ids.#": "1",
                            "vpc_security_group_ids.4192834946": "sg-5e541520"
                        },
                        "meta": {
                            "schema_version": "1"
                        },
                        "tainted": false
                    },
                    "deposed": [],
                    "provider": ""
                },
                "aws_instance.app-persistence-az-1": {
                    "type": "aws_instance",
                    "depends_on": [
                        "aws_security_group.private_app-persistence",
                        "aws_subnet.az-1-private",
                        "random_id.env-instance"
                    ],
                    "primary": {
                        "id": "i-03159938215a580da",
                        "attributes": {
                            "ami": "ami-7a265d6c",
                            "associate_public_ip_address": "true",
                            "availability_zone": "us-east-1a",
                            "disable_api_termination": "false",
                            "ebs_block_device.#": "0",
                            "ebs_optimized": "false",
                            "ephemeral_block_device.#": "0",
                            "iam_instance_profile": "",
                            "id": "i-03159938215a580da",
                            "instance_state": "running",
                            "instance_type": "t2.micro",
                            "key_name": "jra-swarm-key-pair",
                            "monitoring": "false",
                            "network_interface_id": "eni-08773bd3",
                            "private_dns": "ip-10-0-1-23.ec2.internal",
                            "private_ip": "10.0.1.23",
                            "public_dns": "ec2-204-236-248-153.compute-1.amazonaws.com",
                            "public_ip": "204.236.248.153",
                            "root_block_device.#": "1",
                            "root_block_device.0.delete_on_termination": "true",
                            "root_block_device.0.iops": "100",
                            "root_block_device.0.volume_size": "8",
                            "root_block_device.0.volume_type": "gp2",
                            "security_groups.#": "0",
                            "source_dest_check": "true",
                            "subnet_id": "subnet-3f3cfb65",
                            "tags.%": "9",
                            "tags.Name": "qa1.instance.swarm-worker.app-persistence.qa1.us-east-1a",
                            "tags.jra.environment": "qa1",
                            "tags.jra.environment-instance-id": "T8hoUNqghuA",
                            "tags.jra.environment-size": "small",
                            "tags.jra.environment_type": "latest",
                            "tags.jra.failure-zone": "us-east-1-az-1",
                            "tags.jra.subnet-type": "private",
                            "tags.jra.swarm-instance-type": "swarm-worker",
                            "tags.jra.swarm-node-type": "app-persistence",
                            "tenancy": "default",
                            "vpc_security_group_ids.#": "1",
                            "vpc_security_group_ids.3204890505": "sg-5f541521"
                        },
                        "meta": {
                            "schema_version": "1"
                        },
                        "tainted": false
                    },
                    "deposed": [],
                    "provider": ""
                },
                "aws_instance.app-persistence-az-2": {
                    "type": "aws_instance",
                    "depends_on": [
                        "aws_security_group.private_app-persistence",
                        "aws_subnet.az-2-private",
                        "random_id.env-instance"
                    ],
                    "primary": {
                        "id": "i-049fea242b9711653",
                        "attributes": {
                            "ami": "ami-7a265d6c",
                            "associate_public_ip_address": "true",
                            "availability_zone": "us-east-1b",
                            "disable_api_termination": "false",
                            "ebs_block_device.#": "0",
                            "ebs_optimized": "false",
                            "ephemeral_block_device.#": "0",
                            "iam_instance_profile": "",
                            "id": "i-049fea242b9711653",
                            "instance_state": "running",
                            "instance_type": "t2.micro",
                            "key_name": "jra-swarm-key-pair",
                            "monitoring": "false",
                            "network_interface_id": "eni-f6ce96e2",
                            "private_dns": "ip-10-0-3-96.ec2.internal",
                            "private_ip": "10.0.3.96",
                            "public_dns": "ec2-107-23-82-41.compute-1.amazonaws.com",
                            "public_ip": "107.23.82.41",
                            "root_block_device.#": "1",
                            "root_block_device.0.delete_on_termination": "true",
                            "root_block_device.0.iops": "100",
                            "root_block_device.0.volume_size": "8",
                            "root_block_device.0.volume_type": "gp2",
                            "security_groups.#": "0",
                            "source_dest_check": "true",
                            "subnet_id": "subnet-cb86b2ae",
                            "tags.%": "9",
                            "tags.Name": "qa1.instance.swarm-worker.app-persistence.qa1.us-east-1b",
                            "tags.jra.environment": "qa1",
                            "tags.jra.environment-instance-id": "T8hoUNqghuA",
                            "tags.jra.environment-size": "small",
                            "tags.jra.environment_type": "latest",
                            "tags.jra.failure-zone": "us-east-1-az-2",
                            "tags.jra.subnet-type": "private",
                            "tags.jra.swarm-instance-type": "swarm-worker",
                            "tags.jra.swarm-node-type": "app-persistence",
                            "tenancy": "default",
                            "vpc_security_group_ids.#": "1",
                            "vpc_security_group_ids.3204890505": "sg-5f541521"
                        },
                        "meta": {
                            "schema_version": "1"
                        },
                        "tainted": false
                    },
                    "deposed": [],
                    "provider": ""
                },
                "aws_instance.app-persistence-az-3": {
                    "type": "aws_instance",
                    "depends_on": [
                        "aws_security_group.private_app-persistence",
                        "aws_subnet.az-3-private",
                        "random_id.env-instance"
                    ],
                    "primary": {
                        "id": "i-050a09430b2dd4b97",
                        "attributes": {
                            "ami": "ami-7a265d6c",
                            "associate_public_ip_address": "true",
                            "availability_zone": "us-east-1c",
                            "disable_api_termination": "false",
                            "ebs_block_device.#": "0",
                            "ebs_optimized": "false",
                            "ephemeral_block_device.#": "0",
                            "iam_instance_profile": "",
                            "id": "i-050a09430b2dd4b97",
                            "instance_state": "running",
                            "instance_type": "t2.micro",
                            "key_name": "jra-swarm-key-pair",
                            "monitoring": "false",
                            "network_interface_id": "eni-3647c8ff",
                            "private_dns": "ip-10-0-5-202.ec2.internal",
                            "private_ip": "10.0.5.202",
                            "public_dns": "ec2-34-203-191-93.compute-1.amazonaws.com",
                            "public_ip": "34.203.191.93",
                            "root_block_device.#": "1",
                            "root_block_device.0.delete_on_termination": "true",
                            "root_block_device.0.iops": "100",
                            "root_block_device.0.volume_size": "8",
                            "root_block_device.0.volume_type": "gp2",
                            "security_groups.#": "0",
                            "source_dest_check": "true",
                            "subnet_id": "subnet-65f53c49",
                            "tags.%": "9",
                            "tags.Name": "qa1.instance.swarm-worker.app-persistence.qa1.us-east-1c",
                            "tags.jra.environment": "qa1",
                            "tags.jra.environment-instance-id": "T8hoUNqghuA",
                            "tags.jra.environment-size": "small",
                            "tags.jra.environment_type": "latest",
                            "tags.jra.failure-zone": "us-east-1-az-3",
                            "tags.jra.subnet-type": "private",
                            "tags.jra.swarm-instance-type": "swarm-worker",
                            "tags.jra.swarm-node-type": "app-persistence",
                            "tenancy": "default",
                            "vpc_security_group_ids.#": "1",
                            "vpc_security_group_ids.3204890505": "sg-5f541521"
                        },
                        "meta": {
                            "schema_version": "1"
                        },
                        "tainted": false
                    },
                    "deposed": [],
                    "provider": ""
                },
                "aws_instance.app-ui-web-az-1": {
                    "type": "aws_instance",
                    "depends_on": [
                        "aws_security_group.public_app-ui-web",
                        "aws_subnet.az-1-public",
                        "random_id.env-instance"
                    ],
                    "primary": {
                        "id": "i-02c00aff4a0ae9d4c",
                        "attributes": {
                            "ami": "ami-7a265d6c",
                            "associate_public_ip_address": "true",
                            "availability_zone": "us-east-1a",
                            "disable_api_termination": "false",
                            "ebs_block_device.#": "0",
                            "ebs_optimized": "false",
                            "ephemeral_block_device.#": "0",
                            "iam_instance_profile": "",
                            "id": "i-02c00aff4a0ae9d4c",
                            "instance_state": "running",
                            "instance_type": "t2.micro",
                            "key_name": "jra-swarm-key-pair",
                            "monitoring": "false",
                            "network_interface_id": "eni-f68cc02d",
                            "private_dns": "ip-10-0-0-85.ec2.internal",
                            "private_ip": "10.0.0.85",
                            "public_dns": "ec2-34-204-74-42.compute-1.amazonaws.com",
                            "public_ip": "34.204.74.42",
                            "root_block_device.#": "1",
                            "root_block_device.0.delete_on_termination": "true",
                            "root_block_device.0.iops": "100",
                            "root_block_device.0.volume_size": "8",
                            "root_block_device.0.volume_type": "gp2",
                            "security_groups.#": "0",
                            "source_dest_check": "true",
                            "subnet_id": "subnet-f93dfaa3",
                            "tags.%": "9",
                            "tags.Name": "qa1.instance.swarm-worker.app-ui-web.qa1.us-east-1a",
                            "tags.jra.environment": "qa1",
                            "tags.jra.environment-instance-id": "T8hoUNqghuA",
                            "tags.jra.environment-size": "small",
                            "tags.jra.environment_type": "latest",
                            "tags.jra.failure-zone": "us-east-1-az-1",
                            "tags.jra.subnet-type": "public",
                            "tags.jra.swarm-instance-type": "swarm-worker",
                            "tags.jra.swarm-node-type": "app-ui-web",
                            "tenancy": "default",
                            "vpc_security_group_ids.#": "1",
                            "vpc_security_group_ids.1599029859": "sg-e157169f"
                        },
                        "meta": {
                            "schema_version": "1"
                        },
                        "tainted": false
                    },
                    "deposed": [],
                    "provider": ""
                },
                "aws_instance.app-ui-web-az-2": {
                    "type": "aws_instance",
                    "depends_on": [
                        "aws_security_group.public_app-ui-web",
                        "aws_subnet.az-2-public",
                        "random_id.env-instance"
                    ],
                    "primary": {
                        "id": "i-09d15c1224b41b431",
                        "attributes": {
                            "ami": "ami-7a265d6c",
                            "associate_public_ip_address": "true",
                            "availability_zone": "us-east-1b",
                            "disable_api_termination": "false",
                            "ebs_block_device.#": "0",
                            "ebs_optimized": "false",
                            "ephemeral_block_device.#": "0",
                            "iam_instance_profile": "",
                            "id": "i-09d15c1224b41b431",
                            "instance_state": "running",
                            "instance_type": "t2.micro",
                            "key_name": "jra-swarm-key-pair",
                            "monitoring": "false",
                            "network_interface_id": "eni-bfcf97ab",
                            "private_dns": "ip-10-0-2-141.ec2.internal",
                            "private_ip": "10.0.2.141",
                            "public_dns": "ec2-34-201-24-154.compute-1.amazonaws.com",
                            "public_ip": "34.201.24.154",
                            "root_block_device.#": "1",
                            "root_block_device.0.delete_on_termination": "true",
                            "root_block_device.0.iops": "100",
                            "root_block_device.0.volume_size": "8",
                            "root_block_device.0.volume_type": "gp2",
                            "security_groups.#": "0",
                            "source_dest_check": "true",
                            "subnet_id": "subnet-9085b1f5",
                            "tags.%": "9",
                            "tags.Name": "qa1.instance.swarm-worker.app-ui-web.qa1.us-east-1b",
                            "tags.jra.environment": "qa1",
                            "tags.jra.environment-instance-id": "T8hoUNqghuA",
                            "tags.jra.environment-size": "small",
                            "tags.jra.environment_type": "latest",
                            "tags.jra.failure-zone": "us-east-1-az-2",
                            "tags.jra.subnet-type": "public",
                            "tags.jra.swarm-instance-type": "swarm-worker",
                            "tags.jra.swarm-node-type": "app-ui-web",
                            "tenancy": "default",
                            "vpc_security_group_ids.#": "1",
                            "vpc_security_group_ids.1599029859": "sg-e157169f"
                        },
                        "meta": {
                            "schema_version": "1"
                        },
                        "tainted": false
                    },
                    "deposed": [],
                    "provider": ""
                },
                "aws_instance.app-ui-web-az-3": {
                    "type": "aws_instance",
                    "depends_on": [
                        "aws_security_group.public_app-ui-web",
                        "aws_subnet.az-3-public",
                        "random_id.env-instance"
                    ],
                    "primary": {
                        "id": "i-02abf4f5c732bd80f",
                        "attributes": {
                            "ami": "ami-7a265d6c",
                            "associate_public_ip_address": "true",
                            "availability_zone": "us-east-1c",
                            "disable_api_termination": "false",
                            "ebs_block_device.#": "0",
                            "ebs_optimized": "false",
                            "ephemeral_block_device.#": "0",
                            "iam_instance_profile": "",
                            "id": "i-02abf4f5c732bd80f",
                            "instance_state": "running",
                            "instance_type": "t2.micro",
                            "key_name": "jra-swarm-key-pair",
                            "monitoring": "false",
                            "network_interface_id": "eni-124bc4db",
                            "private_dns": "ip-10-0-4-252.ec2.internal",
                            "private_ip": "10.0.4.252",
                            "public_dns": "ec2-107-20-92-65.compute-1.amazonaws.com",
                            "public_ip": "107.20.92.65",
                            "root_block_device.#": "1",
                            "root_block_device.0.delete_on_termination": "true",
                            "root_block_device.0.iops": "100",
                            "root_block_device.0.volume_size": "8",
                            "root_block_device.0.volume_type": "gp2",
                            "security_groups.#": "0",
                            "source_dest_check": "true",
                            "subnet_id": "subnet-82f039ae",
                            "tags.%": "9",
                            "tags.Name": "qa1.instance.swarm-worker.app-ui-web.qa1.us-east-1c",
                            "tags.jra.environment": "qa1",
                            "tags.jra.environment-instance-id": "T8hoUNqghuA",
                            "tags.jra.environment-size": "small",
                            "tags.jra.environment_type": "latest",
                            "tags.jra.failure-zone": "us-east-1-az-3",
                            "tags.jra.subnet-type": "public",
                            "tags.jra.swarm-instance-type": "swarm-worker",
                            "tags.jra.swarm-node-type": "app-ui-web",
                            "tenancy": "default",
                            "vpc_security_group_ids.#": "1",
                            "vpc_security_group_ids.1599029859": "sg-e157169f"
                        },
                        "meta": {
                            "schema_version": "1"
                        },
                        "tainted": false
                    },
                    "deposed": [],
                    "provider": ""
                },
                "aws_instance.build-az-1": {
                    "type": "aws_instance",
                    "depends_on": [
                        "aws_security_group.private_build",
                        "aws_subnet.az-1-private",
                        "random_id.env-instance"
                    ],
                    "primary": {
                        "id": "i-05e426d6072b012b1",
                        "attributes": {
                            "ami": "ami-7a265d6c",
                            "associate_public_ip_address": "true",
                            "availability_zone": "us-east-1a",
                            "disable_api_termination": "false",
                            "ebs_block_device.#": "0",
                            "ebs_optimized": "false",
                            "ephemeral_block_device.#": "0",
                            "iam_instance_profile": "",
                            "id": "i-05e426d6072b012b1",
                            "instance_state": "running",
                            "instance_type": "t2.micro",
                            "key_name": "jra-swarm-key-pair",
                            "monitoring": "false",
                            "network_interface_id": "eni-648dc1bf",
                            "private_dns": "ip-10-0-1-253.ec2.internal",
                            "private_ip": "10.0.1.253",
                            "public_dns": "ec2-54-208-143-84.compute-1.amazonaws.com",
                            "public_ip": "54.208.143.84",
                            "root_block_device.#": "1",
                            "root_block_device.0.delete_on_termination": "true",
                            "root_block_device.0.iops": "100",
                            "root_block_device.0.volume_size": "8",
                            "root_block_device.0.volume_type": "gp2",
                            "security_groups.#": "0",
                            "source_dest_check": "true",
                            "subnet_id": "subnet-3f3cfb65",
                            "tags.%": "9",
                            "tags.Name": "qa1.instance.swarm-worker.infra-build.qa1.us-east-1a",
                            "tags.jra.environment": "qa1",
                            "tags.jra.environment-instance-id": "T8hoUNqghuA",
                            "tags.jra.environment-size": "small",
                            "tags.jra.environment_type": "latest",
                            "tags.jra.failure-zone": "us-east-1-az-1",
                            "tags.jra.subnet-type": "private",
                            "tags.jra.swarm-instance-type": "swarm-worker",
                            "tags.jra.swarm-node-type": "infra-build",
                            "tenancy": "default",
                            "vpc_security_group_ids.#": "1",
                            "vpc_security_group_ids.748040347": "sg-7455140a"
                        },
                        "meta": {
                            "schema_version": "1"
                        },
                        "tainted": false
                    },
                    "deposed": [],
                    "provider": ""
                },
                "aws_instance.build-az-2": {
                    "type": "aws_instance",
                    "depends_on": [
                        "aws_security_group.private_build",
                        "aws_subnet.az-2-private",
                        "random_id.env-instance"
                    ],
                    "primary": {
                        "id": "i-0ee9ad01f8fbe97f2",
                        "attributes": {
                            "ami": "ami-7a265d6c",
                            "associate_public_ip_address": "true",
                            "availability_zone": "us-east-1b",
                            "disable_api_termination": "false",
                            "ebs_block_device.#": "0",
                            "ebs_optimized": "false",
                            "ephemeral_block_device.#": "0",
                            "iam_instance_profile": "",
                            "id": "i-0ee9ad01f8fbe97f2",
                            "instance_state": "running",
                            "instance_type": "t2.micro",
                            "key_name": "jra-swarm-key-pair",
                            "monitoring": "false",
                            "network_interface_id": "eni-a2c49cb6",
                            "private_dns": "ip-10-0-3-148.ec2.internal",
                            "private_ip": "10.0.3.148",
                            "public_dns": "ec2-34-205-89-185.compute-1.amazonaws.com",
                            "public_ip": "34.205.89.185",
                            "root_block_device.#": "1",
                            "root_block_device.0.delete_on_termination": "true",
                            "root_block_device.0.iops": "100",
                            "root_block_device.0.volume_size": "8",
                            "root_block_device.0.volume_type": "gp2",
                            "security_groups.#": "0",
                            "source_dest_check": "true",
                            "subnet_id": "subnet-cb86b2ae",
                            "tags.%": "9",
                            "tags.Name": "qa1.instance.swarm-worker.infra-build.qa1.us-east-1b",
                            "tags.jra.environment": "qa1",
                            "tags.jra.environment-instance-id": "T8hoUNqghuA",
                            "tags.jra.environment-size": "small",
                            "tags.jra.environment_type": "latest",
                            "tags.jra.failure-zone": "us-east-1-az-2",
                            "tags.jra.subnet-type": "private",
                            "tags.jra.swarm-instance-type": "swarm-worker",
                            "tags.jra.swarm-node-type": "infra-build",
                            "tenancy": "default",
                            "vpc_security_group_ids.#": "1",
                            "vpc_security_group_ids.748040347": "sg-7455140a"
                        },
                        "meta": {
                            "schema_version": "1"
                        },
                        "tainted": false
                    },
                    "deposed": [],
                    "provider": ""
                },
                "aws_instance.build-az-3": {
                    "type": "aws_instance",
                    "depends_on": [
                        "aws_security_group.private_build",
                        "aws_subnet.az-3-private",
                        "random_id.env-instance"
                    ],
                    "primary": {
                        "id": "i-0699653b07cb2208d",
                        "attributes": {
                            "ami": "ami-7a265d6c",
                            "associate_public_ip_address": "true",
                            "availability_zone": "us-east-1c",
                            "disable_api_termination": "false",
                            "ebs_block_device.#": "0",
                            "ebs_optimized": "false",
                            "ephemeral_block_device.#": "0",
                            "iam_instance_profile": "",
                            "id": "i-0699653b07cb2208d",
                            "instance_state": "running",
                            "instance_type": "t2.micro",
                            "key_name": "jra-swarm-key-pair",
                            "monitoring": "false",
                            "network_interface_id": "eni-b449c67d",
                            "private_dns": "ip-10-0-5-60.ec2.internal",
                            "private_ip": "10.0.5.60",
                            "public_dns": "ec2-52-23-207-6.compute-1.amazonaws.com",
                            "public_ip": "52.23.207.6",
                            "root_block_device.#": "1",
                            "root_block_device.0.delete_on_termination": "true",
                            "root_block_device.0.iops": "100",
                            "root_block_device.0.volume_size": "8",
                            "root_block_device.0.volume_type": "gp2",
                            "security_groups.#": "0",
                            "source_dest_check": "true",
                            "subnet_id": "subnet-65f53c49",
                            "tags.%": "9",
                            "tags.Name": "qa1.instance.swarm-worker.infra-build.qa1.us-east-1c",
                            "tags.jra.environment": "qa1",
                            "tags.jra.environment-instance-id": "T8hoUNqghuA",
                            "tags.jra.environment-size": "small",
                            "tags.jra.environment_type": "latest",
                            "tags.jra.failure-zone": "us-east-1-az-3",
                            "tags.jra.subnet-type": "private",
                            "tags.jra.swarm-instance-type": "swarm-worker",
                            "tags.jra.swarm-node-type": "infra-build",
                            "tenancy": "default",
                            "vpc_security_group_ids.#": "1",
                            "vpc_security_group_ids.748040347": "sg-7455140a"
                        },
                        "meta": {
                            "schema_version": "1"
                        },
                        "tainted": false
                    },
                    "deposed": [],
                    "provider": ""
                },
                "aws_instance.infra-logging-az-1": {
                    "type": "aws_instance",
                    "depends_on": [
                        "aws_security_group.private_infra-logging",
                        "aws_subnet.az-1-private",
                        "random_id.env-instance"
                    ],
                    "primary": {
                        "id": "i-02a4d4ed92345b82d",
                        "attributes": {
                            "ami": "ami-7a265d6c",
                            "associate_public_ip_address": "true",
                            "availability_zone": "us-east-1a",
                            "disable_api_termination": "false",
                            "ebs_block_device.#": "0",
                            "ebs_optimized": "false",
                            "ephemeral_block_device.#": "0",
                            "iam_instance_profile": "",
                            "id": "i-02a4d4ed92345b82d",
                            "instance_state": "running",
                            "instance_type": "t2.medium",
                            "key_name": "jra-swarm-key-pair",
                            "monitoring": "false",
                            "network_interface_id": "eni-988ec243",
                            "private_dns": "ip-10-0-1-147.ec2.internal",
                            "private_ip": "10.0.1.147",
                            "public_dns": "ec2-54-208-98-217.compute-1.amazonaws.com",
                            "public_ip": "54.208.98.217",
                            "root_block_device.#": "1",
                            "root_block_device.0.delete_on_termination": "true",
                            "root_block_device.0.iops": "100",
                            "root_block_device.0.volume_size": "8",
                            "root_block_device.0.volume_type": "gp2",
                            "security_groups.#": "0",
                            "source_dest_check": "true",
                            "subnet_id": "subnet-3f3cfb65",
                            "tags.%": "9",
                            "tags.Name": "qa1.instance.swarm-worker.infra-logging.qa1.us-east-1a",
                            "tags.jra.environment": "qa1",
                            "tags.jra.environment-instance-id": "T8hoUNqghuA",
                            "tags.jra.environment-size": "small",
                            "tags.jra.environment_type": "latest",
                            "tags.jra.failure-zone": "us-east-1-az-1",
                            "tags.jra.subnet-type": "private",
                            "tags.jra.swarm-instance-type": "swarm-worker",
                            "tags.jra.swarm-node-type": "infra-logging",
                            "tenancy": "default",
                            "vpc_security_group_ids.#": "1",
                            "vpc_security_group_ids.4010048689": "sg-c75011b9"
                        },
                        "meta": {
                            "schema_version": "1"
                        },
                        "tainted": false
                    },
                    "deposed": [],
                    "provider": ""
                },
                "aws_instance.infra-logging-az-2": {
                    "type": "aws_instance",
                    "depends_on": [
                        "aws_security_group.private_infra-logging",
                        "aws_subnet.az-2-private",
                        "random_id.env-instance"
                    ],
                    "primary": {
                        "id": "i-04d12ddd99015cdc5",
                        "attributes": {
                            "ami": "ami-7a265d6c",
                            "associate_public_ip_address": "true",
                            "availability_zone": "us-east-1b",
                            "disable_api_termination": "false",
                            "ebs_block_device.#": "0",
                            "ebs_optimized": "false",
                            "ephemeral_block_device.#": "0",
                            "iam_instance_profile": "",
                            "id": "i-04d12ddd99015cdc5",
                            "instance_state": "running",
                            "instance_type": "t2.medium",
                            "key_name": "jra-swarm-key-pair",
                            "monitoring": "false",
                            "network_interface_id": "eni-8dc39b99",
                            "private_dns": "ip-10-0-3-195.ec2.internal",
                            "private_ip": "10.0.3.195",
                            "public_dns": "ec2-34-206-64-58.compute-1.amazonaws.com",
                            "public_ip": "34.206.64.58",
                            "root_block_device.#": "1",
                            "root_block_device.0.delete_on_termination": "true",
                            "root_block_device.0.iops": "100",
                            "root_block_device.0.volume_size": "8",
                            "root_block_device.0.volume_type": "gp2",
                            "security_groups.#": "0",
                            "source_dest_check": "true",
                            "subnet_id": "subnet-cb86b2ae",
                            "tags.%": "9",
                            "tags.Name": "qa1.instance.swarm-worker.infra-logging.qa1.us-east-1b",
                            "tags.jra.environment": "qa1",
                            "tags.jra.environment-instance-id": "T8hoUNqghuA",
                            "tags.jra.environment-size": "small",
                            "tags.jra.environment_type": "latest",
                            "tags.jra.failure-zone": "us-east-1-az-2",
                            "tags.jra.subnet-type": "private",
                            "tags.jra.swarm-instance-type": "swarm-worker",
                            "tags.jra.swarm-node-type": "infra-logging",
                            "tenancy": "default",
                            "vpc_security_group_ids.#": "1",
                            "vpc_security_group_ids.4010048689": "sg-c75011b9"
                        },
                        "meta": {
                            "schema_version": "1"
                        },
                        "tainted": false
                    },
                    "deposed": [],
                    "provider": ""
                },
                "aws_instance.infra-logging-az-3": {
                    "type": "aws_instance",
                    "depends_on": [
                        "aws_security_group.private_infra-logging",
                        "aws_subnet.az-3-private",
                        "random_id.env-instance"
                    ],
                    "primary": {
                        "id": "i-09849b94ff1d511f5",
                        "attributes": {
                            "ami": "ami-7a265d6c",
                            "associate_public_ip_address": "true",
                            "availability_zone": "us-east-1c",
                            "disable_api_termination": "false",
                            "ebs_block_device.#": "0",
                            "ebs_optimized": "false",
                            "ephemeral_block_device.#": "0",
                            "iam_instance_profile": "",
                            "id": "i-09849b94ff1d511f5",
                            "instance_state": "running",
                            "instance_type": "t2.medium",
                            "key_name": "jra-swarm-key-pair",
                            "monitoring": "false",
                            "network_interface_id": "eni-264bc4ef",
                            "private_dns": "ip-10-0-5-174.ec2.internal",
                            "private_ip": "10.0.5.174",
                            "public_dns": "ec2-54-89-211-109.compute-1.amazonaws.com",
                            "public_ip": "54.89.211.109",
                            "root_block_device.#": "1",
                            "root_block_device.0.delete_on_termination": "true",
                            "root_block_device.0.iops": "100",
                            "root_block_device.0.volume_size": "8",
                            "root_block_device.0.volume_type": "gp2",
                            "security_groups.#": "0",
                            "source_dest_check": "true",
                            "subnet_id": "subnet-65f53c49",
                            "tags.%": "9",
                            "tags.Name": "qa1.instance.swarm-worker.infra-logging.qa1.us-east-1c",
                            "tags.jra.environment": "qa1",
                            "tags.jra.environment-instance-id": "T8hoUNqghuA",
                            "tags.jra.environment-size": "small",
                            "tags.jra.environment_type": "latest",
                            "tags.jra.failure-zone": "us-east-1-az-3",
                            "tags.jra.subnet-type": "private",
                            "tags.jra.swarm-instance-type": "swarm-worker",
                            "tags.jra.swarm-node-type": "infra-logging",
                            "tenancy": "default",
                            "vpc_security_group_ids.#": "1",
                            "vpc_security_group_ids.4010048689": "sg-c75011b9"
                        },
                        "meta": {
                            "schema_version": "1"
                        },
                        "tainted": false
                    },
                    "deposed": [],
                    "provider": ""
                },
                "aws_instance.swarm-manager-az-1": {
                    "type": "aws_instance",
                    "depends_on": [
                        "aws_security_group.private_swarm-manager",
                        "aws_subnet.az-1-private",
                        "random_id.env-instance"
                    ],
                    "primary": {
                        "id": "i-08b5f9493af8d5b6f",
                        "attributes": {
                            "ami": "ami-7a265d6c",
                            "associate_public_ip_address": "true",
                            "availability_zone": "us-east-1a",
                            "disable_api_termination": "false",
                            "ebs_block_device.#": "0",
                            "ebs_optimized": "false",
                            "ephemeral_block_device.#": "0",
                            "iam_instance_profile": "",
                            "id": "i-08b5f9493af8d5b6f",
                            "instance_state": "running",
                            "instance_type": "t2.micro",
                            "key_name": "jra-swarm-key-pair",
                            "monitoring": "false",
                            "network_interface_id": "eni-38763ae3",
                            "private_dns": "ip-10-0-1-234.ec2.internal",
                            "private_ip": "10.0.1.234",
                            "public_dns": "ec2-54-208-17-232.compute-1.amazonaws.com",
                            "public_ip": "54.208.17.232",
                            "root_block_device.#": "1",
                            "root_block_device.0.delete_on_termination": "true",
                            "root_block_device.0.iops": "100",
                            "root_block_device.0.volume_size": "8",
                            "root_block_device.0.volume_type": "gp2",
                            "security_groups.#": "0",
                            "source_dest_check": "true",
                            "subnet_id": "subnet-3f3cfb65",
                            "tags.%": "9",
                            "tags.Name": "qa1.instance.swarm-manager.infra-swarm-manager.qa1.us-east-1a",
                            "tags.jra.environment": "qa1",
                            "tags.jra.environment-instance-id": "T8hoUNqghuA",
                            "tags.jra.environment-size": "small",
                            "tags.jra.environment_type": "latest",
                            "tags.jra.failure-zone": "us-east-1-az-1",
                            "tags.jra.subnet-type": "private",
                            "tags.jra.swarm-instance-type": "swarm-manager",
                            "tags.jra.swarm-node-type": "infra-swarm-manager",
                            "tenancy": "default",
                            "vpc_security_group_ids.#": "1",
                            "vpc_security_group_ids.2928210183": "sg-a05415de"
                        },
                        "meta": {
                            "schema_version": "1"
                        },
                        "tainted": false
                    },
                    "deposed": [],
                    "provider": ""
                },
                "aws_instance.swarm-manager-az-2": {
                    "type": "aws_instance",
                    "depends_on": [
                        "aws_security_group.private_swarm-manager",
                        "aws_subnet.az-2-private",
                        "random_id.env-instance"
                    ],
                    "primary": {
                        "id": "i-02098187766d3efcf",
                        "attributes": {
                            "ami": "ami-7a265d6c",
                            "associate_public_ip_address": "true",
                            "availability_zone": "us-east-1b",
                            "disable_api_termination": "false",
                            "ebs_block_device.#": "0",
                            "ebs_optimized": "false",
                            "ephemeral_block_device.#": "0",
                            "iam_instance_profile": "",
                            "id": "i-02098187766d3efcf",
                            "instance_state": "running",
                            "instance_type": "t2.micro",
                            "key_name": "jra-swarm-key-pair",
                            "monitoring": "false",
                            "network_interface_id": "eni-8dc69e99",
                            "private_dns": "ip-10-0-3-169.ec2.internal",
                            "private_ip": "10.0.3.169",
                            "public_dns": "ec2-34-205-255-236.compute-1.amazonaws.com",
                            "public_ip": "34.205.255.236",
                            "root_block_device.#": "1",
                            "root_block_device.0.delete_on_termination": "true",
                            "root_block_device.0.iops": "100",
                            "root_block_device.0.volume_size": "8",
                            "root_block_device.0.volume_type": "gp2",
                            "security_groups.#": "0",
                            "source_dest_check": "true",
                            "subnet_id": "subnet-cb86b2ae",
                            "tags.%": "9",
                            "tags.Name": "qa1.instance.swarm-manager.infra-swarm-manager.qa1.us-east-1b",
                            "tags.jra.environment": "qa1",
                            "tags.jra.environment-instance-id": "T8hoUNqghuA",
                            "tags.jra.environment-size": "small",
                            "tags.jra.environment_type": "latest",
                            "tags.jra.failure-zone": "us-east-1-az-2",
                            "tags.jra.subnet-type": "private",
                            "tags.jra.swarm-instance-type": "swarm-manager",
                            "tags.jra.swarm-node-type": "infra-swarm-manager",
                            "tenancy": "default",
                            "vpc_security_group_ids.#": "1",
                            "vpc_security_group_ids.2928210183": "sg-a05415de"
                        },
                        "meta": {
                            "schema_version": "1"
                        },
                        "tainted": false
                    },
                    "deposed": [],
                    "provider": ""
                },
                "aws_instance.swarm-manager-az-3": {
                    "type": "aws_instance",
                    "depends_on": [
                        "aws_security_group.private_swarm-manager",
                        "aws_subnet.az-3-private",
                        "random_id.env-instance"
                    ],
                    "primary": {
                        "id": "i-06b5eecc68597df2e",
                        "attributes": {
                            "ami": "ami-7a265d6c",
                            "associate_public_ip_address": "true",
                            "availability_zone": "us-east-1c",
                            "disable_api_termination": "false",
                            "ebs_block_device.#": "0",
                            "ebs_optimized": "false",
                            "ephemeral_block_device.#": "0",
                            "iam_instance_profile": "",
                            "id": "i-06b5eecc68597df2e",
                            "instance_state": "running",
                            "instance_type": "t2.micro",
                            "key_name": "jra-swarm-key-pair",
                            "monitoring": "false",
                            "network_interface_id": "eni-76b03fbf",
                            "private_dns": "ip-10-0-5-56.ec2.internal",
                            "private_ip": "10.0.5.56",
                            "public_dns": "ec2-52-201-217-169.compute-1.amazonaws.com",
                            "public_ip": "52.201.217.169",
                            "root_block_device.#": "1",
                            "root_block_device.0.delete_on_termination": "true",
                            "root_block_device.0.iops": "100",
                            "root_block_device.0.volume_size": "8",
                            "root_block_device.0.volume_type": "gp2",
                            "security_groups.#": "0",
                            "source_dest_check": "true",
                            "subnet_id": "subnet-65f53c49",
                            "tags.%": "9",
                            "tags.Name": "qa1.instance.swarm-manager.infra-swarm-manager.qa1.us-east-1c",
                            "tags.jra.environment": "qa1",
                            "tags.jra.environment-instance-id": "T8hoUNqghuA",
                            "tags.jra.environment-size": "small",
                            "tags.jra.environment_type": "latest",
                            "tags.jra.failure-zone": "us-east-1-az-3",
                            "tags.jra.subnet-type": "private",
                            "tags.jra.swarm-instance-type": "swarm-manager",
                            "tags.jra.swarm-node-type": "infra-swarm-manager",
                            "tenancy": "default",
                            "vpc_security_group_ids.#": "1",
                            "vpc_security_group_ids.2928210183": "sg-a05415de"
                        },
                        "meta": {
                            "schema_version": "1"
                        },
                        "tainted": false
                    },
                    "deposed": [],
                    "provider": ""
                },
                "aws_internet_gateway.jra_igw": {
                    "type": "aws_internet_gateway",
                    "depends_on": [
                        "aws_vpc.jra_vpc",
                        "random_id.env-instance"
                    ],
                    "primary": {
                        "id": "igw-8459eee2",
                        "attributes": {
                            "id": "igw-8459eee2",
                            "tags.%": "5",
                            "tags.Name": "qa1.igw.us-east-1",
                            "tags.jra.environment": "qa1",
                            "tags.jra.environment-instance-id": "T8hoUNqghuA",
                            "tags.jra.environment-size": "small",
                            "tags.jra.environment_type": "latest",
                            "vpc_id": "vpc-1ee11967"
                        },
                        "meta": {},
                        "tainted": false
                    },
                    "deposed": [],
                    "provider": ""
                },
                "aws_nat_gateway.az-1-public": {
                    "type": "aws_nat_gateway",
                    "depends_on": [
                        "aws_eip.az-1-public",
                        "aws_subnet.az-1-public"
                    ],
                    "primary": {
                        "id": "nat-0673af8469cc4a472",
                        "attributes": {
                            "allocation_id": "eipalloc-531e0162",
                            "id": "nat-0673af8469cc4a472",
                            "network_interface_id": "eni-3f763ae4",
                            "private_ip": "10.0.0.238",
                            "public_ip": "52.55.94.115",
                            "subnet_id": "subnet-f93dfaa3"
                        },
                        "meta": {},
                        "tainted": false
                    },
                    "deposed": [],
                    "provider": ""
                },
                "aws_nat_gateway.az-2-public": {
                    "type": "aws_nat_gateway",
                    "depends_on": [
                        "aws_eip.az-2-public",
                        "aws_subnet.az-2-public"
                    ],
                    "primary": {
                        "id": "nat-0ec72d6b93adcb805",
                        "attributes": {
                            "allocation_id": "eipalloc-ea637cdb",
                            "id": "nat-0ec72d6b93adcb805",
                            "network_interface_id": "eni-2fcf973b",
                            "private_ip": "10.0.2.53",
                            "public_ip": "34.202.108.4",
                            "subnet_id": "subnet-9085b1f5"
                        },
                        "meta": {},
                        "tainted": false
                    },
                    "deposed": [],
                    "provider": ""
                },
                "aws_nat_gateway.az-3-public": {
                    "type": "aws_nat_gateway",
                    "depends_on": [
                        "aws_eip.az-3-public",
                        "aws_subnet.az-3-public"
                    ],
                    "primary": {
                        "id": "nat-0e4c7dc00bf9acd16",
                        "attributes": {
                            "allocation_id": "eipalloc-f31e01c2",
                            "id": "nat-0e4c7dc00bf9acd16",
                            "network_interface_id": "eni-134cc3da",
                            "private_ip": "10.0.4.122",
                            "public_ip": "34.203.93.126",
                            "subnet_id": "subnet-82f039ae"
                        },
                        "meta": {},
                        "tainted": false
                    },
                    "deposed": [],
                    "provider": ""
                },
                "aws_route53_record.blog": {
                    "type": "aws_route53_record",
                    "depends_on": [
                        "aws_elb.elb-public-swarm",
                        "aws_elb.elb-public-swarm"
                    ],
                    "primary": {
                        "id": "Z2ZVLIKT9MX0K8_qa1.blog.joericearchitect.info_A",
                        "attributes": {
                            "alias.#": "1",
                            "alias.452198880.evaluate_target_health": "true",
                            "alias.452198880.name": "qa1-jra-elb-us-east-1-swarm-719851462.us-east-1.elb.amazonaws.com",
                            "alias.452198880.zone_id": "Z35SXDOTRQ7X7K",
                            "fqdn": "qa1.blog.joericearchitect.info",
                            "health_check_id": "",
                            "id": "Z2ZVLIKT9MX0K8_qa1.blog.joericearchitect.info_A",
                            "name": "qa1.blog.joericearchitect.info",
                            "records.#": "0",
                            "set_identifier": "",
                            "ttl": "0",
                            "type": "A",
                            "zone_id": "Z2ZVLIKT9MX0K8"
                        },
                        "meta": {
                            "schema_version": "2"
                        },
                        "tainted": false
                    },
                    "deposed": [],
                    "provider": ""
                },
                "aws_route53_record.build": {
                    "type": "aws_route53_record",
                    "depends_on": [
                        "aws_elb.elb-public-swarm",
                        "aws_elb.elb-public-swarm"
                    ],
                    "primary": {
                        "id": "Z2ZVLIKT9MX0K8_qa1.build.joericearchitect.info_A",
                        "attributes": {
                            "alias.#": "1",
                            "alias.452198880.evaluate_target_health": "true",
                            "alias.452198880.name": "qa1-jra-elb-us-east-1-swarm-719851462.us-east-1.elb.amazonaws.com",
                            "alias.452198880.zone_id": "Z35SXDOTRQ7X7K",
                            "fqdn": "qa1.build.joericearchitect.info",
                            "health_check_id": "",
                            "id": "Z2ZVLIKT9MX0K8_qa1.build.joericearchitect.info_A",
                            "name": "qa1.build.joericearchitect.info",
                            "records.#": "0",
                            "set_identifier": "",
                            "ttl": "0",
                            "type": "A",
                            "zone_id": "Z2ZVLIKT9MX0K8"
                        },
                        "meta": {
                            "schema_version": "2"
                        },
                        "tainted": false
                    },
                    "deposed": [],
                    "provider": ""
                },
                "aws_route53_record.dockerui": {
                    "type": "aws_route53_record",
                    "depends_on": [
                        "aws_elb.elb-public-swarm",
                        "aws_elb.elb-public-swarm"
                    ],
                    "primary": {
                        "id": "Z2ZVLIKT9MX0K8_qa1.dockerui.joericearchitect.info_A",
                        "attributes": {
                            "alias.#": "1",
                            "alias.452198880.evaluate_target_health": "true",
                            "alias.452198880.name": "qa1-jra-elb-us-east-1-swarm-719851462.us-east-1.elb.amazonaws.com",
                            "alias.452198880.zone_id": "Z35SXDOTRQ7X7K",
                            "fqdn": "qa1.dockerui.joericearchitect.info",
                            "health_check_id": "",
                            "id": "Z2ZVLIKT9MX0K8_qa1.dockerui.joericearchitect.info_A",
                            "name": "qa1.dockerui.joericearchitect.info",
                            "records.#": "0",
                            "set_identifier": "",
                            "ttl": "0",
                            "type": "A",
                            "zone_id": "Z2ZVLIKT9MX0K8"
                        },
                        "meta": {
                            "schema_version": "2"
                        },
                        "tainted": false
                    },
                    "deposed": [],
                    "provider": ""
                },
                "aws_route53_record.dockervisual": {
                    "type": "aws_route53_record",
                    "depends_on": [
                        "aws_elb.elb-public-swarm",
                        "aws_elb.elb-public-swarm"
                    ],
                    "primary": {
                        "id": "Z2ZVLIKT9MX0K8_qa1.dockervisual.joericearchitect.info_A",
                        "attributes": {
                            "alias.#": "1",
                            "alias.452198880.evaluate_target_health": "true",
                            "alias.452198880.name": "qa1-jra-elb-us-east-1-swarm-719851462.us-east-1.elb.amazonaws.com",
                            "alias.452198880.zone_id": "Z35SXDOTRQ7X7K",
                            "fqdn": "qa1.dockervisual.joericearchitect.info",
                            "health_check_id": "",
                            "id": "Z2ZVLIKT9MX0K8_qa1.dockervisual.joericearchitect.info_A",
                            "name": "qa1.dockervisual.joericearchitect.info",
                            "records.#": "0",
                            "set_identifier": "",
                            "ttl": "0",
                            "type": "A",
                            "zone_id": "Z2ZVLIKT9MX0K8"
                        },
                        "meta": {
                            "schema_version": "2"
                        },
                        "tainted": false
                    },
                    "deposed": [],
                    "provider": ""
                },
                "aws_route53_record.elasticsearch": {
                    "type": "aws_route53_record",
                    "depends_on": [
                        "aws_elb.elb-public-logging",
                        "aws_elb.elb-public-logging"
                    ],
                    "primary": {
                        "id": "Z2ZVLIKT9MX0K8_qa1.es.joericearchitect.info_A",
                        "attributes": {
                            "alias.#": "1",
                            "alias.2134879313.evaluate_target_health": "true",
                            "alias.2134879313.name": "qa1-jra-elb-us-east-1-logging-1083783448.us-east-1.elb.amazonaws.com",
                            "alias.2134879313.zone_id": "Z35SXDOTRQ7X7K",
                            "fqdn": "qa1.es.joericearchitect.info",
                            "health_check_id": "",
                            "id": "Z2ZVLIKT9MX0K8_qa1.es.joericearchitect.info_A",
                            "name": "qa1.es.joericearchitect.info",
                            "records.#": "0",
                            "set_identifier": "",
                            "ttl": "0",
                            "type": "A",
                            "zone_id": "Z2ZVLIKT9MX0K8"
                        },
                        "meta": {
                            "schema_version": "2"
                        },
                        "tainted": false
                    },
                    "deposed": [],
                    "provider": ""
                },
                "aws_route53_record.kibana": {
                    "type": "aws_route53_record",
                    "depends_on": [
                        "aws_elb.elb-public-swarm",
                        "aws_elb.elb-public-swarm"
                    ],
                    "primary": {
                        "id": "Z2ZVLIKT9MX0K8_qa1.kibana.joericearchitect.info_A",
                        "attributes": {
                            "alias.#": "1",
                            "alias.452198880.evaluate_target_health": "true",
                            "alias.452198880.name": "qa1-jra-elb-us-east-1-swarm-719851462.us-east-1.elb.amazonaws.com",
                            "alias.452198880.zone_id": "Z35SXDOTRQ7X7K",
                            "fqdn": "qa1.kibana.joericearchitect.info",
                            "health_check_id": "",
                            "id": "Z2ZVLIKT9MX0K8_qa1.kibana.joericearchitect.info_A",
                            "name": "qa1.kibana.joericearchitect.info",
                            "records.#": "0",
                            "set_identifier": "",
                            "ttl": "0",
                            "type": "A",
                            "zone_id": "Z2ZVLIKT9MX0K8"
                        },
                        "meta": {
                            "schema_version": "2"
                        },
                        "tainted": false
                    },
                    "deposed": [],
                    "provider": ""
                },
                "aws_route53_record.proxy": {
                    "type": "aws_route53_record",
                    "depends_on": [
                        "aws_elb.elb-public-swarm",
                        "aws_elb.elb-public-swarm"
                    ],
                    "primary": {
                        "id": "Z2ZVLIKT9MX0K8_qa1.proxy.joericearchitect.info_A",
                        "attributes": {
                            "alias.#": "1",
                            "alias.452198880.evaluate_target_health": "true",
                            "alias.452198880.name": "qa1-jra-elb-us-east-1-swarm-719851462.us-east-1.elb.amazonaws.com",
                            "alias.452198880.zone_id": "Z35SXDOTRQ7X7K",
                            "fqdn": "qa1.proxy.joericearchitect.info",
                            "health_check_id": "",
                            "id": "Z2ZVLIKT9MX0K8_qa1.proxy.joericearchitect.info_A",
                            "name": "qa1.proxy.joericearchitect.info",
                            "records.#": "0",
                            "set_identifier": "",
                            "ttl": "0",
                            "type": "A",
                            "zone_id": "Z2ZVLIKT9MX0K8"
                        },
                        "meta": {
                            "schema_version": "2"
                        },
                        "tainted": false
                    },
                    "deposed": [],
                    "provider": ""
                },
                "aws_route53_record.www": {
                    "type": "aws_route53_record",
                    "depends_on": [
                        "aws_elb.elb-public-swarm",
                        "aws_elb.elb-public-swarm"
                    ],
                    "primary": {
                        "id": "Z2ZVLIKT9MX0K8_qa1.www.joericearchitect.info_A",
                        "attributes": {
                            "alias.#": "1",
                            "alias.452198880.evaluate_target_health": "true",
                            "alias.452198880.name": "qa1-jra-elb-us-east-1-swarm-719851462.us-east-1.elb.amazonaws.com",
                            "alias.452198880.zone_id": "Z35SXDOTRQ7X7K",
                            "fqdn": "qa1.www.joericearchitect.info",
                            "health_check_id": "",
                            "id": "Z2ZVLIKT9MX0K8_qa1.www.joericearchitect.info_A",
                            "name": "qa1.www.joericearchitect.info",
                            "records.#": "0",
                            "set_identifier": "",
                            "ttl": "0",
                            "type": "A",
                            "zone_id": "Z2ZVLIKT9MX0K8"
                        },
                        "meta": {
                            "schema_version": "2"
                        },
                        "tainted": false
                    },
                    "deposed": [],
                    "provider": ""
                },
                "aws_route_table.private": {
                    "type": "aws_route_table",
                    "depends_on": [
                        "aws_internet_gateway.jra_igw",
                        "aws_vpc.jra_vpc",
                        "random_id.env-instance"
                    ],
                    "primary": {
                        "id": "rtb-a1db68d9",
                        "attributes": {
                            "id": "rtb-a1db68d9",
                            "propagating_vgws.#": "0",
                            "route.#": "1",
                            "route.2663954868.cidr_block": "0.0.0.0/0",
                            "route.2663954868.gateway_id": "igw-8459eee2",
                            "route.2663954868.instance_id": "",
                            "route.2663954868.nat_gateway_id": "",
                            "route.2663954868.network_interface_id": "",
                            "route.2663954868.vpc_peering_connection_id": "",
                            "tags.%": "5",
                            "tags.Name": "qa1.route-table.us-east-1-private",
                            "tags.jra.environment": "qa1",
                            "tags.jra.environment-instance-id": "T8hoUNqghuA",
                            "tags.jra.environment-size": "small",
                            "tags.jra.environment_type": "latest",
                            "vpc_id": "vpc-1ee11967"
                        },
                        "meta": {},
                        "tainted": false
                    },
                    "deposed": [],
                    "provider": ""
                },
                "aws_route_table.public": {
                    "type": "aws_route_table",
                    "depends_on": [
                        "aws_internet_gateway.jra_igw",
                        "aws_vpc.jra_vpc",
                        "random_id.env-instance"
                    ],
                    "primary": {
                        "id": "rtb-a6d86bde",
                        "attributes": {
                            "id": "rtb-a6d86bde",
                            "propagating_vgws.#": "0",
                            "route.#": "1",
                            "route.2663954868.cidr_block": "0.0.0.0/0",
                            "route.2663954868.gateway_id": "igw-8459eee2",
                            "route.2663954868.instance_id": "",
                            "route.2663954868.nat_gateway_id": "",
                            "route.2663954868.network_interface_id": "",
                            "route.2663954868.vpc_peering_connection_id": "",
                            "tags.%": "5",
                            "tags.Name": "qa1.route-table.us-east-1-public",
                            "tags.jra.environment": "qa1",
                            "tags.jra.environment-instance-id": "T8hoUNqghuA",
                            "tags.jra.environment-size": "small",
                            "tags.jra.environment_type": "latest",
                            "vpc_id": "vpc-1ee11967"
                        },
                        "meta": {},
                        "tainted": false
                    },
                    "deposed": [],
                    "provider": ""
                },
                "aws_route_table_association.az-1-private": {
                    "type": "aws_route_table_association",
                    "depends_on": [
                        "aws_route_table.private",
                        "aws_subnet.az-1-private"
                    ],
                    "primary": {
                        "id": "rtbassoc-f70f858c",
                        "attributes": {
                            "id": "rtbassoc-f70f858c",
                            "route_table_id": "rtb-a1db68d9",
                            "subnet_id": "subnet-3f3cfb65"
                        },
                        "meta": {},
                        "tainted": false
                    },
                    "deposed": [],
                    "provider": ""
                },
                "aws_route_table_association.az-1-public": {
                    "type": "aws_route_table_association",
                    "depends_on": [
                        "aws_route_table.public",
                        "aws_subnet.az-1-public"
                    ],
                    "primary": {
                        "id": "rtbassoc-1f008a64",
                        "attributes": {
                            "id": "rtbassoc-1f008a64",
                            "route_table_id": "rtb-a6d86bde",
                            "subnet_id": "subnet-f93dfaa3"
                        },
                        "meta": {},
                        "tainted": false
                    },
                    "deposed": [],
                    "provider": ""
                },
                "aws_route_table_association.az-2-private": {
                    "type": "aws_route_table_association",
                    "depends_on": [
                        "aws_route_table.private",
                        "aws_subnet.az-2-private"
                    ],
                    "primary": {
                        "id": "rtbassoc-760e840d",
                        "attributes": {
                            "id": "rtbassoc-760e840d",
                            "route_table_id": "rtb-a1db68d9",
                            "subnet_id": "subnet-cb86b2ae"
                        },
                        "meta": {},
                        "tainted": false
                    },
                    "deposed": [],
                    "provider": ""
                },
                "aws_route_table_association.az-2-public": {
                    "type": "aws_route_table_association",
                    "depends_on": [
                        "aws_route_table.public",
                        "aws_subnet.az-2-public"
                    ],
                    "primary": {
                        "id": "rtbassoc-32038949",
                        "attributes": {
                            "id": "rtbassoc-32038949",
                            "route_table_id": "rtb-a6d86bde",
                            "subnet_id": "subnet-9085b1f5"
                        },
                        "meta": {},
                        "tainted": false
                    },
                    "deposed": [],
                    "provider": ""
                },
                "aws_route_table_association.az-3-private": {
                    "type": "aws_route_table_association",
                    "depends_on": [
                        "aws_route_table.private",
                        "aws_subnet.az-3-private"
                    ],
                    "primary": {
                        "id": "rtbassoc-ad0e84d6",
                        "attributes": {
                            "id": "rtbassoc-ad0e84d6",
                            "route_table_id": "rtb-a1db68d9",
                            "subnet_id": "subnet-65f53c49"
                        },
                        "meta": {},
                        "tainted": false
                    },
                    "deposed": [],
                    "provider": ""
                },
                "aws_route_table_association.az-3-public": {
                    "type": "aws_route_table_association",
                    "depends_on": [
                        "aws_route_table.public",
                        "aws_subnet.az-3-public"
                    ],
                    "primary": {
                        "id": "rtbassoc-fa028881",
                        "attributes": {
                            "id": "rtbassoc-fa028881",
                            "route_table_id": "rtb-a6d86bde",
                            "subnet_id": "subnet-82f039ae"
                        },
                        "meta": {},
                        "tainted": false
                    },
                    "deposed": [],
                    "provider": ""
                },
                "aws_security_group.elb-public-logging": {
                    "type": "aws_security_group",
                    "depends_on": [
                        "aws_vpc.jra_vpc",
                        "random_id.env-instance"
                    ],
                    "primary": {
                        "id": "sg-68531216",
                        "attributes": {
                            "description": "Security groups for public logging elb",
                            "egress.#": "1",
                            "egress.482069346.cidr_blocks.#": "1",
                            "egress.482069346.cidr_blocks.0": "0.0.0.0/0",
                            "egress.482069346.from_port": "0",
                            "egress.482069346.prefix_list_ids.#": "0",
                            "egress.482069346.protocol": "-1",
                            "egress.482069346.security_groups.#": "0",
                            "egress.482069346.self": "false",
                            "egress.482069346.to_port": "0",
                            "id": "sg-68531216",
                            "ingress.#": "1",
                            "ingress.482069346.cidr_blocks.#": "1",
                            "ingress.482069346.cidr_blocks.0": "0.0.0.0/0",
                            "ingress.482069346.from_port": "0",
                            "ingress.482069346.protocol": "-1",
                            "ingress.482069346.security_groups.#": "0",
                            "ingress.482069346.self": "false",
                            "ingress.482069346.to_port": "0",
                            "name": "qa1.jra-sg.us-east-1-logging-elb",
                            "owner_id": "478650753675",
                            "tags.%": "5",
                            "tags.Name": "qa1.sg.us-east-1-logging-elb",
                            "tags.jra.environment": "qa1",
                            "tags.jra.environment-instance-id": "T8hoUNqghuA",
                            "tags.jra.environment-size": "small",
                            "tags.jra.environment_type": "latest",
                            "vpc_id": "vpc-1ee11967"
                        },
                        "meta": {},
                        "tainted": false
                    },
                    "deposed": [],
                    "provider": ""
                },
                "aws_security_group.elb-public-swarm": {
                    "type": "aws_security_group",
                    "depends_on": [
                        "aws_vpc.jra_vpc",
                        "random_id.env-instance"
                    ],
                    "primary": {
                        "id": "sg-a15415df",
                        "attributes": {
                            "description": "Security groups for public swarm elb",
                            "egress.#": "1",
                            "egress.482069346.cidr_blocks.#": "1",
                            "egress.482069346.cidr_blocks.0": "0.0.0.0/0",
                            "egress.482069346.from_port": "0",
                            "egress.482069346.prefix_list_ids.#": "0",
                            "egress.482069346.protocol": "-1",
                            "egress.482069346.security_groups.#": "0",
                            "egress.482069346.self": "false",
                            "egress.482069346.to_port": "0",
                            "id": "sg-a15415df",
                            "ingress.#": "1",
                            "ingress.482069346.cidr_blocks.#": "1",
                            "ingress.482069346.cidr_blocks.0": "0.0.0.0/0",
                            "ingress.482069346.from_port": "0",
                            "ingress.482069346.protocol": "-1",
                            "ingress.482069346.security_groups.#": "0",
                            "ingress.482069346.self": "false",
                            "ingress.482069346.to_port": "0",
                            "name": "qa1.jra-sg.us-east-1-swarm-elb",
                            "owner_id": "478650753675",
                            "tags.%": "5",
                            "tags.Name": "qa1.sg.us-east-1-swarm-elb",
                            "tags.jra.environment": "qa1",
                            "tags.jra.environment-instance-id": "T8hoUNqghuA",
                            "tags.jra.environment-size": "small",
                            "tags.jra.environment_type": "latest",
                            "vpc_id": "vpc-1ee11967"
                        },
                        "meta": {},
                        "tainted": false
                    },
                    "deposed": [],
                    "provider": ""
                },
                "aws_security_group.private_admin": {
                    "type": "aws_security_group",
                    "depends_on": [
                        "aws_vpc.jra_vpc",
                        "random_id.env-instance"
                    ],
                    "primary": {
                        "id": "sg-3c511042",
                        "attributes": {
                            "description": "Swarm Nodes that will run containers related to admin apps (timetracking, jira, wikis, etc)",
                            "egress.#": "1",
                            "egress.482069346.cidr_blocks.#": "1",
                            "egress.482069346.cidr_blocks.0": "0.0.0.0/0",
                            "egress.482069346.from_port": "0",
                            "egress.482069346.prefix_list_ids.#": "0",
                            "egress.482069346.protocol": "-1",
                            "egress.482069346.security_groups.#": "0",
                            "egress.482069346.self": "false",
                            "egress.482069346.to_port": "0",
                            "id": "sg-3c511042",
                            "ingress.#": "1",
                            "ingress.482069346.cidr_blocks.#": "1",
                            "ingress.482069346.cidr_blocks.0": "0.0.0.0/0",
                            "ingress.482069346.from_port": "0",
                            "ingress.482069346.protocol": "-1",
                            "ingress.482069346.security_groups.#": "0",
                            "ingress.482069346.self": "false",
                            "ingress.482069346.to_port": "0",
                            "name": "qa1.jra-sg.us-east-1-private-admin",
                            "owner_id": "478650753675",
                            "tags.%": "5",
                            "tags.Name": "qa1.sg.us-east-1-private-admin",
                            "tags.jra.environment": "qa1",
                            "tags.jra.environment-instance-id": "T8hoUNqghuA",
                            "tags.jra.environment-size": "small",
                            "tags.jra.environment_type": "latest",
                            "vpc_id": "vpc-1ee11967"
                        },
                        "meta": {},
                        "tainted": false
                    },
                    "deposed": [],
                    "provider": ""
                },
                "aws_security_group.private_app-api-service": {
                    "type": "aws_security_group",
                    "depends_on": [
                        "aws_vpc.jra_vpc",
                        "random_id.env-instance"
                    ],
                    "primary": {
                        "id": "sg-5e541520",
                        "attributes": {
                            "description": "Swarm Nodes that will run containers related to storage persistence for mangement apps (databases, caches, etc)",
                            "egress.#": "1",
                            "egress.482069346.cidr_blocks.#": "1",
                            "egress.482069346.cidr_blocks.0": "0.0.0.0/0",
                            "egress.482069346.from_port": "0",
                            "egress.482069346.prefix_list_ids.#": "0",
                            "egress.482069346.protocol": "-1",
                            "egress.482069346.security_groups.#": "0",
                            "egress.482069346.self": "false",
                            "egress.482069346.to_port": "0",
                            "id": "sg-5e541520",
                            "ingress.#": "1",
                            "ingress.482069346.cidr_blocks.#": "1",
                            "ingress.482069346.cidr_blocks.0": "0.0.0.0/0",
                            "ingress.482069346.from_port": "0",
                            "ingress.482069346.protocol": "-1",
                            "ingress.482069346.security_groups.#": "0",
                            "ingress.482069346.self": "false",
                            "ingress.482069346.to_port": "0",
                            "name": "qa1.jra-sg.us-east-1-private-app-api-service",
                            "owner_id": "478650753675",
                            "tags.%": "5",
                            "tags.Name": "qa1.sg.us-east-1-private-app-api-service",
                            "tags.jra.environment": "qa1",
                            "tags.jra.environment-instance-id": "T8hoUNqghuA",
                            "tags.jra.environment-size": "small",
                            "tags.jra.environment_type": "latest",
                            "vpc_id": "vpc-1ee11967"
                        },
                        "meta": {},
                        "tainted": false
                    },
                    "deposed": [],
                    "provider": ""
                },
                "aws_security_group.private_app-persistence": {
                    "type": "aws_security_group",
                    "depends_on": [
                        "aws_vpc.jra_vpc",
                        "random_id.env-instance"
                    ],
                    "primary": {
                        "id": "sg-5f541521",
                        "attributes": {
                            "description": "Swarm Nodes that will run containers related to storage persistence for mangement apps (databases, caches, etc)",
                            "egress.#": "1",
                            "egress.482069346.cidr_blocks.#": "1",
                            "egress.482069346.cidr_blocks.0": "0.0.0.0/0",
                            "egress.482069346.from_port": "0",
                            "egress.482069346.prefix_list_ids.#": "0",
                            "egress.482069346.protocol": "-1",
                            "egress.482069346.security_groups.#": "0",
                            "egress.482069346.self": "false",
                            "egress.482069346.to_port": "0",
                            "id": "sg-5f541521",
                            "ingress.#": "1",
                            "ingress.482069346.cidr_blocks.#": "1",
                            "ingress.482069346.cidr_blocks.0": "0.0.0.0/0",
                            "ingress.482069346.from_port": "0",
                            "ingress.482069346.protocol": "-1",
                            "ingress.482069346.security_groups.#": "0",
                            "ingress.482069346.self": "false",
                            "ingress.482069346.to_port": "0",
                            "name": "qa1.jra-sg.us-east-1-private-app-persistence",
                            "owner_id": "478650753675",
                            "tags.%": "5",
                            "tags.Name": "qa1.sg.us-east-1-private-app-persistence",
                            "tags.jra.environment": "qa1",
                            "tags.jra.environment-instance-id": "T8hoUNqghuA",
                            "tags.jra.environment-size": "small",
                            "tags.jra.environment_type": "latest",
                            "vpc_id": "vpc-1ee11967"
                        },
                        "meta": {},
                        "tainted": false
                    },
                    "deposed": [],
                    "provider": ""
                },
                "aws_security_group.private_build": {
                    "type": "aws_security_group",
                    "depends_on": [
                        "aws_vpc.jra_vpc",
                        "random_id.env-instance"
                    ],
                    "primary": {
                        "id": "sg-7455140a",
                        "attributes": {
                            "description": "Swarm Nodes that will run containers related to builds \u0026 CI / CD pipelines",
                            "egress.#": "1",
                            "egress.482069346.cidr_blocks.#": "1",
                            "egress.482069346.cidr_blocks.0": "0.0.0.0/0",
                            "egress.482069346.from_port": "0",
                            "egress.482069346.prefix_list_ids.#": "0",
                            "egress.482069346.protocol": "-1",
                            "egress.482069346.security_groups.#": "0",
                            "egress.482069346.self": "false",
                            "egress.482069346.to_port": "0",
                            "id": "sg-7455140a",
                            "ingress.#": "1",
                            "ingress.482069346.cidr_blocks.#": "1",
                            "ingress.482069346.cidr_blocks.0": "0.0.0.0/0",
                            "ingress.482069346.from_port": "0",
                            "ingress.482069346.protocol": "-1",
                            "ingress.482069346.security_groups.#": "0",
                            "ingress.482069346.self": "false",
                            "ingress.482069346.to_port": "0",
                            "name": "qa1.jra-sg.us-east-1-private-build",
                            "owner_id": "478650753675",
                            "tags.%": "5",
                            "tags.Name": "qa1.sg.us-east-1-private-build",
                            "tags.jra.environment": "qa1",
                            "tags.jra.environment-instance-id": "T8hoUNqghuA",
                            "tags.jra.environment-size": "small",
                            "tags.jra.environment_type": "latest",
                            "vpc_id": "vpc-1ee11967"
                        },
                        "meta": {},
                        "tainted": false
                    },
                    "deposed": [],
                    "provider": ""
                },
                "aws_security_group.private_infra-logging": {
                    "type": "aws_security_group",
                    "depends_on": [
                        "aws_vpc.jra_vpc",
                        "random_id.env-instance"
                    ],
                    "primary": {
                        "id": "sg-c75011b9",
                        "attributes": {
                            "description": "Swarm Nodes that will run containers related to centralized logging stack",
                            "egress.#": "1",
                            "egress.482069346.cidr_blocks.#": "1",
                            "egress.482069346.cidr_blocks.0": "0.0.0.0/0",
                            "egress.482069346.from_port": "0",
                            "egress.482069346.prefix_list_ids.#": "0",
                            "egress.482069346.protocol": "-1",
                            "egress.482069346.security_groups.#": "0",
                            "egress.482069346.self": "false",
                            "egress.482069346.to_port": "0",
                            "id": "sg-c75011b9",
                            "ingress.#": "1",
                            "ingress.482069346.cidr_blocks.#": "1",
                            "ingress.482069346.cidr_blocks.0": "0.0.0.0/0",
                            "ingress.482069346.from_port": "0",
                            "ingress.482069346.protocol": "-1",
                            "ingress.482069346.security_groups.#": "0",
                            "ingress.482069346.self": "false",
                            "ingress.482069346.to_port": "0",
                            "name": "qa1.jra-sg.us-east-1-private-infra-logging",
                            "owner_id": "478650753675",
                            "tags.%": "5",
                            "tags.Name": "qa1.sg.us-east-1-private-infra-logging",
                            "tags.jra.environment": "qa1",
                            "tags.jra.environment-instance-id": "T8hoUNqghuA",
                            "tags.jra.environment-size": "small",
                            "tags.jra.environment_type": "latest",
                            "vpc_id": "vpc-1ee11967"
                        },
                        "meta": {},
                        "tainted": false
                    },
                    "deposed": [],
                    "provider": ""
                },
                "aws_security_group.private_management": {
                    "type": "aws_security_group",
                    "depends_on": [
                        "aws_vpc.jra_vpc",
                        "random_id.env-instance"
                    ],
                    "primary": {
                        "id": "sg-4357163d",
                        "attributes": {
                            "description": "Swarm Nodes that will run containers related to storage persistence for mangement apps (databases, caches, etc)",
                            "egress.#": "1",
                            "egress.482069346.cidr_blocks.#": "1",
                            "egress.482069346.cidr_blocks.0": "0.0.0.0/0",
                            "egress.482069346.from_port": "0",
                            "egress.482069346.prefix_list_ids.#": "0",
                            "egress.482069346.protocol": "-1",
                            "egress.482069346.security_groups.#": "0",
                            "egress.482069346.self": "false",
                            "egress.482069346.to_port": "0",
                            "id": "sg-4357163d",
                            "ingress.#": "1",
                            "ingress.482069346.cidr_blocks.#": "1",
                            "ingress.482069346.cidr_blocks.0": "0.0.0.0/0",
                            "ingress.482069346.from_port": "0",
                            "ingress.482069346.protocol": "-1",
                            "ingress.482069346.security_groups.#": "0",
                            "ingress.482069346.self": "false",
                            "ingress.482069346.to_port": "0",
                            "name": "qa1.jra-sg.us-east-1-private-management",
                            "owner_id": "478650753675",
                            "tags.%": "5",
                            "tags.Name": "qa1.sg.us-east-1-private-management",
                            "tags.jra.environment": "qa1",
                            "tags.jra.environment-instance-id": "T8hoUNqghuA",
                            "tags.jra.environment-size": "small",
                            "tags.jra.environment_type": "latest",
                            "vpc_id": "vpc-1ee11967"
                        },
                        "meta": {},
                        "tainted": false
                    },
                    "deposed": [],
                    "provider": ""
                },
                "aws_security_group.private_management_persistence": {
                    "type": "aws_security_group",
                    "depends_on": [
                        "aws_vpc.jra_vpc",
                        "random_id.env-instance"
                    ],
                    "primary": {
                        "id": "sg-1355146d",
                        "attributes": {
                            "description": "Swarm Nodes that will run containers related to storage persistence for mangement apps (databases, caches, etc)",
                            "egress.#": "1",
                            "egress.482069346.cidr_blocks.#": "1",
                            "egress.482069346.cidr_blocks.0": "0.0.0.0/0",
                            "egress.482069346.from_port": "0",
                            "egress.482069346.prefix_list_ids.#": "0",
                            "egress.482069346.protocol": "-1",
                            "egress.482069346.security_groups.#": "0",
                            "egress.482069346.self": "false",
                            "egress.482069346.to_port": "0",
                            "id": "sg-1355146d",
                            "ingress.#": "1",
                            "ingress.482069346.cidr_blocks.#": "1",
                            "ingress.482069346.cidr_blocks.0": "0.0.0.0/0",
                            "ingress.482069346.from_port": "0",
                            "ingress.482069346.protocol": "-1",
                            "ingress.482069346.security_groups.#": "0",
                            "ingress.482069346.self": "false",
                            "ingress.482069346.to_port": "0",
                            "name": "qa1.jra-sg.us-east-1-private-management-persistence",
                            "owner_id": "478650753675",
                            "tags.%": "5",
                            "tags.Name": "qa1.sg.us-east-1-private-management-persistence",
                            "tags.jra.environment": "qa1",
                            "tags.jra.environment-instance-id": "T8hoUNqghuA",
                            "tags.jra.environment-size": "small",
                            "tags.jra.environment_type": "latest",
                            "vpc_id": "vpc-1ee11967"
                        },
                        "meta": {},
                        "tainted": false
                    },
                    "deposed": [],
                    "provider": ""
                },
                "aws_security_group.private_monitoring": {
                    "type": "aws_security_group",
                    "depends_on": [
                        "aws_vpc.jra_vpc",
                        "random_id.env-instance"
                    ],
                    "primary": {
                        "id": "sg-77551409",
                        "attributes": {
                            "description": "Swarm Nodes that will run containers related to monitoring (logging servers, metrics collection, etc",
                            "egress.#": "1",
                            "egress.482069346.cidr_blocks.#": "1",
                            "egress.482069346.cidr_blocks.0": "0.0.0.0/0",
                            "egress.482069346.from_port": "0",
                            "egress.482069346.prefix_list_ids.#": "0",
                            "egress.482069346.protocol": "-1",
                            "egress.482069346.security_groups.#": "0",
                            "egress.482069346.self": "false",
                            "egress.482069346.to_port": "0",
                            "id": "sg-77551409",
                            "ingress.#": "1",
                            "ingress.482069346.cidr_blocks.#": "1",
                            "ingress.482069346.cidr_blocks.0": "0.0.0.0/0",
                            "ingress.482069346.from_port": "0",
                            "ingress.482069346.protocol": "-1",
                            "ingress.482069346.security_groups.#": "0",
                            "ingress.482069346.self": "false",
                            "ingress.482069346.to_port": "0",
                            "name": "qa1.jra-sg.us-east-1-private-monitoring",
                            "owner_id": "478650753675",
                            "tags.%": "5",
                            "tags.Name": "qa1.sg.us-east-1-private-management-persistence",
                            "tags.jra.environment": "qa1",
                            "tags.jra.environment-instance-id": "T8hoUNqghuA",
                            "tags.jra.environment-size": "small",
                            "tags.jra.environment_type": "latest",
                            "vpc_id": "vpc-1ee11967"
                        },
                        "meta": {},
                        "tainted": false
                    },
                    "deposed": [],
                    "provider": ""
                },
                "aws_security_group.private_swarm-manager": {
                    "type": "aws_security_group",
                    "depends_on": [
                        "aws_vpc.jra_vpc",
                        "random_id.env-instance"
                    ],
                    "primary": {
                        "id": "sg-a05415de",
                        "attributes": {
                            "description": "Swarm Manager that will run the docker swarm manager",
                            "egress.#": "1",
                            "egress.482069346.cidr_blocks.#": "1",
                            "egress.482069346.cidr_blocks.0": "0.0.0.0/0",
                            "egress.482069346.from_port": "0",
                            "egress.482069346.prefix_list_ids.#": "0",
                            "egress.482069346.protocol": "-1",
                            "egress.482069346.security_groups.#": "0",
                            "egress.482069346.self": "false",
                            "egress.482069346.to_port": "0",
                            "id": "sg-a05415de",
                            "ingress.#": "1",
                            "ingress.482069346.cidr_blocks.#": "1",
                            "ingress.482069346.cidr_blocks.0": "0.0.0.0/0",
                            "ingress.482069346.from_port": "0",
                            "ingress.482069346.protocol": "-1",
                            "ingress.482069346.security_groups.#": "0",
                            "ingress.482069346.self": "false",
                            "ingress.482069346.to_port": "0",
                            "name": "qa1.jra-sg.us-east-1-private-swarm-manager",
                            "owner_id": "478650753675",
                            "tags.%": "5",
                            "tags.Name": "qa1.sg.us-east-1-private-swarm-manager",
                            "tags.jra.environment": "qa1",
                            "tags.jra.environment-instance-id": "T8hoUNqghuA",
                            "tags.jra.environment-size": "small",
                            "tags.jra.environment_type": "latest",
                            "vpc_id": "vpc-1ee11967"
                        },
                        "meta": {},
                        "tainted": false
                    },
                    "deposed": [],
                    "provider": ""
                },
                "aws_security_group.public_app-api-web": {
                    "type": "aws_security_group",
                    "depends_on": [
                        "aws_vpc.jra_vpc",
                        "random_id.env-instance"
                    ],
                    "primary": {
                        "id": "sg-4157163f",
                        "attributes": {
                            "description": "Security groups for public web apis",
                            "egress.#": "1",
                            "egress.482069346.cidr_blocks.#": "1",
                            "egress.482069346.cidr_blocks.0": "0.0.0.0/0",
                            "egress.482069346.from_port": "0",
                            "egress.482069346.prefix_list_ids.#": "0",
                            "egress.482069346.protocol": "-1",
                            "egress.482069346.security_groups.#": "0",
                            "egress.482069346.self": "false",
                            "egress.482069346.to_port": "0",
                            "id": "sg-4157163f",
                            "ingress.#": "1",
                            "ingress.482069346.cidr_blocks.#": "1",
                            "ingress.482069346.cidr_blocks.0": "0.0.0.0/0",
                            "ingress.482069346.from_port": "0",
                            "ingress.482069346.protocol": "-1",
                            "ingress.482069346.security_groups.#": "0",
                            "ingress.482069346.self": "false",
                            "ingress.482069346.to_port": "0",
                            "name": "qa1.jra-sg.us-east-1-public-app-api-web",
                            "owner_id": "478650753675",
                            "tags.%": "5",
                            "tags.Name": "qa1.sg.us-east-1-public-app-api-web",
                            "tags.jra.environment": "qa1",
                            "tags.jra.environment-instance-id": "T8hoUNqghuA",
                            "tags.jra.environment-size": "small",
                            "tags.jra.environment_type": "latest",
                            "vpc_id": "vpc-1ee11967"
                        },
                        "meta": {},
                        "tainted": false
                    },
                    "deposed": [],
                    "provider": ""
                },
                "aws_security_group.public_app-ui-web": {
                    "type": "aws_security_group",
                    "depends_on": [
                        "aws_vpc.jra_vpc",
                        "random_id.env-instance"
                    ],
                    "primary": {
                        "id": "sg-e157169f",
                        "attributes": {
                            "description": "Security Group for public web ui apps",
                            "egress.#": "1",
                            "egress.482069346.cidr_blocks.#": "1",
                            "egress.482069346.cidr_blocks.0": "0.0.0.0/0",
                            "egress.482069346.from_port": "0",
                            "egress.482069346.prefix_list_ids.#": "0",
                            "egress.482069346.protocol": "-1",
                            "egress.482069346.security_groups.#": "0",
                            "egress.482069346.self": "false",
                            "egress.482069346.to_port": "0",
                            "id": "sg-e157169f",
                            "ingress.#": "1",
                            "ingress.482069346.cidr_blocks.#": "1",
                            "ingress.482069346.cidr_blocks.0": "0.0.0.0/0",
                            "ingress.482069346.from_port": "0",
                            "ingress.482069346.protocol": "-1",
                            "ingress.482069346.security_groups.#": "0",
                            "ingress.482069346.self": "false",
                            "ingress.482069346.to_port": "0",
                            "name": "qa1.jra-sg.us-east-1-public-app-ui-web",
                            "owner_id": "478650753675",
                            "tags.%": "5",
                            "tags.Name": "qa1.sg.us-east-1-public-app-ui-web",
                            "tags.jra.environment": "qa1",
                            "tags.jra.environment-instance-id": "T8hoUNqghuA",
                            "tags.jra.environment-size": "small",
                            "tags.jra.environment_type": "latest",
                            "vpc_id": "vpc-1ee11967"
                        },
                        "meta": {},
                        "tainted": false
                    },
                    "deposed": [],
                    "provider": ""
                },
                "aws_subnet.az-1-private": {
                    "type": "aws_subnet",
                    "depends_on": [
                        "aws_vpc.jra_vpc",
                        "random_id.env-instance"
                    ],
                    "primary": {
                        "id": "subnet-3f3cfb65",
                        "attributes": {
                            "availability_zone": "us-east-1a",
                            "cidr_block": "10.0.1.0/24",
                            "id": "subnet-3f3cfb65",
                            "map_public_ip_on_launch": "true",
                            "tags.%": "6",
                            "tags.Name": "qa1.subnet.us-east-1a-private",
                            "tags.jra.environment": "qa1",
                            "tags.jra.environment-instance-id": "T8hoUNqghuA",
                            "tags.jra.environment-size": "small",
                            "tags.jra.environment_type": "latest",
                            "tags.jra.failure-zone": "us-east-1-az-1",
                            "vpc_id": "vpc-1ee11967"
                        },
                        "meta": {},
                        "tainted": false
                    },
                    "deposed": [],
                    "provider": ""
                },
                "aws_subnet.az-1-public": {
                    "type": "aws_subnet",
                    "depends_on": [
                        "aws_vpc.jra_vpc",
                        "random_id.env-instance"
                    ],
                    "primary": {
                        "id": "subnet-f93dfaa3",
                        "attributes": {
                            "availability_zone": "us-east-1a",
                            "cidr_block": "10.0.0.0/24",
                            "id": "subnet-f93dfaa3",
                            "map_public_ip_on_launch": "true",
                            "tags.%": "6",
                            "tags.Name": "qa1.subnet.us-east-1a-public",
                            "tags.jra.environment": "qa1",
                            "tags.jra.environment-instance-id": "T8hoUNqghuA",
                            "tags.jra.environment-size": "small",
                            "tags.jra.environment_type": "latest",
                            "tags.jra.failure-zone": "us-east-1-az-1",
                            "vpc_id": "vpc-1ee11967"
                        },
                        "meta": {},
                        "tainted": false
                    },
                    "deposed": [],
                    "provider": ""
                },
                "aws_subnet.az-2-private": {
                    "type": "aws_subnet",
                    "depends_on": [
                        "aws_vpc.jra_vpc",
                        "random_id.env-instance"
                    ],
                    "primary": {
                        "id": "subnet-cb86b2ae",
                        "attributes": {
                            "availability_zone": "us-east-1b",
                            "cidr_block": "10.0.3.0/24",
                            "id": "subnet-cb86b2ae",
                            "map_public_ip_on_launch": "true",
                            "tags.%": "6",
                            "tags.Name": "qa1.subnet.us-east-1b-private",
                            "tags.jra.environment": "qa1",
                            "tags.jra.environment-instance-id": "T8hoUNqghuA",
                            "tags.jra.environment-size": "small",
                            "tags.jra.environment_type": "latest",
                            "tags.jra.failure-zone": "us-east-1-az-2",
                            "vpc_id": "vpc-1ee11967"
                        },
                        "meta": {},
                        "tainted": false
                    },
                    "deposed": [],
                    "provider": ""
                },
                "aws_subnet.az-2-public": {
                    "type": "aws_subnet",
                    "depends_on": [
                        "aws_vpc.jra_vpc",
                        "random_id.env-instance"
                    ],
                    "primary": {
                        "id": "subnet-9085b1f5",
                        "attributes": {
                            "availability_zone": "us-east-1b",
                            "cidr_block": "10.0.2.0/24",
                            "id": "subnet-9085b1f5",
                            "map_public_ip_on_launch": "true",
                            "tags.%": "6",
                            "tags.Name": "qa1.subnet.us-east-1b-public",
                            "tags.jra.environment": "qa1",
                            "tags.jra.environment-instance-id": "T8hoUNqghuA",
                            "tags.jra.environment-size": "small",
                            "tags.jra.environment_type": "latest",
                            "tags.jra.failure-zone": "us-east-1-az-2",
                            "vpc_id": "vpc-1ee11967"
                        },
                        "meta": {},
                        "tainted": false
                    },
                    "deposed": [],
                    "provider": ""
                },
                "aws_subnet.az-3-private": {
                    "type": "aws_subnet",
                    "depends_on": [
                        "aws_vpc.jra_vpc",
                        "random_id.env-instance"
                    ],
                    "primary": {
                        "id": "subnet-65f53c49",
                        "attributes": {
                            "availability_zone": "us-east-1c",
                            "cidr_block": "10.0.5.0/24",
                            "id": "subnet-65f53c49",
                            "map_public_ip_on_launch": "true",
                            "tags.%": "6",
                            "tags.Name": "qa1.subnet.us-east-1c-private",
                            "tags.jra.environment": "qa1",
                            "tags.jra.environment-instance-id": "T8hoUNqghuA",
                            "tags.jra.environment-size": "small",
                            "tags.jra.environment_type": "latest",
                            "tags.jra.failure-zone": "us-east-1-az-3",
                            "vpc_id": "vpc-1ee11967"
                        },
                        "meta": {},
                        "tainted": false
                    },
                    "deposed": [],
                    "provider": ""
                },
                "aws_subnet.az-3-public": {
                    "type": "aws_subnet",
                    "depends_on": [
                        "aws_vpc.jra_vpc",
                        "random_id.env-instance"
                    ],
                    "primary": {
                        "id": "subnet-82f039ae",
                        "attributes": {
                            "availability_zone": "us-east-1c",
                            "cidr_block": "10.0.4.0/24",
                            "id": "subnet-82f039ae",
                            "map_public_ip_on_launch": "true",
                            "tags.%": "6",
                            "tags.Name": "qa1.subnet.us-east-1c-public",
                            "tags.jra.environment": "qa1",
                            "tags.jra.environment-instance-id": "T8hoUNqghuA",
                            "tags.jra.environment-size": "small",
                            "tags.jra.environment_type": "latest",
                            "tags.jra.failure-zone": "us-east-1-az-3",
                            "vpc_id": "vpc-1ee11967"
                        },
                        "meta": {},
                        "tainted": false
                    },
                    "deposed": [],
                    "provider": ""
                },
                "aws_vpc.jra_vpc": {
                    "type": "aws_vpc",
                    "depends_on": [
                        "random_id.env-instance"
                    ],
                    "primary": {
                        "id": "vpc-1ee11967",
                        "attributes": {
                            "cidr_block": "10.0.0.0/16",
                            "default_network_acl_id": "acl-d5c65fac",
                            "default_route_table_id": "rtb-3ad56642",
                            "default_security_group_id": "sg-08541576",
                            "dhcp_options_id": "dopt-eb4a818d",
                            "enable_classiclink": "false",
                            "enable_dns_hostnames": "true",
                            "enable_dns_support": "true",
                            "id": "vpc-1ee11967",
                            "instance_tenancy": "default",
                            "main_route_table_id": "rtb-3ad56642",
                            "tags.%": "5",
                            "tags.Name": "qa1.vpc.us-east-1",
                            "tags.jra.environment": "qa1",
                            "tags.jra.environment-instance-id": "T8hoUNqghuA",
                            "tags.jra.environment-size": "small",
                            "tags.jra.environment_type": "latest"
                        },
                        "meta": {},
                        "tainted": false
                    },
                    "deposed": [],
                    "provider": ""
                },
                "null_resource.infa-apps-deploy": {
                    "type": "null_resource",
                    "depends_on": [
                        "null_resource.swarm-cluster-provision"
                    ],
                    "primary": {
                        "id": "7253656883936065689",
                        "attributes": {
                            "id": "7253656883936065689"
                        },
                        "meta": {},
                        "tainted": false
                    },
                    "deposed": [],
                    "provider": ""
                },
                "null_resource.swarm-cluster-provision": {
                    "type": "null_resource",
                    "depends_on": [
                        "aws_instance.app-api-service-az-1",
                        "aws_instance.app-api-service-az-2",
                        "aws_instance.app-api-service-az-3",
                        "aws_instance.app-persistence-az-1",
                        "aws_instance.app-persistence-az-2",
                        "aws_instance.app-persistence-az-3",
                        "aws_instance.app-ui-web-az-1",
                        "aws_instance.app-ui-web-az-1",
                        "aws_instance.app-ui-web-az-3",
                        "aws_instance.build-az-1",
                        "aws_instance.build-az-2",
                        "aws_instance.build-az-3",
                        "aws_instance.swarm-manager-az-1",
                        "aws_instance.swarm-manager-az-1",
                        "aws_instance.swarm-manager-az-3"
                    ],
                    "primary": {
                        "id": "2136504248372791886",
                        "attributes": {
                            "id": "2136504248372791886"
                        },
                        "meta": {},
                        "tainted": false
                    },
                    "deposed": [],
                    "provider": ""
                },
                "random_id.env-instance": {
                    "type": "random_id",
                    "depends_on": [],
                    "primary": {
                        "id": "T8hoUNqghuA",
                        "attributes": {
                            "b64": "T8hoUNqghuA",
                            "b64_std": "T8hoUNqghuA=",
                            "b64_url": "T8hoUNqghuA",
                            "byte_length": "8",
                            "dec": "5748959620813063904",
                            "hex": "4fc86850daa086e0",
                            "id": "T8hoUNqghuA"
                        },
                        "meta": {},
                        "tainted": false
                    },
                    "deposed": [],
                    "provider": ""
                }
            },
            "depends_on": []
        }
    ]
}
