{
    "version": 3,
    "terraform_version": "0.7.13",
    "serial": 32,
    "lineage": "1542ed22-9572-435b-bfe7-2914441e104a",
    "modules": [
        {
            "path": [
                "root"
            ],
            "outputs": {},
            "resources": {
                "aws_eip.az-1-public": {
                    "type": "aws_eip",
                    "depends_on": [],
                    "primary": {
                        "id": "eipalloc-4db8487d",
                        "attributes": {
                            "association_id": "",
                            "domain": "vpc",
                            "id": "eipalloc-4db8487d",
                            "instance": "",
                            "network_interface": "",
                            "private_ip": "",
                            "public_ip": "34.202.216.112",
                            "vpc": "true"
                        },
                        "meta": {},
                        "tainted": false
                    },
                    "deposed": [],
                    "provider": ""
                },
                "aws_eip.az-2-public": {
                    "type": "aws_eip",
                    "depends_on": [],
                    "primary": {
                        "id": "eipalloc-80b444b0",
                        "attributes": {
                            "association_id": "",
                            "domain": "vpc",
                            "id": "eipalloc-80b444b0",
                            "instance": "",
                            "network_interface": "",
                            "private_ip": "",
                            "public_ip": "52.205.228.175",
                            "vpc": "true"
                        },
                        "meta": {},
                        "tainted": false
                    },
                    "deposed": [],
                    "provider": ""
                },
                "aws_eip.az-3-public": {
                    "type": "aws_eip",
                    "depends_on": [],
                    "primary": {
                        "id": "eipalloc-4eb8487e",
                        "attributes": {
                            "association_id": "",
                            "domain": "vpc",
                            "id": "eipalloc-4eb8487e",
                            "instance": "",
                            "network_interface": "",
                            "private_ip": "",
                            "public_ip": "34.200.154.253",
                            "vpc": "true"
                        },
                        "meta": {},
                        "tainted": false
                    },
                    "deposed": [],
                    "provider": ""
                },
                "aws_elb.elb-public-logging": {
                    "type": "aws_elb",
                    "depends_on": [
                        "aws_instance.infra-logging-az-1",
                        "aws_instance.infra-logging-az-2",
                        "aws_instance.infra-logging-az-3",
                        "aws_instance.swarm-manager-az-1",
                        "aws_instance.swarm-manager-az-2",
                        "aws_instance.swarm-manager-az-3",
                        "aws_security_group.elb-public-logging",
                        "aws_subnet.az-1-public",
                        "aws_subnet.az-2-public",
                        "aws_subnet.az-3-public",
                        "random_id.env-instance"
                    ],
                    "primary": {
                        "id": "qa1-jra-elb-us-east-1-logging",
                        "attributes": {
                            "access_logs.#": "0",
                            "availability_zones.#": "3",
                            "availability_zones.1305112097": "us-east-1b",
                            "availability_zones.3569565595": "us-east-1a",
                            "availability_zones.986537655": "us-east-1c",
                            "connection_draining": "true",
                            "connection_draining_timeout": "400",
                            "cross_zone_load_balancing": "true",
                            "dns_name": "qa1-jra-elb-us-east-1-logging-589745203.us-east-1.elb.amazonaws.com",
                            "health_check.#": "1",
                            "health_check.0.healthy_threshold": "4",
                            "health_check.0.interval": "15",
                            "health_check.0.target": "TCP:81",
                            "health_check.0.timeout": "3",
                            "health_check.0.unhealthy_threshold": "4",
                            "id": "qa1-jra-elb-us-east-1-logging",
                            "idle_timeout": "400",
                            "instances.#": "6",
                            "instances.1129221307": "i-0f2cf48f92c2d3564",
                            "instances.1638809589": "i-04a0ad63968e9eeeb",
                            "instances.1701585629": "i-0bf65c5fda98acd7d",
                            "instances.2574872116": "i-0766d477863304e82",
                            "instances.2716166165": "i-0776ecb93dd4af0ef",
                            "instances.3989149111": "i-02b5f60ba517357b2",
                            "internal": "false",
                            "listener.#": "1",
                            "listener.742900092.instance_port": "81",
                            "listener.742900092.instance_protocol": "tcp",
                            "listener.742900092.lb_port": "80",
                            "listener.742900092.lb_protocol": "tcp",
                            "listener.742900092.ssl_certificate_id": "",
                            "name": "qa1-jra-elb-us-east-1-logging",
                            "security_groups.#": "1",
                            "security_groups.1204722014": "sg-96dce9e8",
                            "source_security_group": "478650753675/qa1.jra-sg.us-east-1-logging-elb",
                            "source_security_group_id": "sg-96dce9e8",
                            "subnets.#": "3",
                            "subnets.1102647500": "subnet-2590af40",
                            "subnets.2189391229": "subnet-4f68b463",
                            "subnets.43022429": "subnet-03ec3959",
                            "tags.%": "5",
                            "tags.Name": "qa1-jra-elb-us-east-1-logging",
                            "tags.jra.environment": "qa1",
                            "tags.jra.environment-instance-id": "3R-QZ_BUPpA",
                            "tags.jra.environment-size": "small",
                            "tags.jra.environment_type": "latest",
                            "zone_id": "Z35SXDOTRQ7X7K"
                        },
                        "meta": {},
                        "tainted": false
                    },
                    "deposed": [],
                    "provider": ""
                },
                "aws_elb.elb-public-swarm": {
                    "type": "aws_elb",
                    "depends_on": [
                        "aws_instance.app-ui-web-az-1",
                        "aws_instance.app-ui-web-az-2",
                        "aws_instance.app-ui-web-az-3",
                        "aws_security_group.elb-public-swarm",
                        "aws_subnet.az-1-public",
                        "aws_subnet.az-2-public",
                        "aws_subnet.az-3-public",
                        "random_id.env-instance"
                    ],
                    "primary": {
                        "id": "qa1-jra-elb-us-east-1-swarm",
                        "attributes": {
                            "access_logs.#": "0",
                            "availability_zones.#": "3",
                            "availability_zones.1305112097": "us-east-1b",
                            "availability_zones.3569565595": "us-east-1a",
                            "availability_zones.986537655": "us-east-1c",
                            "connection_draining": "true",
                            "connection_draining_timeout": "400",
                            "cross_zone_load_balancing": "true",
                            "dns_name": "qa1-jra-elb-us-east-1-swarm-168694447.us-east-1.elb.amazonaws.com",
                            "health_check.#": "1",
                            "health_check.0.healthy_threshold": "4",
                            "health_check.0.interval": "15",
                            "health_check.0.target": "TCP:80",
                            "health_check.0.timeout": "3",
                            "health_check.0.unhealthy_threshold": "4",
                            "id": "qa1-jra-elb-us-east-1-swarm",
                            "idle_timeout": "400",
                            "instances.#": "3",
                            "instances.2246367811": "i-088f6ae010aa0d9d7",
                            "instances.3669865126": "i-042dbfaf92e2181dd",
                            "instances.4124880726": "i-096e3dda3bdff2771",
                            "internal": "false",
                            "listener.#": "1",
                            "listener.3057123346.instance_port": "80",
                            "listener.3057123346.instance_protocol": "http",
                            "listener.3057123346.lb_port": "80",
                            "listener.3057123346.lb_protocol": "http",
                            "listener.3057123346.ssl_certificate_id": "",
                            "name": "qa1-jra-elb-us-east-1-swarm",
                            "security_groups.#": "1",
                            "security_groups.5830000": "sg-cddeebb3",
                            "source_security_group": "478650753675/qa1.jra-sg.us-east-1-swarm-elb",
                            "source_security_group_id": "sg-cddeebb3",
                            "subnets.#": "3",
                            "subnets.1102647500": "subnet-2590af40",
                            "subnets.2189391229": "subnet-4f68b463",
                            "subnets.43022429": "subnet-03ec3959",
                            "tags.%": "5",
                            "tags.Name": "qa1-jra-elb-us-east-1-swarm",
                            "tags.jra.environment": "qa1",
                            "tags.jra.environment-instance-id": "3R-QZ_BUPpA",
                            "tags.jra.environment-size": "small",
                            "tags.jra.environment_type": "latest",
                            "zone_id": "Z35SXDOTRQ7X7K"
                        },
                        "meta": {},
                        "tainted": false
                    },
                    "deposed": [],
                    "provider": ""
                },
                "aws_instance.app-api-service-az-1": {
                    "type": "aws_instance",
                    "depends_on": [
                        "aws_security_group.private_app-api-service",
                        "aws_subnet.az-1-private",
                        "random_id.env-instance"
                    ],
                    "primary": {
                        "id": "i-0d435e51cb53a657a",
                        "attributes": {
                            "ami": "ami-7a265d6c",
                            "associate_public_ip_address": "true",
                            "availability_zone": "us-east-1a",
                            "disable_api_termination": "false",
                            "ebs_block_device.#": "0",
                            "ebs_optimized": "false",
                            "ephemeral_block_device.#": "0",
                            "iam_instance_profile": "",
                            "id": "i-0d435e51cb53a657a",
                            "instance_state": "running",
                            "instance_type": "t2.micro",
                            "key_name": "jra-swarm-key-pair",
                            "monitoring": "false",
                            "network_interface_id": "eni-15f15ecf",
                            "private_dns": "ip-10-0-1-115.ec2.internal",
                            "private_ip": "10.0.1.115",
                            "public_dns": "ec2-54-175-237-21.compute-1.amazonaws.com",
                            "public_ip": "54.175.237.21",
                            "root_block_device.#": "1",
                            "root_block_device.0.delete_on_termination": "true",
                            "root_block_device.0.iops": "100",
                            "root_block_device.0.volume_size": "8",
                            "root_block_device.0.volume_type": "gp2",
                            "security_groups.#": "0",
                            "source_dest_check": "true",
                            "subnet_id": "subnet-08e13452",
                            "tags.%": "11",
                            "tags.Name": "qa1.instance.swarm-worker.app-api-service.qa1.us-east-1a",
                            "tags.jra.environment": "qa1",
                            "tags.jra.environment-instance-id": "3R-QZ_BUPpA",
                            "tags.jra.environment-size": "small",
                            "tags.jra.environment_type": "latest",
                            "tags.jra.failure-zone": "us-east-1-az-1",
                            "tags.jra.instance-name": "app-api-service-us-east-1-az-1",
                            "tags.jra.instance-name-full": "qa1.instance.swarm-worker.app-api-service.qa1.us-east-1a",
                            "tags.jra.subnet-type": "private",
                            "tags.jra.swarm-instance-type": "swarm-worker",
                            "tags.jra.swarm-node-type": "app-api-service",
                            "tenancy": "default",
                            "vpc_security_group_ids.#": "1",
                            "vpc_security_group_ids.3667836129": "sg-eddfea93"
                        },
                        "meta": {
                            "schema_version": "1"
                        },
                        "tainted": false
                    },
                    "deposed": [],
                    "provider": ""
                },
                "aws_instance.app-api-service-az-2": {
                    "type": "aws_instance",
                    "depends_on": [
                        "aws_security_group.private_app-api-service",
                        "aws_subnet.az-2-private",
                        "random_id.env-instance"
                    ],
                    "primary": {
                        "id": "i-0eb85f60609a7e18c",
                        "attributes": {
                            "ami": "ami-7a265d6c",
                            "associate_public_ip_address": "true",
                            "availability_zone": "us-east-1b",
                            "disable_api_termination": "false",
                            "ebs_block_device.#": "0",
                            "ebs_optimized": "false",
                            "ephemeral_block_device.#": "0",
                            "iam_instance_profile": "",
                            "id": "i-0eb85f60609a7e18c",
                            "instance_state": "running",
                            "instance_type": "t2.micro",
                            "key_name": "jra-swarm-key-pair",
                            "monitoring": "false",
                            "network_interface_id": "eni-6c0a3d78",
                            "private_dns": "ip-10-0-3-69.ec2.internal",
                            "private_ip": "10.0.3.69",
                            "public_dns": "ec2-34-200-246-49.compute-1.amazonaws.com",
                            "public_ip": "34.200.246.49",
                            "root_block_device.#": "1",
                            "root_block_device.0.delete_on_termination": "true",
                            "root_block_device.0.iops": "100",
                            "root_block_device.0.volume_size": "8",
                            "root_block_device.0.volume_type": "gp2",
                            "security_groups.#": "0",
                            "source_dest_check": "true",
                            "subnet_id": "subnet-268fb043",
                            "tags.%": "11",
                            "tags.Name": "qa1.instance.swarm-worker.app-api-service.qa1.us-east-1b",
                            "tags.jra.environment": "qa1",
                            "tags.jra.environment-instance-id": "3R-QZ_BUPpA",
                            "tags.jra.environment-size": "small",
                            "tags.jra.environment_type": "latest",
                            "tags.jra.failure-zone": "us-east-1-az-2",
                            "tags.jra.instance-name": "app-api-service-us-east-1-az-2",
                            "tags.jra.instance-name-full": "qa1.instance.swarm-worker.app-api-service.qa1.us-east-1b",
                            "tags.jra.subnet-type": "private",
                            "tags.jra.swarm-instance-type": "swarm-worker",
                            "tags.jra.swarm-node-type": "app-api-service",
                            "tenancy": "default",
                            "vpc_security_group_ids.#": "1",
                            "vpc_security_group_ids.3667836129": "sg-eddfea93"
                        },
                        "meta": {
                            "schema_version": "1"
                        },
                        "tainted": false
                    },
                    "deposed": [],
                    "provider": ""
                },
                "aws_instance.app-api-service-az-3": {
                    "type": "aws_instance",
                    "depends_on": [
                        "aws_security_group.private_app-api-service",
                        "aws_subnet.az-3-private",
                        "random_id.env-instance"
                    ],
                    "primary": {
                        "id": "i-01654a0e5d06706f7",
                        "attributes": {
                            "ami": "ami-7a265d6c",
                            "associate_public_ip_address": "true",
                            "availability_zone": "us-east-1c",
                            "disable_api_termination": "false",
                            "ebs_block_device.#": "0",
                            "ebs_optimized": "false",
                            "ephemeral_block_device.#": "0",
                            "iam_instance_profile": "",
                            "id": "i-01654a0e5d06706f7",
                            "instance_state": "running",
                            "instance_type": "t2.micro",
                            "key_name": "jra-swarm-key-pair",
                            "monitoring": "false",
                            "network_interface_id": "eni-b150b079",
                            "private_dns": "ip-10-0-5-58.ec2.internal",
                            "private_ip": "10.0.5.58",
                            "public_dns": "ec2-54-197-0-95.compute-1.amazonaws.com",
                            "public_ip": "54.197.0.95",
                            "root_block_device.#": "1",
                            "root_block_device.0.delete_on_termination": "true",
                            "root_block_device.0.iops": "100",
                            "root_block_device.0.volume_size": "8",
                            "root_block_device.0.volume_type": "gp2",
                            "security_groups.#": "0",
                            "source_dest_check": "true",
                            "subnet_id": "subnet-a667bb8a",
                            "tags.%": "11",
                            "tags.Name": "qa1.instance.swarm-worker.app-api-service.qa1.us-east-1c",
                            "tags.jra.environment": "qa1",
                            "tags.jra.environment-instance-id": "3R-QZ_BUPpA",
                            "tags.jra.environment-size": "small",
                            "tags.jra.environment_type": "latest",
                            "tags.jra.failure-zone": "us-east-1-az-3",
                            "tags.jra.instance-name": "app-api-service-us-east-1-az-3",
                            "tags.jra.instance-name-full": "qa1.instance.swarm-worker.app-api-service.qa1.us-east-1c",
                            "tags.jra.subnet-type": "private",
                            "tags.jra.swarm-instance-type": "swarm-worker",
                            "tags.jra.swarm-node-type": "app-api-service",
                            "tenancy": "default",
                            "vpc_security_group_ids.#": "1",
                            "vpc_security_group_ids.3667836129": "sg-eddfea93"
                        },
                        "meta": {
                            "schema_version": "1"
                        },
                        "tainted": false
                    },
                    "deposed": [],
                    "provider": ""
                },
                "aws_instance.app-persistence-az-1": {
                    "type": "aws_instance",
                    "depends_on": [
                        "aws_security_group.private_app-persistence",
                        "aws_subnet.az-1-private",
                        "random_id.env-instance"
                    ],
                    "primary": {
                        "id": "i-0cf23d844ed623467",
                        "attributes": {
                            "ami": "ami-7a265d6c",
                            "associate_public_ip_address": "true",
                            "availability_zone": "us-east-1a",
                            "disable_api_termination": "false",
                            "ebs_block_device.#": "0",
                            "ebs_optimized": "false",
                            "ephemeral_block_device.#": "0",
                            "iam_instance_profile": "",
                            "id": "i-0cf23d844ed623467",
                            "instance_state": "running",
                            "instance_type": "t2.micro",
                            "key_name": "jra-swarm-key-pair",
                            "monitoring": "false",
                            "network_interface_id": "eni-e4f8573e",
                            "private_dns": "ip-10-0-1-137.ec2.internal",
                            "private_ip": "10.0.1.137",
                            "public_dns": "ec2-52-202-135-52.compute-1.amazonaws.com",
                            "public_ip": "52.202.135.52",
                            "root_block_device.#": "1",
                            "root_block_device.0.delete_on_termination": "true",
                            "root_block_device.0.iops": "100",
                            "root_block_device.0.volume_size": "8",
                            "root_block_device.0.volume_type": "gp2",
                            "security_groups.#": "0",
                            "source_dest_check": "true",
                            "subnet_id": "subnet-08e13452",
                            "tags.%": "11",
                            "tags.Name": "qa1.instance.swarm-worker.app-persistence.qa1.us-east-1a",
                            "tags.jra.environment": "qa1",
                            "tags.jra.environment-instance-id": "3R-QZ_BUPpA",
                            "tags.jra.environment-size": "small",
                            "tags.jra.environment_type": "latest",
                            "tags.jra.failure-zone": "us-east-1-az-1",
                            "tags.jra.instance-name": "app-persistence-us-east-1-az-1",
                            "tags.jra.instance-name-full": "qa1.instance.swarm-worker.app-persistence.qa1.us-east-1a",
                            "tags.jra.subnet-type": "private",
                            "tags.jra.swarm-instance-type": "swarm-worker",
                            "tags.jra.swarm-node-type": "app-persistence",
                            "tenancy": "default",
                            "vpc_security_group_ids.#": "1",
                            "vpc_security_group_ids.3399357652": "sg-24deeb5a"
                        },
                        "meta": {
                            "schema_version": "1"
                        },
                        "tainted": false
                    },
                    "deposed": [],
                    "provider": ""
                },
                "aws_instance.app-persistence-az-2": {
                    "type": "aws_instance",
                    "depends_on": [
                        "aws_security_group.private_app-persistence",
                        "aws_subnet.az-2-private",
                        "random_id.env-instance"
                    ],
                    "primary": {
                        "id": "i-0759b3af347c33140",
                        "attributes": {
                            "ami": "ami-7a265d6c",
                            "associate_public_ip_address": "true",
                            "availability_zone": "us-east-1b",
                            "disable_api_termination": "false",
                            "ebs_block_device.#": "0",
                            "ebs_optimized": "false",
                            "ephemeral_block_device.#": "0",
                            "iam_instance_profile": "",
                            "id": "i-0759b3af347c33140",
                            "instance_state": "running",
                            "instance_type": "t2.micro",
                            "key_name": "jra-swarm-key-pair",
                            "monitoring": "false",
                            "network_interface_id": "eni-b5f5c2a1",
                            "private_dns": "ip-10-0-3-197.ec2.internal",
                            "private_ip": "10.0.3.197",
                            "public_dns": "ec2-34-200-237-173.compute-1.amazonaws.com",
                            "public_ip": "34.200.237.173",
                            "root_block_device.#": "1",
                            "root_block_device.0.delete_on_termination": "true",
                            "root_block_device.0.iops": "100",
                            "root_block_device.0.volume_size": "8",
                            "root_block_device.0.volume_type": "gp2",
                            "security_groups.#": "0",
                            "source_dest_check": "true",
                            "subnet_id": "subnet-268fb043",
                            "tags.%": "11",
                            "tags.Name": "qa1.instance.swarm-worker.app-persistence.qa1.us-east-1b",
                            "tags.jra.environment": "qa1",
                            "tags.jra.environment-instance-id": "3R-QZ_BUPpA",
                            "tags.jra.environment-size": "small",
                            "tags.jra.environment_type": "latest",
                            "tags.jra.failure-zone": "us-east-1-az-2",
                            "tags.jra.instance-name": "app-persistence-us-east-1-az-2",
                            "tags.jra.instance-name-full": "qa1.instance.swarm-worker.app-persistence.qa1.us-east-1b",
                            "tags.jra.subnet-type": "private",
                            "tags.jra.swarm-instance-type": "swarm-worker",
                            "tags.jra.swarm-node-type": "app-persistence",
                            "tenancy": "default",
                            "vpc_security_group_ids.#": "1",
                            "vpc_security_group_ids.3399357652": "sg-24deeb5a"
                        },
                        "meta": {
                            "schema_version": "1"
                        },
                        "tainted": false
                    },
                    "deposed": [],
                    "provider": ""
                },
                "aws_instance.app-persistence-az-3": {
                    "type": "aws_instance",
                    "depends_on": [
                        "aws_security_group.private_app-persistence",
                        "aws_subnet.az-3-private",
                        "random_id.env-instance"
                    ],
                    "primary": {
                        "id": "i-021c04adf3ff5d842",
                        "attributes": {
                            "ami": "ami-7a265d6c",
                            "associate_public_ip_address": "true",
                            "availability_zone": "us-east-1c",
                            "disable_api_termination": "false",
                            "ebs_block_device.#": "0",
                            "ebs_optimized": "false",
                            "ephemeral_block_device.#": "0",
                            "iam_instance_profile": "",
                            "id": "i-021c04adf3ff5d842",
                            "instance_state": "running",
                            "instance_type": "t2.micro",
                            "key_name": "jra-swarm-key-pair",
                            "monitoring": "false",
                            "network_interface_id": "eni-8f51b147",
                            "private_dns": "ip-10-0-5-8.ec2.internal",
                            "private_ip": "10.0.5.8",
                            "public_dns": "ec2-34-205-159-159.compute-1.amazonaws.com",
                            "public_ip": "34.205.159.159",
                            "root_block_device.#": "1",
                            "root_block_device.0.delete_on_termination": "true",
                            "root_block_device.0.iops": "100",
                            "root_block_device.0.volume_size": "8",
                            "root_block_device.0.volume_type": "gp2",
                            "security_groups.#": "0",
                            "source_dest_check": "true",
                            "subnet_id": "subnet-a667bb8a",
                            "tags.%": "11",
                            "tags.Name": "qa1.instance.swarm-worker.app-persistence.qa1.us-east-1c",
                            "tags.jra.environment": "qa1",
                            "tags.jra.environment-instance-id": "3R-QZ_BUPpA",
                            "tags.jra.environment-size": "small",
                            "tags.jra.environment_type": "latest",
                            "tags.jra.failure-zone": "us-east-1-az-3",
                            "tags.jra.instance-name": "app-persistence-us-east-1-az-3",
                            "tags.jra.instance-name-full": "qa1.instance.swarm-worker.app-persistence.qa1.us-east-1c",
                            "tags.jra.subnet-type": "private",
                            "tags.jra.swarm-instance-type": "swarm-worker",
                            "tags.jra.swarm-node-type": "app-persistence",
                            "tenancy": "default",
                            "vpc_security_group_ids.#": "1",
                            "vpc_security_group_ids.3399357652": "sg-24deeb5a"
                        },
                        "meta": {
                            "schema_version": "1"
                        },
                        "tainted": false
                    },
                    "deposed": [],
                    "provider": ""
                },
                "aws_instance.app-ui-web-az-1": {
                    "type": "aws_instance",
                    "depends_on": [
                        "aws_security_group.public_app-ui-web",
                        "aws_subnet.az-1-public",
                        "random_id.env-instance"
                    ],
                    "primary": {
                        "id": "i-088f6ae010aa0d9d7",
                        "attributes": {
                            "ami": "ami-7a265d6c",
                            "associate_public_ip_address": "true",
                            "availability_zone": "us-east-1a",
                            "disable_api_termination": "false",
                            "ebs_block_device.#": "0",
                            "ebs_optimized": "false",
                            "ephemeral_block_device.#": "0",
                            "iam_instance_profile": "",
                            "id": "i-088f6ae010aa0d9d7",
                            "instance_state": "running",
                            "instance_type": "t2.micro",
                            "key_name": "jra-swarm-key-pair",
                            "monitoring": "false",
                            "network_interface_id": "eni-61f35cbb",
                            "private_dns": "ip-10-0-0-168.ec2.internal",
                            "private_ip": "10.0.0.168",
                            "public_dns": "ec2-34-207-75-175.compute-1.amazonaws.com",
                            "public_ip": "34.207.75.175",
                            "root_block_device.#": "1",
                            "root_block_device.0.delete_on_termination": "true",
                            "root_block_device.0.iops": "100",
                            "root_block_device.0.volume_size": "8",
                            "root_block_device.0.volume_type": "gp2",
                            "security_groups.#": "0",
                            "source_dest_check": "true",
                            "subnet_id": "subnet-03ec3959",
                            "tags.%": "11",
                            "tags.Name": "qa1.instance.swarm-worker.app-ui-web.qa1.us-east-1a",
                            "tags.jra.environment": "qa1",
                            "tags.jra.environment-instance-id": "3R-QZ_BUPpA",
                            "tags.jra.environment-size": "small",
                            "tags.jra.environment_type": "latest",
                            "tags.jra.failure-zone": "us-east-1-az-1",
                            "tags.jra.instance-name": "app-ui-web-us-east-1-az-1",
                            "tags.jra.instance-name-full": "qa1.instance.swarm-worker.app-ui-web.qa1.us-east-1a",
                            "tags.jra.subnet-type": "public",
                            "tags.jra.swarm-instance-type": "swarm-worker",
                            "tags.jra.swarm-node-type": "app-ui-web",
                            "tenancy": "default",
                            "vpc_security_group_ids.#": "1",
                            "vpc_security_group_ids.3854122662": "sg-9cd3e6e2"
                        },
                        "meta": {
                            "schema_version": "1"
                        },
                        "tainted": false
                    },
                    "deposed": [],
                    "provider": ""
                },
                "aws_instance.app-ui-web-az-2": {
                    "type": "aws_instance",
                    "depends_on": [
                        "aws_security_group.public_app-ui-web",
                        "aws_subnet.az-2-public",
                        "random_id.env-instance"
                    ],
                    "primary": {
                        "id": "i-096e3dda3bdff2771",
                        "attributes": {
                            "ami": "ami-7a265d6c",
                            "associate_public_ip_address": "true",
                            "availability_zone": "us-east-1b",
                            "disable_api_termination": "false",
                            "ebs_block_device.#": "0",
                            "ebs_optimized": "false",
                            "ephemeral_block_device.#": "0",
                            "iam_instance_profile": "",
                            "id": "i-096e3dda3bdff2771",
                            "instance_state": "running",
                            "instance_type": "t2.micro",
                            "key_name": "jra-swarm-key-pair",
                            "monitoring": "false",
                            "network_interface_id": "eni-33083f27",
                            "private_dns": "ip-10-0-2-254.ec2.internal",
                            "private_ip": "10.0.2.254",
                            "public_dns": "ec2-34-200-238-227.compute-1.amazonaws.com",
                            "public_ip": "34.200.238.227",
                            "root_block_device.#": "1",
                            "root_block_device.0.delete_on_termination": "true",
                            "root_block_device.0.iops": "100",
                            "root_block_device.0.volume_size": "8",
                            "root_block_device.0.volume_type": "gp2",
                            "security_groups.#": "0",
                            "source_dest_check": "true",
                            "subnet_id": "subnet-2590af40",
                            "tags.%": "11",
                            "tags.Name": "qa1.instance.swarm-worker.app-ui-web.qa1.us-east-1b",
                            "tags.jra.environment": "qa1",
                            "tags.jra.environment-instance-id": "3R-QZ_BUPpA",
                            "tags.jra.environment-size": "small",
                            "tags.jra.environment_type": "latest",
                            "tags.jra.failure-zone": "us-east-1-az-2",
                            "tags.jra.instance-name": "app-ui-web-us-east-1-az-2",
                            "tags.jra.instance-name-full": "qa1.instance.swarm-worker.app-ui-web.qa1.us-east-1b",
                            "tags.jra.subnet-type": "public",
                            "tags.jra.swarm-instance-type": "swarm-worker",
                            "tags.jra.swarm-node-type": "app-ui-web",
                            "tenancy": "default",
                            "vpc_security_group_ids.#": "1",
                            "vpc_security_group_ids.3854122662": "sg-9cd3e6e2"
                        },
                        "meta": {
                            "schema_version": "1"
                        },
                        "tainted": false
                    },
                    "deposed": [],
                    "provider": ""
                },
                "aws_instance.app-ui-web-az-3": {
                    "type": "aws_instance",
                    "depends_on": [
                        "aws_security_group.public_app-ui-web",
                        "aws_subnet.az-3-public",
                        "random_id.env-instance"
                    ],
                    "primary": {
                        "id": "i-042dbfaf92e2181dd",
                        "attributes": {
                            "ami": "ami-7a265d6c",
                            "associate_public_ip_address": "true",
                            "availability_zone": "us-east-1c",
                            "disable_api_termination": "false",
                            "ebs_block_device.#": "0",
                            "ebs_optimized": "false",
                            "ephemeral_block_device.#": "0",
                            "iam_instance_profile": "",
                            "id": "i-042dbfaf92e2181dd",
                            "instance_state": "running",
                            "instance_type": "t2.micro",
                            "key_name": "jra-swarm-key-pair",
                            "monitoring": "false",
                            "network_interface_id": "eni-b850b070",
                            "private_dns": "ip-10-0-4-158.ec2.internal",
                            "private_ip": "10.0.4.158",
                            "public_dns": "ec2-54-89-241-85.compute-1.amazonaws.com",
                            "public_ip": "54.89.241.85",
                            "root_block_device.#": "1",
                            "root_block_device.0.delete_on_termination": "true",
                            "root_block_device.0.iops": "100",
                            "root_block_device.0.volume_size": "8",
                            "root_block_device.0.volume_type": "gp2",
                            "security_groups.#": "0",
                            "source_dest_check": "true",
                            "subnet_id": "subnet-4f68b463",
                            "tags.%": "11",
                            "tags.Name": "qa1.instance.swarm-worker.app-ui-web.qa1.us-east-1c",
                            "tags.jra.environment": "qa1",
                            "tags.jra.environment-instance-id": "3R-QZ_BUPpA",
                            "tags.jra.environment-size": "small",
                            "tags.jra.environment_type": "latest",
                            "tags.jra.failure-zone": "us-east-1-az-3",
                            "tags.jra.instance-name": "app-ui-web-us-east-1-az-3",
                            "tags.jra.instance-name-full": "qa1.instance.swarm-worker.app-ui-web.qa1.us-east-1c",
                            "tags.jra.subnet-type": "public",
                            "tags.jra.swarm-instance-type": "swarm-worker",
                            "tags.jra.swarm-node-type": "app-ui-web",
                            "tenancy": "default",
                            "vpc_security_group_ids.#": "1",
                            "vpc_security_group_ids.3854122662": "sg-9cd3e6e2"
                        },
                        "meta": {
                            "schema_version": "1"
                        },
                        "tainted": false
                    },
                    "deposed": [],
                    "provider": ""
                },
                "aws_instance.build-az-1": {
                    "type": "aws_instance",
                    "depends_on": [
                        "aws_security_group.private_build",
                        "aws_subnet.az-1-private",
                        "random_id.env-instance"
                    ],
                    "primary": {
                        "id": "i-01695d9768011c47f",
                        "attributes": {
                            "ami": "ami-7a265d6c",
                            "associate_public_ip_address": "true",
                            "availability_zone": "us-east-1a",
                            "disable_api_termination": "false",
                            "ebs_block_device.#": "0",
                            "ebs_optimized": "false",
                            "ephemeral_block_device.#": "0",
                            "iam_instance_profile": "",
                            "id": "i-01695d9768011c47f",
                            "instance_state": "running",
                            "instance_type": "t2.micro",
                            "key_name": "jra-swarm-key-pair",
                            "monitoring": "false",
                            "network_interface_id": "eni-7cf15ea6",
                            "private_dns": "ip-10-0-1-105.ec2.internal",
                            "private_ip": "10.0.1.105",
                            "public_dns": "ec2-52-87-189-62.compute-1.amazonaws.com",
                            "public_ip": "52.87.189.62",
                            "root_block_device.#": "1",
                            "root_block_device.0.delete_on_termination": "true",
                            "root_block_device.0.iops": "100",
                            "root_block_device.0.volume_size": "8",
                            "root_block_device.0.volume_type": "gp2",
                            "security_groups.#": "0",
                            "source_dest_check": "true",
                            "subnet_id": "subnet-08e13452",
                            "tags.%": "11",
                            "tags.Name": "qa1.instance.swarm-worker.infra-build.qa1.us-east-1a",
                            "tags.jra.environment": "qa1",
                            "tags.jra.environment-instance-id": "3R-QZ_BUPpA",
                            "tags.jra.environment-size": "small",
                            "tags.jra.environment_type": "latest",
                            "tags.jra.failure-zone": "us-east-1-az-1",
                            "tags.jra.instance-name": "infra-build-us-east-1-az-1",
                            "tags.jra.instance-name-full": "qa1.instance.swarm-worker.infra-build.qa1.us-east-1a",
                            "tags.jra.subnet-type": "private",
                            "tags.jra.swarm-instance-type": "swarm-worker",
                            "tags.jra.swarm-node-type": "infra-build",
                            "tenancy": "default",
                            "vpc_security_group_ids.#": "1",
                            "vpc_security_group_ids.893780694": "sg-69d9ec17"
                        },
                        "meta": {
                            "schema_version": "1"
                        },
                        "tainted": false
                    },
                    "deposed": [],
                    "provider": ""
                },
                "aws_instance.build-az-2": {
                    "type": "aws_instance",
                    "depends_on": [
                        "aws_security_group.private_build",
                        "aws_subnet.az-2-private",
                        "random_id.env-instance"
                    ],
                    "primary": {
                        "id": "i-0e422bf25c374a26f",
                        "attributes": {
                            "ami": "ami-7a265d6c",
                            "associate_public_ip_address": "true",
                            "availability_zone": "us-east-1b",
                            "disable_api_termination": "false",
                            "ebs_block_device.#": "0",
                            "ebs_optimized": "false",
                            "ephemeral_block_device.#": "0",
                            "iam_instance_profile": "",
                            "id": "i-0e422bf25c374a26f",
                            "instance_state": "running",
                            "instance_type": "t2.micro",
                            "key_name": "jra-swarm-key-pair",
                            "monitoring": "false",
                            "network_interface_id": "eni-f9f5c2ed",
                            "private_dns": "ip-10-0-3-83.ec2.internal",
                            "private_ip": "10.0.3.83",
                            "public_dns": "ec2-52-3-230-77.compute-1.amazonaws.com",
                            "public_ip": "52.3.230.77",
                            "root_block_device.#": "1",
                            "root_block_device.0.delete_on_termination": "true",
                            "root_block_device.0.iops": "100",
                            "root_block_device.0.volume_size": "8",
                            "root_block_device.0.volume_type": "gp2",
                            "security_groups.#": "0",
                            "source_dest_check": "true",
                            "subnet_id": "subnet-268fb043",
                            "tags.%": "11",
                            "tags.Name": "qa1.instance.swarm-worker.infra-build.qa1.us-east-1b",
                            "tags.jra.environment": "qa1",
                            "tags.jra.environment-instance-id": "3R-QZ_BUPpA",
                            "tags.jra.environment-size": "small",
                            "tags.jra.environment_type": "latest",
                            "tags.jra.failure-zone": "us-east-1-az-2",
                            "tags.jra.instance-name": "infra-build-us-east-1-az-2",
                            "tags.jra.instance-name-full": "qa1.instance.swarm-worker.infra-build.qa1.us-east-1b",
                            "tags.jra.subnet-type": "private",
                            "tags.jra.swarm-instance-type": "swarm-worker",
                            "tags.jra.swarm-node-type": "infra-build",
                            "tenancy": "default",
                            "vpc_security_group_ids.#": "1",
                            "vpc_security_group_ids.893780694": "sg-69d9ec17"
                        },
                        "meta": {
                            "schema_version": "1"
                        },
                        "tainted": false
                    },
                    "deposed": [],
                    "provider": ""
                },
                "aws_instance.build-az-3": {
                    "type": "aws_instance",
                    "depends_on": [
                        "aws_security_group.private_build",
                        "aws_subnet.az-3-private",
                        "random_id.env-instance"
                    ],
                    "primary": {
                        "id": "i-0db8e561d5f678918",
                        "attributes": {
                            "ami": "ami-7a265d6c",
                            "associate_public_ip_address": "true",
                            "availability_zone": "us-east-1c",
                            "disable_api_termination": "false",
                            "ebs_block_device.#": "0",
                            "ebs_optimized": "false",
                            "ephemeral_block_device.#": "0",
                            "iam_instance_profile": "",
                            "id": "i-0db8e561d5f678918",
                            "instance_state": "running",
                            "instance_type": "t2.micro",
                            "key_name": "jra-swarm-key-pair",
                            "monitoring": "false",
                            "network_interface_id": "eni-f14bab39",
                            "private_dns": "ip-10-0-5-213.ec2.internal",
                            "private_ip": "10.0.5.213",
                            "public_dns": "ec2-54-162-58-165.compute-1.amazonaws.com",
                            "public_ip": "54.162.58.165",
                            "root_block_device.#": "1",
                            "root_block_device.0.delete_on_termination": "true",
                            "root_block_device.0.iops": "100",
                            "root_block_device.0.volume_size": "8",
                            "root_block_device.0.volume_type": "gp2",
                            "security_groups.#": "0",
                            "source_dest_check": "true",
                            "subnet_id": "subnet-a667bb8a",
                            "tags.%": "11",
                            "tags.Name": "qa1.instance.swarm-worker.infra-build.qa1.us-east-1c",
                            "tags.jra.environment": "qa1",
                            "tags.jra.environment-instance-id": "3R-QZ_BUPpA",
                            "tags.jra.environment-size": "small",
                            "tags.jra.environment_type": "latest",
                            "tags.jra.failure-zone": "us-east-1-az-3",
                            "tags.jra.instance-name": "infra-build-us-east-1-az-3",
                            "tags.jra.instance-name-full": "qa1.instance.swarm-worker.infra-build.qa1.us-east-1c",
                            "tags.jra.subnet-type": "private",
                            "tags.jra.swarm-instance-type": "swarm-worker",
                            "tags.jra.swarm-node-type": "infra-build",
                            "tenancy": "default",
                            "vpc_security_group_ids.#": "1",
                            "vpc_security_group_ids.893780694": "sg-69d9ec17"
                        },
                        "meta": {
                            "schema_version": "1"
                        },
                        "tainted": false
                    },
                    "deposed": [],
                    "provider": ""
                },
                "aws_instance.infra-logging-az-1": {
                    "type": "aws_instance",
                    "depends_on": [
                        "aws_security_group.private_infra-logging",
                        "aws_subnet.az-1-private",
                        "random_id.env-instance"
                    ],
                    "primary": {
                        "id": "i-0766d477863304e82",
                        "attributes": {
                            "ami": "ami-7a265d6c",
                            "associate_public_ip_address": "true",
                            "availability_zone": "us-east-1a",
                            "disable_api_termination": "false",
                            "ebs_block_device.#": "0",
                            "ebs_optimized": "false",
                            "ephemeral_block_device.#": "0",
                            "iam_instance_profile": "",
                            "id": "i-0766d477863304e82",
                            "instance_state": "running",
                            "instance_type": "t2.medium",
                            "key_name": "jra-swarm-key-pair",
                            "monitoring": "false",
                            "network_interface_id": "eni-97f6594d",
                            "private_dns": "ip-10-0-1-72.ec2.internal",
                            "private_ip": "10.0.1.72",
                            "public_dns": "ec2-54-145-62-206.compute-1.amazonaws.com",
                            "public_ip": "54.145.62.206",
                            "root_block_device.#": "1",
                            "root_block_device.0.delete_on_termination": "true",
                            "root_block_device.0.iops": "100",
                            "root_block_device.0.volume_size": "8",
                            "root_block_device.0.volume_type": "gp2",
                            "security_groups.#": "0",
                            "source_dest_check": "true",
                            "subnet_id": "subnet-08e13452",
                            "tags.%": "11",
                            "tags.Name": "qa1.instance.swarm-worker.infra-logging.qa1.us-east-1a",
                            "tags.jra.environment": "qa1",
                            "tags.jra.environment-instance-id": "3R-QZ_BUPpA",
                            "tags.jra.environment-size": "small",
                            "tags.jra.environment_type": "latest",
                            "tags.jra.failure-zone": "us-east-1-az-1",
                            "tags.jra.instance-name": "infra-logging-us-east-1-az-1",
                            "tags.jra.instance-name-full": "qa1.instance.swarm-worker.infra-logging.qa1.us-east-1a",
                            "tags.jra.subnet-type": "private",
                            "tags.jra.swarm-instance-type": "swarm-worker",
                            "tags.jra.swarm-node-type": "infra-logging",
                            "tenancy": "default",
                            "vpc_security_group_ids.#": "1",
                            "vpc_security_group_ids.1461268670": "sg-9dd3e6e3"
                        },
                        "meta": {
                            "schema_version": "1"
                        },
                        "tainted": false
                    },
                    "deposed": [],
                    "provider": ""
                },
                "aws_instance.infra-logging-az-2": {
                    "type": "aws_instance",
                    "depends_on": [
                        "aws_security_group.private_infra-logging",
                        "aws_subnet.az-2-private",
                        "random_id.env-instance"
                    ],
                    "primary": {
                        "id": "i-0776ecb93dd4af0ef",
                        "attributes": {
                            "ami": "ami-7a265d6c",
                            "associate_public_ip_address": "true",
                            "availability_zone": "us-east-1b",
                            "disable_api_termination": "false",
                            "ebs_block_device.#": "0",
                            "ebs_optimized": "false",
                            "ephemeral_block_device.#": "0",
                            "iam_instance_profile": "",
                            "id": "i-0776ecb93dd4af0ef",
                            "instance_state": "running",
                            "instance_type": "t2.medium",
                            "key_name": "jra-swarm-key-pair",
                            "monitoring": "false",
                            "network_interface_id": "eni-630a3d77",
                            "private_dns": "ip-10-0-3-107.ec2.internal",
                            "private_ip": "10.0.3.107",
                            "public_dns": "ec2-34-200-221-212.compute-1.amazonaws.com",
                            "public_ip": "34.200.221.212",
                            "root_block_device.#": "1",
                            "root_block_device.0.delete_on_termination": "true",
                            "root_block_device.0.iops": "100",
                            "root_block_device.0.volume_size": "8",
                            "root_block_device.0.volume_type": "gp2",
                            "security_groups.#": "0",
                            "source_dest_check": "true",
                            "subnet_id": "subnet-268fb043",
                            "tags.%": "11",
                            "tags.Name": "qa1.instance.swarm-worker.infra-logging.qa1.us-east-1b",
                            "tags.jra.environment": "qa1",
                            "tags.jra.environment-instance-id": "3R-QZ_BUPpA",
                            "tags.jra.environment-size": "small",
                            "tags.jra.environment_type": "latest",
                            "tags.jra.failure-zone": "us-east-1-az-2",
                            "tags.jra.instance-name": "infra-logging-us-east-1-az-2",
                            "tags.jra.instance-name-full": "qa1.instance.swarm-worker.infra-logging.qa1.us-east-1b",
                            "tags.jra.subnet-type": "private",
                            "tags.jra.swarm-instance-type": "swarm-worker",
                            "tags.jra.swarm-node-type": "infra-logging",
                            "tenancy": "default",
                            "vpc_security_group_ids.#": "1",
                            "vpc_security_group_ids.1461268670": "sg-9dd3e6e3"
                        },
                        "meta": {
                            "schema_version": "1"
                        },
                        "tainted": false
                    },
                    "deposed": [],
                    "provider": ""
                },
                "aws_instance.infra-logging-az-3": {
                    "type": "aws_instance",
                    "depends_on": [
                        "aws_security_group.private_infra-logging",
                        "aws_subnet.az-3-private",
                        "random_id.env-instance"
                    ],
                    "primary": {
                        "id": "i-0bf65c5fda98acd7d",
                        "attributes": {
                            "ami": "ami-7a265d6c",
                            "associate_public_ip_address": "true",
                            "availability_zone": "us-east-1c",
                            "disable_api_termination": "false",
                            "ebs_block_device.#": "0",
                            "ebs_optimized": "false",
                            "ephemeral_block_device.#": "0",
                            "iam_instance_profile": "",
                            "id": "i-0bf65c5fda98acd7d",
                            "instance_state": "running",
                            "instance_type": "t2.medium",
                            "key_name": "jra-swarm-key-pair",
                            "monitoring": "false",
                            "network_interface_id": "eni-a34eae6b",
                            "private_dns": "ip-10-0-5-123.ec2.internal",
                            "private_ip": "10.0.5.123",
                            "public_dns": "ec2-54-209-78-237.compute-1.amazonaws.com",
                            "public_ip": "54.209.78.237",
                            "root_block_device.#": "1",
                            "root_block_device.0.delete_on_termination": "true",
                            "root_block_device.0.iops": "100",
                            "root_block_device.0.volume_size": "8",
                            "root_block_device.0.volume_type": "gp2",
                            "security_groups.#": "0",
                            "source_dest_check": "true",
                            "subnet_id": "subnet-a667bb8a",
                            "tags.%": "11",
                            "tags.Name": "qa1.instance.swarm-worker.infra-logging.qa1.us-east-1c",
                            "tags.jra.environment": "qa1",
                            "tags.jra.environment-instance-id": "3R-QZ_BUPpA",
                            "tags.jra.environment-size": "small",
                            "tags.jra.environment_type": "latest",
                            "tags.jra.failure-zone": "us-east-1-az-3",
                            "tags.jra.instance-name": "infra-logging-us-east-1-az-3",
                            "tags.jra.instance-name-full": "qa1.instance.swarm-worker.infra-logging.qa1.us-east-1c",
                            "tags.jra.subnet-type": "private",
                            "tags.jra.swarm-instance-type": "swarm-worker",
                            "tags.jra.swarm-node-type": "infra-logging",
                            "tenancy": "default",
                            "vpc_security_group_ids.#": "1",
                            "vpc_security_group_ids.1461268670": "sg-9dd3e6e3"
                        },
                        "meta": {
                            "schema_version": "1"
                        },
                        "tainted": false
                    },
                    "deposed": [],
                    "provider": ""
                },
                "aws_instance.swarm-manager-az-1": {
                    "type": "aws_instance",
                    "depends_on": [
                        "aws_security_group.private_swarm-manager",
                        "aws_subnet.az-1-private",
                        "random_id.env-instance"
                    ],
                    "primary": {
                        "id": "i-04a0ad63968e9eeeb",
                        "attributes": {
                            "ami": "ami-7a265d6c",
                            "associate_public_ip_address": "true",
                            "availability_zone": "us-east-1a",
                            "disable_api_termination": "false",
                            "ebs_block_device.#": "0",
                            "ebs_optimized": "false",
                            "ephemeral_block_device.#": "0",
                            "iam_instance_profile": "",
                            "id": "i-04a0ad63968e9eeeb",
                            "instance_state": "running",
                            "instance_type": "t2.micro",
                            "key_name": "jra-swarm-key-pair",
                            "monitoring": "false",
                            "network_interface_id": "eni-e3f85739",
                            "private_dns": "ip-10-0-1-201.ec2.internal",
                            "private_ip": "10.0.1.201",
                            "public_dns": "ec2-184-72-94-177.compute-1.amazonaws.com",
                            "public_ip": "184.72.94.177",
                            "root_block_device.#": "1",
                            "root_block_device.0.delete_on_termination": "true",
                            "root_block_device.0.iops": "100",
                            "root_block_device.0.volume_size": "8",
                            "root_block_device.0.volume_type": "gp2",
                            "security_groups.#": "0",
                            "source_dest_check": "true",
                            "subnet_id": "subnet-08e13452",
                            "tags.%": "11",
                            "tags.Name": "qa1.instance.swarm-manager.infra-swarm-manager.qa1.us-east-1a",
                            "tags.jra.environment": "qa1",
                            "tags.jra.environment-instance-id": "3R-QZ_BUPpA",
                            "tags.jra.environment-size": "small",
                            "tags.jra.environment_type": "latest",
                            "tags.jra.failure-zone": "us-east-1-az-1",
                            "tags.jra.instance-name": "infra-swarm-manager-us-east-1-az-1",
                            "tags.jra.instance-name-full": "qa1.instance.swarm-manager.infra-swarm-manager.qa1.us-east-1a",
                            "tags.jra.subnet-type": "private",
                            "tags.jra.swarm-instance-type": "swarm-manager",
                            "tags.jra.swarm-node-type": "infra-swarm-manager",
                            "tenancy": "default",
                            "vpc_security_group_ids.#": "1",
                            "vpc_security_group_ids.2043831256": "sg-05d9ec7b"
                        },
                        "meta": {
                            "schema_version": "1"
                        },
                        "tainted": false
                    },
                    "deposed": [],
                    "provider": ""
                },
                "aws_instance.swarm-manager-az-2": {
                    "type": "aws_instance",
                    "depends_on": [
                        "aws_security_group.private_swarm-manager",
                        "aws_subnet.az-2-private",
                        "random_id.env-instance"
                    ],
                    "primary": {
                        "id": "i-0f2cf48f92c2d3564",
                        "attributes": {
                            "ami": "ami-7a265d6c",
                            "associate_public_ip_address": "true",
                            "availability_zone": "us-east-1b",
                            "disable_api_termination": "false",
                            "ebs_block_device.#": "0",
                            "ebs_optimized": "false",
                            "ephemeral_block_device.#": "0",
                            "iam_instance_profile": "",
                            "id": "i-0f2cf48f92c2d3564",
                            "instance_state": "running",
                            "instance_type": "t2.micro",
                            "key_name": "jra-swarm-key-pair",
                            "monitoring": "false",
                            "network_interface_id": "eni-fbf5c2ef",
                            "private_dns": "ip-10-0-3-16.ec2.internal",
                            "private_ip": "10.0.3.16",
                            "public_dns": "ec2-54-236-55-116.compute-1.amazonaws.com",
                            "public_ip": "54.236.55.116",
                            "root_block_device.#": "1",
                            "root_block_device.0.delete_on_termination": "true",
                            "root_block_device.0.iops": "100",
                            "root_block_device.0.volume_size": "8",
                            "root_block_device.0.volume_type": "gp2",
                            "security_groups.#": "0",
                            "source_dest_check": "true",
                            "subnet_id": "subnet-268fb043",
                            "tags.%": "11",
                            "tags.Name": "qa1.instance.swarm-manager.infra-swarm-manager.qa1.us-east-1b",
                            "tags.jra.environment": "qa1",
                            "tags.jra.environment-instance-id": "3R-QZ_BUPpA",
                            "tags.jra.environment-size": "small",
                            "tags.jra.environment_type": "latest",
                            "tags.jra.failure-zone": "us-east-1-az-2",
                            "tags.jra.instance-name": "infra-swarm-manager-us-east-1-az-2",
                            "tags.jra.instance-name-full": "qa1.instance.swarm-manager.infra-swarm-manager.qa1.us-east-1b",
                            "tags.jra.subnet-type": "private",
                            "tags.jra.swarm-instance-type": "swarm-manager",
                            "tags.jra.swarm-node-type": "infra-swarm-manager",
                            "tenancy": "default",
                            "vpc_security_group_ids.#": "1",
                            "vpc_security_group_ids.2043831256": "sg-05d9ec7b"
                        },
                        "meta": {
                            "schema_version": "1"
                        },
                        "tainted": false
                    },
                    "deposed": [],
                    "provider": ""
                },
                "aws_instance.swarm-manager-az-3": {
                    "type": "aws_instance",
                    "depends_on": [
                        "aws_security_group.private_swarm-manager",
                        "aws_subnet.az-3-private",
                        "random_id.env-instance"
                    ],
                    "primary": {
                        "id": "i-02b5f60ba517357b2",
                        "attributes": {
                            "ami": "ami-7a265d6c",
                            "associate_public_ip_address": "true",
                            "availability_zone": "us-east-1c",
                            "disable_api_termination": "false",
                            "ebs_block_device.#": "0",
                            "ebs_optimized": "false",
                            "ephemeral_block_device.#": "0",
                            "iam_instance_profile": "",
                            "id": "i-02b5f60ba517357b2",
                            "instance_state": "running",
                            "instance_type": "t2.micro",
                            "key_name": "jra-swarm-key-pair",
                            "monitoring": "false",
                            "network_interface_id": "eni-634dadab",
                            "private_dns": "ip-10-0-5-220.ec2.internal",
                            "private_ip": "10.0.5.220",
                            "public_dns": "ec2-54-146-183-14.compute-1.amazonaws.com",
                            "public_ip": "54.146.183.14",
                            "root_block_device.#": "1",
                            "root_block_device.0.delete_on_termination": "true",
                            "root_block_device.0.iops": "100",
                            "root_block_device.0.volume_size": "8",
                            "root_block_device.0.volume_type": "gp2",
                            "security_groups.#": "0",
                            "source_dest_check": "true",
                            "subnet_id": "subnet-a667bb8a",
                            "tags.%": "11",
                            "tags.Name": "qa1.instance.swarm-manager.infra-swarm-manager.qa1.us-east-1c",
                            "tags.jra.environment": "qa1",
                            "tags.jra.environment-instance-id": "3R-QZ_BUPpA",
                            "tags.jra.environment-size": "small",
                            "tags.jra.environment_type": "latest",
                            "tags.jra.failure-zone": "us-east-1-az-3",
                            "tags.jra.instance-name": "infra-swarm-manager-us-east-1-az-3",
                            "tags.jra.instance-name-full": "qa1.instance.swarm-manager.infra-swarm-manager.qa1.us-east-1c",
                            "tags.jra.subnet-type": "private",
                            "tags.jra.swarm-instance-type": "swarm-manager",
                            "tags.jra.swarm-node-type": "infra-swarm-manager",
                            "tenancy": "default",
                            "vpc_security_group_ids.#": "1",
                            "vpc_security_group_ids.2043831256": "sg-05d9ec7b"
                        },
                        "meta": {
                            "schema_version": "1"
                        },
                        "tainted": false
                    },
                    "deposed": [],
                    "provider": ""
                },
                "aws_internet_gateway.jra_igw": {
                    "type": "aws_internet_gateway",
                    "depends_on": [
                        "aws_vpc.jra_vpc",
                        "random_id.env-instance"
                    ],
                    "primary": {
                        "id": "igw-5f77f039",
                        "attributes": {
                            "id": "igw-5f77f039",
                            "tags.%": "5",
                            "tags.Name": "qa1.igw.us-east-1",
                            "tags.jra.environment": "qa1",
                            "tags.jra.environment-instance-id": "3R-QZ_BUPpA",
                            "tags.jra.environment-size": "small",
                            "tags.jra.environment_type": "latest",
                            "vpc_id": "vpc-e1539898"
                        },
                        "meta": {},
                        "tainted": false
                    },
                    "deposed": [],
                    "provider": ""
                },
                "aws_nat_gateway.az-1-public": {
                    "type": "aws_nat_gateway",
                    "depends_on": [
                        "aws_eip.az-1-public",
                        "aws_subnet.az-1-public"
                    ],
                    "primary": {
                        "id": "nat-02b9a9f274d7eccf2",
                        "attributes": {
                            "allocation_id": "eipalloc-4db8487d",
                            "id": "nat-02b9a9f274d7eccf2",
                            "network_interface_id": "eni-bef45b64",
                            "private_ip": "10.0.0.220",
                            "public_ip": "34.202.216.112",
                            "subnet_id": "subnet-03ec3959"
                        },
                        "meta": {},
                        "tainted": false
                    },
                    "deposed": [],
                    "provider": ""
                },
                "aws_nat_gateway.az-2-public": {
                    "type": "aws_nat_gateway",
                    "depends_on": [
                        "aws_eip.az-2-public",
                        "aws_subnet.az-2-public"
                    ],
                    "primary": {
                        "id": "nat-001933a3e9cb475fb",
                        "attributes": {
                            "allocation_id": "eipalloc-80b444b0",
                            "id": "nat-001933a3e9cb475fb",
                            "network_interface_id": "eni-f8f5c2ec",
                            "private_ip": "10.0.2.228",
                            "public_ip": "52.205.228.175",
                            "subnet_id": "subnet-2590af40"
                        },
                        "meta": {},
                        "tainted": false
                    },
                    "deposed": [],
                    "provider": ""
                },
                "aws_nat_gateway.az-3-public": {
                    "type": "aws_nat_gateway",
                    "depends_on": [
                        "aws_eip.az-3-public",
                        "aws_subnet.az-3-public"
                    ],
                    "primary": {
                        "id": "nat-09f9a6e15f730d05f",
                        "attributes": {
                            "allocation_id": "eipalloc-4eb8487e",
                            "id": "nat-09f9a6e15f730d05f",
                            "network_interface_id": "eni-554dad9d",
                            "private_ip": "10.0.4.39",
                            "public_ip": "34.200.154.253",
                            "subnet_id": "subnet-4f68b463"
                        },
                        "meta": {},
                        "tainted": false
                    },
                    "deposed": [],
                    "provider": ""
                },
                "aws_route53_record.blog": {
                    "type": "aws_route53_record",
                    "depends_on": [
                        "aws_elb.elb-public-swarm",
                        "aws_elb.elb-public-swarm"
                    ],
                    "primary": {
                        "id": "Z2ZVLIKT9MX0K8_qa1.blog.joericearchitect.info_A",
                        "attributes": {
                            "alias.#": "1",
                            "alias.3450419068.evaluate_target_health": "true",
                            "alias.3450419068.name": "qa1-jra-elb-us-east-1-swarm-168694447.us-east-1.elb.amazonaws.com",
                            "alias.3450419068.zone_id": "Z35SXDOTRQ7X7K",
                            "fqdn": "qa1.blog.joericearchitect.info",
                            "health_check_id": "",
                            "id": "Z2ZVLIKT9MX0K8_qa1.blog.joericearchitect.info_A",
                            "name": "qa1.blog.joericearchitect.info",
                            "records.#": "0",
                            "set_identifier": "",
                            "ttl": "0",
                            "type": "A",
                            "zone_id": "Z2ZVLIKT9MX0K8"
                        },
                        "meta": {
                            "schema_version": "2"
                        },
                        "tainted": false
                    },
                    "deposed": [],
                    "provider": ""
                },
                "aws_route53_record.build": {
                    "type": "aws_route53_record",
                    "depends_on": [
                        "aws_elb.elb-public-swarm",
                        "aws_elb.elb-public-swarm"
                    ],
                    "primary": {
                        "id": "Z2ZVLIKT9MX0K8_qa1.build.joericearchitect.info_A",
                        "attributes": {
                            "alias.#": "1",
                            "alias.3450419068.evaluate_target_health": "true",
                            "alias.3450419068.name": "qa1-jra-elb-us-east-1-swarm-168694447.us-east-1.elb.amazonaws.com",
                            "alias.3450419068.zone_id": "Z35SXDOTRQ7X7K",
                            "fqdn": "qa1.build.joericearchitect.info",
                            "health_check_id": "",
                            "id": "Z2ZVLIKT9MX0K8_qa1.build.joericearchitect.info_A",
                            "name": "qa1.build.joericearchitect.info",
                            "records.#": "0",
                            "set_identifier": "",
                            "ttl": "0",
                            "type": "A",
                            "zone_id": "Z2ZVLIKT9MX0K8"
                        },
                        "meta": {
                            "schema_version": "2"
                        },
                        "tainted": false
                    },
                    "deposed": [],
                    "provider": ""
                },
                "aws_route53_record.docker": {
                    "type": "aws_route53_record",
                    "depends_on": [
                        "aws_elb.elb-public-swarm",
                        "aws_elb.elb-public-swarm"
                    ],
                    "primary": {
                        "id": "Z2ZVLIKT9MX0K8_qa1.docker.joericearchitect.info_A",
                        "attributes": {
                            "alias.#": "1",
                            "alias.3450419068.evaluate_target_health": "true",
                            "alias.3450419068.name": "qa1-jra-elb-us-east-1-swarm-168694447.us-east-1.elb.amazonaws.com",
                            "alias.3450419068.zone_id": "Z35SXDOTRQ7X7K",
                            "fqdn": "qa1.docker.joericearchitect.info",
                            "health_check_id": "",
                            "id": "Z2ZVLIKT9MX0K8_qa1.docker.joericearchitect.info_A",
                            "name": "qa1.docker.joericearchitect.info",
                            "records.#": "0",
                            "set_identifier": "",
                            "ttl": "0",
                            "type": "A",
                            "zone_id": "Z2ZVLIKT9MX0K8"
                        },
                        "meta": {
                            "schema_version": "2"
                        },
                        "tainted": false
                    },
                    "deposed": [],
                    "provider": ""
                },
                "aws_route53_record.dockerui": {
                    "type": "aws_route53_record",
                    "depends_on": [
                        "aws_elb.elb-public-swarm",
                        "aws_elb.elb-public-swarm"
                    ],
                    "primary": {
                        "id": "Z2ZVLIKT9MX0K8_qa1.dockerui.joericearchitect.info_A",
                        "attributes": {
                            "alias.#": "1",
                            "alias.3450419068.evaluate_target_health": "true",
                            "alias.3450419068.name": "qa1-jra-elb-us-east-1-swarm-168694447.us-east-1.elb.amazonaws.com",
                            "alias.3450419068.zone_id": "Z35SXDOTRQ7X7K",
                            "fqdn": "qa1.dockerui.joericearchitect.info",
                            "health_check_id": "",
                            "id": "Z2ZVLIKT9MX0K8_qa1.dockerui.joericearchitect.info_A",
                            "name": "qa1.dockerui.joericearchitect.info",
                            "records.#": "0",
                            "set_identifier": "",
                            "ttl": "0",
                            "type": "A",
                            "zone_id": "Z2ZVLIKT9MX0K8"
                        },
                        "meta": {
                            "schema_version": "2"
                        },
                        "tainted": false
                    },
                    "deposed": [],
                    "provider": ""
                },
                "aws_route53_record.dockervisual": {
                    "type": "aws_route53_record",
                    "depends_on": [
                        "aws_elb.elb-public-swarm",
                        "aws_elb.elb-public-swarm"
                    ],
                    "primary": {
                        "id": "Z2ZVLIKT9MX0K8_qa1.dockervisual.joericearchitect.info_A",
                        "attributes": {
                            "alias.#": "1",
                            "alias.3450419068.evaluate_target_health": "true",
                            "alias.3450419068.name": "qa1-jra-elb-us-east-1-swarm-168694447.us-east-1.elb.amazonaws.com",
                            "alias.3450419068.zone_id": "Z35SXDOTRQ7X7K",
                            "fqdn": "qa1.dockervisual.joericearchitect.info",
                            "health_check_id": "",
                            "id": "Z2ZVLIKT9MX0K8_qa1.dockervisual.joericearchitect.info_A",
                            "name": "qa1.dockervisual.joericearchitect.info",
                            "records.#": "0",
                            "set_identifier": "",
                            "ttl": "0",
                            "type": "A",
                            "zone_id": "Z2ZVLIKT9MX0K8"
                        },
                        "meta": {
                            "schema_version": "2"
                        },
                        "tainted": false
                    },
                    "deposed": [],
                    "provider": ""
                },
                "aws_route53_record.elasticsearch": {
                    "type": "aws_route53_record",
                    "depends_on": [
                        "aws_elb.elb-public-logging",
                        "aws_elb.elb-public-logging"
                    ],
                    "primary": {
                        "id": "Z2ZVLIKT9MX0K8_qa1.es.joericearchitect.info_A",
                        "attributes": {
                            "alias.#": "1",
                            "alias.2301544599.evaluate_target_health": "true",
                            "alias.2301544599.name": "qa1-jra-elb-us-east-1-logging-589745203.us-east-1.elb.amazonaws.com",
                            "alias.2301544599.zone_id": "Z35SXDOTRQ7X7K",
                            "fqdn": "qa1.es.joericearchitect.info",
                            "health_check_id": "",
                            "id": "Z2ZVLIKT9MX0K8_qa1.es.joericearchitect.info_A",
                            "name": "qa1.es.joericearchitect.info",
                            "records.#": "0",
                            "set_identifier": "",
                            "ttl": "0",
                            "type": "A",
                            "zone_id": "Z2ZVLIKT9MX0K8"
                        },
                        "meta": {
                            "schema_version": "2"
                        },
                        "tainted": false
                    },
                    "deposed": [],
                    "provider": ""
                },
                "aws_route53_record.fluentd": {
                    "type": "aws_route53_record",
                    "depends_on": [
                        "aws_elb.elb-public-logging",
                        "aws_elb.elb-public-logging"
                    ],
                    "primary": {
                        "id": "Z2ZVLIKT9MX0K8_qa1.fluentd.joericearchitect.info_A",
                        "attributes": {
                            "alias.#": "1",
                            "alias.2301544599.evaluate_target_health": "true",
                            "alias.2301544599.name": "qa1-jra-elb-us-east-1-logging-589745203.us-east-1.elb.amazonaws.com",
                            "alias.2301544599.zone_id": "Z35SXDOTRQ7X7K",
                            "fqdn": "qa1.fluentd.joericearchitect.info",
                            "health_check_id": "",
                            "id": "Z2ZVLIKT9MX0K8_qa1.fluentd.joericearchitect.info_A",
                            "name": "qa1.fluentd.joericearchitect.info",
                            "records.#": "0",
                            "set_identifier": "",
                            "ttl": "0",
                            "type": "A",
                            "zone_id": "Z2ZVLIKT9MX0K8"
                        },
                        "meta": {
                            "schema_version": "2"
                        },
                        "tainted": false
                    },
                    "deposed": [],
                    "provider": ""
                },
                "aws_route53_record.kibana": {
                    "type": "aws_route53_record",
                    "depends_on": [
                        "aws_elb.elb-public-logging",
                        "aws_elb.elb-public-logging"
                    ],
                    "primary": {
                        "id": "Z2ZVLIKT9MX0K8_qa1.kibana.joericearchitect.info_A",
                        "attributes": {
                            "alias.#": "1",
                            "alias.2301544599.evaluate_target_health": "true",
                            "alias.2301544599.name": "qa1-jra-elb-us-east-1-logging-589745203.us-east-1.elb.amazonaws.com",
                            "alias.2301544599.zone_id": "Z35SXDOTRQ7X7K",
                            "fqdn": "qa1.kibana.joericearchitect.info",
                            "health_check_id": "",
                            "id": "Z2ZVLIKT9MX0K8_qa1.kibana.joericearchitect.info_A",
                            "name": "qa1.kibana.joericearchitect.info",
                            "records.#": "0",
                            "set_identifier": "",
                            "ttl": "0",
                            "type": "A",
                            "zone_id": "Z2ZVLIKT9MX0K8"
                        },
                        "meta": {
                            "schema_version": "2"
                        },
                        "tainted": false
                    },
                    "deposed": [],
                    "provider": ""
                },
                "aws_route53_record.logging-proxy": {
                    "type": "aws_route53_record",
                    "depends_on": [
                        "aws_elb.elb-public-logging",
                        "aws_elb.elb-public-logging"
                    ],
                    "primary": {
                        "id": "Z2ZVLIKT9MX0K8_qa1.logging-proxy.joericearchitect.info_A",
                        "attributes": {
                            "alias.#": "1",
                            "alias.2301544599.evaluate_target_health": "true",
                            "alias.2301544599.name": "qa1-jra-elb-us-east-1-logging-589745203.us-east-1.elb.amazonaws.com",
                            "alias.2301544599.zone_id": "Z35SXDOTRQ7X7K",
                            "fqdn": "qa1.logging-proxy.joericearchitect.info",
                            "health_check_id": "",
                            "id": "Z2ZVLIKT9MX0K8_qa1.logging-proxy.joericearchitect.info_A",
                            "name": "qa1.logging-proxy.joericearchitect.info",
                            "records.#": "0",
                            "set_identifier": "",
                            "ttl": "0",
                            "type": "A",
                            "zone_id": "Z2ZVLIKT9MX0K8"
                        },
                        "meta": {
                            "schema_version": "2"
                        },
                        "tainted": false
                    },
                    "deposed": [],
                    "provider": ""
                },
                "aws_route53_record.proxy": {
                    "type": "aws_route53_record",
                    "depends_on": [
                        "aws_elb.elb-public-swarm",
                        "aws_elb.elb-public-swarm"
                    ],
                    "primary": {
                        "id": "Z2ZVLIKT9MX0K8_qa1.proxy.joericearchitect.info_A",
                        "attributes": {
                            "alias.#": "1",
                            "alias.3450419068.evaluate_target_health": "true",
                            "alias.3450419068.name": "qa1-jra-elb-us-east-1-swarm-168694447.us-east-1.elb.amazonaws.com",
                            "alias.3450419068.zone_id": "Z35SXDOTRQ7X7K",
                            "fqdn": "qa1.proxy.joericearchitect.info",
                            "health_check_id": "",
                            "id": "Z2ZVLIKT9MX0K8_qa1.proxy.joericearchitect.info_A",
                            "name": "qa1.proxy.joericearchitect.info",
                            "records.#": "0",
                            "set_identifier": "",
                            "ttl": "0",
                            "type": "A",
                            "zone_id": "Z2ZVLIKT9MX0K8"
                        },
                        "meta": {
                            "schema_version": "2"
                        },
                        "tainted": false
                    },
                    "deposed": [],
                    "provider": ""
                },
                "aws_route53_record.www": {
                    "type": "aws_route53_record",
                    "depends_on": [
                        "aws_elb.elb-public-swarm",
                        "aws_elb.elb-public-swarm"
                    ],
                    "primary": {
                        "id": "Z2ZVLIKT9MX0K8_qa1.www.joericearchitect.info_A",
                        "attributes": {
                            "alias.#": "1",
                            "alias.3450419068.evaluate_target_health": "true",
                            "alias.3450419068.name": "qa1-jra-elb-us-east-1-swarm-168694447.us-east-1.elb.amazonaws.com",
                            "alias.3450419068.zone_id": "Z35SXDOTRQ7X7K",
                            "fqdn": "qa1.www.joericearchitect.info",
                            "health_check_id": "",
                            "id": "Z2ZVLIKT9MX0K8_qa1.www.joericearchitect.info_A",
                            "name": "qa1.www.joericearchitect.info",
                            "records.#": "0",
                            "set_identifier": "",
                            "ttl": "0",
                            "type": "A",
                            "zone_id": "Z2ZVLIKT9MX0K8"
                        },
                        "meta": {
                            "schema_version": "2"
                        },
                        "tainted": false
                    },
                    "deposed": [],
                    "provider": ""
                },
                "aws_route_table.private": {
                    "type": "aws_route_table",
                    "depends_on": [
                        "aws_internet_gateway.jra_igw",
                        "aws_vpc.jra_vpc",
                        "random_id.env-instance"
                    ],
                    "primary": {
                        "id": "rtb-e877f990",
                        "attributes": {
                            "id": "rtb-e877f990",
                            "propagating_vgws.#": "0",
                            "route.#": "1",
                            "route.1099462914.cidr_block": "0.0.0.0/0",
                            "route.1099462914.gateway_id": "igw-5f77f039",
                            "route.1099462914.instance_id": "",
                            "route.1099462914.nat_gateway_id": "",
                            "route.1099462914.network_interface_id": "",
                            "route.1099462914.vpc_peering_connection_id": "",
                            "tags.%": "5",
                            "tags.Name": "qa1.route-table.us-east-1-private",
                            "tags.jra.environment": "qa1",
                            "tags.jra.environment-instance-id": "3R-QZ_BUPpA",
                            "tags.jra.environment-size": "small",
                            "tags.jra.environment_type": "latest",
                            "vpc_id": "vpc-e1539898"
                        },
                        "meta": {},
                        "tainted": false
                    },
                    "deposed": [],
                    "provider": ""
                },
                "aws_route_table.public": {
                    "type": "aws_route_table",
                    "depends_on": [
                        "aws_internet_gateway.jra_igw",
                        "aws_vpc.jra_vpc",
                        "random_id.env-instance"
                    ],
                    "primary": {
                        "id": "rtb-4972fc31",
                        "attributes": {
                            "id": "rtb-4972fc31",
                            "propagating_vgws.#": "0",
                            "route.#": "1",
                            "route.1099462914.cidr_block": "0.0.0.0/0",
                            "route.1099462914.gateway_id": "igw-5f77f039",
                            "route.1099462914.instance_id": "",
                            "route.1099462914.nat_gateway_id": "",
                            "route.1099462914.network_interface_id": "",
                            "route.1099462914.vpc_peering_connection_id": "",
                            "tags.%": "5",
                            "tags.Name": "qa1.route-table.us-east-1-public",
                            "tags.jra.environment": "qa1",
                            "tags.jra.environment-instance-id": "3R-QZ_BUPpA",
                            "tags.jra.environment-size": "small",
                            "tags.jra.environment_type": "latest",
                            "vpc_id": "vpc-e1539898"
                        },
                        "meta": {},
                        "tainted": false
                    },
                    "deposed": [],
                    "provider": ""
                },
                "aws_route_table_association.az-1-private": {
                    "type": "aws_route_table_association",
                    "depends_on": [
                        "aws_route_table.private",
                        "aws_subnet.az-1-private"
                    ],
                    "primary": {
                        "id": "rtbassoc-98a7c8e3",
                        "attributes": {
                            "id": "rtbassoc-98a7c8e3",
                            "route_table_id": "rtb-e877f990",
                            "subnet_id": "subnet-08e13452"
                        },
                        "meta": {},
                        "tainted": false
                    },
                    "deposed": [],
                    "provider": ""
                },
                "aws_route_table_association.az-1-public": {
                    "type": "aws_route_table_association",
                    "depends_on": [
                        "aws_route_table.public",
                        "aws_subnet.az-1-public"
                    ],
                    "primary": {
                        "id": "rtbassoc-56a4cb2d",
                        "attributes": {
                            "id": "rtbassoc-56a4cb2d",
                            "route_table_id": "rtb-4972fc31",
                            "subnet_id": "subnet-03ec3959"
                        },
                        "meta": {},
                        "tainted": false
                    },
                    "deposed": [],
                    "provider": ""
                },
                "aws_route_table_association.az-2-private": {
                    "type": "aws_route_table_association",
                    "depends_on": [
                        "aws_route_table.private",
                        "aws_subnet.az-2-private"
                    ],
                    "primary": {
                        "id": "rtbassoc-d8a3cca3",
                        "attributes": {
                            "id": "rtbassoc-d8a3cca3",
                            "route_table_id": "rtb-e877f990",
                            "subnet_id": "subnet-268fb043"
                        },
                        "meta": {},
                        "tainted": false
                    },
                    "deposed": [],
                    "provider": ""
                },
                "aws_route_table_association.az-2-public": {
                    "type": "aws_route_table_association",
                    "depends_on": [
                        "aws_route_table.public",
                        "aws_subnet.az-2-public"
                    ],
                    "primary": {
                        "id": "rtbassoc-f2a7c889",
                        "attributes": {
                            "id": "rtbassoc-f2a7c889",
                            "route_table_id": "rtb-4972fc31",
                            "subnet_id": "subnet-2590af40"
                        },
                        "meta": {},
                        "tainted": false
                    },
                    "deposed": [],
                    "provider": ""
                },
                "aws_route_table_association.az-3-private": {
                    "type": "aws_route_table_association",
                    "depends_on": [
                        "aws_route_table.private",
                        "aws_subnet.az-3-private"
                    ],
                    "primary": {
                        "id": "rtbassoc-bea5cac5",
                        "attributes": {
                            "id": "rtbassoc-bea5cac5",
                            "route_table_id": "rtb-e877f990",
                            "subnet_id": "subnet-a667bb8a"
                        },
                        "meta": {},
                        "tainted": false
                    },
                    "deposed": [],
                    "provider": ""
                },
                "aws_route_table_association.az-3-public": {
                    "type": "aws_route_table_association",
                    "depends_on": [
                        "aws_route_table.public",
                        "aws_subnet.az-3-public"
                    ],
                    "primary": {
                        "id": "rtbassoc-10a5ca6b",
                        "attributes": {
                            "id": "rtbassoc-10a5ca6b",
                            "route_table_id": "rtb-4972fc31",
                            "subnet_id": "subnet-4f68b463"
                        },
                        "meta": {},
                        "tainted": false
                    },
                    "deposed": [],
                    "provider": ""
                },
                "aws_security_group.elb-public-logging": {
                    "type": "aws_security_group",
                    "depends_on": [
                        "aws_vpc.jra_vpc",
                        "random_id.env-instance"
                    ],
                    "primary": {
                        "id": "sg-96dce9e8",
                        "attributes": {
                            "description": "Security groups for public logging elb",
                            "egress.#": "1",
                            "egress.482069346.cidr_blocks.#": "1",
                            "egress.482069346.cidr_blocks.0": "0.0.0.0/0",
                            "egress.482069346.from_port": "0",
                            "egress.482069346.prefix_list_ids.#": "0",
                            "egress.482069346.protocol": "-1",
                            "egress.482069346.security_groups.#": "0",
                            "egress.482069346.self": "false",
                            "egress.482069346.to_port": "0",
                            "id": "sg-96dce9e8",
                            "ingress.#": "1",
                            "ingress.482069346.cidr_blocks.#": "1",
                            "ingress.482069346.cidr_blocks.0": "0.0.0.0/0",
                            "ingress.482069346.from_port": "0",
                            "ingress.482069346.protocol": "-1",
                            "ingress.482069346.security_groups.#": "0",
                            "ingress.482069346.self": "false",
                            "ingress.482069346.to_port": "0",
                            "name": "qa1.jra-sg.us-east-1-logging-elb",
                            "owner_id": "478650753675",
                            "tags.%": "5",
                            "tags.Name": "qa1.sg.us-east-1-logging-elb",
                            "tags.jra.environment": "qa1",
                            "tags.jra.environment-instance-id": "3R-QZ_BUPpA",
                            "tags.jra.environment-size": "small",
                            "tags.jra.environment_type": "latest",
                            "vpc_id": "vpc-e1539898"
                        },
                        "meta": {},
                        "tainted": false
                    },
                    "deposed": [],
                    "provider": ""
                },
                "aws_security_group.elb-public-swarm": {
                    "type": "aws_security_group",
                    "depends_on": [
                        "aws_vpc.jra_vpc",
                        "random_id.env-instance"
                    ],
                    "primary": {
                        "id": "sg-cddeebb3",
                        "attributes": {
                            "description": "Security groups for public swarm elb",
                            "egress.#": "1",
                            "egress.482069346.cidr_blocks.#": "1",
                            "egress.482069346.cidr_blocks.0": "0.0.0.0/0",
                            "egress.482069346.from_port": "0",
                            "egress.482069346.prefix_list_ids.#": "0",
                            "egress.482069346.protocol": "-1",
                            "egress.482069346.security_groups.#": "0",
                            "egress.482069346.self": "false",
                            "egress.482069346.to_port": "0",
                            "id": "sg-cddeebb3",
                            "ingress.#": "1",
                            "ingress.482069346.cidr_blocks.#": "1",
                            "ingress.482069346.cidr_blocks.0": "0.0.0.0/0",
                            "ingress.482069346.from_port": "0",
                            "ingress.482069346.protocol": "-1",
                            "ingress.482069346.security_groups.#": "0",
                            "ingress.482069346.self": "false",
                            "ingress.482069346.to_port": "0",
                            "name": "qa1.jra-sg.us-east-1-swarm-elb",
                            "owner_id": "478650753675",
                            "tags.%": "5",
                            "tags.Name": "qa1.sg.us-east-1-swarm-elb",
                            "tags.jra.environment": "qa1",
                            "tags.jra.environment-instance-id": "3R-QZ_BUPpA",
                            "tags.jra.environment-size": "small",
                            "tags.jra.environment_type": "latest",
                            "vpc_id": "vpc-e1539898"
                        },
                        "meta": {},
                        "tainted": false
                    },
                    "deposed": [],
                    "provider": ""
                },
                "aws_security_group.private_admin": {
                    "type": "aws_security_group",
                    "depends_on": [
                        "aws_vpc.jra_vpc",
                        "random_id.env-instance"
                    ],
                    "primary": {
                        "id": "sg-97dce9e9",
                        "attributes": {
                            "description": "Swarm Nodes that will run containers related to admin apps (timetracking, jira, wikis, etc)",
                            "egress.#": "1",
                            "egress.482069346.cidr_blocks.#": "1",
                            "egress.482069346.cidr_blocks.0": "0.0.0.0/0",
                            "egress.482069346.from_port": "0",
                            "egress.482069346.prefix_list_ids.#": "0",
                            "egress.482069346.protocol": "-1",
                            "egress.482069346.security_groups.#": "0",
                            "egress.482069346.self": "false",
                            "egress.482069346.to_port": "0",
                            "id": "sg-97dce9e9",
                            "ingress.#": "1",
                            "ingress.482069346.cidr_blocks.#": "1",
                            "ingress.482069346.cidr_blocks.0": "0.0.0.0/0",
                            "ingress.482069346.from_port": "0",
                            "ingress.482069346.protocol": "-1",
                            "ingress.482069346.security_groups.#": "0",
                            "ingress.482069346.self": "false",
                            "ingress.482069346.to_port": "0",
                            "name": "qa1.jra-sg.us-east-1-private-admin",
                            "owner_id": "478650753675",
                            "tags.%": "5",
                            "tags.Name": "qa1.sg.us-east-1-private-admin",
                            "tags.jra.environment": "qa1",
                            "tags.jra.environment-instance-id": "3R-QZ_BUPpA",
                            "tags.jra.environment-size": "small",
                            "tags.jra.environment_type": "latest",
                            "vpc_id": "vpc-e1539898"
                        },
                        "meta": {},
                        "tainted": false
                    },
                    "deposed": [],
                    "provider": ""
                },
                "aws_security_group.private_app-api-service": {
                    "type": "aws_security_group",
                    "depends_on": [
                        "aws_vpc.jra_vpc",
                        "random_id.env-instance"
                    ],
                    "primary": {
                        "id": "sg-eddfea93",
                        "attributes": {
                            "description": "Swarm Nodes that will run containers related to storage persistence for mangement apps (databases, caches, etc)",
                            "egress.#": "1",
                            "egress.482069346.cidr_blocks.#": "1",
                            "egress.482069346.cidr_blocks.0": "0.0.0.0/0",
                            "egress.482069346.from_port": "0",
                            "egress.482069346.prefix_list_ids.#": "0",
                            "egress.482069346.protocol": "-1",
                            "egress.482069346.security_groups.#": "0",
                            "egress.482069346.self": "false",
                            "egress.482069346.to_port": "0",
                            "id": "sg-eddfea93",
                            "ingress.#": "1",
                            "ingress.482069346.cidr_blocks.#": "1",
                            "ingress.482069346.cidr_blocks.0": "0.0.0.0/0",
                            "ingress.482069346.from_port": "0",
                            "ingress.482069346.protocol": "-1",
                            "ingress.482069346.security_groups.#": "0",
                            "ingress.482069346.self": "false",
                            "ingress.482069346.to_port": "0",
                            "name": "qa1.jra-sg.us-east-1-private-app-api-service",
                            "owner_id": "478650753675",
                            "tags.%": "5",
                            "tags.Name": "qa1.sg.us-east-1-private-app-api-service",
                            "tags.jra.environment": "qa1",
                            "tags.jra.environment-instance-id": "3R-QZ_BUPpA",
                            "tags.jra.environment-size": "small",
                            "tags.jra.environment_type": "latest",
                            "vpc_id": "vpc-e1539898"
                        },
                        "meta": {},
                        "tainted": false
                    },
                    "deposed": [],
                    "provider": ""
                },
                "aws_security_group.private_app-persistence": {
                    "type": "aws_security_group",
                    "depends_on": [
                        "aws_vpc.jra_vpc",
                        "random_id.env-instance"
                    ],
                    "primary": {
                        "id": "sg-24deeb5a",
                        "attributes": {
                            "description": "Swarm Nodes that will run containers related to storage persistence for mangement apps (databases, caches, etc)",
                            "egress.#": "1",
                            "egress.482069346.cidr_blocks.#": "1",
                            "egress.482069346.cidr_blocks.0": "0.0.0.0/0",
                            "egress.482069346.from_port": "0",
                            "egress.482069346.prefix_list_ids.#": "0",
                            "egress.482069346.protocol": "-1",
                            "egress.482069346.security_groups.#": "0",
                            "egress.482069346.self": "false",
                            "egress.482069346.to_port": "0",
                            "id": "sg-24deeb5a",
                            "ingress.#": "1",
                            "ingress.482069346.cidr_blocks.#": "1",
                            "ingress.482069346.cidr_blocks.0": "0.0.0.0/0",
                            "ingress.482069346.from_port": "0",
                            "ingress.482069346.protocol": "-1",
                            "ingress.482069346.security_groups.#": "0",
                            "ingress.482069346.self": "false",
                            "ingress.482069346.to_port": "0",
                            "name": "qa1.jra-sg.us-east-1-private-app-persistence",
                            "owner_id": "478650753675",
                            "tags.%": "5",
                            "tags.Name": "qa1.sg.us-east-1-private-app-persistence",
                            "tags.jra.environment": "qa1",
                            "tags.jra.environment-instance-id": "3R-QZ_BUPpA",
                            "tags.jra.environment-size": "small",
                            "tags.jra.environment_type": "latest",
                            "vpc_id": "vpc-e1539898"
                        },
                        "meta": {},
                        "tainted": false
                    },
                    "deposed": [],
                    "provider": ""
                },
                "aws_security_group.private_build": {
                    "type": "aws_security_group",
                    "depends_on": [
                        "aws_vpc.jra_vpc",
                        "random_id.env-instance"
                    ],
                    "primary": {
                        "id": "sg-69d9ec17",
                        "attributes": {
                            "description": "Swarm Nodes that will run containers related to builds \u0026 CI / CD pipelines",
                            "egress.#": "1",
                            "egress.482069346.cidr_blocks.#": "1",
                            "egress.482069346.cidr_blocks.0": "0.0.0.0/0",
                            "egress.482069346.from_port": "0",
                            "egress.482069346.prefix_list_ids.#": "0",
                            "egress.482069346.protocol": "-1",
                            "egress.482069346.security_groups.#": "0",
                            "egress.482069346.self": "false",
                            "egress.482069346.to_port": "0",
                            "id": "sg-69d9ec17",
                            "ingress.#": "1",
                            "ingress.482069346.cidr_blocks.#": "1",
                            "ingress.482069346.cidr_blocks.0": "0.0.0.0/0",
                            "ingress.482069346.from_port": "0",
                            "ingress.482069346.protocol": "-1",
                            "ingress.482069346.security_groups.#": "0",
                            "ingress.482069346.self": "false",
                            "ingress.482069346.to_port": "0",
                            "name": "qa1.jra-sg.us-east-1-private-build",
                            "owner_id": "478650753675",
                            "tags.%": "5",
                            "tags.Name": "qa1.sg.us-east-1-private-build",
                            "tags.jra.environment": "qa1",
                            "tags.jra.environment-instance-id": "3R-QZ_BUPpA",
                            "tags.jra.environment-size": "small",
                            "tags.jra.environment_type": "latest",
                            "vpc_id": "vpc-e1539898"
                        },
                        "meta": {},
                        "tainted": false
                    },
                    "deposed": [],
                    "provider": ""
                },
                "aws_security_group.private_infra-logging": {
                    "type": "aws_security_group",
                    "depends_on": [
                        "aws_vpc.jra_vpc",
                        "random_id.env-instance"
                    ],
                    "primary": {
                        "id": "sg-9dd3e6e3",
                        "attributes": {
                            "description": "Swarm Nodes that will run containers related to centralized logging stack",
                            "egress.#": "1",
                            "egress.482069346.cidr_blocks.#": "1",
                            "egress.482069346.cidr_blocks.0": "0.0.0.0/0",
                            "egress.482069346.from_port": "0",
                            "egress.482069346.prefix_list_ids.#": "0",
                            "egress.482069346.protocol": "-1",
                            "egress.482069346.security_groups.#": "0",
                            "egress.482069346.self": "false",
                            "egress.482069346.to_port": "0",
                            "id": "sg-9dd3e6e3",
                            "ingress.#": "1",
                            "ingress.482069346.cidr_blocks.#": "1",
                            "ingress.482069346.cidr_blocks.0": "0.0.0.0/0",
                            "ingress.482069346.from_port": "0",
                            "ingress.482069346.protocol": "-1",
                            "ingress.482069346.security_groups.#": "0",
                            "ingress.482069346.self": "false",
                            "ingress.482069346.to_port": "0",
                            "name": "qa1.jra-sg.us-east-1-private-infra-logging",
                            "owner_id": "478650753675",
                            "tags.%": "5",
                            "tags.Name": "qa1.sg.us-east-1-private-infra-logging",
                            "tags.jra.environment": "qa1",
                            "tags.jra.environment-instance-id": "3R-QZ_BUPpA",
                            "tags.jra.environment-size": "small",
                            "tags.jra.environment_type": "latest",
                            "vpc_id": "vpc-e1539898"
                        },
                        "meta": {},
                        "tainted": false
                    },
                    "deposed": [],
                    "provider": ""
                },
                "aws_security_group.private_management": {
                    "type": "aws_security_group",
                    "depends_on": [
                        "aws_vpc.jra_vpc",
                        "random_id.env-instance"
                    ],
                    "primary": {
                        "id": "sg-9ad3e6e4",
                        "attributes": {
                            "description": "Swarm Nodes that will run containers related to storage persistence for mangement apps (databases, caches, etc)",
                            "egress.#": "1",
                            "egress.482069346.cidr_blocks.#": "1",
                            "egress.482069346.cidr_blocks.0": "0.0.0.0/0",
                            "egress.482069346.from_port": "0",
                            "egress.482069346.prefix_list_ids.#": "0",
                            "egress.482069346.protocol": "-1",
                            "egress.482069346.security_groups.#": "0",
                            "egress.482069346.self": "false",
                            "egress.482069346.to_port": "0",
                            "id": "sg-9ad3e6e4",
                            "ingress.#": "1",
                            "ingress.482069346.cidr_blocks.#": "1",
                            "ingress.482069346.cidr_blocks.0": "0.0.0.0/0",
                            "ingress.482069346.from_port": "0",
                            "ingress.482069346.protocol": "-1",
                            "ingress.482069346.security_groups.#": "0",
                            "ingress.482069346.self": "false",
                            "ingress.482069346.to_port": "0",
                            "name": "qa1.jra-sg.us-east-1-private-management",
                            "owner_id": "478650753675",
                            "tags.%": "5",
                            "tags.Name": "qa1.sg.us-east-1-private-management",
                            "tags.jra.environment": "qa1",
                            "tags.jra.environment-instance-id": "3R-QZ_BUPpA",
                            "tags.jra.environment-size": "small",
                            "tags.jra.environment_type": "latest",
                            "vpc_id": "vpc-e1539898"
                        },
                        "meta": {},
                        "tainted": false
                    },
                    "deposed": [],
                    "provider": ""
                },
                "aws_security_group.private_management_persistence": {
                    "type": "aws_security_group",
                    "depends_on": [
                        "aws_vpc.jra_vpc",
                        "random_id.env-instance"
                    ],
                    "primary": {
                        "id": "sg-fdd3e683",
                        "attributes": {
                            "description": "Swarm Nodes that will run containers related to storage persistence for mangement apps (databases, caches, etc)",
                            "egress.#": "1",
                            "egress.482069346.cidr_blocks.#": "1",
                            "egress.482069346.cidr_blocks.0": "0.0.0.0/0",
                            "egress.482069346.from_port": "0",
                            "egress.482069346.prefix_list_ids.#": "0",
                            "egress.482069346.protocol": "-1",
                            "egress.482069346.security_groups.#": "0",
                            "egress.482069346.self": "false",
                            "egress.482069346.to_port": "0",
                            "id": "sg-fdd3e683",
                            "ingress.#": "1",
                            "ingress.482069346.cidr_blocks.#": "1",
                            "ingress.482069346.cidr_blocks.0": "0.0.0.0/0",
                            "ingress.482069346.from_port": "0",
                            "ingress.482069346.protocol": "-1",
                            "ingress.482069346.security_groups.#": "0",
                            "ingress.482069346.self": "false",
                            "ingress.482069346.to_port": "0",
                            "name": "qa1.jra-sg.us-east-1-private-management-persistence",
                            "owner_id": "478650753675",
                            "tags.%": "5",
                            "tags.Name": "qa1.sg.us-east-1-private-management-persistence",
                            "tags.jra.environment": "qa1",
                            "tags.jra.environment-instance-id": "3R-QZ_BUPpA",
                            "tags.jra.environment-size": "small",
                            "tags.jra.environment_type": "latest",
                            "vpc_id": "vpc-e1539898"
                        },
                        "meta": {},
                        "tainted": false
                    },
                    "deposed": [],
                    "provider": ""
                },
                "aws_security_group.private_monitoring": {
                    "type": "aws_security_group",
                    "depends_on": [
                        "aws_vpc.jra_vpc",
                        "random_id.env-instance"
                    ],
                    "primary": {
                        "id": "sg-a0d9ecde",
                        "attributes": {
                            "description": "Swarm Nodes that will run containers related to monitoring (logging servers, metrics collection, etc",
                            "egress.#": "1",
                            "egress.482069346.cidr_blocks.#": "1",
                            "egress.482069346.cidr_blocks.0": "0.0.0.0/0",
                            "egress.482069346.from_port": "0",
                            "egress.482069346.prefix_list_ids.#": "0",
                            "egress.482069346.protocol": "-1",
                            "egress.482069346.security_groups.#": "0",
                            "egress.482069346.self": "false",
                            "egress.482069346.to_port": "0",
                            "id": "sg-a0d9ecde",
                            "ingress.#": "1",
                            "ingress.482069346.cidr_blocks.#": "1",
                            "ingress.482069346.cidr_blocks.0": "0.0.0.0/0",
                            "ingress.482069346.from_port": "0",
                            "ingress.482069346.protocol": "-1",
                            "ingress.482069346.security_groups.#": "0",
                            "ingress.482069346.self": "false",
                            "ingress.482069346.to_port": "0",
                            "name": "qa1.jra-sg.us-east-1-private-monitoring",
                            "owner_id": "478650753675",
                            "tags.%": "5",
                            "tags.Name": "qa1.sg.us-east-1-private-management-persistence",
                            "tags.jra.environment": "qa1",
                            "tags.jra.environment-instance-id": "3R-QZ_BUPpA",
                            "tags.jra.environment-size": "small",
                            "tags.jra.environment_type": "latest",
                            "vpc_id": "vpc-e1539898"
                        },
                        "meta": {},
                        "tainted": false
                    },
                    "deposed": [],
                    "provider": ""
                },
                "aws_security_group.private_swarm-manager": {
                    "type": "aws_security_group",
                    "depends_on": [
                        "aws_vpc.jra_vpc",
                        "random_id.env-instance"
                    ],
                    "primary": {
                        "id": "sg-05d9ec7b",
                        "attributes": {
                            "description": "Swarm Manager that will run the docker swarm manager",
                            "egress.#": "1",
                            "egress.482069346.cidr_blocks.#": "1",
                            "egress.482069346.cidr_blocks.0": "0.0.0.0/0",
                            "egress.482069346.from_port": "0",
                            "egress.482069346.prefix_list_ids.#": "0",
                            "egress.482069346.protocol": "-1",
                            "egress.482069346.security_groups.#": "0",
                            "egress.482069346.self": "false",
                            "egress.482069346.to_port": "0",
                            "id": "sg-05d9ec7b",
                            "ingress.#": "1",
                            "ingress.482069346.cidr_blocks.#": "1",
                            "ingress.482069346.cidr_blocks.0": "0.0.0.0/0",
                            "ingress.482069346.from_port": "0",
                            "ingress.482069346.protocol": "-1",
                            "ingress.482069346.security_groups.#": "0",
                            "ingress.482069346.self": "false",
                            "ingress.482069346.to_port": "0",
                            "name": "qa1.jra-sg.us-east-1-private-swarm-manager",
                            "owner_id": "478650753675",
                            "tags.%": "5",
                            "tags.Name": "qa1.sg.us-east-1-private-swarm-manager",
                            "tags.jra.environment": "qa1",
                            "tags.jra.environment-instance-id": "3R-QZ_BUPpA",
                            "tags.jra.environment-size": "small",
                            "tags.jra.environment_type": "latest",
                            "vpc_id": "vpc-e1539898"
                        },
                        "meta": {},
                        "tainted": false
                    },
                    "deposed": [],
                    "provider": ""
                },
                "aws_security_group.public_app-api-web": {
                    "type": "aws_security_group",
                    "depends_on": [
                        "aws_vpc.jra_vpc",
                        "random_id.env-instance"
                    ],
                    "primary": {
                        "id": "sg-94dce9ea",
                        "attributes": {
                            "description": "Security groups for public web apis",
                            "egress.#": "1",
                            "egress.482069346.cidr_blocks.#": "1",
                            "egress.482069346.cidr_blocks.0": "0.0.0.0/0",
                            "egress.482069346.from_port": "0",
                            "egress.482069346.prefix_list_ids.#": "0",
                            "egress.482069346.protocol": "-1",
                            "egress.482069346.security_groups.#": "0",
                            "egress.482069346.self": "false",
                            "egress.482069346.to_port": "0",
                            "id": "sg-94dce9ea",
                            "ingress.#": "1",
                            "ingress.482069346.cidr_blocks.#": "1",
                            "ingress.482069346.cidr_blocks.0": "0.0.0.0/0",
                            "ingress.482069346.from_port": "0",
                            "ingress.482069346.protocol": "-1",
                            "ingress.482069346.security_groups.#": "0",
                            "ingress.482069346.self": "false",
                            "ingress.482069346.to_port": "0",
                            "name": "qa1.jra-sg.us-east-1-public-app-api-web",
                            "owner_id": "478650753675",
                            "tags.%": "5",
                            "tags.Name": "qa1.sg.us-east-1-public-app-api-web",
                            "tags.jra.environment": "qa1",
                            "tags.jra.environment-instance-id": "3R-QZ_BUPpA",
                            "tags.jra.environment-size": "small",
                            "tags.jra.environment_type": "latest",
                            "vpc_id": "vpc-e1539898"
                        },
                        "meta": {},
                        "tainted": false
                    },
                    "deposed": [],
                    "provider": ""
                },
                "aws_security_group.public_app-ui-web": {
                    "type": "aws_security_group",
                    "depends_on": [
                        "aws_vpc.jra_vpc",
                        "random_id.env-instance"
                    ],
                    "primary": {
                        "id": "sg-9cd3e6e2",
                        "attributes": {
                            "description": "Security Group for public web ui apps",
                            "egress.#": "1",
                            "egress.482069346.cidr_blocks.#": "1",
                            "egress.482069346.cidr_blocks.0": "0.0.0.0/0",
                            "egress.482069346.from_port": "0",
                            "egress.482069346.prefix_list_ids.#": "0",
                            "egress.482069346.protocol": "-1",
                            "egress.482069346.security_groups.#": "0",
                            "egress.482069346.self": "false",
                            "egress.482069346.to_port": "0",
                            "id": "sg-9cd3e6e2",
                            "ingress.#": "1",
                            "ingress.482069346.cidr_blocks.#": "1",
                            "ingress.482069346.cidr_blocks.0": "0.0.0.0/0",
                            "ingress.482069346.from_port": "0",
                            "ingress.482069346.protocol": "-1",
                            "ingress.482069346.security_groups.#": "0",
                            "ingress.482069346.self": "false",
                            "ingress.482069346.to_port": "0",
                            "name": "qa1.jra-sg.us-east-1-public-app-ui-web",
                            "owner_id": "478650753675",
                            "tags.%": "5",
                            "tags.Name": "qa1.sg.us-east-1-public-app-ui-web",
                            "tags.jra.environment": "qa1",
                            "tags.jra.environment-instance-id": "3R-QZ_BUPpA",
                            "tags.jra.environment-size": "small",
                            "tags.jra.environment_type": "latest",
                            "vpc_id": "vpc-e1539898"
                        },
                        "meta": {},
                        "tainted": false
                    },
                    "deposed": [],
                    "provider": ""
                },
                "aws_subnet.az-1-private": {
                    "type": "aws_subnet",
                    "depends_on": [
                        "aws_vpc.jra_vpc",
                        "random_id.env-instance"
                    ],
                    "primary": {
                        "id": "subnet-08e13452",
                        "attributes": {
                            "availability_zone": "us-east-1a",
                            "cidr_block": "10.0.1.0/24",
                            "id": "subnet-08e13452",
                            "map_public_ip_on_launch": "true",
                            "tags.%": "6",
                            "tags.Name": "qa1.subnet.us-east-1a-private",
                            "tags.jra.environment": "qa1",
                            "tags.jra.environment-instance-id": "3R-QZ_BUPpA",
                            "tags.jra.environment-size": "small",
                            "tags.jra.environment_type": "latest",
                            "tags.jra.failure-zone": "us-east-1-az-1",
                            "vpc_id": "vpc-e1539898"
                        },
                        "meta": {},
                        "tainted": false
                    },
                    "deposed": [],
                    "provider": ""
                },
                "aws_subnet.az-1-public": {
                    "type": "aws_subnet",
                    "depends_on": [
                        "aws_vpc.jra_vpc",
                        "random_id.env-instance"
                    ],
                    "primary": {
                        "id": "subnet-03ec3959",
                        "attributes": {
                            "availability_zone": "us-east-1a",
                            "cidr_block": "10.0.0.0/24",
                            "id": "subnet-03ec3959",
                            "map_public_ip_on_launch": "true",
                            "tags.%": "6",
                            "tags.Name": "qa1.subnet.us-east-1a-public",
                            "tags.jra.environment": "qa1",
                            "tags.jra.environment-instance-id": "3R-QZ_BUPpA",
                            "tags.jra.environment-size": "small",
                            "tags.jra.environment_type": "latest",
                            "tags.jra.failure-zone": "us-east-1-az-1",
                            "vpc_id": "vpc-e1539898"
                        },
                        "meta": {},
                        "tainted": false
                    },
                    "deposed": [],
                    "provider": ""
                },
                "aws_subnet.az-2-private": {
                    "type": "aws_subnet",
                    "depends_on": [
                        "aws_vpc.jra_vpc",
                        "random_id.env-instance"
                    ],
                    "primary": {
                        "id": "subnet-268fb043",
                        "attributes": {
                            "availability_zone": "us-east-1b",
                            "cidr_block": "10.0.3.0/24",
                            "id": "subnet-268fb043",
                            "map_public_ip_on_launch": "true",
                            "tags.%": "6",
                            "tags.Name": "qa1.subnet.us-east-1b-private",
                            "tags.jra.environment": "qa1",
                            "tags.jra.environment-instance-id": "3R-QZ_BUPpA",
                            "tags.jra.environment-size": "small",
                            "tags.jra.environment_type": "latest",
                            "tags.jra.failure-zone": "us-east-1-az-2",
                            "vpc_id": "vpc-e1539898"
                        },
                        "meta": {},
                        "tainted": false
                    },
                    "deposed": [],
                    "provider": ""
                },
                "aws_subnet.az-2-public": {
                    "type": "aws_subnet",
                    "depends_on": [
                        "aws_vpc.jra_vpc",
                        "random_id.env-instance"
                    ],
                    "primary": {
                        "id": "subnet-2590af40",
                        "attributes": {
                            "availability_zone": "us-east-1b",
                            "cidr_block": "10.0.2.0/24",
                            "id": "subnet-2590af40",
                            "map_public_ip_on_launch": "true",
                            "tags.%": "6",
                            "tags.Name": "qa1.subnet.us-east-1b-public",
                            "tags.jra.environment": "qa1",
                            "tags.jra.environment-instance-id": "3R-QZ_BUPpA",
                            "tags.jra.environment-size": "small",
                            "tags.jra.environment_type": "latest",
                            "tags.jra.failure-zone": "us-east-1-az-2",
                            "vpc_id": "vpc-e1539898"
                        },
                        "meta": {},
                        "tainted": false
                    },
                    "deposed": [],
                    "provider": ""
                },
                "aws_subnet.az-3-private": {
                    "type": "aws_subnet",
                    "depends_on": [
                        "aws_vpc.jra_vpc",
                        "random_id.env-instance"
                    ],
                    "primary": {
                        "id": "subnet-a667bb8a",
                        "attributes": {
                            "availability_zone": "us-east-1c",
                            "cidr_block": "10.0.5.0/24",
                            "id": "subnet-a667bb8a",
                            "map_public_ip_on_launch": "true",
                            "tags.%": "6",
                            "tags.Name": "qa1.subnet.us-east-1c-private",
                            "tags.jra.environment": "qa1",
                            "tags.jra.environment-instance-id": "3R-QZ_BUPpA",
                            "tags.jra.environment-size": "small",
                            "tags.jra.environment_type": "latest",
                            "tags.jra.failure-zone": "us-east-1-az-3",
                            "vpc_id": "vpc-e1539898"
                        },
                        "meta": {},
                        "tainted": false
                    },
                    "deposed": [],
                    "provider": ""
                },
                "aws_subnet.az-3-public": {
                    "type": "aws_subnet",
                    "depends_on": [
                        "aws_vpc.jra_vpc",
                        "random_id.env-instance"
                    ],
                    "primary": {
                        "id": "subnet-4f68b463",
                        "attributes": {
                            "availability_zone": "us-east-1c",
                            "cidr_block": "10.0.4.0/24",
                            "id": "subnet-4f68b463",
                            "map_public_ip_on_launch": "true",
                            "tags.%": "6",
                            "tags.Name": "qa1.subnet.us-east-1c-public",
                            "tags.jra.environment": "qa1",
                            "tags.jra.environment-instance-id": "3R-QZ_BUPpA",
                            "tags.jra.environment-size": "small",
                            "tags.jra.environment_type": "latest",
                            "tags.jra.failure-zone": "us-east-1-az-3",
                            "vpc_id": "vpc-e1539898"
                        },
                        "meta": {},
                        "tainted": false
                    },
                    "deposed": [],
                    "provider": ""
                },
                "aws_vpc.jra_vpc": {
                    "type": "aws_vpc",
                    "depends_on": [
                        "random_id.env-instance"
                    ],
                    "primary": {
                        "id": "vpc-e1539898",
                        "attributes": {
                            "cidr_block": "10.0.0.0/16",
                            "default_network_acl_id": "acl-69caa010",
                            "default_route_table_id": "rtb-5672fc2e",
                            "default_security_group_id": "sg-0edce970",
                            "dhcp_options_id": "dopt-eb4a818d",
                            "enable_classiclink": "false",
                            "enable_dns_hostnames": "true",
                            "enable_dns_support": "true",
                            "id": "vpc-e1539898",
                            "instance_tenancy": "default",
                            "main_route_table_id": "rtb-5672fc2e",
                            "tags.%": "5",
                            "tags.Name": "qa1.vpc.us-east-1",
                            "tags.jra.environment": "qa1",
                            "tags.jra.environment-instance-id": "3R-QZ_BUPpA",
                            "tags.jra.environment-size": "small",
                            "tags.jra.environment_type": "latest"
                        },
                        "meta": {},
                        "tainted": false
                    },
                    "deposed": [],
                    "provider": ""
                },
                "null_resource.infa-apps-deploy": {
                    "type": "null_resource",
                    "depends_on": [
                        "null_resource.infra-configure-swarm-cluster"
                    ],
                    "primary": {
                        "id": "3420932064958001055",
                        "attributes": {
                            "id": "3420932064958001055"
                        },
                        "meta": {},
                        "tainted": false
                    },
                    "deposed": [],
                    "provider": ""
                },
                "null_resource.infra-configure-swarm-cluster": {
                    "type": "null_resource",
                    "depends_on": [
                        "null_resource.infra-deploy-central-logging-services"
                    ],
                    "primary": {
                        "id": "3307586603685480111",
                        "attributes": {
                            "id": "3307586603685480111"
                        },
                        "meta": {},
                        "tainted": false
                    },
                    "deposed": [],
                    "provider": ""
                },
                "null_resource.infra-deploy-central-logging-services": {
                    "type": "null_resource",
                    "depends_on": [
                        "null_resource.swarm-cluster-provision"
                    ],
                    "primary": {
                        "id": "56246801463655925",
                        "attributes": {
                            "id": "56246801463655925"
                        },
                        "meta": {},
                        "tainted": false
                    },
                    "deposed": [],
                    "provider": ""
                },
                "null_resource.swarm-cluster-provision": {
                    "type": "null_resource",
                    "depends_on": [
                        "aws_instance.app-api-service-az-1",
                        "aws_instance.app-api-service-az-2",
                        "aws_instance.app-api-service-az-3",
                        "aws_instance.app-persistence-az-1",
                        "aws_instance.app-persistence-az-2",
                        "aws_instance.app-persistence-az-3",
                        "aws_instance.app-ui-web-az-1",
                        "aws_instance.app-ui-web-az-1",
                        "aws_instance.app-ui-web-az-3",
                        "aws_instance.build-az-1",
                        "aws_instance.build-az-2",
                        "aws_instance.build-az-3",
                        "aws_instance.swarm-manager-az-1",
                        "aws_instance.swarm-manager-az-1",
                        "aws_instance.swarm-manager-az-3"
                    ],
                    "primary": {
                        "id": "236313333633522910",
                        "attributes": {
                            "id": "236313333633522910"
                        },
                        "meta": {},
                        "tainted": false
                    },
                    "deposed": [],
                    "provider": ""
                },
                "random_id.env-instance": {
                    "type": "random_id",
                    "depends_on": [],
                    "primary": {
                        "id": "3R-QZ_BUPpA",
                        "attributes": {
                            "b64": "3R-QZ_BUPpA",
                            "b64_std": "3R+QZ/BUPpA=",
                            "b64_url": "3R-QZ_BUPpA",
                            "byte_length": "8",
                            "dec": "15933612782748188304",
                            "hex": "dd1f9067f0543e90",
                            "id": "3R-QZ_BUPpA"
                        },
                        "meta": {},
                        "tainted": false
                    },
                    "deposed": [],
                    "provider": ""
                }
            },
            "depends_on": []
        }
    ]
}
