{
    "version": 3,
    "terraform_version": "0.7.13",
    "serial": 28,
    "lineage": "f3358d55-17fd-4636-a561-0bde2413f656",
    "modules": [
        {
            "path": [
                "root"
            ],
            "outputs": {},
            "resources": {
                "aws_eip.az-1-public": {
                    "type": "aws_eip",
                    "depends_on": [],
                    "primary": {
                        "id": "eipalloc-728e124c",
                        "attributes": {
                            "association_id": "",
                            "domain": "vpc",
                            "id": "eipalloc-728e124c",
                            "instance": "",
                            "network_interface": "",
                            "private_ip": "",
                            "public_ip": "34.197.77.45",
                            "vpc": "true"
                        },
                        "meta": {},
                        "tainted": false
                    },
                    "deposed": [],
                    "provider": ""
                },
                "aws_eip.az-2-public": {
                    "type": "aws_eip",
                    "depends_on": [],
                    "primary": {
                        "id": "eipalloc-618f135f",
                        "attributes": {
                            "association_id": "",
                            "domain": "vpc",
                            "id": "eipalloc-618f135f",
                            "instance": "",
                            "network_interface": "",
                            "private_ip": "",
                            "public_ip": "34.195.232.62",
                            "vpc": "true"
                        },
                        "meta": {},
                        "tainted": false
                    },
                    "deposed": [],
                    "provider": ""
                },
                "aws_eip.az-3-public": {
                    "type": "aws_eip",
                    "depends_on": [],
                    "primary": {
                        "id": "eipalloc-428d117c",
                        "attributes": {
                            "association_id": "",
                            "domain": "vpc",
                            "id": "eipalloc-428d117c",
                            "instance": "",
                            "network_interface": "",
                            "private_ip": "",
                            "public_ip": "34.195.242.196",
                            "vpc": "true"
                        },
                        "meta": {},
                        "tainted": false
                    },
                    "deposed": [],
                    "provider": ""
                },
                "aws_elb.elb-public-swarm": {
                    "type": "aws_elb",
                    "depends_on": [
                        "aws_instance.app-ui-web-az-1",
                        "aws_instance.app-ui-web-az-2",
                        "aws_instance.app-ui-web-az-3",
                        "aws_security_group.elb-public-swarm",
                        "aws_subnet.az-1-public",
                        "aws_subnet.az-2-public",
                        "aws_subnet.az-3-public",
                        "random_id.env-instance"
                    ],
                    "primary": {
                        "id": "jra-elb-latest-us-east-1-public",
                        "attributes": {
                            "access_logs.#": "0",
                            "availability_zones.#": "3",
                            "availability_zones.1305112097": "us-east-1b",
                            "availability_zones.3569565595": "us-east-1a",
                            "availability_zones.986537655": "us-east-1c",
                            "connection_draining": "true",
                            "connection_draining_timeout": "400",
                            "cross_zone_load_balancing": "true",
                            "dns_name": "jra-elb-latest-us-east-1-public-1565220013.us-east-1.elb.amazonaws.com",
                            "health_check.#": "1",
                            "health_check.0.healthy_threshold": "4",
                            "health_check.0.interval": "15",
                            "health_check.0.target": "TCP:80",
                            "health_check.0.timeout": "3",
                            "health_check.0.unhealthy_threshold": "4",
                            "id": "jra-elb-latest-us-east-1-public",
                            "idle_timeout": "400",
                            "instances.#": "3",
                            "instances.2141360224": "i-007d70787d9e76984",
                            "instances.351661841": "i-09f0690f7565826ea",
                            "instances.3984849758": "i-04f72c779755c2f66",
                            "internal": "false",
                            "listener.#": "1",
                            "listener.3057123346.instance_port": "80",
                            "listener.3057123346.instance_protocol": "http",
                            "listener.3057123346.lb_port": "80",
                            "listener.3057123346.lb_protocol": "http",
                            "listener.3057123346.ssl_certificate_id": "",
                            "name": "jra-elb-latest-us-east-1-public",
                            "security_groups.#": "1",
                            "security_groups.2092705594": "sg-bdfc36c1",
                            "source_security_group": "193862077204/jra-sg-latest-us-east-1-public-swarm-elb",
                            "source_security_group_id": "sg-bdfc36c1",
                            "subnets.#": "3",
                            "subnets.1596910291": "subnet-06f1855d",
                            "subnets.2480997346": "subnet-267b546f",
                            "subnets.2589979611": "subnet-e0aed0cd",
                            "tags.%": "5",
                            "tags.Name": "jra-elb-latest-us-east-1-public-swarm",
                            "tags.jra.environment": "latest",
                            "tags.jra.environment-instance-id": "_dujtWSsEyk",
                            "tags.jra.environment-size": "small",
                            "tags.jra.environment_type": "latest",
                            "zone_id": "Z35SXDOTRQ7X7K"
                        },
                        "meta": {},
                        "tainted": false
                    },
                    "deposed": [],
                    "provider": ""
                },
                "aws_instance.app-api-service-az-1": {
                    "type": "aws_instance",
                    "depends_on": [
                        "aws_security_group.private_app-api-service",
                        "aws_subnet.az-1-private",
                        "random_id.env-instance"
                    ],
                    "primary": {
                        "id": "i-0a790c8829b29175f",
                        "attributes": {
                            "ami": "ami-a5e30db3",
                            "associate_public_ip_address": "true",
                            "availability_zone": "us-east-1a",
                            "disable_api_termination": "false",
                            "ebs_block_device.#": "0",
                            "ebs_optimized": "false",
                            "ephemeral_block_device.#": "0",
                            "iam_instance_profile": "",
                            "id": "i-0a790c8829b29175f",
                            "instance_state": "running",
                            "instance_type": "t2.micro",
                            "key_name": "jra-build",
                            "monitoring": "false",
                            "network_interface_id": "eni-355e7ec5",
                            "private_dns": "ip-10-0-1-191.ec2.internal",
                            "private_ip": "10.0.1.191",
                            "public_dns": "ec2-54-89-7-41.compute-1.amazonaws.com",
                            "public_ip": "54.89.7.41",
                            "root_block_device.#": "1",
                            "root_block_device.0.delete_on_termination": "true",
                            "root_block_device.0.iops": "100",
                            "root_block_device.0.volume_size": "8",
                            "root_block_device.0.volume_type": "gp2",
                            "security_groups.#": "0",
                            "source_dest_check": "true",
                            "subnet_id": "subnet-f9aed0d4",
                            "tags.%": "9",
                            "tags.Name": "jra-instance.swarm-worker.app-api-service.latest.us-east-1a",
                            "tags.jra.environment": "latest",
                            "tags.jra.environment-instance-id": "_dujtWSsEyk",
                            "tags.jra.environment-size": "small",
                            "tags.jra.environment_type": "latest",
                            "tags.jra.failure-zone": "us-east-1-az-1",
                            "tags.jra.subnet-type": "private",
                            "tags.jra.swarm-instance-type": "swarm-worker",
                            "tags.jra.swarm-node-type": "app-api-service",
                            "tenancy": "default",
                            "vpc_security_group_ids.#": "1",
                            "vpc_security_group_ids.578059476": "sg-c5fc36b9"
                        },
                        "meta": {
                            "schema_version": "1"
                        },
                        "tainted": false
                    },
                    "deposed": [],
                    "provider": ""
                },
                "aws_instance.app-api-service-az-2": {
                    "type": "aws_instance",
                    "depends_on": [
                        "aws_security_group.private_app-api-service",
                        "aws_subnet.az-2-private",
                        "random_id.env-instance"
                    ],
                    "primary": {
                        "id": "i-0c71d732c36c47f17",
                        "attributes": {
                            "ami": "ami-a5e30db3",
                            "associate_public_ip_address": "true",
                            "availability_zone": "us-east-1b",
                            "disable_api_termination": "false",
                            "ebs_block_device.#": "0",
                            "ebs_optimized": "false",
                            "ephemeral_block_device.#": "0",
                            "iam_instance_profile": "",
                            "id": "i-0c71d732c36c47f17",
                            "instance_state": "running",
                            "instance_type": "t2.micro",
                            "key_name": "jra-build",
                            "monitoring": "false",
                            "network_interface_id": "eni-d43a193a",
                            "private_dns": "ip-10-0-3-135.ec2.internal",
                            "private_ip": "10.0.3.135",
                            "public_dns": "ec2-54-209-115-179.compute-1.amazonaws.com",
                            "public_ip": "54.209.115.179",
                            "root_block_device.#": "1",
                            "root_block_device.0.delete_on_termination": "true",
                            "root_block_device.0.iops": "100",
                            "root_block_device.0.volume_size": "8",
                            "root_block_device.0.volume_type": "gp2",
                            "security_groups.#": "0",
                            "source_dest_check": "true",
                            "subnet_id": "subnet-237b546a",
                            "tags.%": "9",
                            "tags.Name": "jra-instance.swarm-worker.app-api-service.latest.us-east-1b",
                            "tags.jra.environment": "latest",
                            "tags.jra.environment-instance-id": "_dujtWSsEyk",
                            "tags.jra.environment-size": "small",
                            "tags.jra.environment_type": "latest",
                            "tags.jra.failure-zone": "us-east-1-az-2",
                            "tags.jra.subnet-type": "private",
                            "tags.jra.swarm-instance-type": "swarm-worker",
                            "tags.jra.swarm-node-type": "app-api-service",
                            "tenancy": "default",
                            "vpc_security_group_ids.#": "1",
                            "vpc_security_group_ids.578059476": "sg-c5fc36b9"
                        },
                        "meta": {
                            "schema_version": "1"
                        },
                        "tainted": false
                    },
                    "deposed": [],
                    "provider": ""
                },
                "aws_instance.app-api-service-az-3": {
                    "type": "aws_instance",
                    "depends_on": [
                        "aws_security_group.private_app-api-service",
                        "aws_subnet.az-3-private",
                        "random_id.env-instance"
                    ],
                    "primary": {
                        "id": "i-03f4255ff91ddb117",
                        "attributes": {
                            "ami": "ami-a5e30db3",
                            "associate_public_ip_address": "true",
                            "availability_zone": "us-east-1c",
                            "disable_api_termination": "false",
                            "ebs_block_device.#": "0",
                            "ebs_optimized": "false",
                            "ephemeral_block_device.#": "0",
                            "iam_instance_profile": "",
                            "id": "i-03f4255ff91ddb117",
                            "instance_state": "running",
                            "instance_type": "t2.micro",
                            "key_name": "jra-build",
                            "monitoring": "false",
                            "network_interface_id": "eni-86603744",
                            "private_dns": "ip-10-0-5-89.ec2.internal",
                            "private_ip": "10.0.5.89",
                            "public_dns": "ec2-54-87-40-43.compute-1.amazonaws.com",
                            "public_ip": "54.87.40.43",
                            "root_block_device.#": "1",
                            "root_block_device.0.delete_on_termination": "true",
                            "root_block_device.0.iops": "100",
                            "root_block_device.0.volume_size": "8",
                            "root_block_device.0.volume_type": "gp2",
                            "security_groups.#": "0",
                            "source_dest_check": "true",
                            "subnet_id": "subnet-0cf18557",
                            "tags.%": "9",
                            "tags.Name": "jra-instance.swarm-worker.app-api-service.latest.us-east-1c",
                            "tags.jra.environment": "latest",
                            "tags.jra.environment-instance-id": "_dujtWSsEyk",
                            "tags.jra.environment-size": "small",
                            "tags.jra.environment_type": "latest",
                            "tags.jra.failure-zone": "us-east-1-az-3",
                            "tags.jra.subnet-type": "private",
                            "tags.jra.swarm-instance-type": "swarm-worker",
                            "tags.jra.swarm-node-type": "app-api-service",
                            "tenancy": "default",
                            "vpc_security_group_ids.#": "1",
                            "vpc_security_group_ids.578059476": "sg-c5fc36b9"
                        },
                        "meta": {
                            "schema_version": "1"
                        },
                        "tainted": false
                    },
                    "deposed": [],
                    "provider": ""
                },
                "aws_instance.app-persistence-az-1": {
                    "type": "aws_instance",
                    "depends_on": [
                        "aws_security_group.private_app-persistence",
                        "aws_subnet.az-1-private",
                        "random_id.env-instance"
                    ],
                    "primary": {
                        "id": "i-0fcdce8ddd0507dce",
                        "attributes": {
                            "ami": "ami-a5e30db3",
                            "associate_public_ip_address": "true",
                            "availability_zone": "us-east-1a",
                            "disable_api_termination": "false",
                            "ebs_block_device.#": "0",
                            "ebs_optimized": "false",
                            "ephemeral_block_device.#": "0",
                            "iam_instance_profile": "",
                            "id": "i-0fcdce8ddd0507dce",
                            "instance_state": "running",
                            "instance_type": "t2.micro",
                            "key_name": "jra-build",
                            "monitoring": "false",
                            "network_interface_id": "eni-1d2000ed",
                            "private_dns": "ip-10-0-1-247.ec2.internal",
                            "private_ip": "10.0.1.247",
                            "public_dns": "ec2-54-89-25-155.compute-1.amazonaws.com",
                            "public_ip": "54.89.25.155",
                            "root_block_device.#": "1",
                            "root_block_device.0.delete_on_termination": "true",
                            "root_block_device.0.iops": "100",
                            "root_block_device.0.volume_size": "8",
                            "root_block_device.0.volume_type": "gp2",
                            "security_groups.#": "0",
                            "source_dest_check": "true",
                            "subnet_id": "subnet-f9aed0d4",
                            "tags.%": "9",
                            "tags.Name": "jra-instance.swarm-worker.app-persistence.latest.us-east-1a",
                            "tags.jra.environment": "latest",
                            "tags.jra.environment-instance-id": "_dujtWSsEyk",
                            "tags.jra.environment-size": "small",
                            "tags.jra.environment_type": "latest",
                            "tags.jra.failure-zone": "us-east-1-az-1",
                            "tags.jra.subnet-type": "private",
                            "tags.jra.swarm-instance-type": "swarm-worker",
                            "tags.jra.swarm-node-type": "app-persistence",
                            "tenancy": "default",
                            "vpc_security_group_ids.#": "1",
                            "vpc_security_group_ids.1136819508": "sg-befc36c2"
                        },
                        "meta": {
                            "schema_version": "1"
                        },
                        "tainted": false
                    },
                    "deposed": [],
                    "provider": ""
                },
                "aws_instance.app-persistence-az-2": {
                    "type": "aws_instance",
                    "depends_on": [
                        "aws_security_group.private_app-persistence",
                        "aws_subnet.az-2-private",
                        "random_id.env-instance"
                    ],
                    "primary": {
                        "id": "i-0a47d87e84cfba002",
                        "attributes": {
                            "ami": "ami-a5e30db3",
                            "associate_public_ip_address": "true",
                            "availability_zone": "us-east-1b",
                            "disable_api_termination": "false",
                            "ebs_block_device.#": "0",
                            "ebs_optimized": "false",
                            "ephemeral_block_device.#": "0",
                            "iam_instance_profile": "",
                            "id": "i-0a47d87e84cfba002",
                            "instance_state": "running",
                            "instance_type": "t2.micro",
                            "key_name": "jra-build",
                            "monitoring": "false",
                            "network_interface_id": "eni-e036150e",
                            "private_dns": "ip-10-0-3-96.ec2.internal",
                            "private_ip": "10.0.3.96",
                            "public_dns": "ec2-52-91-215-132.compute-1.amazonaws.com",
                            "public_ip": "52.91.215.132",
                            "root_block_device.#": "1",
                            "root_block_device.0.delete_on_termination": "true",
                            "root_block_device.0.iops": "100",
                            "root_block_device.0.volume_size": "8",
                            "root_block_device.0.volume_type": "gp2",
                            "security_groups.#": "0",
                            "source_dest_check": "true",
                            "subnet_id": "subnet-237b546a",
                            "tags.%": "9",
                            "tags.Name": "jra-instance.swarm-worker.app-persistence.latest.us-east-1b",
                            "tags.jra.environment": "latest",
                            "tags.jra.environment-instance-id": "_dujtWSsEyk",
                            "tags.jra.environment-size": "small",
                            "tags.jra.environment_type": "latest",
                            "tags.jra.failure-zone": "us-east-1-az-2",
                            "tags.jra.subnet-type": "private",
                            "tags.jra.swarm-instance-type": "swarm-worker",
                            "tags.jra.swarm-node-type": "app-persistence",
                            "tenancy": "default",
                            "vpc_security_group_ids.#": "1",
                            "vpc_security_group_ids.1136819508": "sg-befc36c2"
                        },
                        "meta": {
                            "schema_version": "1"
                        },
                        "tainted": false
                    },
                    "deposed": [],
                    "provider": ""
                },
                "aws_instance.app-persistence-az-3": {
                    "type": "aws_instance",
                    "depends_on": [
                        "aws_security_group.private_app-persistence",
                        "aws_subnet.az-3-private",
                        "random_id.env-instance"
                    ],
                    "primary": {
                        "id": "i-0d9cf0e324fa1019c",
                        "attributes": {
                            "ami": "ami-a5e30db3",
                            "associate_public_ip_address": "true",
                            "availability_zone": "us-east-1c",
                            "disable_api_termination": "false",
                            "ebs_block_device.#": "0",
                            "ebs_optimized": "false",
                            "ephemeral_block_device.#": "0",
                            "iam_instance_profile": "",
                            "id": "i-0d9cf0e324fa1019c",
                            "instance_state": "running",
                            "instance_type": "t2.micro",
                            "key_name": "jra-build",
                            "monitoring": "false",
                            "network_interface_id": "eni-cd683f0f",
                            "private_dns": "ip-10-0-5-153.ec2.internal",
                            "private_ip": "10.0.5.153",
                            "public_dns": "ec2-52-23-154-180.compute-1.amazonaws.com",
                            "public_ip": "52.23.154.180",
                            "root_block_device.#": "1",
                            "root_block_device.0.delete_on_termination": "true",
                            "root_block_device.0.iops": "100",
                            "root_block_device.0.volume_size": "8",
                            "root_block_device.0.volume_type": "gp2",
                            "security_groups.#": "0",
                            "source_dest_check": "true",
                            "subnet_id": "subnet-0cf18557",
                            "tags.%": "9",
                            "tags.Name": "jra-instance.swarm-worker.app-persistence.latest.us-east-1c",
                            "tags.jra.environment": "latest",
                            "tags.jra.environment-instance-id": "_dujtWSsEyk",
                            "tags.jra.environment-size": "small",
                            "tags.jra.environment_type": "latest",
                            "tags.jra.failure-zone": "us-east-1-az-3",
                            "tags.jra.subnet-type": "private",
                            "tags.jra.swarm-instance-type": "swarm-worker",
                            "tags.jra.swarm-node-type": "app-persistence",
                            "tenancy": "default",
                            "vpc_security_group_ids.#": "1",
                            "vpc_security_group_ids.1136819508": "sg-befc36c2"
                        },
                        "meta": {
                            "schema_version": "1"
                        },
                        "tainted": false
                    },
                    "deposed": [],
                    "provider": ""
                },
                "aws_instance.app-ui-web-az-1": {
                    "type": "aws_instance",
                    "depends_on": [
                        "aws_security_group.public_app-ui-web",
                        "aws_subnet.az-1-public",
                        "random_id.env-instance"
                    ],
                    "primary": {
                        "id": "i-09f0690f7565826ea",
                        "attributes": {
                            "ami": "ami-a5e30db3",
                            "associate_public_ip_address": "true",
                            "availability_zone": "us-east-1a",
                            "disable_api_termination": "false",
                            "ebs_block_device.#": "0",
                            "ebs_optimized": "false",
                            "ephemeral_block_device.#": "0",
                            "iam_instance_profile": "",
                            "id": "i-09f0690f7565826ea",
                            "instance_state": "running",
                            "instance_type": "t2.micro",
                            "key_name": "jra-build",
                            "monitoring": "false",
                            "network_interface_id": "eni-74200084",
                            "private_dns": "ip-10-0-0-121.ec2.internal",
                            "private_ip": "10.0.0.121",
                            "public_dns": "ec2-54-89-177-212.compute-1.amazonaws.com",
                            "public_ip": "54.89.177.212",
                            "root_block_device.#": "1",
                            "root_block_device.0.delete_on_termination": "true",
                            "root_block_device.0.iops": "100",
                            "root_block_device.0.volume_size": "8",
                            "root_block_device.0.volume_type": "gp2",
                            "security_groups.#": "0",
                            "source_dest_check": "true",
                            "subnet_id": "subnet-e0aed0cd",
                            "tags.%": "9",
                            "tags.Name": "jra-instance.swarm-worker.app-ui-web.latest.us-east-1a",
                            "tags.jra.environment": "latest",
                            "tags.jra.environment-instance-id": "_dujtWSsEyk",
                            "tags.jra.environment-size": "small",
                            "tags.jra.environment_type": "latest",
                            "tags.jra.failure-zone": "us-east-1-az-1",
                            "tags.jra.subnet-type": "public",
                            "tags.jra.swarm-instance-type": "swarm-worker",
                            "tags.jra.swarm-node-type": "app-ui-web",
                            "tenancy": "default",
                            "vpc_security_group_ids.#": "1",
                            "vpc_security_group_ids.1982644111": "sg-c6fc36ba"
                        },
                        "meta": {
                            "schema_version": "1"
                        },
                        "tainted": false
                    },
                    "deposed": [],
                    "provider": ""
                },
                "aws_instance.app-ui-web-az-2": {
                    "type": "aws_instance",
                    "depends_on": [
                        "aws_security_group.public_app-ui-web",
                        "aws_subnet.az-2-public",
                        "random_id.env-instance"
                    ],
                    "primary": {
                        "id": "i-007d70787d9e76984",
                        "attributes": {
                            "ami": "ami-a5e30db3",
                            "associate_public_ip_address": "true",
                            "availability_zone": "us-east-1b",
                            "disable_api_termination": "false",
                            "ebs_block_device.#": "0",
                            "ebs_optimized": "false",
                            "ephemeral_block_device.#": "0",
                            "iam_instance_profile": "",
                            "id": "i-007d70787d9e76984",
                            "instance_state": "running",
                            "instance_type": "t2.micro",
                            "key_name": "jra-build",
                            "monitoring": "false",
                            "network_interface_id": "eni-c9351627",
                            "private_dns": "ip-10-0-2-107.ec2.internal",
                            "private_ip": "10.0.2.107",
                            "public_dns": "ec2-52-91-50-158.compute-1.amazonaws.com",
                            "public_ip": "52.91.50.158",
                            "root_block_device.#": "1",
                            "root_block_device.0.delete_on_termination": "true",
                            "root_block_device.0.iops": "100",
                            "root_block_device.0.volume_size": "8",
                            "root_block_device.0.volume_type": "gp2",
                            "security_groups.#": "0",
                            "source_dest_check": "true",
                            "subnet_id": "subnet-267b546f",
                            "tags.%": "9",
                            "tags.Name": "jra-instance.swarm-worker.app-ui-web.latest.us-east-1b",
                            "tags.jra.environment": "latest",
                            "tags.jra.environment-instance-id": "_dujtWSsEyk",
                            "tags.jra.environment-size": "small",
                            "tags.jra.environment_type": "latest",
                            "tags.jra.failure-zone": "us-east-1-az-2",
                            "tags.jra.subnet-type": "public",
                            "tags.jra.swarm-instance-type": "swarm-worker",
                            "tags.jra.swarm-node-type": "app-ui-web",
                            "tenancy": "default",
                            "vpc_security_group_ids.#": "1",
                            "vpc_security_group_ids.1982644111": "sg-c6fc36ba"
                        },
                        "meta": {
                            "schema_version": "1"
                        },
                        "tainted": false
                    },
                    "deposed": [],
                    "provider": ""
                },
                "aws_instance.app-ui-web-az-3": {
                    "type": "aws_instance",
                    "depends_on": [
                        "aws_security_group.public_app-ui-web",
                        "aws_subnet.az-3-public",
                        "random_id.env-instance"
                    ],
                    "primary": {
                        "id": "i-04f72c779755c2f66",
                        "attributes": {
                            "ami": "ami-a5e30db3",
                            "associate_public_ip_address": "true",
                            "availability_zone": "us-east-1c",
                            "disable_api_termination": "false",
                            "ebs_block_device.#": "0",
                            "ebs_optimized": "false",
                            "ephemeral_block_device.#": "0",
                            "iam_instance_profile": "",
                            "id": "i-04f72c779755c2f66",
                            "instance_state": "running",
                            "instance_type": "t2.micro",
                            "key_name": "jra-build",
                            "monitoring": "false",
                            "network_interface_id": "eni-af6b3c6d",
                            "private_dns": "ip-10-0-4-12.ec2.internal",
                            "private_ip": "10.0.4.12",
                            "public_dns": "ec2-52-205-210-221.compute-1.amazonaws.com",
                            "public_ip": "52.205.210.221",
                            "root_block_device.#": "1",
                            "root_block_device.0.delete_on_termination": "true",
                            "root_block_device.0.iops": "100",
                            "root_block_device.0.volume_size": "8",
                            "root_block_device.0.volume_type": "gp2",
                            "security_groups.#": "0",
                            "source_dest_check": "true",
                            "subnet_id": "subnet-06f1855d",
                            "tags.%": "9",
                            "tags.Name": "jra-instance.swarm-worker.app-ui-web.latest.us-east-1c",
                            "tags.jra.environment": "latest",
                            "tags.jra.environment-instance-id": "_dujtWSsEyk",
                            "tags.jra.environment-size": "small",
                            "tags.jra.environment_type": "latest",
                            "tags.jra.failure-zone": "us-east-1-az-3",
                            "tags.jra.subnet-type": "public",
                            "tags.jra.swarm-instance-type": "swarm-worker",
                            "tags.jra.swarm-node-type": "app-ui-web",
                            "tenancy": "default",
                            "vpc_security_group_ids.#": "1",
                            "vpc_security_group_ids.1982644111": "sg-c6fc36ba"
                        },
                        "meta": {
                            "schema_version": "1"
                        },
                        "tainted": false
                    },
                    "deposed": [],
                    "provider": ""
                },
                "aws_instance.build-az-1": {
                    "type": "aws_instance",
                    "depends_on": [
                        "aws_security_group.private_build",
                        "aws_subnet.az-1-private",
                        "random_id.env-instance"
                    ],
                    "primary": {
                        "id": "i-0a3d4f30c686e7048",
                        "attributes": {
                            "ami": "ami-a5e30db3",
                            "associate_public_ip_address": "true",
                            "availability_zone": "us-east-1a",
                            "disable_api_termination": "false",
                            "ebs_block_device.#": "0",
                            "ebs_optimized": "false",
                            "ephemeral_block_device.#": "0",
                            "iam_instance_profile": "",
                            "id": "i-0a3d4f30c686e7048",
                            "instance_state": "running",
                            "instance_type": "t2.micro",
                            "key_name": "jra-build",
                            "monitoring": "false",
                            "network_interface_id": "eni-265f7fd6",
                            "private_dns": "ip-10-0-1-90.ec2.internal",
                            "private_ip": "10.0.1.90",
                            "public_dns": "ec2-54-159-198-103.compute-1.amazonaws.com",
                            "public_ip": "54.159.198.103",
                            "root_block_device.#": "1",
                            "root_block_device.0.delete_on_termination": "true",
                            "root_block_device.0.iops": "100",
                            "root_block_device.0.volume_size": "8",
                            "root_block_device.0.volume_type": "gp2",
                            "security_groups.#": "0",
                            "source_dest_check": "true",
                            "subnet_id": "subnet-f9aed0d4",
                            "tags.%": "9",
                            "tags.Name": "jra-instance.swarm-worker.infra-build.latest.us-east-1a",
                            "tags.jra.environment": "latest",
                            "tags.jra.environment-instance-id": "_dujtWSsEyk",
                            "tags.jra.environment-size": "small",
                            "tags.jra.environment_type": "latest",
                            "tags.jra.failure-zone": "us-east-1-az-1",
                            "tags.jra.subnet-type": "private",
                            "tags.jra.swarm-instance-type": "swarm-worker",
                            "tags.jra.swarm-node-type": "infra-build",
                            "tenancy": "default",
                            "vpc_security_group_ids.#": "1",
                            "vpc_security_group_ids.599688938": "sg-cbfc36b7"
                        },
                        "meta": {
                            "schema_version": "1"
                        },
                        "tainted": false
                    },
                    "deposed": [],
                    "provider": ""
                },
                "aws_instance.build-az-2": {
                    "type": "aws_instance",
                    "depends_on": [
                        "aws_security_group.private_build",
                        "aws_subnet.az-2-private",
                        "random_id.env-instance"
                    ],
                    "primary": {
                        "id": "i-03c75840d66cc6c0e",
                        "attributes": {
                            "ami": "ami-a5e30db3",
                            "associate_public_ip_address": "true",
                            "availability_zone": "us-east-1b",
                            "disable_api_termination": "false",
                            "ebs_block_device.#": "0",
                            "ebs_optimized": "false",
                            "ephemeral_block_device.#": "0",
                            "iam_instance_profile": "",
                            "id": "i-03c75840d66cc6c0e",
                            "instance_state": "running",
                            "instance_type": "t2.micro",
                            "key_name": "jra-build",
                            "monitoring": "false",
                            "network_interface_id": "eni-9336157d",
                            "private_dns": "ip-10-0-3-35.ec2.internal",
                            "private_ip": "10.0.3.35",
                            "public_dns": "ec2-54-157-255-44.compute-1.amazonaws.com",
                            "public_ip": "54.157.255.44",
                            "root_block_device.#": "1",
                            "root_block_device.0.delete_on_termination": "true",
                            "root_block_device.0.iops": "100",
                            "root_block_device.0.volume_size": "8",
                            "root_block_device.0.volume_type": "gp2",
                            "security_groups.#": "0",
                            "source_dest_check": "true",
                            "subnet_id": "subnet-237b546a",
                            "tags.%": "9",
                            "tags.Name": "jra-instance.swarm-worker.infra-build.latest.us-east-1b",
                            "tags.jra.environment": "latest",
                            "tags.jra.environment-instance-id": "_dujtWSsEyk",
                            "tags.jra.environment-size": "small",
                            "tags.jra.environment_type": "latest",
                            "tags.jra.failure-zone": "us-east-1-az-2",
                            "tags.jra.subnet-type": "private",
                            "tags.jra.swarm-instance-type": "swarm-worker",
                            "tags.jra.swarm-node-type": "infra-build",
                            "tenancy": "default",
                            "vpc_security_group_ids.#": "1",
                            "vpc_security_group_ids.599688938": "sg-cbfc36b7"
                        },
                        "meta": {
                            "schema_version": "1"
                        },
                        "tainted": false
                    },
                    "deposed": [],
                    "provider": ""
                },
                "aws_instance.build-az-3": {
                    "type": "aws_instance",
                    "depends_on": [
                        "aws_security_group.private_build",
                        "aws_subnet.az-3-private",
                        "random_id.env-instance"
                    ],
                    "primary": {
                        "id": "i-079f147db1fb96f21",
                        "attributes": {
                            "ami": "ami-a5e30db3",
                            "associate_public_ip_address": "true",
                            "availability_zone": "us-east-1c",
                            "disable_api_termination": "false",
                            "ebs_block_device.#": "0",
                            "ebs_optimized": "false",
                            "ephemeral_block_device.#": "0",
                            "iam_instance_profile": "",
                            "id": "i-079f147db1fb96f21",
                            "instance_state": "running",
                            "instance_type": "t2.micro",
                            "key_name": "jra-build",
                            "monitoring": "false",
                            "network_interface_id": "eni-65693ea7",
                            "private_dns": "ip-10-0-5-120.ec2.internal",
                            "private_ip": "10.0.5.120",
                            "public_dns": "ec2-54-88-86-142.compute-1.amazonaws.com",
                            "public_ip": "54.88.86.142",
                            "root_block_device.#": "1",
                            "root_block_device.0.delete_on_termination": "true",
                            "root_block_device.0.iops": "100",
                            "root_block_device.0.volume_size": "8",
                            "root_block_device.0.volume_type": "gp2",
                            "security_groups.#": "0",
                            "source_dest_check": "true",
                            "subnet_id": "subnet-0cf18557",
                            "tags.%": "9",
                            "tags.Name": "jra-instance.swarm-worker.infra-build.latest.us-east-1c",
                            "tags.jra.environment": "latest",
                            "tags.jra.environment-instance-id": "_dujtWSsEyk",
                            "tags.jra.environment-size": "small",
                            "tags.jra.environment_type": "latest",
                            "tags.jra.failure-zone": "us-east-1-az-3",
                            "tags.jra.subnet-type": "private",
                            "tags.jra.swarm-instance-type": "swarm-worker",
                            "tags.jra.swarm-node-type": "infra-build",
                            "tenancy": "default",
                            "vpc_security_group_ids.#": "1",
                            "vpc_security_group_ids.599688938": "sg-cbfc36b7"
                        },
                        "meta": {
                            "schema_version": "1"
                        },
                        "tainted": false
                    },
                    "deposed": [],
                    "provider": ""
                },
                "aws_instance.infra-logging-az-1": {
                    "type": "aws_instance",
                    "depends_on": [
                        "aws_security_group.private_infra-logging",
                        "aws_subnet.az-1-private",
                        "random_id.env-instance"
                    ],
                    "primary": {
                        "id": "i-0d5781c44f1b90b6b",
                        "attributes": {
                            "ami": "ami-a5e30db3",
                            "associate_public_ip_address": "true",
                            "availability_zone": "us-east-1a",
                            "disable_api_termination": "false",
                            "ebs_block_device.#": "0",
                            "ebs_optimized": "false",
                            "ephemeral_block_device.#": "0",
                            "iam_instance_profile": "",
                            "id": "i-0d5781c44f1b90b6b",
                            "instance_state": "running",
                            "instance_type": "t2.micro",
                            "key_name": "jra-build",
                            "monitoring": "false",
                            "network_interface_id": "eni-be21014e",
                            "private_dns": "ip-10-0-1-137.ec2.internal",
                            "private_ip": "10.0.1.137",
                            "public_dns": "ec2-54-92-242-177.compute-1.amazonaws.com",
                            "public_ip": "54.92.242.177",
                            "root_block_device.#": "1",
                            "root_block_device.0.delete_on_termination": "true",
                            "root_block_device.0.iops": "100",
                            "root_block_device.0.volume_size": "8",
                            "root_block_device.0.volume_type": "gp2",
                            "security_groups.#": "0",
                            "source_dest_check": "true",
                            "subnet_id": "subnet-f9aed0d4",
                            "tags.%": "9",
                            "tags.Name": "jra-instance.swarm-worker.infra-logging.latest.us-east-1a",
                            "tags.jra.environment": "latest",
                            "tags.jra.environment-instance-id": "_dujtWSsEyk",
                            "tags.jra.environment-size": "small",
                            "tags.jra.environment_type": "latest",
                            "tags.jra.failure-zone": "us-east-1-az-1",
                            "tags.jra.subnet-type": "private",
                            "tags.jra.swarm-instance-type": "swarm-worker",
                            "tags.jra.swarm-node-type": "infra-logging",
                            "tenancy": "default",
                            "vpc_security_group_ids.#": "1",
                            "vpc_security_group_ids.3965868683": "sg-c9fc36b5"
                        },
                        "meta": {
                            "schema_version": "1"
                        },
                        "tainted": false
                    },
                    "deposed": [],
                    "provider": ""
                },
                "aws_instance.infra-logging-az-2": {
                    "type": "aws_instance",
                    "depends_on": [
                        "aws_security_group.private_infra-logging",
                        "aws_subnet.az-2-private",
                        "random_id.env-instance"
                    ],
                    "primary": {
                        "id": "i-037e9a70fbdc5f247",
                        "attributes": {
                            "ami": "ami-a5e30db3",
                            "associate_public_ip_address": "true",
                            "availability_zone": "us-east-1b",
                            "disable_api_termination": "false",
                            "ebs_block_device.#": "0",
                            "ebs_optimized": "false",
                            "ephemeral_block_device.#": "0",
                            "iam_instance_profile": "",
                            "id": "i-037e9a70fbdc5f247",
                            "instance_state": "running",
                            "instance_type": "t2.micro",
                            "key_name": "jra-build",
                            "monitoring": "false",
                            "network_interface_id": "eni-503417be",
                            "private_dns": "ip-10-0-3-253.ec2.internal",
                            "private_ip": "10.0.3.253",
                            "public_dns": "ec2-54-158-5-77.compute-1.amazonaws.com",
                            "public_ip": "54.158.5.77",
                            "root_block_device.#": "1",
                            "root_block_device.0.delete_on_termination": "true",
                            "root_block_device.0.iops": "100",
                            "root_block_device.0.volume_size": "8",
                            "root_block_device.0.volume_type": "gp2",
                            "security_groups.#": "0",
                            "source_dest_check": "true",
                            "subnet_id": "subnet-237b546a",
                            "tags.%": "9",
                            "tags.Name": "jra-instance.swarm-worker.infra-logging.latest.us-east-1b",
                            "tags.jra.environment": "latest",
                            "tags.jra.environment-instance-id": "_dujtWSsEyk",
                            "tags.jra.environment-size": "small",
                            "tags.jra.environment_type": "latest",
                            "tags.jra.failure-zone": "us-east-1-az-2",
                            "tags.jra.subnet-type": "private",
                            "tags.jra.swarm-instance-type": "swarm-worker",
                            "tags.jra.swarm-node-type": "infra-logging",
                            "tenancy": "default",
                            "vpc_security_group_ids.#": "1",
                            "vpc_security_group_ids.3965868683": "sg-c9fc36b5"
                        },
                        "meta": {
                            "schema_version": "1"
                        },
                        "tainted": false
                    },
                    "deposed": [],
                    "provider": ""
                },
                "aws_instance.infra-logging-az-3": {
                    "type": "aws_instance",
                    "depends_on": [
                        "aws_security_group.private_infra-logging",
                        "aws_subnet.az-3-private",
                        "random_id.env-instance"
                    ],
                    "primary": {
                        "id": "i-01ff107d4b2187bae",
                        "attributes": {
                            "ami": "ami-a5e30db3",
                            "associate_public_ip_address": "true",
                            "availability_zone": "us-east-1c",
                            "disable_api_termination": "false",
                            "ebs_block_device.#": "0",
                            "ebs_optimized": "false",
                            "ephemeral_block_device.#": "0",
                            "iam_instance_profile": "",
                            "id": "i-01ff107d4b2187bae",
                            "instance_state": "running",
                            "instance_type": "t2.micro",
                            "key_name": "jra-build",
                            "monitoring": "false",
                            "network_interface_id": "eni-82693e40",
                            "private_dns": "ip-10-0-5-192.ec2.internal",
                            "private_ip": "10.0.5.192",
                            "public_dns": "ec2-54-83-127-205.compute-1.amazonaws.com",
                            "public_ip": "54.83.127.205",
                            "root_block_device.#": "1",
                            "root_block_device.0.delete_on_termination": "true",
                            "root_block_device.0.iops": "100",
                            "root_block_device.0.volume_size": "8",
                            "root_block_device.0.volume_type": "gp2",
                            "security_groups.#": "0",
                            "source_dest_check": "true",
                            "subnet_id": "subnet-0cf18557",
                            "tags.%": "9",
                            "tags.Name": "jra-instance.swarm-worker.infra-logging.latest.us-east-1c",
                            "tags.jra.environment": "latest",
                            "tags.jra.environment-instance-id": "_dujtWSsEyk",
                            "tags.jra.environment-size": "small",
                            "tags.jra.environment_type": "latest",
                            "tags.jra.failure-zone": "us-east-1-az-3",
                            "tags.jra.subnet-type": "private",
                            "tags.jra.swarm-instance-type": "swarm-worker",
                            "tags.jra.swarm-node-type": "infra-logging",
                            "tenancy": "default",
                            "vpc_security_group_ids.#": "1",
                            "vpc_security_group_ids.3965868683": "sg-c9fc36b5"
                        },
                        "meta": {
                            "schema_version": "1"
                        },
                        "tainted": false
                    },
                    "deposed": [],
                    "provider": ""
                },
                "aws_instance.swarm-manager-az-1": {
                    "type": "aws_instance",
                    "depends_on": [
                        "aws_security_group.private_swarm-manager",
                        "aws_subnet.az-1-private",
                        "random_id.env-instance"
                    ],
                    "primary": {
                        "id": "i-04177d226f5e0ce2c",
                        "attributes": {
                            "ami": "ami-a5e30db3",
                            "associate_public_ip_address": "true",
                            "availability_zone": "us-east-1a",
                            "disable_api_termination": "false",
                            "ebs_block_device.#": "0",
                            "ebs_optimized": "false",
                            "ephemeral_block_device.#": "0",
                            "iam_instance_profile": "",
                            "id": "i-04177d226f5e0ce2c",
                            "instance_state": "running",
                            "instance_type": "t2.micro",
                            "key_name": "jra-build",
                            "monitoring": "false",
                            "network_interface_id": "eni-ef5f7f1f",
                            "private_dns": "ip-10-0-1-207.ec2.internal",
                            "private_ip": "10.0.1.207",
                            "public_dns": "ec2-54-89-39-9.compute-1.amazonaws.com",
                            "public_ip": "54.89.39.9",
                            "root_block_device.#": "1",
                            "root_block_device.0.delete_on_termination": "true",
                            "root_block_device.0.iops": "100",
                            "root_block_device.0.volume_size": "8",
                            "root_block_device.0.volume_type": "gp2",
                            "security_groups.#": "0",
                            "source_dest_check": "true",
                            "subnet_id": "subnet-f9aed0d4",
                            "tags.%": "9",
                            "tags.Name": "jra-instance.swarm-manager.infra-swarm-manager.latest.us-east-1a",
                            "tags.jra.environment": "latest",
                            "tags.jra.environment-instance-id": "_dujtWSsEyk",
                            "tags.jra.environment-size": "small",
                            "tags.jra.environment_type": "latest",
                            "tags.jra.failure-zone": "us-east-1-az-1",
                            "tags.jra.subnet-type": "private",
                            "tags.jra.swarm-instance-type": "swarm-manager",
                            "tags.jra.swarm-node-type": "infra-swarm-manager",
                            "tenancy": "default",
                            "vpc_security_group_ids.#": "1",
                            "vpc_security_group_ids.970156884": "sg-b9fc36c5"
                        },
                        "meta": {
                            "schema_version": "1"
                        },
                        "tainted": false
                    },
                    "deposed": [],
                    "provider": ""
                },
                "aws_instance.swarm-manager-az-2": {
                    "type": "aws_instance",
                    "depends_on": [
                        "aws_security_group.private_swarm-manager",
                        "aws_subnet.az-2-private",
                        "random_id.env-instance"
                    ],
                    "primary": {
                        "id": "i-03e3a8e63175457f6",
                        "attributes": {
                            "ami": "ami-a5e30db3",
                            "associate_public_ip_address": "true",
                            "availability_zone": "us-east-1b",
                            "disable_api_termination": "false",
                            "ebs_block_device.#": "0",
                            "ebs_optimized": "false",
                            "ephemeral_block_device.#": "0",
                            "iam_instance_profile": "",
                            "id": "i-03e3a8e63175457f6",
                            "instance_state": "running",
                            "instance_type": "t2.micro",
                            "key_name": "jra-build",
                            "monitoring": "false",
                            "network_interface_id": "eni-7b351695",
                            "private_dns": "ip-10-0-3-24.ec2.internal",
                            "private_ip": "10.0.3.24",
                            "public_dns": "ec2-54-91-90-246.compute-1.amazonaws.com",
                            "public_ip": "54.91.90.246",
                            "root_block_device.#": "1",
                            "root_block_device.0.delete_on_termination": "true",
                            "root_block_device.0.iops": "100",
                            "root_block_device.0.volume_size": "8",
                            "root_block_device.0.volume_type": "gp2",
                            "security_groups.#": "0",
                            "source_dest_check": "true",
                            "subnet_id": "subnet-237b546a",
                            "tags.%": "9",
                            "tags.Name": "jra-instance.swarm-manager.infra-swarm-manager.latest.us-east-1b",
                            "tags.jra.environment": "latest",
                            "tags.jra.environment-instance-id": "_dujtWSsEyk",
                            "tags.jra.environment-size": "small",
                            "tags.jra.environment_type": "latest",
                            "tags.jra.failure-zone": "us-east-1-az-2",
                            "tags.jra.subnet-type": "private",
                            "tags.jra.swarm-instance-type": "swarm-manager",
                            "tags.jra.swarm-node-type": "infra-swarm-manager",
                            "tenancy": "default",
                            "vpc_security_group_ids.#": "1",
                            "vpc_security_group_ids.970156884": "sg-b9fc36c5"
                        },
                        "meta": {
                            "schema_version": "1"
                        },
                        "tainted": false
                    },
                    "deposed": [],
                    "provider": ""
                },
                "aws_instance.swarm-manager-az-3": {
                    "type": "aws_instance",
                    "depends_on": [
                        "aws_security_group.private_swarm-manager",
                        "aws_subnet.az-3-private",
                        "random_id.env-instance"
                    ],
                    "primary": {
                        "id": "i-0c128e4469bb05fd5",
                        "attributes": {
                            "ami": "ami-a5e30db3",
                            "associate_public_ip_address": "true",
                            "availability_zone": "us-east-1c",
                            "disable_api_termination": "false",
                            "ebs_block_device.#": "0",
                            "ebs_optimized": "false",
                            "ephemeral_block_device.#": "0",
                            "iam_instance_profile": "",
                            "id": "i-0c128e4469bb05fd5",
                            "instance_state": "running",
                            "instance_type": "t2.micro",
                            "key_name": "jra-build",
                            "monitoring": "false",
                            "network_interface_id": "eni-236b3ce1",
                            "private_dns": "ip-10-0-5-107.ec2.internal",
                            "private_ip": "10.0.5.107",
                            "public_dns": "ec2-52-90-102-13.compute-1.amazonaws.com",
                            "public_ip": "52.90.102.13",
                            "root_block_device.#": "1",
                            "root_block_device.0.delete_on_termination": "true",
                            "root_block_device.0.iops": "100",
                            "root_block_device.0.volume_size": "8",
                            "root_block_device.0.volume_type": "gp2",
                            "security_groups.#": "0",
                            "source_dest_check": "true",
                            "subnet_id": "subnet-0cf18557",
                            "tags.%": "9",
                            "tags.Name": "jra-instance.swarm-manager.infra-swarm-manager.latest.us-east-1c",
                            "tags.jra.environment": "latest",
                            "tags.jra.environment-instance-id": "_dujtWSsEyk",
                            "tags.jra.environment-size": "small",
                            "tags.jra.environment_type": "latest",
                            "tags.jra.failure-zone": "us-east-1-az-3",
                            "tags.jra.subnet-type": "private",
                            "tags.jra.swarm-instance-type": "swarm-manager",
                            "tags.jra.swarm-node-type": "infra-swarm-manager",
                            "tenancy": "default",
                            "vpc_security_group_ids.#": "1",
                            "vpc_security_group_ids.970156884": "sg-b9fc36c5"
                        },
                        "meta": {
                            "schema_version": "1"
                        },
                        "tainted": false
                    },
                    "deposed": [],
                    "provider": ""
                },
                "aws_internet_gateway.jra_igw": {
                    "type": "aws_internet_gateway",
                    "depends_on": [
                        "aws_vpc.jra_vpc",
                        "random_id.env-instance"
                    ],
                    "primary": {
                        "id": "igw-dc9adebb",
                        "attributes": {
                            "id": "igw-dc9adebb",
                            "tags.%": "5",
                            "tags.Name": "jra-igw-latest-us-east-1",
                            "tags.jra.environment": "latest",
                            "tags.jra.environment-instance-id": "_dujtWSsEyk",
                            "tags.jra.environment-size": "small",
                            "tags.jra.environment_type": "latest",
                            "vpc_id": "vpc-59c0443f"
                        },
                        "meta": {},
                        "tainted": false
                    },
                    "deposed": [],
                    "provider": ""
                },
                "aws_nat_gateway.az-1-public": {
                    "type": "aws_nat_gateway",
                    "depends_on": [
                        "aws_eip.az-1-public",
                        "aws_subnet.az-1-public"
                    ],
                    "primary": {
                        "id": "nat-0b30bf5e0c1bbdc8d",
                        "attributes": {
                            "allocation_id": "eipalloc-728e124c",
                            "id": "nat-0b30bf5e0c1bbdc8d",
                            "network_interface_id": "eni-8e25057e",
                            "private_ip": "10.0.0.231",
                            "public_ip": "34.197.77.45",
                            "subnet_id": "subnet-e0aed0cd"
                        },
                        "meta": {},
                        "tainted": false
                    },
                    "deposed": [],
                    "provider": ""
                },
                "aws_nat_gateway.az-2-public": {
                    "type": "aws_nat_gateway",
                    "depends_on": [
                        "aws_eip.az-2-public",
                        "aws_subnet.az-2-public"
                    ],
                    "primary": {
                        "id": "nat-0d3ace6519e5a2138",
                        "attributes": {
                            "allocation_id": "eipalloc-618f135f",
                            "id": "nat-0d3ace6519e5a2138",
                            "network_interface_id": "eni-c435162a",
                            "private_ip": "10.0.2.30",
                            "public_ip": "34.195.232.62",
                            "subnet_id": "subnet-267b546f"
                        },
                        "meta": {},
                        "tainted": false
                    },
                    "deposed": [],
                    "provider": ""
                },
                "aws_nat_gateway.az-3-public": {
                    "type": "aws_nat_gateway",
                    "depends_on": [
                        "aws_eip.az-3-public",
                        "aws_subnet.az-3-public"
                    ],
                    "primary": {
                        "id": "nat-03df22eef260caaa0",
                        "attributes": {
                            "allocation_id": "eipalloc-428d117c",
                            "id": "nat-03df22eef260caaa0",
                            "network_interface_id": "eni-d3683f11",
                            "private_ip": "10.0.4.9",
                            "public_ip": "34.195.242.196",
                            "subnet_id": "subnet-06f1855d"
                        },
                        "meta": {},
                        "tainted": false
                    },
                    "deposed": [],
                    "provider": ""
                },
                "aws_route53_record.blog": {
                    "type": "aws_route53_record",
                    "depends_on": [
                        "aws_elb.elb-public-swarm",
                        "aws_elb.elb-public-swarm"
                    ],
                    "primary": {
                        "id": "Z3FJU1EE4AHCEF_blog.joericearchitect.com_A",
                        "attributes": {
                            "alias.#": "1",
                            "alias.3579383378.evaluate_target_health": "true",
                            "alias.3579383378.name": "jra-elb-latest-us-east-1-public-1565220013.us-east-1.elb.amazonaws.com",
                            "alias.3579383378.zone_id": "Z35SXDOTRQ7X7K",
                            "fqdn": "blog.joericearchitect.com",
                            "health_check_id": "",
                            "id": "Z3FJU1EE4AHCEF_blog.joericearchitect.com_A",
                            "name": "blog.joericearchitect.com",
                            "records.#": "0",
                            "set_identifier": "",
                            "ttl": "0",
                            "type": "A",
                            "zone_id": "Z3FJU1EE4AHCEF"
                        },
                        "meta": {
                            "schema_version": "2"
                        },
                        "tainted": false
                    },
                    "deposed": [],
                    "provider": ""
                },
                "aws_route53_record.build": {
                    "type": "aws_route53_record",
                    "depends_on": [
                        "aws_elb.elb-public-swarm",
                        "aws_elb.elb-public-swarm"
                    ],
                    "primary": {
                        "id": "Z3FJU1EE4AHCEF_build.joericearchitect.com_A",
                        "attributes": {
                            "alias.#": "1",
                            "alias.3579383378.evaluate_target_health": "true",
                            "alias.3579383378.name": "jra-elb-latest-us-east-1-public-1565220013.us-east-1.elb.amazonaws.com",
                            "alias.3579383378.zone_id": "Z35SXDOTRQ7X7K",
                            "fqdn": "build.joericearchitect.com",
                            "health_check_id": "",
                            "id": "Z3FJU1EE4AHCEF_build.joericearchitect.com_A",
                            "name": "build.joericearchitect.com",
                            "records.#": "0",
                            "set_identifier": "",
                            "ttl": "0",
                            "type": "A",
                            "zone_id": "Z3FJU1EE4AHCEF"
                        },
                        "meta": {
                            "schema_version": "2"
                        },
                        "tainted": false
                    },
                    "deposed": [],
                    "provider": ""
                },
                "aws_route53_record.dockerui": {
                    "type": "aws_route53_record",
                    "depends_on": [
                        "aws_elb.elb-public-swarm",
                        "aws_elb.elb-public-swarm"
                    ],
                    "primary": {
                        "id": "Z3FJU1EE4AHCEF_dockerui.joericearchitect.com_A",
                        "attributes": {
                            "alias.#": "1",
                            "alias.3579383378.evaluate_target_health": "true",
                            "alias.3579383378.name": "jra-elb-latest-us-east-1-public-1565220013.us-east-1.elb.amazonaws.com",
                            "alias.3579383378.zone_id": "Z35SXDOTRQ7X7K",
                            "fqdn": "dockerui.joericearchitect.com",
                            "health_check_id": "",
                            "id": "Z3FJU1EE4AHCEF_dockerui.joericearchitect.com_A",
                            "name": "dockerui.joericearchitect.com",
                            "records.#": "0",
                            "set_identifier": "",
                            "ttl": "0",
                            "type": "A",
                            "zone_id": "Z3FJU1EE4AHCEF"
                        },
                        "meta": {
                            "schema_version": "2"
                        },
                        "tainted": false
                    },
                    "deposed": [],
                    "provider": ""
                },
                "aws_route53_record.proxy": {
                    "type": "aws_route53_record",
                    "depends_on": [
                        "aws_elb.elb-public-swarm",
                        "aws_elb.elb-public-swarm"
                    ],
                    "primary": {
                        "id": "Z3FJU1EE4AHCEF_proxy.joericearchitect.com_A",
                        "attributes": {
                            "alias.#": "1",
                            "alias.3579383378.evaluate_target_health": "true",
                            "alias.3579383378.name": "jra-elb-latest-us-east-1-public-1565220013.us-east-1.elb.amazonaws.com",
                            "alias.3579383378.zone_id": "Z35SXDOTRQ7X7K",
                            "fqdn": "proxy.joericearchitect.com",
                            "health_check_id": "",
                            "id": "Z3FJU1EE4AHCEF_proxy.joericearchitect.com_A",
                            "name": "proxy.joericearchitect.com",
                            "records.#": "0",
                            "set_identifier": "",
                            "ttl": "0",
                            "type": "A",
                            "zone_id": "Z3FJU1EE4AHCEF"
                        },
                        "meta": {
                            "schema_version": "2"
                        },
                        "tainted": false
                    },
                    "deposed": [],
                    "provider": ""
                },
                "aws_route53_record.www": {
                    "type": "aws_route53_record",
                    "depends_on": [
                        "aws_elb.elb-public-swarm",
                        "aws_elb.elb-public-swarm"
                    ],
                    "primary": {
                        "id": "Z3FJU1EE4AHCEF_www.joericearchitect.com_A",
                        "attributes": {
                            "alias.#": "1",
                            "alias.3579383378.evaluate_target_health": "true",
                            "alias.3579383378.name": "jra-elb-latest-us-east-1-public-1565220013.us-east-1.elb.amazonaws.com",
                            "alias.3579383378.zone_id": "Z35SXDOTRQ7X7K",
                            "fqdn": "www.joericearchitect.com",
                            "health_check_id": "",
                            "id": "Z3FJU1EE4AHCEF_www.joericearchitect.com_A",
                            "name": "www.joericearchitect.com",
                            "records.#": "0",
                            "set_identifier": "",
                            "ttl": "0",
                            "type": "A",
                            "zone_id": "Z3FJU1EE4AHCEF"
                        },
                        "meta": {
                            "schema_version": "2"
                        },
                        "tainted": false
                    },
                    "deposed": [],
                    "provider": ""
                },
                "aws_route_table.private": {
                    "type": "aws_route_table",
                    "depends_on": [
                        "aws_internet_gateway.jra_igw",
                        "aws_vpc.jra_vpc",
                        "random_id.env-instance"
                    ],
                    "primary": {
                        "id": "rtb-4d827934",
                        "attributes": {
                            "id": "rtb-4d827934",
                            "propagating_vgws.#": "0",
                            "route.#": "1",
                            "route.999355132.cidr_block": "0.0.0.0/0",
                            "route.999355132.gateway_id": "igw-dc9adebb",
                            "route.999355132.instance_id": "",
                            "route.999355132.nat_gateway_id": "",
                            "route.999355132.network_interface_id": "",
                            "route.999355132.vpc_peering_connection_id": "",
                            "tags.%": "5",
                            "tags.Name": "jra-route-table-latest-us-east-1-private",
                            "tags.jra.environment": "latest",
                            "tags.jra.environment-instance-id": "_dujtWSsEyk",
                            "tags.jra.environment-size": "small",
                            "tags.jra.environment_type": "latest",
                            "vpc_id": "vpc-59c0443f"
                        },
                        "meta": {},
                        "tainted": false
                    },
                    "deposed": [],
                    "provider": ""
                },
                "aws_route_table.public": {
                    "type": "aws_route_table",
                    "depends_on": [
                        "aws_internet_gateway.jra_igw",
                        "aws_vpc.jra_vpc",
                        "random_id.env-instance"
                    ],
                    "primary": {
                        "id": "rtb-4a827933",
                        "attributes": {
                            "id": "rtb-4a827933",
                            "propagating_vgws.#": "0",
                            "route.#": "1",
                            "route.999355132.cidr_block": "0.0.0.0/0",
                            "route.999355132.gateway_id": "igw-dc9adebb",
                            "route.999355132.instance_id": "",
                            "route.999355132.nat_gateway_id": "",
                            "route.999355132.network_interface_id": "",
                            "route.999355132.vpc_peering_connection_id": "",
                            "tags.%": "5",
                            "tags.Name": "jra-route-table-latest-us-east-1-public",
                            "tags.jra.environment": "latest",
                            "tags.jra.environment-instance-id": "_dujtWSsEyk",
                            "tags.jra.environment-size": "small",
                            "tags.jra.environment_type": "latest",
                            "vpc_id": "vpc-59c0443f"
                        },
                        "meta": {},
                        "tainted": false
                    },
                    "deposed": [],
                    "provider": ""
                },
                "aws_route_table_association.az-1-private": {
                    "type": "aws_route_table_association",
                    "depends_on": [
                        "aws_route_table.private",
                        "aws_subnet.az-1-private"
                    ],
                    "primary": {
                        "id": "rtbassoc-aa8d53d2",
                        "attributes": {
                            "id": "rtbassoc-aa8d53d2",
                            "route_table_id": "rtb-4d827934",
                            "subnet_id": "subnet-f9aed0d4"
                        },
                        "meta": {},
                        "tainted": false
                    },
                    "deposed": [],
                    "provider": ""
                },
                "aws_route_table_association.az-1-public": {
                    "type": "aws_route_table_association",
                    "depends_on": [
                        "aws_route_table.public",
                        "aws_subnet.az-1-public"
                    ],
                    "primary": {
                        "id": "rtbassoc-b08d53c8",
                        "attributes": {
                            "id": "rtbassoc-b08d53c8",
                            "route_table_id": "rtb-4a827933",
                            "subnet_id": "subnet-e0aed0cd"
                        },
                        "meta": {},
                        "tainted": false
                    },
                    "deposed": [],
                    "provider": ""
                },
                "aws_route_table_association.az-2-private": {
                    "type": "aws_route_table_association",
                    "depends_on": [
                        "aws_route_table.private",
                        "aws_subnet.az-2-private"
                    ],
                    "primary": {
                        "id": "rtbassoc-9c8d53e4",
                        "attributes": {
                            "id": "rtbassoc-9c8d53e4",
                            "route_table_id": "rtb-4d827934",
                            "subnet_id": "subnet-237b546a"
                        },
                        "meta": {},
                        "tainted": false
                    },
                    "deposed": [],
                    "provider": ""
                },
                "aws_route_table_association.az-2-public": {
                    "type": "aws_route_table_association",
                    "depends_on": [
                        "aws_route_table.public",
                        "aws_subnet.az-2-public"
                    ],
                    "primary": {
                        "id": "rtbassoc-b28d53ca",
                        "attributes": {
                            "id": "rtbassoc-b28d53ca",
                            "route_table_id": "rtb-4a827933",
                            "subnet_id": "subnet-267b546f"
                        },
                        "meta": {},
                        "tainted": false
                    },
                    "deposed": [],
                    "provider": ""
                },
                "aws_route_table_association.az-3-private": {
                    "type": "aws_route_table_association",
                    "depends_on": [
                        "aws_route_table.private",
                        "aws_subnet.az-3-private"
                    ],
                    "primary": {
                        "id": "rtbassoc-9d8d53e5",
                        "attributes": {
                            "id": "rtbassoc-9d8d53e5",
                            "route_table_id": "rtb-4d827934",
                            "subnet_id": "subnet-0cf18557"
                        },
                        "meta": {},
                        "tainted": false
                    },
                    "deposed": [],
                    "provider": ""
                },
                "aws_route_table_association.az-3-public": {
                    "type": "aws_route_table_association",
                    "depends_on": [
                        "aws_route_table.public",
                        "aws_subnet.az-3-public"
                    ],
                    "primary": {
                        "id": "rtbassoc-b58d53cd",
                        "attributes": {
                            "id": "rtbassoc-b58d53cd",
                            "route_table_id": "rtb-4a827933",
                            "subnet_id": "subnet-06f1855d"
                        },
                        "meta": {},
                        "tainted": false
                    },
                    "deposed": [],
                    "provider": ""
                },
                "aws_security_group.elb-public-swarm": {
                    "type": "aws_security_group",
                    "depends_on": [
                        "aws_vpc.jra_vpc",
                        "random_id.env-instance"
                    ],
                    "primary": {
                        "id": "sg-bdfc36c1",
                        "attributes": {
                            "description": "Security groups for public swarm elb",
                            "egress.#": "1",
                            "egress.482069346.cidr_blocks.#": "1",
                            "egress.482069346.cidr_blocks.0": "0.0.0.0/0",
                            "egress.482069346.from_port": "0",
                            "egress.482069346.prefix_list_ids.#": "0",
                            "egress.482069346.protocol": "-1",
                            "egress.482069346.security_groups.#": "0",
                            "egress.482069346.self": "false",
                            "egress.482069346.to_port": "0",
                            "id": "sg-bdfc36c1",
                            "ingress.#": "1",
                            "ingress.482069346.cidr_blocks.#": "1",
                            "ingress.482069346.cidr_blocks.0": "0.0.0.0/0",
                            "ingress.482069346.from_port": "0",
                            "ingress.482069346.protocol": "-1",
                            "ingress.482069346.security_groups.#": "0",
                            "ingress.482069346.self": "false",
                            "ingress.482069346.to_port": "0",
                            "name": "jra-sg-latest-us-east-1-public-swarm-elb",
                            "owner_id": "193862077204",
                            "tags.%": "5",
                            "tags.Name": "jra-sg-latest-us-east-1-public-swarm-elb",
                            "tags.jra.environment": "latest",
                            "tags.jra.environment-instance-id": "_dujtWSsEyk",
                            "tags.jra.environment-size": "small",
                            "tags.jra.environment_type": "latest",
                            "vpc_id": "vpc-59c0443f"
                        },
                        "meta": {},
                        "tainted": false
                    },
                    "deposed": [],
                    "provider": ""
                },
                "aws_security_group.private_admin": {
                    "type": "aws_security_group",
                    "depends_on": [
                        "aws_vpc.jra_vpc",
                        "random_id.env-instance"
                    ],
                    "primary": {
                        "id": "sg-c7fc36bb",
                        "attributes": {
                            "description": "Swarm Nodes that will run containers related to admin apps (timetracking, jira, wikis, etc)",
                            "egress.#": "1",
                            "egress.482069346.cidr_blocks.#": "1",
                            "egress.482069346.cidr_blocks.0": "0.0.0.0/0",
                            "egress.482069346.from_port": "0",
                            "egress.482069346.prefix_list_ids.#": "0",
                            "egress.482069346.protocol": "-1",
                            "egress.482069346.security_groups.#": "0",
                            "egress.482069346.self": "false",
                            "egress.482069346.to_port": "0",
                            "id": "sg-c7fc36bb",
                            "ingress.#": "1",
                            "ingress.482069346.cidr_blocks.#": "1",
                            "ingress.482069346.cidr_blocks.0": "0.0.0.0/0",
                            "ingress.482069346.from_port": "0",
                            "ingress.482069346.protocol": "-1",
                            "ingress.482069346.security_groups.#": "0",
                            "ingress.482069346.self": "false",
                            "ingress.482069346.to_port": "0",
                            "name": "jra-sg-latest-us-east-1-private-admin",
                            "owner_id": "193862077204",
                            "tags.%": "5",
                            "tags.Name": "jra-sg-latest-us-east-1-private-admin",
                            "tags.jra.environment": "latest",
                            "tags.jra.environment-instance-id": "_dujtWSsEyk",
                            "tags.jra.environment-size": "small",
                            "tags.jra.environment_type": "latest",
                            "vpc_id": "vpc-59c0443f"
                        },
                        "meta": {},
                        "tainted": false
                    },
                    "deposed": [],
                    "provider": ""
                },
                "aws_security_group.private_app-api-service": {
                    "type": "aws_security_group",
                    "depends_on": [
                        "aws_vpc.jra_vpc",
                        "random_id.env-instance"
                    ],
                    "primary": {
                        "id": "sg-c5fc36b9",
                        "attributes": {
                            "description": "Swarm Nodes that will run containers related to storage persistence for mangement apps (databases, caches, etc)",
                            "egress.#": "1",
                            "egress.482069346.cidr_blocks.#": "1",
                            "egress.482069346.cidr_blocks.0": "0.0.0.0/0",
                            "egress.482069346.from_port": "0",
                            "egress.482069346.prefix_list_ids.#": "0",
                            "egress.482069346.protocol": "-1",
                            "egress.482069346.security_groups.#": "0",
                            "egress.482069346.self": "false",
                            "egress.482069346.to_port": "0",
                            "id": "sg-c5fc36b9",
                            "ingress.#": "1",
                            "ingress.482069346.cidr_blocks.#": "1",
                            "ingress.482069346.cidr_blocks.0": "0.0.0.0/0",
                            "ingress.482069346.from_port": "0",
                            "ingress.482069346.protocol": "-1",
                            "ingress.482069346.security_groups.#": "0",
                            "ingress.482069346.self": "false",
                            "ingress.482069346.to_port": "0",
                            "name": "jra-sg-latest-us-east-1-private-app-api-service",
                            "owner_id": "193862077204",
                            "tags.%": "5",
                            "tags.Name": "jra-sg-latest-us-east-1-private-app-api-service",
                            "tags.jra.environment": "latest",
                            "tags.jra.environment-instance-id": "_dujtWSsEyk",
                            "tags.jra.environment-size": "small",
                            "tags.jra.environment_type": "latest",
                            "vpc_id": "vpc-59c0443f"
                        },
                        "meta": {},
                        "tainted": false
                    },
                    "deposed": [],
                    "provider": ""
                },
                "aws_security_group.private_app-persistence": {
                    "type": "aws_security_group",
                    "depends_on": [
                        "aws_vpc.jra_vpc",
                        "random_id.env-instance"
                    ],
                    "primary": {
                        "id": "sg-befc36c2",
                        "attributes": {
                            "description": "Swarm Nodes that will run containers related to storage persistence for mangement apps (databases, caches, etc)",
                            "egress.#": "1",
                            "egress.482069346.cidr_blocks.#": "1",
                            "egress.482069346.cidr_blocks.0": "0.0.0.0/0",
                            "egress.482069346.from_port": "0",
                            "egress.482069346.prefix_list_ids.#": "0",
                            "egress.482069346.protocol": "-1",
                            "egress.482069346.security_groups.#": "0",
                            "egress.482069346.self": "false",
                            "egress.482069346.to_port": "0",
                            "id": "sg-befc36c2",
                            "ingress.#": "1",
                            "ingress.482069346.cidr_blocks.#": "1",
                            "ingress.482069346.cidr_blocks.0": "0.0.0.0/0",
                            "ingress.482069346.from_port": "0",
                            "ingress.482069346.protocol": "-1",
                            "ingress.482069346.security_groups.#": "0",
                            "ingress.482069346.self": "false",
                            "ingress.482069346.to_port": "0",
                            "name": "jra-sg-latest-us-east-1-private-app-persistence",
                            "owner_id": "193862077204",
                            "tags.%": "5",
                            "tags.Name": "jra-sg-latest-us-east-1-private-app-persistence",
                            "tags.jra.environment": "latest",
                            "tags.jra.environment-instance-id": "_dujtWSsEyk",
                            "tags.jra.environment-size": "small",
                            "tags.jra.environment_type": "latest",
                            "vpc_id": "vpc-59c0443f"
                        },
                        "meta": {},
                        "tainted": false
                    },
                    "deposed": [],
                    "provider": ""
                },
                "aws_security_group.private_build": {
                    "type": "aws_security_group",
                    "depends_on": [
                        "aws_vpc.jra_vpc",
                        "random_id.env-instance"
                    ],
                    "primary": {
                        "id": "sg-cbfc36b7",
                        "attributes": {
                            "description": "Swarm Nodes that will run containers related to builds \u0026 CI / CD pipelines",
                            "egress.#": "1",
                            "egress.482069346.cidr_blocks.#": "1",
                            "egress.482069346.cidr_blocks.0": "0.0.0.0/0",
                            "egress.482069346.from_port": "0",
                            "egress.482069346.prefix_list_ids.#": "0",
                            "egress.482069346.protocol": "-1",
                            "egress.482069346.security_groups.#": "0",
                            "egress.482069346.self": "false",
                            "egress.482069346.to_port": "0",
                            "id": "sg-cbfc36b7",
                            "ingress.#": "1",
                            "ingress.482069346.cidr_blocks.#": "1",
                            "ingress.482069346.cidr_blocks.0": "0.0.0.0/0",
                            "ingress.482069346.from_port": "0",
                            "ingress.482069346.protocol": "-1",
                            "ingress.482069346.security_groups.#": "0",
                            "ingress.482069346.self": "false",
                            "ingress.482069346.to_port": "0",
                            "name": "jra-sg-latest-us-east-1-private-build",
                            "owner_id": "193862077204",
                            "tags.%": "5",
                            "tags.Name": "jra-sg-latest-us-east-1-private-build",
                            "tags.jra.environment": "latest",
                            "tags.jra.environment-instance-id": "_dujtWSsEyk",
                            "tags.jra.environment-size": "small",
                            "tags.jra.environment_type": "latest",
                            "vpc_id": "vpc-59c0443f"
                        },
                        "meta": {},
                        "tainted": false
                    },
                    "deposed": [],
                    "provider": ""
                },
                "aws_security_group.private_infra-logging": {
                    "type": "aws_security_group",
                    "depends_on": [
                        "aws_vpc.jra_vpc",
                        "random_id.env-instance"
                    ],
                    "primary": {
                        "id": "sg-c9fc36b5",
                        "attributes": {
                            "description": "Swarm Nodes that will run containers related to centralized logging stack",
                            "egress.#": "1",
                            "egress.482069346.cidr_blocks.#": "1",
                            "egress.482069346.cidr_blocks.0": "0.0.0.0/0",
                            "egress.482069346.from_port": "0",
                            "egress.482069346.prefix_list_ids.#": "0",
                            "egress.482069346.protocol": "-1",
                            "egress.482069346.security_groups.#": "0",
                            "egress.482069346.self": "false",
                            "egress.482069346.to_port": "0",
                            "id": "sg-c9fc36b5",
                            "ingress.#": "1",
                            "ingress.482069346.cidr_blocks.#": "1",
                            "ingress.482069346.cidr_blocks.0": "0.0.0.0/0",
                            "ingress.482069346.from_port": "0",
                            "ingress.482069346.protocol": "-1",
                            "ingress.482069346.security_groups.#": "0",
                            "ingress.482069346.self": "false",
                            "ingress.482069346.to_port": "0",
                            "name": "jra-sg-latest-us-east-1-private-infra-logging",
                            "owner_id": "193862077204",
                            "tags.%": "5",
                            "tags.Name": "jra-sg-latest-us-east-1-private-infra-logging",
                            "tags.jra.environment": "latest",
                            "tags.jra.environment-instance-id": "_dujtWSsEyk",
                            "tags.jra.environment-size": "small",
                            "tags.jra.environment_type": "latest",
                            "vpc_id": "vpc-59c0443f"
                        },
                        "meta": {},
                        "tainted": false
                    },
                    "deposed": [],
                    "provider": ""
                },
                "aws_security_group.private_management": {
                    "type": "aws_security_group",
                    "depends_on": [
                        "aws_vpc.jra_vpc",
                        "random_id.env-instance"
                    ],
                    "primary": {
                        "id": "sg-b4fc36c8",
                        "attributes": {
                            "description": "Swarm Nodes that will run containers related to storage persistence for mangement apps (databases, caches, etc)",
                            "egress.#": "1",
                            "egress.482069346.cidr_blocks.#": "1",
                            "egress.482069346.cidr_blocks.0": "0.0.0.0/0",
                            "egress.482069346.from_port": "0",
                            "egress.482069346.prefix_list_ids.#": "0",
                            "egress.482069346.protocol": "-1",
                            "egress.482069346.security_groups.#": "0",
                            "egress.482069346.self": "false",
                            "egress.482069346.to_port": "0",
                            "id": "sg-b4fc36c8",
                            "ingress.#": "1",
                            "ingress.482069346.cidr_blocks.#": "1",
                            "ingress.482069346.cidr_blocks.0": "0.0.0.0/0",
                            "ingress.482069346.from_port": "0",
                            "ingress.482069346.protocol": "-1",
                            "ingress.482069346.security_groups.#": "0",
                            "ingress.482069346.self": "false",
                            "ingress.482069346.to_port": "0",
                            "name": "jra-sg-latest-us-east-1-private-management",
                            "owner_id": "193862077204",
                            "tags.%": "5",
                            "tags.Name": "jra-sg-latest-us-east-1-private-management",
                            "tags.jra.environment": "latest",
                            "tags.jra.environment-instance-id": "_dujtWSsEyk",
                            "tags.jra.environment-size": "small",
                            "tags.jra.environment_type": "latest",
                            "vpc_id": "vpc-59c0443f"
                        },
                        "meta": {},
                        "tainted": false
                    },
                    "deposed": [],
                    "provider": ""
                },
                "aws_security_group.private_management_persistence": {
                    "type": "aws_security_group",
                    "depends_on": [
                        "aws_vpc.jra_vpc",
                        "random_id.env-instance"
                    ],
                    "primary": {
                        "id": "sg-c4fc36b8",
                        "attributes": {
                            "description": "Swarm Nodes that will run containers related to storage persistence for mangement apps (databases, caches, etc)",
                            "egress.#": "1",
                            "egress.482069346.cidr_blocks.#": "1",
                            "egress.482069346.cidr_blocks.0": "0.0.0.0/0",
                            "egress.482069346.from_port": "0",
                            "egress.482069346.prefix_list_ids.#": "0",
                            "egress.482069346.protocol": "-1",
                            "egress.482069346.security_groups.#": "0",
                            "egress.482069346.self": "false",
                            "egress.482069346.to_port": "0",
                            "id": "sg-c4fc36b8",
                            "ingress.#": "1",
                            "ingress.482069346.cidr_blocks.#": "1",
                            "ingress.482069346.cidr_blocks.0": "0.0.0.0/0",
                            "ingress.482069346.from_port": "0",
                            "ingress.482069346.protocol": "-1",
                            "ingress.482069346.security_groups.#": "0",
                            "ingress.482069346.self": "false",
                            "ingress.482069346.to_port": "0",
                            "name": "jra-sg-latest-us-east-1-private-management-persistence",
                            "owner_id": "193862077204",
                            "tags.%": "5",
                            "tags.Name": "jra-sg-latest-us-east-1-private-management-persistence",
                            "tags.jra.environment": "latest",
                            "tags.jra.environment-instance-id": "_dujtWSsEyk",
                            "tags.jra.environment-size": "small",
                            "tags.jra.environment_type": "latest",
                            "vpc_id": "vpc-59c0443f"
                        },
                        "meta": {},
                        "tainted": false
                    },
                    "deposed": [],
                    "provider": ""
                },
                "aws_security_group.private_monitoring": {
                    "type": "aws_security_group",
                    "depends_on": [
                        "aws_vpc.jra_vpc",
                        "random_id.env-instance"
                    ],
                    "primary": {
                        "id": "sg-c8fc36b4",
                        "attributes": {
                            "description": "Swarm Nodes that will run containers related to monitoring (logging servers, metrics collection, etc",
                            "egress.#": "1",
                            "egress.482069346.cidr_blocks.#": "1",
                            "egress.482069346.cidr_blocks.0": "0.0.0.0/0",
                            "egress.482069346.from_port": "0",
                            "egress.482069346.prefix_list_ids.#": "0",
                            "egress.482069346.protocol": "-1",
                            "egress.482069346.security_groups.#": "0",
                            "egress.482069346.self": "false",
                            "egress.482069346.to_port": "0",
                            "id": "sg-c8fc36b4",
                            "ingress.#": "1",
                            "ingress.482069346.cidr_blocks.#": "1",
                            "ingress.482069346.cidr_blocks.0": "0.0.0.0/0",
                            "ingress.482069346.from_port": "0",
                            "ingress.482069346.protocol": "-1",
                            "ingress.482069346.security_groups.#": "0",
                            "ingress.482069346.self": "false",
                            "ingress.482069346.to_port": "0",
                            "name": "jra-sg-latest-us-east-1-private-monitoring",
                            "owner_id": "193862077204",
                            "tags.%": "5",
                            "tags.Name": "jra-sg-latest-us-east-1-private-management-persistence",
                            "tags.jra.environment": "latest",
                            "tags.jra.environment-instance-id": "_dujtWSsEyk",
                            "tags.jra.environment-size": "small",
                            "tags.jra.environment_type": "latest",
                            "vpc_id": "vpc-59c0443f"
                        },
                        "meta": {},
                        "tainted": false
                    },
                    "deposed": [],
                    "provider": ""
                },
                "aws_security_group.private_swarm-manager": {
                    "type": "aws_security_group",
                    "depends_on": [
                        "aws_vpc.jra_vpc",
                        "random_id.env-instance"
                    ],
                    "primary": {
                        "id": "sg-b9fc36c5",
                        "attributes": {
                            "description": "Swarm Manager that will run the docker swarm manager",
                            "egress.#": "1",
                            "egress.482069346.cidr_blocks.#": "1",
                            "egress.482069346.cidr_blocks.0": "0.0.0.0/0",
                            "egress.482069346.from_port": "0",
                            "egress.482069346.prefix_list_ids.#": "0",
                            "egress.482069346.protocol": "-1",
                            "egress.482069346.security_groups.#": "0",
                            "egress.482069346.self": "false",
                            "egress.482069346.to_port": "0",
                            "id": "sg-b9fc36c5",
                            "ingress.#": "1",
                            "ingress.482069346.cidr_blocks.#": "1",
                            "ingress.482069346.cidr_blocks.0": "0.0.0.0/0",
                            "ingress.482069346.from_port": "0",
                            "ingress.482069346.protocol": "-1",
                            "ingress.482069346.security_groups.#": "0",
                            "ingress.482069346.self": "false",
                            "ingress.482069346.to_port": "0",
                            "name": "jra-sg-latest-us-east-1-private-swarm-manager",
                            "owner_id": "193862077204",
                            "tags.%": "5",
                            "tags.Name": "jra-sg-latest-us-east-1-private-swarm-manager",
                            "tags.jra.environment": "latest",
                            "tags.jra.environment-instance-id": "_dujtWSsEyk",
                            "tags.jra.environment-size": "small",
                            "tags.jra.environment_type": "latest",
                            "vpc_id": "vpc-59c0443f"
                        },
                        "meta": {},
                        "tainted": false
                    },
                    "deposed": [],
                    "provider": ""
                },
                "aws_security_group.public_app-api-web": {
                    "type": "aws_security_group",
                    "depends_on": [
                        "aws_vpc.jra_vpc",
                        "random_id.env-instance"
                    ],
                    "primary": {
                        "id": "sg-bbfc36c7",
                        "attributes": {
                            "description": "Security groups for public web apis",
                            "egress.#": "1",
                            "egress.482069346.cidr_blocks.#": "1",
                            "egress.482069346.cidr_blocks.0": "0.0.0.0/0",
                            "egress.482069346.from_port": "0",
                            "egress.482069346.prefix_list_ids.#": "0",
                            "egress.482069346.protocol": "-1",
                            "egress.482069346.security_groups.#": "0",
                            "egress.482069346.self": "false",
                            "egress.482069346.to_port": "0",
                            "id": "sg-bbfc36c7",
                            "ingress.#": "1",
                            "ingress.482069346.cidr_blocks.#": "1",
                            "ingress.482069346.cidr_blocks.0": "0.0.0.0/0",
                            "ingress.482069346.from_port": "0",
                            "ingress.482069346.protocol": "-1",
                            "ingress.482069346.security_groups.#": "0",
                            "ingress.482069346.self": "false",
                            "ingress.482069346.to_port": "0",
                            "name": "jra-sg-latest-us-east-1-public-app-api-web",
                            "owner_id": "193862077204",
                            "tags.%": "5",
                            "tags.Name": "jra-sg-latest-us-east-1-public-app-api-web",
                            "tags.jra.environment": "latest",
                            "tags.jra.environment-instance-id": "_dujtWSsEyk",
                            "tags.jra.environment-size": "small",
                            "tags.jra.environment_type": "latest",
                            "vpc_id": "vpc-59c0443f"
                        },
                        "meta": {},
                        "tainted": false
                    },
                    "deposed": [],
                    "provider": ""
                },
                "aws_security_group.public_app-ui-web": {
                    "type": "aws_security_group",
                    "depends_on": [
                        "aws_vpc.jra_vpc",
                        "random_id.env-instance"
                    ],
                    "primary": {
                        "id": "sg-c6fc36ba",
                        "attributes": {
                            "description": "Security Group for public web ui apps",
                            "egress.#": "1",
                            "egress.482069346.cidr_blocks.#": "1",
                            "egress.482069346.cidr_blocks.0": "0.0.0.0/0",
                            "egress.482069346.from_port": "0",
                            "egress.482069346.prefix_list_ids.#": "0",
                            "egress.482069346.protocol": "-1",
                            "egress.482069346.security_groups.#": "0",
                            "egress.482069346.self": "false",
                            "egress.482069346.to_port": "0",
                            "id": "sg-c6fc36ba",
                            "ingress.#": "1",
                            "ingress.482069346.cidr_blocks.#": "1",
                            "ingress.482069346.cidr_blocks.0": "0.0.0.0/0",
                            "ingress.482069346.from_port": "0",
                            "ingress.482069346.protocol": "-1",
                            "ingress.482069346.security_groups.#": "0",
                            "ingress.482069346.self": "false",
                            "ingress.482069346.to_port": "0",
                            "name": "jra-sg-latest-us-east-1-public-app-ui-web",
                            "owner_id": "193862077204",
                            "tags.%": "5",
                            "tags.Name": "jra-sg-latest-us-east-1-public-app-ui-web",
                            "tags.jra.environment": "latest",
                            "tags.jra.environment-instance-id": "_dujtWSsEyk",
                            "tags.jra.environment-size": "small",
                            "tags.jra.environment_type": "latest",
                            "vpc_id": "vpc-59c0443f"
                        },
                        "meta": {},
                        "tainted": false
                    },
                    "deposed": [],
                    "provider": ""
                },
                "aws_subnet.az-1-private": {
                    "type": "aws_subnet",
                    "depends_on": [
                        "aws_vpc.jra_vpc",
                        "random_id.env-instance"
                    ],
                    "primary": {
                        "id": "subnet-f9aed0d4",
                        "attributes": {
                            "availability_zone": "us-east-1a",
                            "cidr_block": "10.0.1.0/24",
                            "id": "subnet-f9aed0d4",
                            "map_public_ip_on_launch": "true",
                            "tags.%": "6",
                            "tags.Name": "jra-subnet-latest-us-east-1a-private",
                            "tags.jra.environment": "latest",
                            "tags.jra.environment-instance-id": "_dujtWSsEyk",
                            "tags.jra.environment-size": "small",
                            "tags.jra.environment_type": "latest",
                            "tags.jra.failure-zone": "us-east-1-az-1",
                            "vpc_id": "vpc-59c0443f"
                        },
                        "meta": {},
                        "tainted": false
                    },
                    "deposed": [],
                    "provider": ""
                },
                "aws_subnet.az-1-public": {
                    "type": "aws_subnet",
                    "depends_on": [
                        "aws_vpc.jra_vpc",
                        "random_id.env-instance"
                    ],
                    "primary": {
                        "id": "subnet-e0aed0cd",
                        "attributes": {
                            "availability_zone": "us-east-1a",
                            "cidr_block": "10.0.0.0/24",
                            "id": "subnet-e0aed0cd",
                            "map_public_ip_on_launch": "true",
                            "tags.%": "6",
                            "tags.Name": "jra-subnet-latest-us-east-1a-public",
                            "tags.jra.environment": "latest",
                            "tags.jra.environment-instance-id": "_dujtWSsEyk",
                            "tags.jra.environment-size": "small",
                            "tags.jra.environment_type": "latest",
                            "tags.jra.failure-zone": "us-east-1-az-1",
                            "vpc_id": "vpc-59c0443f"
                        },
                        "meta": {},
                        "tainted": false
                    },
                    "deposed": [],
                    "provider": ""
                },
                "aws_subnet.az-2-private": {
                    "type": "aws_subnet",
                    "depends_on": [
                        "aws_vpc.jra_vpc",
                        "random_id.env-instance"
                    ],
                    "primary": {
                        "id": "subnet-237b546a",
                        "attributes": {
                            "availability_zone": "us-east-1b",
                            "cidr_block": "10.0.3.0/24",
                            "id": "subnet-237b546a",
                            "map_public_ip_on_launch": "true",
                            "tags.%": "6",
                            "tags.Name": "jra-subnet-latest-us-east-1b-private",
                            "tags.jra.environment": "latest",
                            "tags.jra.environment-instance-id": "_dujtWSsEyk",
                            "tags.jra.environment-size": "small",
                            "tags.jra.environment_type": "latest",
                            "tags.jra.failure-zone": "us-east-1-az-2",
                            "vpc_id": "vpc-59c0443f"
                        },
                        "meta": {},
                        "tainted": false
                    },
                    "deposed": [],
                    "provider": ""
                },
                "aws_subnet.az-2-public": {
                    "type": "aws_subnet",
                    "depends_on": [
                        "aws_vpc.jra_vpc",
                        "random_id.env-instance"
                    ],
                    "primary": {
                        "id": "subnet-267b546f",
                        "attributes": {
                            "availability_zone": "us-east-1b",
                            "cidr_block": "10.0.2.0/24",
                            "id": "subnet-267b546f",
                            "map_public_ip_on_launch": "true",
                            "tags.%": "6",
                            "tags.Name": "jra-subnet-latest-us-east-1b-public",
                            "tags.jra.environment": "latest",
                            "tags.jra.environment-instance-id": "_dujtWSsEyk",
                            "tags.jra.environment-size": "small",
                            "tags.jra.environment_type": "latest",
                            "tags.jra.failure-zone": "us-east-1-az-2",
                            "vpc_id": "vpc-59c0443f"
                        },
                        "meta": {},
                        "tainted": false
                    },
                    "deposed": [],
                    "provider": ""
                },
                "aws_subnet.az-3-private": {
                    "type": "aws_subnet",
                    "depends_on": [
                        "aws_vpc.jra_vpc",
                        "random_id.env-instance"
                    ],
                    "primary": {
                        "id": "subnet-0cf18557",
                        "attributes": {
                            "availability_zone": "us-east-1c",
                            "cidr_block": "10.0.5.0/24",
                            "id": "subnet-0cf18557",
                            "map_public_ip_on_launch": "true",
                            "tags.%": "6",
                            "tags.Name": "jra-subnet-latest-us-east-1c-private",
                            "tags.jra.environment": "latest",
                            "tags.jra.environment-instance-id": "_dujtWSsEyk",
                            "tags.jra.environment-size": "small",
                            "tags.jra.environment_type": "latest",
                            "tags.jra.failure-zone": "us-east-1-az-3",
                            "vpc_id": "vpc-59c0443f"
                        },
                        "meta": {},
                        "tainted": false
                    },
                    "deposed": [],
                    "provider": ""
                },
                "aws_subnet.az-3-public": {
                    "type": "aws_subnet",
                    "depends_on": [
                        "aws_vpc.jra_vpc",
                        "random_id.env-instance"
                    ],
                    "primary": {
                        "id": "subnet-06f1855d",
                        "attributes": {
                            "availability_zone": "us-east-1c",
                            "cidr_block": "10.0.4.0/24",
                            "id": "subnet-06f1855d",
                            "map_public_ip_on_launch": "true",
                            "tags.%": "6",
                            "tags.Name": "jra-subnet-latest-us-east-1c-public",
                            "tags.jra.environment": "latest",
                            "tags.jra.environment-instance-id": "_dujtWSsEyk",
                            "tags.jra.environment-size": "small",
                            "tags.jra.environment_type": "latest",
                            "tags.jra.failure-zone": "us-east-1-az-3",
                            "vpc_id": "vpc-59c0443f"
                        },
                        "meta": {},
                        "tainted": false
                    },
                    "deposed": [],
                    "provider": ""
                },
                "aws_vpc.jra_vpc": {
                    "type": "aws_vpc",
                    "depends_on": [
                        "random_id.env-instance"
                    ],
                    "primary": {
                        "id": "vpc-59c0443f",
                        "attributes": {
                            "cidr_block": "10.0.0.0/16",
                            "default_network_acl_id": "acl-c687c8a0",
                            "default_route_table_id": "rtb-838378fa",
                            "default_security_group_id": "sg-dcfc36a0",
                            "dhcp_options_id": "dopt-46ffb622",
                            "enable_classiclink": "false",
                            "enable_dns_hostnames": "true",
                            "enable_dns_support": "true",
                            "id": "vpc-59c0443f",
                            "instance_tenancy": "default",
                            "main_route_table_id": "rtb-838378fa",
                            "tags.%": "5",
                            "tags.Name": "jra-vpc-latest-us-east-1",
                            "tags.jra.environment": "latest",
                            "tags.jra.environment-instance-id": "_dujtWSsEyk",
                            "tags.jra.environment-size": "small",
                            "tags.jra.environment_type": "latest"
                        },
                        "meta": {},
                        "tainted": false
                    },
                    "deposed": [],
                    "provider": ""
                },
                "null_resource.infa-apps-deploy": {
                    "type": "null_resource",
                    "depends_on": [
                        "null_resource.swarm-cluster-provision"
                    ],
                    "primary": {
                        "id": "2743900351865988073",
                        "attributes": {
                            "id": "2743900351865988073"
                        },
                        "meta": {},
                        "tainted": false
                    },
                    "deposed": [],
                    "provider": ""
                },
                "null_resource.swarm-cluster-provision": {
                    "type": "null_resource",
                    "depends_on": [
                        "aws_instance.app-api-service-az-1",
                        "aws_instance.app-api-service-az-2",
                        "aws_instance.app-api-service-az-3",
                        "aws_instance.app-persistence-az-1",
                        "aws_instance.app-persistence-az-2",
                        "aws_instance.app-persistence-az-3",
                        "aws_instance.app-ui-web-az-1",
                        "aws_instance.app-ui-web-az-1",
                        "aws_instance.app-ui-web-az-3",
                        "aws_instance.build-az-1",
                        "aws_instance.build-az-2",
                        "aws_instance.build-az-3",
                        "aws_instance.swarm-manager-az-1",
                        "aws_instance.swarm-manager-az-1",
                        "aws_instance.swarm-manager-az-3"
                    ],
                    "primary": {
                        "id": "728671608120588283",
                        "attributes": {
                            "id": "728671608120588283"
                        },
                        "meta": {},
                        "tainted": false
                    },
                    "deposed": [],
                    "provider": ""
                },
                "random_id.env-instance": {
                    "type": "random_id",
                    "depends_on": [],
                    "primary": {
                        "id": "_dujtWSsEyk",
                        "attributes": {
                            "b64": "_dujtWSsEyk",
                            "b64_std": "/dujtWSsEyk=",
                            "b64_url": "_dujtWSsEyk",
                            "byte_length": "8",
                            "dec": "18292394310968808233",
                            "hex": "fddba3b564ac1329",
                            "id": "_dujtWSsEyk"
                        },
                        "meta": {},
                        "tainted": false
                    },
                    "deposed": [],
                    "provider": ""
                }
            },
            "depends_on": []
        }
    ]
}
