{
    "version": 3,
    "terraform_version": "0.7.13",
    "serial": 24,
    "lineage": "f3358d55-17fd-4636-a561-0bde2413f656",
    "modules": [
        {
            "path": [
                "root"
            ],
            "outputs": {},
            "resources": {
                "aws_elb.elb-public-swarm": {
                    "type": "aws_elb",
                    "depends_on": [
                        "aws_instance.app-ui-web-az-1",
                        "aws_instance.app-ui-web-az-2",
                        "aws_instance.app-ui-web-az-3",
                        "aws_security_group.elb-public-swarm",
                        "aws_subnet.az-1-public",
                        "aws_subnet.az-2-public",
                        "aws_subnet.az-3-public",
                        "random_id.env-instance"
                    ],
                    "primary": {
                        "id": "jra-elb-latest-us-east-1-public",
                        "attributes": {
                            "access_logs.#": "0",
                            "availability_zones.#": "3",
                            "availability_zones.1305112097": "us-east-1b",
                            "availability_zones.3569565595": "us-east-1a",
                            "availability_zones.986537655": "us-east-1c",
                            "connection_draining": "true",
                            "connection_draining_timeout": "400",
                            "cross_zone_load_balancing": "true",
                            "dns_name": "jra-elb-latest-us-east-1-public-1015219451.us-east-1.elb.amazonaws.com",
                            "health_check.#": "1",
                            "health_check.0.healthy_threshold": "4",
                            "health_check.0.interval": "15",
                            "health_check.0.target": "TCP:80",
                            "health_check.0.timeout": "3",
                            "health_check.0.unhealthy_threshold": "4",
                            "id": "jra-elb-latest-us-east-1-public",
                            "idle_timeout": "400",
                            "instances.#": "3",
                            "instances.3287114534": "i-0eb172f7a8eba14a0",
                            "instances.3987062206": "i-01b46e4eecaca22b6",
                            "instances.916294772": "i-0b53450a0d2a17895",
                            "internal": "false",
                            "listener.#": "1",
                            "listener.3057123346.instance_port": "80",
                            "listener.3057123346.instance_protocol": "http",
                            "listener.3057123346.lb_port": "80",
                            "listener.3057123346.lb_protocol": "http",
                            "listener.3057123346.ssl_certificate_id": "",
                            "name": "jra-elb-latest-us-east-1-public",
                            "security_groups.#": "1",
                            "security_groups.1967890475": "sg-5aaa6a26",
                            "source_security_group": "193862077204/jra-sg-latest-us-east-1-public-swarm-elb",
                            "source_security_group_id": "sg-5aaa6a26",
                            "subnets.#": "3",
                            "subnets.2689785013": "subnet-18b99a51",
                            "subnets.680709182": "subnet-968fe4cd",
                            "subnets.698437773": "subnet-5d592470",
                            "tags.%": "5",
                            "tags.Name": "jra-elb-latest-us-east-1-public-swarm",
                            "tags.jra.environment": "latest",
                            "tags.jra.environment-instance-id": "xZBIKdyURpQ",
                            "tags.jra.environment-size": "small",
                            "tags.jra.environment_type": "latest",
                            "zone_id": "Z35SXDOTRQ7X7K"
                        },
                        "meta": {},
                        "tainted": false
                    },
                    "deposed": [],
                    "provider": ""
                },
                "aws_instance.app-api-service-az-1": {
                    "type": "aws_instance",
                    "depends_on": [
                        "aws_security_group.private_app-api-service",
                        "aws_subnet.az-1-private",
                        "random_id.env-instance"
                    ],
                    "primary": {
                        "id": "i-07aea7387cac95f7e",
                        "attributes": {
                            "ami": "ami-93b5ac84",
                            "associate_public_ip_address": "true",
                            "availability_zone": "us-east-1a",
                            "disable_api_termination": "false",
                            "ebs_block_device.#": "0",
                            "ebs_optimized": "false",
                            "ephemeral_block_device.#": "0",
                            "iam_instance_profile": "",
                            "id": "i-07aea7387cac95f7e",
                            "instance_state": "running",
                            "instance_type": "t2.micro",
                            "key_name": "jra-build",
                            "monitoring": "false",
                            "network_interface_id": "eni-91dfa161",
                            "private_dns": "ip-10-0-1-247.ec2.internal",
                            "private_ip": "10.0.1.247",
                            "public_dns": "ec2-52-87-244-10.compute-1.amazonaws.com",
                            "public_ip": "52.87.244.10",
                            "root_block_device.#": "1",
                            "root_block_device.0.delete_on_termination": "true",
                            "root_block_device.0.iops": "100",
                            "root_block_device.0.volume_size": "8",
                            "root_block_device.0.volume_type": "gp2",
                            "security_groups.#": "0",
                            "source_dest_check": "true",
                            "subnet_id": "subnet-4259246f",
                            "tags.%": "9",
                            "tags.Name": "jra-instance.swarm-worker.app-api-service.latest.us-east-1a",
                            "tags.jra.environment": "latest",
                            "tags.jra.environment-instance-id": "xZBIKdyURpQ",
                            "tags.jra.environment-size": "small",
                            "tags.jra.environment_type": "latest",
                            "tags.jra.failure_zone": "us-east-1-az-1",
                            "tags.jra.subnet-type": "private",
                            "tags.jra.swarm-instance-type": "swarm-worker",
                            "tags.jra.swarm-node-type": "app-api-service",
                            "tenancy": "default",
                            "vpc_security_group_ids.#": "1",
                            "vpc_security_group_ids.1406693886": "sg-4eaa6a32"
                        },
                        "meta": {
                            "schema_version": "1"
                        },
                        "tainted": false
                    },
                    "deposed": [],
                    "provider": ""
                },
                "aws_instance.app-api-service-az-2": {
                    "type": "aws_instance",
                    "depends_on": [
                        "aws_security_group.private_app-api-service",
                        "aws_subnet.az-2-private",
                        "random_id.env-instance"
                    ],
                    "primary": {
                        "id": "i-0411f5eb2f9a60af7",
                        "attributes": {
                            "ami": "ami-93b5ac84",
                            "associate_public_ip_address": "true",
                            "availability_zone": "us-east-1b",
                            "disable_api_termination": "false",
                            "ebs_block_device.#": "0",
                            "ebs_optimized": "false",
                            "ephemeral_block_device.#": "0",
                            "iam_instance_profile": "",
                            "id": "i-0411f5eb2f9a60af7",
                            "instance_state": "running",
                            "instance_type": "t2.micro",
                            "key_name": "jra-build",
                            "monitoring": "false",
                            "network_interface_id": "eni-25abd1cb",
                            "private_dns": "ip-10-0-3-38.ec2.internal",
                            "private_ip": "10.0.3.38",
                            "public_dns": "ec2-54-236-193-185.compute-1.amazonaws.com",
                            "public_ip": "54.236.193.185",
                            "root_block_device.#": "1",
                            "root_block_device.0.delete_on_termination": "true",
                            "root_block_device.0.iops": "100",
                            "root_block_device.0.volume_size": "8",
                            "root_block_device.0.volume_type": "gp2",
                            "security_groups.#": "0",
                            "source_dest_check": "true",
                            "subnet_id": "subnet-0eb99a47",
                            "tags.%": "9",
                            "tags.Name": "jra-instance.swarm-worker.app-api-service.latest.us-east-1b",
                            "tags.jra.environment": "latest",
                            "tags.jra.environment-instance-id": "xZBIKdyURpQ",
                            "tags.jra.environment-size": "small",
                            "tags.jra.environment_type": "latest",
                            "tags.jra.failure_zone": "us-east-1-az-2",
                            "tags.jra.subnet-type": "private",
                            "tags.jra.swarm-instance-type": "swarm-worker",
                            "tags.jra.swarm-node-type": "app-api-service",
                            "tenancy": "default",
                            "vpc_security_group_ids.#": "1",
                            "vpc_security_group_ids.1406693886": "sg-4eaa6a32"
                        },
                        "meta": {
                            "schema_version": "1"
                        },
                        "tainted": false
                    },
                    "deposed": [],
                    "provider": ""
                },
                "aws_instance.app-api-service-az-3": {
                    "type": "aws_instance",
                    "depends_on": [
                        "aws_security_group.private_app-api-service",
                        "aws_subnet.az-3-private",
                        "random_id.env-instance"
                    ],
                    "primary": {
                        "id": "i-0c6fcf8a074ce17e2",
                        "attributes": {
                            "ami": "ami-93b5ac84",
                            "associate_public_ip_address": "true",
                            "availability_zone": "us-east-1c",
                            "disable_api_termination": "false",
                            "ebs_block_device.#": "0",
                            "ebs_optimized": "false",
                            "ephemeral_block_device.#": "0",
                            "iam_instance_profile": "",
                            "id": "i-0c6fcf8a074ce17e2",
                            "instance_state": "running",
                            "instance_type": "t2.micro",
                            "key_name": "jra-build",
                            "monitoring": "false",
                            "network_interface_id": "eni-f6187a34",
                            "private_dns": "ip-10-0-5-184.ec2.internal",
                            "private_ip": "10.0.5.184",
                            "public_dns": "ec2-54-90-134-141.compute-1.amazonaws.com",
                            "public_ip": "54.90.134.141",
                            "root_block_device.#": "1",
                            "root_block_device.0.delete_on_termination": "true",
                            "root_block_device.0.iops": "100",
                            "root_block_device.0.volume_size": "8",
                            "root_block_device.0.volume_type": "gp2",
                            "security_groups.#": "0",
                            "source_dest_check": "true",
                            "subnet_id": "subnet-918fe4ca",
                            "tags.%": "9",
                            "tags.Name": "jra-instance.swarm-worker.app-api-service.latest.us-east-1c",
                            "tags.jra.environment": "latest",
                            "tags.jra.environment-instance-id": "xZBIKdyURpQ",
                            "tags.jra.environment-size": "small",
                            "tags.jra.environment_type": "latest",
                            "tags.jra.failure_zone": "us-east-1-az-3",
                            "tags.jra.subnet-type": "private",
                            "tags.jra.swarm-instance-type": "swarm-worker",
                            "tags.jra.swarm-node-type": "app-api-service",
                            "tenancy": "default",
                            "vpc_security_group_ids.#": "1",
                            "vpc_security_group_ids.1406693886": "sg-4eaa6a32"
                        },
                        "meta": {
                            "schema_version": "1"
                        },
                        "tainted": false
                    },
                    "deposed": [],
                    "provider": ""
                },
                "aws_instance.app-persistence-az-1": {
                    "type": "aws_instance",
                    "depends_on": [
                        "aws_security_group.private_app-persistence",
                        "aws_subnet.az-1-private",
                        "random_id.env-instance"
                    ],
                    "primary": {
                        "id": "i-0d210a01b337c6d4f",
                        "attributes": {
                            "ami": "ami-93b5ac84",
                            "associate_public_ip_address": "true",
                            "availability_zone": "us-east-1a",
                            "disable_api_termination": "false",
                            "ebs_block_device.#": "0",
                            "ebs_optimized": "false",
                            "ephemeral_block_device.#": "0",
                            "iam_instance_profile": "",
                            "id": "i-0d210a01b337c6d4f",
                            "instance_state": "running",
                            "instance_type": "t2.micro",
                            "key_name": "jra-build",
                            "monitoring": "false",
                            "network_interface_id": "eni-85dba575",
                            "private_dns": "ip-10-0-1-115.ec2.internal",
                            "private_ip": "10.0.1.115",
                            "public_dns": "ec2-54-165-241-105.compute-1.amazonaws.com",
                            "public_ip": "54.165.241.105",
                            "root_block_device.#": "1",
                            "root_block_device.0.delete_on_termination": "true",
                            "root_block_device.0.iops": "100",
                            "root_block_device.0.volume_size": "8",
                            "root_block_device.0.volume_type": "gp2",
                            "security_groups.#": "0",
                            "source_dest_check": "true",
                            "subnet_id": "subnet-4259246f",
                            "tags.%": "9",
                            "tags.Name": "jra-instance.swarm-worker.app-persistence.latest.us-east-1a",
                            "tags.jra.environment": "latest",
                            "tags.jra.environment-instance-id": "xZBIKdyURpQ",
                            "tags.jra.environment-size": "small",
                            "tags.jra.environment_type": "latest",
                            "tags.jra.failure_zone": "us-east-1-az-1",
                            "tags.jra.subnet-type": "private",
                            "tags.jra.swarm-instance-type": "swarm-worker",
                            "tags.jra.swarm-node-type": "app-persistence",
                            "tenancy": "default",
                            "vpc_security_group_ids.#": "1",
                            "vpc_security_group_ids.2501137231": "sg-52aa6a2e"
                        },
                        "meta": {
                            "schema_version": "1"
                        },
                        "tainted": false
                    },
                    "deposed": [],
                    "provider": ""
                },
                "aws_instance.app-persistence-az-2": {
                    "type": "aws_instance",
                    "depends_on": [
                        "aws_security_group.private_app-persistence",
                        "aws_subnet.az-2-private",
                        "random_id.env-instance"
                    ],
                    "primary": {
                        "id": "i-0cf31950ab06666d3",
                        "attributes": {
                            "ami": "ami-93b5ac84",
                            "associate_public_ip_address": "true",
                            "availability_zone": "us-east-1b",
                            "disable_api_termination": "false",
                            "ebs_block_device.#": "0",
                            "ebs_optimized": "false",
                            "ephemeral_block_device.#": "0",
                            "iam_instance_profile": "",
                            "id": "i-0cf31950ab06666d3",
                            "instance_state": "running",
                            "instance_type": "t2.micro",
                            "key_name": "jra-build",
                            "monitoring": "false",
                            "network_interface_id": "eni-26b2c8c8",
                            "private_dns": "ip-10-0-3-69.ec2.internal",
                            "private_ip": "10.0.3.69",
                            "public_dns": "ec2-54-86-45-203.compute-1.amazonaws.com",
                            "public_ip": "54.86.45.203",
                            "root_block_device.#": "1",
                            "root_block_device.0.delete_on_termination": "true",
                            "root_block_device.0.iops": "100",
                            "root_block_device.0.volume_size": "8",
                            "root_block_device.0.volume_type": "gp2",
                            "security_groups.#": "0",
                            "source_dest_check": "true",
                            "subnet_id": "subnet-0eb99a47",
                            "tags.%": "9",
                            "tags.Name": "jra-instance.swarm-worker.app-persistence.latest.us-east-1b",
                            "tags.jra.environment": "latest",
                            "tags.jra.environment-instance-id": "xZBIKdyURpQ",
                            "tags.jra.environment-size": "small",
                            "tags.jra.environment_type": "latest",
                            "tags.jra.failure_zone": "us-east-1-az-2",
                            "tags.jra.subnet-type": "private",
                            "tags.jra.swarm-instance-type": "swarm-worker",
                            "tags.jra.swarm-node-type": "app-persistence",
                            "tenancy": "default",
                            "vpc_security_group_ids.#": "1",
                            "vpc_security_group_ids.2501137231": "sg-52aa6a2e"
                        },
                        "meta": {
                            "schema_version": "1"
                        },
                        "tainted": false
                    },
                    "deposed": [],
                    "provider": ""
                },
                "aws_instance.app-persistence-az-3": {
                    "type": "aws_instance",
                    "depends_on": [
                        "aws_security_group.private_app-persistence",
                        "aws_subnet.az-3-private",
                        "random_id.env-instance"
                    ],
                    "primary": {
                        "id": "i-021fb1828cb521321",
                        "attributes": {
                            "ami": "ami-93b5ac84",
                            "associate_public_ip_address": "true",
                            "availability_zone": "us-east-1c",
                            "disable_api_termination": "false",
                            "ebs_block_device.#": "0",
                            "ebs_optimized": "false",
                            "ephemeral_block_device.#": "0",
                            "iam_instance_profile": "",
                            "id": "i-021fb1828cb521321",
                            "instance_state": "running",
                            "instance_type": "t2.micro",
                            "key_name": "jra-build",
                            "monitoring": "false",
                            "network_interface_id": "eni-040f6dc6",
                            "private_dns": "ip-10-0-5-93.ec2.internal",
                            "private_ip": "10.0.5.93",
                            "public_dns": "ec2-54-210-142-116.compute-1.amazonaws.com",
                            "public_ip": "54.210.142.116",
                            "root_block_device.#": "1",
                            "root_block_device.0.delete_on_termination": "true",
                            "root_block_device.0.iops": "100",
                            "root_block_device.0.volume_size": "8",
                            "root_block_device.0.volume_type": "gp2",
                            "security_groups.#": "0",
                            "source_dest_check": "true",
                            "subnet_id": "subnet-918fe4ca",
                            "tags.%": "9",
                            "tags.Name": "jra-instance.swarm-worker.app-persistence.latest.us-east-1c",
                            "tags.jra.environment": "latest",
                            "tags.jra.environment-instance-id": "xZBIKdyURpQ",
                            "tags.jra.environment-size": "small",
                            "tags.jra.environment_type": "latest",
                            "tags.jra.failure_zone": "us-east-1-az-3",
                            "tags.jra.subnet-type": "private",
                            "tags.jra.swarm-instance-type": "swarm-worker",
                            "tags.jra.swarm-node-type": "app-persistence",
                            "tenancy": "default",
                            "vpc_security_group_ids.#": "1",
                            "vpc_security_group_ids.2501137231": "sg-52aa6a2e"
                        },
                        "meta": {
                            "schema_version": "1"
                        },
                        "tainted": false
                    },
                    "deposed": [],
                    "provider": ""
                },
                "aws_instance.app-ui-web-az-1": {
                    "type": "aws_instance",
                    "depends_on": [
                        "aws_security_group.public_app-ui-web",
                        "aws_subnet.az-1-public",
                        "random_id.env-instance"
                    ],
                    "primary": {
                        "id": "i-0eb172f7a8eba14a0",
                        "attributes": {
                            "ami": "ami-93b5ac84",
                            "associate_public_ip_address": "true",
                            "availability_zone": "us-east-1a",
                            "disable_api_termination": "false",
                            "ebs_block_device.#": "0",
                            "ebs_optimized": "false",
                            "ephemeral_block_device.#": "0",
                            "iam_instance_profile": "",
                            "id": "i-0eb172f7a8eba14a0",
                            "instance_state": "running",
                            "instance_type": "t2.micro",
                            "key_name": "jra-build",
                            "monitoring": "false",
                            "network_interface_id": "eni-b0daa440",
                            "private_dns": "ip-10-0-0-21.ec2.internal",
                            "private_ip": "10.0.0.21",
                            "public_dns": "ec2-54-167-246-48.compute-1.amazonaws.com",
                            "public_ip": "54.167.246.48",
                            "root_block_device.#": "1",
                            "root_block_device.0.delete_on_termination": "true",
                            "root_block_device.0.iops": "100",
                            "root_block_device.0.volume_size": "8",
                            "root_block_device.0.volume_type": "gp2",
                            "security_groups.#": "0",
                            "source_dest_check": "true",
                            "subnet_id": "subnet-5d592470",
                            "tags.%": "9",
                            "tags.Name": "jra-instance.swarm-worker.app-ui-web.latest.us-east-1a",
                            "tags.jra.environment": "latest",
                            "tags.jra.environment-instance-id": "xZBIKdyURpQ",
                            "tags.jra.environment-size": "small",
                            "tags.jra.environment_type": "latest",
                            "tags.jra.failure_zone": "us-east-1-az-1",
                            "tags.jra.subnet-type": "public",
                            "tags.jra.swarm-instance-type": "swarm-worker",
                            "tags.jra.swarm-node-type": "app-ui-web",
                            "tenancy": "default",
                            "vpc_security_group_ids.#": "1",
                            "vpc_security_group_ids.755527011": "sg-58aa6a24"
                        },
                        "meta": {
                            "schema_version": "1"
                        },
                        "tainted": false
                    },
                    "deposed": [],
                    "provider": ""
                },
                "aws_instance.app-ui-web-az-2": {
                    "type": "aws_instance",
                    "depends_on": [
                        "aws_security_group.public_app-ui-web",
                        "aws_subnet.az-2-public",
                        "random_id.env-instance"
                    ],
                    "primary": {
                        "id": "i-0b53450a0d2a17895",
                        "attributes": {
                            "ami": "ami-93b5ac84",
                            "associate_public_ip_address": "true",
                            "availability_zone": "us-east-1b",
                            "disable_api_termination": "false",
                            "ebs_block_device.#": "0",
                            "ebs_optimized": "false",
                            "ephemeral_block_device.#": "0",
                            "iam_instance_profile": "",
                            "id": "i-0b53450a0d2a17895",
                            "instance_state": "running",
                            "instance_type": "t2.micro",
                            "key_name": "jra-build",
                            "monitoring": "false",
                            "network_interface_id": "eni-e7abd109",
                            "private_dns": "ip-10-0-2-109.ec2.internal",
                            "private_ip": "10.0.2.109",
                            "public_dns": "ec2-54-197-37-52.compute-1.amazonaws.com",
                            "public_ip": "54.197.37.52",
                            "root_block_device.#": "1",
                            "root_block_device.0.delete_on_termination": "true",
                            "root_block_device.0.iops": "100",
                            "root_block_device.0.volume_size": "8",
                            "root_block_device.0.volume_type": "gp2",
                            "security_groups.#": "0",
                            "source_dest_check": "true",
                            "subnet_id": "subnet-18b99a51",
                            "tags.%": "9",
                            "tags.Name": "jra-instance.swarm-worker.app-ui-web.latest.us-east-1b",
                            "tags.jra.environment": "latest",
                            "tags.jra.environment-instance-id": "xZBIKdyURpQ",
                            "tags.jra.environment-size": "small",
                            "tags.jra.environment_type": "latest",
                            "tags.jra.failure_zone": "us-east-1-az-2",
                            "tags.jra.subnet-type": "public",
                            "tags.jra.swarm-instance-type": "swarm-worker",
                            "tags.jra.swarm-node-type": "app-ui-web",
                            "tenancy": "default",
                            "vpc_security_group_ids.#": "1",
                            "vpc_security_group_ids.755527011": "sg-58aa6a24"
                        },
                        "meta": {
                            "schema_version": "1"
                        },
                        "tainted": false
                    },
                    "deposed": [],
                    "provider": ""
                },
                "aws_instance.app-ui-web-az-3": {
                    "type": "aws_instance",
                    "depends_on": [
                        "aws_security_group.public_app-ui-web",
                        "aws_subnet.az-3-public",
                        "random_id.env-instance"
                    ],
                    "primary": {
                        "id": "i-01b46e4eecaca22b6",
                        "attributes": {
                            "ami": "ami-93b5ac84",
                            "associate_public_ip_address": "true",
                            "availability_zone": "us-east-1c",
                            "disable_api_termination": "false",
                            "ebs_block_device.#": "0",
                            "ebs_optimized": "false",
                            "ephemeral_block_device.#": "0",
                            "iam_instance_profile": "",
                            "id": "i-01b46e4eecaca22b6",
                            "instance_state": "running",
                            "instance_type": "t2.micro",
                            "key_name": "jra-build",
                            "monitoring": "false",
                            "network_interface_id": "eni-fe10723c",
                            "private_dns": "ip-10-0-4-20.ec2.internal",
                            "private_ip": "10.0.4.20",
                            "public_dns": "ec2-54-159-59-213.compute-1.amazonaws.com",
                            "public_ip": "54.159.59.213",
                            "root_block_device.#": "1",
                            "root_block_device.0.delete_on_termination": "true",
                            "root_block_device.0.iops": "100",
                            "root_block_device.0.volume_size": "8",
                            "root_block_device.0.volume_type": "gp2",
                            "security_groups.#": "0",
                            "source_dest_check": "true",
                            "subnet_id": "subnet-968fe4cd",
                            "tags.%": "9",
                            "tags.Name": "jra-instance.swarm-worker.app-ui-web.latest.us-east-1c",
                            "tags.jra.environment": "latest",
                            "tags.jra.environment-instance-id": "xZBIKdyURpQ",
                            "tags.jra.environment-size": "small",
                            "tags.jra.environment_type": "latest",
                            "tags.jra.failure_zone": "us-east-1-az-3",
                            "tags.jra.subnet-type": "public",
                            "tags.jra.swarm-instance-type": "swarm-worker",
                            "tags.jra.swarm-node-type": "app-ui-web",
                            "tenancy": "default",
                            "vpc_security_group_ids.#": "1",
                            "vpc_security_group_ids.755527011": "sg-58aa6a24"
                        },
                        "meta": {
                            "schema_version": "1"
                        },
                        "tainted": false
                    },
                    "deposed": [],
                    "provider": ""
                },
                "aws_instance.build-az-1": {
                    "type": "aws_instance",
                    "depends_on": [
                        "aws_security_group.private_build",
                        "aws_subnet.az-1-private",
                        "random_id.env-instance"
                    ],
                    "primary": {
                        "id": "i-02896ef2a9523624a",
                        "attributes": {
                            "ami": "ami-93b5ac84",
                            "associate_public_ip_address": "true",
                            "availability_zone": "us-east-1a",
                            "disable_api_termination": "false",
                            "ebs_block_device.#": "0",
                            "ebs_optimized": "false",
                            "ephemeral_block_device.#": "0",
                            "iam_instance_profile": "",
                            "id": "i-02896ef2a9523624a",
                            "instance_state": "running",
                            "instance_type": "t2.micro",
                            "key_name": "jra-build",
                            "monitoring": "false",
                            "network_interface_id": "eni-92dfa162",
                            "private_dns": "ip-10-0-1-51.ec2.internal",
                            "private_ip": "10.0.1.51",
                            "public_dns": "ec2-54-164-247-249.compute-1.amazonaws.com",
                            "public_ip": "54.164.247.249",
                            "root_block_device.#": "1",
                            "root_block_device.0.delete_on_termination": "true",
                            "root_block_device.0.iops": "100",
                            "root_block_device.0.volume_size": "8",
                            "root_block_device.0.volume_type": "gp2",
                            "security_groups.#": "0",
                            "source_dest_check": "true",
                            "subnet_id": "subnet-4259246f",
                            "tags.%": "9",
                            "tags.Name": "jra-instance.swarm-worker.build.latest.us-east-1a",
                            "tags.jra.environment": "latest",
                            "tags.jra.environment-instance-id": "xZBIKdyURpQ",
                            "tags.jra.environment-size": "small",
                            "tags.jra.environment_type": "latest",
                            "tags.jra.failure_zone": "us-east-1-az-1",
                            "tags.jra.subnet-type": "private",
                            "tags.jra.swarm-instance-type": "swarm-worker",
                            "tags.jra.swarm-node-type": "build",
                            "tenancy": "default",
                            "vpc_security_group_ids.#": "1",
                            "vpc_security_group_ids.3860184063": "sg-4baa6a37"
                        },
                        "meta": {
                            "schema_version": "1"
                        },
                        "tainted": false
                    },
                    "deposed": [],
                    "provider": ""
                },
                "aws_instance.build-az-2": {
                    "type": "aws_instance",
                    "depends_on": [
                        "aws_security_group.private_build",
                        "aws_subnet.az-2-private",
                        "random_id.env-instance"
                    ],
                    "primary": {
                        "id": "i-00e492cfbc4619d7d",
                        "attributes": {
                            "ami": "ami-93b5ac84",
                            "associate_public_ip_address": "true",
                            "availability_zone": "us-east-1b",
                            "disable_api_termination": "false",
                            "ebs_block_device.#": "0",
                            "ebs_optimized": "false",
                            "ephemeral_block_device.#": "0",
                            "iam_instance_profile": "",
                            "id": "i-00e492cfbc4619d7d",
                            "instance_state": "running",
                            "instance_type": "t2.micro",
                            "key_name": "jra-build",
                            "monitoring": "false",
                            "network_interface_id": "eni-ddb7cd33",
                            "private_dns": "ip-10-0-3-215.ec2.internal",
                            "private_ip": "10.0.3.215",
                            "public_dns": "ec2-54-89-201-48.compute-1.amazonaws.com",
                            "public_ip": "54.89.201.48",
                            "root_block_device.#": "1",
                            "root_block_device.0.delete_on_termination": "true",
                            "root_block_device.0.iops": "100",
                            "root_block_device.0.volume_size": "8",
                            "root_block_device.0.volume_type": "gp2",
                            "security_groups.#": "0",
                            "source_dest_check": "true",
                            "subnet_id": "subnet-0eb99a47",
                            "tags.%": "9",
                            "tags.Name": "jra-instance.swarm-worker.build.latest.us-east-1b",
                            "tags.jra.environment": "latest",
                            "tags.jra.environment-instance-id": "xZBIKdyURpQ",
                            "tags.jra.environment-size": "small",
                            "tags.jra.environment_type": "latest",
                            "tags.jra.failure_zone": "us-east-1-az-2",
                            "tags.jra.subnet-type": "private",
                            "tags.jra.swarm-instance-type": "swarm-worker",
                            "tags.jra.swarm-node-type": "build",
                            "tenancy": "default",
                            "vpc_security_group_ids.#": "1",
                            "vpc_security_group_ids.3860184063": "sg-4baa6a37"
                        },
                        "meta": {
                            "schema_version": "1"
                        },
                        "tainted": false
                    },
                    "deposed": [],
                    "provider": ""
                },
                "aws_instance.build-az-3": {
                    "type": "aws_instance",
                    "depends_on": [
                        "aws_security_group.private_build",
                        "aws_subnet.az-3-private",
                        "random_id.env-instance"
                    ],
                    "primary": {
                        "id": "i-0e3b3fe67d2b2f550",
                        "attributes": {
                            "ami": "ami-93b5ac84",
                            "associate_public_ip_address": "true",
                            "availability_zone": "us-east-1c",
                            "disable_api_termination": "false",
                            "ebs_block_device.#": "0",
                            "ebs_optimized": "false",
                            "ephemeral_block_device.#": "0",
                            "iam_instance_profile": "",
                            "id": "i-0e3b3fe67d2b2f550",
                            "instance_state": "running",
                            "instance_type": "t2.micro",
                            "key_name": "jra-build",
                            "monitoring": "false",
                            "network_interface_id": "eni-b31b7971",
                            "private_dns": "ip-10-0-5-29.ec2.internal",
                            "private_ip": "10.0.5.29",
                            "public_dns": "ec2-54-211-165-205.compute-1.amazonaws.com",
                            "public_ip": "54.211.165.205",
                            "root_block_device.#": "1",
                            "root_block_device.0.delete_on_termination": "true",
                            "root_block_device.0.iops": "100",
                            "root_block_device.0.volume_size": "8",
                            "root_block_device.0.volume_type": "gp2",
                            "security_groups.#": "0",
                            "source_dest_check": "true",
                            "subnet_id": "subnet-918fe4ca",
                            "tags.%": "9",
                            "tags.Name": "jra-instance.swarm-worker.build.latest.us-east-1c",
                            "tags.jra.environment": "latest",
                            "tags.jra.environment-instance-id": "xZBIKdyURpQ",
                            "tags.jra.environment-size": "small",
                            "tags.jra.environment_type": "latest",
                            "tags.jra.failure_zone": "us-east-1-az-3",
                            "tags.jra.subnet-type": "private",
                            "tags.jra.swarm-instance-type": "swarm-worker",
                            "tags.jra.swarm-node-type": "build",
                            "tenancy": "default",
                            "vpc_security_group_ids.#": "1",
                            "vpc_security_group_ids.3860184063": "sg-4baa6a37"
                        },
                        "meta": {
                            "schema_version": "1"
                        },
                        "tainted": false
                    },
                    "deposed": [],
                    "provider": ""
                },
                "aws_instance.infra-logging-az-1": {
                    "type": "aws_instance",
                    "depends_on": [
                        "aws_security_group.private_infra-logging",
                        "aws_subnet.az-1-private",
                        "random_id.env-instance"
                    ],
                    "primary": {
                        "id": "i-07d0dd8c63cfffb9c",
                        "attributes": {
                            "ami": "ami-93b5ac84",
                            "associate_public_ip_address": "true",
                            "availability_zone": "us-east-1a",
                            "disable_api_termination": "false",
                            "ebs_block_device.#": "0",
                            "ebs_optimized": "false",
                            "ephemeral_block_device.#": "0",
                            "iam_instance_profile": "",
                            "id": "i-07d0dd8c63cfffb9c",
                            "instance_state": "running",
                            "instance_type": "t2.micro",
                            "key_name": "jra-build",
                            "monitoring": "false",
                            "network_interface_id": "eni-efdca21f",
                            "private_dns": "ip-10-0-1-231.ec2.internal",
                            "private_ip": "10.0.1.231",
                            "public_dns": "ec2-54-82-255-203.compute-1.amazonaws.com",
                            "public_ip": "54.82.255.203",
                            "root_block_device.#": "1",
                            "root_block_device.0.delete_on_termination": "true",
                            "root_block_device.0.iops": "100",
                            "root_block_device.0.volume_size": "8",
                            "root_block_device.0.volume_type": "gp2",
                            "security_groups.#": "0",
                            "source_dest_check": "true",
                            "subnet_id": "subnet-4259246f",
                            "tags.%": "9",
                            "tags.Name": "jra-instance.swarm-worker.infra-logging.latest.us-east-1a",
                            "tags.jra.environment": "latest",
                            "tags.jra.environment-instance-id": "xZBIKdyURpQ",
                            "tags.jra.environment-size": "small",
                            "tags.jra.environment_type": "latest",
                            "tags.jra.failure_zone": "us-east-1-az-1",
                            "tags.jra.subnet-type": "private",
                            "tags.jra.swarm-instance-type": "swarm-worker",
                            "tags.jra.swarm-node-type": "infra-logging",
                            "tenancy": "default",
                            "vpc_security_group_ids.#": "1",
                            "vpc_security_group_ids.4235744833": "sg-59aa6a25"
                        },
                        "meta": {
                            "schema_version": "1"
                        },
                        "tainted": false
                    },
                    "deposed": [],
                    "provider": ""
                },
                "aws_instance.infra-logging-az-2": {
                    "type": "aws_instance",
                    "depends_on": [
                        "aws_security_group.private_infra-logging",
                        "aws_subnet.az-2-private",
                        "random_id.env-instance"
                    ],
                    "primary": {
                        "id": "i-034ae80380359c467",
                        "attributes": {
                            "ami": "ami-93b5ac84",
                            "associate_public_ip_address": "true",
                            "availability_zone": "us-east-1b",
                            "disable_api_termination": "false",
                            "ebs_block_device.#": "0",
                            "ebs_optimized": "false",
                            "ephemeral_block_device.#": "0",
                            "iam_instance_profile": "",
                            "id": "i-034ae80380359c467",
                            "instance_state": "running",
                            "instance_type": "t2.micro",
                            "key_name": "jra-build",
                            "monitoring": "false",
                            "network_interface_id": "eni-b8b0ca56",
                            "private_dns": "ip-10-0-3-30.ec2.internal",
                            "private_ip": "10.0.3.30",
                            "public_dns": "ec2-54-174-37-77.compute-1.amazonaws.com",
                            "public_ip": "54.174.37.77",
                            "root_block_device.#": "1",
                            "root_block_device.0.delete_on_termination": "true",
                            "root_block_device.0.iops": "100",
                            "root_block_device.0.volume_size": "8",
                            "root_block_device.0.volume_type": "gp2",
                            "security_groups.#": "0",
                            "source_dest_check": "true",
                            "subnet_id": "subnet-0eb99a47",
                            "tags.%": "9",
                            "tags.Name": "jra-instance.swarm-worker.infra-logging.latest.us-east-1b",
                            "tags.jra.environment": "latest",
                            "tags.jra.environment-instance-id": "xZBIKdyURpQ",
                            "tags.jra.environment-size": "small",
                            "tags.jra.environment_type": "latest",
                            "tags.jra.failure_zone": "us-east-1-az-2",
                            "tags.jra.subnet-type": "private",
                            "tags.jra.swarm-instance-type": "swarm-worker",
                            "tags.jra.swarm-node-type": "infra-logging",
                            "tenancy": "default",
                            "vpc_security_group_ids.#": "1",
                            "vpc_security_group_ids.4235744833": "sg-59aa6a25"
                        },
                        "meta": {
                            "schema_version": "1"
                        },
                        "tainted": false
                    },
                    "deposed": [],
                    "provider": ""
                },
                "aws_instance.infra-logging-az-3": {
                    "type": "aws_instance",
                    "depends_on": [
                        "aws_security_group.private_infra-logging",
                        "aws_subnet.az-3-private",
                        "random_id.env-instance"
                    ],
                    "primary": {
                        "id": "i-049e9e0ceaeb8610d",
                        "attributes": {
                            "ami": "ami-93b5ac84",
                            "associate_public_ip_address": "true",
                            "availability_zone": "us-east-1c",
                            "disable_api_termination": "false",
                            "ebs_block_device.#": "0",
                            "ebs_optimized": "false",
                            "ephemeral_block_device.#": "0",
                            "iam_instance_profile": "",
                            "id": "i-049e9e0ceaeb8610d",
                            "instance_state": "running",
                            "instance_type": "t2.micro",
                            "key_name": "jra-build",
                            "monitoring": "false",
                            "network_interface_id": "eni-151577d7",
                            "private_dns": "ip-10-0-5-27.ec2.internal",
                            "private_ip": "10.0.5.27",
                            "public_dns": "ec2-52-90-214-193.compute-1.amazonaws.com",
                            "public_ip": "52.90.214.193",
                            "root_block_device.#": "1",
                            "root_block_device.0.delete_on_termination": "true",
                            "root_block_device.0.iops": "100",
                            "root_block_device.0.volume_size": "8",
                            "root_block_device.0.volume_type": "gp2",
                            "security_groups.#": "0",
                            "source_dest_check": "true",
                            "subnet_id": "subnet-918fe4ca",
                            "tags.%": "9",
                            "tags.Name": "jra-instance.swarm-worker.infra-logging.latest.us-east-1c",
                            "tags.jra.environment": "latest",
                            "tags.jra.environment-instance-id": "xZBIKdyURpQ",
                            "tags.jra.environment-size": "small",
                            "tags.jra.environment_type": "latest",
                            "tags.jra.failure_zone": "us-east-1-az-3",
                            "tags.jra.subnet-type": "private",
                            "tags.jra.swarm-instance-type": "swarm-worker",
                            "tags.jra.swarm-node-type": "infra-logging",
                            "tenancy": "default",
                            "vpc_security_group_ids.#": "1",
                            "vpc_security_group_ids.4235744833": "sg-59aa6a25"
                        },
                        "meta": {
                            "schema_version": "1"
                        },
                        "tainted": false
                    },
                    "deposed": [],
                    "provider": ""
                },
                "aws_instance.swarm-manager-az-1": {
                    "type": "aws_instance",
                    "depends_on": [
                        "aws_security_group.private_swarm-manager",
                        "aws_subnet.az-1-private",
                        "random_id.env-instance"
                    ],
                    "primary": {
                        "id": "i-0f6b043214c0857bc",
                        "attributes": {
                            "ami": "ami-93b5ac84",
                            "associate_public_ip_address": "true",
                            "availability_zone": "us-east-1a",
                            "disable_api_termination": "false",
                            "ebs_block_device.#": "0",
                            "ebs_optimized": "false",
                            "ephemeral_block_device.#": "0",
                            "iam_instance_profile": "",
                            "id": "i-0f6b043214c0857bc",
                            "instance_state": "running",
                            "instance_type": "t2.micro",
                            "key_name": "jra-build",
                            "monitoring": "false",
                            "network_interface_id": "eni-04dca2f4",
                            "private_dns": "ip-10-0-1-158.ec2.internal",
                            "private_ip": "10.0.1.158",
                            "public_dns": "ec2-54-144-215-40.compute-1.amazonaws.com",
                            "public_ip": "54.144.215.40",
                            "root_block_device.#": "1",
                            "root_block_device.0.delete_on_termination": "true",
                            "root_block_device.0.iops": "100",
                            "root_block_device.0.volume_size": "8",
                            "root_block_device.0.volume_type": "gp2",
                            "security_groups.#": "0",
                            "source_dest_check": "true",
                            "subnet_id": "subnet-4259246f",
                            "tags.%": "9",
                            "tags.Name": "jra-instance.swarm-manager.manager.latest.us-east-1a",
                            "tags.jra.environment": "latest",
                            "tags.jra.environment-instance-id": "xZBIKdyURpQ",
                            "tags.jra.environment-size": "small",
                            "tags.jra.environment_type": "latest",
                            "tags.jra.failure_zone": "us-east-1-az-1",
                            "tags.jra.subnet-type": "private",
                            "tags.jra.swarm-instance-type": "swarm-manager",
                            "tags.jra.swarm-node-type": "swarm-manager",
                            "tenancy": "default",
                            "vpc_security_group_ids.#": "1",
                            "vpc_security_group_ids.846098462": "sg-55aa6a29"
                        },
                        "meta": {
                            "schema_version": "1"
                        },
                        "tainted": false
                    },
                    "deposed": [],
                    "provider": ""
                },
                "aws_instance.swarm-manager-az-2": {
                    "type": "aws_instance",
                    "depends_on": [
                        "aws_security_group.private_swarm-manager",
                        "aws_subnet.az-2-private",
                        "random_id.env-instance"
                    ],
                    "primary": {
                        "id": "i-0dc05555eb80a1679",
                        "attributes": {
                            "ami": "ami-93b5ac84",
                            "associate_public_ip_address": "true",
                            "availability_zone": "us-east-1b",
                            "disable_api_termination": "false",
                            "ebs_block_device.#": "0",
                            "ebs_optimized": "false",
                            "ephemeral_block_device.#": "0",
                            "iam_instance_profile": "",
                            "id": "i-0dc05555eb80a1679",
                            "instance_state": "running",
                            "instance_type": "t2.micro",
                            "key_name": "jra-build",
                            "monitoring": "false",
                            "network_interface_id": "eni-5bb6ccb5",
                            "private_dns": "ip-10-0-3-176.ec2.internal",
                            "private_ip": "10.0.3.176",
                            "public_dns": "ec2-54-209-160-63.compute-1.amazonaws.com",
                            "public_ip": "54.209.160.63",
                            "root_block_device.#": "1",
                            "root_block_device.0.delete_on_termination": "true",
                            "root_block_device.0.iops": "100",
                            "root_block_device.0.volume_size": "8",
                            "root_block_device.0.volume_type": "gp2",
                            "security_groups.#": "0",
                            "source_dest_check": "true",
                            "subnet_id": "subnet-0eb99a47",
                            "tags.%": "9",
                            "tags.Name": "jra-instance.swarm-manager.manager.latest.us-east-1b",
                            "tags.jra.environment": "latest",
                            "tags.jra.environment-instance-id": "xZBIKdyURpQ",
                            "tags.jra.environment-size": "small",
                            "tags.jra.environment_type": "latest",
                            "tags.jra.failure_zone": "us-east-1-az-2",
                            "tags.jra.subnet-type": "private",
                            "tags.jra.swarm-instance-type": "swarm-manager",
                            "tags.jra.swarm-node-type": "swarm-manager",
                            "tenancy": "default",
                            "vpc_security_group_ids.#": "1",
                            "vpc_security_group_ids.846098462": "sg-55aa6a29"
                        },
                        "meta": {
                            "schema_version": "1"
                        },
                        "tainted": false
                    },
                    "deposed": [],
                    "provider": ""
                },
                "aws_instance.swarm-manager-az-3": {
                    "type": "aws_instance",
                    "depends_on": [
                        "aws_security_group.private_swarm-manager",
                        "aws_subnet.az-3-private",
                        "random_id.env-instance"
                    ],
                    "primary": {
                        "id": "i-0962664b33395036c",
                        "attributes": {
                            "ami": "ami-93b5ac84",
                            "associate_public_ip_address": "true",
                            "availability_zone": "us-east-1c",
                            "disable_api_termination": "false",
                            "ebs_block_device.#": "0",
                            "ebs_optimized": "false",
                            "ephemeral_block_device.#": "0",
                            "iam_instance_profile": "",
                            "id": "i-0962664b33395036c",
                            "instance_state": "running",
                            "instance_type": "t2.micro",
                            "key_name": "jra-build",
                            "monitoring": "false",
                            "network_interface_id": "eni-c0117302",
                            "private_dns": "ip-10-0-5-105.ec2.internal",
                            "private_ip": "10.0.5.105",
                            "public_dns": "ec2-52-90-64-26.compute-1.amazonaws.com",
                            "public_ip": "52.90.64.26",
                            "root_block_device.#": "1",
                            "root_block_device.0.delete_on_termination": "true",
                            "root_block_device.0.iops": "100",
                            "root_block_device.0.volume_size": "8",
                            "root_block_device.0.volume_type": "gp2",
                            "security_groups.#": "0",
                            "source_dest_check": "true",
                            "subnet_id": "subnet-918fe4ca",
                            "tags.%": "9",
                            "tags.Name": "jra-instance.swarm-manager.manager.latest.us-east-1c",
                            "tags.jra.environment": "latest",
                            "tags.jra.environment-instance-id": "xZBIKdyURpQ",
                            "tags.jra.environment-size": "small",
                            "tags.jra.environment_type": "latest",
                            "tags.jra.failure_zone": "us-east-1-az-3",
                            "tags.jra.subnet-type": "private",
                            "tags.jra.swarm-instance-type": "swarm-manager",
                            "tags.jra.swarm-node-type": "swarm-manager",
                            "tenancy": "default",
                            "vpc_security_group_ids.#": "1",
                            "vpc_security_group_ids.846098462": "sg-55aa6a29"
                        },
                        "meta": {
                            "schema_version": "1"
                        },
                        "tainted": false
                    },
                    "deposed": [],
                    "provider": ""
                },
                "aws_internet_gateway.jra_igw": {
                    "type": "aws_internet_gateway",
                    "depends_on": [
                        "aws_vpc.jra_vpc",
                        "random_id.env-instance"
                    ],
                    "primary": {
                        "id": "igw-6e324909",
                        "attributes": {
                            "id": "igw-6e324909",
                            "tags.%": "5",
                            "tags.Name": "jra-igw-latest-us-east-1",
                            "tags.jra.environment": "latest",
                            "tags.jra.environment-instance-id": "xZBIKdyURpQ",
                            "tags.jra.environment-size": "small",
                            "tags.jra.environment_type": "latest",
                            "vpc_id": "vpc-2cc9714a"
                        },
                        "meta": {},
                        "tainted": false
                    },
                    "deposed": [],
                    "provider": ""
                },
                "aws_route53_record.blog": {
                    "type": "aws_route53_record",
                    "depends_on": [
                        "aws_elb.elb-public-swarm",
                        "aws_elb.elb-public-swarm"
                    ],
                    "primary": {
                        "id": "Z3FJU1EE4AHCEF_blog.joericearchitect.com_A",
                        "attributes": {
                            "alias.#": "1",
                            "alias.704562169.evaluate_target_health": "true",
                            "alias.704562169.name": "jra-elb-latest-us-east-1-public-1015219451.us-east-1.elb.amazonaws.com",
                            "alias.704562169.zone_id": "Z35SXDOTRQ7X7K",
                            "fqdn": "blog.joericearchitect.com",
                            "health_check_id": "",
                            "id": "Z3FJU1EE4AHCEF_blog.joericearchitect.com_A",
                            "name": "blog.joericearchitect.com",
                            "records.#": "0",
                            "set_identifier": "",
                            "ttl": "0",
                            "type": "A",
                            "zone_id": "Z3FJU1EE4AHCEF"
                        },
                        "meta": {
                            "schema_version": "2"
                        },
                        "tainted": false
                    },
                    "deposed": [],
                    "provider": ""
                },
                "aws_route53_record.build": {
                    "type": "aws_route53_record",
                    "depends_on": [
                        "aws_elb.elb-public-swarm",
                        "aws_elb.elb-public-swarm"
                    ],
                    "primary": {
                        "id": "Z3FJU1EE4AHCEF_build.joericearchitect.com_A",
                        "attributes": {
                            "alias.#": "1",
                            "alias.704562169.evaluate_target_health": "true",
                            "alias.704562169.name": "jra-elb-latest-us-east-1-public-1015219451.us-east-1.elb.amazonaws.com",
                            "alias.704562169.zone_id": "Z35SXDOTRQ7X7K",
                            "fqdn": "build.joericearchitect.com",
                            "health_check_id": "",
                            "id": "Z3FJU1EE4AHCEF_build.joericearchitect.com_A",
                            "name": "build.joericearchitect.com",
                            "records.#": "0",
                            "set_identifier": "",
                            "ttl": "0",
                            "type": "A",
                            "zone_id": "Z3FJU1EE4AHCEF"
                        },
                        "meta": {
                            "schema_version": "2"
                        },
                        "tainted": false
                    },
                    "deposed": [],
                    "provider": ""
                },
                "aws_route53_record.dockerui": {
                    "type": "aws_route53_record",
                    "depends_on": [
                        "aws_elb.elb-public-swarm",
                        "aws_elb.elb-public-swarm"
                    ],
                    "primary": {
                        "id": "Z3FJU1EE4AHCEF_dockerui.joericearchitect.com_A",
                        "attributes": {
                            "alias.#": "1",
                            "alias.704562169.evaluate_target_health": "true",
                            "alias.704562169.name": "jra-elb-latest-us-east-1-public-1015219451.us-east-1.elb.amazonaws.com",
                            "alias.704562169.zone_id": "Z35SXDOTRQ7X7K",
                            "fqdn": "dockerui.joericearchitect.com",
                            "health_check_id": "",
                            "id": "Z3FJU1EE4AHCEF_dockerui.joericearchitect.com_A",
                            "name": "dockerui.joericearchitect.com",
                            "records.#": "0",
                            "set_identifier": "",
                            "ttl": "0",
                            "type": "A",
                            "zone_id": "Z3FJU1EE4AHCEF"
                        },
                        "meta": {
                            "schema_version": "2"
                        },
                        "tainted": false
                    },
                    "deposed": [],
                    "provider": ""
                },
                "aws_route53_record.proxy": {
                    "type": "aws_route53_record",
                    "depends_on": [
                        "aws_elb.elb-public-swarm",
                        "aws_elb.elb-public-swarm"
                    ],
                    "primary": {
                        "id": "Z3FJU1EE4AHCEF_proxy.joericearchitect.com_A",
                        "attributes": {
                            "alias.#": "1",
                            "alias.704562169.evaluate_target_health": "true",
                            "alias.704562169.name": "jra-elb-latest-us-east-1-public-1015219451.us-east-1.elb.amazonaws.com",
                            "alias.704562169.zone_id": "Z35SXDOTRQ7X7K",
                            "fqdn": "proxy.joericearchitect.com",
                            "health_check_id": "",
                            "id": "Z3FJU1EE4AHCEF_proxy.joericearchitect.com_A",
                            "name": "proxy.joericearchitect.com",
                            "records.#": "0",
                            "set_identifier": "",
                            "ttl": "0",
                            "type": "A",
                            "zone_id": "Z3FJU1EE4AHCEF"
                        },
                        "meta": {
                            "schema_version": "2"
                        },
                        "tainted": false
                    },
                    "deposed": [],
                    "provider": ""
                },
                "aws_route53_record.www": {
                    "type": "aws_route53_record",
                    "depends_on": [
                        "aws_elb.elb-public-swarm",
                        "aws_elb.elb-public-swarm"
                    ],
                    "primary": {
                        "id": "Z3FJU1EE4AHCEF_www.joericearchitect.com_A",
                        "attributes": {
                            "alias.#": "1",
                            "alias.704562169.evaluate_target_health": "true",
                            "alias.704562169.name": "jra-elb-latest-us-east-1-public-1015219451.us-east-1.elb.amazonaws.com",
                            "alias.704562169.zone_id": "Z35SXDOTRQ7X7K",
                            "fqdn": "www.joericearchitect.com",
                            "health_check_id": "",
                            "id": "Z3FJU1EE4AHCEF_www.joericearchitect.com_A",
                            "name": "www.joericearchitect.com",
                            "records.#": "0",
                            "set_identifier": "",
                            "ttl": "0",
                            "type": "A",
                            "zone_id": "Z3FJU1EE4AHCEF"
                        },
                        "meta": {
                            "schema_version": "2"
                        },
                        "tainted": false
                    },
                    "deposed": [],
                    "provider": ""
                },
                "aws_route_table.private": {
                    "type": "aws_route_table",
                    "depends_on": [
                        "aws_internet_gateway.jra_igw",
                        "aws_vpc.jra_vpc",
                        "random_id.env-instance"
                    ],
                    "primary": {
                        "id": "rtb-261ce05f",
                        "attributes": {
                            "id": "rtb-261ce05f",
                            "propagating_vgws.#": "0",
                            "route.#": "1",
                            "route.2939099068.cidr_block": "0.0.0.0/0",
                            "route.2939099068.gateway_id": "igw-6e324909",
                            "route.2939099068.instance_id": "",
                            "route.2939099068.nat_gateway_id": "",
                            "route.2939099068.network_interface_id": "",
                            "route.2939099068.vpc_peering_connection_id": "",
                            "tags.%": "5",
                            "tags.Name": "jra-route-table-latest-us-east-1-private",
                            "tags.jra.environment": "latest",
                            "tags.jra.environment-instance-id": "xZBIKdyURpQ",
                            "tags.jra.environment-size": "small",
                            "tags.jra.environment_type": "latest",
                            "vpc_id": "vpc-2cc9714a"
                        },
                        "meta": {},
                        "tainted": false
                    },
                    "deposed": [],
                    "provider": ""
                },
                "aws_route_table.public": {
                    "type": "aws_route_table",
                    "depends_on": [
                        "aws_internet_gateway.jra_igw",
                        "aws_vpc.jra_vpc",
                        "random_id.env-instance"
                    ],
                    "primary": {
                        "id": "rtb-1d1ce064",
                        "attributes": {
                            "id": "rtb-1d1ce064",
                            "propagating_vgws.#": "0",
                            "route.#": "1",
                            "route.2939099068.cidr_block": "0.0.0.0/0",
                            "route.2939099068.gateway_id": "igw-6e324909",
                            "route.2939099068.instance_id": "",
                            "route.2939099068.nat_gateway_id": "",
                            "route.2939099068.network_interface_id": "",
                            "route.2939099068.vpc_peering_connection_id": "",
                            "tags.%": "5",
                            "tags.Name": "jra-route-table-latest-us-east-1-public",
                            "tags.jra.environment": "latest",
                            "tags.jra.environment-instance-id": "xZBIKdyURpQ",
                            "tags.jra.environment-size": "small",
                            "tags.jra.environment_type": "latest",
                            "vpc_id": "vpc-2cc9714a"
                        },
                        "meta": {},
                        "tainted": false
                    },
                    "deposed": [],
                    "provider": ""
                },
                "aws_route_table_association.az-1-private": {
                    "type": "aws_route_table_association",
                    "depends_on": [
                        "aws_route_table.private",
                        "aws_subnet.az-1-private"
                    ],
                    "primary": {
                        "id": "rtbassoc-2d04d455",
                        "attributes": {
                            "id": "rtbassoc-2d04d455",
                            "route_table_id": "rtb-261ce05f",
                            "subnet_id": "subnet-4259246f"
                        },
                        "meta": {},
                        "tainted": false
                    },
                    "deposed": [],
                    "provider": ""
                },
                "aws_route_table_association.az-1-public": {
                    "type": "aws_route_table_association",
                    "depends_on": [
                        "aws_route_table.public",
                        "aws_subnet.az-1-public"
                    ],
                    "primary": {
                        "id": "rtbassoc-2304d45b",
                        "attributes": {
                            "id": "rtbassoc-2304d45b",
                            "route_table_id": "rtb-1d1ce064",
                            "subnet_id": "subnet-5d592470"
                        },
                        "meta": {},
                        "tainted": false
                    },
                    "deposed": [],
                    "provider": ""
                },
                "aws_route_table_association.az-2-private": {
                    "type": "aws_route_table_association",
                    "depends_on": [
                        "aws_route_table.private",
                        "aws_subnet.az-2-private"
                    ],
                    "primary": {
                        "id": "rtbassoc-2a04d452",
                        "attributes": {
                            "id": "rtbassoc-2a04d452",
                            "route_table_id": "rtb-261ce05f",
                            "subnet_id": "subnet-0eb99a47"
                        },
                        "meta": {},
                        "tainted": false
                    },
                    "deposed": [],
                    "provider": ""
                },
                "aws_route_table_association.az-2-public": {
                    "type": "aws_route_table_association",
                    "depends_on": [
                        "aws_route_table.public",
                        "aws_subnet.az-2-public"
                    ],
                    "primary": {
                        "id": "rtbassoc-2404d45c",
                        "attributes": {
                            "id": "rtbassoc-2404d45c",
                            "route_table_id": "rtb-1d1ce064",
                            "subnet_id": "subnet-18b99a51"
                        },
                        "meta": {},
                        "tainted": false
                    },
                    "deposed": [],
                    "provider": ""
                },
                "aws_route_table_association.az-3-private": {
                    "type": "aws_route_table_association",
                    "depends_on": [
                        "aws_route_table.private",
                        "aws_subnet.az-3-private"
                    ],
                    "primary": {
                        "id": "rtbassoc-2104d459",
                        "attributes": {
                            "id": "rtbassoc-2104d459",
                            "route_table_id": "rtb-261ce05f",
                            "subnet_id": "subnet-918fe4ca"
                        },
                        "meta": {},
                        "tainted": false
                    },
                    "deposed": [],
                    "provider": ""
                },
                "aws_route_table_association.az-3-public": {
                    "type": "aws_route_table_association",
                    "depends_on": [
                        "aws_route_table.public",
                        "aws_subnet.az-3-public"
                    ],
                    "primary": {
                        "id": "rtbassoc-2204d45a",
                        "attributes": {
                            "id": "rtbassoc-2204d45a",
                            "route_table_id": "rtb-1d1ce064",
                            "subnet_id": "subnet-968fe4cd"
                        },
                        "meta": {},
                        "tainted": false
                    },
                    "deposed": [],
                    "provider": ""
                },
                "aws_security_group.elb-public-swarm": {
                    "type": "aws_security_group",
                    "depends_on": [
                        "aws_vpc.jra_vpc",
                        "random_id.env-instance"
                    ],
                    "primary": {
                        "id": "sg-5aaa6a26",
                        "attributes": {
                            "description": "Security groups for public swarm elb",
                            "egress.#": "0",
                            "id": "sg-5aaa6a26",
                            "ingress.#": "1",
                            "ingress.482069346.cidr_blocks.#": "1",
                            "ingress.482069346.cidr_blocks.0": "0.0.0.0/0",
                            "ingress.482069346.from_port": "0",
                            "ingress.482069346.protocol": "-1",
                            "ingress.482069346.security_groups.#": "0",
                            "ingress.482069346.self": "false",
                            "ingress.482069346.to_port": "0",
                            "name": "jra-sg-latest-us-east-1-public-swarm-elb",
                            "owner_id": "193862077204",
                            "tags.%": "5",
                            "tags.Name": "jra-sg-latest-us-east-1-public-swarm-elb",
                            "tags.jra.environment": "latest",
                            "tags.jra.environment-instance-id": "xZBIKdyURpQ",
                            "tags.jra.environment-size": "small",
                            "tags.jra.environment_type": "latest",
                            "vpc_id": "vpc-2cc9714a"
                        },
                        "meta": {},
                        "tainted": false
                    },
                    "deposed": [],
                    "provider": ""
                },
                "aws_security_group.private_admin": {
                    "type": "aws_security_group",
                    "depends_on": [
                        "aws_vpc.jra_vpc",
                        "random_id.env-instance"
                    ],
                    "primary": {
                        "id": "sg-54aa6a28",
                        "attributes": {
                            "description": "Swarm Nodes that will run containers related to admin apps (timetracking, jira, wikis, etc)",
                            "egress.#": "1",
                            "egress.482069346.cidr_blocks.#": "1",
                            "egress.482069346.cidr_blocks.0": "0.0.0.0/0",
                            "egress.482069346.from_port": "0",
                            "egress.482069346.prefix_list_ids.#": "0",
                            "egress.482069346.protocol": "-1",
                            "egress.482069346.security_groups.#": "0",
                            "egress.482069346.self": "false",
                            "egress.482069346.to_port": "0",
                            "id": "sg-54aa6a28",
                            "ingress.#": "1",
                            "ingress.482069346.cidr_blocks.#": "1",
                            "ingress.482069346.cidr_blocks.0": "0.0.0.0/0",
                            "ingress.482069346.from_port": "0",
                            "ingress.482069346.protocol": "-1",
                            "ingress.482069346.security_groups.#": "0",
                            "ingress.482069346.self": "false",
                            "ingress.482069346.to_port": "0",
                            "name": "jra-sg-latest-us-east-1-private-admin",
                            "owner_id": "193862077204",
                            "tags.%": "5",
                            "tags.Name": "jra-sg-latest-us-east-1-private-admin",
                            "tags.jra.environment": "latest",
                            "tags.jra.environment-instance-id": "xZBIKdyURpQ",
                            "tags.jra.environment-size": "small",
                            "tags.jra.environment_type": "latest",
                            "vpc_id": "vpc-2cc9714a"
                        },
                        "meta": {},
                        "tainted": false
                    },
                    "deposed": [],
                    "provider": ""
                },
                "aws_security_group.private_app-api-service": {
                    "type": "aws_security_group",
                    "depends_on": [
                        "aws_vpc.jra_vpc",
                        "random_id.env-instance"
                    ],
                    "primary": {
                        "id": "sg-4eaa6a32",
                        "attributes": {
                            "description": "Swarm Nodes that will run containers related to storage persistence for mangement apps (databases, caches, etc)",
                            "egress.#": "0",
                            "id": "sg-4eaa6a32",
                            "ingress.#": "0",
                            "name": "jra-sg-latest-us-east-1-private-app-api-service",
                            "owner_id": "193862077204",
                            "tags.%": "5",
                            "tags.Name": "jra-sg-latest-us-east-1-private-app-api-service",
                            "tags.jra.environment": "latest",
                            "tags.jra.environment-instance-id": "xZBIKdyURpQ",
                            "tags.jra.environment-size": "small",
                            "tags.jra.environment_type": "latest",
                            "vpc_id": "vpc-2cc9714a"
                        },
                        "meta": {},
                        "tainted": false
                    },
                    "deposed": [],
                    "provider": ""
                },
                "aws_security_group.private_app-persistence": {
                    "type": "aws_security_group",
                    "depends_on": [
                        "aws_vpc.jra_vpc",
                        "random_id.env-instance"
                    ],
                    "primary": {
                        "id": "sg-52aa6a2e",
                        "attributes": {
                            "description": "Swarm Nodes that will run containers related to storage persistence for mangement apps (databases, caches, etc)",
                            "egress.#": "1",
                            "egress.482069346.cidr_blocks.#": "1",
                            "egress.482069346.cidr_blocks.0": "0.0.0.0/0",
                            "egress.482069346.from_port": "0",
                            "egress.482069346.prefix_list_ids.#": "0",
                            "egress.482069346.protocol": "-1",
                            "egress.482069346.security_groups.#": "0",
                            "egress.482069346.self": "false",
                            "egress.482069346.to_port": "0",
                            "id": "sg-52aa6a2e",
                            "ingress.#": "1",
                            "ingress.482069346.cidr_blocks.#": "1",
                            "ingress.482069346.cidr_blocks.0": "0.0.0.0/0",
                            "ingress.482069346.from_port": "0",
                            "ingress.482069346.protocol": "-1",
                            "ingress.482069346.security_groups.#": "0",
                            "ingress.482069346.self": "false",
                            "ingress.482069346.to_port": "0",
                            "name": "jra-sg-latest-us-east-1-private-app-persistence",
                            "owner_id": "193862077204",
                            "tags.%": "5",
                            "tags.Name": "jra-sg-latest-us-east-1-private-app-persistence",
                            "tags.jra.environment": "latest",
                            "tags.jra.environment-instance-id": "xZBIKdyURpQ",
                            "tags.jra.environment-size": "small",
                            "tags.jra.environment_type": "latest",
                            "vpc_id": "vpc-2cc9714a"
                        },
                        "meta": {},
                        "tainted": false
                    },
                    "deposed": [],
                    "provider": ""
                },
                "aws_security_group.private_build": {
                    "type": "aws_security_group",
                    "depends_on": [
                        "aws_vpc.jra_vpc",
                        "random_id.env-instance"
                    ],
                    "primary": {
                        "id": "sg-4baa6a37",
                        "attributes": {
                            "description": "Swarm Nodes that will run containers related to builds \u0026 CI / CD pipelines",
                            "egress.#": "1",
                            "egress.482069346.cidr_blocks.#": "1",
                            "egress.482069346.cidr_blocks.0": "0.0.0.0/0",
                            "egress.482069346.from_port": "0",
                            "egress.482069346.prefix_list_ids.#": "0",
                            "egress.482069346.protocol": "-1",
                            "egress.482069346.security_groups.#": "0",
                            "egress.482069346.self": "false",
                            "egress.482069346.to_port": "0",
                            "id": "sg-4baa6a37",
                            "ingress.#": "1",
                            "ingress.482069346.cidr_blocks.#": "1",
                            "ingress.482069346.cidr_blocks.0": "0.0.0.0/0",
                            "ingress.482069346.from_port": "0",
                            "ingress.482069346.protocol": "-1",
                            "ingress.482069346.security_groups.#": "0",
                            "ingress.482069346.self": "false",
                            "ingress.482069346.to_port": "0",
                            "name": "jra-sg-latest-us-east-1-private-build",
                            "owner_id": "193862077204",
                            "tags.%": "5",
                            "tags.Name": "jra-sg-latest-us-east-1-private-build",
                            "tags.jra.environment": "latest",
                            "tags.jra.environment-instance-id": "xZBIKdyURpQ",
                            "tags.jra.environment-size": "small",
                            "tags.jra.environment_type": "latest",
                            "vpc_id": "vpc-2cc9714a"
                        },
                        "meta": {},
                        "tainted": false
                    },
                    "deposed": [],
                    "provider": ""
                },
                "aws_security_group.private_infra-logging": {
                    "type": "aws_security_group",
                    "depends_on": [
                        "aws_vpc.jra_vpc",
                        "random_id.env-instance"
                    ],
                    "primary": {
                        "id": "sg-59aa6a25",
                        "attributes": {
                            "description": "Swarm Nodes that will run containers related to centralized logging stack",
                            "egress.#": "0",
                            "id": "sg-59aa6a25",
                            "ingress.#": "1",
                            "ingress.482069346.cidr_blocks.#": "1",
                            "ingress.482069346.cidr_blocks.0": "0.0.0.0/0",
                            "ingress.482069346.from_port": "0",
                            "ingress.482069346.protocol": "-1",
                            "ingress.482069346.security_groups.#": "0",
                            "ingress.482069346.self": "false",
                            "ingress.482069346.to_port": "0",
                            "name": "jra-sg-latest-us-east-1-private-infra-logging",
                            "owner_id": "193862077204",
                            "tags.%": "5",
                            "tags.Name": "jra-sg-latest-us-east-1-private-infra-logging",
                            "tags.jra.environment": "latest",
                            "tags.jra.environment-instance-id": "xZBIKdyURpQ",
                            "tags.jra.environment-size": "small",
                            "tags.jra.environment_type": "latest",
                            "vpc_id": "vpc-2cc9714a"
                        },
                        "meta": {},
                        "tainted": false
                    },
                    "deposed": [],
                    "provider": ""
                },
                "aws_security_group.private_management": {
                    "type": "aws_security_group",
                    "depends_on": [
                        "aws_vpc.jra_vpc",
                        "random_id.env-instance"
                    ],
                    "primary": {
                        "id": "sg-28aa6a54",
                        "attributes": {
                            "description": "Swarm Nodes that will run containers related to storage persistence for mangement apps (databases, caches, etc)",
                            "egress.#": "1",
                            "egress.482069346.cidr_blocks.#": "1",
                            "egress.482069346.cidr_blocks.0": "0.0.0.0/0",
                            "egress.482069346.from_port": "0",
                            "egress.482069346.prefix_list_ids.#": "0",
                            "egress.482069346.protocol": "-1",
                            "egress.482069346.security_groups.#": "0",
                            "egress.482069346.self": "false",
                            "egress.482069346.to_port": "0",
                            "id": "sg-28aa6a54",
                            "ingress.#": "1",
                            "ingress.482069346.cidr_blocks.#": "1",
                            "ingress.482069346.cidr_blocks.0": "0.0.0.0/0",
                            "ingress.482069346.from_port": "0",
                            "ingress.482069346.protocol": "-1",
                            "ingress.482069346.security_groups.#": "0",
                            "ingress.482069346.self": "false",
                            "ingress.482069346.to_port": "0",
                            "name": "jra-sg-latest-us-east-1-private-management",
                            "owner_id": "193862077204",
                            "tags.%": "5",
                            "tags.Name": "jra-sg-latest-us-east-1-private-management",
                            "tags.jra.environment": "latest",
                            "tags.jra.environment-instance-id": "xZBIKdyURpQ",
                            "tags.jra.environment-size": "small",
                            "tags.jra.environment_type": "latest",
                            "vpc_id": "vpc-2cc9714a"
                        },
                        "meta": {},
                        "tainted": false
                    },
                    "deposed": [],
                    "provider": ""
                },
                "aws_security_group.private_management_persistence": {
                    "type": "aws_security_group",
                    "depends_on": [
                        "aws_vpc.jra_vpc",
                        "random_id.env-instance"
                    ],
                    "primary": {
                        "id": "sg-47aa6a3b",
                        "attributes": {
                            "description": "Swarm Nodes that will run containers related to storage persistence for mangement apps (databases, caches, etc)",
                            "egress.#": "1",
                            "egress.482069346.cidr_blocks.#": "1",
                            "egress.482069346.cidr_blocks.0": "0.0.0.0/0",
                            "egress.482069346.from_port": "0",
                            "egress.482069346.prefix_list_ids.#": "0",
                            "egress.482069346.protocol": "-1",
                            "egress.482069346.security_groups.#": "0",
                            "egress.482069346.self": "false",
                            "egress.482069346.to_port": "0",
                            "id": "sg-47aa6a3b",
                            "ingress.#": "1",
                            "ingress.482069346.cidr_blocks.#": "1",
                            "ingress.482069346.cidr_blocks.0": "0.0.0.0/0",
                            "ingress.482069346.from_port": "0",
                            "ingress.482069346.protocol": "-1",
                            "ingress.482069346.security_groups.#": "0",
                            "ingress.482069346.self": "false",
                            "ingress.482069346.to_port": "0",
                            "name": "jra-sg-latest-us-east-1-private-management-persistence",
                            "owner_id": "193862077204",
                            "tags.%": "5",
                            "tags.Name": "jra-sg-latest-us-east-1-private-management-persistence",
                            "tags.jra.environment": "latest",
                            "tags.jra.environment-instance-id": "xZBIKdyURpQ",
                            "tags.jra.environment-size": "small",
                            "tags.jra.environment_type": "latest",
                            "vpc_id": "vpc-2cc9714a"
                        },
                        "meta": {},
                        "tainted": false
                    },
                    "deposed": [],
                    "provider": ""
                },
                "aws_security_group.private_monitoring": {
                    "type": "aws_security_group",
                    "depends_on": [
                        "aws_vpc.jra_vpc",
                        "random_id.env-instance"
                    ],
                    "primary": {
                        "id": "sg-49aa6a35",
                        "attributes": {
                            "description": "Swarm Nodes that will run containers related to monitoring (logging servers, metrics collection, etc",
                            "egress.#": "1",
                            "egress.482069346.cidr_blocks.#": "1",
                            "egress.482069346.cidr_blocks.0": "0.0.0.0/0",
                            "egress.482069346.from_port": "0",
                            "egress.482069346.prefix_list_ids.#": "0",
                            "egress.482069346.protocol": "-1",
                            "egress.482069346.security_groups.#": "0",
                            "egress.482069346.self": "false",
                            "egress.482069346.to_port": "0",
                            "id": "sg-49aa6a35",
                            "ingress.#": "1",
                            "ingress.482069346.cidr_blocks.#": "1",
                            "ingress.482069346.cidr_blocks.0": "0.0.0.0/0",
                            "ingress.482069346.from_port": "0",
                            "ingress.482069346.protocol": "-1",
                            "ingress.482069346.security_groups.#": "0",
                            "ingress.482069346.self": "false",
                            "ingress.482069346.to_port": "0",
                            "name": "jra-sg-latest-us-east-1-private-monitoring",
                            "owner_id": "193862077204",
                            "tags.%": "5",
                            "tags.Name": "jra-sg-latest-us-east-1-private-management-persistence",
                            "tags.jra.environment": "latest",
                            "tags.jra.environment-instance-id": "xZBIKdyURpQ",
                            "tags.jra.environment-size": "small",
                            "tags.jra.environment_type": "latest",
                            "vpc_id": "vpc-2cc9714a"
                        },
                        "meta": {},
                        "tainted": false
                    },
                    "deposed": [],
                    "provider": ""
                },
                "aws_security_group.private_swarm-manager": {
                    "type": "aws_security_group",
                    "depends_on": [
                        "aws_vpc.jra_vpc",
                        "random_id.env-instance"
                    ],
                    "primary": {
                        "id": "sg-55aa6a29",
                        "attributes": {
                            "description": "Swarm Manager that will run the docker swarm manager",
                            "egress.#": "1",
                            "egress.482069346.cidr_blocks.#": "1",
                            "egress.482069346.cidr_blocks.0": "0.0.0.0/0",
                            "egress.482069346.from_port": "0",
                            "egress.482069346.prefix_list_ids.#": "0",
                            "egress.482069346.protocol": "-1",
                            "egress.482069346.security_groups.#": "0",
                            "egress.482069346.self": "false",
                            "egress.482069346.to_port": "0",
                            "id": "sg-55aa6a29",
                            "ingress.#": "1",
                            "ingress.482069346.cidr_blocks.#": "1",
                            "ingress.482069346.cidr_blocks.0": "0.0.0.0/0",
                            "ingress.482069346.from_port": "0",
                            "ingress.482069346.protocol": "-1",
                            "ingress.482069346.security_groups.#": "0",
                            "ingress.482069346.self": "false",
                            "ingress.482069346.to_port": "0",
                            "name": "jra-sg-latest-us-east-1-private-swarm-manager",
                            "owner_id": "193862077204",
                            "tags.%": "5",
                            "tags.Name": "jra-sg-latest-us-east-1-private-swarm-manager",
                            "tags.jra.environment": "latest",
                            "tags.jra.environment-instance-id": "xZBIKdyURpQ",
                            "tags.jra.environment-size": "small",
                            "tags.jra.environment_type": "latest",
                            "vpc_id": "vpc-2cc9714a"
                        },
                        "meta": {},
                        "tainted": false
                    },
                    "deposed": [],
                    "provider": ""
                },
                "aws_security_group.public_app-api-web": {
                    "type": "aws_security_group",
                    "depends_on": [
                        "aws_vpc.jra_vpc",
                        "random_id.env-instance"
                    ],
                    "primary": {
                        "id": "sg-5baa6a27",
                        "attributes": {
                            "description": "Security groups for public web apis",
                            "egress.#": "1",
                            "egress.482069346.cidr_blocks.#": "1",
                            "egress.482069346.cidr_blocks.0": "0.0.0.0/0",
                            "egress.482069346.from_port": "0",
                            "egress.482069346.prefix_list_ids.#": "0",
                            "egress.482069346.protocol": "-1",
                            "egress.482069346.security_groups.#": "0",
                            "egress.482069346.self": "false",
                            "egress.482069346.to_port": "0",
                            "id": "sg-5baa6a27",
                            "ingress.#": "1",
                            "ingress.482069346.cidr_blocks.#": "1",
                            "ingress.482069346.cidr_blocks.0": "0.0.0.0/0",
                            "ingress.482069346.from_port": "0",
                            "ingress.482069346.protocol": "-1",
                            "ingress.482069346.security_groups.#": "0",
                            "ingress.482069346.self": "false",
                            "ingress.482069346.to_port": "0",
                            "name": "jra-sg-latest-us-east-1-public-app-api-web",
                            "owner_id": "193862077204",
                            "tags.%": "5",
                            "tags.Name": "jra-sg-latest-us-east-1-public-app-api-web",
                            "tags.jra.environment": "latest",
                            "tags.jra.environment-instance-id": "xZBIKdyURpQ",
                            "tags.jra.environment-size": "small",
                            "tags.jra.environment_type": "latest",
                            "vpc_id": "vpc-2cc9714a"
                        },
                        "meta": {},
                        "tainted": false
                    },
                    "deposed": [],
                    "provider": ""
                },
                "aws_security_group.public_app-ui-web": {
                    "type": "aws_security_group",
                    "depends_on": [
                        "aws_vpc.jra_vpc",
                        "random_id.env-instance"
                    ],
                    "primary": {
                        "id": "sg-58aa6a24",
                        "attributes": {
                            "description": "Security Group for public web ui apps",
                            "egress.#": "0",
                            "id": "sg-58aa6a24",
                            "ingress.#": "1",
                            "ingress.482069346.cidr_blocks.#": "1",
                            "ingress.482069346.cidr_blocks.0": "0.0.0.0/0",
                            "ingress.482069346.from_port": "0",
                            "ingress.482069346.protocol": "-1",
                            "ingress.482069346.security_groups.#": "0",
                            "ingress.482069346.self": "false",
                            "ingress.482069346.to_port": "0",
                            "name": "jra-sg-latest-us-east-1-public-app-ui-web",
                            "owner_id": "193862077204",
                            "tags.%": "5",
                            "tags.Name": "jra-sg-latest-us-east-1-public-app-ui-web",
                            "tags.jra.environment": "latest",
                            "tags.jra.environment-instance-id": "xZBIKdyURpQ",
                            "tags.jra.environment-size": "small",
                            "tags.jra.environment_type": "latest",
                            "vpc_id": "vpc-2cc9714a"
                        },
                        "meta": {},
                        "tainted": false
                    },
                    "deposed": [],
                    "provider": ""
                },
                "aws_subnet.az-1-private": {
                    "type": "aws_subnet",
                    "depends_on": [
                        "aws_vpc.jra_vpc",
                        "random_id.env-instance"
                    ],
                    "primary": {
                        "id": "subnet-4259246f",
                        "attributes": {
                            "availability_zone": "us-east-1a",
                            "cidr_block": "10.0.1.0/24",
                            "id": "subnet-4259246f",
                            "map_public_ip_on_launch": "true",
                            "tags.%": "6",
                            "tags.Name": "jra-subnet-latest-us-east-1a-private",
                            "tags.jra.environment": "latest",
                            "tags.jra.environment-instance-id": "xZBIKdyURpQ",
                            "tags.jra.environment-size": "small",
                            "tags.jra.environment_type": "latest",
                            "tags.jra.failure_zone": "us-east-1-az-1",
                            "vpc_id": "vpc-2cc9714a"
                        },
                        "meta": {},
                        "tainted": false
                    },
                    "deposed": [],
                    "provider": ""
                },
                "aws_subnet.az-1-public": {
                    "type": "aws_subnet",
                    "depends_on": [
                        "aws_vpc.jra_vpc",
                        "random_id.env-instance"
                    ],
                    "primary": {
                        "id": "subnet-5d592470",
                        "attributes": {
                            "availability_zone": "us-east-1a",
                            "cidr_block": "10.0.0.0/24",
                            "id": "subnet-5d592470",
                            "map_public_ip_on_launch": "false",
                            "tags.%": "6",
                            "tags.Name": "jra-subnet-latest-us-east-1a-public",
                            "tags.jra.environment": "latest",
                            "tags.jra.environment-instance-id": "xZBIKdyURpQ",
                            "tags.jra.environment-size": "small",
                            "tags.jra.environment_type": "latest",
                            "tags.jra.failure_zone": "us-east-1-az-1",
                            "vpc_id": "vpc-2cc9714a"
                        },
                        "meta": {},
                        "tainted": false
                    },
                    "deposed": [],
                    "provider": ""
                },
                "aws_subnet.az-2-private": {
                    "type": "aws_subnet",
                    "depends_on": [
                        "aws_vpc.jra_vpc",
                        "random_id.env-instance"
                    ],
                    "primary": {
                        "id": "subnet-0eb99a47",
                        "attributes": {
                            "availability_zone": "us-east-1b",
                            "cidr_block": "10.0.3.0/24",
                            "id": "subnet-0eb99a47",
                            "map_public_ip_on_launch": "false",
                            "tags.%": "6",
                            "tags.Name": "jra-subnet-latest-us-east-1b-private",
                            "tags.environment": "latest",
                            "tags.environment-instance-id": "xZBIKdyURpQ",
                            "tags.environment-size": "small",
                            "tags.environment_type": "latest",
                            "tags.failure_zone": "us-east-1-az-2",
                            "vpc_id": "vpc-2cc9714a"
                        },
                        "meta": {},
                        "tainted": false
                    },
                    "deposed": [],
                    "provider": ""
                },
                "aws_subnet.az-2-public": {
                    "type": "aws_subnet",
                    "depends_on": [
                        "aws_vpc.jra_vpc",
                        "random_id.env-instance"
                    ],
                    "primary": {
                        "id": "subnet-18b99a51",
                        "attributes": {
                            "availability_zone": "us-east-1b",
                            "cidr_block": "10.0.2.0/24",
                            "id": "subnet-18b99a51",
                            "map_public_ip_on_launch": "true",
                            "tags.%": "6",
                            "tags.Name": "jra-subnet-latest-us-east-1b-public",
                            "tags.jra.environment": "latest",
                            "tags.jra.environment-instance-id": "xZBIKdyURpQ",
                            "tags.jra.environment-size": "small",
                            "tags.jra.environment_type": "latest",
                            "tags.jra.failure_zone": "us-east-1-az-2",
                            "vpc_id": "vpc-2cc9714a"
                        },
                        "meta": {},
                        "tainted": false
                    },
                    "deposed": [],
                    "provider": ""
                },
                "aws_subnet.az-3-private": {
                    "type": "aws_subnet",
                    "depends_on": [
                        "aws_vpc.jra_vpc",
                        "random_id.env-instance"
                    ],
                    "primary": {
                        "id": "subnet-918fe4ca",
                        "attributes": {
                            "availability_zone": "us-east-1c",
                            "cidr_block": "10.0.5.0/24",
                            "id": "subnet-918fe4ca",
                            "map_public_ip_on_launch": "true",
                            "tags.%": "6",
                            "tags.Name": "jra-subnet-latest-us-east-1c-private",
                            "tags.environment": "latest",
                            "tags.environment-instance-id": "xZBIKdyURpQ",
                            "tags.environment-size": "small",
                            "tags.environment_type": "latest",
                            "tags.failure_zone": "us-east-1-az-3",
                            "vpc_id": "vpc-2cc9714a"
                        },
                        "meta": {},
                        "tainted": false
                    },
                    "deposed": [],
                    "provider": ""
                },
                "aws_subnet.az-3-public": {
                    "type": "aws_subnet",
                    "depends_on": [
                        "aws_vpc.jra_vpc",
                        "random_id.env-instance"
                    ],
                    "primary": {
                        "id": "subnet-968fe4cd",
                        "attributes": {
                            "availability_zone": "us-east-1c",
                            "cidr_block": "10.0.4.0/24",
                            "id": "subnet-968fe4cd",
                            "map_public_ip_on_launch": "true",
                            "tags.%": "6",
                            "tags.Name": "jra-subnet-latest-us-east-1c-public",
                            "tags.jra.environment": "latest",
                            "tags.jra.environment-instance-id": "xZBIKdyURpQ",
                            "tags.jra.environment-size": "small",
                            "tags.jra.environment_type": "latest",
                            "tags.jra.failure_zone": "us-east-1-az-3",
                            "vpc_id": "vpc-2cc9714a"
                        },
                        "meta": {},
                        "tainted": false
                    },
                    "deposed": [],
                    "provider": ""
                },
                "aws_vpc.jra_vpc": {
                    "type": "aws_vpc",
                    "depends_on": [
                        "random_id.env-instance"
                    ],
                    "primary": {
                        "id": "vpc-2cc9714a",
                        "attributes": {
                            "cidr_block": "10.0.0.0/16",
                            "default_network_acl_id": "acl-a53a79c3",
                            "default_route_table_id": "rtb-711ce008",
                            "default_security_group_id": "sg-72aa6a0e",
                            "dhcp_options_id": "dopt-46ffb622",
                            "enable_classiclink": "false",
                            "enable_dns_hostnames": "true",
                            "enable_dns_support": "true",
                            "id": "vpc-2cc9714a",
                            "instance_tenancy": "default",
                            "main_route_table_id": "rtb-711ce008",
                            "tags.%": "5",
                            "tags.Name": "jra-vpc-latest-us-east-1",
                            "tags.jra.environment": "latest",
                            "tags.jra.environment-instance-id": "xZBIKdyURpQ",
                            "tags.jra.environment-size": "small",
                            "tags.jra.environment_type": "latest"
                        },
                        "meta": {},
                        "tainted": false
                    },
                    "deposed": [],
                    "provider": ""
                },
                "null_resource.infa-apps-deploy": {
                    "type": "null_resource",
                    "depends_on": [
                        "null_resource.swarm-cluster-provision"
                    ],
                    "primary": {
                        "id": "2703911627928361159",
                        "attributes": {
                            "id": "2703911627928361159"
                        },
                        "meta": {},
                        "tainted": false
                    },
                    "deposed": [],
                    "provider": ""
                },
                "null_resource.swarm-cluster-provision": {
                    "type": "null_resource",
                    "depends_on": [
                        "aws_instance.app-api-service-az-1",
                        "aws_instance.app-api-service-az-2",
                        "aws_instance.app-api-service-az-3",
                        "aws_instance.app-persistence-az-1",
                        "aws_instance.app-persistence-az-2",
                        "aws_instance.app-persistence-az-3",
                        "aws_instance.app-ui-web-az-1",
                        "aws_instance.app-ui-web-az-1",
                        "aws_instance.app-ui-web-az-3",
                        "aws_instance.build-az-1",
                        "aws_instance.build-az-2",
                        "aws_instance.build-az-3",
                        "aws_instance.swarm-manager-az-1",
                        "aws_instance.swarm-manager-az-1",
                        "aws_instance.swarm-manager-az-3"
                    ],
                    "primary": {
                        "id": "1143551435315953934",
                        "attributes": {
                            "id": "1143551435315953934"
                        },
                        "meta": {},
                        "tainted": false
                    },
                    "deposed": [],
                    "provider": ""
                },
                "random_id.env-instance": {
                    "type": "random_id",
                    "depends_on": [],
                    "primary": {
                        "id": "xZBIKdyURpQ",
                        "attributes": {
                            "b64": "xZBIKdyURpQ",
                            "b64_std": "xZBIKdyURpQ=",
                            "b64_url": "xZBIKdyURpQ",
                            "byte_length": "8",
                            "dec": "14235957766749701780",
                            "hex": "c5904829dc944694",
                            "id": "xZBIKdyURpQ"
                        },
                        "meta": {},
                        "tainted": false
                    },
                    "deposed": [],
                    "provider": ""
                }
            },
            "depends_on": []
        }
    ]
}
