{
    "version": 3,
    "terraform_version": "0.7.13",
    "serial": 9,
    "lineage": "f3358d55-17fd-4636-a561-0bde2413f656",
    "modules": [
        {
            "path": [
                "root"
            ],
            "outputs": {},
            "resources": {
                "aws_eip.az-1-public": {
                    "type": "aws_eip",
                    "depends_on": [],
                    "primary": {
                        "id": "eipalloc-1c6cd022",
                        "attributes": {
                            "association_id": "",
                            "domain": "vpc",
                            "id": "eipalloc-1c6cd022",
                            "instance": "",
                            "network_interface": "",
                            "private_ip": "",
                            "public_ip": "34.197.8.227",
                            "vpc": "true"
                        },
                        "meta": {},
                        "tainted": false
                    },
                    "deposed": [],
                    "provider": ""
                },
                "aws_eip.az-2-public": {
                    "type": "aws_eip",
                    "depends_on": [],
                    "primary": {
                        "id": "eipalloc-bc6cd082",
                        "attributes": {
                            "association_id": "",
                            "domain": "vpc",
                            "id": "eipalloc-bc6cd082",
                            "instance": "",
                            "network_interface": "",
                            "private_ip": "",
                            "public_ip": "34.192.157.185",
                            "vpc": "true"
                        },
                        "meta": {},
                        "tainted": false
                    },
                    "deposed": [],
                    "provider": ""
                },
                "aws_eip.az-3-public": {
                    "type": "aws_eip",
                    "depends_on": [],
                    "primary": {
                        "id": "eipalloc-0a72ce34",
                        "attributes": {
                            "association_id": "",
                            "domain": "vpc",
                            "id": "eipalloc-0a72ce34",
                            "instance": "",
                            "network_interface": "",
                            "private_ip": "",
                            "public_ip": "34.197.8.194",
                            "vpc": "true"
                        },
                        "meta": {},
                        "tainted": false
                    },
                    "deposed": [],
                    "provider": ""
                },
                "aws_elb.elb-public-swarm": {
                    "type": "aws_elb",
                    "depends_on": [
                        "aws_instance.app-ui-web-az-1",
                        "aws_instance.app-ui-web-az-2",
                        "aws_instance.app-ui-web-az-3",
                        "aws_security_group.elb-public-swarm",
                        "aws_subnet.az-1-public",
                        "aws_subnet.az-2-public",
                        "aws_subnet.az-3-public",
                        "random_id.env-instance"
                    ],
                    "primary": {
                        "id": "jra-elb-latest-us-east-1-public",
                        "attributes": {
                            "access_logs.#": "0",
                            "availability_zones.#": "3",
                            "availability_zones.1305112097": "us-east-1b",
                            "availability_zones.3569565595": "us-east-1a",
                            "availability_zones.986537655": "us-east-1c",
                            "connection_draining": "true",
                            "connection_draining_timeout": "400",
                            "cross_zone_load_balancing": "true",
                            "dns_name": "jra-elb-latest-us-east-1-public-666139967.us-east-1.elb.amazonaws.com",
                            "health_check.#": "1",
                            "health_check.0.healthy_threshold": "4",
                            "health_check.0.interval": "15",
                            "health_check.0.target": "TCP:80",
                            "health_check.0.timeout": "3",
                            "health_check.0.unhealthy_threshold": "4",
                            "id": "jra-elb-latest-us-east-1-public",
                            "idle_timeout": "400",
                            "instances.#": "3",
                            "instances.1511123275": "i-0a2356d1c5e3c6f8b",
                            "instances.2707556673": "i-0f9d54b93843ac96e",
                            "instances.3715135010": "i-072ef0dc83cc62c74",
                            "internal": "false",
                            "listener.#": "1",
                            "listener.3057123346.instance_port": "80",
                            "listener.3057123346.instance_protocol": "http",
                            "listener.3057123346.lb_port": "80",
                            "listener.3057123346.lb_protocol": "http",
                            "listener.3057123346.ssl_certificate_id": "",
                            "name": "jra-elb-latest-us-east-1-public",
                            "security_groups.#": "1",
                            "security_groups.972699650": "sg-fad51086",
                            "source_security_group": "193862077204/jra-sg-latest-us-east-1-public-swarm-elb",
                            "source_security_group_id": "sg-fad51086",
                            "subnets.#": "3",
                            "subnets.1003725540": "subnet-4c0a6217",
                            "subnets.2686962191": "subnet-28e69505",
                            "subnets.2758733277": "subnet-0f2b0b46",
                            "tags.%": "5",
                            "tags.Name": "jra-elb-latest-us-east-1-public-swarm",
                            "tags.com.jra.environment": "latest",
                            "tags.com.jra.environment-instance-id": "T-BQ8tqJVsM",
                            "tags.com.jra.environment-size": "small",
                            "tags.com.jra.environment_type": "latest",
                            "zone_id": "Z35SXDOTRQ7X7K"
                        },
                        "meta": {},
                        "tainted": false
                    },
                    "deposed": [],
                    "provider": ""
                },
                "aws_instance.app-api-service-az-1": {
                    "type": "aws_instance",
                    "depends_on": [
                        "aws_security_group.private_app-api-service",
                        "aws_subnet.az-1-private",
                        "random_id.env-instance"
                    ],
                    "primary": {
                        "id": "i-0ed58e30d632f8c2b",
                        "attributes": {
                            "ami": "ami-93b5ac84",
                            "associate_public_ip_address": "true",
                            "availability_zone": "us-east-1a",
                            "disable_api_termination": "false",
                            "ebs_block_device.#": "0",
                            "ebs_optimized": "false",
                            "ephemeral_block_device.#": "0",
                            "iam_instance_profile": "",
                            "id": "i-0ed58e30d632f8c2b",
                            "instance_state": "running",
                            "instance_type": "t2.micro",
                            "key_name": "jra-build",
                            "monitoring": "false",
                            "network_interface_id": "eni-dc8ee32c",
                            "private_dns": "ip-10-0-1-190.ec2.internal",
                            "private_ip": "10.0.1.190",
                            "public_dns": "ec2-174-129-76-98.compute-1.amazonaws.com",
                            "public_ip": "174.129.76.98",
                            "root_block_device.#": "1",
                            "root_block_device.0.delete_on_termination": "true",
                            "root_block_device.0.iops": "100",
                            "root_block_device.0.volume_size": "8",
                            "root_block_device.0.volume_type": "gp2",
                            "security_groups.#": "0",
                            "source_dest_check": "true",
                            "subnet_id": "subnet-25e69508",
                            "tags.%": "9",
                            "tags.Name": "jra-instance.swarm-worker.app-api-service.latest.us-east-1a",
                            "tags.com.jra.environment": "latest",
                            "tags.com.jra.environment-instance-id": "T-BQ8tqJVsM",
                            "tags.com.jra.environment-size": "small",
                            "tags.com.jra.environment_type": "latest",
                            "tags.com.jra.failure_zone": "us-east-1-az-1",
                            "tags.com.jra.subnet-type": "private",
                            "tags.com.jra.swarm-instance-type": "swarm-worker",
                            "tags.com.jra.swarm-node-type": "app-api-service",
                            "tenancy": "default",
                            "vpc_security_group_ids.#": "1",
                            "vpc_security_group_ids.3216981862": "sg-15d51069"
                        },
                        "meta": {
                            "schema_version": "1"
                        },
                        "tainted": false
                    },
                    "deposed": [],
                    "provider": ""
                },
                "aws_instance.app-api-service-az-2": {
                    "type": "aws_instance",
                    "depends_on": [
                        "aws_security_group.private_app-api-service",
                        "aws_subnet.az-2-private",
                        "random_id.env-instance"
                    ],
                    "primary": {
                        "id": "i-0168e0b217bae969f",
                        "attributes": {
                            "ami": "ami-93b5ac84",
                            "associate_public_ip_address": "true",
                            "availability_zone": "us-east-1b",
                            "disable_api_termination": "false",
                            "ebs_block_device.#": "0",
                            "ebs_optimized": "false",
                            "ephemeral_block_device.#": "0",
                            "iam_instance_profile": "",
                            "id": "i-0168e0b217bae969f",
                            "instance_state": "running",
                            "instance_type": "t2.micro",
                            "key_name": "jra-build",
                            "monitoring": "false",
                            "network_interface_id": "eni-46076ca8",
                            "private_dns": "ip-10-0-3-245.ec2.internal",
                            "private_ip": "10.0.3.245",
                            "public_dns": "ec2-54-152-183-219.compute-1.amazonaws.com",
                            "public_ip": "54.152.183.219",
                            "root_block_device.#": "1",
                            "root_block_device.0.delete_on_termination": "true",
                            "root_block_device.0.iops": "100",
                            "root_block_device.0.volume_size": "8",
                            "root_block_device.0.volume_type": "gp2",
                            "security_groups.#": "0",
                            "source_dest_check": "true",
                            "subnet_id": "subnet-072b0b4e",
                            "tags.%": "9",
                            "tags.Name": "jra-instance.swarm-worker.app-api-service.latest.us-east-1b",
                            "tags.com.jra.environment": "latest",
                            "tags.com.jra.environment-instance-id": "T-BQ8tqJVsM",
                            "tags.com.jra.environment-size": "small",
                            "tags.com.jra.environment_type": "latest",
                            "tags.com.jra.failure_zone": "us-east-1-az-2",
                            "tags.com.jra.subnet-type": "private",
                            "tags.com.jra.swarm-instance-type": "swarm-worker",
                            "tags.com.jra.swarm-node-type": "app-api-service",
                            "tenancy": "default",
                            "vpc_security_group_ids.#": "1",
                            "vpc_security_group_ids.3216981862": "sg-15d51069"
                        },
                        "meta": {
                            "schema_version": "1"
                        },
                        "tainted": false
                    },
                    "deposed": [],
                    "provider": ""
                },
                "aws_instance.app-api-service-az-3": {
                    "type": "aws_instance",
                    "depends_on": [
                        "aws_security_group.private_app-api-service",
                        "aws_subnet.az-3-private",
                        "random_id.env-instance"
                    ],
                    "primary": {
                        "id": "i-0055c430d2172f169",
                        "attributes": {
                            "ami": "ami-93b5ac84",
                            "associate_public_ip_address": "true",
                            "availability_zone": "us-east-1c",
                            "disable_api_termination": "false",
                            "ebs_block_device.#": "0",
                            "ebs_optimized": "false",
                            "ephemeral_block_device.#": "0",
                            "iam_instance_profile": "",
                            "id": "i-0055c430d2172f169",
                            "instance_state": "running",
                            "instance_type": "t2.micro",
                            "key_name": "jra-build",
                            "monitoring": "false",
                            "network_interface_id": "eni-5a5acc98",
                            "private_dns": "ip-10-0-5-187.ec2.internal",
                            "private_ip": "10.0.5.187",
                            "public_dns": "ec2-52-90-141-97.compute-1.amazonaws.com",
                            "public_ip": "52.90.141.97",
                            "root_block_device.#": "1",
                            "root_block_device.0.delete_on_termination": "true",
                            "root_block_device.0.iops": "100",
                            "root_block_device.0.volume_size": "8",
                            "root_block_device.0.volume_type": "gp2",
                            "security_groups.#": "0",
                            "source_dest_check": "true",
                            "subnet_id": "subnet-490a6212",
                            "tags.%": "9",
                            "tags.Name": "jra-instance.swarm-worker.app-api-service.latest.us-east-1c",
                            "tags.com.jra.environment": "latest",
                            "tags.com.jra.environment-instance-id": "T-BQ8tqJVsM",
                            "tags.com.jra.environment-size": "small",
                            "tags.com.jra.environment_type": "latest",
                            "tags.com.jra.failure_zone": "us-east-1-az-3",
                            "tags.com.jra.subnet-type": "private",
                            "tags.com.jra.swarm-instance-type": "swarm-worker",
                            "tags.com.jra.swarm-node-type": "app-api-service",
                            "tenancy": "default",
                            "vpc_security_group_ids.#": "1",
                            "vpc_security_group_ids.3216981862": "sg-15d51069"
                        },
                        "meta": {
                            "schema_version": "1"
                        },
                        "tainted": false
                    },
                    "deposed": [],
                    "provider": ""
                },
                "aws_instance.app-persistence-az-1": {
                    "type": "aws_instance",
                    "depends_on": [
                        "aws_security_group.private_app-persistence",
                        "aws_subnet.az-1-private",
                        "random_id.env-instance"
                    ],
                    "primary": {
                        "id": "i-09a7db987b7405737",
                        "attributes": {
                            "ami": "ami-93b5ac84",
                            "associate_public_ip_address": "true",
                            "availability_zone": "us-east-1a",
                            "disable_api_termination": "false",
                            "ebs_block_device.#": "0",
                            "ebs_optimized": "false",
                            "ephemeral_block_device.#": "0",
                            "iam_instance_profile": "",
                            "id": "i-09a7db987b7405737",
                            "instance_state": "running",
                            "instance_type": "t2.micro",
                            "key_name": "jra-build",
                            "monitoring": "false",
                            "network_interface_id": "eni-7f84e98f",
                            "private_dns": "ip-10-0-1-13.ec2.internal",
                            "private_ip": "10.0.1.13",
                            "public_dns": "ec2-54-165-222-164.compute-1.amazonaws.com",
                            "public_ip": "54.165.222.164",
                            "root_block_device.#": "1",
                            "root_block_device.0.delete_on_termination": "true",
                            "root_block_device.0.iops": "100",
                            "root_block_device.0.volume_size": "8",
                            "root_block_device.0.volume_type": "gp2",
                            "security_groups.#": "0",
                            "source_dest_check": "true",
                            "subnet_id": "subnet-25e69508",
                            "tags.%": "9",
                            "tags.Name": "jra-instance.swarm-worker.app-persistence.latest.us-east-1a",
                            "tags.com.jra.environment": "latest",
                            "tags.com.jra.environment-instance-id": "T-BQ8tqJVsM",
                            "tags.com.jra.environment-size": "small",
                            "tags.com.jra.environment_type": "latest",
                            "tags.com.jra.failure_zone": "us-east-1-az-1",
                            "tags.com.jra.subnet-type": "private",
                            "tags.com.jra.swarm-instance-type": "swarm-worker",
                            "tags.com.jra.swarm-node-type": "app-persistence",
                            "tenancy": "default",
                            "vpc_security_group_ids.#": "1",
                            "vpc_security_group_ids.3957849149": "sg-16d5106a"
                        },
                        "meta": {
                            "schema_version": "1"
                        },
                        "tainted": false
                    },
                    "deposed": [],
                    "provider": ""
                },
                "aws_instance.app-persistence-az-2": {
                    "type": "aws_instance",
                    "depends_on": [
                        "aws_security_group.private_app-persistence",
                        "aws_subnet.az-2-private",
                        "random_id.env-instance"
                    ],
                    "primary": {
                        "id": "i-007b79bfdac31f115",
                        "attributes": {
                            "ami": "ami-93b5ac84",
                            "associate_public_ip_address": "true",
                            "availability_zone": "us-east-1b",
                            "disable_api_termination": "false",
                            "ebs_block_device.#": "0",
                            "ebs_optimized": "false",
                            "ephemeral_block_device.#": "0",
                            "iam_instance_profile": "",
                            "id": "i-007b79bfdac31f115",
                            "instance_state": "running",
                            "instance_type": "t2.micro",
                            "key_name": "jra-build",
                            "monitoring": "false",
                            "network_interface_id": "eni-17046ff9",
                            "private_dns": "ip-10-0-3-128.ec2.internal",
                            "private_ip": "10.0.3.128",
                            "public_dns": "ec2-52-23-234-10.compute-1.amazonaws.com",
                            "public_ip": "52.23.234.10",
                            "root_block_device.#": "1",
                            "root_block_device.0.delete_on_termination": "true",
                            "root_block_device.0.iops": "100",
                            "root_block_device.0.volume_size": "8",
                            "root_block_device.0.volume_type": "gp2",
                            "security_groups.#": "0",
                            "source_dest_check": "true",
                            "subnet_id": "subnet-072b0b4e",
                            "tags.%": "9",
                            "tags.Name": "jra-instance.swarm-worker.app-persistence.latest.us-east-1b",
                            "tags.com.jra.environment": "latest",
                            "tags.com.jra.environment-instance-id": "T-BQ8tqJVsM",
                            "tags.com.jra.environment-size": "small",
                            "tags.com.jra.environment_type": "latest",
                            "tags.com.jra.failure_zone": "us-east-1-az-2",
                            "tags.com.jra.subnet-type": "private",
                            "tags.com.jra.swarm-instance-type": "swarm-worker",
                            "tags.com.jra.swarm-node-type": "app-persistence",
                            "tenancy": "default",
                            "vpc_security_group_ids.#": "1",
                            "vpc_security_group_ids.3957849149": "sg-16d5106a"
                        },
                        "meta": {
                            "schema_version": "1"
                        },
                        "tainted": false
                    },
                    "deposed": [],
                    "provider": ""
                },
                "aws_instance.app-persistence-az-3": {
                    "type": "aws_instance",
                    "depends_on": [
                        "aws_security_group.private_app-persistence",
                        "aws_subnet.az-3-private",
                        "random_id.env-instance"
                    ],
                    "primary": {
                        "id": "i-076816b789b5f29c1",
                        "attributes": {
                            "ami": "ami-93b5ac84",
                            "associate_public_ip_address": "true",
                            "availability_zone": "us-east-1c",
                            "disable_api_termination": "false",
                            "ebs_block_device.#": "0",
                            "ebs_optimized": "false",
                            "ephemeral_block_device.#": "0",
                            "iam_instance_profile": "",
                            "id": "i-076816b789b5f29c1",
                            "instance_state": "running",
                            "instance_type": "t2.micro",
                            "key_name": "jra-build",
                            "monitoring": "false",
                            "network_interface_id": "eni-5b5acc99",
                            "private_dns": "ip-10-0-5-205.ec2.internal",
                            "private_ip": "10.0.5.205",
                            "public_dns": "ec2-54-152-146-71.compute-1.amazonaws.com",
                            "public_ip": "54.152.146.71",
                            "root_block_device.#": "1",
                            "root_block_device.0.delete_on_termination": "true",
                            "root_block_device.0.iops": "100",
                            "root_block_device.0.volume_size": "8",
                            "root_block_device.0.volume_type": "gp2",
                            "security_groups.#": "0",
                            "source_dest_check": "true",
                            "subnet_id": "subnet-490a6212",
                            "tags.%": "9",
                            "tags.Name": "jra-instance.swarm-worker.app-persistence.latest.us-east-1c",
                            "tags.com.jra.environment": "latest",
                            "tags.com.jra.environment-instance-id": "T-BQ8tqJVsM",
                            "tags.com.jra.environment-size": "small",
                            "tags.com.jra.environment_type": "latest",
                            "tags.com.jra.failure_zone": "us-east-1-az-3",
                            "tags.com.jra.subnet-type": "private",
                            "tags.com.jra.swarm-instance-type": "swarm-worker",
                            "tags.com.jra.swarm-node-type": "app-persistence",
                            "tenancy": "default",
                            "vpc_security_group_ids.#": "1",
                            "vpc_security_group_ids.3957849149": "sg-16d5106a"
                        },
                        "meta": {
                            "schema_version": "1"
                        },
                        "tainted": false
                    },
                    "deposed": [],
                    "provider": ""
                },
                "aws_instance.app-ui-web-az-1": {
                    "type": "aws_instance",
                    "depends_on": [
                        "aws_security_group.public_app-ui-web",
                        "aws_subnet.az-1-public",
                        "random_id.env-instance"
                    ],
                    "primary": {
                        "id": "i-0f9d54b93843ac96e",
                        "attributes": {
                            "ami": "ami-93b5ac84",
                            "associate_public_ip_address": "true",
                            "availability_zone": "us-east-1a",
                            "disable_api_termination": "false",
                            "ebs_block_device.#": "0",
                            "ebs_optimized": "false",
                            "ephemeral_block_device.#": "0",
                            "iam_instance_profile": "",
                            "id": "i-0f9d54b93843ac96e",
                            "instance_state": "running",
                            "instance_type": "t2.micro",
                            "key_name": "jra-build",
                            "monitoring": "false",
                            "network_interface_id": "eni-9687ea66",
                            "private_dns": "ip-10-0-0-118.ec2.internal",
                            "private_ip": "10.0.0.118",
                            "public_dns": "ec2-54-146-135-145.compute-1.amazonaws.com",
                            "public_ip": "54.146.135.145",
                            "root_block_device.#": "1",
                            "root_block_device.0.delete_on_termination": "true",
                            "root_block_device.0.iops": "100",
                            "root_block_device.0.volume_size": "8",
                            "root_block_device.0.volume_type": "gp2",
                            "security_groups.#": "0",
                            "source_dest_check": "true",
                            "subnet_id": "subnet-28e69505",
                            "tags.%": "9",
                            "tags.Name": "jra-instance.swarm-worker.app-ui-web.latest.us-east-1a",
                            "tags.com.jra.environment": "latest",
                            "tags.com.jra.environment-instance-id": "T-BQ8tqJVsM",
                            "tags.com.jra.environment-size": "small",
                            "tags.com.jra.environment_type": "latest",
                            "tags.com.jra.failure_zone": "us-east-1-az-1",
                            "tags.com.jra.subnet-type": "public",
                            "tags.com.jra.swarm-instance-type": "swarm-worker",
                            "tags.com.jra.swarm-node-type": "app-ui-web",
                            "tenancy": "default",
                            "vpc_security_group_ids.#": "1",
                            "vpc_security_group_ids.2128603191": "sg-f5d51089"
                        },
                        "meta": {
                            "schema_version": "1"
                        },
                        "tainted": false
                    },
                    "deposed": [],
                    "provider": ""
                },
                "aws_instance.app-ui-web-az-2": {
                    "type": "aws_instance",
                    "depends_on": [
                        "aws_security_group.public_app-ui-web",
                        "aws_subnet.az-2-public",
                        "random_id.env-instance"
                    ],
                    "primary": {
                        "id": "i-0a2356d1c5e3c6f8b",
                        "attributes": {
                            "ami": "ami-93b5ac84",
                            "associate_public_ip_address": "true",
                            "availability_zone": "us-east-1b",
                            "disable_api_termination": "false",
                            "ebs_block_device.#": "0",
                            "ebs_optimized": "false",
                            "ephemeral_block_device.#": "0",
                            "iam_instance_profile": "",
                            "id": "i-0a2356d1c5e3c6f8b",
                            "instance_state": "running",
                            "instance_type": "t2.micro",
                            "key_name": "jra-build",
                            "monitoring": "false",
                            "network_interface_id": "eni-891b7067",
                            "private_dns": "ip-10-0-2-223.ec2.internal",
                            "private_ip": "10.0.2.223",
                            "public_dns": "ec2-52-90-228-189.compute-1.amazonaws.com",
                            "public_ip": "52.90.228.189",
                            "root_block_device.#": "1",
                            "root_block_device.0.delete_on_termination": "true",
                            "root_block_device.0.iops": "100",
                            "root_block_device.0.volume_size": "8",
                            "root_block_device.0.volume_type": "gp2",
                            "security_groups.#": "0",
                            "source_dest_check": "true",
                            "subnet_id": "subnet-0f2b0b46",
                            "tags.%": "9",
                            "tags.Name": "jra-instance.swarm-worker.app-ui-web.latest.us-east-1b",
                            "tags.com.jra.environment": "latest",
                            "tags.com.jra.environment-instance-id": "T-BQ8tqJVsM",
                            "tags.com.jra.environment-size": "small",
                            "tags.com.jra.environment_type": "latest",
                            "tags.com.jra.failure_zone": "us-east-1-az-2",
                            "tags.com.jra.subnet-type": "public",
                            "tags.com.jra.swarm-instance-type": "swarm-worker",
                            "tags.com.jra.swarm-node-type": "app-ui-web",
                            "tenancy": "default",
                            "vpc_security_group_ids.#": "1",
                            "vpc_security_group_ids.2128603191": "sg-f5d51089"
                        },
                        "meta": {
                            "schema_version": "1"
                        },
                        "tainted": false
                    },
                    "deposed": [],
                    "provider": ""
                },
                "aws_instance.app-ui-web-az-3": {
                    "type": "aws_instance",
                    "depends_on": [
                        "aws_security_group.public_app-ui-web",
                        "aws_subnet.az-3-public",
                        "random_id.env-instance"
                    ],
                    "primary": {
                        "id": "i-072ef0dc83cc62c74",
                        "attributes": {
                            "ami": "ami-93b5ac84",
                            "associate_public_ip_address": "true",
                            "availability_zone": "us-east-1c",
                            "disable_api_termination": "false",
                            "ebs_block_device.#": "0",
                            "ebs_optimized": "false",
                            "ephemeral_block_device.#": "0",
                            "iam_instance_profile": "",
                            "id": "i-072ef0dc83cc62c74",
                            "instance_state": "running",
                            "instance_type": "t2.micro",
                            "key_name": "jra-build",
                            "monitoring": "false",
                            "network_interface_id": "eni-675acca5",
                            "private_dns": "ip-10-0-4-195.ec2.internal",
                            "private_ip": "10.0.4.195",
                            "public_dns": "ec2-54-173-232-40.compute-1.amazonaws.com",
                            "public_ip": "54.173.232.40",
                            "root_block_device.#": "1",
                            "root_block_device.0.delete_on_termination": "true",
                            "root_block_device.0.iops": "100",
                            "root_block_device.0.volume_size": "8",
                            "root_block_device.0.volume_type": "gp2",
                            "security_groups.#": "0",
                            "source_dest_check": "true",
                            "subnet_id": "subnet-4c0a6217",
                            "tags.%": "9",
                            "tags.Name": "jra-instance.swarm-worker.app-ui-web.latest.us-east-1c",
                            "tags.com.jra.environment": "latest",
                            "tags.com.jra.environment-instance-id": "T-BQ8tqJVsM",
                            "tags.com.jra.environment-size": "small",
                            "tags.com.jra.environment_type": "latest",
                            "tags.com.jra.failure_zone": "us-east-1-az-3",
                            "tags.com.jra.subnet-type": "public",
                            "tags.com.jra.swarm-instance-type": "swarm-worker",
                            "tags.com.jra.swarm-node-type": "app-ui-web",
                            "tenancy": "default",
                            "vpc_security_group_ids.#": "1",
                            "vpc_security_group_ids.2128603191": "sg-f5d51089"
                        },
                        "meta": {
                            "schema_version": "1"
                        },
                        "tainted": false
                    },
                    "deposed": [],
                    "provider": ""
                },
                "aws_instance.build-az-1": {
                    "type": "aws_instance",
                    "depends_on": [
                        "aws_security_group.private_build",
                        "aws_subnet.az-1-private",
                        "random_id.env-instance"
                    ],
                    "primary": {
                        "id": "i-0df1cdefd62321278",
                        "attributes": {
                            "ami": "ami-93b5ac84",
                            "associate_public_ip_address": "true",
                            "availability_zone": "us-east-1a",
                            "disable_api_termination": "false",
                            "ebs_block_device.#": "0",
                            "ebs_optimized": "false",
                            "ephemeral_block_device.#": "0",
                            "iam_instance_profile": "",
                            "id": "i-0df1cdefd62321278",
                            "instance_state": "running",
                            "instance_type": "t2.micro",
                            "key_name": "jra-build",
                            "monitoring": "false",
                            "network_interface_id": "eni-32b3dec2",
                            "private_dns": "ip-10-0-1-19.ec2.internal",
                            "private_ip": "10.0.1.19",
                            "public_dns": "ec2-174-129-79-2.compute-1.amazonaws.com",
                            "public_ip": "174.129.79.2",
                            "root_block_device.#": "1",
                            "root_block_device.0.delete_on_termination": "true",
                            "root_block_device.0.iops": "100",
                            "root_block_device.0.volume_size": "8",
                            "root_block_device.0.volume_type": "gp2",
                            "security_groups.#": "0",
                            "source_dest_check": "true",
                            "subnet_id": "subnet-25e69508",
                            "tags.%": "9",
                            "tags.Name": "jra-instance.swarm-worker.build.latest.us-east-1a",
                            "tags.com.jra.environment": "latest",
                            "tags.com.jra.environment-instance-id": "T-BQ8tqJVsM",
                            "tags.com.jra.environment-size": "small",
                            "tags.com.jra.environment_type": "latest",
                            "tags.com.jra.failure_zone": "us-east-1-az-1",
                            "tags.com.jra.subnet-type": "private",
                            "tags.com.jra.swarm-instance-type": "swarm-worker",
                            "tags.com.jra.swarm-node-type": "build",
                            "tenancy": "default",
                            "vpc_security_group_ids.#": "1",
                            "vpc_security_group_ids.3195389272": "sg-1bd51067"
                        },
                        "meta": {
                            "schema_version": "1"
                        },
                        "tainted": false
                    },
                    "deposed": [],
                    "provider": ""
                },
                "aws_instance.build-az-2": {
                    "type": "aws_instance",
                    "depends_on": [
                        "aws_security_group.private_build",
                        "aws_subnet.az-2-private",
                        "random_id.env-instance"
                    ],
                    "primary": {
                        "id": "i-0527443a3c2764fff",
                        "attributes": {
                            "ami": "ami-93b5ac84",
                            "associate_public_ip_address": "true",
                            "availability_zone": "us-east-1b",
                            "disable_api_termination": "false",
                            "ebs_block_device.#": "0",
                            "ebs_optimized": "false",
                            "ephemeral_block_device.#": "0",
                            "iam_instance_profile": "",
                            "id": "i-0527443a3c2764fff",
                            "instance_state": "running",
                            "instance_type": "t2.micro",
                            "key_name": "jra-build",
                            "monitoring": "false",
                            "network_interface_id": "eni-a1006b4f",
                            "private_dns": "ip-10-0-3-223.ec2.internal",
                            "private_ip": "10.0.3.223",
                            "public_dns": "ec2-54-88-45-76.compute-1.amazonaws.com",
                            "public_ip": "54.88.45.76",
                            "root_block_device.#": "1",
                            "root_block_device.0.delete_on_termination": "true",
                            "root_block_device.0.iops": "100",
                            "root_block_device.0.volume_size": "8",
                            "root_block_device.0.volume_type": "gp2",
                            "security_groups.#": "0",
                            "source_dest_check": "true",
                            "subnet_id": "subnet-072b0b4e",
                            "tags.%": "9",
                            "tags.Name": "jra-instance.swarm-worker.build.latest.us-east-1b",
                            "tags.com.jra.environment": "latest",
                            "tags.com.jra.environment-instance-id": "T-BQ8tqJVsM",
                            "tags.com.jra.environment-size": "small",
                            "tags.com.jra.environment_type": "latest",
                            "tags.com.jra.failure_zone": "us-east-1-az-2",
                            "tags.com.jra.subnet-type": "private",
                            "tags.com.jra.swarm-instance-type": "swarm-worker",
                            "tags.com.jra.swarm-node-type": "build",
                            "tenancy": "default",
                            "vpc_security_group_ids.#": "1",
                            "vpc_security_group_ids.3195389272": "sg-1bd51067"
                        },
                        "meta": {
                            "schema_version": "1"
                        },
                        "tainted": false
                    },
                    "deposed": [],
                    "provider": ""
                },
                "aws_instance.build-az-3": {
                    "type": "aws_instance",
                    "depends_on": [
                        "aws_security_group.private_build",
                        "aws_subnet.az-3-private",
                        "random_id.env-instance"
                    ],
                    "primary": {
                        "id": "i-0ae809d604f09d8e9",
                        "attributes": {
                            "ami": "ami-93b5ac84",
                            "associate_public_ip_address": "true",
                            "availability_zone": "us-east-1c",
                            "disable_api_termination": "false",
                            "ebs_block_device.#": "0",
                            "ebs_optimized": "false",
                            "ephemeral_block_device.#": "0",
                            "iam_instance_profile": "",
                            "id": "i-0ae809d604f09d8e9",
                            "instance_state": "running",
                            "instance_type": "t2.micro",
                            "key_name": "jra-build",
                            "monitoring": "false",
                            "network_interface_id": "eni-f446d036",
                            "private_dns": "ip-10-0-5-231.ec2.internal",
                            "private_ip": "10.0.5.231",
                            "public_dns": "ec2-54-152-74-153.compute-1.amazonaws.com",
                            "public_ip": "54.152.74.153",
                            "root_block_device.#": "1",
                            "root_block_device.0.delete_on_termination": "true",
                            "root_block_device.0.iops": "100",
                            "root_block_device.0.volume_size": "8",
                            "root_block_device.0.volume_type": "gp2",
                            "security_groups.#": "0",
                            "source_dest_check": "true",
                            "subnet_id": "subnet-490a6212",
                            "tags.%": "9",
                            "tags.Name": "jra-instance.swarm-worker.build.latest.us-east-1c",
                            "tags.com.jra.environment": "latest",
                            "tags.com.jra.environment-instance-id": "T-BQ8tqJVsM",
                            "tags.com.jra.environment-size": "small",
                            "tags.com.jra.environment_type": "latest",
                            "tags.com.jra.failure_zone": "us-east-1-az-3",
                            "tags.com.jra.subnet-type": "private",
                            "tags.com.jra.swarm-instance-type": "swarm-worker",
                            "tags.com.jra.swarm-node-type": "build",
                            "tenancy": "default",
                            "vpc_security_group_ids.#": "1",
                            "vpc_security_group_ids.3195389272": "sg-1bd51067"
                        },
                        "meta": {
                            "schema_version": "1"
                        },
                        "tainted": false
                    },
                    "deposed": [],
                    "provider": ""
                },
                "aws_instance.swarm-manager-az-1": {
                    "type": "aws_instance",
                    "depends_on": [
                        "aws_security_group.private_swarm-manager",
                        "aws_subnet.az-1-private",
                        "random_id.env-instance"
                    ],
                    "primary": {
                        "id": "i-0d648d8d3ec2f09c3",
                        "attributes": {
                            "ami": "ami-93b5ac84",
                            "associate_public_ip_address": "true",
                            "availability_zone": "us-east-1a",
                            "disable_api_termination": "false",
                            "ebs_block_device.#": "0",
                            "ebs_optimized": "false",
                            "ephemeral_block_device.#": "0",
                            "iam_instance_profile": "",
                            "id": "i-0d648d8d3ec2f09c3",
                            "instance_state": "running",
                            "instance_type": "t2.micro",
                            "key_name": "jra-build",
                            "monitoring": "false",
                            "network_interface_id": "eni-b98ee349",
                            "private_dns": "ip-10-0-1-163.ec2.internal",
                            "private_ip": "10.0.1.163",
                            "public_dns": "ec2-54-167-159-204.compute-1.amazonaws.com",
                            "public_ip": "54.167.159.204",
                            "root_block_device.#": "1",
                            "root_block_device.0.delete_on_termination": "true",
                            "root_block_device.0.iops": "100",
                            "root_block_device.0.volume_size": "8",
                            "root_block_device.0.volume_type": "gp2",
                            "security_groups.#": "0",
                            "source_dest_check": "true",
                            "subnet_id": "subnet-25e69508",
                            "tags.%": "9",
                            "tags.Name": "jra-instance.swarm-manager.manager.latest.us-east-1a",
                            "tags.com.jra.environment": "latest",
                            "tags.com.jra.environment-instance-id": "T-BQ8tqJVsM",
                            "tags.com.jra.environment-size": "small",
                            "tags.com.jra.environment_type": "latest",
                            "tags.com.jra.failure_zone": "us-east-1-az-1",
                            "tags.com.jra.subnet-type": "private",
                            "tags.com.jra.swarm-instance-type": "swarm-manager",
                            "tags.com.jra.swarm-node-type": "swarm-manager",
                            "tenancy": "default",
                            "vpc_security_group_ids.#": "1",
                            "vpc_security_group_ids.368669026": "sg-f7d5108b"
                        },
                        "meta": {
                            "schema_version": "1"
                        },
                        "tainted": false
                    },
                    "deposed": [],
                    "provider": ""
                },
                "aws_instance.swarm-manager-az-2": {
                    "type": "aws_instance",
                    "depends_on": [
                        "aws_security_group.private_swarm-manager",
                        "aws_subnet.az-2-private",
                        "random_id.env-instance"
                    ],
                    "primary": {
                        "id": "i-0ae6b088cab23a4ef",
                        "attributes": {
                            "ami": "ami-93b5ac84",
                            "associate_public_ip_address": "true",
                            "availability_zone": "us-east-1b",
                            "disable_api_termination": "false",
                            "ebs_block_device.#": "0",
                            "ebs_optimized": "false",
                            "ephemeral_block_device.#": "0",
                            "iam_instance_profile": "",
                            "id": "i-0ae6b088cab23a4ef",
                            "instance_state": "running",
                            "instance_type": "t2.micro",
                            "key_name": "jra-build",
                            "monitoring": "false",
                            "network_interface_id": "eni-43076cad",
                            "private_dns": "ip-10-0-3-132.ec2.internal",
                            "private_ip": "10.0.3.132",
                            "public_dns": "ec2-52-90-24-140.compute-1.amazonaws.com",
                            "public_ip": "52.90.24.140",
                            "root_block_device.#": "1",
                            "root_block_device.0.delete_on_termination": "true",
                            "root_block_device.0.iops": "100",
                            "root_block_device.0.volume_size": "8",
                            "root_block_device.0.volume_type": "gp2",
                            "security_groups.#": "0",
                            "source_dest_check": "true",
                            "subnet_id": "subnet-072b0b4e",
                            "tags.%": "9",
                            "tags.Name": "jra-instance.swarm-manager.manager.latest.us-east-1b",
                            "tags.com.jra.environment": "latest",
                            "tags.com.jra.environment-instance-id": "T-BQ8tqJVsM",
                            "tags.com.jra.environment-size": "small",
                            "tags.com.jra.environment_type": "latest",
                            "tags.com.jra.failure_zone": "us-east-1-az-2",
                            "tags.com.jra.subnet-type": "private",
                            "tags.com.jra.swarm-instance-type": "swarm-manager",
                            "tags.com.jra.swarm-node-type": "swarm-manager",
                            "tenancy": "default",
                            "vpc_security_group_ids.#": "1",
                            "vpc_security_group_ids.368669026": "sg-f7d5108b"
                        },
                        "meta": {
                            "schema_version": "1"
                        },
                        "tainted": false
                    },
                    "deposed": [],
                    "provider": ""
                },
                "aws_instance.swarm-manager-az-3": {
                    "type": "aws_instance",
                    "depends_on": [
                        "aws_security_group.private_swarm-manager",
                        "aws_subnet.az-3-private",
                        "random_id.env-instance"
                    ],
                    "primary": {
                        "id": "i-048f3616ef6520d31",
                        "attributes": {
                            "ami": "ami-93b5ac84",
                            "associate_public_ip_address": "true",
                            "availability_zone": "us-east-1c",
                            "disable_api_termination": "false",
                            "ebs_block_device.#": "0",
                            "ebs_optimized": "false",
                            "ephemeral_block_device.#": "0",
                            "iam_instance_profile": "",
                            "id": "i-048f3616ef6520d31",
                            "instance_state": "running",
                            "instance_type": "t2.micro",
                            "key_name": "jra-build",
                            "monitoring": "false",
                            "network_interface_id": "eni-b444d276",
                            "private_dns": "ip-10-0-5-33.ec2.internal",
                            "private_ip": "10.0.5.33",
                            "public_dns": "ec2-52-205-129-121.compute-1.amazonaws.com",
                            "public_ip": "52.205.129.121",
                            "root_block_device.#": "1",
                            "root_block_device.0.delete_on_termination": "true",
                            "root_block_device.0.iops": "100",
                            "root_block_device.0.volume_size": "8",
                            "root_block_device.0.volume_type": "gp2",
                            "security_groups.#": "0",
                            "source_dest_check": "true",
                            "subnet_id": "subnet-490a6212",
                            "tags.%": "9",
                            "tags.Name": "jra-instance.swarm-manager.manager.latest.us-east-1c",
                            "tags.com.jra.environment": "latest",
                            "tags.com.jra.environment-instance-id": "T-BQ8tqJVsM",
                            "tags.com.jra.environment-size": "small",
                            "tags.com.jra.environment_type": "latest",
                            "tags.com.jra.failure_zone": "us-east-1-az-3",
                            "tags.com.jra.subnet-type": "private",
                            "tags.com.jra.swarm-instance-type": "swarm-manager",
                            "tags.com.jra.swarm-node-type": "swarm-manager",
                            "tenancy": "default",
                            "vpc_security_group_ids.#": "1",
                            "vpc_security_group_ids.368669026": "sg-f7d5108b"
                        },
                        "meta": {
                            "schema_version": "1"
                        },
                        "tainted": false
                    },
                    "deposed": [],
                    "provider": ""
                },
                "aws_internet_gateway.jra_igw": {
                    "type": "aws_internet_gateway",
                    "depends_on": [
                        "aws_vpc.jra_vpc",
                        "random_id.env-instance"
                    ],
                    "primary": {
                        "id": "igw-1961187e",
                        "attributes": {
                            "id": "igw-1961187e",
                            "tags.%": "5",
                            "tags.Name": "jra-igw-latest-us-east-1",
                            "tags.com.jra.environment": "latest",
                            "tags.com.jra.environment-instance-id": "T-BQ8tqJVsM",
                            "tags.com.jra.environment-size": "small",
                            "tags.com.jra.environment_type": "latest",
                            "vpc_id": "vpc-4ba9172d"
                        },
                        "meta": {},
                        "tainted": false
                    },
                    "deposed": [],
                    "provider": ""
                },
                "aws_nat_gateway.az-1-public": {
                    "type": "aws_nat_gateway",
                    "depends_on": [
                        "aws_eip.az-1-public",
                        "aws_subnet.az-1-public"
                    ],
                    "primary": {
                        "id": "nat-0bb82504c570a64f1",
                        "attributes": {
                            "allocation_id": "eipalloc-1c6cd022",
                            "id": "nat-0bb82504c570a64f1",
                            "network_interface_id": "eni-578ee3a7",
                            "private_ip": "10.0.0.95",
                            "public_ip": "34.197.8.227",
                            "subnet_id": "subnet-28e69505"
                        },
                        "meta": {},
                        "tainted": false
                    },
                    "deposed": [],
                    "provider": ""
                },
                "aws_nat_gateway.az-2-public": {
                    "type": "aws_nat_gateway",
                    "depends_on": [
                        "aws_eip.az-2-public",
                        "aws_subnet.az-2-public"
                    ],
                    "primary": {
                        "id": "nat-0c6ec1502e39936df",
                        "attributes": {
                            "allocation_id": "eipalloc-bc6cd082",
                            "id": "nat-0c6ec1502e39936df",
                            "network_interface_id": "eni-e3046f0d",
                            "private_ip": "10.0.2.19",
                            "public_ip": "34.192.157.185",
                            "subnet_id": "subnet-0f2b0b46"
                        },
                        "meta": {},
                        "tainted": false
                    },
                    "deposed": [],
                    "provider": ""
                },
                "aws_nat_gateway.az-3-public": {
                    "type": "aws_nat_gateway",
                    "depends_on": [
                        "aws_eip.az-3-public",
                        "aws_subnet.az-3-public"
                    ],
                    "primary": {
                        "id": "nat-0e50f351e95543b5b",
                        "attributes": {
                            "allocation_id": "eipalloc-0a72ce34",
                            "id": "nat-0e50f351e95543b5b",
                            "network_interface_id": "eni-2044d2e2",
                            "private_ip": "10.0.4.110",
                            "public_ip": "34.197.8.194",
                            "subnet_id": "subnet-4c0a6217"
                        },
                        "meta": {},
                        "tainted": false
                    },
                    "deposed": [],
                    "provider": ""
                },
                "aws_route53_record.blog": {
                    "type": "aws_route53_record",
                    "depends_on": [
                        "aws_elb.elb-public-swarm",
                        "aws_elb.elb-public-swarm"
                    ],
                    "primary": {
                        "id": "Z3FJU1EE4AHCEF_latest.blog.joericearchitect.com_A",
                        "attributes": {
                            "alias.#": "1",
                            "alias.3449456810.evaluate_target_health": "true",
                            "alias.3449456810.name": "jra-elb-latest-us-east-1-public-666139967.us-east-1.elb.amazonaws.com",
                            "alias.3449456810.zone_id": "Z35SXDOTRQ7X7K",
                            "fqdn": "latest.blog.joericearchitect.com",
                            "health_check_id": "",
                            "id": "Z3FJU1EE4AHCEF_latest.blog.joericearchitect.com_A",
                            "name": "latest.blog.joericearchitect.com",
                            "records.#": "0",
                            "set_identifier": "",
                            "ttl": "0",
                            "type": "A",
                            "zone_id": "Z3FJU1EE4AHCEF"
                        },
                        "meta": {
                            "schema_version": "2"
                        },
                        "tainted": false
                    },
                    "deposed": [],
                    "provider": ""
                },
                "aws_route53_record.build": {
                    "type": "aws_route53_record",
                    "depends_on": [
                        "aws_elb.elb-public-swarm",
                        "aws_elb.elb-public-swarm"
                    ],
                    "primary": {
                        "id": "Z3FJU1EE4AHCEF_latest.build.joericearchitect.com_A",
                        "attributes": {
                            "alias.#": "1",
                            "alias.3449456810.evaluate_target_health": "true",
                            "alias.3449456810.name": "jra-elb-latest-us-east-1-public-666139967.us-east-1.elb.amazonaws.com",
                            "alias.3449456810.zone_id": "Z35SXDOTRQ7X7K",
                            "fqdn": "latest.build.joericearchitect.com",
                            "health_check_id": "",
                            "id": "Z3FJU1EE4AHCEF_latest.build.joericearchitect.com_A",
                            "name": "latest.build.joericearchitect.com",
                            "records.#": "0",
                            "set_identifier": "",
                            "ttl": "0",
                            "type": "A",
                            "zone_id": "Z3FJU1EE4AHCEF"
                        },
                        "meta": {
                            "schema_version": "2"
                        },
                        "tainted": false
                    },
                    "deposed": [],
                    "provider": ""
                },
                "aws_route53_record.dockerui": {
                    "type": "aws_route53_record",
                    "depends_on": [
                        "aws_elb.elb-public-swarm",
                        "aws_elb.elb-public-swarm"
                    ],
                    "primary": {
                        "id": "Z3FJU1EE4AHCEF_latest.dockerui.joericearchitect.com_A",
                        "attributes": {
                            "alias.#": "1",
                            "alias.3449456810.evaluate_target_health": "true",
                            "alias.3449456810.name": "jra-elb-latest-us-east-1-public-666139967.us-east-1.elb.amazonaws.com",
                            "alias.3449456810.zone_id": "Z35SXDOTRQ7X7K",
                            "fqdn": "latest.dockerui.joericearchitect.com",
                            "health_check_id": "",
                            "id": "Z3FJU1EE4AHCEF_latest.dockerui.joericearchitect.com_A",
                            "name": "latest.dockerui.joericearchitect.com",
                            "records.#": "0",
                            "set_identifier": "",
                            "ttl": "0",
                            "type": "A",
                            "zone_id": "Z3FJU1EE4AHCEF"
                        },
                        "meta": {
                            "schema_version": "2"
                        },
                        "tainted": false
                    },
                    "deposed": [],
                    "provider": ""
                },
                "aws_route53_record.proxy": {
                    "type": "aws_route53_record",
                    "depends_on": [
                        "aws_elb.elb-public-swarm",
                        "aws_elb.elb-public-swarm"
                    ],
                    "primary": {
                        "id": "Z3FJU1EE4AHCEF_latest.proxy.joericearchitect.com_A",
                        "attributes": {
                            "alias.#": "1",
                            "alias.3449456810.evaluate_target_health": "true",
                            "alias.3449456810.name": "jra-elb-latest-us-east-1-public-666139967.us-east-1.elb.amazonaws.com",
                            "alias.3449456810.zone_id": "Z35SXDOTRQ7X7K",
                            "fqdn": "latest.proxy.joericearchitect.com",
                            "health_check_id": "",
                            "id": "Z3FJU1EE4AHCEF_latest.proxy.joericearchitect.com_A",
                            "name": "latest.proxy.joericearchitect.com",
                            "records.#": "0",
                            "set_identifier": "",
                            "ttl": "0",
                            "type": "A",
                            "zone_id": "Z3FJU1EE4AHCEF"
                        },
                        "meta": {
                            "schema_version": "2"
                        },
                        "tainted": false
                    },
                    "deposed": [],
                    "provider": ""
                },
                "aws_route53_record.www": {
                    "type": "aws_route53_record",
                    "depends_on": [
                        "aws_elb.elb-public-swarm",
                        "aws_elb.elb-public-swarm"
                    ],
                    "primary": {
                        "id": "Z3FJU1EE4AHCEF_latest.www.joericearchitect.com_A",
                        "attributes": {
                            "alias.#": "1",
                            "alias.3449456810.evaluate_target_health": "true",
                            "alias.3449456810.name": "jra-elb-latest-us-east-1-public-666139967.us-east-1.elb.amazonaws.com",
                            "alias.3449456810.zone_id": "Z35SXDOTRQ7X7K",
                            "fqdn": "latest.www.joericearchitect.com",
                            "health_check_id": "",
                            "id": "Z3FJU1EE4AHCEF_latest.www.joericearchitect.com_A",
                            "name": "latest.www.joericearchitect.com",
                            "records.#": "0",
                            "set_identifier": "",
                            "ttl": "0",
                            "type": "A",
                            "zone_id": "Z3FJU1EE4AHCEF"
                        },
                        "meta": {
                            "schema_version": "2"
                        },
                        "tainted": false
                    },
                    "deposed": [],
                    "provider": ""
                },
                "aws_route_table.private": {
                    "type": "aws_route_table",
                    "depends_on": [
                        "aws_internet_gateway.jra_igw",
                        "aws_vpc.jra_vpc",
                        "random_id.env-instance"
                    ],
                    "primary": {
                        "id": "rtb-c7d220be",
                        "attributes": {
                            "id": "rtb-c7d220be",
                            "propagating_vgws.#": "0",
                            "route.#": "1",
                            "route.1234936571.cidr_block": "0.0.0.0/0",
                            "route.1234936571.gateway_id": "igw-1961187e",
                            "route.1234936571.instance_id": "",
                            "route.1234936571.nat_gateway_id": "",
                            "route.1234936571.network_interface_id": "",
                            "route.1234936571.vpc_peering_connection_id": "",
                            "tags.%": "5",
                            "tags.Name": "jra-route-table-latest-us-east-1-private",
                            "tags.com.jra.environment": "latest",
                            "tags.com.jra.environment-instance-id": "T-BQ8tqJVsM",
                            "tags.com.jra.environment-size": "small",
                            "tags.com.jra.environment_type": "latest",
                            "vpc_id": "vpc-4ba9172d"
                        },
                        "meta": {},
                        "tainted": false
                    },
                    "deposed": [],
                    "provider": ""
                },
                "aws_route_table.public": {
                    "type": "aws_route_table",
                    "depends_on": [
                        "aws_internet_gateway.jra_igw",
                        "aws_vpc.jra_vpc",
                        "random_id.env-instance"
                    ],
                    "primary": {
                        "id": "rtb-c4d220bd",
                        "attributes": {
                            "id": "rtb-c4d220bd",
                            "propagating_vgws.#": "0",
                            "route.#": "1",
                            "route.1234936571.cidr_block": "0.0.0.0/0",
                            "route.1234936571.gateway_id": "igw-1961187e",
                            "route.1234936571.instance_id": "",
                            "route.1234936571.nat_gateway_id": "",
                            "route.1234936571.network_interface_id": "",
                            "route.1234936571.vpc_peering_connection_id": "",
                            "tags.%": "5",
                            "tags.Name": "jra-route-table-latest-us-east-1-public",
                            "tags.com.jra.environment": "latest",
                            "tags.com.jra.environment-instance-id": "T-BQ8tqJVsM",
                            "tags.com.jra.environment-size": "small",
                            "tags.com.jra.environment_type": "latest",
                            "vpc_id": "vpc-4ba9172d"
                        },
                        "meta": {},
                        "tainted": false
                    },
                    "deposed": [],
                    "provider": ""
                },
                "aws_route_table_association.az-1-private": {
                    "type": "aws_route_table_association",
                    "depends_on": [
                        "aws_route_table.private",
                        "aws_subnet.az-1-private"
                    ],
                    "primary": {
                        "id": "rtbassoc-855b8cfd",
                        "attributes": {
                            "id": "rtbassoc-855b8cfd",
                            "route_table_id": "rtb-c7d220be",
                            "subnet_id": "subnet-25e69508"
                        },
                        "meta": {},
                        "tainted": false
                    },
                    "deposed": [],
                    "provider": ""
                },
                "aws_route_table_association.az-1-public": {
                    "type": "aws_route_table_association",
                    "depends_on": [
                        "aws_route_table.public",
                        "aws_subnet.az-1-public"
                    ],
                    "primary": {
                        "id": "rtbassoc-805b8cf8",
                        "attributes": {
                            "id": "rtbassoc-805b8cf8",
                            "route_table_id": "rtb-c4d220bd",
                            "subnet_id": "subnet-28e69505"
                        },
                        "meta": {},
                        "tainted": false
                    },
                    "deposed": [],
                    "provider": ""
                },
                "aws_route_table_association.az-2-private": {
                    "type": "aws_route_table_association",
                    "depends_on": [
                        "aws_route_table.private",
                        "aws_subnet.az-2-private"
                    ],
                    "primary": {
                        "id": "rtbassoc-845b8cfc",
                        "attributes": {
                            "id": "rtbassoc-845b8cfc",
                            "route_table_id": "rtb-c7d220be",
                            "subnet_id": "subnet-072b0b4e"
                        },
                        "meta": {},
                        "tainted": false
                    },
                    "deposed": [],
                    "provider": ""
                },
                "aws_route_table_association.az-2-public": {
                    "type": "aws_route_table_association",
                    "depends_on": [
                        "aws_route_table.public",
                        "aws_subnet.az-2-public"
                    ],
                    "primary": {
                        "id": "rtbassoc-815b8cf9",
                        "attributes": {
                            "id": "rtbassoc-815b8cf9",
                            "route_table_id": "rtb-c4d220bd",
                            "subnet_id": "subnet-0f2b0b46"
                        },
                        "meta": {},
                        "tainted": false
                    },
                    "deposed": [],
                    "provider": ""
                },
                "aws_route_table_association.az-3-private": {
                    "type": "aws_route_table_association",
                    "depends_on": [
                        "aws_route_table.private",
                        "aws_subnet.az-3-private"
                    ],
                    "primary": {
                        "id": "rtbassoc-835b8cfb",
                        "attributes": {
                            "id": "rtbassoc-835b8cfb",
                            "route_table_id": "rtb-c7d220be",
                            "subnet_id": "subnet-490a6212"
                        },
                        "meta": {},
                        "tainted": false
                    },
                    "deposed": [],
                    "provider": ""
                },
                "aws_route_table_association.az-3-public": {
                    "type": "aws_route_table_association",
                    "depends_on": [
                        "aws_route_table.public",
                        "aws_subnet.az-3-public"
                    ],
                    "primary": {
                        "id": "rtbassoc-865b8cfe",
                        "attributes": {
                            "id": "rtbassoc-865b8cfe",
                            "route_table_id": "rtb-c4d220bd",
                            "subnet_id": "subnet-4c0a6217"
                        },
                        "meta": {},
                        "tainted": false
                    },
                    "deposed": [],
                    "provider": ""
                },
                "aws_security_group.elb-public-swarm": {
                    "type": "aws_security_group",
                    "depends_on": [
                        "aws_vpc.jra_vpc",
                        "random_id.env-instance"
                    ],
                    "primary": {
                        "id": "sg-fad51086",
                        "attributes": {
                            "description": "Security groups for public swarm elb",
                            "egress.#": "1",
                            "egress.482069346.cidr_blocks.#": "1",
                            "egress.482069346.cidr_blocks.0": "0.0.0.0/0",
                            "egress.482069346.from_port": "0",
                            "egress.482069346.prefix_list_ids.#": "0",
                            "egress.482069346.protocol": "-1",
                            "egress.482069346.security_groups.#": "0",
                            "egress.482069346.self": "false",
                            "egress.482069346.to_port": "0",
                            "id": "sg-fad51086",
                            "ingress.#": "1",
                            "ingress.482069346.cidr_blocks.#": "1",
                            "ingress.482069346.cidr_blocks.0": "0.0.0.0/0",
                            "ingress.482069346.from_port": "0",
                            "ingress.482069346.protocol": "-1",
                            "ingress.482069346.security_groups.#": "0",
                            "ingress.482069346.self": "false",
                            "ingress.482069346.to_port": "0",
                            "name": "jra-sg-latest-us-east-1-public-swarm-elb",
                            "owner_id": "193862077204",
                            "tags.%": "5",
                            "tags.Name": "jra-sg-latest-us-east-1-public-swarm-elb",
                            "tags.com.jra.environment": "latest",
                            "tags.com.jra.environment-instance-id": "T-BQ8tqJVsM",
                            "tags.com.jra.environment-size": "small",
                            "tags.com.jra.environment_type": "latest",
                            "vpc_id": "vpc-4ba9172d"
                        },
                        "meta": {},
                        "tainted": false
                    },
                    "deposed": [],
                    "provider": ""
                },
                "aws_security_group.private_admin": {
                    "type": "aws_security_group",
                    "depends_on": [
                        "aws_vpc.jra_vpc",
                        "random_id.env-instance"
                    ],
                    "primary": {
                        "id": "sg-17d5106b",
                        "attributes": {
                            "description": "Swarm Nodes that will run containers related to admin apps (timetracking, jira, wikis, etc)",
                            "egress.#": "1",
                            "egress.482069346.cidr_blocks.#": "1",
                            "egress.482069346.cidr_blocks.0": "0.0.0.0/0",
                            "egress.482069346.from_port": "0",
                            "egress.482069346.prefix_list_ids.#": "0",
                            "egress.482069346.protocol": "-1",
                            "egress.482069346.security_groups.#": "0",
                            "egress.482069346.self": "false",
                            "egress.482069346.to_port": "0",
                            "id": "sg-17d5106b",
                            "ingress.#": "1",
                            "ingress.482069346.cidr_blocks.#": "1",
                            "ingress.482069346.cidr_blocks.0": "0.0.0.0/0",
                            "ingress.482069346.from_port": "0",
                            "ingress.482069346.protocol": "-1",
                            "ingress.482069346.security_groups.#": "0",
                            "ingress.482069346.self": "false",
                            "ingress.482069346.to_port": "0",
                            "name": "jra-sg-latest-us-east-1-private-admin",
                            "owner_id": "193862077204",
                            "tags.%": "5",
                            "tags.Name": "jra-sg-latest-us-east-1-private-admin",
                            "tags.com.jra.environment": "latest",
                            "tags.com.jra.environment-instance-id": "T-BQ8tqJVsM",
                            "tags.com.jra.environment-size": "small",
                            "tags.com.jra.environment_type": "latest",
                            "vpc_id": "vpc-4ba9172d"
                        },
                        "meta": {},
                        "tainted": false
                    },
                    "deposed": [],
                    "provider": ""
                },
                "aws_security_group.private_app-api-service": {
                    "type": "aws_security_group",
                    "depends_on": [
                        "aws_vpc.jra_vpc",
                        "random_id.env-instance"
                    ],
                    "primary": {
                        "id": "sg-15d51069",
                        "attributes": {
                            "description": "Swarm Nodes that will run containers related to storage persistence for mangement apps (databases, caches, etc)",
                            "egress.#": "1",
                            "egress.482069346.cidr_blocks.#": "1",
                            "egress.482069346.cidr_blocks.0": "0.0.0.0/0",
                            "egress.482069346.from_port": "0",
                            "egress.482069346.prefix_list_ids.#": "0",
                            "egress.482069346.protocol": "-1",
                            "egress.482069346.security_groups.#": "0",
                            "egress.482069346.self": "false",
                            "egress.482069346.to_port": "0",
                            "id": "sg-15d51069",
                            "ingress.#": "1",
                            "ingress.482069346.cidr_blocks.#": "1",
                            "ingress.482069346.cidr_blocks.0": "0.0.0.0/0",
                            "ingress.482069346.from_port": "0",
                            "ingress.482069346.protocol": "-1",
                            "ingress.482069346.security_groups.#": "0",
                            "ingress.482069346.self": "false",
                            "ingress.482069346.to_port": "0",
                            "name": "jra-sg-latest-us-east-1-private-app-api-service",
                            "owner_id": "193862077204",
                            "tags.%": "5",
                            "tags.Name": "jra-sg-latest-us-east-1-private-app-api-service",
                            "tags.com.jra.environment": "latest",
                            "tags.com.jra.environment-instance-id": "T-BQ8tqJVsM",
                            "tags.com.jra.environment-size": "small",
                            "tags.com.jra.environment_type": "latest",
                            "vpc_id": "vpc-4ba9172d"
                        },
                        "meta": {},
                        "tainted": false
                    },
                    "deposed": [],
                    "provider": ""
                },
                "aws_security_group.private_app-persistence": {
                    "type": "aws_security_group",
                    "depends_on": [
                        "aws_vpc.jra_vpc",
                        "random_id.env-instance"
                    ],
                    "primary": {
                        "id": "sg-16d5106a",
                        "attributes": {
                            "description": "Swarm Nodes that will run containers related to storage persistence for mangement apps (databases, caches, etc)",
                            "egress.#": "1",
                            "egress.482069346.cidr_blocks.#": "1",
                            "egress.482069346.cidr_blocks.0": "0.0.0.0/0",
                            "egress.482069346.from_port": "0",
                            "egress.482069346.prefix_list_ids.#": "0",
                            "egress.482069346.protocol": "-1",
                            "egress.482069346.security_groups.#": "0",
                            "egress.482069346.self": "false",
                            "egress.482069346.to_port": "0",
                            "id": "sg-16d5106a",
                            "ingress.#": "1",
                            "ingress.482069346.cidr_blocks.#": "1",
                            "ingress.482069346.cidr_blocks.0": "0.0.0.0/0",
                            "ingress.482069346.from_port": "0",
                            "ingress.482069346.protocol": "-1",
                            "ingress.482069346.security_groups.#": "0",
                            "ingress.482069346.self": "false",
                            "ingress.482069346.to_port": "0",
                            "name": "jra-sg-latest-us-east-1-private-app-persistence",
                            "owner_id": "193862077204",
                            "tags.%": "5",
                            "tags.Name": "jra-sg-latest-us-east-1-private-app-persistence",
                            "tags.com.jra.environment": "latest",
                            "tags.com.jra.environment-instance-id": "T-BQ8tqJVsM",
                            "tags.com.jra.environment-size": "small",
                            "tags.com.jra.environment_type": "latest",
                            "vpc_id": "vpc-4ba9172d"
                        },
                        "meta": {},
                        "tainted": false
                    },
                    "deposed": [],
                    "provider": ""
                },
                "aws_security_group.private_build": {
                    "type": "aws_security_group",
                    "depends_on": [
                        "aws_vpc.jra_vpc",
                        "random_id.env-instance"
                    ],
                    "primary": {
                        "id": "sg-1bd51067",
                        "attributes": {
                            "description": "Swarm Nodes that will run containers related to builds \u0026 CI / CD pipelines",
                            "egress.#": "1",
                            "egress.482069346.cidr_blocks.#": "1",
                            "egress.482069346.cidr_blocks.0": "0.0.0.0/0",
                            "egress.482069346.from_port": "0",
                            "egress.482069346.prefix_list_ids.#": "0",
                            "egress.482069346.protocol": "-1",
                            "egress.482069346.security_groups.#": "0",
                            "egress.482069346.self": "false",
                            "egress.482069346.to_port": "0",
                            "id": "sg-1bd51067",
                            "ingress.#": "1",
                            "ingress.482069346.cidr_blocks.#": "1",
                            "ingress.482069346.cidr_blocks.0": "0.0.0.0/0",
                            "ingress.482069346.from_port": "0",
                            "ingress.482069346.protocol": "-1",
                            "ingress.482069346.security_groups.#": "0",
                            "ingress.482069346.self": "false",
                            "ingress.482069346.to_port": "0",
                            "name": "jra-sg-latest-us-east-1-private-build",
                            "owner_id": "193862077204",
                            "tags.%": "5",
                            "tags.Name": "jra-sg-latest-us-east-1-private-build",
                            "tags.com.jra.environment": "latest",
                            "tags.com.jra.environment-instance-id": "T-BQ8tqJVsM",
                            "tags.com.jra.environment-size": "small",
                            "tags.com.jra.environment_type": "latest",
                            "vpc_id": "vpc-4ba9172d"
                        },
                        "meta": {},
                        "tainted": false
                    },
                    "deposed": [],
                    "provider": ""
                },
                "aws_security_group.private_management": {
                    "type": "aws_security_group",
                    "depends_on": [
                        "aws_vpc.jra_vpc",
                        "random_id.env-instance"
                    ],
                    "primary": {
                        "id": "sg-fbd51087",
                        "attributes": {
                            "description": "Swarm Nodes that will run containers related to storage persistence for mangement apps (databases, caches, etc)",
                            "egress.#": "1",
                            "egress.482069346.cidr_blocks.#": "1",
                            "egress.482069346.cidr_blocks.0": "0.0.0.0/0",
                            "egress.482069346.from_port": "0",
                            "egress.482069346.prefix_list_ids.#": "0",
                            "egress.482069346.protocol": "-1",
                            "egress.482069346.security_groups.#": "0",
                            "egress.482069346.self": "false",
                            "egress.482069346.to_port": "0",
                            "id": "sg-fbd51087",
                            "ingress.#": "1",
                            "ingress.482069346.cidr_blocks.#": "1",
                            "ingress.482069346.cidr_blocks.0": "0.0.0.0/0",
                            "ingress.482069346.from_port": "0",
                            "ingress.482069346.protocol": "-1",
                            "ingress.482069346.security_groups.#": "0",
                            "ingress.482069346.self": "false",
                            "ingress.482069346.to_port": "0",
                            "name": "jra-sg-latest-us-east-1-private-management",
                            "owner_id": "193862077204",
                            "tags.%": "5",
                            "tags.Name": "jra-sg-latest-us-east-1-private-management",
                            "tags.com.jra.environment": "latest",
                            "tags.com.jra.environment-instance-id": "T-BQ8tqJVsM",
                            "tags.com.jra.environment-size": "small",
                            "tags.com.jra.environment_type": "latest",
                            "vpc_id": "vpc-4ba9172d"
                        },
                        "meta": {},
                        "tainted": false
                    },
                    "deposed": [],
                    "provider": ""
                },
                "aws_security_group.private_management_persistence": {
                    "type": "aws_security_group",
                    "depends_on": [
                        "aws_vpc.jra_vpc",
                        "random_id.env-instance"
                    ],
                    "primary": {
                        "id": "sg-14d51068",
                        "attributes": {
                            "description": "Swarm Nodes that will run containers related to storage persistence for mangement apps (databases, caches, etc)",
                            "egress.#": "1",
                            "egress.482069346.cidr_blocks.#": "1",
                            "egress.482069346.cidr_blocks.0": "0.0.0.0/0",
                            "egress.482069346.from_port": "0",
                            "egress.482069346.prefix_list_ids.#": "0",
                            "egress.482069346.protocol": "-1",
                            "egress.482069346.security_groups.#": "0",
                            "egress.482069346.self": "false",
                            "egress.482069346.to_port": "0",
                            "id": "sg-14d51068",
                            "ingress.#": "1",
                            "ingress.482069346.cidr_blocks.#": "1",
                            "ingress.482069346.cidr_blocks.0": "0.0.0.0/0",
                            "ingress.482069346.from_port": "0",
                            "ingress.482069346.protocol": "-1",
                            "ingress.482069346.security_groups.#": "0",
                            "ingress.482069346.self": "false",
                            "ingress.482069346.to_port": "0",
                            "name": "jra-sg-latest-us-east-1-private-management-persistence",
                            "owner_id": "193862077204",
                            "tags.%": "5",
                            "tags.Name": "jra-sg-latest-us-east-1-private-management-persistence",
                            "tags.com.jra.environment": "latest",
                            "tags.com.jra.environment-instance-id": "T-BQ8tqJVsM",
                            "tags.com.jra.environment-size": "small",
                            "tags.com.jra.environment_type": "latest",
                            "vpc_id": "vpc-4ba9172d"
                        },
                        "meta": {},
                        "tainted": false
                    },
                    "deposed": [],
                    "provider": ""
                },
                "aws_security_group.private_monitoring": {
                    "type": "aws_security_group",
                    "depends_on": [
                        "aws_vpc.jra_vpc",
                        "random_id.env-instance"
                    ],
                    "primary": {
                        "id": "sg-10d5106c",
                        "attributes": {
                            "description": "Swarm Nodes that will run containers related to monitoring (logging servers, metrics collection, etc",
                            "egress.#": "1",
                            "egress.482069346.cidr_blocks.#": "1",
                            "egress.482069346.cidr_blocks.0": "0.0.0.0/0",
                            "egress.482069346.from_port": "0",
                            "egress.482069346.prefix_list_ids.#": "0",
                            "egress.482069346.protocol": "-1",
                            "egress.482069346.security_groups.#": "0",
                            "egress.482069346.self": "false",
                            "egress.482069346.to_port": "0",
                            "id": "sg-10d5106c",
                            "ingress.#": "1",
                            "ingress.482069346.cidr_blocks.#": "1",
                            "ingress.482069346.cidr_blocks.0": "0.0.0.0/0",
                            "ingress.482069346.from_port": "0",
                            "ingress.482069346.protocol": "-1",
                            "ingress.482069346.security_groups.#": "0",
                            "ingress.482069346.self": "false",
                            "ingress.482069346.to_port": "0",
                            "name": "jra-sg-latest-us-east-1-private-monitoring",
                            "owner_id": "193862077204",
                            "tags.%": "5",
                            "tags.Name": "jra-sg-latest-us-east-1-private-management-persistence",
                            "tags.com.jra.environment": "latest",
                            "tags.com.jra.environment-instance-id": "T-BQ8tqJVsM",
                            "tags.com.jra.environment-size": "small",
                            "tags.com.jra.environment_type": "latest",
                            "vpc_id": "vpc-4ba9172d"
                        },
                        "meta": {},
                        "tainted": false
                    },
                    "deposed": [],
                    "provider": ""
                },
                "aws_security_group.private_swarm-manager": {
                    "type": "aws_security_group",
                    "depends_on": [
                        "aws_vpc.jra_vpc",
                        "random_id.env-instance"
                    ],
                    "primary": {
                        "id": "sg-f7d5108b",
                        "attributes": {
                            "description": "Swarm Manager that will run the docker swarm manager",
                            "egress.#": "1",
                            "egress.482069346.cidr_blocks.#": "1",
                            "egress.482069346.cidr_blocks.0": "0.0.0.0/0",
                            "egress.482069346.from_port": "0",
                            "egress.482069346.prefix_list_ids.#": "0",
                            "egress.482069346.protocol": "-1",
                            "egress.482069346.security_groups.#": "0",
                            "egress.482069346.self": "false",
                            "egress.482069346.to_port": "0",
                            "id": "sg-f7d5108b",
                            "ingress.#": "1",
                            "ingress.482069346.cidr_blocks.#": "1",
                            "ingress.482069346.cidr_blocks.0": "0.0.0.0/0",
                            "ingress.482069346.from_port": "0",
                            "ingress.482069346.protocol": "-1",
                            "ingress.482069346.security_groups.#": "0",
                            "ingress.482069346.self": "false",
                            "ingress.482069346.to_port": "0",
                            "name": "jra-sg-latest-us-east-1-private-swarm-manager",
                            "owner_id": "193862077204",
                            "tags.%": "5",
                            "tags.Name": "jra-sg-latest-us-east-1-private-swarm-manager",
                            "tags.com.jra.environment": "latest",
                            "tags.com.jra.environment-instance-id": "T-BQ8tqJVsM",
                            "tags.com.jra.environment-size": "small",
                            "tags.com.jra.environment_type": "latest",
                            "vpc_id": "vpc-4ba9172d"
                        },
                        "meta": {},
                        "tainted": false
                    },
                    "deposed": [],
                    "provider": ""
                },
                "aws_security_group.public_app-api-web": {
                    "type": "aws_security_group",
                    "depends_on": [
                        "aws_vpc.jra_vpc",
                        "random_id.env-instance"
                    ],
                    "primary": {
                        "id": "sg-fcd51080",
                        "attributes": {
                            "description": "Security groups for public web apis",
                            "egress.#": "1",
                            "egress.482069346.cidr_blocks.#": "1",
                            "egress.482069346.cidr_blocks.0": "0.0.0.0/0",
                            "egress.482069346.from_port": "0",
                            "egress.482069346.prefix_list_ids.#": "0",
                            "egress.482069346.protocol": "-1",
                            "egress.482069346.security_groups.#": "0",
                            "egress.482069346.self": "false",
                            "egress.482069346.to_port": "0",
                            "id": "sg-fcd51080",
                            "ingress.#": "1",
                            "ingress.482069346.cidr_blocks.#": "1",
                            "ingress.482069346.cidr_blocks.0": "0.0.0.0/0",
                            "ingress.482069346.from_port": "0",
                            "ingress.482069346.protocol": "-1",
                            "ingress.482069346.security_groups.#": "0",
                            "ingress.482069346.self": "false",
                            "ingress.482069346.to_port": "0",
                            "name": "jra-sg-latest-us-east-1-public-app-api-web",
                            "owner_id": "193862077204",
                            "tags.%": "5",
                            "tags.Name": "jra-sg-latest-us-east-1-public-app-api-web",
                            "tags.com.jra.environment": "latest",
                            "tags.com.jra.environment-instance-id": "T-BQ8tqJVsM",
                            "tags.com.jra.environment-size": "small",
                            "tags.com.jra.environment_type": "latest",
                            "vpc_id": "vpc-4ba9172d"
                        },
                        "meta": {},
                        "tainted": false
                    },
                    "deposed": [],
                    "provider": ""
                },
                "aws_security_group.public_app-ui-web": {
                    "type": "aws_security_group",
                    "depends_on": [
                        "aws_vpc.jra_vpc",
                        "random_id.env-instance"
                    ],
                    "primary": {
                        "id": "sg-f5d51089",
                        "attributes": {
                            "description": "Security Group for public web ui apps",
                            "egress.#": "1",
                            "egress.482069346.cidr_blocks.#": "1",
                            "egress.482069346.cidr_blocks.0": "0.0.0.0/0",
                            "egress.482069346.from_port": "0",
                            "egress.482069346.prefix_list_ids.#": "0",
                            "egress.482069346.protocol": "-1",
                            "egress.482069346.security_groups.#": "0",
                            "egress.482069346.self": "false",
                            "egress.482069346.to_port": "0",
                            "id": "sg-f5d51089",
                            "ingress.#": "1",
                            "ingress.482069346.cidr_blocks.#": "1",
                            "ingress.482069346.cidr_blocks.0": "0.0.0.0/0",
                            "ingress.482069346.from_port": "0",
                            "ingress.482069346.protocol": "-1",
                            "ingress.482069346.security_groups.#": "0",
                            "ingress.482069346.self": "false",
                            "ingress.482069346.to_port": "0",
                            "name": "jra-sg-latest-us-east-1-public-app-ui-web",
                            "owner_id": "193862077204",
                            "tags.%": "5",
                            "tags.Name": "jra-sg-latest-us-east-1-public-app-ui-web",
                            "tags.com.jra.environment": "latest",
                            "tags.com.jra.environment-instance-id": "T-BQ8tqJVsM",
                            "tags.com.jra.environment-size": "small",
                            "tags.com.jra.environment_type": "latest",
                            "vpc_id": "vpc-4ba9172d"
                        },
                        "meta": {},
                        "tainted": false
                    },
                    "deposed": [],
                    "provider": ""
                },
                "aws_subnet.az-1-private": {
                    "type": "aws_subnet",
                    "depends_on": [
                        "aws_vpc.jra_vpc",
                        "random_id.env-instance"
                    ],
                    "primary": {
                        "id": "subnet-25e69508",
                        "attributes": {
                            "availability_zone": "us-east-1a",
                            "cidr_block": "10.0.1.0/24",
                            "id": "subnet-25e69508",
                            "map_public_ip_on_launch": "true",
                            "tags.%": "6",
                            "tags.Name": "jra-subnet-latest-us-east-1a-private",
                            "tags.com.jra.environment": "latest",
                            "tags.com.jra.environment-instance-id": "T-BQ8tqJVsM",
                            "tags.com.jra.environment-size": "small",
                            "tags.com.jra.environment_type": "latest",
                            "tags.com.jra.failure_zone": "us-east-1-az-1",
                            "vpc_id": "vpc-4ba9172d"
                        },
                        "meta": {},
                        "tainted": false
                    },
                    "deposed": [],
                    "provider": ""
                },
                "aws_subnet.az-1-public": {
                    "type": "aws_subnet",
                    "depends_on": [
                        "aws_vpc.jra_vpc",
                        "random_id.env-instance"
                    ],
                    "primary": {
                        "id": "subnet-28e69505",
                        "attributes": {
                            "availability_zone": "us-east-1a",
                            "cidr_block": "10.0.0.0/24",
                            "id": "subnet-28e69505",
                            "map_public_ip_on_launch": "true",
                            "tags.%": "6",
                            "tags.Name": "jra-subnet-latest-us-east-1a-public",
                            "tags.com.jra.environment": "latest",
                            "tags.com.jra.environment-instance-id": "T-BQ8tqJVsM",
                            "tags.com.jra.environment-size": "small",
                            "tags.com.jra.environment_type": "latest",
                            "tags.com.jra.failure_zone": "us-east-1-az-1",
                            "vpc_id": "vpc-4ba9172d"
                        },
                        "meta": {},
                        "tainted": false
                    },
                    "deposed": [],
                    "provider": ""
                },
                "aws_subnet.az-2-private": {
                    "type": "aws_subnet",
                    "depends_on": [
                        "aws_vpc.jra_vpc",
                        "random_id.env-instance"
                    ],
                    "primary": {
                        "id": "subnet-072b0b4e",
                        "attributes": {
                            "availability_zone": "us-east-1b",
                            "cidr_block": "10.0.3.0/24",
                            "id": "subnet-072b0b4e",
                            "map_public_ip_on_launch": "true",
                            "tags.%": "6",
                            "tags.Name": "jra-subnet-latest-us-east-1b-private",
                            "tags.environment": "latest",
                            "tags.environment-instance-id": "T-BQ8tqJVsM",
                            "tags.environment-size": "small",
                            "tags.environment_type": "latest",
                            "tags.failure_zone": "us-east-1-az-2",
                            "vpc_id": "vpc-4ba9172d"
                        },
                        "meta": {},
                        "tainted": false
                    },
                    "deposed": [],
                    "provider": ""
                },
                "aws_subnet.az-2-public": {
                    "type": "aws_subnet",
                    "depends_on": [
                        "aws_vpc.jra_vpc",
                        "random_id.env-instance"
                    ],
                    "primary": {
                        "id": "subnet-0f2b0b46",
                        "attributes": {
                            "availability_zone": "us-east-1b",
                            "cidr_block": "10.0.2.0/24",
                            "id": "subnet-0f2b0b46",
                            "map_public_ip_on_launch": "true",
                            "tags.%": "6",
                            "tags.Name": "jra-subnet-latest-us-east-1b-public",
                            "tags.com.jra.environment": "latest",
                            "tags.com.jra.environment-instance-id": "T-BQ8tqJVsM",
                            "tags.com.jra.environment-size": "small",
                            "tags.com.jra.environment_type": "latest",
                            "tags.com.jra.failure_zone": "us-east-1-az-2",
                            "vpc_id": "vpc-4ba9172d"
                        },
                        "meta": {},
                        "tainted": false
                    },
                    "deposed": [],
                    "provider": ""
                },
                "aws_subnet.az-3-private": {
                    "type": "aws_subnet",
                    "depends_on": [
                        "aws_vpc.jra_vpc",
                        "random_id.env-instance"
                    ],
                    "primary": {
                        "id": "subnet-490a6212",
                        "attributes": {
                            "availability_zone": "us-east-1c",
                            "cidr_block": "10.0.5.0/24",
                            "id": "subnet-490a6212",
                            "map_public_ip_on_launch": "true",
                            "tags.%": "6",
                            "tags.Name": "jra-subnet-latest-us-east-1c-private",
                            "tags.environment": "latest",
                            "tags.environment-instance-id": "T-BQ8tqJVsM",
                            "tags.environment-size": "small",
                            "tags.environment_type": "latest",
                            "tags.failure_zone": "us-east-1-az-3",
                            "vpc_id": "vpc-4ba9172d"
                        },
                        "meta": {},
                        "tainted": false
                    },
                    "deposed": [],
                    "provider": ""
                },
                "aws_subnet.az-3-public": {
                    "type": "aws_subnet",
                    "depends_on": [
                        "aws_vpc.jra_vpc",
                        "random_id.env-instance"
                    ],
                    "primary": {
                        "id": "subnet-4c0a6217",
                        "attributes": {
                            "availability_zone": "us-east-1c",
                            "cidr_block": "10.0.4.0/24",
                            "id": "subnet-4c0a6217",
                            "map_public_ip_on_launch": "true",
                            "tags.%": "6",
                            "tags.Name": "jra-subnet-latest-us-east-1c-public",
                            "tags.com.jra.environment": "latest",
                            "tags.com.jra.environment-instance-id": "T-BQ8tqJVsM",
                            "tags.com.jra.environment-size": "small",
                            "tags.com.jra.environment_type": "latest",
                            "tags.com.jra.failure_zone": "us-east-1-az-3",
                            "vpc_id": "vpc-4ba9172d"
                        },
                        "meta": {},
                        "tainted": false
                    },
                    "deposed": [],
                    "provider": ""
                },
                "aws_vpc.jra_vpc": {
                    "type": "aws_vpc",
                    "depends_on": [
                        "random_id.env-instance"
                    ],
                    "primary": {
                        "id": "vpc-4ba9172d",
                        "attributes": {
                            "cidr_block": "10.0.0.0/16",
                            "default_network_acl_id": "acl-da2968bc",
                            "default_route_table_id": "rtb-ded220a7",
                            "default_security_group_id": "sg-32d5104e",
                            "dhcp_options_id": "dopt-46ffb622",
                            "enable_classiclink": "false",
                            "enable_dns_hostnames": "true",
                            "enable_dns_support": "true",
                            "id": "vpc-4ba9172d",
                            "instance_tenancy": "default",
                            "main_route_table_id": "rtb-ded220a7",
                            "tags.%": "5",
                            "tags.Name": "jra-vpc-latest-us-east-1",
                            "tags.com.jra.environment": "latest",
                            "tags.com.jra.environment-instance-id": "T-BQ8tqJVsM",
                            "tags.com.jra.environment-size": "small",
                            "tags.com.jra.environment_type": "latest"
                        },
                        "meta": {},
                        "tainted": false
                    },
                    "deposed": [],
                    "provider": ""
                },
                "null_resource.infa-apps-deploy": {
                    "type": "null_resource",
                    "depends_on": [
                        "null_resource.swarm-cluster-provision"
                    ],
                    "primary": {
                        "id": "1470051836621654839",
                        "attributes": {
                            "id": "1470051836621654839"
                        },
                        "meta": {},
                        "tainted": false
                    },
                    "deposed": [],
                    "provider": ""
                },
                "null_resource.swarm-cluster-provision": {
                    "type": "null_resource",
                    "depends_on": [
                        "aws_instance.app-api-service-az-1",
                        "aws_instance.app-api-service-az-2",
                        "aws_instance.app-api-service-az-3",
                        "aws_instance.app-persistence-az-1",
                        "aws_instance.app-persistence-az-2",
                        "aws_instance.app-persistence-az-3",
                        "aws_instance.app-ui-web-az-1",
                        "aws_instance.app-ui-web-az-1",
                        "aws_instance.app-ui-web-az-3",
                        "aws_instance.build-az-1",
                        "aws_instance.build-az-2",
                        "aws_instance.build-az-3",
                        "aws_instance.swarm-manager-az-1",
                        "aws_instance.swarm-manager-az-1",
                        "aws_instance.swarm-manager-az-3"
                    ],
                    "primary": {
                        "id": "8520403847513789126",
                        "attributes": {
                            "id": "8520403847513789126"
                        },
                        "meta": {},
                        "tainted": false
                    },
                    "deposed": [],
                    "provider": ""
                },
                "random_id.env-instance": {
                    "type": "random_id",
                    "depends_on": [],
                    "primary": {
                        "id": "T-BQ8tqJVsM",
                        "attributes": {
                            "b64": "T-BQ8tqJVsM",
                            "b64_std": "T+BQ8tqJVsM=",
                            "b64_url": "T-BQ8tqJVsM",
                            "byte_length": "8",
                            "dec": "5755689327758235331",
                            "hex": "4fe050f2da8956c3",
                            "id": "T-BQ8tqJVsM"
                        },
                        "meta": {},
                        "tainted": false
                    },
                    "deposed": [],
                    "provider": ""
                }
            },
            "depends_on": []
        }
    ]
}
